{
  "version": 4,
  "terraform_version": "1.2.7",
  "serial": 493,
  "lineage": "78d83692-724f-7ebd-4697-17a63a981d5c",
  "outputs": {
    "ip_private": {
      "value": "10.2.0.19",
      "type": "string"
    },
    "password": {
      "value": "r\u003cs]H(){X(%aB)4l",
      "type": "string",
      "sensitive": true
    },
    "public_ip_address_app": {
      "value": [
        "20.7.20.118"
      ],
      "type": [
        "tuple",
        [
          "string"
        ]
      ]
    },
    "public_ip_address_gateway": {
      "value": [
        "20.230.0.117"
      ],
      "type": [
        "tuple",
        [
          "string"
        ]
      ]
    },
    "resource_group_name": {
      "value": "brief4_QB",
      "type": "string"
    }
  },
  "resources": [
    {
      "mode": "data",
      "type": "template_cloudinit_config",
      "name": "configapp",
      "provider": "provider[\"registry.terraform.io/hashicorp/template\"]",
      "instances": [
        {
          "schema_version": 0,
          "attributes": {
            "base64_encode": true,
            "gzip": true,
            "id": "1513384313",
            "part": [
              {
                "content": "#cloud-config\npackage_update: true\npackages:\n  - nginx\n  - composer\n  - mariadb-client\n  - mariadb-client-10.1\n  - nfs-common\n\nusers:\n  - default\n  - name: quentin\n    groups: sudo, root\n    shell: /bin/bash\n    plain_text_passwd: blablabla123!\n    sudo: 'ALL=(ALL) NOPASSWD:ALL'\n    ssh_authorized_keys:\n        - \u003e-\n          ssh-rsa AAAAB3NzaC1yc2EAAAADAQABAAABgQDAXuIAe8DVtQ+qHpbTnCMn5iP1u7WQEOLDE76PTRZ0lYc0TrWJvH+zWzpEbTK/fwzx5sw7yAlBnuR83cAOtm6y8Gk5yktOogsk71VnJ9cXKV7QWtX5o/nysqhliBWAW2jQmEMLHBf4DOFXcKpCdl0OBOtrPct976tnFXhM5n5WF0wrQ4dVikfWe57yg0BX+G+ZbNl7iDCHS8cAGEI2S0ziGOLjl0qJq+9jjCaj2bdVb5vtbz/ghplWtNKQvirxvfOC5H3XbX7aeH2sAlogeYbPs8DmFuz5Smq/+FLBZzqV7JhPMxBCpVFm6r+EzZDgiS2WB96Q3Jh0ItPz7wwJtgpLmSWeaBmWyPGAOh9MBal2RXgDIZ26EPOQTc9WX1377SaEMFSXgwq3e0mtFl5TYG+hzjujY9ik6nfjyLy1yNaPB7hq0z0cCijeJf0Nlm092Ukb1IJOndiS9LSZXjFJT+LRNz7hqyK/oj8nH4K2nx4DMH+Fj4JypSdsqmIk7aXLdYE= nomad@device\n  - name: steph\n    groups: sudo, root\n    shell: /bin/bash\n    plain_text_passwd: blablabla123!\n    sudo: 'ALL=(ALL) NOPASSWD:ALL'\n    ssh_authorized_keys:\n        - \u003e-\n          ssh-rsa AAAAB3NzaC1yc2EAAAADAQABAAABgQCnBYZRoOJm/hLnbGmUBNhBEsdvUAqVb48EQql7OeYgB4pO/FFu8OIhKofBCByf1l9owEWnbWFZJhfgwQ+iNZjd+1iZtmc6cidjqQypgEc+U43avchEVdZdjK1LidIIJt0O7o8L0gARNn1PjDFLP3eUI2XN3ALUzB3sRzXKTJ1QHz8S1ByhfWXw2vhsPa9I3Jv9aE8zZuCBx/gfVQQy/FyskgK8VWRHhUl3XCgNDxUYBppnBgCCDWHpYOdzH/5XuRORdgMccDgJ/NhcCgY+erva7DlkIlzRiVxm5uMK8kvEiDn+AWI3aGsgxt3LaS+xaiw4hLLoev4V4cWTjWhZPeJSITDeWk3HAsBxDBWGvx3716ywsh7mkDJpjyXow6RXpTBke2rTmr4X9+hVGop4ZjqyTTUuTkdbYllwiaTrsuKgOJ5ne2lWp1P1IT0cD0s9j0GNl/54KaN31HFiuHVYVVA8yGp532LfRjhthpMdHiuhJbswlKTrDJR3i1iccT0aiUk= utilisateur@UTILISA-2JUD7VR\n  - name: ryano\n    groups: sudo, root\n    shell: /bin/bash\n    plain_text_passwd: blablabla123!\n    sudo: 'ALL=(ALL) NOPASSWD:ALL'\n    ssh_authorized_keys:\n        - \u003e-\n          ssh-rsa AAAAB3NzaC1yc2EAAAADAQABAAABgQCuQsDbdhzBOtJvetSRXRINBLZnKEzLctl+J3hFX22doPy1Btth8i7a4cigqyQ914MIgdYr/pPOFfH7YBLa5LhF2Racx3cRT1RPobmGn2DMEcNAcWjw1Qr9TRl3HcFK59ineQ4ukoDt4jZCUyRXliCFMhqBdQU0u182UvNFf0L5bLBVzlkWyNxPo79WDDGY97HCsQLYIQcqRfsYJ0YwJ5QyGUvtUWKmMO30bhlhyQJJmG/6QQlV/m6sMiHCiEt+7Qxv5n3+c9RH5hsRyaynzsLcNmzENDqsrDsngqwzK4oe8S71YKKVn395nvZ4MIr8PB6bE/ViWpvS0bhCzANDYAj8Exk2P5WR3aI06PobLOcUjxm3E1JOFa/YcXQ8GXzmUgjGpHMztB6qSH+NSHHTqBejmvsv2DQ9nYq/NL1s7k6e+FSwWQktZNXAlVIvUGMrX51MdUxtVXteNEFe/NCj4B66Y5i2MM8VJk1lsgm8PIUj0wDjlB0f8TlUFK+vqijLt80= utilisateur@UTILISA-ASVHC0M\n\nwrite_files:\n  - path: /home/magento/magento\n    content: \"upstream fastcgi_backend {\\n  server  unix:/run/php/php7.2-fpm.sock;\\n}\\n\\nserver {\\nlisten 80;\\n  server_name www.magento-dev.com;\\n  set $MAGE_ROOT /var/www/html/magento2;\\n  include /var/www/html/magento2/nginx.conf.sample;\\n}\\n\"\n\nruncmd:\n  - sudo apt install software-properties-common \u0026\u0026 sudo add-apt-repository ppa:ondrej/php -y\n  - sudo apt update\n  - sudo export PATH=$PATH:/var/www/html/magento2/bin\n  - sudo apt upgrade -y\n  - sudo apt install -y libxml2 libxml2-dev libssl-dev libssl1.1\n  - sudo apt install -y php8.1 php8.1-common php8.1-xml php8.1-mbstring php8.1-curl php8.1-gd php8.1-intl php-json php8.1-mysql php8.1-soap php-sodium php-tokenizer php8.1-xsl php-zip php-bcmath\n  - sudo mkdir /var/www/html/magento2\n  - cd /home/magento \u0026\u0026 sudo curl -O https://MAG005875421:af7e13b80644f2a44187f446f55bb76d5c156b3b@www.magentocommerce.com/products/downloads/file/Magento-CE-2.4.4.tar.bz2\n  - sudo tar -C /var/www/html/magento2/ -xvf /home/magento/Magento-CE-2.4.4.tar.bz2\n  - cd /var/www/html/\n  - sudo find var generated vendor pub/static pub/media app/etc -type f -exec chmod g+w {} +\n  - sudo find var generated vendor pub/static pub/media app/etc -type d -exec chmod g+ws {} +\n  - sudo chown -R www-data:www-data /var/www/html\n  - sudo chmod u+x bin/magento\n  - cd /var/www/html/magento2 \u0026\u0026 sudo php bin/magento setup:install -vvv --base-url=http://localhost/magento2 --db-host=10.3.0.4 --db-name=mariadb_database --db-user=magento@magento-mariadb-server --db-password=blablabla123! --admin-firstname=admin --admin-lastname=admin --admin-email=admin@admin.com --admin-user=admin --admin-password=admin123 --language=en_US --currency=USD --timezone=America/Chicago --use-rewrites=1 --search-engine=elasticsearch7 --elasticsearch-host=10.4.0.4 --elasticsearch-port=9200 --elasticsearch-index-prefix=magento2 --elasticsearch-timeout=15 --elasticsearch-username=magento --elasticsearch-password=blablabla123! --elasticsearch-enable-auth=1\n  - sudo apt-get remove apache2 -y\n  - sudo apt-get autoremove apache2 -y\n  - sudo apt-get purge apache2 -y\n  - sudo apt-get autoremove --purge apache2 -y\n  - sudo cp /home/magento/magento /etc/nginx/conf.d/magento\n  - sudo systemctl restart nginx",
                "content_type": "text/cloud-config",
                "filename": "../cloud-init/cloud-init-app.yaml",
                "merge_type": ""
              }
            ],
            "rendered": "H4sIAAAAAAAA/9xYaa/qPJL+fqT7Hzx3Wt0zYkIWlgCvGN2EsId9R1c6chyTGBIn2A6QvOr/Pgqc9S6j/tCf3qMDscuPH5crVeUyrYgKTIW0TGPcAGESCBJDJuSQ3LD7B3CihLqQpc2vo/6obU5WY8uY774+5T1pjRknEW0Atah8efryJEkfQV+eXrktwuOIE3HHQiEg8kNMxR/gQAJMYYibX4tFGQVR4kqEEvGhKcE4LqYwDL6+0y0ZpPyAmdSmKHIJ9RpAd4j4ALjvReDbKxOK6IF4X55GJMQ/af2fHzFPMUQn6OHnJHahyFlYgl+FvPEEgASoR+jt3kJRGEccs3snhIxA15FQQDAVvxBJqlJUHwwHLqEoDCP69JRwzF6IXXyASfCYmpulAc4JpoLQJwAA8FiUxLwBeOJG/wNYFIm7mPs4CBpAdgiVHcj9uzAOIKHPuQWeY8j51W0AJ4CPf1Ur/cdjZuJGDfAPw7ab/2XY9n+D8WRqLBYbq2HY9j8eEO4/w0T4ESMZdp9POL2r+viTwP9Kb507VmIcAsMwDLM0zmBLTZHWzruWMTPMXOzNLGOb9A1cs9ZiVjj3YmdJWyNaIVM10Tez9sS22np1upzvlWCHlCXbDC69QrbJ4razHMqHa3ar8KueGoFJk3mthIyJCKtprXuqpCcxiTx+0tU1HdTRdrjWZxuxrUQyTfnZD4i5MTbacRa2R3bPPJStSWeLhnHLDZSJORFsikRdrwra2fqjCq1sOsqVzcrumpwOG1zRU08xt4VuYe+MA51Yrd6ihoxuu68tlIx0J/YxUM6Dc6F+PLbgUXPctVO5CCeTPT8ONmI8nF0Iu10Ok1alV9o6Wx3insaNIPLwzpnymhV2kqyyCM9yoWOb++y81gf+dHQzW/G6E1ZZoZ3tLY8stI1Zr85KA1/pi2mmX68D4cV2uNhgaIabdNo1Jn59ZMJAm289q7/Xqu3pZLZE9c1WLen6ArZHncXWu55LWAlFJ6gsd92Cnx2T465OTlV6OKZ2qqZjODV1/6xkCmqRIx4clHEQKnVtdXLU/mBCXbKo24v99tgZLAv2fJzp/jkdytGxRnvloUZvZWvUK3SO5UEaL1x+DvsnHW5td9duAhqF0P3m4gtB+IOvc4Fj/y/k6S1q7vbzaDIIZd+mTjdcmWPfbHP3sjLOa6dca8/OgT7BO88sxxO500lqk74/jA5my0wPalCPru0NdTad/cA/eNdZgYz3R7egkr0IURUR93iepbHXRoVVuQQvyG+v3b17HKo2cfv9gVAmelSzFc+Yj6k6PVode1rCq762HZcMe5WZJT7PtsPlQJ31stpCNVP/sNletYvPp7DeLw0uddiuZfukZd5k77CezVK5k/KTN6ytN/OevwpK25Y3tm6rnRnH1PRaLWvTi3cTN+vJlW0yn8xdb4SQ5Q3ksY9a3q6A2QXqVnDqB9mcrG9hJRkNa6dLm1i0YGz6Jdjl3k2UbLgo3CC5ln3bjvClvC6jzfK48fdTPFj0lxbenEo9g5s3y9x0L7eSrlbTK/f18GQN4mO6ja7V+TZemiessWXIytt6wV93o7i8P57T5XKVLE+uswuCK4FLxpOhNxlUKNaCTaxO1f5SQZbC60elOw7kSnkIxyW11yFJb71br41a2o0rJc0+zI++8OOR2yOJP3D4NRgumTWYl4hKEFoqkKxOTZAIEhAOBU7Yt9Wyb/cXhqQNVpa+nn9wfJZCGv2VHD+Zcctx/cyciMEFi8V8O++PTXtPh+3MRiIoDEp+Z6tpbjRNVVMIv0Z0WEbEO6ezuloe9T13x+R4OukcevrOtGHF9jvaHKJbCc2X6nwaOWGXataojcYG2hyv6ozVl/Og1EOdYaVOKJ6Vk1NkifJx31ql821AWp2Rfzbd2UpJ1Jq2uow7B8WuOLa5zoLTJh3fppFe31hWd1fXey0+s3f9GTrPD3w3UHbXQWWWdlcXsdoMw9GkpDh+4KezwSDsytXZLFjLYZWPSK9F2qKgz26XCi0VUH3eq/h8nsKUZtxG4zBrj60zZxan3vmaDcsRri10dTccrmmpXqGXfXnUZ7WpWXXa8pps4stCcfxWZoytnXGstW8nbVrZzEuwr1SnkWNP0Op4C0ttdTDpQHmHtrNad5uFK+/YjXujTJjV86JXGC96veXZxMfwwi+aNavT3Vke2yrXT1Vc6Cyum9lJ7MdbI1j3L6vuiG0r6shd3cR6K/C43cHyuHUsm9XqrkK00ai2HpzUgHthbdpfHZWrdQxM5VBbBqvOsHA5k6MtasqvHd9YrHstZfT0dGVE4Oe89nupe2Io/AaQ/SjEcgg9TEX0+rw7H3rUdQ3wNYm5YBiG4AC5QB55diA6YeqCP79TADhmF8wASCi5NWSWUDn24/yjFzXpEIdFHqHTH9/pP7/T7/QF/Od3GhAuMAU15Y93kuc8NMH1ei2+KCK5+FJEUfiCEeBvI6Pbfp5PJksgXyCTr9er7IsweNVcuyMJRUHi4t9A5HspWcxLzyKHYRzgh3Zfn55YQlHoPuyTRzGAsQCEcgGDAPDoIK6QYSlmUYyZIPi1ngR///sL3HUlGAuJ4XvpHbEUxDFsRNRl+JjbBEjpZ/JHxfsuw7c4YgJMjWWv+bf8u/GbTTj3AvUTk8egi39a4VV9KQUBcW5hoL0+c+vmbc6DD031pVz+FUHsx7Wi+vJ43fxL7xYGr83Q4YIR6r0BE/Y25rmvLULFXSod+TtLmPLzG5ZHML4jeOSSJLw3RXTClGSYva3LHywZeWAdFELhv28hPLmE/cYVHvcJ93MUvL3Nu9rSBPhCxLwhyyOjqyiVml4pa2oDHnSslpyaUi2XDxosl9WafiiXq4dKxXH0qltBaqXqlJxvH9w5NxhmCOcuLccschMkuOxGVxpE0OVyHp3y6MX1W21JK5aL5aKArOhk2vuOBGRAav3Ou4F0uxx+iOv/lzPf/yeq95UOhLrgAhnwMMUMCuyCC6ZuxECcODIXUBB0b4bYJRDAOJaxQEASaYzBAUj4hhFAfhi5wCtcwZ//BIV/E7n7Izn/gR350ZUCaZ6nE8mFAjZeG593+3FGTpUUbiA/8t9T4S8s9GrsN1fJQ/vDrDxXJXHjLXIulwuQJAdyLCUsaOYO1ZDlIEIw8CMu3vkkyXWkXNRUlWKpqBTLD9H9vv5ysX3ON5FzPYbyq2zzheDba958vQO/5Ns78F6wRMxtfqpYgCRBNyRUOhDGxX2de/9NHsBfinEISfCQfbt/5079NnpX6vOEt+XvXVUrAUkKIPUS6OEmps+rBZDyTMEwRWlztbCAJAkS4iyiuGmEmBEE5ZZPEPQiIOUrSAzfTzXeVIEkcQwZ8iWcZ3fcxLnaBD2EOpCkT4I3E5dfTPx5NE/BzbqmKD+NEOrimxQzfCC35oe39hmVqx0loqlWfhrKDfPyMh+e8tPav3tLn2GYQifAUl5DNj/na8nDAjAcRhcMYAyRj7Ufz4Q7BCYi+hdgccK8f5lIkn4PR/Gviw2QR/XjTJbvZ7L7Kfbuc3nKBQ6RCADDXEAmHj8H/fjjlyR9efq/AAAA///KgigSWxMAAA=="
          },
          "sensitive_attributes": []
        }
      ]
    },
    {
      "mode": "data",
      "type": "template_cloudinit_config",
      "name": "configbastion",
      "provider": "provider[\"registry.terraform.io/hashicorp/template\"]",
      "instances": [
        {
          "schema_version": 0,
          "attributes": {
            "base64_encode": true,
            "gzip": true,
            "id": "3740291837",
            "part": [
              {
                "content": "#cloud-config\npackage_update: true\npackages:\n  - apt-transport-https\n\nusers:\n  - default\n  - name: quentin\n    groups: sudo, root\n    shell: /bin/bash\n    plain_text_passwd: blabla123!\n    sudo: 'ALL=(ALL) NOPASSWD:ALL'\n    ssh_authorized_keys:\n        - \u003e-\n          ssh-rsa AAAAB3NzaC1yc2EAAAADAQABAAABgQDAXuIAe8DVtQ+qHpbTnCMn5iP1u7WQEOLDE76PTRZ0lYc0TrWJvH+zWzpEbTK/fwzx5sw7yAlBnuR83cAOtm6y8Gk5yktOogsk71VnJ9cXKV7QWtX5o/nysqhliBWAW2jQmEMLHBf4DOFXcKpCdl0OBOtrPct976tnFXhM5n5WF0wrQ4dVikfWe57yg0BX+G+ZbNl7iDCHS8cAGEI2S0ziGOLjl0qJq+9jjCaj2bdVb5vtbz/ghplWtNKQvirxvfOC5H3XbX7aeH2sAlogeYbPs8DmFuz5Smq/+FLBZzqV7JhPMxBCpVFm6r+EzZDgiS2WB96Q3Jh0ItPz7wwJtgpLmSWeaBmWyPGAOh9MBal2RXgDIZ26EPOQTc9WX1377SaEMFSXgwq3e0mtFl5TYG+hzjujY9ik6nfjyLy1yNaPB7hq0z0cCijeJf0Nlm092Ukb1IJOndiS9LSZXjFJT+LRNz7hqyK/oj8nH4K2nx4DMH+Fj4JypSdsqmIk7aXLdYE= nomad@device\n  - name: steph\n    groups: sudo, root\n    shell: /bin/bash\n    plain_text_passwd: blabla123!\n    sudo: 'ALL=(ALL) NOPASSWD:ALL'\n    ssh_authorized_keys:\n        - \u003e-\n          ssh-rsa AAAAB3NzaC1yc2EAAAADAQABAAABgQCnBYZRoOJm/hLnbGmUBNhBEsdvUAqVb48EQql7OeYgB4pO/FFu8OIhKofBCByf1l9owEWnbWFZJhfgwQ+iNZjd+1iZtmc6cidjqQypgEc+U43avchEVdZdjK1LidIIJt0O7o8L0gARNn1PjDFLP3eUI2XN3ALUzB3sRzXKTJ1QHz8S1ByhfWXw2vhsPa9I3Jv9aE8zZuCBx/gfVQQy/FyskgK8VWRHhUl3XCgNDxUYBppnBgCCDWHpYOdzH/5XuRORdgMccDgJ/NhcCgY+erva7DlkIlzRiVxm5uMK8kvEiDn+AWI3aGsgxt3LaS+xaiw4hLLoev4V4cWTjWhZPeJSITDeWk3HAsBxDBWGvx3716ywsh7mkDJpjyXow6RXpTBke2rTmr4X9+hVGop4ZjqyTTUuTkdbYllwiaTrsuKgOJ5ne2lWp1P1IT0cD0s9j0GNl/54KaN31HFiuHVYVVA8yGp532LfRjhthpMdHiuhJbswlKTrDJR3i1iccT0aiUk= utilisateur@UTILISA-2JUD7VR\n  - name: ryano\n    groups: sudo, root\n    shell: /bin/bash\n    plain_text_passwd: blabla123!\n    sudo: 'ALL=(ALL) NOPASSWD:ALL'\n    ssh_authorized_keys:\n        - \u003e-\n          ssh-rsa AAAAB3NzaC1yc2EAAAADAQABAAABgQCuQsDbdhzBOtJvetSRXRINBLZnKEzLctl+J3hFX22doPy1Btth8i7a4cigqyQ914MIgdYr/pPOFfH7YBLa5LhF2Racx3cRT1RPobmGn2DMEcNAcWjw1Qr9TRl3HcFK59ineQ4ukoDt4jZCUyRXliCFMhqBdQU0u182UvNFf0L5bLBVzlkWyNxPo79WDDGY97HCsQLYIQcqRfsYJ0YwJ5QyGUvtUWKmMO30bhlhyQJJmG/6QQlV/m6sMiHCiEt+7Qxv5n3+c9RH5hsRyaynzsLcNmzENDqsrDsngqwzK4oe8S71YKKVn395nvZ4MIr8PB6bE/ViWpvS0bhCzANDYAj8Exk2P5WR3aI06PobLOcUjxm3E1JOFa/YcXQ8GXzmUgjGpHMztB6qSH+NSHHTqBejmvsv2DQ9nYq/NL1s7k6e+FSwWQktZNXAlVIvUGMrX51MdUxtVXteNEFe/NCj4B66Y5i2MM8VJk1lsgm8PIUj0wDjlB0f8TlUFK+vqijLt80= utilisateur@UTILISA-ASVHC0M\n",
                "content_type": "text/cloud-config",
                "filename": "../cloud-init/cloud-init-bastion.yaml",
                "merge_type": ""
              }
            ],
            "rendered": "H4sIAAAAAAAA/9yWya6jWNaF51eKd/Af/yCr5HKYxhh8U1FKMGDANKYHT0KHxnDomwM2PH3p3qysCinrCZLR3otvL+0trcE5tw1KG7Rzli5939RThWAHBrSv4StNft1E7dQkYFi+f9VkTeAMV+dZK/z69tHtvHQYYdu8b/Bv2Je3L2+73c/Ql7c/vHk4du0I0ScLEAJxXqcN+nXzgFXagDr9/vXbt31ctVOygw1EP5W7CIwfc98WUFdf/2vpDKAZH+mwE5q4TWCTvW/oCKKfgM97UPr6wy1umwfMvrxpsE7/tPn//8y8dSAuQZb+mLoEoA+XYUr/EMf3t81mtwEd2qGPHbp2QLscoW58e5vGdPj3/yR9gKlCn/XHhe+bfkobBJu3zWazyYZ26sb3zTgl7T82Q9uiT3nM06p63+wj2OwjMOafYlcB2Pz4OORHB8bxmbxvogpEFcAJ8v9+H5uS9n3zC6uq3//GqurfN7pxY23b599ZVf3ld2TMf4AJ5e0A1zT5UabL556/f7vNP3f/aT7Z3TCCDcuyLEfqKzjjS0wIHy3Pmiz3IWcmzwaTzKYM7yFz20td5DRnraHgDZ9o3xQMlRfo482x7lgVxpgz+MosbVd/7YTIue4fz/VFjU96YSuumSyGjFkD1ceFuZTUUiKjzcaSxr1GOcXB1aNNHwVUu2+Wsc8ryPmsTxRmLWiqxD0OvCEG8bU7JxVmcAYabjE60UfUiEGuUQ3li9hzMA+JB8uHn1L0kmFcsL1s75Fe0ZA/SzYTsxdBJmxshRdDLSqsV/rtqSjOoCCixIuoGUXrPsu7ykf61Zzh8JofxpmSyCAKaJBKxMhWbZaG0W1k+FqcVsqu+/1WVLn72nu0kt+0F3fuPLE+DlthvfMZtAmfOx1NUskxGd1W+vlUUNapte2ngKv95XZhjfykcaAirCDj5TtxFG6G6cQnP8BJmraBoIl2kD17MsVqJFaUE162+VpMRXiC5bF5FIu64IsObhyd99iKxWdYpMoD06saOxFuGeGyYjQJtE+qfQ8KUXG2qqWvdN4v131bMI10uBLN68Br0lYsDsrS2cnY13JJg0BNQuH7pmlrkPyWpDOM05+CPqK0y/8qMT83XHi3WkOp97naRJfa5fScE8Zkdtneiw6MYPYVbaRhxh06Yy+KE2PI+bV9cGdueeDVqX0KfhP54l3JH9nT3EL9XiRbHN5RHR9jmBS9uXSZEG/dAwnmOBe85J4UV1yFiSwrCDPollGxjLX0Br8VvKjeyNSViUAnWdVdOXK01uDqKLgprYyNc0v+8IMnMefjDZxkUplPQGDW+3TmXvvs4ZnmsheXscyujOdbUu5WZHDOdP7lhlzXNVx2PvO+1IVGskp7Kpgsw0oyLY75TNnreXzOwm06zIDmq1KuVgt6r5qatCtTzgLkmy3ryyS4jNkLkSqwty8An4dcVdt0PniH2HcKP7/fUsWWHT71S1JiR+7Fc/5lfpE0flyeY07XJa90xRK0z6MVdA5XpsTg1MMhOG1z79J2h3vRL47jTk6ZRGFVPSFwhnG6ZoZCNSlR+R1+w2UHi3lsPBXYRa/21OEKdBKXRDhJXuh5LLNcOook1IdV5CjvtESCU65E47O6OgOvWCTEYRw7GIBu+X0zIVjBEaB0Gn5zHVmVbXZHKC5Pe9ZPqR8W0LR/mdRP5shHSb5yBlLmFNlWYMk6p96bq7CqMaq2CpmLAUEk7W3BOYRyBtLgEMOsX8wTftDkLAmHfXczxIdEh5wKKDUXCQvELzK2HNy6tVF9aQheE2Kdjf3iiZvDybEqUorFK3WCTWoeprLl0aG4n93FCip4FrW85xLTxSacIdxZFx+YSkUq561V6S/669bSJ5/nL+GJls6jqYayGffWYwwVLHwqlLlc3Bm5/rXWDBKL8ipfTEWpL/ujaVbevj6OGpTOUEBb2nzNVENu45MlUfloLWBp1lGN9XoVdL4fB35ssv65Xg9tytg0Hl6vXkOeqGa+HzR5YG7cMRL2HvS72cai/LyyOh+yBSO8SuJG+RYJZOx4ayPViN3iVZMCrhgi2IdxYDKXYK3drLh0krYi7tjb0la3JcnpubSo53EmePPUhP1eV/GRLo/pVrSfvlmiux6wlSfP7kUbAgrXEveFvACluiCme/1cHLjjMaQgoWmMp5R4NWY1c5PdAnvyRcVhD8apXPG6nXtYqIjB/nfqWduTzpj2p5febvfl7V8BAAD//1z/TeVICgAA"
          },
          "sensitive_attributes": []
        }
      ]
    },
    {
      "mode": "data",
      "type": "template_cloudinit_config",
      "name": "configelastic",
      "provider": "provider[\"registry.terraform.io/hashicorp/template\"]",
      "instances": [
        {
          "schema_version": 0,
          "attributes": {
            "base64_encode": true,
            "gzip": true,
            "id": "863804561",
            "part": [
              {
                "content": "#cloud-config\npackage_update: true\npackages:\n  - apt-transport-https\n\nusers:\n  - default\n  - name: quentin\n    groups: sudo, root\n    shell: /bin/bash\n    plain_text_passwd: blabla123!\n    sudo: 'ALL=(ALL) NOPASSWD:ALL'\n    ssh_authorized_keys:\n        - \u003e-\n          ssh-rsa AAAAB3NzaC1yc2EAAAADAQABAAABgQDAXuIAe8DVtQ+qHpbTnCMn5iP1u7WQEOLDE76PTRZ0lYc0TrWJvH+zWzpEbTK/fwzx5sw7yAlBnuR83cAOtm6y8Gk5yktOogsk71VnJ9cXKV7QWtX5o/nysqhliBWAW2jQmEMLHBf4DOFXcKpCdl0OBOtrPct976tnFXhM5n5WF0wrQ4dVikfWe57yg0BX+G+ZbNl7iDCHS8cAGEI2S0ziGOLjl0qJq+9jjCaj2bdVb5vtbz/ghplWtNKQvirxvfOC5H3XbX7aeH2sAlogeYbPs8DmFuz5Smq/+FLBZzqV7JhPMxBCpVFm6r+EzZDgiS2WB96Q3Jh0ItPz7wwJtgpLmSWeaBmWyPGAOh9MBal2RXgDIZ26EPOQTc9WX1377SaEMFSXgwq3e0mtFl5TYG+hzjujY9ik6nfjyLy1yNaPB7hq0z0cCijeJf0Nlm092Ukb1IJOndiS9LSZXjFJT+LRNz7hqyK/oj8nH4K2nx4DMH+Fj4JypSdsqmIk7aXLdYE= nomad@device\n  - name: steph\n    groups: sudo, root\n    shell: /bin/bash\n    plain_text_passwd: blabla123!\n    sudo: 'ALL=(ALL) NOPASSWD:ALL'\n    ssh_authorized_keys:\n        - \u003e-\n          ssh-rsa AAAAB3NzaC1yc2EAAAADAQABAAABgQCnBYZRoOJm/hLnbGmUBNhBEsdvUAqVb48EQql7OeYgB4pO/FFu8OIhKofBCByf1l9owEWnbWFZJhfgwQ+iNZjd+1iZtmc6cidjqQypgEc+U43avchEVdZdjK1LidIIJt0O7o8L0gARNn1PjDFLP3eUI2XN3ALUzB3sRzXKTJ1QHz8S1ByhfWXw2vhsPa9I3Jv9aE8zZuCBx/gfVQQy/FyskgK8VWRHhUl3XCgNDxUYBppnBgCCDWHpYOdzH/5XuRORdgMccDgJ/NhcCgY+erva7DlkIlzRiVxm5uMK8kvEiDn+AWI3aGsgxt3LaS+xaiw4hLLoev4V4cWTjWhZPeJSITDeWk3HAsBxDBWGvx3716ywsh7mkDJpjyXow6RXpTBke2rTmr4X9+hVGop4ZjqyTTUuTkdbYllwiaTrsuKgOJ5ne2lWp1P1IT0cD0s9j0GNl/54KaN31HFiuHVYVVA8yGp532LfRjhthpMdHiuhJbswlKTrDJR3i1iccT0aiUk= utilisateur@UTILISA-2JUD7VR\n  - name: ryano\n    groups: sudo, root\n    shell: /bin/bash\n    plain_text_passwd: blabla123!\n    sudo: 'ALL=(ALL) NOPASSWD:ALL'\n    ssh_authorized_keys:\n        - \u003e-\n          ssh-rsa AAAAB3NzaC1yc2EAAAADAQABAAABgQCuQsDbdhzBOtJvetSRXRINBLZnKEzLctl+J3hFX22doPy1Btth8i7a4cigqyQ914MIgdYr/pPOFfH7YBLa5LhF2Racx3cRT1RPobmGn2DMEcNAcWjw1Qr9TRl3HcFK59ineQ4ukoDt4jZCUyRXliCFMhqBdQU0u182UvNFf0L5bLBVzlkWyNxPo79WDDGY97HCsQLYIQcqRfsYJ0YwJ5QyGUvtUWKmMO30bhlhyQJJmG/6QQlV/m6sMiHCiEt+7Qxv5n3+c9RH5hsRyaynzsLcNmzENDqsrDsngqwzK4oe8S71YKKVn395nvZ4MIr8PB6bE/ViWpvS0bhCzANDYAj8Exk2P5WR3aI06PobLOcUjxm3E1JOFa/YcXQ8GXzmUgjGpHMztB6qSH+NSHHTqBejmvsv2DQ9nYq/NL1s7k6e+FSwWQktZNXAlVIvUGMrX51MdUxtVXteNEFe/NCj4B66Y5i2MM8VJk1lsgm8PIUj0wDjlB0f8TlUFK+vqijLt80= utilisateur@UTILISA-ASVHC0M\n\nwrite_files:\n  - path: /home/elastic/elasticsearch.yml\n    content: \"cluster.name: my-application\\nnode.name: node-1\\npath.data: /var/lib/elasticsearch\\npath.logs: /var/log/elasticsearch\\nnetwork.host: 10.4.0.4\\nxpack.security.enabled: true\\nxpack.security.enrollment.enabled: true\\nxpack.security.http.ssl:\\n  enabled: false\\n  keystore.path: certs/http.p12\\n\\nxpack.security.transport.ssl:\\n  enabled: true\\n  verification_mode: certificate\\n  keystore.path: certs/transport.p12\\n  truststore.path: certs/transport.p12\\ncluster.initial_master_nodes: [\\\"node-1\\\"]\\nhttp.host: 0.0.0.0\\n\"\n\n\nruncmd:\n  - wget -qO - https://artifacts.elastic.co/GPG-KEY-elasticsearch | sudo gpg --dearmor -o /usr/share/keyrings/elasticsearch-keyring.gpg\n  - echo \"deb [signed-by=/usr/share/keyrings/elasticsearch-keyring.gpg] https://artifacts.elastic.co/packages/8.x/apt stable main\" | sudo tee /etc/apt/sources.list.d/elastic-8.x.list\n  - sudo apt-get update\n  - sudo apt install elasticsearch -y\n  - sudo cp /etc/elasticsearch/elasticsearch.yml /home/elastic/backup_elastisearch.yml\n  - sudo rm /etc/elasticsearch/elasticsearch.yml\n  - sudo cp /home/elastic/elasticsearch.yml /etc/elasticsearch/elasticsearch.yml\n  - sudo chown root:elasticsearch /etc/elasticsearch/elasticsearch.yml\n  - sudo chmod 660 /etc/elasticsearch/elasticsearch.yml\n  - sudo /bin/systemctl daemon-reload\n  - sudo /bin/systemctl enable elasticsearch.service\n  - sudo systemctl start elasticsearch.service\n  - cd /usr/share/elasticsearch/bin \u0026\u0026 sudo ./elasticsearch-users useradd magento -p blablabla123! -r superuser\n\n\n",
                "content_type": "text/cloud-config",
                "filename": "../cloud-init/cloud-init-elastic.yaml",
                "merge_type": ""
              }
            ],
            "rendered": "H4sIAAAAAAAA/9xYa4+qyNb+brL/A2+/ycw58SDgDXWyTwbEGyKKN9DpSaeAEgqLAqlChZwff6J27909ey5nf53uRKnFU89aq2oteMp+QhgkjF8XKexxcY4ZSkHGhBhdof8T5yY58UFWfH6aTWYDdb4xNWW5e6rcRvwWZhQlpMdJNfFT5VOF59+DPlXeuDVE04QidscCxoAXxpCwn7gDwpCAGH5+qtUEDye5zyOC2LtLHmJAGfJqBYjx01fKdQYIPcCMHxAv8REJepzsIvYOcM+Hwesbm5eQAwo+VWYoht9E/v/vMZUUeEcQwJc89QG7sWQ5fDPSXoXjeA6kjGe3GNIkY3zIWEorlZzC7PW+Dw8gx+x+fcuwx51ySBgiFY7juCBL8pT2OJr7yb+4LEnY3UxDiHGPE1xEBBfQ8G5MMUDk5ZbISwoovfg9zsXAxUCqN/7vMS33kx73o2IYn/+hGMY/OXO+UFYrW+sphvHjA0LDF5CzMMlQCf2XIyzucT7+eO7f/JfBHctnFHCKoihqwyxBXyq8+uA21BRLUW/mwNIUJ58osKNtmVU9jVN3Tfoz0kILKZdtazA3tIHcXqyXexHvPHGd2fp5XC3tMh2466lwuJTXFr3IhYJVki87DU+Zs7hddEbHVnFk8ySgR1naEr3rOdOtbNnMaSUCKegpxEi1FbseWfFgZozVQ1ObDx1vmvZ9LM7VOcsWHuvKbUaGTjhrkZY9FC+Z1fS36HiwYUsuAlF1qqPq3jWxjLT+eNXxlNFgUl+JJRrNjQiLJ/1U7UZRH0R119+6rTNzSyEIU2wzc2qdUXY9H+b91rjhuI4M4LhOFZwEcOcuaEeLh3nZWsUnoTo01H152sp6uJhd1X66HcbtrDoo91qAVnVb7bathh6KE7Yo5ctFZ0FqxCsbAjW2i8VImYfdmQpwfekE2mRfbw8Wc2vtdW1HasjyCgxmw5UTXE4NKMZsiFvr3agallEe7bro2CaHqDAKqTDBQpXDk1iKXh9FUD+IJo7Fbn1zdKWJPic+WnWN1d6Jhvq6aizNUg5PxVRIog4ZN6d1cm1qs3F1GDX1Il359BRPjjJwDH83+MyRJAb+zz48Iw++K3TKYBr+Xcq8T9TdfpnM9VgIDeKO4o1qhuqA+ueNctq6zc7AOmF5DneB2kznwnCYd+aTcJoc1L5aHCTcTS4Dm7j2cK+Hh+BiVZG5j/yqhPYs9toe8qOTVaTBwKtumg1w9sLB1t/70VQykD+Z6Eycy0nHEANlaRJpEWlDY9GAm0ndMRuKsSnVBl2WznStS9a47KwktQgPtnOpn0O6AN1JQz93waBT7vO+ehWCw9ayCmFY0GMw7Wzt5Tjc4IbTD0ztutmpaUrUoN/X7HG6m/vlWGg5+XK+9IOZ52mBLpih1w92VZidgazh4wSXS7S9xq18Nu0czwOkkapiTxpgRIMraxhgVb0CdGmGhpHAc3Pb9Ox1ZIf7BdRXk7UG7WNjrFD1qqn26HxtyFK7uNBQjo+ankaFk1zaSyddq0dYz9Zx1nS61XA7StLmPjoV6/UmXx99d4fxBYF1RvNpMNdbBNaxnUoLabIWPU2k3UgcmVhoNafAbEjjIcrH2912q3SKUdpq1I3DMgpZmM78McpD3aUXPF1nmr5sIAl53loEaHP8zOUMYUQBg3n282Y9MSYrha/rG03eLt9VfVYAkvxtqj63qOb6YanOmX6GbLV0lhNTNfZkOigNj+Gq3giHTr3uJ4tCUhkLO0gGTQ8Fp8LqSs3ZJPB3mZAu5sPDWN6pBmgZ4bC+BN614S3X0nKRuPGI1LXZwDMVz44ukpV110vcGHvDaauLCLSa+THRWDPa9zfF0sGoP5yFJ9W3NmIudeqbszk8iEbLNdRtiY92YV4Xidy1NW2068rjPrWM3cTyTssD3eni7qK3rGK0ObONPY1n84bohjgsLF2PR0LbsvBWiNt0hsZ9NGBV2bqeW6RR9brLcSukywIUpKSGZ8blwNRONNMoCU6XctpMYGclS7vpdEsa3RY575uzSdZZqG13IGyRnZ5Xohv2S8XUdkrUGVyP9UXLXjbARGwvEteYe5voGjcGkj4fAmHnOVZn5JTxJohG6XhWMrV9Wo2r5mo8Xp9UGMVneq5rVpfsToJpSFQ+tmF1uLrY1pHtTUfB28l5M5plTkua+Zsr2zoMmoMhFMx+1FTb7V0L1WezzlY/SpgGcWcx2UTiRYuwKh46a7wZTqvnE4oM1hF/v+qV1XbcF2eVyiVDDL7c1Nur3EkBC3ucECYxFF4V29s3hSDzwloR43sZeg991uOePJxTBrPao3/iggdpipEHbjLxmZDEh6+3bpe89ExuTmo+YKDHCWeQCRi5H528QnAS0DdIEvwWQiC7JNmxFiaU9ThJrDVrYq35TK43gVej0MszxIoaJMDF0H+Iv9+5myUY30TsXwBvyrBGKe49E477Aj0ATOHNcutVlmSw9lhAD2aMCvc5qVR/Jt/QfZGc33I+3HPcGWbo8LqML3Hiwwftw/bHTr8y3z1zNz7K/hL3tok3rY4AfonBbfhy2zLa4355fnrdvKdfn8k9r8eyi7X7/zN5qlQqWU682H8U0iWAjONPc47n7qK6JwjgFjzwGK29nQW8RBgtRvx0sOM/bC73n/vjkgvSgON5H4IsTjKOTzghp5lAQ5BB4QiLDJGAfiwL/tVcC9LgHgf0woR78qHL/UJRQKDPu8Xn76L59c8TeDtOCJ3aVQAp4yi7bSQXA0Se3hJhEHICZN4NINAkzzxIaxhRVvPfHPOd2vVuuod9n3U7m9yW8XF8+WDnEKEMYMx9XDe++Iry0ofLD4hvm/k3ze4C75inL4/hh5Z/pc3i/4n2Yxx//jz5XsIwuZD7+7j3MfvvpYkTn2u3xe+cd3/x04IyGHsMcz6AcUL4DOIE+H+IenT3x92qUZh9kdz3SV/xlIGM/Qnc89/3wsfYXUS4H354MNZ+U9f3ky13+wS+z8UggIQlHJ++qpVXwcLxGUfzFGY3YKXyzS8CPP+p8t8AAAD//5dfE5dwEAAA"
          },
          "sensitive_attributes": []
        }
      ]
    },
    {
      "mode": "data",
      "type": "template_file",
      "name": "scriptapp",
      "provider": "provider[\"registry.terraform.io/hashicorp/template\"]",
      "instances": [
        {
          "schema_version": 0,
          "attributes": {
            "filename": null,
            "id": "de8e1171f1a96b9c2fc6bc1e0ea0b1f18cab016f7491772fb9668b82c3e44d0d",
            "rendered": "#cloud-config\npackage_update: true\npackages:\n  - nginx\n  - composer\n  - mariadb-client\n  - mariadb-client-10.1\n  - nfs-common\n\nusers:\n  - default\n  - name: quentin\n    groups: sudo, root\n    shell: /bin/bash\n    plain_text_passwd: blablabla123!\n    sudo: 'ALL=(ALL) NOPASSWD:ALL'\n    ssh_authorized_keys:\n        - \u003e-\n          ssh-rsa AAAAB3NzaC1yc2EAAAADAQABAAABgQDAXuIAe8DVtQ+qHpbTnCMn5iP1u7WQEOLDE76PTRZ0lYc0TrWJvH+zWzpEbTK/fwzx5sw7yAlBnuR83cAOtm6y8Gk5yktOogsk71VnJ9cXKV7QWtX5o/nysqhliBWAW2jQmEMLHBf4DOFXcKpCdl0OBOtrPct976tnFXhM5n5WF0wrQ4dVikfWe57yg0BX+G+ZbNl7iDCHS8cAGEI2S0ziGOLjl0qJq+9jjCaj2bdVb5vtbz/ghplWtNKQvirxvfOC5H3XbX7aeH2sAlogeYbPs8DmFuz5Smq/+FLBZzqV7JhPMxBCpVFm6r+EzZDgiS2WB96Q3Jh0ItPz7wwJtgpLmSWeaBmWyPGAOh9MBal2RXgDIZ26EPOQTc9WX1377SaEMFSXgwq3e0mtFl5TYG+hzjujY9ik6nfjyLy1yNaPB7hq0z0cCijeJf0Nlm092Ukb1IJOndiS9LSZXjFJT+LRNz7hqyK/oj8nH4K2nx4DMH+Fj4JypSdsqmIk7aXLdYE= nomad@device\n  - name: steph\n    groups: sudo, root\n    shell: /bin/bash\n    plain_text_passwd: blablabla123!\n    sudo: 'ALL=(ALL) NOPASSWD:ALL'\n    ssh_authorized_keys:\n        - \u003e-\n          ssh-rsa AAAAB3NzaC1yc2EAAAADAQABAAABgQCnBYZRoOJm/hLnbGmUBNhBEsdvUAqVb48EQql7OeYgB4pO/FFu8OIhKofBCByf1l9owEWnbWFZJhfgwQ+iNZjd+1iZtmc6cidjqQypgEc+U43avchEVdZdjK1LidIIJt0O7o8L0gARNn1PjDFLP3eUI2XN3ALUzB3sRzXKTJ1QHz8S1ByhfWXw2vhsPa9I3Jv9aE8zZuCBx/gfVQQy/FyskgK8VWRHhUl3XCgNDxUYBppnBgCCDWHpYOdzH/5XuRORdgMccDgJ/NhcCgY+erva7DlkIlzRiVxm5uMK8kvEiDn+AWI3aGsgxt3LaS+xaiw4hLLoev4V4cWTjWhZPeJSITDeWk3HAsBxDBWGvx3716ywsh7mkDJpjyXow6RXpTBke2rTmr4X9+hVGop4ZjqyTTUuTkdbYllwiaTrsuKgOJ5ne2lWp1P1IT0cD0s9j0GNl/54KaN31HFiuHVYVVA8yGp532LfRjhthpMdHiuhJbswlKTrDJR3i1iccT0aiUk= utilisateur@UTILISA-2JUD7VR\n  - name: ryano\n    groups: sudo, root\n    shell: /bin/bash\n    plain_text_passwd: blablabla123!\n    sudo: 'ALL=(ALL) NOPASSWD:ALL'\n    ssh_authorized_keys:\n        - \u003e-\n          ssh-rsa AAAAB3NzaC1yc2EAAAADAQABAAABgQCuQsDbdhzBOtJvetSRXRINBLZnKEzLctl+J3hFX22doPy1Btth8i7a4cigqyQ914MIgdYr/pPOFfH7YBLa5LhF2Racx3cRT1RPobmGn2DMEcNAcWjw1Qr9TRl3HcFK59ineQ4ukoDt4jZCUyRXliCFMhqBdQU0u182UvNFf0L5bLBVzlkWyNxPo79WDDGY97HCsQLYIQcqRfsYJ0YwJ5QyGUvtUWKmMO30bhlhyQJJmG/6QQlV/m6sMiHCiEt+7Qxv5n3+c9RH5hsRyaynzsLcNmzENDqsrDsngqwzK4oe8S71YKKVn395nvZ4MIr8PB6bE/ViWpvS0bhCzANDYAj8Exk2P5WR3aI06PobLOcUjxm3E1JOFa/YcXQ8GXzmUgjGpHMztB6qSH+NSHHTqBejmvsv2DQ9nYq/NL1s7k6e+FSwWQktZNXAlVIvUGMrX51MdUxtVXteNEFe/NCj4B66Y5i2MM8VJk1lsgm8PIUj0wDjlB0f8TlUFK+vqijLt80= utilisateur@UTILISA-ASVHC0M\n\nwrite_files:\n  - path: /home/magento/magento\n    content: \"upstream fastcgi_backend {\\n  server  unix:/run/php/php7.2-fpm.sock;\\n}\\n\\nserver {\\nlisten 80;\\n  server_name www.magento-dev.com;\\n  set $MAGE_ROOT /var/www/html/magento2;\\n  include /var/www/html/magento2/nginx.conf.sample;\\n}\\n\"\n\nruncmd:\n  - sudo apt install software-properties-common \u0026\u0026 sudo add-apt-repository ppa:ondrej/php -y\n  - sudo apt update\n  - sudo export PATH=$PATH:/var/www/html/magento2/bin\n  - sudo apt upgrade -y\n  - sudo apt install -y libxml2 libxml2-dev libssl-dev libssl1.1\n  - sudo apt install -y php8.1 php8.1-common php8.1-xml php8.1-mbstring php8.1-curl php8.1-gd php8.1-intl php-json php8.1-mysql php8.1-soap php-sodium php-tokenizer php8.1-xsl php-zip php-bcmath\n  - sudo mkdir /var/www/html/magento2\n  - cd /home/magento \u0026\u0026 sudo curl -O https://MAG005875421:af7e13b80644f2a44187f446f55bb76d5c156b3b@www.magentocommerce.com/products/downloads/file/Magento-CE-2.4.4.tar.bz2\n  - sudo tar -C /var/www/html/magento2/ -xvf /home/magento/Magento-CE-2.4.4.tar.bz2\n  - cd /var/www/html/\n  - sudo find var generated vendor pub/static pub/media app/etc -type f -exec chmod g+w {} +\n  - sudo find var generated vendor pub/static pub/media app/etc -type d -exec chmod g+ws {} +\n  - sudo chown -R www-data:www-data /var/www/html\n  - sudo chmod u+x bin/magento\n  - cd /var/www/html/magento2 \u0026\u0026 sudo php bin/magento setup:install -vvv --base-url=http://localhost/magento2 --db-host=10.3.0.4 --db-name=mariadb_database --db-user=magento@magento-mariadb-server --db-password=blablabla123! --admin-firstname=admin --admin-lastname=admin --admin-email=admin@admin.com --admin-user=admin --admin-password=admin123 --language=en_US --currency=USD --timezone=America/Chicago --use-rewrites=1 --search-engine=elasticsearch7 --elasticsearch-host=10.4.0.4 --elasticsearch-port=9200 --elasticsearch-index-prefix=magento2 --elasticsearch-timeout=15 --elasticsearch-username=magento --elasticsearch-password=blablabla123! --elasticsearch-enable-auth=1\n  - sudo apt-get remove apache2 -y\n  - sudo apt-get autoremove apache2 -y\n  - sudo apt-get purge apache2 -y\n  - sudo apt-get autoremove --purge apache2 -y\n  - sudo cp /home/magento/magento /etc/nginx/conf.d/magento\n  - sudo systemctl restart nginx",
            "template": "#cloud-config\npackage_update: true\npackages:\n  - nginx\n  - composer\n  - mariadb-client\n  - mariadb-client-10.1\n  - nfs-common\n\nusers:\n  - default\n  - name: quentin\n    groups: sudo, root\n    shell: /bin/bash\n    plain_text_passwd: blablabla123!\n    sudo: 'ALL=(ALL) NOPASSWD:ALL'\n    ssh_authorized_keys:\n        - \u003e-\n          ssh-rsa AAAAB3NzaC1yc2EAAAADAQABAAABgQDAXuIAe8DVtQ+qHpbTnCMn5iP1u7WQEOLDE76PTRZ0lYc0TrWJvH+zWzpEbTK/fwzx5sw7yAlBnuR83cAOtm6y8Gk5yktOogsk71VnJ9cXKV7QWtX5o/nysqhliBWAW2jQmEMLHBf4DOFXcKpCdl0OBOtrPct976tnFXhM5n5WF0wrQ4dVikfWe57yg0BX+G+ZbNl7iDCHS8cAGEI2S0ziGOLjl0qJq+9jjCaj2bdVb5vtbz/ghplWtNKQvirxvfOC5H3XbX7aeH2sAlogeYbPs8DmFuz5Smq/+FLBZzqV7JhPMxBCpVFm6r+EzZDgiS2WB96Q3Jh0ItPz7wwJtgpLmSWeaBmWyPGAOh9MBal2RXgDIZ26EPOQTc9WX1377SaEMFSXgwq3e0mtFl5TYG+hzjujY9ik6nfjyLy1yNaPB7hq0z0cCijeJf0Nlm092Ukb1IJOndiS9LSZXjFJT+LRNz7hqyK/oj8nH4K2nx4DMH+Fj4JypSdsqmIk7aXLdYE= nomad@device\n  - name: steph\n    groups: sudo, root\n    shell: /bin/bash\n    plain_text_passwd: blablabla123!\n    sudo: 'ALL=(ALL) NOPASSWD:ALL'\n    ssh_authorized_keys:\n        - \u003e-\n          ssh-rsa AAAAB3NzaC1yc2EAAAADAQABAAABgQCnBYZRoOJm/hLnbGmUBNhBEsdvUAqVb48EQql7OeYgB4pO/FFu8OIhKofBCByf1l9owEWnbWFZJhfgwQ+iNZjd+1iZtmc6cidjqQypgEc+U43avchEVdZdjK1LidIIJt0O7o8L0gARNn1PjDFLP3eUI2XN3ALUzB3sRzXKTJ1QHz8S1ByhfWXw2vhsPa9I3Jv9aE8zZuCBx/gfVQQy/FyskgK8VWRHhUl3XCgNDxUYBppnBgCCDWHpYOdzH/5XuRORdgMccDgJ/NhcCgY+erva7DlkIlzRiVxm5uMK8kvEiDn+AWI3aGsgxt3LaS+xaiw4hLLoev4V4cWTjWhZPeJSITDeWk3HAsBxDBWGvx3716ywsh7mkDJpjyXow6RXpTBke2rTmr4X9+hVGop4ZjqyTTUuTkdbYllwiaTrsuKgOJ5ne2lWp1P1IT0cD0s9j0GNl/54KaN31HFiuHVYVVA8yGp532LfRjhthpMdHiuhJbswlKTrDJR3i1iccT0aiUk= utilisateur@UTILISA-2JUD7VR\n  - name: ryano\n    groups: sudo, root\n    shell: /bin/bash\n    plain_text_passwd: blablabla123!\n    sudo: 'ALL=(ALL) NOPASSWD:ALL'\n    ssh_authorized_keys:\n        - \u003e-\n          ssh-rsa AAAAB3NzaC1yc2EAAAADAQABAAABgQCuQsDbdhzBOtJvetSRXRINBLZnKEzLctl+J3hFX22doPy1Btth8i7a4cigqyQ914MIgdYr/pPOFfH7YBLa5LhF2Racx3cRT1RPobmGn2DMEcNAcWjw1Qr9TRl3HcFK59ineQ4ukoDt4jZCUyRXliCFMhqBdQU0u182UvNFf0L5bLBVzlkWyNxPo79WDDGY97HCsQLYIQcqRfsYJ0YwJ5QyGUvtUWKmMO30bhlhyQJJmG/6QQlV/m6sMiHCiEt+7Qxv5n3+c9RH5hsRyaynzsLcNmzENDqsrDsngqwzK4oe8S71YKKVn395nvZ4MIr8PB6bE/ViWpvS0bhCzANDYAj8Exk2P5WR3aI06PobLOcUjxm3E1JOFa/YcXQ8GXzmUgjGpHMztB6qSH+NSHHTqBejmvsv2DQ9nYq/NL1s7k6e+FSwWQktZNXAlVIvUGMrX51MdUxtVXteNEFe/NCj4B66Y5i2MM8VJk1lsgm8PIUj0wDjlB0f8TlUFK+vqijLt80= utilisateur@UTILISA-ASVHC0M\n\nwrite_files:\n  - path: /home/magento/magento\n    content: \"upstream fastcgi_backend {\\n  server  unix:/run/php/php7.2-fpm.sock;\\n}\\n\\nserver {\\nlisten 80;\\n  server_name www.magento-dev.com;\\n  set $MAGE_ROOT /var/www/html/magento2;\\n  include /var/www/html/magento2/nginx.conf.sample;\\n}\\n\"\n\nruncmd:\n  - sudo apt install software-properties-common \u0026\u0026 sudo add-apt-repository ppa:ondrej/php -y\n  - sudo apt update\n  - sudo export PATH=$PATH:/var/www/html/magento2/bin\n  - sudo apt upgrade -y\n  - sudo apt install -y libxml2 libxml2-dev libssl-dev libssl1.1\n  - sudo apt install -y php8.1 php8.1-common php8.1-xml php8.1-mbstring php8.1-curl php8.1-gd php8.1-intl php-json php8.1-mysql php8.1-soap php-sodium php-tokenizer php8.1-xsl php-zip php-bcmath\n  - sudo mkdir /var/www/html/magento2\n  - cd /home/magento \u0026\u0026 sudo curl -O https://MAG005875421:af7e13b80644f2a44187f446f55bb76d5c156b3b@www.magentocommerce.com/products/downloads/file/Magento-CE-2.4.4.tar.bz2\n  - sudo tar -C /var/www/html/magento2/ -xvf /home/magento/Magento-CE-2.4.4.tar.bz2\n  - cd /var/www/html/\n  - sudo find var generated vendor pub/static pub/media app/etc -type f -exec chmod g+w {} +\n  - sudo find var generated vendor pub/static pub/media app/etc -type d -exec chmod g+ws {} +\n  - sudo chown -R www-data:www-data /var/www/html\n  - sudo chmod u+x bin/magento\n  - cd /var/www/html/magento2 \u0026\u0026 sudo php bin/magento setup:install -vvv --base-url=http://localhost/magento2 --db-host=${ip_bdd} --db-name=mariadb_database --db-user=magento@magento-mariadb-server --db-password=blablabla123! --admin-firstname=admin --admin-lastname=admin --admin-email=admin@admin.com --admin-user=admin --admin-password=admin123 --language=en_US --currency=USD --timezone=America/Chicago --use-rewrites=1 --search-engine=elasticsearch7 --elasticsearch-host=10.4.0.4 --elasticsearch-port=9200 --elasticsearch-index-prefix=magento2 --elasticsearch-timeout=15 --elasticsearch-username=magento --elasticsearch-password=blablabla123! --elasticsearch-enable-auth=1\n  - sudo apt-get remove apache2 -y\n  - sudo apt-get autoremove apache2 -y\n  - sudo apt-get purge apache2 -y\n  - sudo apt-get autoremove --purge apache2 -y\n  - sudo cp /home/magento/magento /etc/nginx/conf.d/magento\n  - sudo systemctl restart nginx",
            "vars": {
              "ip_bdd": "10.3.0.4"
            }
          },
          "sensitive_attributes": []
        }
      ]
    },
    {
      "mode": "data",
      "type": "template_file",
      "name": "scriptbastion",
      "provider": "provider[\"registry.terraform.io/hashicorp/template\"]",
      "instances": [
        {
          "schema_version": 0,
          "attributes": {
            "filename": null,
            "id": "3748fa0661d4532f60b20533cc323a5d727991cdb7a96b9a9548db5819ec09bb",
            "rendered": "#cloud-config\npackage_update: true\npackages:\n  - apt-transport-https\n\nusers:\n  - default\n  - name: quentin\n    groups: sudo, root\n    shell: /bin/bash\n    plain_text_passwd: blabla123!\n    sudo: 'ALL=(ALL) NOPASSWD:ALL'\n    ssh_authorized_keys:\n        - \u003e-\n          ssh-rsa AAAAB3NzaC1yc2EAAAADAQABAAABgQDAXuIAe8DVtQ+qHpbTnCMn5iP1u7WQEOLDE76PTRZ0lYc0TrWJvH+zWzpEbTK/fwzx5sw7yAlBnuR83cAOtm6y8Gk5yktOogsk71VnJ9cXKV7QWtX5o/nysqhliBWAW2jQmEMLHBf4DOFXcKpCdl0OBOtrPct976tnFXhM5n5WF0wrQ4dVikfWe57yg0BX+G+ZbNl7iDCHS8cAGEI2S0ziGOLjl0qJq+9jjCaj2bdVb5vtbz/ghplWtNKQvirxvfOC5H3XbX7aeH2sAlogeYbPs8DmFuz5Smq/+FLBZzqV7JhPMxBCpVFm6r+EzZDgiS2WB96Q3Jh0ItPz7wwJtgpLmSWeaBmWyPGAOh9MBal2RXgDIZ26EPOQTc9WX1377SaEMFSXgwq3e0mtFl5TYG+hzjujY9ik6nfjyLy1yNaPB7hq0z0cCijeJf0Nlm092Ukb1IJOndiS9LSZXjFJT+LRNz7hqyK/oj8nH4K2nx4DMH+Fj4JypSdsqmIk7aXLdYE= nomad@device\n  - name: steph\n    groups: sudo, root\n    shell: /bin/bash\n    plain_text_passwd: blabla123!\n    sudo: 'ALL=(ALL) NOPASSWD:ALL'\n    ssh_authorized_keys:\n        - \u003e-\n          ssh-rsa AAAAB3NzaC1yc2EAAAADAQABAAABgQCnBYZRoOJm/hLnbGmUBNhBEsdvUAqVb48EQql7OeYgB4pO/FFu8OIhKofBCByf1l9owEWnbWFZJhfgwQ+iNZjd+1iZtmc6cidjqQypgEc+U43avchEVdZdjK1LidIIJt0O7o8L0gARNn1PjDFLP3eUI2XN3ALUzB3sRzXKTJ1QHz8S1ByhfWXw2vhsPa9I3Jv9aE8zZuCBx/gfVQQy/FyskgK8VWRHhUl3XCgNDxUYBppnBgCCDWHpYOdzH/5XuRORdgMccDgJ/NhcCgY+erva7DlkIlzRiVxm5uMK8kvEiDn+AWI3aGsgxt3LaS+xaiw4hLLoev4V4cWTjWhZPeJSITDeWk3HAsBxDBWGvx3716ywsh7mkDJpjyXow6RXpTBke2rTmr4X9+hVGop4ZjqyTTUuTkdbYllwiaTrsuKgOJ5ne2lWp1P1IT0cD0s9j0GNl/54KaN31HFiuHVYVVA8yGp532LfRjhthpMdHiuhJbswlKTrDJR3i1iccT0aiUk= utilisateur@UTILISA-2JUD7VR\n  - name: ryano\n    groups: sudo, root\n    shell: /bin/bash\n    plain_text_passwd: blabla123!\n    sudo: 'ALL=(ALL) NOPASSWD:ALL'\n    ssh_authorized_keys:\n        - \u003e-\n          ssh-rsa AAAAB3NzaC1yc2EAAAADAQABAAABgQCuQsDbdhzBOtJvetSRXRINBLZnKEzLctl+J3hFX22doPy1Btth8i7a4cigqyQ914MIgdYr/pPOFfH7YBLa5LhF2Racx3cRT1RPobmGn2DMEcNAcWjw1Qr9TRl3HcFK59ineQ4ukoDt4jZCUyRXliCFMhqBdQU0u182UvNFf0L5bLBVzlkWyNxPo79WDDGY97HCsQLYIQcqRfsYJ0YwJ5QyGUvtUWKmMO30bhlhyQJJmG/6QQlV/m6sMiHCiEt+7Qxv5n3+c9RH5hsRyaynzsLcNmzENDqsrDsngqwzK4oe8S71YKKVn395nvZ4MIr8PB6bE/ViWpvS0bhCzANDYAj8Exk2P5WR3aI06PobLOcUjxm3E1JOFa/YcXQ8GXzmUgjGpHMztB6qSH+NSHHTqBejmvsv2DQ9nYq/NL1s7k6e+FSwWQktZNXAlVIvUGMrX51MdUxtVXteNEFe/NCj4B66Y5i2MM8VJk1lsgm8PIUj0wDjlB0f8TlUFK+vqijLt80= utilisateur@UTILISA-ASVHC0M\n",
            "template": "#cloud-config\npackage_update: true\npackages:\n  - apt-transport-https\n\nusers:\n  - default\n  - name: quentin\n    groups: sudo, root\n    shell: /bin/bash\n    plain_text_passwd: blabla123!\n    sudo: 'ALL=(ALL) NOPASSWD:ALL'\n    ssh_authorized_keys:\n        - \u003e-\n          ssh-rsa AAAAB3NzaC1yc2EAAAADAQABAAABgQDAXuIAe8DVtQ+qHpbTnCMn5iP1u7WQEOLDE76PTRZ0lYc0TrWJvH+zWzpEbTK/fwzx5sw7yAlBnuR83cAOtm6y8Gk5yktOogsk71VnJ9cXKV7QWtX5o/nysqhliBWAW2jQmEMLHBf4DOFXcKpCdl0OBOtrPct976tnFXhM5n5WF0wrQ4dVikfWe57yg0BX+G+ZbNl7iDCHS8cAGEI2S0ziGOLjl0qJq+9jjCaj2bdVb5vtbz/ghplWtNKQvirxvfOC5H3XbX7aeH2sAlogeYbPs8DmFuz5Smq/+FLBZzqV7JhPMxBCpVFm6r+EzZDgiS2WB96Q3Jh0ItPz7wwJtgpLmSWeaBmWyPGAOh9MBal2RXgDIZ26EPOQTc9WX1377SaEMFSXgwq3e0mtFl5TYG+hzjujY9ik6nfjyLy1yNaPB7hq0z0cCijeJf0Nlm092Ukb1IJOndiS9LSZXjFJT+LRNz7hqyK/oj8nH4K2nx4DMH+Fj4JypSdsqmIk7aXLdYE= nomad@device\n  - name: steph\n    groups: sudo, root\n    shell: /bin/bash\n    plain_text_passwd: blabla123!\n    sudo: 'ALL=(ALL) NOPASSWD:ALL'\n    ssh_authorized_keys:\n        - \u003e-\n          ssh-rsa AAAAB3NzaC1yc2EAAAADAQABAAABgQCnBYZRoOJm/hLnbGmUBNhBEsdvUAqVb48EQql7OeYgB4pO/FFu8OIhKofBCByf1l9owEWnbWFZJhfgwQ+iNZjd+1iZtmc6cidjqQypgEc+U43avchEVdZdjK1LidIIJt0O7o8L0gARNn1PjDFLP3eUI2XN3ALUzB3sRzXKTJ1QHz8S1ByhfWXw2vhsPa9I3Jv9aE8zZuCBx/gfVQQy/FyskgK8VWRHhUl3XCgNDxUYBppnBgCCDWHpYOdzH/5XuRORdgMccDgJ/NhcCgY+erva7DlkIlzRiVxm5uMK8kvEiDn+AWI3aGsgxt3LaS+xaiw4hLLoev4V4cWTjWhZPeJSITDeWk3HAsBxDBWGvx3716ywsh7mkDJpjyXow6RXpTBke2rTmr4X9+hVGop4ZjqyTTUuTkdbYllwiaTrsuKgOJ5ne2lWp1P1IT0cD0s9j0GNl/54KaN31HFiuHVYVVA8yGp532LfRjhthpMdHiuhJbswlKTrDJR3i1iccT0aiUk= utilisateur@UTILISA-2JUD7VR\n  - name: ryano\n    groups: sudo, root\n    shell: /bin/bash\n    plain_text_passwd: blabla123!\n    sudo: 'ALL=(ALL) NOPASSWD:ALL'\n    ssh_authorized_keys:\n        - \u003e-\n          ssh-rsa AAAAB3NzaC1yc2EAAAADAQABAAABgQCuQsDbdhzBOtJvetSRXRINBLZnKEzLctl+J3hFX22doPy1Btth8i7a4cigqyQ914MIgdYr/pPOFfH7YBLa5LhF2Racx3cRT1RPobmGn2DMEcNAcWjw1Qr9TRl3HcFK59ineQ4ukoDt4jZCUyRXliCFMhqBdQU0u182UvNFf0L5bLBVzlkWyNxPo79WDDGY97HCsQLYIQcqRfsYJ0YwJ5QyGUvtUWKmMO30bhlhyQJJmG/6QQlV/m6sMiHCiEt+7Qxv5n3+c9RH5hsRyaynzsLcNmzENDqsrDsngqwzK4oe8S71YKKVn395nvZ4MIr8PB6bE/ViWpvS0bhCzANDYAj8Exk2P5WR3aI06PobLOcUjxm3E1JOFa/YcXQ8GXzmUgjGpHMztB6qSH+NSHHTqBejmvsv2DQ9nYq/NL1s7k6e+FSwWQktZNXAlVIvUGMrX51MdUxtVXteNEFe/NCj4B66Y5i2MM8VJk1lsgm8PIUj0wDjlB0f8TlUFK+vqijLt80= utilisateur@UTILISA-ASVHC0M\n",
            "vars": null
          },
          "sensitive_attributes": []
        }
      ]
    },
    {
      "mode": "data",
      "type": "template_file",
      "name": "scriptelastic",
      "provider": "provider[\"registry.terraform.io/hashicorp/template\"]",
      "instances": [
        {
          "schema_version": 0,
          "attributes": {
            "filename": null,
            "id": "0b476b4640dc066008bc8e864e2a6bc523f4b36435d1d9523ecd56b6144bc43f",
            "rendered": "#cloud-config\npackage_update: true\npackages:\n  - apt-transport-https\n\nusers:\n  - default\n  - name: quentin\n    groups: sudo, root\n    shell: /bin/bash\n    plain_text_passwd: blabla123!\n    sudo: 'ALL=(ALL) NOPASSWD:ALL'\n    ssh_authorized_keys:\n        - \u003e-\n          ssh-rsa AAAAB3NzaC1yc2EAAAADAQABAAABgQDAXuIAe8DVtQ+qHpbTnCMn5iP1u7WQEOLDE76PTRZ0lYc0TrWJvH+zWzpEbTK/fwzx5sw7yAlBnuR83cAOtm6y8Gk5yktOogsk71VnJ9cXKV7QWtX5o/nysqhliBWAW2jQmEMLHBf4DOFXcKpCdl0OBOtrPct976tnFXhM5n5WF0wrQ4dVikfWe57yg0BX+G+ZbNl7iDCHS8cAGEI2S0ziGOLjl0qJq+9jjCaj2bdVb5vtbz/ghplWtNKQvirxvfOC5H3XbX7aeH2sAlogeYbPs8DmFuz5Smq/+FLBZzqV7JhPMxBCpVFm6r+EzZDgiS2WB96Q3Jh0ItPz7wwJtgpLmSWeaBmWyPGAOh9MBal2RXgDIZ26EPOQTc9WX1377SaEMFSXgwq3e0mtFl5TYG+hzjujY9ik6nfjyLy1yNaPB7hq0z0cCijeJf0Nlm092Ukb1IJOndiS9LSZXjFJT+LRNz7hqyK/oj8nH4K2nx4DMH+Fj4JypSdsqmIk7aXLdYE= nomad@device\n  - name: steph\n    groups: sudo, root\n    shell: /bin/bash\n    plain_text_passwd: blabla123!\n    sudo: 'ALL=(ALL) NOPASSWD:ALL'\n    ssh_authorized_keys:\n        - \u003e-\n          ssh-rsa AAAAB3NzaC1yc2EAAAADAQABAAABgQCnBYZRoOJm/hLnbGmUBNhBEsdvUAqVb48EQql7OeYgB4pO/FFu8OIhKofBCByf1l9owEWnbWFZJhfgwQ+iNZjd+1iZtmc6cidjqQypgEc+U43avchEVdZdjK1LidIIJt0O7o8L0gARNn1PjDFLP3eUI2XN3ALUzB3sRzXKTJ1QHz8S1ByhfWXw2vhsPa9I3Jv9aE8zZuCBx/gfVQQy/FyskgK8VWRHhUl3XCgNDxUYBppnBgCCDWHpYOdzH/5XuRORdgMccDgJ/NhcCgY+erva7DlkIlzRiVxm5uMK8kvEiDn+AWI3aGsgxt3LaS+xaiw4hLLoev4V4cWTjWhZPeJSITDeWk3HAsBxDBWGvx3716ywsh7mkDJpjyXow6RXpTBke2rTmr4X9+hVGop4ZjqyTTUuTkdbYllwiaTrsuKgOJ5ne2lWp1P1IT0cD0s9j0GNl/54KaN31HFiuHVYVVA8yGp532LfRjhthpMdHiuhJbswlKTrDJR3i1iccT0aiUk= utilisateur@UTILISA-2JUD7VR\n  - name: ryano\n    groups: sudo, root\n    shell: /bin/bash\n    plain_text_passwd: blabla123!\n    sudo: 'ALL=(ALL) NOPASSWD:ALL'\n    ssh_authorized_keys:\n        - \u003e-\n          ssh-rsa AAAAB3NzaC1yc2EAAAADAQABAAABgQCuQsDbdhzBOtJvetSRXRINBLZnKEzLctl+J3hFX22doPy1Btth8i7a4cigqyQ914MIgdYr/pPOFfH7YBLa5LhF2Racx3cRT1RPobmGn2DMEcNAcWjw1Qr9TRl3HcFK59ineQ4ukoDt4jZCUyRXliCFMhqBdQU0u182UvNFf0L5bLBVzlkWyNxPo79WDDGY97HCsQLYIQcqRfsYJ0YwJ5QyGUvtUWKmMO30bhlhyQJJmG/6QQlV/m6sMiHCiEt+7Qxv5n3+c9RH5hsRyaynzsLcNmzENDqsrDsngqwzK4oe8S71YKKVn395nvZ4MIr8PB6bE/ViWpvS0bhCzANDYAj8Exk2P5WR3aI06PobLOcUjxm3E1JOFa/YcXQ8GXzmUgjGpHMztB6qSH+NSHHTqBejmvsv2DQ9nYq/NL1s7k6e+FSwWQktZNXAlVIvUGMrX51MdUxtVXteNEFe/NCj4B66Y5i2MM8VJk1lsgm8PIUj0wDjlB0f8TlUFK+vqijLt80= utilisateur@UTILISA-ASVHC0M\n\nwrite_files:\n  - path: /home/elastic/elasticsearch.yml\n    content: \"cluster.name: my-application\\nnode.name: node-1\\npath.data: /var/lib/elasticsearch\\npath.logs: /var/log/elasticsearch\\nnetwork.host: 10.4.0.4\\nxpack.security.enabled: true\\nxpack.security.enrollment.enabled: true\\nxpack.security.http.ssl:\\n  enabled: false\\n  keystore.path: certs/http.p12\\n\\nxpack.security.transport.ssl:\\n  enabled: true\\n  verification_mode: certificate\\n  keystore.path: certs/transport.p12\\n  truststore.path: certs/transport.p12\\ncluster.initial_master_nodes: [\\\"node-1\\\"]\\nhttp.host: 0.0.0.0\\n\"\n\n\nruncmd:\n  - wget -qO - https://artifacts.elastic.co/GPG-KEY-elasticsearch | sudo gpg --dearmor -o /usr/share/keyrings/elasticsearch-keyring.gpg\n  - echo \"deb [signed-by=/usr/share/keyrings/elasticsearch-keyring.gpg] https://artifacts.elastic.co/packages/8.x/apt stable main\" | sudo tee /etc/apt/sources.list.d/elastic-8.x.list\n  - sudo apt-get update\n  - sudo apt install elasticsearch -y\n  - sudo cp /etc/elasticsearch/elasticsearch.yml /home/elastic/backup_elastisearch.yml\n  - sudo rm /etc/elasticsearch/elasticsearch.yml\n  - sudo cp /home/elastic/elasticsearch.yml /etc/elasticsearch/elasticsearch.yml\n  - sudo chown root:elasticsearch /etc/elasticsearch/elasticsearch.yml\n  - sudo chmod 660 /etc/elasticsearch/elasticsearch.yml\n  - sudo /bin/systemctl daemon-reload\n  - sudo /bin/systemctl enable elasticsearch.service\n  - sudo systemctl start elasticsearch.service\n  - cd /usr/share/elasticsearch/bin \u0026\u0026 sudo ./elasticsearch-users useradd magento -p blablabla123! -r superuser\n\n\n",
            "template": "#cloud-config\npackage_update: true\npackages:\n  - apt-transport-https\n\nusers:\n  - default\n  - name: quentin\n    groups: sudo, root\n    shell: /bin/bash\n    plain_text_passwd: blabla123!\n    sudo: 'ALL=(ALL) NOPASSWD:ALL'\n    ssh_authorized_keys:\n        - \u003e-\n          ssh-rsa AAAAB3NzaC1yc2EAAAADAQABAAABgQDAXuIAe8DVtQ+qHpbTnCMn5iP1u7WQEOLDE76PTRZ0lYc0TrWJvH+zWzpEbTK/fwzx5sw7yAlBnuR83cAOtm6y8Gk5yktOogsk71VnJ9cXKV7QWtX5o/nysqhliBWAW2jQmEMLHBf4DOFXcKpCdl0OBOtrPct976tnFXhM5n5WF0wrQ4dVikfWe57yg0BX+G+ZbNl7iDCHS8cAGEI2S0ziGOLjl0qJq+9jjCaj2bdVb5vtbz/ghplWtNKQvirxvfOC5H3XbX7aeH2sAlogeYbPs8DmFuz5Smq/+FLBZzqV7JhPMxBCpVFm6r+EzZDgiS2WB96Q3Jh0ItPz7wwJtgpLmSWeaBmWyPGAOh9MBal2RXgDIZ26EPOQTc9WX1377SaEMFSXgwq3e0mtFl5TYG+hzjujY9ik6nfjyLy1yNaPB7hq0z0cCijeJf0Nlm092Ukb1IJOndiS9LSZXjFJT+LRNz7hqyK/oj8nH4K2nx4DMH+Fj4JypSdsqmIk7aXLdYE= nomad@device\n  - name: steph\n    groups: sudo, root\n    shell: /bin/bash\n    plain_text_passwd: blabla123!\n    sudo: 'ALL=(ALL) NOPASSWD:ALL'\n    ssh_authorized_keys:\n        - \u003e-\n          ssh-rsa AAAAB3NzaC1yc2EAAAADAQABAAABgQCnBYZRoOJm/hLnbGmUBNhBEsdvUAqVb48EQql7OeYgB4pO/FFu8OIhKofBCByf1l9owEWnbWFZJhfgwQ+iNZjd+1iZtmc6cidjqQypgEc+U43avchEVdZdjK1LidIIJt0O7o8L0gARNn1PjDFLP3eUI2XN3ALUzB3sRzXKTJ1QHz8S1ByhfWXw2vhsPa9I3Jv9aE8zZuCBx/gfVQQy/FyskgK8VWRHhUl3XCgNDxUYBppnBgCCDWHpYOdzH/5XuRORdgMccDgJ/NhcCgY+erva7DlkIlzRiVxm5uMK8kvEiDn+AWI3aGsgxt3LaS+xaiw4hLLoev4V4cWTjWhZPeJSITDeWk3HAsBxDBWGvx3716ywsh7mkDJpjyXow6RXpTBke2rTmr4X9+hVGop4ZjqyTTUuTkdbYllwiaTrsuKgOJ5ne2lWp1P1IT0cD0s9j0GNl/54KaN31HFiuHVYVVA8yGp532LfRjhthpMdHiuhJbswlKTrDJR3i1iccT0aiUk= utilisateur@UTILISA-2JUD7VR\n  - name: ryano\n    groups: sudo, root\n    shell: /bin/bash\n    plain_text_passwd: blabla123!\n    sudo: 'ALL=(ALL) NOPASSWD:ALL'\n    ssh_authorized_keys:\n        - \u003e-\n          ssh-rsa AAAAB3NzaC1yc2EAAAADAQABAAABgQCuQsDbdhzBOtJvetSRXRINBLZnKEzLctl+J3hFX22doPy1Btth8i7a4cigqyQ914MIgdYr/pPOFfH7YBLa5LhF2Racx3cRT1RPobmGn2DMEcNAcWjw1Qr9TRl3HcFK59ineQ4ukoDt4jZCUyRXliCFMhqBdQU0u182UvNFf0L5bLBVzlkWyNxPo79WDDGY97HCsQLYIQcqRfsYJ0YwJ5QyGUvtUWKmMO30bhlhyQJJmG/6QQlV/m6sMiHCiEt+7Qxv5n3+c9RH5hsRyaynzsLcNmzENDqsrDsngqwzK4oe8S71YKKVn395nvZ4MIr8PB6bE/ViWpvS0bhCzANDYAj8Exk2P5WR3aI06PobLOcUjxm3E1JOFa/YcXQ8GXzmUgjGpHMztB6qSH+NSHHTqBejmvsv2DQ9nYq/NL1s7k6e+FSwWQktZNXAlVIvUGMrX51MdUxtVXteNEFe/NCj4B66Y5i2MM8VJk1lsgm8PIUj0wDjlB0f8TlUFK+vqijLt80= utilisateur@UTILISA-ASVHC0M\n\nwrite_files:\n  - path: /home/elastic/elasticsearch.yml\n    content: \"cluster.name: my-application\\nnode.name: node-1\\npath.data: /var/lib/elasticsearch\\npath.logs: /var/log/elasticsearch\\nnetwork.host: 10.4.0.4\\nxpack.security.enabled: true\\nxpack.security.enrollment.enabled: true\\nxpack.security.http.ssl:\\n  enabled: false\\n  keystore.path: certs/http.p12\\n\\nxpack.security.transport.ssl:\\n  enabled: true\\n  verification_mode: certificate\\n  keystore.path: certs/transport.p12\\n  truststore.path: certs/transport.p12\\ncluster.initial_master_nodes: [\\\"node-1\\\"]\\nhttp.host: 0.0.0.0\\n\"\n\n\nruncmd:\n  - wget -qO - https://artifacts.elastic.co/GPG-KEY-elasticsearch | sudo gpg --dearmor -o /usr/share/keyrings/elasticsearch-keyring.gpg\n  - echo \"deb [signed-by=/usr/share/keyrings/elasticsearch-keyring.gpg] https://artifacts.elastic.co/packages/8.x/apt stable main\" | sudo tee /etc/apt/sources.list.d/elastic-8.x.list\n  - sudo apt-get update\n  - sudo apt install elasticsearch -y\n  - sudo cp /etc/elasticsearch/elasticsearch.yml /home/elastic/backup_elastisearch.yml\n  - sudo rm /etc/elasticsearch/elasticsearch.yml\n  - sudo cp /home/elastic/elasticsearch.yml /etc/elasticsearch/elasticsearch.yml\n  - sudo chown root:elasticsearch /etc/elasticsearch/elasticsearch.yml\n  - sudo chmod 660 /etc/elasticsearch/elasticsearch.yml\n  - sudo /bin/systemctl daemon-reload\n  - sudo /bin/systemctl enable elasticsearch.service\n  - sudo systemctl start elasticsearch.service\n  - cd /usr/share/elasticsearch/bin \u0026\u0026 sudo ./elasticsearch-users useradd magento -p blablabla123! -r superuser\n\n\n",
            "vars": null
          },
          "sensitive_attributes": []
        }
      ]
    },
    {
      "mode": "managed",
      "type": "azurerm_application_gateway",
      "name": "network_gateway",
      "provider": "provider[\"registry.terraform.io/hashicorp/azurerm\"]",
      "instances": [
        {
          "schema_version": 0,
          "attributes": {
            "authentication_certificate": [],
            "autoscale_configuration": [],
            "backend_address_pool": [
              {
                "fqdns": [],
                "id": "/subscriptions/a1f74e2d-ec58-4f9a-a112-088e3469febb/resourceGroups/brief4_QB/providers/Microsoft.Network/applicationGateways/example-appgateway/backendAddressPools/network-beap",
                "ip_addresses": [],
                "name": "network-beap"
              }
            ],
            "backend_http_settings": [
              {
                "affinity_cookie_name": "",
                "authentication_certificate": [],
                "connection_draining": [],
                "cookie_based_affinity": "Disabled",
                "host_name": "",
                "id": "/subscriptions/a1f74e2d-ec58-4f9a-a112-088e3469febb/resourceGroups/brief4_QB/providers/Microsoft.Network/applicationGateways/example-appgateway/backendHttpSettingsCollection/network-be-htst",
                "name": "network-be-htst",
                "path": "/",
                "pick_host_name_from_backend_address": false,
                "port": 80,
                "probe_id": "",
                "probe_name": "",
                "protocol": "Http",
                "request_timeout": 60,
                "trusted_root_certificate_names": []
              }
            ],
            "custom_error_configuration": [],
            "enable_http2": false,
            "fips_enabled": false,
            "firewall_policy_id": null,
            "force_firewall_policy_association": false,
            "frontend_ip_configuration": [
              {
                "id": "/subscriptions/a1f74e2d-ec58-4f9a-a112-088e3469febb/resourceGroups/brief4_QB/providers/Microsoft.Network/applicationGateways/example-appgateway/frontendIPConfigurations/network-feip",
                "name": "network-feip",
                "private_ip_address": "",
                "private_ip_address_allocation": "Dynamic",
                "private_link_configuration_id": "",
                "private_link_configuration_name": "",
                "public_ip_address_id": "/subscriptions/a1f74e2d-ec58-4f9a-a112-088e3469febb/resourceGroups/brief4_QB/providers/Microsoft.Network/publicIPAddresses/ip_gateway",
                "subnet_id": ""
              }
            ],
            "frontend_port": [
              {
                "id": "/subscriptions/a1f74e2d-ec58-4f9a-a112-088e3469febb/resourceGroups/brief4_QB/providers/Microsoft.Network/applicationGateways/example-appgateway/frontendPorts/network-feport",
                "name": "network-feport",
                "port": 80
              }
            ],
            "gateway_ip_configuration": [
              {
                "id": "/subscriptions/a1f74e2d-ec58-4f9a-a112-088e3469febb/resourceGroups/brief4_QB/providers/Microsoft.Network/applicationGateways/example-appgateway/gatewayIPConfigurations/my-gateway-ip-configuration",
                "name": "my-gateway-ip-configuration",
                "subnet_id": "/subscriptions/a1f74e2d-ec58-4f9a-a112-088e3469febb/resourceGroups/brief4_QB/providers/Microsoft.Network/virtualNetworks/network/subnets/subnet_gateway"
              }
            ],
            "global": [],
            "http_listener": [
              {
                "custom_error_configuration": [],
                "firewall_policy_id": "",
                "frontend_ip_configuration_id": "/subscriptions/a1f74e2d-ec58-4f9a-a112-088e3469febb/resourceGroups/brief4_QB/providers/Microsoft.Network/applicationGateways/example-appgateway/frontendIPConfigurations/network-feip",
                "frontend_ip_configuration_name": "network-feip",
                "frontend_port_id": "/subscriptions/a1f74e2d-ec58-4f9a-a112-088e3469febb/resourceGroups/brief4_QB/providers/Microsoft.Network/applicationGateways/example-appgateway/frontendPorts/network-feport",
                "frontend_port_name": "network-feport",
                "host_name": "",
                "host_names": [],
                "id": "/subscriptions/a1f74e2d-ec58-4f9a-a112-088e3469febb/resourceGroups/brief4_QB/providers/Microsoft.Network/applicationGateways/example-appgateway/httpListeners/network-httplstn",
                "name": "network-httplstn",
                "protocol": "Http",
                "require_sni": false,
                "ssl_certificate_id": "",
                "ssl_certificate_name": "",
                "ssl_profile_id": "",
                "ssl_profile_name": ""
              }
            ],
            "id": "/subscriptions/a1f74e2d-ec58-4f9a-a112-088e3469febb/resourceGroups/brief4_QB/providers/Microsoft.Network/applicationGateways/example-appgateway",
            "identity": [],
            "location": "eastus2",
            "name": "example-appgateway",
            "private_endpoint_connection": [],
            "private_link_configuration": [],
            "probe": [],
            "redirect_configuration": [],
            "request_routing_rule": [
              {
                "backend_address_pool_id": "/subscriptions/a1f74e2d-ec58-4f9a-a112-088e3469febb/resourceGroups/brief4_QB/providers/Microsoft.Network/applicationGateways/example-appgateway/backendAddressPools/network-beap",
                "backend_address_pool_name": "network-beap",
                "backend_http_settings_id": "/subscriptions/a1f74e2d-ec58-4f9a-a112-088e3469febb/resourceGroups/brief4_QB/providers/Microsoft.Network/applicationGateways/example-appgateway/backendHttpSettingsCollection/network-be-htst",
                "backend_http_settings_name": "network-be-htst",
                "http_listener_id": "/subscriptions/a1f74e2d-ec58-4f9a-a112-088e3469febb/resourceGroups/brief4_QB/providers/Microsoft.Network/applicationGateways/example-appgateway/httpListeners/network-httplstn",
                "http_listener_name": "network-httplstn",
                "id": "/subscriptions/a1f74e2d-ec58-4f9a-a112-088e3469febb/resourceGroups/brief4_QB/providers/Microsoft.Network/applicationGateways/example-appgateway/requestRoutingRules/rule_magento",
                "name": "rule_magento",
                "priority": 100,
                "redirect_configuration_id": "",
                "redirect_configuration_name": "",
                "rewrite_rule_set_id": "",
                "rewrite_rule_set_name": "",
                "rule_type": "Basic",
                "url_path_map_id": "",
                "url_path_map_name": ""
              }
            ],
            "resource_group_name": "brief4_QB",
            "rewrite_rule_set": [],
            "sku": [
              {
                "capacity": 2,
                "name": "Standard_v2",
                "tier": "Standard_v2"
              }
            ],
            "ssl_certificate": [],
            "ssl_policy": [
              {
                "cipher_suites": [],
                "disabled_protocols": [],
                "min_protocol_version": "",
                "policy_name": "AppGwSslPolicy20150501",
                "policy_type": "Predefined"
              }
            ],
            "ssl_profile": [],
            "tags": {},
            "timeouts": null,
            "trusted_client_certificate": [],
            "trusted_root_certificate": [],
            "url_path_map": [],
            "waf_configuration": [],
            "zones": []
          },
          "sensitive_attributes": [],
          "private": "eyJlMmJmYjczMC1lY2FhLTExZTYtOGY4OC0zNDM2M2JjN2M0YzAiOnsiY3JlYXRlIjo1NDAwMDAwMDAwMDAwLCJkZWxldGUiOjU0MDAwMDAwMDAwMDAsInJlYWQiOjMwMDAwMDAwMDAwMCwidXBkYXRlIjo1NDAwMDAwMDAwMDAwfX0=",
          "dependencies": [
            "azurerm_public_ip.public_ipgateway",
            "azurerm_resource_group.rg",
            "azurerm_subnet.subnet_gateway",
            "azurerm_virtual_network.network"
          ]
        }
      ]
    },
    {
      "mode": "managed",
      "type": "azurerm_linux_virtual_machine",
      "name": "myterraformvm",
      "provider": "provider[\"registry.terraform.io/hashicorp/azurerm\"]",
      "instances": [
        {
          "schema_version": 0,
          "attributes": {
            "additional_capabilities": [],
            "admin_password": null,
            "admin_ssh_key": [
              {
                "public_key": "ssh-rsa AAAAB3NzaC1yc2EAAAADAQABAAABgQDAXuIAe8DVtQ+qHpbTnCMn5iP1u7WQEOLDE76PTRZ0lYc0TrWJvH+zWzpEbTK/fwzx5sw7yAlBnuR83cAOtm6y8Gk5yktOogsk71VnJ9cXKV7QWtX5o/nysqhliBWAW2jQmEMLHBf4DOFXcKpCdl0OBOtrPct976tnFXhM5n5WF0wrQ4dVikfWe57yg0BX+G+ZbNl7iDCHS8cAGEI2S0ziGOLjl0qJq+9jjCaj2bdVb5vtbz/ghplWtNKQvirxvfOC5H3XbX7aeH2sAlogeYbPs8DmFuz5Smq/+FLBZzqV7JhPMxBCpVFm6r+EzZDgiS2WB96Q3Jh0ItPz7wwJtgpLmSWeaBmWyPGAOh9MBal2RXgDIZ26EPOQTc9WX1377SaEMFSXgwq3e0mtFl5TYG+hzjujY9ik6nfjyLy1yNaPB7hq0z0cCijeJf0Nlm092Ukb1IJOndiS9LSZXjFJT+LRNz7hqyK/oj8nH4K2nx4DMH+Fj4JypSdsqmIk7aXLdYE= nomad@device",
                "username": "magento"
              }
            ],
            "admin_username": "magento",
            "allow_extension_operations": true,
            "availability_set_id": "",
            "boot_diagnostics": [
              {
                "storage_account_uri": "https://magentostoragequentin.blob.core.windows.net/"
              }
            ],
            "capacity_reservation_group_id": "",
            "computer_name": "magento",
            "custom_data": "H4sIAAAAAAAA/9xYaa/qPJL+fqT7Hzx3Wt0zYkIWlgCvGN2EsId9R1c6chyTGBIn2A6QvOr/Pgqc9S6j/tCf3qMDscuPH5crVeUyrYgKTIW0TGPcAGESCBJDJuSQ3LD7B3CihLqQpc2vo/6obU5WY8uY774+5T1pjRknEW0Atah8efryJEkfQV+eXrktwuOIE3HHQiEg8kNMxR/gQAJMYYibX4tFGQVR4kqEEvGhKcE4LqYwDL6+0y0ZpPyAmdSmKHIJ9RpAd4j4ALjvReDbKxOK6IF4X55GJMQ/af2fHzFPMUQn6OHnJHahyFlYgl+FvPEEgASoR+jt3kJRGEccs3snhIxA15FQQDAVvxBJqlJUHwwHLqEoDCP69JRwzF6IXXyASfCYmpulAc4JpoLQJwAA8FiUxLwBeOJG/wNYFIm7mPs4CBpAdgiVHcj9uzAOIKHPuQWeY8j51W0AJ4CPf1Ur/cdjZuJGDfAPw7ab/2XY9n+D8WRqLBYbq2HY9j8eEO4/w0T4ESMZdp9POL2r+viTwP9Kb507VmIcAsMwDLM0zmBLTZHWzruWMTPMXOzNLGOb9A1cs9ZiVjj3YmdJWyNaIVM10Tez9sS22np1upzvlWCHlCXbDC69QrbJ4razHMqHa3ar8KueGoFJk3mthIyJCKtprXuqpCcxiTx+0tU1HdTRdrjWZxuxrUQyTfnZD4i5MTbacRa2R3bPPJStSWeLhnHLDZSJORFsikRdrwra2fqjCq1sOsqVzcrumpwOG1zRU08xt4VuYe+MA51Yrd6ihoxuu68tlIx0J/YxUM6Dc6F+PLbgUXPctVO5CCeTPT8ONmI8nF0Iu10Ok1alV9o6Wx3insaNIPLwzpnymhV2kqyyCM9yoWOb++y81gf+dHQzW/G6E1ZZoZ3tLY8stI1Zr85KA1/pi2mmX68D4cV2uNhgaIabdNo1Jn59ZMJAm289q7/Xqu3pZLZE9c1WLen6ArZHncXWu55LWAlFJ6gsd92Cnx2T465OTlV6OKZ2qqZjODV1/6xkCmqRIx4clHEQKnVtdXLU/mBCXbKo24v99tgZLAv2fJzp/jkdytGxRnvloUZvZWvUK3SO5UEaL1x+DvsnHW5td9duAhqF0P3m4gtB+IOvc4Fj/y/k6S1q7vbzaDIIZd+mTjdcmWPfbHP3sjLOa6dca8/OgT7BO88sxxO500lqk74/jA5my0wPalCPru0NdTad/cA/eNdZgYz3R7egkr0IURUR93iepbHXRoVVuQQvyG+v3b17HKo2cfv9gVAmelSzFc+Yj6k6PVode1rCq762HZcMe5WZJT7PtsPlQJ31stpCNVP/sNletYvPp7DeLw0uddiuZfukZd5k77CezVK5k/KTN6ytN/OevwpK25Y3tm6rnRnH1PRaLWvTi3cTN+vJlW0yn8xdb4SQ5Q3ksY9a3q6A2QXqVnDqB9mcrG9hJRkNa6dLm1i0YGz6Jdjl3k2UbLgo3CC5ln3bjvClvC6jzfK48fdTPFj0lxbenEo9g5s3y9x0L7eSrlbTK/f18GQN4mO6ja7V+TZemiessWXIytt6wV93o7i8P57T5XKVLE+uswuCK4FLxpOhNxlUKNaCTaxO1f5SQZbC60elOw7kSnkIxyW11yFJb71br41a2o0rJc0+zI++8OOR2yOJP3D4NRgumTWYl4hKEFoqkKxOTZAIEhAOBU7Yt9Wyb/cXhqQNVpa+nn9wfJZCGv2VHD+Zcctx/cyciMEFi8V8O++PTXtPh+3MRiIoDEp+Z6tpbjRNVVMIv0Z0WEbEO6ezuloe9T13x+R4OukcevrOtGHF9jvaHKJbCc2X6nwaOWGXataojcYG2hyv6ozVl/Og1EOdYaVOKJ6Vk1NkifJx31ql821AWp2Rfzbd2UpJ1Jq2uow7B8WuOLa5zoLTJh3fppFe31hWd1fXey0+s3f9GTrPD3w3UHbXQWWWdlcXsdoMw9GkpDh+4KezwSDsytXZLFjLYZWPSK9F2qKgz26XCi0VUH3eq/h8nsKUZtxG4zBrj60zZxan3vmaDcsRri10dTccrmmpXqGXfXnUZ7WpWXXa8pps4stCcfxWZoytnXGstW8nbVrZzEuwr1SnkWNP0Op4C0ttdTDpQHmHtrNad5uFK+/YjXujTJjV86JXGC96veXZxMfwwi+aNavT3Vke2yrXT1Vc6Cyum9lJ7MdbI1j3L6vuiG0r6shd3cR6K/C43cHyuHUsm9XqrkK00ai2HpzUgHthbdpfHZWrdQxM5VBbBqvOsHA5k6MtasqvHd9YrHstZfT0dGVE4Oe89nupe2Io/AaQ/SjEcgg9TEX0+rw7H3rUdQ3wNYm5YBiG4AC5QB55diA6YeqCP79TADhmF8wASCi5NWSWUDn24/yjFzXpEIdFHqHTH9/pP7/T7/QF/Od3GhAuMAU15Y93kuc8NMH1ei2+KCK5+FJEUfiCEeBvI6Pbfp5PJksgXyCTr9er7IsweNVcuyMJRUHi4t9A5HspWcxLzyKHYRzgh3Zfn55YQlHoPuyTRzGAsQCEcgGDAPDoIK6QYSlmUYyZIPi1ngR///sL3HUlGAuJ4XvpHbEUxDFsRNRl+JjbBEjpZ/JHxfsuw7c4YgJMjWWv+bf8u/GbTTj3AvUTk8egi39a4VV9KQUBcW5hoL0+c+vmbc6DD031pVz+FUHsx7Wi+vJ43fxL7xYGr83Q4YIR6r0BE/Y25rmvLULFXSod+TtLmPLzG5ZHML4jeOSSJLw3RXTClGSYva3LHywZeWAdFELhv28hPLmE/cYVHvcJ93MUvL3Nu9rSBPhCxLwhyyOjqyiVml4pa2oDHnSslpyaUi2XDxosl9WafiiXq4dKxXH0qltBaqXqlJxvH9w5NxhmCOcuLccschMkuOxGVxpE0OVyHp3y6MX1W21JK5aL5aKArOhk2vuOBGRAav3Ou4F0uxx+iOv/lzPf/yeq95UOhLrgAhnwMMUMCuyCC6ZuxECcODIXUBB0b4bYJRDAOJaxQEASaYzBAUj4hhFAfhi5wCtcwZ//BIV/E7n7Izn/gR350ZUCaZ6nE8mFAjZeG593+3FGTpUUbiA/8t9T4S8s9GrsN1fJQ/vDrDxXJXHjLXIulwuQJAdyLCUsaOYO1ZDlIEIw8CMu3vkkyXWkXNRUlWKpqBTLD9H9vv5ysX3ON5FzPYbyq2zzheDba958vQO/5Ns78F6wRMxtfqpYgCRBNyRUOhDGxX2de/9NHsBfinEISfCQfbt/5079NnpX6vOEt+XvXVUrAUkKIPUS6OEmps+rBZDyTMEwRWlztbCAJAkS4iyiuGmEmBEE5ZZPEPQiIOUrSAzfTzXeVIEkcQwZ8iWcZ3fcxLnaBD2EOpCkT4I3E5dfTPx5NE/BzbqmKD+NEOrimxQzfCC35oe39hmVqx0loqlWfhrKDfPyMh+e8tPav3tLn2GYQifAUl5DNj/na8nDAjAcRhcMYAyRj7Ufz4Q7BCYi+hdgccK8f5lIkn4PR/Gviw2QR/XjTJbvZ7L7Kfbuc3nKBQ6RCADDXEAmHj8H/fjjlyR9efq/AAAA///KgigSWxMAAA==",
            "dedicated_host_group_id": "",
            "dedicated_host_id": "",
            "disable_password_authentication": true,
            "edge_zone": "",
            "encryption_at_host_enabled": false,
            "eviction_policy": "",
            "extensions_time_budget": "PT1H30M",
            "id": "/subscriptions/a1f74e2d-ec58-4f9a-a112-088e3469febb/resourceGroups/brief4_QB/providers/Microsoft.Compute/virtualMachines/vm_app",
            "identity": [],
            "license_type": "",
            "location": "eastus2",
            "max_bid_price": -1,
            "name": "vm_app",
            "network_interface_ids": [
              "/subscriptions/a1f74e2d-ec58-4f9a-a112-088e3469febb/resourceGroups/brief4_QB/providers/Microsoft.Network/networkInterfaces/nic_app",
              "/subscriptions/a1f74e2d-ec58-4f9a-a112-088e3469febb/resourceGroups/brief4_QB/providers/Microsoft.Network/networkInterfaces/nic_app_bastion"
            ],
            "os_disk": [
              {
                "caching": "ReadWrite",
                "diff_disk_settings": [],
                "disk_encryption_set_id": "",
                "disk_size_gb": 30,
                "name": "myOsDisk",
                "secure_vm_disk_encryption_set_id": "",
                "security_encryption_type": "",
                "storage_account_type": "Premium_LRS",
                "write_accelerator_enabled": false
              }
            ],
            "patch_mode": "ImageDefault",
            "plan": [],
            "platform_fault_domain": -1,
            "priority": "Regular",
            "private_ip_address": "10.2.0.19",
            "private_ip_addresses": [
              "10.2.0.19",
              "10.7.0.29"
            ],
            "provision_vm_agent": true,
            "proximity_placement_group_id": "",
            "public_ip_address": "",
            "public_ip_addresses": [],
            "resource_group_name": "brief4_QB",
            "secret": [],
            "secure_boot_enabled": false,
            "size": "Standard_DS1_v2",
            "source_image_id": "",
            "source_image_reference": [
              {
                "offer": "UbuntuServer",
                "publisher": "Canonical",
                "sku": "18.04-LTS",
                "version": "latest"
              }
            ],
            "tags": null,
            "termination_notification": null,
            "timeouts": null,
            "user_data": "",
            "virtual_machine_id": "456367ca-ac27-4e2d-83bc-ee2d90e8143d",
            "virtual_machine_scale_set_id": "",
            "vtpm_enabled": false,
            "zone": ""
          },
          "sensitive_attributes": [],
          "private": "eyJlMmJmYjczMC1lY2FhLTExZTYtOGY4OC0zNDM2M2JjN2M0YzAiOnsiY3JlYXRlIjoyNzAwMDAwMDAwMDAwLCJkZWxldGUiOjI3MDAwMDAwMDAwMDAsInJlYWQiOjMwMDAwMDAwMDAwMCwidXBkYXRlIjoyNzAwMDAwMDAwMDAwfX0=",
          "dependencies": [
            "azurerm_network_interface.nic_app",
            "azurerm_network_interface.nic_app_bastion",
            "azurerm_resource_group.rg",
            "azurerm_ssh_public_key.ssh_nomad",
            "azurerm_storage_account.magento-storage",
            "data.template_cloudinit_config.configapp"
          ]
        }
      ]
    },
    {
      "mode": "managed",
      "type": "azurerm_linux_virtual_machine",
      "name": "vm_bastion",
      "provider": "provider[\"registry.terraform.io/hashicorp/azurerm\"]",
      "instances": [
        {
          "schema_version": 0,
          "attributes": {
            "additional_capabilities": [],
            "admin_password": null,
            "admin_ssh_key": [
              {
                "public_key": "ssh-rsa AAAAB3NzaC1yc2EAAAADAQABAAABgQDAXuIAe8DVtQ+qHpbTnCMn5iP1u7WQEOLDE76PTRZ0lYc0TrWJvH+zWzpEbTK/fwzx5sw7yAlBnuR83cAOtm6y8Gk5yktOogsk71VnJ9cXKV7QWtX5o/nysqhliBWAW2jQmEMLHBf4DOFXcKpCdl0OBOtrPct976tnFXhM5n5WF0wrQ4dVikfWe57yg0BX+G+ZbNl7iDCHS8cAGEI2S0ziGOLjl0qJq+9jjCaj2bdVb5vtbz/ghplWtNKQvirxvfOC5H3XbX7aeH2sAlogeYbPs8DmFuz5Smq/+FLBZzqV7JhPMxBCpVFm6r+EzZDgiS2WB96Q3Jh0ItPz7wwJtgpLmSWeaBmWyPGAOh9MBal2RXgDIZ26EPOQTc9WX1377SaEMFSXgwq3e0mtFl5TYG+hzjujY9ik6nfjyLy1yNaPB7hq0z0cCijeJf0Nlm092Ukb1IJOndiS9LSZXjFJT+LRNz7hqyK/oj8nH4K2nx4DMH+Fj4JypSdsqmIk7aXLdYE= nomad@device",
                "username": "bastion"
              }
            ],
            "admin_username": "bastion",
            "allow_extension_operations": true,
            "availability_set_id": "",
            "boot_diagnostics": [],
            "capacity_reservation_group_id": "",
            "computer_name": "bastion",
            "custom_data": "H4sIAAAAAAAA/9yWya6jWNaF51eKd/Af/yCr5HKYxhh8U1FKMGDANKYHT0KHxnDomwM2PH3p3qysCinrCZLR3otvL+0trcE5tw1KG7Rzli5939RThWAHBrSv4StNft1E7dQkYFi+f9VkTeAMV+dZK/z69tHtvHQYYdu8b/Bv2Je3L2+73c/Ql7c/vHk4du0I0ScLEAJxXqcN+nXzgFXagDr9/vXbt31ctVOygw1EP5W7CIwfc98WUFdf/2vpDKAZH+mwE5q4TWCTvW/oCKKfgM97UPr6wy1umwfMvrxpsE7/tPn//8y8dSAuQZb+mLoEoA+XYUr/EMf3t81mtwEd2qGPHbp2QLscoW58e5vGdPj3/yR9gKlCn/XHhe+bfkobBJu3zWazyYZ26sb3zTgl7T82Q9uiT3nM06p63+wj2OwjMOafYlcB2Pz4OORHB8bxmbxvogpEFcAJ8v9+H5uS9n3zC6uq3//GqurfN7pxY23b599ZVf3ld2TMf4AJ5e0A1zT5UabL556/f7vNP3f/aT7Z3TCCDcuyLEfqKzjjS0wIHy3Pmiz3IWcmzwaTzKYM7yFz20td5DRnraHgDZ9o3xQMlRfo482x7lgVxpgz+MosbVd/7YTIue4fz/VFjU96YSuumSyGjFkD1ceFuZTUUiKjzcaSxr1GOcXB1aNNHwVUu2+Wsc8ryPmsTxRmLWiqxD0OvCEG8bU7JxVmcAYabjE60UfUiEGuUQ3li9hzMA+JB8uHn1L0kmFcsL1s75Fe0ZA/SzYTsxdBJmxshRdDLSqsV/rtqSjOoCCixIuoGUXrPsu7ykf61Zzh8JofxpmSyCAKaJBKxMhWbZaG0W1k+FqcVsqu+/1WVLn72nu0kt+0F3fuPLE+DlthvfMZtAmfOx1NUskxGd1W+vlUUNapte2ngKv95XZhjfykcaAirCDj5TtxFG6G6cQnP8BJmraBoIl2kD17MsVqJFaUE162+VpMRXiC5bF5FIu64IsObhyd99iKxWdYpMoD06saOxFuGeGyYjQJtE+qfQ8KUXG2qqWvdN4v131bMI10uBLN68Br0lYsDsrS2cnY13JJg0BNQuH7pmlrkPyWpDOM05+CPqK0y/8qMT83XHi3WkOp97naRJfa5fScE8Zkdtneiw6MYPYVbaRhxh06Yy+KE2PI+bV9cGdueeDVqX0KfhP54l3JH9nT3EL9XiRbHN5RHR9jmBS9uXSZEG/dAwnmOBe85J4UV1yFiSwrCDPollGxjLX0Br8VvKjeyNSViUAnWdVdOXK01uDqKLgprYyNc0v+8IMnMefjDZxkUplPQGDW+3TmXvvs4ZnmsheXscyujOdbUu5WZHDOdP7lhlzXNVx2PvO+1IVGskp7Kpgsw0oyLY75TNnreXzOwm06zIDmq1KuVgt6r5qatCtTzgLkmy3ryyS4jNkLkSqwty8An4dcVdt0PniH2HcKP7/fUsWWHT71S1JiR+7Fc/5lfpE0flyeY07XJa90xRK0z6MVdA5XpsTg1MMhOG1z79J2h3vRL47jTk6ZRGFVPSFwhnG6ZoZCNSlR+R1+w2UHi3lsPBXYRa/21OEKdBKXRDhJXuh5LLNcOook1IdV5CjvtESCU65E47O6OgOvWCTEYRw7GIBu+X0zIVjBEaB0Gn5zHVmVbXZHKC5Pe9ZPqR8W0LR/mdRP5shHSb5yBlLmFNlWYMk6p96bq7CqMaq2CpmLAUEk7W3BOYRyBtLgEMOsX8wTftDkLAmHfXczxIdEh5wKKDUXCQvELzK2HNy6tVF9aQheE2Kdjf3iiZvDybEqUorFK3WCTWoeprLl0aG4n93FCip4FrW85xLTxSacIdxZFx+YSkUq561V6S/669bSJ5/nL+GJls6jqYayGffWYwwVLHwqlLlc3Bm5/rXWDBKL8ipfTEWpL/ujaVbevj6OGpTOUEBb2nzNVENu45MlUfloLWBp1lGN9XoVdL4fB35ssv65Xg9tytg0Hl6vXkOeqGa+HzR5YG7cMRL2HvS72cai/LyyOh+yBSO8SuJG+RYJZOx4ayPViN3iVZMCrhgi2IdxYDKXYK3drLh0krYi7tjb0la3JcnpubSo53EmePPUhP1eV/GRLo/pVrSfvlmiux6wlSfP7kUbAgrXEveFvACluiCme/1cHLjjMaQgoWmMp5R4NWY1c5PdAnvyRcVhD8apXPG6nXtYqIjB/nfqWduTzpj2p5febvfl7V8BAAD//1z/TeVICgAA",
            "dedicated_host_group_id": "",
            "dedicated_host_id": "",
            "disable_password_authentication": true,
            "edge_zone": "",
            "encryption_at_host_enabled": false,
            "eviction_policy": "",
            "extensions_time_budget": "PT1H30M",
            "id": "/subscriptions/a1f74e2d-ec58-4f9a-a112-088e3469febb/resourceGroups/brief4_QB/providers/Microsoft.Compute/virtualMachines/vm_bastion",
            "identity": [],
            "license_type": "",
            "location": "eastus2",
            "max_bid_price": -1,
            "name": "vm_bastion",
            "network_interface_ids": [
              "/subscriptions/a1f74e2d-ec58-4f9a-a112-088e3469febb/resourceGroups/brief4_QB/providers/Microsoft.Network/networkInterfaces/nic_bastion",
              "/subscriptions/a1f74e2d-ec58-4f9a-a112-088e3469febb/resourceGroups/brief4_QB/providers/Microsoft.Network/networkInterfaces/nic_bastion_app"
            ],
            "os_disk": [
              {
                "caching": "ReadWrite",
                "diff_disk_settings": [],
                "disk_encryption_set_id": "",
                "disk_size_gb": 30,
                "name": "disk_bastion",
                "secure_vm_disk_encryption_set_id": "",
                "security_encryption_type": "",
                "storage_account_type": "Premium_LRS",
                "write_accelerator_enabled": false
              }
            ],
            "patch_mode": "ImageDefault",
            "plan": [],
            "platform_fault_domain": -1,
            "priority": "Regular",
            "private_ip_address": "10.6.0.19",
            "private_ip_addresses": [
              "10.6.0.19",
              "10.7.0.19"
            ],
            "provision_vm_agent": true,
            "proximity_placement_group_id": "",
            "public_ip_address": "20.7.20.118",
            "public_ip_addresses": [
              "20.7.20.118"
            ],
            "resource_group_name": "brief4_QB",
            "secret": [],
            "secure_boot_enabled": false,
            "size": "Standard_DS1_v2",
            "source_image_id": "",
            "source_image_reference": [
              {
                "offer": "UbuntuServer",
                "publisher": "Canonical",
                "sku": "18.04-LTS",
                "version": "latest"
              }
            ],
            "tags": {},
            "termination_notification": [],
            "timeouts": null,
            "user_data": "",
            "virtual_machine_id": "0fb6ae09-da7e-4391-9658-16fc9d0c6eee",
            "virtual_machine_scale_set_id": "",
            "vtpm_enabled": false,
            "zone": ""
          },
          "sensitive_attributes": [],
          "private": "eyJlMmJmYjczMC1lY2FhLTExZTYtOGY4OC0zNDM2M2JjN2M0YzAiOnsiY3JlYXRlIjoyNzAwMDAwMDAwMDAwLCJkZWxldGUiOjI3MDAwMDAwMDAwMDAsInJlYWQiOjMwMDAwMDAwMDAwMCwidXBkYXRlIjoyNzAwMDAwMDAwMDAwfX0=",
          "dependencies": [
            "azurerm_network_interface.nic_bastion",
            "azurerm_network_interface.nic_bastion_app",
            "azurerm_public_ip.public_ipapp",
            "azurerm_resource_group.rg",
            "azurerm_ssh_public_key.ssh_nomad",
            "azurerm_subnet.subnet_bastion",
            "azurerm_subnet.subnet_bastion_app",
            "azurerm_virtual_network.network",
            "data.template_cloudinit_config.configbastion",
            "data.template_file.scriptbastion"
          ]
        }
      ]
    },
    {
      "mode": "managed",
      "type": "azurerm_linux_virtual_machine",
      "name": "vmelasticsrh",
      "provider": "provider[\"registry.terraform.io/hashicorp/azurerm\"]",
      "instances": [
        {
          "schema_version": 0,
          "attributes": {
            "additional_capabilities": [],
            "admin_password": null,
            "admin_ssh_key": [
              {
                "public_key": "ssh-rsa AAAAB3NzaC1yc2EAAAADAQABAAABgQDAXuIAe8DVtQ+qHpbTnCMn5iP1u7WQEOLDE76PTRZ0lYc0TrWJvH+zWzpEbTK/fwzx5sw7yAlBnuR83cAOtm6y8Gk5yktOogsk71VnJ9cXKV7QWtX5o/nysqhliBWAW2jQmEMLHBf4DOFXcKpCdl0OBOtrPct976tnFXhM5n5WF0wrQ4dVikfWe57yg0BX+G+ZbNl7iDCHS8cAGEI2S0ziGOLjl0qJq+9jjCaj2bdVb5vtbz/ghplWtNKQvirxvfOC5H3XbX7aeH2sAlogeYbPs8DmFuz5Smq/+FLBZzqV7JhPMxBCpVFm6r+EzZDgiS2WB96Q3Jh0ItPz7wwJtgpLmSWeaBmWyPGAOh9MBal2RXgDIZ26EPOQTc9WX1377SaEMFSXgwq3e0mtFl5TYG+hzjujY9ik6nfjyLy1yNaPB7hq0z0cCijeJf0Nlm092Ukb1IJOndiS9LSZXjFJT+LRNz7hqyK/oj8nH4K2nx4DMH+Fj4JypSdsqmIk7aXLdYE= nomad@device",
                "username": "elastic"
              }
            ],
            "admin_username": "elastic",
            "allow_extension_operations": true,
            "availability_set_id": "",
            "boot_diagnostics": [],
            "capacity_reservation_group_id": "",
            "computer_name": "elastic",
            "custom_data": "H4sIAAAAAAAA/9xYa4+qyNb+brL/A2+/ycw58SDgDXWyTwbEGyKKN9DpSaeAEgqLAqlChZwff6J27909ey5nf53uRKnFU89aq2oteMp+QhgkjF8XKexxcY4ZSkHGhBhdof8T5yY58UFWfH6aTWYDdb4xNWW5e6rcRvwWZhQlpMdJNfFT5VOF59+DPlXeuDVE04QidscCxoAXxpCwn7gDwpCAGH5+qtUEDye5zyOC2LtLHmJAGfJqBYjx01fKdQYIPcCMHxAv8REJepzsIvYOcM+Hwesbm5eQAwo+VWYoht9E/v/vMZUUeEcQwJc89QG7sWQ5fDPSXoXjeA6kjGe3GNIkY3zIWEorlZzC7PW+Dw8gx+x+fcuwx51ySBgiFY7juCBL8pT2OJr7yb+4LEnY3UxDiHGPE1xEBBfQ8G5MMUDk5ZbISwoovfg9zsXAxUCqN/7vMS33kx73o2IYn/+hGMY/OXO+UFYrW+sphvHjA0LDF5CzMMlQCf2XIyzucT7+eO7f/JfBHctnFHCKoihqwyxBXyq8+uA21BRLUW/mwNIUJ58osKNtmVU9jVN3Tfoz0kILKZdtazA3tIHcXqyXexHvPHGd2fp5XC3tMh2466lwuJTXFr3IhYJVki87DU+Zs7hddEbHVnFk8ySgR1naEr3rOdOtbNnMaSUCKegpxEi1FbseWfFgZozVQ1ObDx1vmvZ9LM7VOcsWHuvKbUaGTjhrkZY9FC+Z1fS36HiwYUsuAlF1qqPq3jWxjLT+eNXxlNFgUl+JJRrNjQiLJ/1U7UZRH0R119+6rTNzSyEIU2wzc2qdUXY9H+b91rjhuI4M4LhOFZwEcOcuaEeLh3nZWsUnoTo01H152sp6uJhd1X66HcbtrDoo91qAVnVb7bathh6KE7Yo5ctFZ0FqxCsbAjW2i8VImYfdmQpwfekE2mRfbw8Wc2vtdW1HasjyCgxmw5UTXE4NKMZsiFvr3agallEe7bro2CaHqDAKqTDBQpXDk1iKXh9FUD+IJo7Fbn1zdKWJPic+WnWN1d6Jhvq6aizNUg5PxVRIog4ZN6d1cm1qs3F1GDX1Il359BRPjjJwDH83+MyRJAb+zz48Iw++K3TKYBr+Xcq8T9TdfpnM9VgIDeKO4o1qhuqA+ueNctq6zc7AOmF5DneB2kznwnCYd+aTcJoc1L5aHCTcTS4Dm7j2cK+Hh+BiVZG5j/yqhPYs9toe8qOTVaTBwKtumg1w9sLB1t/70VQykD+Z6Eycy0nHEANlaRJpEWlDY9GAm0ndMRuKsSnVBl2WznStS9a47KwktQgPtnOpn0O6AN1JQz93waBT7vO+ehWCw9ayCmFY0GMw7Wzt5Tjc4IbTD0ztutmpaUrUoN/X7HG6m/vlWGg5+XK+9IOZ52mBLpih1w92VZidgazh4wSXS7S9xq18Nu0czwOkkapiTxpgRIMraxhgVb0CdGmGhpHAc3Pb9Ox1ZIf7BdRXk7UG7WNjrFD1qqn26HxtyFK7uNBQjo+ankaFk1zaSyddq0dYz9Zx1nS61XA7StLmPjoV6/UmXx99d4fxBYF1RvNpMNdbBNaxnUoLabIWPU2k3UgcmVhoNafAbEjjIcrH2912q3SKUdpq1I3DMgpZmM78McpD3aUXPF1nmr5sIAl53loEaHP8zOUMYUQBg3n282Y9MSYrha/rG03eLt9VfVYAkvxtqj63qOb6YanOmX6GbLV0lhNTNfZkOigNj+Gq3giHTr3uJ4tCUhkLO0gGTQ8Fp8LqSs3ZJPB3mZAu5sPDWN6pBmgZ4bC+BN614S3X0nKRuPGI1LXZwDMVz44ukpV110vcGHvDaauLCLSa+THRWDPa9zfF0sGoP5yFJ9W3NmIudeqbszk8iEbLNdRtiY92YV4Xidy1NW2068rjPrWM3cTyTssD3eni7qK3rGK0ObONPY1n84bohjgsLF2PR0LbsvBWiNt0hsZ9NGBV2bqeW6RR9brLcSukywIUpKSGZ8blwNRONNMoCU6XctpMYGclS7vpdEsa3RY575uzSdZZqG13IGyRnZ5Xohv2S8XUdkrUGVyP9UXLXjbARGwvEteYe5voGjcGkj4fAmHnOVZn5JTxJohG6XhWMrV9Wo2r5mo8Xp9UGMVneq5rVpfsToJpSFQ+tmF1uLrY1pHtTUfB28l5M5plTkua+Zsr2zoMmoMhFMx+1FTb7V0L1WezzlY/SpgGcWcx2UTiRYuwKh46a7wZTqvnE4oM1hF/v+qV1XbcF2eVyiVDDL7c1Nur3EkBC3ucECYxFF4V29s3hSDzwloR43sZeg991uOePJxTBrPao3/iggdpipEHbjLxmZDEh6+3bpe89ExuTmo+YKDHCWeQCRi5H528QnAS0DdIEvwWQiC7JNmxFiaU9ThJrDVrYq35TK43gVej0MszxIoaJMDF0H+Iv9+5myUY30TsXwBvyrBGKe49E477Aj0ATOHNcutVlmSw9lhAD2aMCvc5qVR/Jt/QfZGc33I+3HPcGWbo8LqML3Hiwwftw/bHTr8y3z1zNz7K/hL3tok3rY4AfonBbfhy2zLa4355fnrdvKdfn8k9r8eyi7X7/zN5qlQqWU682H8U0iWAjONPc47n7qK6JwjgFjzwGK29nQW8RBgtRvx0sOM/bC73n/vjkgvSgON5H4IsTjKOTzghp5lAQ5BB4QiLDJGAfiwL/tVcC9LgHgf0woR78qHL/UJRQKDPu8Xn76L59c8TeDtOCJ3aVQAp4yi7bSQXA0Se3hJhEHICZN4NINAkzzxIaxhRVvPfHPOd2vVuuod9n3U7m9yW8XF8+WDnEKEMYMx9XDe++Iry0ofLD4hvm/k3ze4C75inL4/hh5Z/pc3i/4n2Yxx//jz5XsIwuZD7+7j3MfvvpYkTn2u3xe+cd3/x04IyGHsMcz6AcUL4DOIE+H+IenT3x92qUZh9kdz3SV/xlIGM/Qnc89/3wsfYXUS4H354MNZ+U9f3ky13+wS+z8UggIQlHJ++qpVXwcLxGUfzFGY3YKXyzS8CPP+p8t8AAAD//5dfE5dwEAAA",
            "dedicated_host_group_id": "",
            "dedicated_host_id": "",
            "disable_password_authentication": true,
            "edge_zone": "",
            "encryption_at_host_enabled": false,
            "eviction_policy": "",
            "extensions_time_budget": "PT1H30M",
            "id": "/subscriptions/a1f74e2d-ec58-4f9a-a112-088e3469febb/resourceGroups/brief4_QB/providers/Microsoft.Compute/virtualMachines/vm_elasticsrh",
            "identity": [],
            "license_type": "",
            "location": "eastus2",
            "max_bid_price": -1,
            "name": "vm_elasticsrh",
            "network_interface_ids": [
              "/subscriptions/a1f74e2d-ec58-4f9a-a112-088e3469febb/resourceGroups/brief4_QB/providers/Microsoft.Network/networkInterfaces/nic_elasticsrh"
            ],
            "os_disk": [
              {
                "caching": "ReadWrite",
                "diff_disk_settings": [],
                "disk_encryption_set_id": "",
                "disk_size_gb": 30,
                "name": "disk_elastic",
                "secure_vm_disk_encryption_set_id": "",
                "security_encryption_type": "",
                "storage_account_type": "Premium_LRS",
                "write_accelerator_enabled": false
              }
            ],
            "patch_mode": "ImageDefault",
            "plan": [],
            "platform_fault_domain": -1,
            "priority": "Regular",
            "private_ip_address": "10.4.0.4",
            "private_ip_addresses": [
              "10.4.0.4"
            ],
            "provision_vm_agent": true,
            "proximity_placement_group_id": "",
            "public_ip_address": "20.1.153.0",
            "public_ip_addresses": [
              "20.1.153.0"
            ],
            "resource_group_name": "brief4_QB",
            "secret": [],
            "secure_boot_enabled": false,
            "size": "Standard_DS1_v2",
            "source_image_id": "",
            "source_image_reference": [
              {
                "offer": "UbuntuServer",
                "publisher": "Canonical",
                "sku": "18.04-LTS",
                "version": "latest"
              }
            ],
            "tags": {},
            "termination_notification": [],
            "timeouts": null,
            "user_data": "",
            "virtual_machine_id": "a14b630a-4967-48b7-87e5-3744b545ce9f",
            "virtual_machine_scale_set_id": "",
            "vtpm_enabled": false,
            "zone": ""
          },
          "sensitive_attributes": [],
          "private": "eyJlMmJmYjczMC1lY2FhLTExZTYtOGY4OC0zNDM2M2JjN2M0YzAiOnsiY3JlYXRlIjoyNzAwMDAwMDAwMDAwLCJkZWxldGUiOjI3MDAwMDAwMDAwMDAsInJlYWQiOjMwMDAwMDAwMDAwMCwidXBkYXRlIjoyNzAwMDAwMDAwMDAwfX0=",
          "dependencies": [
            "azurerm_network_interface.nic_elasticsrh",
            "azurerm_public_ip.public_ipelastic",
            "azurerm_resource_group.rg",
            "azurerm_ssh_public_key.ssh_nomad",
            "azurerm_subnet.subnet_elastic",
            "azurerm_virtual_network.network",
            "data.template_cloudinit_config.configelastic",
            "data.template_file.scriptelastic"
          ]
        }
      ]
    },
    {
      "mode": "managed",
      "type": "azurerm_mariadb_database",
      "name": "db_magento",
      "provider": "provider[\"registry.terraform.io/hashicorp/azurerm\"]",
      "instances": [
        {
          "schema_version": 0,
          "attributes": {
            "charset": "utf8",
            "collation": "utf8_general_ci",
            "id": "/subscriptions/a1f74e2d-ec58-4f9a-a112-088e3469febb/resourceGroups/brief4_QB/providers/Microsoft.DBforMariaDB/servers/magento-mariadb-server/databases/mariadb_database",
            "name": "mariadb_database",
            "resource_group_name": "brief4_QB",
            "server_name": "magento-mariadb-server",
            "timeouts": null
          },
          "sensitive_attributes": [],
          "private": "eyJlMmJmYjczMC1lY2FhLTExZTYtOGY4OC0zNDM2M2JjN2M0YzAiOnsiY3JlYXRlIjozNjAwMDAwMDAwMDAwLCJkZWxldGUiOjM2MDAwMDAwMDAwMDAsInJlYWQiOjMwMDAwMDAwMDAwMCwidXBkYXRlIjozNjAwMDAwMDAwMDAwfX0=",
          "dependencies": [
            "azurerm_mariadb_server.server_magento",
            "azurerm_resource_group.rg"
          ]
        }
      ]
    },
    {
      "mode": "managed",
      "type": "azurerm_mariadb_firewall_rule",
      "name": "mdbrule",
      "provider": "provider[\"registry.terraform.io/hashicorp/azurerm\"]",
      "instances": [
        {
          "schema_version": 0,
          "attributes": {
            "end_ip_address": "20.7.20.118",
            "id": "/subscriptions/a1f74e2d-ec58-4f9a-a112-088e3469febb/resourceGroups/brief4_QB/providers/Microsoft.DBforMariaDB/servers/magento-mariadb-server/firewallRules/rule_magento_db",
            "name": "rule_magento_db",
            "resource_group_name": "brief4_QB",
            "server_name": "magento-mariadb-server",
            "start_ip_address": "20.7.20.118",
            "timeouts": null
          },
          "sensitive_attributes": [],
          "private": "eyJlMmJmYjczMC1lY2FhLTExZTYtOGY4OC0zNDM2M2JjN2M0YzAiOnsiY3JlYXRlIjoxODAwMDAwMDAwMDAwLCJkZWxldGUiOjE4MDAwMDAwMDAwMDAsInJlYWQiOjMwMDAwMDAwMDAwMCwidXBkYXRlIjoxODAwMDAwMDAwMDAwfX0=",
          "dependencies": [
            "azurerm_mariadb_server.server_magento",
            "azurerm_public_ip.public_ipapp",
            "azurerm_resource_group.rg"
          ]
        }
      ]
    },
    {
      "mode": "managed",
      "type": "azurerm_mariadb_server",
      "name": "server_magento",
      "provider": "provider[\"registry.terraform.io/hashicorp/azurerm\"]",
      "instances": [
        {
          "schema_version": 0,
          "attributes": {
            "administrator_login": "magento",
            "administrator_login_password": "blablabla123!",
            "auto_grow_enabled": true,
            "backup_retention_days": 14,
            "create_mode": "Default",
            "creation_source_server_id": null,
            "fqdn": "magento-mariadb-server.mariadb.database.azure.com",
            "geo_redundant_backup_enabled": false,
            "id": "/subscriptions/a1f74e2d-ec58-4f9a-a112-088e3469febb/resourceGroups/brief4_QB/providers/Microsoft.DBforMariaDB/servers/magento-mariadb-server",
            "location": "eastus2",
            "name": "magento-mariadb-server",
            "public_network_access_enabled": true,
            "resource_group_name": "brief4_QB",
            "restore_point_in_time": null,
            "sku_name": "MO_Gen5_2",
            "ssl_enforcement_enabled": false,
            "storage_mb": 5120,
            "tags": {},
            "timeouts": null,
            "version": "10.2"
          },
          "sensitive_attributes": [],
          "private": "eyJlMmJmYjczMC1lY2FhLTExZTYtOGY4OC0zNDM2M2JjN2M0YzAiOnsiY3JlYXRlIjo1NDAwMDAwMDAwMDAwLCJkZWxldGUiOjM2MDAwMDAwMDAwMDAsInJlYWQiOjMwMDAwMDAwMDAwMCwidXBkYXRlIjozNjAwMDAwMDAwMDAwfX0=",
          "dependencies": [
            "azurerm_resource_group.rg"
          ]
        }
      ]
    },
    {
      "mode": "managed",
      "type": "azurerm_network_interface",
      "name": "nic_app",
      "provider": "provider[\"registry.terraform.io/hashicorp/azurerm\"]",
      "instances": [
        {
          "schema_version": 0,
          "attributes": {
            "applied_dns_servers": [],
            "dns_servers": [],
            "edge_zone": "",
            "enable_accelerated_networking": false,
            "enable_ip_forwarding": false,
            "id": "/subscriptions/a1f74e2d-ec58-4f9a-a112-088e3469febb/resourceGroups/brief4_QB/providers/Microsoft.Network/networkInterfaces/nic_app",
            "internal_dns_name_label": "",
            "internal_domain_name_suffix": "qtcqji0oa1oubgfnxyxzputa0f.cx.internal.cloudapp.net",
            "ip_configuration": [
              {
                "gateway_load_balancer_frontend_ip_configuration_id": "",
                "name": "nic_app_config",
                "primary": true,
                "private_ip_address": "10.2.0.19",
                "private_ip_address_allocation": "Static",
                "private_ip_address_version": "IPv4",
                "public_ip_address_id": "",
                "subnet_id": "/subscriptions/a1f74e2d-ec58-4f9a-a112-088e3469febb/resourceGroups/brief4_QB/providers/Microsoft.Network/virtualNetworks/network/subnets/subnet_app"
              }
            ],
            "location": "eastus2",
            "mac_address": "60-45-BD-7E-F5-AC",
            "name": "nic_app",
            "private_ip_address": "10.2.0.19",
            "private_ip_addresses": [
              "10.2.0.19"
            ],
            "resource_group_name": "brief4_QB",
            "tags": {},
            "timeouts": null,
            "virtual_machine_id": "/subscriptions/a1f74e2d-ec58-4f9a-a112-088e3469febb/resourceGroups/brief4_QB/providers/Microsoft.Compute/virtualMachines/vm_app"
          },
          "sensitive_attributes": [],
          "private": "eyJlMmJmYjczMC1lY2FhLTExZTYtOGY4OC0zNDM2M2JjN2M0YzAiOnsiY3JlYXRlIjoxODAwMDAwMDAwMDAwLCJkZWxldGUiOjE4MDAwMDAwMDAwMDAsInJlYWQiOjMwMDAwMDAwMDAwMCwidXBkYXRlIjoxODAwMDAwMDAwMDAwfX0=",
          "dependencies": [
            "azurerm_resource_group.rg",
            "azurerm_subnet.subnet_app",
            "azurerm_virtual_network.network"
          ]
        }
      ]
    },
    {
      "mode": "managed",
      "type": "azurerm_network_interface",
      "name": "nic_app_bastion",
      "provider": "provider[\"registry.terraform.io/hashicorp/azurerm\"]",
      "instances": [
        {
          "schema_version": 0,
          "attributes": {
            "applied_dns_servers": [],
            "dns_servers": [],
            "edge_zone": "",
            "enable_accelerated_networking": false,
            "enable_ip_forwarding": false,
            "id": "/subscriptions/a1f74e2d-ec58-4f9a-a112-088e3469febb/resourceGroups/brief4_QB/providers/Microsoft.Network/networkInterfaces/nic_app_bastion",
            "internal_dns_name_label": "",
            "internal_domain_name_suffix": "qtcqji0oa1oubgfnxyxzputa0f.cx.internal.cloudapp.net",
            "ip_configuration": [
              {
                "gateway_load_balancer_frontend_ip_configuration_id": "",
                "name": "nic_app_config_app_bastion",
                "primary": true,
                "private_ip_address": "10.7.0.29",
                "private_ip_address_allocation": "Static",
                "private_ip_address_version": "IPv4",
                "public_ip_address_id": "",
                "subnet_id": "/subscriptions/a1f74e2d-ec58-4f9a-a112-088e3469febb/resourceGroups/brief4_QB/providers/Microsoft.Network/virtualNetworks/network/subnets/subnet_bastion_app"
              }
            ],
            "location": "eastus2",
            "mac_address": "60-45-BD-7E-F7-44",
            "name": "nic_app_bastion",
            "private_ip_address": "10.7.0.29",
            "private_ip_addresses": [
              "10.7.0.29"
            ],
            "resource_group_name": "brief4_QB",
            "tags": {},
            "timeouts": null,
            "virtual_machine_id": "/subscriptions/a1f74e2d-ec58-4f9a-a112-088e3469febb/resourceGroups/brief4_QB/providers/Microsoft.Compute/virtualMachines/vm_app"
          },
          "sensitive_attributes": [],
          "private": "eyJlMmJmYjczMC1lY2FhLTExZTYtOGY4OC0zNDM2M2JjN2M0YzAiOnsiY3JlYXRlIjoxODAwMDAwMDAwMDAwLCJkZWxldGUiOjE4MDAwMDAwMDAwMDAsInJlYWQiOjMwMDAwMDAwMDAwMCwidXBkYXRlIjoxODAwMDAwMDAwMDAwfX0=",
          "dependencies": [
            "azurerm_resource_group.rg",
            "azurerm_subnet.subnet_bastion_app",
            "azurerm_virtual_network.network"
          ]
        }
      ]
    },
    {
      "mode": "managed",
      "type": "azurerm_network_interface",
      "name": "nic_bastion",
      "provider": "provider[\"registry.terraform.io/hashicorp/azurerm\"]",
      "instances": [
        {
          "schema_version": 0,
          "attributes": {
            "applied_dns_servers": [],
            "dns_servers": [],
            "edge_zone": "",
            "enable_accelerated_networking": false,
            "enable_ip_forwarding": false,
            "id": "/subscriptions/a1f74e2d-ec58-4f9a-a112-088e3469febb/resourceGroups/brief4_QB/providers/Microsoft.Network/networkInterfaces/nic_bastion",
            "internal_dns_name_label": "",
            "internal_domain_name_suffix": "qtcqji0oa1oubgfnxyxzputa0f.cx.internal.cloudapp.net",
            "ip_configuration": [
              {
                "gateway_load_balancer_frontend_ip_configuration_id": "",
                "name": "nic_bastion_config",
                "primary": true,
                "private_ip_address": "10.6.0.19",
                "private_ip_address_allocation": "Static",
                "private_ip_address_version": "IPv4",
                "public_ip_address_id": "/subscriptions/a1f74e2d-ec58-4f9a-a112-088e3469febb/resourceGroups/brief4_QB/providers/Microsoft.Network/publicIPAddresses/ip_app",
                "subnet_id": "/subscriptions/a1f74e2d-ec58-4f9a-a112-088e3469febb/resourceGroups/brief4_QB/providers/Microsoft.Network/virtualNetworks/network/subnets/subnet_bastion"
              }
            ],
            "location": "eastus2",
            "mac_address": "00-0D-3A-03-16-0C",
            "name": "nic_bastion",
            "private_ip_address": "10.6.0.19",
            "private_ip_addresses": [
              "10.6.0.19"
            ],
            "resource_group_name": "brief4_QB",
            "tags": {},
            "timeouts": null,
            "virtual_machine_id": "/subscriptions/a1f74e2d-ec58-4f9a-a112-088e3469febb/resourceGroups/brief4_QB/providers/Microsoft.Compute/virtualMachines/vm_bastion"
          },
          "sensitive_attributes": [],
          "private": "eyJlMmJmYjczMC1lY2FhLTExZTYtOGY4OC0zNDM2M2JjN2M0YzAiOnsiY3JlYXRlIjoxODAwMDAwMDAwMDAwLCJkZWxldGUiOjE4MDAwMDAwMDAwMDAsInJlYWQiOjMwMDAwMDAwMDAwMCwidXBkYXRlIjoxODAwMDAwMDAwMDAwfX0=",
          "dependencies": [
            "azurerm_public_ip.public_ipapp",
            "azurerm_resource_group.rg",
            "azurerm_subnet.subnet_bastion",
            "azurerm_virtual_network.network"
          ]
        }
      ]
    },
    {
      "mode": "managed",
      "type": "azurerm_network_interface",
      "name": "nic_bastion_app",
      "provider": "provider[\"registry.terraform.io/hashicorp/azurerm\"]",
      "instances": [
        {
          "schema_version": 0,
          "attributes": {
            "applied_dns_servers": [],
            "dns_servers": [],
            "edge_zone": "",
            "enable_accelerated_networking": false,
            "enable_ip_forwarding": false,
            "id": "/subscriptions/a1f74e2d-ec58-4f9a-a112-088e3469febb/resourceGroups/brief4_QB/providers/Microsoft.Network/networkInterfaces/nic_bastion_app",
            "internal_dns_name_label": "",
            "internal_domain_name_suffix": "qtcqji0oa1oubgfnxyxzputa0f.cx.internal.cloudapp.net",
            "ip_configuration": [
              {
                "gateway_load_balancer_frontend_ip_configuration_id": "",
                "name": "nic_app_config_bastion_app",
                "primary": true,
                "private_ip_address": "10.7.0.19",
                "private_ip_address_allocation": "Static",
                "private_ip_address_version": "IPv4",
                "public_ip_address_id": "",
                "subnet_id": "/subscriptions/a1f74e2d-ec58-4f9a-a112-088e3469febb/resourceGroups/brief4_QB/providers/Microsoft.Network/virtualNetworks/network/subnets/subnet_bastion_app"
              }
            ],
            "location": "eastus2",
            "mac_address": "00-0D-3A-03-16-67",
            "name": "nic_bastion_app",
            "private_ip_address": "10.7.0.19",
            "private_ip_addresses": [
              "10.7.0.19"
            ],
            "resource_group_name": "brief4_QB",
            "tags": {},
            "timeouts": null,
            "virtual_machine_id": "/subscriptions/a1f74e2d-ec58-4f9a-a112-088e3469febb/resourceGroups/brief4_QB/providers/Microsoft.Compute/virtualMachines/vm_bastion"
          },
          "sensitive_attributes": [],
          "private": "eyJlMmJmYjczMC1lY2FhLTExZTYtOGY4OC0zNDM2M2JjN2M0YzAiOnsiY3JlYXRlIjoxODAwMDAwMDAwMDAwLCJkZWxldGUiOjE4MDAwMDAwMDAwMDAsInJlYWQiOjMwMDAwMDAwMDAwMCwidXBkYXRlIjoxODAwMDAwMDAwMDAwfX0=",
          "dependencies": [
            "azurerm_resource_group.rg",
            "azurerm_subnet.subnet_bastion_app",
            "azurerm_virtual_network.network"
          ]
        }
      ]
    },
    {
      "mode": "managed",
      "type": "azurerm_network_interface",
      "name": "nic_elasticsrh",
      "provider": "provider[\"registry.terraform.io/hashicorp/azurerm\"]",
      "instances": [
        {
          "schema_version": 0,
          "attributes": {
            "applied_dns_servers": [],
            "dns_servers": [],
            "edge_zone": "",
            "enable_accelerated_networking": false,
            "enable_ip_forwarding": false,
            "id": "/subscriptions/a1f74e2d-ec58-4f9a-a112-088e3469febb/resourceGroups/brief4_QB/providers/Microsoft.Network/networkInterfaces/nic_elasticsrh",
            "internal_dns_name_label": "",
            "internal_domain_name_suffix": "qtcqji0oa1oubgfnxyxzputa0f.cx.internal.cloudapp.net",
            "ip_configuration": [
              {
                "gateway_load_balancer_frontend_ip_configuration_id": "",
                "name": "nic_elastic_config",
                "primary": true,
                "private_ip_address": "10.4.0.4",
                "private_ip_address_allocation": "Dynamic",
                "private_ip_address_version": "IPv4",
                "public_ip_address_id": "/subscriptions/a1f74e2d-ec58-4f9a-a112-088e3469febb/resourceGroups/brief4_QB/providers/Microsoft.Network/publicIPAddresses/ip_elastic",
                "subnet_id": "/subscriptions/a1f74e2d-ec58-4f9a-a112-088e3469febb/resourceGroups/brief4_QB/providers/Microsoft.Network/virtualNetworks/network/subnets/subnet_elastic"
              }
            ],
            "location": "eastus2",
            "mac_address": "60-45-BD-7E-BC-BA",
            "name": "nic_elasticsrh",
            "private_ip_address": "10.4.0.4",
            "private_ip_addresses": [
              "10.4.0.4"
            ],
            "resource_group_name": "brief4_QB",
            "tags": {},
            "timeouts": null,
            "virtual_machine_id": "/subscriptions/a1f74e2d-ec58-4f9a-a112-088e3469febb/resourceGroups/brief4_QB/providers/Microsoft.Compute/virtualMachines/vm_elasticsrh"
          },
          "sensitive_attributes": [],
          "private": "eyJlMmJmYjczMC1lY2FhLTExZTYtOGY4OC0zNDM2M2JjN2M0YzAiOnsiY3JlYXRlIjoxODAwMDAwMDAwMDAwLCJkZWxldGUiOjE4MDAwMDAwMDAwMDAsInJlYWQiOjMwMDAwMDAwMDAwMCwidXBkYXRlIjoxODAwMDAwMDAwMDAwfX0=",
          "dependencies": [
            "azurerm_public_ip.public_ipelastic",
            "azurerm_resource_group.rg",
            "azurerm_subnet.subnet_elastic",
            "azurerm_virtual_network.network"
          ]
        }
      ]
    },
    {
      "mode": "managed",
      "type": "azurerm_network_interface_application_gateway_backend_address_pool_association",
      "name": "poolbackend",
      "provider": "provider[\"registry.terraform.io/hashicorp/azurerm\"]",
      "instances": [
        {
          "schema_version": 0,
          "attributes": {
            "backend_address_pool_id": "/subscriptions/a1f74e2d-ec58-4f9a-a112-088e3469febb/resourceGroups/brief4_QB/providers/Microsoft.Network/applicationGateways/example-appgateway/backendAddressPools/network-beap",
            "id": "/subscriptions/a1f74e2d-ec58-4f9a-a112-088e3469febb/resourceGroups/brief4_QB/providers/Microsoft.Network/networkInterfaces/nic_app/ipConfigurations/nic_app_config|/subscriptions/a1f74e2d-ec58-4f9a-a112-088e3469febb/resourceGroups/brief4_QB/providers/Microsoft.Network/applicationGateways/example-appgateway/backendAddressPools/network-beap",
            "ip_configuration_name": "nic_app_config",
            "network_interface_id": "/subscriptions/a1f74e2d-ec58-4f9a-a112-088e3469febb/resourceGroups/brief4_QB/providers/Microsoft.Network/networkInterfaces/nic_app",
            "timeouts": null
          },
          "sensitive_attributes": [],
          "private": "eyJlMmJmYjczMC1lY2FhLTExZTYtOGY4OC0zNDM2M2JjN2M0YzAiOnsiY3JlYXRlIjoxODAwMDAwMDAwMDAwLCJkZWxldGUiOjE4MDAwMDAwMDAwMDAsInJlYWQiOjMwMDAwMDAwMDAwMCwidXBkYXRlIjoxODAwMDAwMDAwMDAwfX0=",
          "dependencies": [
            "azurerm_application_gateway.network_gateway",
            "azurerm_network_interface.nic_app",
            "azurerm_public_ip.public_ipgateway",
            "azurerm_resource_group.rg",
            "azurerm_subnet.subnet_app",
            "azurerm_subnet.subnet_gateway",
            "azurerm_virtual_network.network"
          ]
        }
      ]
    },
    {
      "mode": "managed",
      "type": "azurerm_network_interface_security_group_association",
      "name": "example",
      "provider": "provider[\"registry.terraform.io/hashicorp/azurerm\"]",
      "instances": [
        {
          "schema_version": 0,
          "attributes": {
            "id": "/subscriptions/a1f74e2d-ec58-4f9a-a112-088e3469febb/resourceGroups/brief4_QB/providers/Microsoft.Network/networkInterfaces/nic_bastion|/subscriptions/a1f74e2d-ec58-4f9a-a112-088e3469febb/resourceGroups/brief4_QB/providers/Microsoft.Network/networkSecurityGroups/myNetworkSecurityGroup",
            "network_interface_id": "/subscriptions/a1f74e2d-ec58-4f9a-a112-088e3469febb/resourceGroups/brief4_QB/providers/Microsoft.Network/networkInterfaces/nic_bastion",
            "network_security_group_id": "/subscriptions/a1f74e2d-ec58-4f9a-a112-088e3469febb/resourceGroups/brief4_QB/providers/Microsoft.Network/networkSecurityGroups/myNetworkSecurityGroup",
            "timeouts": null
          },
          "sensitive_attributes": [],
          "private": "eyJlMmJmYjczMC1lY2FhLTExZTYtOGY4OC0zNDM2M2JjN2M0YzAiOnsiY3JlYXRlIjoxODAwMDAwMDAwMDAwLCJkZWxldGUiOjE4MDAwMDAwMDAwMDAsInJlYWQiOjMwMDAwMDAwMDAwMCwidXBkYXRlIjoxODAwMDAwMDAwMDAwfX0=",
          "dependencies": [
            "azurerm_network_interface.nic_bastion",
            "azurerm_network_security_group.nsg",
            "azurerm_public_ip.public_ipapp",
            "azurerm_resource_group.rg",
            "azurerm_subnet.subnet_bastion",
            "azurerm_virtual_network.network"
          ]
        }
      ]
    },
    {
      "mode": "managed",
      "type": "azurerm_network_security_group",
      "name": "nsg",
      "provider": "provider[\"registry.terraform.io/hashicorp/azurerm\"]",
      "instances": [
        {
          "schema_version": 0,
          "attributes": {
            "id": "/subscriptions/a1f74e2d-ec58-4f9a-a112-088e3469febb/resourceGroups/brief4_QB/providers/Microsoft.Network/networkSecurityGroups/myNetworkSecurityGroup",
            "location": "eastus2",
            "name": "myNetworkSecurityGroup",
            "resource_group_name": "brief4_QB",
            "security_rule": [
              {
                "access": "Allow",
                "description": "",
                "destination_address_prefix": "*",
                "destination_address_prefixes": [],
                "destination_application_security_group_ids": [],
                "destination_port_range": "22",
                "destination_port_ranges": [],
                "direction": "Inbound",
                "name": "SSH",
                "priority": 1001,
                "protocol": "Tcp",
                "source_address_prefix": "*",
                "source_address_prefixes": [],
                "source_application_security_group_ids": [],
                "source_port_range": "*",
                "source_port_ranges": []
              }
            ],
            "tags": {},
            "timeouts": null
          },
          "sensitive_attributes": [],
          "private": "eyJlMmJmYjczMC1lY2FhLTExZTYtOGY4OC0zNDM2M2JjN2M0YzAiOnsiY3JlYXRlIjoxODAwMDAwMDAwMDAwLCJkZWxldGUiOjE4MDAwMDAwMDAwMDAsInJlYWQiOjMwMDAwMDAwMDAwMCwidXBkYXRlIjoxODAwMDAwMDAwMDAwfX0=",
          "dependencies": [
            "azurerm_resource_group.rg"
          ]
        }
      ]
    },
    {
      "mode": "managed",
      "type": "azurerm_private_endpoint",
      "name": "private_bdd",
      "provider": "provider[\"registry.terraform.io/hashicorp/azurerm\"]",
      "instances": [
        {
          "schema_version": 0,
          "attributes": {
            "custom_dns_configs": [
              {
                "fqdn": "magento-mariadb-server.mariadb.database.azure.com",
                "ip_addresses": [
                  "10.3.0.4"
                ]
              }
            ],
            "id": "/subscriptions/a1f74e2d-ec58-4f9a-a112-088e3469febb/resourceGroups/brief4_QB/providers/Microsoft.Network/privateEndpoints/private_bdd",
            "location": "eastus2",
            "name": "private_bdd",
            "network_interface": [
              {
                "id": "/subscriptions/a1f74e2d-ec58-4f9a-a112-088e3469febb/resourceGroups/brief4_QB/providers/Microsoft.Network/networkInterfaces/private_bdd.nic.f9acbdb1-7633-47ed-ac01-63a2698c4f12",
                "name": "private_bdd.nic.f9acbdb1-7633-47ed-ac01-63a2698c4f12"
              }
            ],
            "private_dns_zone_configs": [],
            "private_dns_zone_group": [],
            "private_service_connection": [
              {
                "is_manual_connection": false,
                "name": "private_service_bdd",
                "private_connection_resource_alias": "",
                "private_connection_resource_id": "/subscriptions/a1f74e2d-ec58-4f9a-a112-088e3469febb/resourceGroups/brief4_QB/providers/Microsoft.DBforMariaDB/servers/magento-mariadb-server",
                "private_ip_address": "10.3.0.4",
                "request_message": "",
                "subresource_names": [
                  "mariadbServer"
                ]
              }
            ],
            "resource_group_name": "brief4_QB",
            "subnet_id": "/subscriptions/a1f74e2d-ec58-4f9a-a112-088e3469febb/resourceGroups/brief4_QB/providers/Microsoft.Network/virtualNetworks/network/subnets/subnet_bdd",
            "tags": {},
            "timeouts": null
          },
          "sensitive_attributes": [],
          "private": "eyJlMmJmYjczMC1lY2FhLTExZTYtOGY4OC0zNDM2M2JjN2M0YzAiOnsiY3JlYXRlIjozNjAwMDAwMDAwMDAwLCJkZWxldGUiOjM2MDAwMDAwMDAwMDAsInJlYWQiOjMwMDAwMDAwMDAwMCwidXBkYXRlIjozNjAwMDAwMDAwMDAwfX0=",
          "dependencies": [
            "azurerm_mariadb_server.server_magento",
            "azurerm_resource_group.rg",
            "azurerm_subnet.subnet_bdd",
            "azurerm_virtual_network.network"
          ]
        }
      ]
    },
    {
      "mode": "managed",
      "type": "azurerm_public_ip",
      "name": "public_ipapp",
      "provider": "provider[\"registry.terraform.io/hashicorp/azurerm\"]",
      "instances": [
        {
          "schema_version": 0,
          "attributes": {
            "allocation_method": "Static",
            "domain_name_label": null,
            "edge_zone": "",
            "fqdn": null,
            "id": "/subscriptions/a1f74e2d-ec58-4f9a-a112-088e3469febb/resourceGroups/brief4_QB/providers/Microsoft.Network/publicIPAddresses/ip_app",
            "idle_timeout_in_minutes": 4,
            "ip_address": "20.7.20.118",
            "ip_tags": {},
            "ip_version": "IPv4",
            "location": "eastus2",
            "name": "ip_app",
            "public_ip_prefix_id": null,
            "resource_group_name": "brief4_QB",
            "reverse_fqdn": null,
            "sku": "Basic",
            "sku_tier": "Regional",
            "tags": {},
            "timeouts": null,
            "zones": []
          },
          "sensitive_attributes": [],
          "private": "eyJlMmJmYjczMC1lY2FhLTExZTYtOGY4OC0zNDM2M2JjN2M0YzAiOnsiY3JlYXRlIjoxODAwMDAwMDAwMDAwLCJkZWxldGUiOjE4MDAwMDAwMDAwMDAsInJlYWQiOjMwMDAwMDAwMDAwMCwidXBkYXRlIjoxODAwMDAwMDAwMDAwfX0=",
          "dependencies": [
            "azurerm_resource_group.rg"
          ]
        }
      ]
    },
    {
      "mode": "managed",
      "type": "azurerm_public_ip",
      "name": "public_ipelastic",
      "provider": "provider[\"registry.terraform.io/hashicorp/azurerm\"]",
      "instances": [
        {
          "schema_version": 0,
          "attributes": {
            "allocation_method": "Dynamic",
            "domain_name_label": null,
            "edge_zone": "",
            "fqdn": null,
            "id": "/subscriptions/a1f74e2d-ec58-4f9a-a112-088e3469febb/resourceGroups/brief4_QB/providers/Microsoft.Network/publicIPAddresses/ip_elastic",
            "idle_timeout_in_minutes": 4,
            "ip_address": "20.1.153.0",
            "ip_tags": {},
            "ip_version": "IPv4",
            "location": "eastus2",
            "name": "ip_elastic",
            "public_ip_prefix_id": null,
            "resource_group_name": "brief4_QB",
            "reverse_fqdn": null,
            "sku": "Basic",
            "sku_tier": "Regional",
            "tags": {},
            "timeouts": null,
            "zones": []
          },
          "sensitive_attributes": [],
          "private": "eyJlMmJmYjczMC1lY2FhLTExZTYtOGY4OC0zNDM2M2JjN2M0YzAiOnsiY3JlYXRlIjoxODAwMDAwMDAwMDAwLCJkZWxldGUiOjE4MDAwMDAwMDAwMDAsInJlYWQiOjMwMDAwMDAwMDAwMCwidXBkYXRlIjoxODAwMDAwMDAwMDAwfX0=",
          "dependencies": [
            "azurerm_resource_group.rg"
          ]
        }
      ]
    },
    {
      "mode": "managed",
      "type": "azurerm_public_ip",
      "name": "public_ipgateway",
      "provider": "provider[\"registry.terraform.io/hashicorp/azurerm\"]",
      "instances": [
        {
          "schema_version": 0,
          "attributes": {
            "allocation_method": "Static",
            "domain_name_label": null,
            "edge_zone": "",
            "fqdn": null,
            "id": "/subscriptions/a1f74e2d-ec58-4f9a-a112-088e3469febb/resourceGroups/brief4_QB/providers/Microsoft.Network/publicIPAddresses/ip_gateway",
            "idle_timeout_in_minutes": 4,
            "ip_address": "20.230.0.117",
            "ip_tags": {},
            "ip_version": "IPv4",
            "location": "eastus2",
            "name": "ip_gateway",
            "public_ip_prefix_id": null,
            "resource_group_name": "brief4_QB",
            "reverse_fqdn": null,
            "sku": "Standard",
            "sku_tier": "Regional",
            "tags": {},
            "timeouts": null,
            "zones": []
          },
          "sensitive_attributes": [],
          "private": "eyJlMmJmYjczMC1lY2FhLTExZTYtOGY4OC0zNDM2M2JjN2M0YzAiOnsiY3JlYXRlIjoxODAwMDAwMDAwMDAwLCJkZWxldGUiOjE4MDAwMDAwMDAwMDAsInJlYWQiOjMwMDAwMDAwMDAwMCwidXBkYXRlIjoxODAwMDAwMDAwMDAwfX0=",
          "dependencies": [
            "azurerm_resource_group.rg"
          ]
        }
      ]
    },
    {
      "mode": "managed",
      "type": "azurerm_resource_group",
      "name": "rg",
      "provider": "provider[\"registry.terraform.io/hashicorp/azurerm\"]",
      "instances": [
        {
          "schema_version": 0,
          "attributes": {
            "id": "/subscriptions/a1f74e2d-ec58-4f9a-a112-088e3469febb/resourceGroups/brief4_QB",
            "location": "eastus2",
            "name": "brief4_QB",
            "tags": {},
            "timeouts": null
          },
          "sensitive_attributes": [],
          "private": "eyJlMmJmYjczMC1lY2FhLTExZTYtOGY4OC0zNDM2M2JjN2M0YzAiOnsiY3JlYXRlIjo1NDAwMDAwMDAwMDAwLCJkZWxldGUiOjU0MDAwMDAwMDAwMDAsInJlYWQiOjMwMDAwMDAwMDAwMCwidXBkYXRlIjo1NDAwMDAwMDAwMDAwfX0="
        }
      ]
    },
    {
      "mode": "managed",
      "type": "azurerm_ssh_public_key",
      "name": "ssh_nomad",
      "provider": "provider[\"registry.terraform.io/hashicorp/azurerm\"]",
      "instances": [
        {
          "schema_version": 0,
          "attributes": {
            "id": "/subscriptions/a1f74e2d-ec58-4f9a-a112-088e3469febb/resourceGroups/brief4_QB/providers/Microsoft.Compute/sshPublicKeys/ssh_key_nomad",
            "location": "eastus2",
            "name": "ssh_key_nomad",
            "public_key": "ssh-rsa AAAAB3NzaC1yc2EAAAADAQABAAABgQDAXuIAe8DVtQ+qHpbTnCMn5iP1u7WQEOLDE76PTRZ0lYc0TrWJvH+zWzpEbTK/fwzx5sw7yAlBnuR83cAOtm6y8Gk5yktOogsk71VnJ9cXKV7QWtX5o/nysqhliBWAW2jQmEMLHBf4DOFXcKpCdl0OBOtrPct976tnFXhM5n5WF0wrQ4dVikfWe57yg0BX+G+ZbNl7iDCHS8cAGEI2S0ziGOLjl0qJq+9jjCaj2bdVb5vtbz/ghplWtNKQvirxvfOC5H3XbX7aeH2sAlogeYbPs8DmFuz5Smq/+FLBZzqV7JhPMxBCpVFm6r+EzZDgiS2WB96Q3Jh0ItPz7wwJtgpLmSWeaBmWyPGAOh9MBal2RXgDIZ26EPOQTc9WX1377SaEMFSXgwq3e0mtFl5TYG+hzjujY9ik6nfjyLy1yNaPB7hq0z0cCijeJf0Nlm092Ukb1IJOndiS9LSZXjFJT+LRNz7hqyK/oj8nH4K2nx4DMH+Fj4JypSdsqmIk7aXLdYE= nomad@device",
            "resource_group_name": "brief4_QB",
            "tags": {},
            "timeouts": null
          },
          "sensitive_attributes": [],
          "private": "eyJlMmJmYjczMC1lY2FhLTExZTYtOGY4OC0zNDM2M2JjN2M0YzAiOnsiY3JlYXRlIjoyNzAwMDAwMDAwMDAwLCJkZWxldGUiOjI3MDAwMDAwMDAwMDAsInJlYWQiOjMwMDAwMDAwMDAwMCwidXBkYXRlIjoyNzAwMDAwMDAwMDAwfX0=",
          "dependencies": [
            "azurerm_resource_group.rg"
          ]
        }
      ]
    },
    {
      "mode": "managed",
      "type": "azurerm_storage_account",
      "name": "magento-storage",
      "provider": "provider[\"registry.terraform.io/hashicorp/azurerm\"]",
      "instances": [
        {
          "schema_version": 3,
          "attributes": {
            "access_tier": "Hot",
            "account_kind": "StorageV2",
            "account_replication_type": "LRS",
            "account_tier": "Standard",
            "allow_nested_items_to_be_public": true,
            "azure_files_authentication": [],
            "blob_properties": [
              {
                "change_feed_enabled": false,
                "change_feed_retention_in_days": 0,
                "container_delete_retention_policy": [],
                "cors_rule": [],
                "default_service_version": "",
                "delete_retention_policy": [],
                "last_access_time_enabled": false,
                "versioning_enabled": false
              }
            ],
            "cross_tenant_replication_enabled": true,
            "custom_domain": [],
            "customer_managed_key": [],
            "default_to_oauth_authentication": false,
            "edge_zone": "",
            "enable_https_traffic_only": false,
            "id": "/subscriptions/a1f74e2d-ec58-4f9a-a112-088e3469febb/resourceGroups/brief4_QB/providers/Microsoft.Storage/storageAccounts/magentostoragequentin",
            "identity": [],
            "infrastructure_encryption_enabled": false,
            "is_hns_enabled": true,
            "large_file_share_enabled": null,
            "location": "eastus2",
            "min_tls_version": "TLS1_2",
            "name": "magentostoragequentin",
            "network_rules": [
              {
                "bypass": [
                  "AzureServices"
                ],
                "default_action": "Deny",
                "ip_rules": [],
                "private_link_access": [],
                "virtual_network_subnet_ids": [
                  "/subscriptions/a1f74e2d-ec58-4f9a-a112-088e3469febb/resourceGroups/brief4_QB/providers/Microsoft.Network/virtualNetworks/network/subnets/subnet_bdd"
                ]
              }
            ],
            "nfsv3_enabled": true,
            "primary_access_key": "9spl7oGoJpKydhF3qRm/KUbcesEGiSDxJ53ehIbWkFkTi3LzQOvbJZK/ZWPRgC5LGMdZemBNS8TV+AStWSQYZg==",
            "primary_blob_connection_string": "DefaultEndpointsProtocol=https;BlobEndpoint=https://magentostoragequentin.blob.core.windows.net/;AccountName=magentostoragequentin;AccountKey=9spl7oGoJpKydhF3qRm/KUbcesEGiSDxJ53ehIbWkFkTi3LzQOvbJZK/ZWPRgC5LGMdZemBNS8TV+AStWSQYZg==",
            "primary_blob_endpoint": "https://magentostoragequentin.blob.core.windows.net/",
            "primary_blob_host": "magentostoragequentin.blob.core.windows.net",
            "primary_connection_string": "DefaultEndpointsProtocol=https;AccountName=magentostoragequentin;AccountKey=9spl7oGoJpKydhF3qRm/KUbcesEGiSDxJ53ehIbWkFkTi3LzQOvbJZK/ZWPRgC5LGMdZemBNS8TV+AStWSQYZg==;EndpointSuffix=core.windows.net",
            "primary_dfs_endpoint": "https://magentostoragequentin.dfs.core.windows.net/",
            "primary_dfs_host": "magentostoragequentin.dfs.core.windows.net",
            "primary_file_endpoint": "https://magentostoragequentin.file.core.windows.net/",
            "primary_file_host": "magentostoragequentin.file.core.windows.net",
            "primary_location": "eastus2",
            "primary_queue_endpoint": "https://magentostoragequentin.queue.core.windows.net/",
            "primary_queue_host": "magentostoragequentin.queue.core.windows.net",
            "primary_table_endpoint": "https://magentostoragequentin.table.core.windows.net/",
            "primary_table_host": "magentostoragequentin.table.core.windows.net",
            "primary_web_endpoint": "https://magentostoragequentin.z20.web.core.windows.net/",
            "primary_web_host": "magentostoragequentin.z20.web.core.windows.net",
            "queue_encryption_key_type": "Service",
            "queue_properties": [
              {
                "cors_rule": [],
                "hour_metrics": [
                  {
                    "enabled": true,
                    "include_apis": true,
                    "retention_policy_days": 7,
                    "version": "1.0"
                  }
                ],
                "logging": [
                  {
                    "delete": false,
                    "read": false,
                    "retention_policy_days": 0,
                    "version": "1.0",
                    "write": false
                  }
                ],
                "minute_metrics": [
                  {
                    "enabled": false,
                    "include_apis": false,
                    "retention_policy_days": 0,
                    "version": "1.0"
                  }
                ]
              }
            ],
            "resource_group_name": "brief4_QB",
            "routing": [],
            "secondary_access_key": "7MVDMwB5Xa3hpWk2x+PogxnU3v7DCTWqcsXovwXWMkzGmemrDirbW+05ZYz40LVHl8YGCXG9xtTx+AStVwR2bQ==",
            "secondary_blob_connection_string": "",
            "secondary_blob_endpoint": null,
            "secondary_blob_host": null,
            "secondary_connection_string": "DefaultEndpointsProtocol=https;AccountName=magentostoragequentin;AccountKey=7MVDMwB5Xa3hpWk2x+PogxnU3v7DCTWqcsXovwXWMkzGmemrDirbW+05ZYz40LVHl8YGCXG9xtTx+AStVwR2bQ==;EndpointSuffix=core.windows.net",
            "secondary_dfs_endpoint": null,
            "secondary_dfs_host": null,
            "secondary_file_endpoint": null,
            "secondary_file_host": null,
            "secondary_location": "",
            "secondary_queue_endpoint": null,
            "secondary_queue_host": null,
            "secondary_table_endpoint": null,
            "secondary_table_host": null,
            "secondary_web_endpoint": null,
            "secondary_web_host": null,
            "share_properties": [
              {
                "cors_rule": [],
                "retention_policy": [
                  {
                    "days": 7
                  }
                ],
                "smb": []
              }
            ],
            "shared_access_key_enabled": true,
            "static_website": [],
            "table_encryption_key_type": "Service",
            "tags": {},
            "timeouts": null
          },
          "sensitive_attributes": [],
          "private": "eyJlMmJmYjczMC1lY2FhLTExZTYtOGY4OC0zNDM2M2JjN2M0YzAiOnsiY3JlYXRlIjozNjAwMDAwMDAwMDAwLCJkZWxldGUiOjM2MDAwMDAwMDAwMDAsInJlYWQiOjMwMDAwMDAwMDAwMCwidXBkYXRlIjozNjAwMDAwMDAwMDAwfSwic2NoZW1hX3ZlcnNpb24iOiIzIn0=",
          "dependencies": [
            "azurerm_resource_group.rg",
            "azurerm_subnet.subnet_bdd",
            "azurerm_virtual_network.network"
          ]
        }
      ]
    },
    {
      "mode": "managed",
      "type": "azurerm_storage_account",
      "name": "mystorageaccount",
      "provider": "provider[\"registry.terraform.io/hashicorp/azurerm\"]",
      "instances": [
        {
          "schema_version": 3,
          "attributes": {
            "access_tier": "Hot",
            "account_kind": "StorageV2",
            "account_replication_type": "LRS",
            "account_tier": "Standard",
            "allow_nested_items_to_be_public": true,
            "azure_files_authentication": [],
            "blob_properties": [
              {
                "change_feed_enabled": false,
                "change_feed_retention_in_days": 0,
                "container_delete_retention_policy": [],
                "cors_rule": [],
                "default_service_version": "",
                "delete_retention_policy": [],
                "last_access_time_enabled": false,
                "versioning_enabled": false
              }
            ],
            "cross_tenant_replication_enabled": true,
            "custom_domain": [],
            "customer_managed_key": [],
            "default_to_oauth_authentication": false,
            "edge_zone": "",
            "enable_https_traffic_only": true,
            "id": "/subscriptions/a1f74e2d-ec58-4f9a-a112-088e3469febb/resourceGroups/brief4_QB/providers/Microsoft.Storage/storageAccounts/diag4db7fe5935e281ab",
            "identity": [],
            "infrastructure_encryption_enabled": false,
            "is_hns_enabled": false,
            "large_file_share_enabled": null,
            "location": "eastus2",
            "min_tls_version": "TLS1_2",
            "name": "diag4db7fe5935e281ab",
            "network_rules": [
              {
                "bypass": [
                  "AzureServices"
                ],
                "default_action": "Allow",
                "ip_rules": [],
                "private_link_access": [],
                "virtual_network_subnet_ids": []
              }
            ],
            "nfsv3_enabled": false,
            "primary_access_key": "0T9owpXXPyfzmFuc8LpelzxoMFMnAvBiMerDa5XQEIJhNuezWT0C8hmJcYKLmxoUXCHsmfDCOcm4+ASt9KAc0g==",
            "primary_blob_connection_string": "DefaultEndpointsProtocol=https;BlobEndpoint=https://diag4db7fe5935e281ab.blob.core.windows.net/;AccountName=diag4db7fe5935e281ab;AccountKey=0T9owpXXPyfzmFuc8LpelzxoMFMnAvBiMerDa5XQEIJhNuezWT0C8hmJcYKLmxoUXCHsmfDCOcm4+ASt9KAc0g==",
            "primary_blob_endpoint": "https://diag4db7fe5935e281ab.blob.core.windows.net/",
            "primary_blob_host": "diag4db7fe5935e281ab.blob.core.windows.net",
            "primary_connection_string": "DefaultEndpointsProtocol=https;AccountName=diag4db7fe5935e281ab;AccountKey=0T9owpXXPyfzmFuc8LpelzxoMFMnAvBiMerDa5XQEIJhNuezWT0C8hmJcYKLmxoUXCHsmfDCOcm4+ASt9KAc0g==;EndpointSuffix=core.windows.net",
            "primary_dfs_endpoint": "https://diag4db7fe5935e281ab.dfs.core.windows.net/",
            "primary_dfs_host": "diag4db7fe5935e281ab.dfs.core.windows.net",
            "primary_file_endpoint": "https://diag4db7fe5935e281ab.file.core.windows.net/",
            "primary_file_host": "diag4db7fe5935e281ab.file.core.windows.net",
            "primary_location": "eastus2",
            "primary_queue_endpoint": "https://diag4db7fe5935e281ab.queue.core.windows.net/",
            "primary_queue_host": "diag4db7fe5935e281ab.queue.core.windows.net",
            "primary_table_endpoint": "https://diag4db7fe5935e281ab.table.core.windows.net/",
            "primary_table_host": "diag4db7fe5935e281ab.table.core.windows.net",
            "primary_web_endpoint": "https://diag4db7fe5935e281ab.z20.web.core.windows.net/",
            "primary_web_host": "diag4db7fe5935e281ab.z20.web.core.windows.net",
            "queue_encryption_key_type": "Service",
            "queue_properties": [
              {
                "cors_rule": [],
                "hour_metrics": [
                  {
                    "enabled": true,
                    "include_apis": true,
                    "retention_policy_days": 7,
                    "version": "1.0"
                  }
                ],
                "logging": [
                  {
                    "delete": false,
                    "read": false,
                    "retention_policy_days": 0,
                    "version": "1.0",
                    "write": false
                  }
                ],
                "minute_metrics": [
                  {
                    "enabled": false,
                    "include_apis": false,
                    "retention_policy_days": 0,
                    "version": "1.0"
                  }
                ]
              }
            ],
            "resource_group_name": "brief4_QB",
            "routing": [],
            "secondary_access_key": "vs+xIfLwF+PP9gCafuF75zO/uDskOxEP0oUKV7/QcawhMeObiJca2lHf+NXZYS7TSNl5d+dDeWSu+AStQctGVQ==",
            "secondary_blob_connection_string": "",
            "secondary_blob_endpoint": null,
            "secondary_blob_host": null,
            "secondary_connection_string": "DefaultEndpointsProtocol=https;AccountName=diag4db7fe5935e281ab;AccountKey=vs+xIfLwF+PP9gCafuF75zO/uDskOxEP0oUKV7/QcawhMeObiJca2lHf+NXZYS7TSNl5d+dDeWSu+AStQctGVQ==;EndpointSuffix=core.windows.net",
            "secondary_dfs_endpoint": null,
            "secondary_dfs_host": null,
            "secondary_file_endpoint": null,
            "secondary_file_host": null,
            "secondary_location": "",
            "secondary_queue_endpoint": null,
            "secondary_queue_host": null,
            "secondary_table_endpoint": null,
            "secondary_table_host": null,
            "secondary_web_endpoint": null,
            "secondary_web_host": null,
            "share_properties": [
              {
                "cors_rule": [],
                "retention_policy": [
                  {
                    "days": 7
                  }
                ],
                "smb": []
              }
            ],
            "shared_access_key_enabled": true,
            "static_website": [],
            "table_encryption_key_type": "Service",
            "tags": {},
            "timeouts": null
          },
          "sensitive_attributes": [],
          "private": "eyJlMmJmYjczMC1lY2FhLTExZTYtOGY4OC0zNDM2M2JjN2M0YzAiOnsiY3JlYXRlIjozNjAwMDAwMDAwMDAwLCJkZWxldGUiOjM2MDAwMDAwMDAwMDAsInJlYWQiOjMwMDAwMDAwMDAwMCwidXBkYXRlIjozNjAwMDAwMDAwMDAwfSwic2NoZW1hX3ZlcnNpb24iOiIzIn0=",
          "dependencies": [
            "azurerm_resource_group.rg",
            "random_id.randomId"
          ]
        }
      ]
    },
    {
      "mode": "managed",
      "type": "azurerm_subnet",
      "name": "subnet_app",
      "provider": "provider[\"registry.terraform.io/hashicorp/azurerm\"]",
      "instances": [
        {
          "schema_version": 0,
          "attributes": {
            "address_prefixes": [
              "10.2.0.0/16"
            ],
            "delegation": [],
            "enforce_private_link_endpoint_network_policies": false,
            "enforce_private_link_service_network_policies": false,
            "id": "/subscriptions/a1f74e2d-ec58-4f9a-a112-088e3469febb/resourceGroups/brief4_QB/providers/Microsoft.Network/virtualNetworks/network/subnets/subnet_app",
            "name": "subnet_app",
            "private_endpoint_network_policies_enabled": true,
            "private_link_service_network_policies_enabled": true,
            "resource_group_name": "brief4_QB",
            "service_endpoint_policy_ids": [],
            "service_endpoints": [],
            "timeouts": null,
            "virtual_network_name": "network"
          },
          "sensitive_attributes": [],
          "private": "eyJlMmJmYjczMC1lY2FhLTExZTYtOGY4OC0zNDM2M2JjN2M0YzAiOnsiY3JlYXRlIjoxODAwMDAwMDAwMDAwLCJkZWxldGUiOjE4MDAwMDAwMDAwMDAsInJlYWQiOjMwMDAwMDAwMDAwMCwidXBkYXRlIjoxODAwMDAwMDAwMDAwfX0=",
          "dependencies": [
            "azurerm_resource_group.rg",
            "azurerm_virtual_network.network"
          ]
        }
      ]
    },
    {
      "mode": "managed",
      "type": "azurerm_subnet",
      "name": "subnet_bastion",
      "provider": "provider[\"registry.terraform.io/hashicorp/azurerm\"]",
      "instances": [
        {
          "schema_version": 0,
          "attributes": {
            "address_prefixes": [
              "10.6.0.0/16"
            ],
            "delegation": [],
            "enforce_private_link_endpoint_network_policies": false,
            "enforce_private_link_service_network_policies": false,
            "id": "/subscriptions/a1f74e2d-ec58-4f9a-a112-088e3469febb/resourceGroups/brief4_QB/providers/Microsoft.Network/virtualNetworks/network/subnets/subnet_bastion",
            "name": "subnet_bastion",
            "private_endpoint_network_policies_enabled": true,
            "private_link_service_network_policies_enabled": true,
            "resource_group_name": "brief4_QB",
            "service_endpoint_policy_ids": [],
            "service_endpoints": [],
            "timeouts": null,
            "virtual_network_name": "network"
          },
          "sensitive_attributes": [],
          "private": "eyJlMmJmYjczMC1lY2FhLTExZTYtOGY4OC0zNDM2M2JjN2M0YzAiOnsiY3JlYXRlIjoxODAwMDAwMDAwMDAwLCJkZWxldGUiOjE4MDAwMDAwMDAwMDAsInJlYWQiOjMwMDAwMDAwMDAwMCwidXBkYXRlIjoxODAwMDAwMDAwMDAwfX0=",
          "dependencies": [
            "azurerm_resource_group.rg",
            "azurerm_virtual_network.network"
          ]
        }
      ]
    },
    {
      "mode": "managed",
      "type": "azurerm_subnet",
      "name": "subnet_bastion_app",
      "provider": "provider[\"registry.terraform.io/hashicorp/azurerm\"]",
      "instances": [
        {
          "schema_version": 0,
          "attributes": {
            "address_prefixes": [
              "10.7.0.0/16"
            ],
            "delegation": [],
            "enforce_private_link_endpoint_network_policies": false,
            "enforce_private_link_service_network_policies": false,
            "id": "/subscriptions/a1f74e2d-ec58-4f9a-a112-088e3469febb/resourceGroups/brief4_QB/providers/Microsoft.Network/virtualNetworks/network/subnets/subnet_bastion_app",
            "name": "subnet_bastion_app",
            "private_endpoint_network_policies_enabled": true,
            "private_link_service_network_policies_enabled": true,
            "resource_group_name": "brief4_QB",
            "service_endpoint_policy_ids": [],
            "service_endpoints": [],
            "timeouts": null,
            "virtual_network_name": "network"
          },
          "sensitive_attributes": [],
          "private": "eyJlMmJmYjczMC1lY2FhLTExZTYtOGY4OC0zNDM2M2JjN2M0YzAiOnsiY3JlYXRlIjoxODAwMDAwMDAwMDAwLCJkZWxldGUiOjE4MDAwMDAwMDAwMDAsInJlYWQiOjMwMDAwMDAwMDAwMCwidXBkYXRlIjoxODAwMDAwMDAwMDAwfX0=",
          "dependencies": [
            "azurerm_resource_group.rg",
            "azurerm_virtual_network.network"
          ]
        }
      ]
    },
    {
      "mode": "managed",
      "type": "azurerm_subnet",
      "name": "subnet_bdd",
      "provider": "provider[\"registry.terraform.io/hashicorp/azurerm\"]",
      "instances": [
        {
          "schema_version": 0,
          "attributes": {
            "address_prefixes": [
              "10.3.0.0/16"
            ],
            "delegation": [],
            "enforce_private_link_endpoint_network_policies": false,
            "enforce_private_link_service_network_policies": false,
            "id": "/subscriptions/a1f74e2d-ec58-4f9a-a112-088e3469febb/resourceGroups/brief4_QB/providers/Microsoft.Network/virtualNetworks/network/subnets/subnet_bdd",
            "name": "subnet_bdd",
            "private_endpoint_network_policies_enabled": true,
            "private_link_service_network_policies_enabled": true,
            "resource_group_name": "brief4_QB",
            "service_endpoint_policy_ids": [],
            "service_endpoints": [],
            "timeouts": null,
            "virtual_network_name": "network"
          },
          "sensitive_attributes": [],
          "private": "eyJlMmJmYjczMC1lY2FhLTExZTYtOGY4OC0zNDM2M2JjN2M0YzAiOnsiY3JlYXRlIjoxODAwMDAwMDAwMDAwLCJkZWxldGUiOjE4MDAwMDAwMDAwMDAsInJlYWQiOjMwMDAwMDAwMDAwMCwidXBkYXRlIjoxODAwMDAwMDAwMDAwfX0=",
          "dependencies": [
            "azurerm_resource_group.rg",
            "azurerm_virtual_network.network"
          ]
        }
      ]
    },
    {
      "mode": "managed",
      "type": "azurerm_subnet",
      "name": "subnet_elastic",
      "provider": "provider[\"registry.terraform.io/hashicorp/azurerm\"]",
      "instances": [
        {
          "schema_version": 0,
          "attributes": {
            "address_prefixes": [
              "10.4.0.0/16"
            ],
            "delegation": [],
            "enforce_private_link_endpoint_network_policies": false,
            "enforce_private_link_service_network_policies": false,
            "id": "/subscriptions/a1f74e2d-ec58-4f9a-a112-088e3469febb/resourceGroups/brief4_QB/providers/Microsoft.Network/virtualNetworks/network/subnets/subnet_elastic",
            "name": "subnet_elastic",
            "private_endpoint_network_policies_enabled": true,
            "private_link_service_network_policies_enabled": true,
            "resource_group_name": "brief4_QB",
            "service_endpoint_policy_ids": [],
            "service_endpoints": [],
            "timeouts": null,
            "virtual_network_name": "network"
          },
          "sensitive_attributes": [],
          "private": "eyJlMmJmYjczMC1lY2FhLTExZTYtOGY4OC0zNDM2M2JjN2M0YzAiOnsiY3JlYXRlIjoxODAwMDAwMDAwMDAwLCJkZWxldGUiOjE4MDAwMDAwMDAwMDAsInJlYWQiOjMwMDAwMDAwMDAwMCwidXBkYXRlIjoxODAwMDAwMDAwMDAwfX0=",
          "dependencies": [
            "azurerm_resource_group.rg",
            "azurerm_virtual_network.network"
          ]
        }
      ]
    },
    {
      "mode": "managed",
      "type": "azurerm_subnet",
      "name": "subnet_gateway",
      "provider": "provider[\"registry.terraform.io/hashicorp/azurerm\"]",
      "instances": [
        {
          "schema_version": 0,
          "attributes": {
            "address_prefixes": [
              "10.1.0.0/16"
            ],
            "delegation": [],
            "enforce_private_link_endpoint_network_policies": false,
            "enforce_private_link_service_network_policies": false,
            "id": "/subscriptions/a1f74e2d-ec58-4f9a-a112-088e3469febb/resourceGroups/brief4_QB/providers/Microsoft.Network/virtualNetworks/network/subnets/subnet_gateway",
            "name": "subnet_gateway",
            "private_endpoint_network_policies_enabled": true,
            "private_link_service_network_policies_enabled": true,
            "resource_group_name": "brief4_QB",
            "service_endpoint_policy_ids": [],
            "service_endpoints": [],
            "timeouts": null,
            "virtual_network_name": "network"
          },
          "sensitive_attributes": [],
          "private": "eyJlMmJmYjczMC1lY2FhLTExZTYtOGY4OC0zNDM2M2JjN2M0YzAiOnsiY3JlYXRlIjoxODAwMDAwMDAwMDAwLCJkZWxldGUiOjE4MDAwMDAwMDAwMDAsInJlYWQiOjMwMDAwMDAwMDAwMCwidXBkYXRlIjoxODAwMDAwMDAwMDAwfX0=",
          "dependencies": [
            "azurerm_resource_group.rg",
            "azurerm_virtual_network.network"
          ]
        }
      ]
    },
    {
      "mode": "managed",
      "type": "azurerm_virtual_network",
      "name": "network",
      "provider": "provider[\"registry.terraform.io/hashicorp/azurerm\"]",
      "instances": [
        {
          "schema_version": 0,
          "attributes": {
            "address_space": [
              "10.0.0.0/8"
            ],
            "bgp_community": "",
            "ddos_protection_plan": [],
            "dns_servers": [],
            "edge_zone": "",
            "flow_timeout_in_minutes": 0,
            "guid": "a304c584-064e-40dd-98ad-be2f97d260d5",
            "id": "/subscriptions/a1f74e2d-ec58-4f9a-a112-088e3469febb/resourceGroups/brief4_QB/providers/Microsoft.Network/virtualNetworks/network",
            "location": "eastus2",
            "name": "network",
            "resource_group_name": "brief4_QB",
            "subnet": [
              {
                "address_prefix": "10.1.0.0/16",
                "id": "/subscriptions/a1f74e2d-ec58-4f9a-a112-088e3469febb/resourceGroups/brief4_QB/providers/Microsoft.Network/virtualNetworks/network/subnets/subnet_gateway",
                "name": "subnet_gateway",
                "security_group": ""
              },
              {
                "address_prefix": "10.2.0.0/16",
                "id": "/subscriptions/a1f74e2d-ec58-4f9a-a112-088e3469febb/resourceGroups/brief4_QB/providers/Microsoft.Network/virtualNetworks/network/subnets/subnet_app",
                "name": "subnet_app",
                "security_group": ""
              },
              {
                "address_prefix": "10.3.0.0/16",
                "id": "/subscriptions/a1f74e2d-ec58-4f9a-a112-088e3469febb/resourceGroups/brief4_QB/providers/Microsoft.Network/virtualNetworks/network/subnets/subnet_bdd",
                "name": "subnet_bdd",
                "security_group": ""
              },
              {
                "address_prefix": "10.4.0.0/16",
                "id": "/subscriptions/a1f74e2d-ec58-4f9a-a112-088e3469febb/resourceGroups/brief4_QB/providers/Microsoft.Network/virtualNetworks/network/subnets/subnet_elastic",
                "name": "subnet_elastic",
                "security_group": ""
              },
              {
                "address_prefix": "10.6.0.0/16",
                "id": "/subscriptions/a1f74e2d-ec58-4f9a-a112-088e3469febb/resourceGroups/brief4_QB/providers/Microsoft.Network/virtualNetworks/network/subnets/subnet_bastion",
                "name": "subnet_bastion",
                "security_group": ""
              },
              {
                "address_prefix": "10.7.0.0/16",
                "id": "/subscriptions/a1f74e2d-ec58-4f9a-a112-088e3469febb/resourceGroups/brief4_QB/providers/Microsoft.Network/virtualNetworks/network/subnets/subnet_bastion_app",
                "name": "subnet_bastion_app",
                "security_group": ""
              }
            ],
            "tags": {},
            "timeouts": null
          },
          "sensitive_attributes": [],
          "private": "eyJlMmJmYjczMC1lY2FhLTExZTYtOGY4OC0zNDM2M2JjN2M0YzAiOnsiY3JlYXRlIjoxODAwMDAwMDAwMDAwLCJkZWxldGUiOjE4MDAwMDAwMDAwMDAsInJlYWQiOjMwMDAwMDAwMDAwMCwidXBkYXRlIjoxODAwMDAwMDAwMDAwfX0=",
          "dependencies": [
            "azurerm_resource_group.rg"
          ]
        }
      ]
    },
    {
      "mode": "managed",
      "type": "random_id",
      "name": "randomId",
      "provider": "provider[\"registry.terraform.io/hashicorp/random\"]",
      "instances": [
        {
          "schema_version": 0,
          "attributes": {
            "b64_std": "Tbf+WTXigas=",
            "b64_url": "Tbf-WTXigas",
            "byte_length": 8,
            "dec": "5600224320768082347",
            "hex": "4db7fe5935e281ab",
            "id": "Tbf-WTXigas",
            "keepers": null,
            "prefix": null
          },
          "sensitive_attributes": [],
          "private": "bnVsbA=="
        }
      ]
    },
    {
      "mode": "managed",
      "type": "random_password",
      "name": "dbpassword",
      "provider": "provider[\"registry.terraform.io/hashicorp/random\"]",
      "instances": [
        {
          "schema_version": 2,
          "attributes": {
            "bcrypt_hash": "$2a$10$IqizVgRgcShMtIZtSrIwI.fli/PLxP3ggBT3iRdRGQJne0oNxNVRG",
            "id": "none",
            "keepers": null,
            "length": 16,
            "lower": true,
            "min_lower": 0,
            "min_numeric": 0,
            "min_special": 0,
            "min_upper": 0,
            "number": true,
            "numeric": true,
            "override_special": "!#$%\u0026*()-_=+[]{}\u003c\u003e:?",
            "result": "r\u003cs]H(){X(%aB)4l",
            "special": true,
            "upper": true
          },
          "sensitive_attributes": [],
          "private": "eyJzY2hlbWFfdmVyc2lvbiI6IjIifQ=="
        }
      ]
    }
  ]
}
