{
  "version": 4,
  "terraform_version": "1.2.7",
  "serial": 1049,
  "lineage": "637868ba-fbc7-98ab-33b2-e4b1c8b7c29a",
  "outputs": {
    "ip_private": {
      "value": "10.2.0.19",
      "type": "string"
    },
    "password": {
      "value": "zb5W0{sfE!%58s}a",
      "type": "string",
      "sensitive": true
    },
    "public_ip_address_app": {
      "value": [
        "20.12.17.221"
      ],
      "type": [
        "tuple",
        [
          "string"
        ]
      ]
    },
    "public_ip_address_gateway": {
      "value": [
        "20.7.47.153"
      ],
      "type": [
        "tuple",
        [
          "string"
        ]
      ]
    },
    "resource_group_name": {
      "value": "brief4_QB",
      "type": "string"
    },
    "test": {
      "value": "privatelink.mariadb.database.azure.com",
      "type": "string"
    }
  },
  "resources": [
    {
      "mode": "data",
      "type": "azuread_user",
      "name": "mybigq",
      "provider": "provider[\"registry.terraform.io/hashicorp/azuread\"]",
      "instances": [
        {
          "schema_version": 0,
          "attributes": {
            "account_enabled": true,
            "age_group": "",
            "business_phones": [],
            "city": "",
            "company_name": "",
            "consent_provided_for_minor": "",
            "cost_center": null,
            "country": "",
            "creation_type": "",
            "department": "",
            "display_name": "Quentin BESSE",
            "division": null,
            "employee_id": "",
            "employee_type": "",
            "external_user_state": "",
            "fax_number": "",
            "given_name": "Quentin",
            "id": "d91c4c59-4443-4767-ae8f-2e2c81dd76d6",
            "im_addresses": [
              "qbesse.ext@simplonformations.onmicrosoft.com"
            ],
            "job_title": "",
            "mail": "qbesse.ext@simplonformations.onmicrosoft.com",
            "mail_nickname": "qbesse.ext",
            "manager_id": "",
            "mobile_phone": "",
            "object_id": "d91c4c59-4443-4767-ae8f-2e2c81dd76d6",
            "office_location": "",
            "onpremises_distinguished_name": "",
            "onpremises_domain_name": "",
            "onpremises_immutable_id": "",
            "onpremises_sam_account_name": "",
            "onpremises_security_identifier": "",
            "onpremises_sync_enabled": false,
            "onpremises_user_principal_name": "",
            "other_mails": [],
            "postal_code": "",
            "preferred_language": "en-US",
            "proxy_addresses": [
              "SMTP:qbesse.ext@simplonformations.onmicrosoft.com"
            ],
            "show_in_address_list": false,
            "state": "",
            "street_address": "",
            "surname": "BESSE",
            "timeouts": null,
            "usage_location": "FR",
            "user_principal_name": "qbesse.ext@simplonformations.onmicrosoft.com",
            "user_type": "Member"
          },
          "sensitive_attributes": []
        }
      ]
    },
    {
      "mode": "data",
      "type": "azuread_user",
      "name": "mybigr",
      "provider": "provider[\"registry.terraform.io/hashicorp/azuread\"]",
      "instances": [
        {
          "schema_version": 0,
          "attributes": {
            "account_enabled": true,
            "age_group": "",
            "business_phones": [],
            "city": "",
            "company_name": "",
            "consent_provided_for_minor": "",
            "cost_center": null,
            "country": "",
            "creation_type": "",
            "department": "",
            "display_name": "Ryan BOUCHERIHA",
            "division": null,
            "employee_id": "",
            "employee_type": "",
            "external_user_state": "",
            "fax_number": "",
            "given_name": "Ryan",
            "id": "a02f7f4e-f18b-4ea6-b632-db6efd575b1d",
            "im_addresses": [
              "rboucheriha.ext@simplonformations.onmicrosoft.com"
            ],
            "job_title": "",
            "mail": "rboucheriha.ext@simplonformations.onmicrosoft.com",
            "mail_nickname": "rboucheriha.ext",
            "manager_id": "",
            "mobile_phone": "",
            "object_id": "a02f7f4e-f18b-4ea6-b632-db6efd575b1d",
            "office_location": "",
            "onpremises_distinguished_name": "",
            "onpremises_domain_name": "",
            "onpremises_immutable_id": "",
            "onpremises_sam_account_name": "",
            "onpremises_security_identifier": "",
            "onpremises_sync_enabled": false,
            "onpremises_user_principal_name": "",
            "other_mails": [],
            "postal_code": "",
            "preferred_language": "",
            "proxy_addresses": [
              "SMTP:rboucheriha.ext@simplonformations.onmicrosoft.com"
            ],
            "show_in_address_list": false,
            "state": "",
            "street_address": "",
            "surname": "BOUCHERIHA",
            "timeouts": null,
            "usage_location": "FR",
            "user_principal_name": "rboucheriha.ext@simplonformations.onmicrosoft.com",
            "user_type": "Member"
          },
          "sensitive_attributes": []
        }
      ]
    },
    {
      "mode": "data",
      "type": "azuread_user",
      "name": "mybigstep",
      "provider": "provider[\"registry.terraform.io/hashicorp/azuread\"]",
      "instances": [
        {
          "schema_version": 0,
          "attributes": {
            "account_enabled": true,
            "age_group": "",
            "business_phones": [],
            "city": "",
            "company_name": "",
            "consent_provided_for_minor": "",
            "cost_center": null,
            "country": "",
            "creation_type": "",
            "department": "",
            "display_name": "Stephane ANDRIAMAROFAHATRA",
            "division": null,
            "employee_id": "",
            "employee_type": "",
            "external_user_state": "",
            "fax_number": "",
            "given_name": "Stephane",
            "id": "22cfcf9a-6cb8-40e5-a220-2c3c9d0ae144",
            "im_addresses": [
              "sandriamarofahatra.ext@simplonformations.onmicrosoft.com"
            ],
            "job_title": "",
            "mail": "sandriamarofahatra.ext@simplonformations.onmicrosoft.com",
            "mail_nickname": "sandriamarofahatra.ext",
            "manager_id": "",
            "mobile_phone": "",
            "object_id": "22cfcf9a-6cb8-40e5-a220-2c3c9d0ae144",
            "office_location": "",
            "onpremises_distinguished_name": "",
            "onpremises_domain_name": "",
            "onpremises_immutable_id": "",
            "onpremises_sam_account_name": "",
            "onpremises_security_identifier": "",
            "onpremises_sync_enabled": false,
            "onpremises_user_principal_name": "",
            "other_mails": [],
            "postal_code": "",
            "preferred_language": "",
            "proxy_addresses": [
              "SMTP:sandriamarofahatra.ext@simplonformations.onmicrosoft.com"
            ],
            "show_in_address_list": false,
            "state": "",
            "street_address": "",
            "surname": "ANDRIAMAROFAHATRA",
            "timeouts": null,
            "usage_location": "FR",
            "user_principal_name": "sandriamarofahatra.ext@simplonformations.onmicrosoft.com",
            "user_type": "Member"
          },
          "sensitive_attributes": []
        }
      ]
    },
    {
      "mode": "data",
      "type": "azurerm_client_config",
      "name": "current",
      "provider": "provider[\"registry.terraform.io/hashicorp/azurerm\"]",
      "instances": [
        {
          "schema_version": 0,
          "attributes": {
            "client_id": "04b07795-8ddb-461a-bbee-02f9e1bf7b46",
            "id": "2022-09-13 14:17:13.7724766 +0000 UTC",
            "object_id": "a02f7f4e-f18b-4ea6-b632-db6efd575b1d",
            "subscription_id": "a1f74e2d-ec58-4f9a-a112-088e3469febb",
            "tenant_id": "a2e466aa-4f86-4545-b5b8-97da7c8febf3",
            "timeouts": null
          },
          "sensitive_attributes": []
        }
      ]
    },
    {
      "mode": "data",
      "type": "http",
      "name": "myip",
      "provider": "provider[\"registry.terraform.io/hashicorp/http\"]",
      "instances": [
        {
          "schema_version": 0,
          "attributes": {
            "body": "212.51.190.22",
            "id": "https://ifconfig.me",
            "method": null,
            "request_body": null,
            "request_headers": null,
            "response_body": "212.51.190.22",
            "response_headers": {
              "Access-Control-Allow-Origin": "*",
              "Alt-Svc": "h3=\":443\"; ma=2592000,h3-29=\":443\"; ma=2592000",
              "Content-Length": "13",
              "Content-Type": "text/plain; charset=utf-8",
              "Date": "Tue, 13 Sep 2022 14:16:44 GMT",
              "Server": "istio-envoy",
              "Strict-Transport-Security": "max-age=2592000; includeSubDomains",
              "Via": "1.1 google",
              "X-Envoy-Upstream-Service-Time": "1"
            },
            "status_code": 200,
            "url": "https://ifconfig.me"
          },
          "sensitive_attributes": []
        }
      ]
    },
    {
      "mode": "data",
      "type": "template_cloudinit_config",
      "name": "configapp",
      "provider": "provider[\"registry.terraform.io/hashicorp/template\"]",
      "instances": [
        {
          "schema_version": 0,
          "attributes": {
            "base64_encode": true,
            "gzip": true,
            "id": "3296384191",
            "part": [
              {
                "content": "#cloud-config\r\npackage_update: true\r\npackages:\r\n  - nginx\r\n  - composer\r\n  - mariadb-client\r\n  - mariadb-client-10.1\r\n  - nfs-common\r\n\r\nusers:\r\n  - default\r\n  - name: quentin\r\n    groups: sudo, root\r\n    shell: /bin/bash\r\n    plain_text_passwd: blablabla123!\r\n    sudo: 'ALL=(ALL) NOPASSWD:ALL'\r\n    ssh_authorized_keys:\r\n        - \u003e-\r\n          ssh-rsa AAAAB3NzaC1yc2EAAAADAQABAAABgQDAXuIAe8DVtQ+qHpbTnCMn5iP1u7WQEOLDE76PTRZ0lYc0TrWJvH+zWzpEbTK/fwzx5sw7yAlBnuR83cAOtm6y8Gk5yktOogsk71VnJ9cXKV7QWtX5o/nysqhliBWAW2jQmEMLHBf4DOFXcKpCdl0OBOtrPct976tnFXhM5n5WF0wrQ4dVikfWe57yg0BX+G+ZbNl7iDCHS8cAGEI2S0ziGOLjl0qJq+9jjCaj2bdVb5vtbz/ghplWtNKQvirxvfOC5H3XbX7aeH2sAlogeYbPs8DmFuz5Smq/+FLBZzqV7JhPMxBCpVFm6r+EzZDgiS2WB96Q3Jh0ItPz7wwJtgpLmSWeaBmWyPGAOh9MBal2RXgDIZ26EPOQTc9WX1377SaEMFSXgwq3e0mtFl5TYG+hzjujY9ik6nfjyLy1yNaPB7hq0z0cCijeJf0Nlm092Ukb1IJOndiS9LSZXjFJT+LRNz7hqyK/oj8nH4K2nx4DMH+Fj4JypSdsqmIk7aXLdYE= nomad@device\r\n  - name: steph\r\n    groups: sudo, root\r\n    shell: /bin/bash\r\n    plain_text_passwd: blablabla123!\r\n    sudo: 'ALL=(ALL) NOPASSWD:ALL'\r\n    ssh_authorized_keys:\r\n        - \u003e-\r\n          ssh-rsa AAAAB3NzaC1yc2EAAAADAQABAAABgQCnBYZRoOJm/hLnbGmUBNhBEsdvUAqVb48EQql7OeYgB4pO/FFu8OIhKofBCByf1l9owEWnbWFZJhfgwQ+iNZjd+1iZtmc6cidjqQypgEc+U43avchEVdZdjK1LidIIJt0O7o8L0gARNn1PjDFLP3eUI2XN3ALUzB3sRzXKTJ1QHz8S1ByhfWXw2vhsPa9I3Jv9aE8zZuCBx/gfVQQy/FyskgK8VWRHhUl3XCgNDxUYBppnBgCCDWHpYOdzH/5XuRORdgMccDgJ/NhcCgY+erva7DlkIlzRiVxm5uMK8kvEiDn+AWI3aGsgxt3LaS+xaiw4hLLoev4V4cWTjWhZPeJSITDeWk3HAsBxDBWGvx3716ywsh7mkDJpjyXow6RXpTBke2rTmr4X9+hVGop4ZjqyTTUuTkdbYllwiaTrsuKgOJ5ne2lWp1P1IT0cD0s9j0GNl/54KaN31HFiuHVYVVA8yGp532LfRjhthpMdHiuhJbswlKTrDJR3i1iccT0aiUk= utilisateur@UTILISA-2JUD7VR\r\n  - name: ryano\r\n    groups: sudo, root\r\n    shell: /bin/bash\r\n    plain_text_passwd: blablabla123!\r\n    sudo: 'ALL=(ALL) NOPASSWD:ALL'\r\n    ssh_authorized_keys:\r\n        - \u003e-\r\n          ssh-rsa AAAAB3NzaC1yc2EAAAADAQABAAABgQCuQsDbdhzBOtJvetSRXRINBLZnKEzLctl+J3hFX22doPy1Btth8i7a4cigqyQ914MIgdYr/pPOFfH7YBLa5LhF2Racx3cRT1RPobmGn2DMEcNAcWjw1Qr9TRl3HcFK59ineQ4ukoDt4jZCUyRXliCFMhqBdQU0u182UvNFf0L5bLBVzlkWyNxPo79WDDGY97HCsQLYIQcqRfsYJ0YwJ5QyGUvtUWKmMO30bhlhyQJJmG/6QQlV/m6sMiHCiEt+7Qxv5n3+c9RH5hsRyaynzsLcNmzENDqsrDsngqwzK4oe8S71YKKVn395nvZ4MIr8PB6bE/ViWpvS0bhCzANDYAj8Exk2P5WR3aI06PobLOcUjxm3E1JOFa/YcXQ8GXzmUgjGpHMztB6qSH+NSHHTqBejmvsv2DQ9nYq/NL1s7k6e+FSwWQktZNXAlVIvUGMrX51MdUxtVXteNEFe/NCj4B66Y5i2MM8VJk1lsgm8PIUj0wDjlB0f8TlUFK+vqijLt80= utilisateur@UTILISA-ASVHC0M\r\n\r\nwrite_files:\r\n  - path: /home/magento/magento\r\n    content: \"upstream fastcgi_backend {\\n  server  unix:/run/php/php8.1-fpm.sock;\\n}\\n\\nserver {\\n  listen 10.2.0.19:80;\\n  server_name _;\\n  set $MAGE_ROOT /var/www/html/magento2;\\n  include /var/www/html/magento2/nginx.conf.sample;\\n}\\n\"\r\n\r\nruncmd:\r\n  - sudo apt install software-properties-common \u0026\u0026 sudo add-apt-repository ppa:ondrej/php -y\r\n  - sudo apt update\r\n  - sudo export PATH=$PATH:/var/www/html/magento2/bin\r\n  - sudo apt upgrade -y\r\n  - sudo apt install -y libxml2 libxml2-dev libssl-dev libssl1.1\r\n  - sudo apt install -y php8.1 php8.1-common php8.1-xml php8.1-mbstring php8.1-curl php8.1-gd php8.1-intl php-json php8.1-mysql php8.1-soap php-sodium php-tokenizer php8.1-xsl php-zip php-bcmath php8.1-fpm\r\n  - sudo mkdir /var/www/html/magento2\r\n  - cd /home/magento \u0026\u0026 sudo curl -O https://MAG005875421:af7e13b80644f2a44187f446f55bb76d5c156b3b@www.magentocommerce.com/products/downloads/file/Magento-CE-2.4.4.tar.bz2\r\n  - sudo tar -C /var/www/html/magento2/ -xvf /home/magento/Magento-CE-2.4.4.tar.bz2\r\n  - cd /var/www/html/\r\n  - sudo find var generated vendor pub/static pub/media app/etc -type f -exec chmod g+w {} +\r\n  - sudo find var generated vendor pub/static pub/media app/etc -type d -exec chmod g+ws {} +\r\n  - sudo chown -R www-data:www-data /var/www/html\r\n  - sudo chmod u+x bin/magento\r\n  - cd /var/www/html/magento2 \u0026\u0026 sudo php bin/magento setup:install -vvv --base-url=https://magentobrief4.eastus2.cloudapp.azure.com --db-host=magento-mariadb-server.privatelink.mariadb.database.azure.com --db-name=mariadb_database --db-user=magento@magento-mariadb-server --db-password=blablabla123! --admin-firstname=admin --admin-lastname=admin --admin-email=ryanmagento@gmail.com --admin-user=admin --admin-password=admin123 --language=en_US --currency=USD --timezone=America/Chicago --use-rewrites=1 --search-engine=elasticsearch7 --elasticsearch-host=10.4.0.4 --elasticsearch-port=9200 --elasticsearch-index-prefix=magento2 --elasticsearch-timeout=15 --elasticsearch-username=magento --elasticsearch-password=blablabla123! --elasticsearch-enable-auth=1\r\n  - sudo apt-get remove apache2 -y\r\n  - sudo apt-get autoremove apache2 -y\r\n  - sudo apt-get purge apache2 -y\r\n  - sudo apt-get autoremove --purge apache2 -y\r\n  - sudo cp /home/magento/magento /etc/nginx/conf.d/magento.conf\r\n  - sudo rm /etc/nginx/sites-enabled/default\r\n  - chown www-data:www-data -R /var/www/html/magento2/var/\r\n  - sudo echo \"memory_limit = 2G\" \u003e\u003e vim /etc/php/8.1/fpm/php.ini\r\n  - sudo echo \"max_execution_time = 1800\" \u003e\u003e vim /etc/php/8.1/fpm/php.ini\r\n  - sudo echo \"zlib.output_compression = On\" \u003e\u003e vim /etc/php/8.1/fpm/php.ini\r\n  - sudo echo \"memory_limit = 2G\" \u003e\u003e vim /etc/php/8.1/cli/php.ini\r\n  - sudo echo \"max_execution_time = 1800\" \u003e\u003e vim /etc/php/8.1/cli/php.ini\r\n  - sudo echo \"zlib.output_compression = On\" \u003e\u003e vim /etc/php/8.1/cli/php.ini\r\n  - sudo systemctl restart php8.1-fpm\r\n  - sudo chmod 775 ./generated/\r\n  - cd /var/www/html/magento2 \u0026\u0026 sudo bin/magento setup:di:compile\r\n  - sudo systemctl restart nginx\r\n  - sudo cp -R /var/www/html/magento2/pub /home/magento/pub\r\n  - sudo mkdir /etc/smbcredentials\r\n  - sudo bash -c 'echo \"username=staapp\" \u003e\u003e /etc/smbcredentials/staapp.cred'\r\n  - sudo bash -c 'echo \"password=IeZmYz2jWpQ2x9NO35MJPP6WktOhxpI7fmrNqHDQzQ2Vr3A7RUtFqpW6RSUWbaJ7pjXne5AFjl/m+AStcChztg==\" \u003e\u003e /etc/smbcredentials/staapp.cred'\r\n  - sudo chmod 600 /etc/smbcredentials/staapp.cred\r\n  - sudo bash -c 'echo \"//staapp.file.core.windows.net/magentoshare01 /var/www/html/magento2/pub cifs nofail,credentials=/etc/smbcredentials/staapp.cred,dir_mode=0777,file_mode=0777,serverino,nosharesock,actimeo=30\" \u003e\u003e /etc/fstab'\r\n  - sudo mount -t cifs //staapp.file.core.windows.net/magentoshare01 /var/www/html/magento2/pub -o credentials=/etc/smbcredentials/staapp.cred,dir_mode=0777,file_mode=0777,serverino,nosharesock,actimeo=30\r\n  - sudo cp -R /home/magento/pub/* /var/www/html/magento2/pub\r\n  - rm var/.maintenance.flag\r\n  - cd /var/www/html/magento2 \u0026\u0026 sudo bin/magento module:disable Magento_TwoFactorAuth\r\n  - cd /var/www/html/magento2 \u0026\u0026 sudo chmod -R 0777 var/ pub/ generated/\r\n  - cd /var/www/html/magento2 \u0026\u0026 sudo rm -rf var/cache/* var/view_preprocessed/* generated/* pub/static/*\r\n  - cd /var/www/html/magento2 \u0026\u0026 sudo bin/magento setup:upgrade\r\n  - cd /var/www/html/magento2 \u0026\u0026 sudo bin/magento setup:di:compile\r\n  - cd /var/www/html/magento2 \u0026\u0026 sudo bin/magento setup:static-content:deploy -f\r\n  - cd /var/www/html/magento2 \u0026\u0026 sudo bin/magento cache:flush\r\n  - cd /var/www/html/magento2 \u0026\u0026 sudo bin/magento indexer:reindex",
                "content_type": "text/cloud-config",
                "filename": "../cloud-init/cloud-init-app.yaml",
                "merge_type": ""
              }
            ],
            "rendered": "H4sIAAAAAAAA/9xZeY/bOLL/P0C+A1/eYue9cWQdPmR74MX4vu+7MUCDoiiJtkTKJGVbXux3f5CPjjvdyWaCwftjg3SbLBZ/rCqyij+6a4xKTKUyj0NcAkHkSxJCLtWAnLD9G7BYRG3I4/KnQWfQqI4Ww3pluvn0IekpS8wFYbQE9LT28cPHD4ryqPTxwx27TkTIBJEXXSglRF6AqfwNOMTHFAa4/CmdVpHPIlshlMiHpgLDMB3DwP/0BW7OIRUO5kqDImYT6paAaRH5oHDxReLTHQkx6hD344cBCfAbq//7tU4I0Q66+DkKbSgTGB7hF6koffwAgAKoS+jp2kQsCJnA/NoLICfQthTkE0zlezJF19L6DcURCmJBwGhiRyQwv+Pb2IGRf5ufRKgE9hGmktBEBIDLWRSKEhCRzT4Dzpi8yoWHfb8EVItQ1YLCu0pDHxL6nMTjOYRCHO0SsHx4/a8bmf+6zY1sVgK/VPr98v9U+v3/BcPRuDKbreqlSr//y01HeM8wkh7j5Izt5x2OrxZf/yngH8qX3kVb4QKCSqVSqWaGZ1jTY2Q0km69MqlUE7E7qVfWUaeCC/WlnKT27dCa09qA5shYj8zVpDHq1xtmfjyfPmn+Bmlzvuoe2qnz6hw2rHlPdY7nU04czbjiV2k0LWRQZSSDfFxo7XLxTo6YK3amvqTdIlr3luZkJdc5ptJY7D2fVFeVlbGdBI1Bv111svVRc416Yc32tVF1JPkYyaKZl7S59gY5mls1tSOfZO0l2TkrnDNjV6uuU63UkzX0TVKvtWcFVGk1OsZMO5PWqL/1tX13nyputzW4NSx7aeUO0jqrrhf6KznsTQ6Enw7OqJZrZ9bW2oS4bYiKz1y8scaiUA+a0Tk3C/ZqqtmvPp33S7PrjQenai1cNoM8TzXOT3WXzIxVtZifZLqe1pHjs3k8dqUb9oPZCsNqsIrHrcrIKw6q0Dema7feeTLyjfFoMkfF1VrPmOYMNgbN2do97jNYC2TTz803rZR33kbbTZHs8tTZxv1Yj4dwXDW9vXbWUI1scdfRhn6gFY3FztI73RG1yazYnz2tt83uPNWfDs+mt497KtsWaDvbM+gpWx+0U81tthuHM1vsg87OhOu+vWmUAWUBtH+38YEg/HjmhcSh95934mu0unmaslE3UL0+tVrBojr0qg1hHxaV/dLKFhqTvW+O8MatZsOR2mxGhVHH6zGnWqvGju4X2bGxotaq+dT1HPc4SZHh09ZO6eRJBiiPiL3dT+LQbaDUIpuBB+Q1lvaTve3pfWJ3Ol2pjUxW6GtuZTqk+nhbb/bHGbzoGOthptJfnKsZMT2ve/OuPmmfCzO9GnvOan00Dp4Yw2In0z0UYaNwfopq1ZPqOsvJJFabsdi5vcJyNW17Cz+zrrnD+mmxqYYhrbq1Wn3VDjcj+9xWc+toOpra7gChuttVhx6quZsU5gdo1v1dxz9PyfIU5KJBr7A7NEidpiqrTga2hHuSmT6cpU6QHLNev8/wIbvMotV8u/Kexrg768zreLXLtCuieqpXV63DKWPq+fgoPDPY1bvhNl6zY366DufVHTb4PODZdTHlLVsszD5t9/F8vojmO9va+P6RwDkXUc8ddXMUG/4q1Md6Z66huiaKW6019NVctgeHGb3dJFF7uVkuK4W4FeYyRt+Zbj3phQO7TSKva4mj35vzeneaITpBaK5BstiVQSSJTwSUOOK/L+adfmdWUYzuom4up48JwGNI2X9gAkQTUbds71wdye4By9l0Pe0Mq/0n2muc+0j6qW7Ga64Nw2bjWK9K6RWICbOIuPt4UtSzg45rb7gajkdNp21uqn2Y63tNYwrRKYOmc306ZlbQokZ90EDDClptj/qEF+dTP9NGzV6uSCieZKMdq8vs9qm2iKdrn9SaA29ftScLLdILxuIwbDpaP2f1q8uzv1vFw9OYmcVVvd7aFM12TUz6m84E7aeO2HS1zbGbm8StxUEuVr1gMMpolud78aTbDVpqfjLxl2qQFwPSrpGGTJmT0yFHMylUnLZznpjGMKZn0UfD4NwY1veC1wV198dzL8twYWbqm15vSTPFHD08ZQcdXhhX81ZDXZJVeJhpllc7V4b1TWVbaJx2xji3mmZgR8uPmdUfocX2FGQaenfUhOoGrSeF1vocLNxtK2wPzrKa38/aqeGs3Z7vq3gbHMTBqE+KdLNXh31dmLs8TjVnx9VkJ5+G64q/7BwWrQFf5/SBvTjJ5VriYaOJ1WFtm63m85scMQaDwrK7033hBoVxZ7HVjvWtX9WcwtxfNHupw55s+7KgvZ8AldmyXdMGCRk6ciLxc8IP75QohNIrAdVjAVYD6GIq2f3zegDRlf2VwKcoFJJjGAAHColc8mxBtMPUBv/8gwIgMD9gDkBEyamk8oiqoRcmP4W0rjhhkBYM7X77g/7rD/oHvSlfJvpESEyBrqWNtJbWi6WC9tsXwOckY8HzTSLB3waVVuN5OhrNgXqAXD0ej6onA/9utHHRJBT5kY2/oaJeeGY6oaZpAYPQx1e7PiUh4hFFgX2LTpLJAIYSECok9H0gmCOPkGMl5CzEXBJ855rg73+/qdu2AkOpcHxh54zHIAxhiVGb420SEKDEX6FfSfGDEJ9CxiUYV+bt8t+S36VveGJdqesrLJdDG79d5O6CEgOfWKfAN+6fio0PSVsI/6Gp3/n0ewjXfb193CNw650C/94MLCE5oe6LYsRfxlz73iJUXqTKVnxBCWKxf9EVDIYXDcFsEgWXpmQ7TMkZ85d1xRXlTK66Fgqg9MCXI/jgTrCzCf/G8bg9QOzXWfGyvxcflBHwpAxFSVUHlZam5QpmLmvoJeiYWM9YBS2fzToGzGb1gulks3knl7MsM2/nkJ7LWxnr9+PxmL4hJ9HDHOE0YoEacmZHSArVZkfqM2gLNUlXdXDVVWoNxUhn09m0hDxtnY0HnyTkQKl968wD5XRwvkr074MmEXiF9bCWQ6gNDpADF1PMocQ2OGBqMw7CyFKFhJKgSzPANoEAhqGKJQKKjEMMHKDgE0YAeQGzgZs6gn/+C6T+KnT7a3TxNTzy2JECZQqOx6NiQwlL98Zrh19NScCi1AkkhOChQL4TpnvIX05MkvMP05I6FoWll2w6HA5AUSwosBJxv3w/VzdtixPsZNMYChkJI315VSevd3iO+OXIAEWxLcVjQpZvU5T70/haQtMhJwcosU/oLn0bSifeJkt+jXP53uCm9HxXug4lL+n7Er+/v9RV8UKNGLfLr7gRUBRoB4QqDuFCXta59F/kPnxXjANI/HJC2e5ru4nkZvJV52La62kvRly6upEBiuJD6kbQxWVMnxczoCT1iGOK4vJiVgeKIkmAz4ziciXAnCCo1jyCoMuAkqygcHy5P0VZB4oiMOTIU3Byl+AyTown6Co0gaK8Elx3R9fS2bSWzr4ZTWp9uWho2psRQm18UkKOHXIqv5yrr7USs1kky3ruzVASmNuWXs/em7W/tVev1TCFlo+VhLGWv7oWFBdLwHHADhjAECIPG28un4sOjCT7Eb0w4u6PQynKd/RR+D61AUm9uNIA9UID7PvIhRU8IPDgUVck238Lhq2++jrpWlTeVhRl+q2KnEgf73zkMfApwAHj8bNPAiJBGRitT+Af/wAHcjMj4VSFtK46YZC004SStxDw9JxUwEgSRp+TwwHKQC9o2p+HOvvESrNIhpF8RiwIORaCMArKYER/wrAf8w355K/y7XtQf96399FELCQOkPQBx0JCLt9nHNcbxDRzIK2+XGvqj14hb68Pm5QSq4mPv2vLw1eq94z49okMI+urfAkj6y1rSmIiAgtxbGMqCfTFg07yWAYKAr9co/xSgISEMAwvgX0HQL0OpxPRL99Ge6lWHfwUbM7GdhVOjFNxOMrkBt3xOL/ayZF3CjumE/Dhvl2fnCfGkmcq5nQhm/twlZ/OFisLds1wu6Y4V2lufTVIVWYS1byzdMvlP2vfdVfzmvbvJn3bJ/WulvC8NGIcp4+E2uwo0hTL+04ID3Ks6d/bOUQcAShzIPE/P1hR/jeWfbYJfw6YjcuaaZqfEyseutd7nVD2mV5tSJ5xnyG63DnljPYlYI6Q0HqMTcAiKoEir4b9ZW4qDPy/efc2cb7ODvXX79h6nc6DhMuq6QCS5CkNKcJpx4fuz+R+wOzIxyWbiOQKAjcC/zw/siZEkvFKJL0fxb2eXWUKklBcTLxwavDnqxMPgMKdCwRKbmH110v7QPDxOeQ45AxhIbCt/voA/usDmVd//flCeHvw/nWV9Gcwrm4o9y9LbBz6LAaK8zOIlxCWHD8SP7yVj9MvnBHzEseX1td/P1SUjx/+LwAA///mU4e2nhwAAA=="
          },
          "sensitive_attributes": []
        }
      ]
    },
    {
      "mode": "data",
      "type": "template_cloudinit_config",
      "name": "configbastion",
      "provider": "provider[\"registry.terraform.io/hashicorp/template\"]",
      "instances": [
        {
          "schema_version": 0,
          "attributes": {
            "base64_encode": true,
            "gzip": true,
            "id": "1635860094",
            "part": [
              {
                "content": "#cloud-config\r\npackage_update: true\r\npackages:\r\n  - apt-transport-https\r\n\r\nusers:\r\n  - default\r\n  - name: quentin\r\n    groups: sudo, root\r\n    shell: /bin/bash\r\n    plain_text_passwd: blabla123!\r\n    sudo: 'ALL=(ALL) NOPASSWD:ALL'\r\n    ssh_authorized_keys:\r\n        - \u003e-\r\n          ssh-rsa AAAAB3NzaC1yc2EAAAADAQABAAABgQDAXuIAe8DVtQ+qHpbTnCMn5iP1u7WQEOLDE76PTRZ0lYc0TrWJvH+zWzpEbTK/fwzx5sw7yAlBnuR83cAOtm6y8Gk5yktOogsk71VnJ9cXKV7QWtX5o/nysqhliBWAW2jQmEMLHBf4DOFXcKpCdl0OBOtrPct976tnFXhM5n5WF0wrQ4dVikfWe57yg0BX+G+ZbNl7iDCHS8cAGEI2S0ziGOLjl0qJq+9jjCaj2bdVb5vtbz/ghplWtNKQvirxvfOC5H3XbX7aeH2sAlogeYbPs8DmFuz5Smq/+FLBZzqV7JhPMxBCpVFm6r+EzZDgiS2WB96Q3Jh0ItPz7wwJtgpLmSWeaBmWyPGAOh9MBal2RXgDIZ26EPOQTc9WX1377SaEMFSXgwq3e0mtFl5TYG+hzjujY9ik6nfjyLy1yNaPB7hq0z0cCijeJf0Nlm092Ukb1IJOndiS9LSZXjFJT+LRNz7hqyK/oj8nH4K2nx4DMH+Fj4JypSdsqmIk7aXLdYE= nomad@device\r\n  - name: steph\r\n    groups: sudo, root\r\n    shell: /bin/bash\r\n    plain_text_passwd: blabla123!\r\n    sudo: 'ALL=(ALL) NOPASSWD:ALL'\r\n    ssh_authorized_keys:\r\n        - \u003e-\r\n          ssh-rsa AAAAB3NzaC1yc2EAAAADAQABAAABgQCnBYZRoOJm/hLnbGmUBNhBEsdvUAqVb48EQql7OeYgB4pO/FFu8OIhKofBCByf1l9owEWnbWFZJhfgwQ+iNZjd+1iZtmc6cidjqQypgEc+U43avchEVdZdjK1LidIIJt0O7o8L0gARNn1PjDFLP3eUI2XN3ALUzB3sRzXKTJ1QHz8S1ByhfWXw2vhsPa9I3Jv9aE8zZuCBx/gfVQQy/FyskgK8VWRHhUl3XCgNDxUYBppnBgCCDWHpYOdzH/5XuRORdgMccDgJ/NhcCgY+erva7DlkIlzRiVxm5uMK8kvEiDn+AWI3aGsgxt3LaS+xaiw4hLLoev4V4cWTjWhZPeJSITDeWk3HAsBxDBWGvx3716ywsh7mkDJpjyXow6RXpTBke2rTmr4X9+hVGop4ZjqyTTUuTkdbYllwiaTrsuKgOJ5ne2lWp1P1IT0cD0s9j0GNl/54KaN31HFiuHVYVVA8yGp532LfRjhthpMdHiuhJbswlKTrDJR3i1iccT0aiUk= utilisateur@UTILISA-2JUD7VR\r\n  - name: ryano\r\n    groups: sudo, root\r\n    shell: /bin/bash\r\n    plain_text_passwd: blabla123!\r\n    sudo: 'ALL=(ALL) NOPASSWD:ALL'\r\n    ssh_authorized_keys:\r\n        - \u003e-\r\n          ssh-rsa AAAAB3NzaC1yc2EAAAADAQABAAABgQCuQsDbdhzBOtJvetSRXRINBLZnKEzLctl+J3hFX22doPy1Btth8i7a4cigqyQ914MIgdYr/pPOFfH7YBLa5LhF2Racx3cRT1RPobmGn2DMEcNAcWjw1Qr9TRl3HcFK59ineQ4ukoDt4jZCUyRXliCFMhqBdQU0u182UvNFf0L5bLBVzlkWyNxPo79WDDGY97HCsQLYIQcqRfsYJ0YwJ5QyGUvtUWKmMO30bhlhyQJJmG/6QQlV/m6sMiHCiEt+7Qxv5n3+c9RH5hsRyaynzsLcNmzENDqsrDsngqwzK4oe8S71YKKVn395nvZ4MIr8PB6bE/ViWpvS0bhCzANDYAj8Exk2P5WR3aI06PobLOcUjxm3E1JOFa/YcXQ8GXzmUgjGpHMztB6qSH+NSHHTqBejmvsv2DQ9nYq/NL1s7k6e+FSwWQktZNXAlVIvUGMrX51MdUxtVXteNEFe/NCj4B66Y5i2MM8VJk1lsgm8PIUj0wDjlB0f8TlUFK+vqijLt80= utilisateur@UTILISA-ASVHC0M\r\n",
                "content_type": "text/cloud-config",
                "filename": "../cloud-init/cloud-init-bastion.yaml",
                "merge_type": ""
              }
            ],
            "rendered": "H4sIAAAAAAAA/9yW2a6j2BmF749U7+BULjqR4zKDMfi0KmowYMAMZgbflDaDYTMPG2x4+uh0dacr6jxBc8Va+v6l/5fWxT63DUobtHOWLn3f1FOFYAcGtK/hK01+3kTt1CRgWL5+1mRN4AxX51kr/Pz2oXZeOoywbd43+Bfs09unt93uR+jT2+/ZPBy7doToVxYgBOK8Thv08+YBq7QBdfr185cv+7hqp2QHG4h++N1FYPyY+7KAuvr8R6QzgGZ8pMNOaOI2gU32vqEjiH4Afr0Hpa/f0+K2ecDs05sG6/RPm//9f5kOxCXI0m9TlwD0ETNM6X/d8f3T22az24AO7dDHGl07oF2OUDd+RE1jOvyOJOkDTBX6Lj4Ofd/0U9og2HxYm002tFM3vm/GKWn/tRnaFn33xzytqvfNPoLNPgJj/t3tKgCbbx8nfevAOD6T901UgagCOEH+7bfBKWnfNz+xqvr1H6yq/nOjGzfWtn3+nVXVn35jxvwbmFDeDnBNk29lunxf9/u32/x794f6ld4NI9iwLMtypL6CM77EhPAhedZkuQ87M3k2mGQ2ZXgPmdte6iKnOWsNBW/4RPumYKi8QB9vjnXHqjDGnMFXZmm7+msnRM51/3iuL2p80gtbcc1kMWTMGqg+LsylpJYSGW02ljTuNcopDq4ebfoooNp9s4x9XkHOZ32iMGtBUyXuceANMYiv3TmpMIMz0HCL0Yk+okYMco1qKF/EnoN5SDxYPvyUopcM44LtZXuP9IqG/FmymZi9CDJhYyu8GGpRYb3Sb09FcQYFESVeRM0oWvdZ3lU+0q/mDIfX/DDOlEQGUUCDVCJGtmqzNIxuI8PX4rRSdt3vt6LK3dfeo5X8pr24c+eJ9XHYCuudz6BN+NzpaJJKjsnottLPp4KyTq1tPwVc7S+3C2vkJ40DFWEFGS/fiaNwM0wnPvkBTtK0DQRNtIPs2ZMpViOxopzwss3XYirCEyyPzaNY1AVfdHDj6LzHViw+wyJVHphe1diJcMsIlxWjSaB9Uu17UIiKs1UtfaXzfrnu24JppMOVaF4HXpO2YnFQls5Oxr6WSxoEahIKXzdNW4PklySdYZz+WPgRpV3+F6v7ueHCu9UaSr3P1Sa61C6n55wwJrPL9l50YASzr2gjDTPu0Bl7UZwYQ86v7YM7c8sDr07tU/CbyBfvSv7InuYW6vci2eLwjur4GMOk6M2ly4R46x5IMMe54CX3pLjiKkxkWUGYQbeMimWspTf4reBF9UamrkwEOsmq7sqRo7UGV0fBTWllbJxb8ocfPIk5H2/gJJPKfAICs96nM/faZw/PNJe9uIxldmU835JytyKDc6bzLzfkuq7hsvOZ96UuNJJV2lPBZBlWkmlxzGfKXs/jcxZu02EGNF+VcrVa0HvV1KRdmXIWIN9sWV8mwWXMXohUgb19Afg85KrapvPBO8S+U/j5/ZYqtuzwqV+SEjtyL57zL/OLpPHj8hxzui55pSuWoH0eraBzuDIlBqceDsFpm3uXtjvci35xHHdyyiQKq+oJgTOM0zUzFKpJicrv8BsuO1jMY+OpwC56tacOV6CTuCTCSfJCz2OZ5dJRJKE+rCJHeaclEpxyJRqf1dUZeMUiIQ7j2MEAdMuvmwnBCo4ApdPwi+vIqmyzO0Jxedqzfmz/sICm/au1fzJHPkrylTOQMqfItgJL1jn13lyFVY1RtVXIXAwIImlvC84hlDOQBocYZv1invCDJmdJOOy7myE+JDrkVECpuUhYIH6RseXg1q2N6ktD8JoQ62zsF0/cHE6OVZFSLF6pE2xS8zCVLY8Oxf3sLlZQwbOo5T2XmC424Qzhzrr4wFQqUjlvrUp/0V+3lj75PH8JT7R0Hk01lM24tx5jqGDhU6HM5eLOyPWvtWaQWJRX+WIqSn3ZH02z8vb1cdSgdIYC2tLma6YachufLInKR2sBS7OOaqzXq6Dz/TjwY5P1z/V6aFPGpvHwevUa8kQ18/2gyQNz446RsPeg3802FuXnldX5kC0Y4VUSN8q3SCBjx1sbqUbsFq+aFHDFEME+jAOTuQRr7WbFpZO0FXHH3pa2ui1JTs+lRT2PM8Gbpybs97qKj3R5TLei/fTNEt31gK08eXYv2hBQuJa4L+QFKNUFMd3r5+LAHY8hBQlNYzylxKsxq5mb7BbYky8qDnswTuWK1+3cw0JFDPb/28/annTGtD8/BHe7T2//CQAA//8YmmeKZwoAAA=="
          },
          "sensitive_attributes": []
        }
      ]
    },
    {
      "mode": "data",
      "type": "template_cloudinit_config",
      "name": "configelastic",
      "provider": "provider[\"registry.terraform.io/hashicorp/template\"]",
      "instances": [
        {
          "schema_version": 0,
          "attributes": {
            "base64_encode": true,
            "gzip": true,
            "id": "3764722894",
            "part": [
              {
                "content": "#cloud-config\r\npackage_update: true\r\npackages:\r\n  - apt-transport-https\r\n\r\nusers:\r\n  - default\r\n  - name: quentin\r\n    groups: sudo, root\r\n    shell: /bin/bash\r\n    plain_text_passwd: blabla123!\r\n    sudo: 'ALL=(ALL) NOPASSWD:ALL'\r\n    ssh_authorized_keys:\r\n        - \u003e-\r\n          ssh-rsa AAAAB3NzaC1yc2EAAAADAQABAAABgQDAXuIAe8DVtQ+qHpbTnCMn5iP1u7WQEOLDE76PTRZ0lYc0TrWJvH+zWzpEbTK/fwzx5sw7yAlBnuR83cAOtm6y8Gk5yktOogsk71VnJ9cXKV7QWtX5o/nysqhliBWAW2jQmEMLHBf4DOFXcKpCdl0OBOtrPct976tnFXhM5n5WF0wrQ4dVikfWe57yg0BX+G+ZbNl7iDCHS8cAGEI2S0ziGOLjl0qJq+9jjCaj2bdVb5vtbz/ghplWtNKQvirxvfOC5H3XbX7aeH2sAlogeYbPs8DmFuz5Smq/+FLBZzqV7JhPMxBCpVFm6r+EzZDgiS2WB96Q3Jh0ItPz7wwJtgpLmSWeaBmWyPGAOh9MBal2RXgDIZ26EPOQTc9WX1377SaEMFSXgwq3e0mtFl5TYG+hzjujY9ik6nfjyLy1yNaPB7hq0z0cCijeJf0Nlm092Ukb1IJOndiS9LSZXjFJT+LRNz7hqyK/oj8nH4K2nx4DMH+Fj4JypSdsqmIk7aXLdYE= nomad@device\r\n  - name: steph\r\n    groups: sudo, root\r\n    shell: /bin/bash\r\n    plain_text_passwd: blabla123!\r\n    sudo: 'ALL=(ALL) NOPASSWD:ALL'\r\n    ssh_authorized_keys:\r\n        - \u003e-\r\n          ssh-rsa AAAAB3NzaC1yc2EAAAADAQABAAABgQCnBYZRoOJm/hLnbGmUBNhBEsdvUAqVb48EQql7OeYgB4pO/FFu8OIhKofBCByf1l9owEWnbWFZJhfgwQ+iNZjd+1iZtmc6cidjqQypgEc+U43avchEVdZdjK1LidIIJt0O7o8L0gARNn1PjDFLP3eUI2XN3ALUzB3sRzXKTJ1QHz8S1ByhfWXw2vhsPa9I3Jv9aE8zZuCBx/gfVQQy/FyskgK8VWRHhUl3XCgNDxUYBppnBgCCDWHpYOdzH/5XuRORdgMccDgJ/NhcCgY+erva7DlkIlzRiVxm5uMK8kvEiDn+AWI3aGsgxt3LaS+xaiw4hLLoev4V4cWTjWhZPeJSITDeWk3HAsBxDBWGvx3716ywsh7mkDJpjyXow6RXpTBke2rTmr4X9+hVGop4ZjqyTTUuTkdbYllwiaTrsuKgOJ5ne2lWp1P1IT0cD0s9j0GNl/54KaN31HFiuHVYVVA8yGp532LfRjhthpMdHiuhJbswlKTrDJR3i1iccT0aiUk= utilisateur@UTILISA-2JUD7VR\r\n  - name: ryano\r\n    groups: sudo, root\r\n    shell: /bin/bash\r\n    plain_text_passwd: blabla123!\r\n    sudo: 'ALL=(ALL) NOPASSWD:ALL'\r\n    ssh_authorized_keys:\r\n        - \u003e-\r\n          ssh-rsa AAAAB3NzaC1yc2EAAAADAQABAAABgQCuQsDbdhzBOtJvetSRXRINBLZnKEzLctl+J3hFX22doPy1Btth8i7a4cigqyQ914MIgdYr/pPOFfH7YBLa5LhF2Racx3cRT1RPobmGn2DMEcNAcWjw1Qr9TRl3HcFK59ineQ4ukoDt4jZCUyRXliCFMhqBdQU0u182UvNFf0L5bLBVzlkWyNxPo79WDDGY97HCsQLYIQcqRfsYJ0YwJ5QyGUvtUWKmMO30bhlhyQJJmG/6QQlV/m6sMiHCiEt+7Qxv5n3+c9RH5hsRyaynzsLcNmzENDqsrDsngqwzK4oe8S71YKKVn395nvZ4MIr8PB6bE/ViWpvS0bhCzANDYAj8Exk2P5WR3aI06PobLOcUjxm3E1JOFa/YcXQ8GXzmUgjGpHMztB6qSH+NSHHTqBejmvsv2DQ9nYq/NL1s7k6e+FSwWQktZNXAlVIvUGMrX51MdUxtVXteNEFe/NCj4B66Y5i2MM8VJk1lsgm8PIUj0wDjlB0f8TlUFK+vqijLt80= utilisateur@UTILISA-ASVHC0M\r\n\r\nwrite_files:\r\n  - path: /home/elastic/elasticsearch.yml\r\n    content: \"cluster.name: my-application\\nnode.name: node-1\\npath.data: /var/lib/elasticsearch\\npath.logs: /var/log/elasticsearch\\nnetwork.host: 10.4.0.4\\nxpack.security.enabled: true\\nxpack.security.enrollment.enabled: true\\nxpack.security.http.ssl:\\n  enabled: false\\n  keystore.path: certs/http.p12\\n\\nxpack.security.transport.ssl:\\n  enabled: true\\n  verification_mode: certificate\\n  keystore.path: certs/transport.p12\\n  truststore.path: certs/transport.p12\\ncluster.initial_master_nodes: [\\\"node-1\\\"]\\nhttp.host: 0.0.0.0\\n\"\r\n\r\n\r\nruncmd:\r\n  - wget -qO - https://artifacts.elastic.co/GPG-KEY-elasticsearch | sudo gpg --dearmor -o /usr/share/keyrings/elasticsearch-keyring.gpg\r\n  - echo \"deb [signed-by=/usr/share/keyrings/elasticsearch-keyring.gpg] https://artifacts.elastic.co/packages/8.x/apt stable main\" | sudo tee /etc/apt/sources.list.d/elastic-8.x.list\r\n  - sudo apt-get update\r\n  - sudo apt install elasticsearch -y\r\n  - sudo cp /etc/elasticsearch/elasticsearch.yml /home/elastic/backup_elastisearch.yml\r\n  - sudo rm /etc/elasticsearch/elasticsearch.yml\r\n  - sudo cp /home/elastic/elasticsearch.yml /etc/elasticsearch/elasticsearch.yml\r\n  - sudo chown root:elasticsearch /etc/elasticsearch/elasticsearch.yml\r\n  - sudo chmod 660 /etc/elasticsearch/elasticsearch.yml\r\n  - sudo /bin/systemctl daemon-reload\r\n  - sudo /bin/systemctl enable elasticsearch.service\r\n  - sudo systemctl start elasticsearch.service\r\n  - cd /usr/share/elasticsearch/bin \u0026\u0026 sudo ./elasticsearch-users useradd magento -p blablabla123! -r superuser\r\n\r\n\r\n",
                "content_type": "text/cloud-config",
                "filename": "../cloud-init/cloud-init-elastic.yaml",
                "merge_type": ""
              }
            ],
            "rendered": "H4sIAAAAAAAA/9xYa5OiSJf+XhH9H9jaiHd2w0XAG+pEbwyIN0QUb6BTExUJpJCYJEgmKsT++A20arqrey5vfx2NUPLw5HPOyTwHn3SQEAYJ4zdFCvtcnGOGUpAxIUY36P/MuUlOfJAVn5/n0/lQXWxNTVntn5+qEb+DGUUJ6XNSXfz09OmJ578GfXp659YQTROK2B0LGANeGEPCfuaOCEMCYvj5uV4XPJzkPo8IYl9d8hADypBXL0CMn79QbjJA6BFm/JB4iY9I0OdkF7GvAPd8GLy9s3kJOaLg09McxfC7yP/zIyYF3gkE8DVPfcAqmiyHv1tp/9MTx/EcSBnPqjDSJGN8yFhKK6qcwuwd4sMjyDF7DKpE+9w5h4QhUpk4LsiSPKV9juZ+8j9cliTsYachxLjPCS4iggto+LCmGCDyWqX0mgJKr36fczFwMZAazf94m5j7SZ/7STGMz/+lGMZ/c+ZiqazXttZXDOOnNwwNX0HOwiRDJfRfT7B4hPt48dz/8l9GdzSfUcApiqKoTbMEA6nwGsNqqCmWolbmwNIUJ58qsKvtmFU7T1J3QwZz0kZLKZdta7gwtKHcWW5WBxHvPXGT2fplUivtMh26m5lwvJa3Nr3KhYJVkq+6TU9ZsLhTdMendnFiiySgJ1naEb3nObOdbNnMaScCKeg5xEi1FbsRWfFwbkzUY0tbjBxvlg58LC7UBcuWHuvJHUZGTjhvk7Y9Eq+Z1fJ36HS0YVsuAlF1auPawTWxjLTBZN31lPFw2liLJRovjAiLZ/1c60XRAEQN19+57QtzSyEIU2wzc2ZdUHa7HBeD9qTpuI4M4KRBFZwEcO8uaVeLR3nZXsdnoTYy1EN53sl6uJzf1EG6G8WdrDYsD1qA1g1b7XWsph6KU7Ys5etVZ0FqxGsbAjW2i+VYWYS9uQpwY+UE2vTQ6AyXC2vj9WxHasryGgzno7UTXM9NKMZshNub/bgWllEe7Xvo1CHHqDAKqTDBUpXDs1iK3gBFUD+KJo7FXmN7cqWpviA+WveM9cGJRvqmZqzMUg7PxUxIoi6ZtGYNcmtp80ltFLX0Il379BxPTzJwDH8//MyRJAb+Lz68IA9+XfCUwTT8h5X7gKj7wypZ6LEQGsQdx1vVDNUh9S9b5bxzW92hdcbyAu4DtZUuhNEo7y6m4Sw5qgO1OEq4l1yHNnHt0UEPj8HVqiHzEPk1CR1Y7HU85Ednq0iDoVfbtprg4oXDnX/wo5lkIH861Zm4kJOuIQbKyiTSMtJGxrIJt9OGYzYVY1uqTboqndlGl6xJ2V1LahEebefauIR0CXrTpn7pgWG3POQD9SYEx51lFcKooKdg1t3Zq0m4xU1nEJjabbtX05SowWCg2ZN0v/DLidB28tVi5Qdzz9MCXTBDbxDsazC7AFnDpykuV2h3i9v5fNY9XYZIIzXFnjbBmAY31jTAunYD6NoKDSOBl9au5dmbyA4PS6ivpxsN2qfmRKHqTVPt8eXWlKVOcaWhHJ80PY0KJ7l2Vk66UU+wkW3irOX0auFunKStQ3QuNpttvjn57h7jKwKbjOazYKG3CWxgO5WW0nQjeppIe5E4NrHQbs2A2ZQmI5RPdvvdTukW47TdbBjHVRSyMJ37E5SHukuveLbJNH3VRBLyvI0I0Pb0mcsZwogCBvPsl+1makzXCt/Qt5q8W31d/VkBSPJPq/7coprrh6W6YPoFsvXKWU1N1TiQ2bA0PIZrejMcOY2GnywLSWUs7CIZtDwUnAurJ7Xm08DfZ0K6XIyOE3mvGqBthKPGCni3prfaSKtl4sZj0tDmQ89UPDu6SlbW26xwc+KNZu0eItBq5adEY63oMNgWKwejwWgenlXf2oq51G1sL+boKBpt11B3JT7ZhXlbJnLP1rTxvidPBtQy9lPLO6+OdK+L+6vetorx9sK29iyeL5qiG+KwsHQ9Hgsdy8I7Ie7QOZoM0JDVZOt2aZNmzeutJu2QrgpQkJIanhmXQ1M700yjJDhfy1krgd21LO1nsx1p9trkcmjNp1l3qXbcobBDdnpZi244KBVT2ytRd3g7NZZte9UEU7GzTFxj4W2jW9wcSvpiBIS951jdsVPG2yAap5N5ydTOeT2pmevJZHNWYRRf6KWhWT2yPwumIVH51IG10fpqWyd2MB0F76aX7XieOW1p7m9vbOcwaA5HUDAHUUvtdPZt1JjPuzv9JGEaxN3ldBuJVy3CqnjsbvB2NKtdzigyWFf84+pX1rvJQJxXGuiaIQZfK3X3roRSwMI+J4RJDIU3Sff+TSHIvLBexPhRit5DwfW5Zw/nlMGs/miluOBBmmLkgUpIvhCS+PDtVnXJSy+k8lL3AQN9TriATMDI/ejlDYKTgL5DkuBbCIHsmmSnephQ1ucksd6qi/XWC7lVArBOoZdniBV1SICLof9Qh39wN0swrmTu3wAr4VinFPdfCMf9Dj0CTGFlqTqWJRmsP1bQgxmjwn1OKjVeyHd0vyvS7zkf7jnuAjN0fFvG1zjx4YP2Yftzp1+Y7565io+yv8W9b2Kl5hHArzGohq/VltE+9+vL89vmPf/2Qu55PZZdrN/fL+S5KqhPT1lOvNh/q6ZrABnHnxccz911d18QQJUA8Bitv58YvEQYL8f8bLjnP2ww93/3JycXpAHH8z4EWZxkHJ9wQk4zgYYgg8IJFhkiAf1YGvybuR6kwSMQ6IUJ9+xDl/uVooBAn3eLzz/E89tfZ/B+5hC69ZsAUsZRVu0mFwNEnt8zYRByAmReBRBokmcepHWMKKv77475bv12Nz3ivk+rDjDVQj5OOR9vcIhQBjDmPi4dX3wF89KH1w+Q77v6m653gXfK09fH8GPvv/Fm8b/F+00kf/1o+WHGMLmS+490/+MK/DBPnPhcpyP+6MS7HKAFZTD2GOZ8AOOE8BnECfD/HPbo9Y+bVqcw+yLK77O+TKAMZOyv8J7/dV98jN9FhPvXvx6U9W9K/H4M5qpP4PtcDAJIWMLx6ZuKeRMyHJ9xNE9hVgEfjf7t3wg8/+np/wMAAP//9Vc/K6UQAAA="
          },
          "sensitive_attributes": []
        }
      ]
    },
    {
      "mode": "data",
      "type": "template_file",
      "name": "scriptapp",
      "provider": "provider[\"registry.terraform.io/hashicorp/template\"]",
      "instances": [
        {
          "schema_version": 0,
          "attributes": {
            "filename": null,
            "id": "24ab4c12ea4c6b2b6f79859d46d0a9af0e4477b335976feb8c3bce1cb4bcaed5",
            "rendered": "#cloud-config\r\npackage_update: true\r\npackages:\r\n  - nginx\r\n  - composer\r\n  - mariadb-client\r\n  - mariadb-client-10.1\r\n  - nfs-common\r\n\r\nusers:\r\n  - default\r\n  - name: quentin\r\n    groups: sudo, root\r\n    shell: /bin/bash\r\n    plain_text_passwd: blablabla123!\r\n    sudo: 'ALL=(ALL) NOPASSWD:ALL'\r\n    ssh_authorized_keys:\r\n        - \u003e-\r\n          ssh-rsa AAAAB3NzaC1yc2EAAAADAQABAAABgQDAXuIAe8DVtQ+qHpbTnCMn5iP1u7WQEOLDE76PTRZ0lYc0TrWJvH+zWzpEbTK/fwzx5sw7yAlBnuR83cAOtm6y8Gk5yktOogsk71VnJ9cXKV7QWtX5o/nysqhliBWAW2jQmEMLHBf4DOFXcKpCdl0OBOtrPct976tnFXhM5n5WF0wrQ4dVikfWe57yg0BX+G+ZbNl7iDCHS8cAGEI2S0ziGOLjl0qJq+9jjCaj2bdVb5vtbz/ghplWtNKQvirxvfOC5H3XbX7aeH2sAlogeYbPs8DmFuz5Smq/+FLBZzqV7JhPMxBCpVFm6r+EzZDgiS2WB96Q3Jh0ItPz7wwJtgpLmSWeaBmWyPGAOh9MBal2RXgDIZ26EPOQTc9WX1377SaEMFSXgwq3e0mtFl5TYG+hzjujY9ik6nfjyLy1yNaPB7hq0z0cCijeJf0Nlm092Ukb1IJOndiS9LSZXjFJT+LRNz7hqyK/oj8nH4K2nx4DMH+Fj4JypSdsqmIk7aXLdYE= nomad@device\r\n  - name: steph\r\n    groups: sudo, root\r\n    shell: /bin/bash\r\n    plain_text_passwd: blablabla123!\r\n    sudo: 'ALL=(ALL) NOPASSWD:ALL'\r\n    ssh_authorized_keys:\r\n        - \u003e-\r\n          ssh-rsa AAAAB3NzaC1yc2EAAAADAQABAAABgQCnBYZRoOJm/hLnbGmUBNhBEsdvUAqVb48EQql7OeYgB4pO/FFu8OIhKofBCByf1l9owEWnbWFZJhfgwQ+iNZjd+1iZtmc6cidjqQypgEc+U43avchEVdZdjK1LidIIJt0O7o8L0gARNn1PjDFLP3eUI2XN3ALUzB3sRzXKTJ1QHz8S1ByhfWXw2vhsPa9I3Jv9aE8zZuCBx/gfVQQy/FyskgK8VWRHhUl3XCgNDxUYBppnBgCCDWHpYOdzH/5XuRORdgMccDgJ/NhcCgY+erva7DlkIlzRiVxm5uMK8kvEiDn+AWI3aGsgxt3LaS+xaiw4hLLoev4V4cWTjWhZPeJSITDeWk3HAsBxDBWGvx3716ywsh7mkDJpjyXow6RXpTBke2rTmr4X9+hVGop4ZjqyTTUuTkdbYllwiaTrsuKgOJ5ne2lWp1P1IT0cD0s9j0GNl/54KaN31HFiuHVYVVA8yGp532LfRjhthpMdHiuhJbswlKTrDJR3i1iccT0aiUk= utilisateur@UTILISA-2JUD7VR\r\n  - name: ryano\r\n    groups: sudo, root\r\n    shell: /bin/bash\r\n    plain_text_passwd: blablabla123!\r\n    sudo: 'ALL=(ALL) NOPASSWD:ALL'\r\n    ssh_authorized_keys:\r\n        - \u003e-\r\n          ssh-rsa AAAAB3NzaC1yc2EAAAADAQABAAABgQCuQsDbdhzBOtJvetSRXRINBLZnKEzLctl+J3hFX22doPy1Btth8i7a4cigqyQ914MIgdYr/pPOFfH7YBLa5LhF2Racx3cRT1RPobmGn2DMEcNAcWjw1Qr9TRl3HcFK59ineQ4ukoDt4jZCUyRXliCFMhqBdQU0u182UvNFf0L5bLBVzlkWyNxPo79WDDGY97HCsQLYIQcqRfsYJ0YwJ5QyGUvtUWKmMO30bhlhyQJJmG/6QQlV/m6sMiHCiEt+7Qxv5n3+c9RH5hsRyaynzsLcNmzENDqsrDsngqwzK4oe8S71YKKVn395nvZ4MIr8PB6bE/ViWpvS0bhCzANDYAj8Exk2P5WR3aI06PobLOcUjxm3E1JOFa/YcXQ8GXzmUgjGpHMztB6qSH+NSHHTqBejmvsv2DQ9nYq/NL1s7k6e+FSwWQktZNXAlVIvUGMrX51MdUxtVXteNEFe/NCj4B66Y5i2MM8VJk1lsgm8PIUj0wDjlB0f8TlUFK+vqijLt80= utilisateur@UTILISA-ASVHC0M\r\n\r\nwrite_files:\r\n  - path: /home/magento/magento\r\n    content: \"upstream fastcgi_backend {\\n  server  unix:/run/php/php8.1-fpm.sock;\\n}\\n\\nserver {\\n  listen 10.2.0.19:80;\\n  server_name _;\\n  set $MAGE_ROOT /var/www/html/magento2;\\n  include /var/www/html/magento2/nginx.conf.sample;\\n}\\n\"\r\n\r\nruncmd:\r\n  - sudo apt install software-properties-common \u0026\u0026 sudo add-apt-repository ppa:ondrej/php -y\r\n  - sudo apt update\r\n  - sudo export PATH=$PATH:/var/www/html/magento2/bin\r\n  - sudo apt upgrade -y\r\n  - sudo apt install -y libxml2 libxml2-dev libssl-dev libssl1.1\r\n  - sudo apt install -y php8.1 php8.1-common php8.1-xml php8.1-mbstring php8.1-curl php8.1-gd php8.1-intl php-json php8.1-mysql php8.1-soap php-sodium php-tokenizer php8.1-xsl php-zip php-bcmath php8.1-fpm\r\n  - sudo mkdir /var/www/html/magento2\r\n  - cd /home/magento \u0026\u0026 sudo curl -O https://MAG005875421:af7e13b80644f2a44187f446f55bb76d5c156b3b@www.magentocommerce.com/products/downloads/file/Magento-CE-2.4.4.tar.bz2\r\n  - sudo tar -C /var/www/html/magento2/ -xvf /home/magento/Magento-CE-2.4.4.tar.bz2\r\n  - cd /var/www/html/\r\n  - sudo find var generated vendor pub/static pub/media app/etc -type f -exec chmod g+w {} +\r\n  - sudo find var generated vendor pub/static pub/media app/etc -type d -exec chmod g+ws {} +\r\n  - sudo chown -R www-data:www-data /var/www/html\r\n  - sudo chmod u+x bin/magento\r\n  - cd /var/www/html/magento2 \u0026\u0026 sudo php bin/magento setup:install -vvv --base-url=https://magentobrief4.eastus2.cloudapp.azure.com --db-host=magento-mariadb-server.privatelink.mariadb.database.azure.com --db-name=mariadb_database --db-user=magento@magento-mariadb-server --db-password=blablabla123! --admin-firstname=admin --admin-lastname=admin --admin-email=ryanmagento@gmail.com --admin-user=admin --admin-password=admin123 --language=en_US --currency=USD --timezone=America/Chicago --use-rewrites=1 --search-engine=elasticsearch7 --elasticsearch-host=10.4.0.4 --elasticsearch-port=9200 --elasticsearch-index-prefix=magento2 --elasticsearch-timeout=15 --elasticsearch-username=magento --elasticsearch-password=blablabla123! --elasticsearch-enable-auth=1\r\n  - sudo apt-get remove apache2 -y\r\n  - sudo apt-get autoremove apache2 -y\r\n  - sudo apt-get purge apache2 -y\r\n  - sudo apt-get autoremove --purge apache2 -y\r\n  - sudo cp /home/magento/magento /etc/nginx/conf.d/magento.conf\r\n  - sudo rm /etc/nginx/sites-enabled/default\r\n  - chown www-data:www-data -R /var/www/html/magento2/var/\r\n  - sudo echo \"memory_limit = 2G\" \u003e\u003e vim /etc/php/8.1/fpm/php.ini\r\n  - sudo echo \"max_execution_time = 1800\" \u003e\u003e vim /etc/php/8.1/fpm/php.ini\r\n  - sudo echo \"zlib.output_compression = On\" \u003e\u003e vim /etc/php/8.1/fpm/php.ini\r\n  - sudo echo \"memory_limit = 2G\" \u003e\u003e vim /etc/php/8.1/cli/php.ini\r\n  - sudo echo \"max_execution_time = 1800\" \u003e\u003e vim /etc/php/8.1/cli/php.ini\r\n  - sudo echo \"zlib.output_compression = On\" \u003e\u003e vim /etc/php/8.1/cli/php.ini\r\n  - sudo systemctl restart php8.1-fpm\r\n  - sudo chmod 775 ./generated/\r\n  - cd /var/www/html/magento2 \u0026\u0026 sudo bin/magento setup:di:compile\r\n  - sudo systemctl restart nginx\r\n  - sudo cp -R /var/www/html/magento2/pub /home/magento/pub\r\n  - sudo mkdir /etc/smbcredentials\r\n  - sudo bash -c 'echo \"username=staapp\" \u003e\u003e /etc/smbcredentials/staapp.cred'\r\n  - sudo bash -c 'echo \"password=IeZmYz2jWpQ2x9NO35MJPP6WktOhxpI7fmrNqHDQzQ2Vr3A7RUtFqpW6RSUWbaJ7pjXne5AFjl/m+AStcChztg==\" \u003e\u003e /etc/smbcredentials/staapp.cred'\r\n  - sudo chmod 600 /etc/smbcredentials/staapp.cred\r\n  - sudo bash -c 'echo \"//staapp.file.core.windows.net/magentoshare01 /var/www/html/magento2/pub cifs nofail,credentials=/etc/smbcredentials/staapp.cred,dir_mode=0777,file_mode=0777,serverino,nosharesock,actimeo=30\" \u003e\u003e /etc/fstab'\r\n  - sudo mount -t cifs //staapp.file.core.windows.net/magentoshare01 /var/www/html/magento2/pub -o credentials=/etc/smbcredentials/staapp.cred,dir_mode=0777,file_mode=0777,serverino,nosharesock,actimeo=30\r\n  - sudo cp -R /home/magento/pub/* /var/www/html/magento2/pub\r\n  - rm var/.maintenance.flag\r\n  - cd /var/www/html/magento2 \u0026\u0026 sudo bin/magento module:disable Magento_TwoFactorAuth\r\n  - cd /var/www/html/magento2 \u0026\u0026 sudo chmod -R 0777 var/ pub/ generated/\r\n  - cd /var/www/html/magento2 \u0026\u0026 sudo rm -rf var/cache/* var/view_preprocessed/* generated/* pub/static/*\r\n  - cd /var/www/html/magento2 \u0026\u0026 sudo bin/magento setup:upgrade\r\n  - cd /var/www/html/magento2 \u0026\u0026 sudo bin/magento setup:di:compile\r\n  - cd /var/www/html/magento2 \u0026\u0026 sudo bin/magento setup:static-content:deploy -f\r\n  - cd /var/www/html/magento2 \u0026\u0026 sudo bin/magento cache:flush\r\n  - cd /var/www/html/magento2 \u0026\u0026 sudo bin/magento indexer:reindex",
            "template": "#cloud-config\r\npackage_update: true\r\npackages:\r\n  - nginx\r\n  - composer\r\n  - mariadb-client\r\n  - mariadb-client-10.1\r\n  - nfs-common\r\n\r\nusers:\r\n  - default\r\n  - name: quentin\r\n    groups: sudo, root\r\n    shell: /bin/bash\r\n    plain_text_passwd: blablabla123!\r\n    sudo: 'ALL=(ALL) NOPASSWD:ALL'\r\n    ssh_authorized_keys:\r\n        - \u003e-\r\n          ssh-rsa AAAAB3NzaC1yc2EAAAADAQABAAABgQDAXuIAe8DVtQ+qHpbTnCMn5iP1u7WQEOLDE76PTRZ0lYc0TrWJvH+zWzpEbTK/fwzx5sw7yAlBnuR83cAOtm6y8Gk5yktOogsk71VnJ9cXKV7QWtX5o/nysqhliBWAW2jQmEMLHBf4DOFXcKpCdl0OBOtrPct976tnFXhM5n5WF0wrQ4dVikfWe57yg0BX+G+ZbNl7iDCHS8cAGEI2S0ziGOLjl0qJq+9jjCaj2bdVb5vtbz/ghplWtNKQvirxvfOC5H3XbX7aeH2sAlogeYbPs8DmFuz5Smq/+FLBZzqV7JhPMxBCpVFm6r+EzZDgiS2WB96Q3Jh0ItPz7wwJtgpLmSWeaBmWyPGAOh9MBal2RXgDIZ26EPOQTc9WX1377SaEMFSXgwq3e0mtFl5TYG+hzjujY9ik6nfjyLy1yNaPB7hq0z0cCijeJf0Nlm092Ukb1IJOndiS9LSZXjFJT+LRNz7hqyK/oj8nH4K2nx4DMH+Fj4JypSdsqmIk7aXLdYE= nomad@device\r\n  - name: steph\r\n    groups: sudo, root\r\n    shell: /bin/bash\r\n    plain_text_passwd: blablabla123!\r\n    sudo: 'ALL=(ALL) NOPASSWD:ALL'\r\n    ssh_authorized_keys:\r\n        - \u003e-\r\n          ssh-rsa AAAAB3NzaC1yc2EAAAADAQABAAABgQCnBYZRoOJm/hLnbGmUBNhBEsdvUAqVb48EQql7OeYgB4pO/FFu8OIhKofBCByf1l9owEWnbWFZJhfgwQ+iNZjd+1iZtmc6cidjqQypgEc+U43avchEVdZdjK1LidIIJt0O7o8L0gARNn1PjDFLP3eUI2XN3ALUzB3sRzXKTJ1QHz8S1ByhfWXw2vhsPa9I3Jv9aE8zZuCBx/gfVQQy/FyskgK8VWRHhUl3XCgNDxUYBppnBgCCDWHpYOdzH/5XuRORdgMccDgJ/NhcCgY+erva7DlkIlzRiVxm5uMK8kvEiDn+AWI3aGsgxt3LaS+xaiw4hLLoev4V4cWTjWhZPeJSITDeWk3HAsBxDBWGvx3716ywsh7mkDJpjyXow6RXpTBke2rTmr4X9+hVGop4ZjqyTTUuTkdbYllwiaTrsuKgOJ5ne2lWp1P1IT0cD0s9j0GNl/54KaN31HFiuHVYVVA8yGp532LfRjhthpMdHiuhJbswlKTrDJR3i1iccT0aiUk= utilisateur@UTILISA-2JUD7VR\r\n  - name: ryano\r\n    groups: sudo, root\r\n    shell: /bin/bash\r\n    plain_text_passwd: blablabla123!\r\n    sudo: 'ALL=(ALL) NOPASSWD:ALL'\r\n    ssh_authorized_keys:\r\n        - \u003e-\r\n          ssh-rsa AAAAB3NzaC1yc2EAAAADAQABAAABgQCuQsDbdhzBOtJvetSRXRINBLZnKEzLctl+J3hFX22doPy1Btth8i7a4cigqyQ914MIgdYr/pPOFfH7YBLa5LhF2Racx3cRT1RPobmGn2DMEcNAcWjw1Qr9TRl3HcFK59ineQ4ukoDt4jZCUyRXliCFMhqBdQU0u182UvNFf0L5bLBVzlkWyNxPo79WDDGY97HCsQLYIQcqRfsYJ0YwJ5QyGUvtUWKmMO30bhlhyQJJmG/6QQlV/m6sMiHCiEt+7Qxv5n3+c9RH5hsRyaynzsLcNmzENDqsrDsngqwzK4oe8S71YKKVn395nvZ4MIr8PB6bE/ViWpvS0bhCzANDYAj8Exk2P5WR3aI06PobLOcUjxm3E1JOFa/YcXQ8GXzmUgjGpHMztB6qSH+NSHHTqBejmvsv2DQ9nYq/NL1s7k6e+FSwWQktZNXAlVIvUGMrX51MdUxtVXteNEFe/NCj4B66Y5i2MM8VJk1lsgm8PIUj0wDjlB0f8TlUFK+vqijLt80= utilisateur@UTILISA-ASVHC0M\r\n\r\nwrite_files:\r\n  - path: /home/magento/magento\r\n    content: \"upstream fastcgi_backend {\\n  server  unix:/run/php/php8.1-fpm.sock;\\n}\\n\\nserver {\\n  listen 10.2.0.19:80;\\n  server_name _;\\n  set $MAGE_ROOT /var/www/html/magento2;\\n  include /var/www/html/magento2/nginx.conf.sample;\\n}\\n\"\r\n\r\nruncmd:\r\n  - sudo apt install software-properties-common \u0026\u0026 sudo add-apt-repository ppa:ondrej/php -y\r\n  - sudo apt update\r\n  - sudo export PATH=$PATH:/var/www/html/magento2/bin\r\n  - sudo apt upgrade -y\r\n  - sudo apt install -y libxml2 libxml2-dev libssl-dev libssl1.1\r\n  - sudo apt install -y php8.1 php8.1-common php8.1-xml php8.1-mbstring php8.1-curl php8.1-gd php8.1-intl php-json php8.1-mysql php8.1-soap php-sodium php-tokenizer php8.1-xsl php-zip php-bcmath php8.1-fpm\r\n  - sudo mkdir /var/www/html/magento2\r\n  - cd /home/magento \u0026\u0026 sudo curl -O https://MAG005875421:af7e13b80644f2a44187f446f55bb76d5c156b3b@www.magentocommerce.com/products/downloads/file/Magento-CE-2.4.4.tar.bz2\r\n  - sudo tar -C /var/www/html/magento2/ -xvf /home/magento/Magento-CE-2.4.4.tar.bz2\r\n  - cd /var/www/html/\r\n  - sudo find var generated vendor pub/static pub/media app/etc -type f -exec chmod g+w {} +\r\n  - sudo find var generated vendor pub/static pub/media app/etc -type d -exec chmod g+ws {} +\r\n  - sudo chown -R www-data:www-data /var/www/html\r\n  - sudo chmod u+x bin/magento\r\n  - cd /var/www/html/magento2 \u0026\u0026 sudo php bin/magento setup:install -vvv --base-url=https://${fqdn_app} --db-host=magento-mariadb-server.privatelink.mariadb.database.azure.com --db-name=mariadb_database --db-user=magento@magento-mariadb-server --db-password=blablabla123! --admin-firstname=admin --admin-lastname=admin --admin-email=ryanmagento@gmail.com --admin-user=admin --admin-password=admin123 --language=en_US --currency=USD --timezone=America/Chicago --use-rewrites=1 --search-engine=elasticsearch7 --elasticsearch-host=10.4.0.4 --elasticsearch-port=9200 --elasticsearch-index-prefix=magento2 --elasticsearch-timeout=15 --elasticsearch-username=magento --elasticsearch-password=blablabla123! --elasticsearch-enable-auth=1\r\n  - sudo apt-get remove apache2 -y\r\n  - sudo apt-get autoremove apache2 -y\r\n  - sudo apt-get purge apache2 -y\r\n  - sudo apt-get autoremove --purge apache2 -y\r\n  - sudo cp /home/magento/magento /etc/nginx/conf.d/magento.conf\r\n  - sudo rm /etc/nginx/sites-enabled/default\r\n  - chown www-data:www-data -R /var/www/html/magento2/var/\r\n  - sudo echo \"memory_limit = 2G\" \u003e\u003e vim /etc/php/8.1/fpm/php.ini\r\n  - sudo echo \"max_execution_time = 1800\" \u003e\u003e vim /etc/php/8.1/fpm/php.ini\r\n  - sudo echo \"zlib.output_compression = On\" \u003e\u003e vim /etc/php/8.1/fpm/php.ini\r\n  - sudo echo \"memory_limit = 2G\" \u003e\u003e vim /etc/php/8.1/cli/php.ini\r\n  - sudo echo \"max_execution_time = 1800\" \u003e\u003e vim /etc/php/8.1/cli/php.ini\r\n  - sudo echo \"zlib.output_compression = On\" \u003e\u003e vim /etc/php/8.1/cli/php.ini\r\n  - sudo systemctl restart php8.1-fpm\r\n  - sudo chmod 775 ./generated/\r\n  - cd /var/www/html/magento2 \u0026\u0026 sudo bin/magento setup:di:compile\r\n  - sudo systemctl restart nginx\r\n  - sudo cp -R /var/www/html/magento2/pub /home/magento/pub\r\n  - sudo mkdir /etc/smbcredentials\r\n  - sudo bash -c 'echo \"username=staapp\" \u003e\u003e /etc/smbcredentials/staapp.cred'\r\n  - sudo bash -c 'echo \"password=${password}\" \u003e\u003e /etc/smbcredentials/staapp.cred'\r\n  - sudo chmod 600 /etc/smbcredentials/staapp.cred\r\n  - sudo bash -c 'echo \"//staapp.file.core.windows.net/magentoshare01 /var/www/html/magento2/pub cifs nofail,credentials=/etc/smbcredentials/staapp.cred,dir_mode=0777,file_mode=0777,serverino,nosharesock,actimeo=30\" \u003e\u003e /etc/fstab'\r\n  - sudo mount -t cifs //staapp.file.core.windows.net/magentoshare01 /var/www/html/magento2/pub -o credentials=/etc/smbcredentials/staapp.cred,dir_mode=0777,file_mode=0777,serverino,nosharesock,actimeo=30\r\n  - sudo cp -R /home/magento/pub/* /var/www/html/magento2/pub\r\n  - rm var/.maintenance.flag\r\n  - cd /var/www/html/magento2 \u0026\u0026 sudo bin/magento module:disable Magento_TwoFactorAuth\r\n  - cd /var/www/html/magento2 \u0026\u0026 sudo chmod -R 0777 var/ pub/ generated/\r\n  - cd /var/www/html/magento2 \u0026\u0026 sudo rm -rf var/cache/* var/view_preprocessed/* generated/* pub/static/*\r\n  - cd /var/www/html/magento2 \u0026\u0026 sudo bin/magento setup:upgrade\r\n  - cd /var/www/html/magento2 \u0026\u0026 sudo bin/magento setup:di:compile\r\n  - cd /var/www/html/magento2 \u0026\u0026 sudo bin/magento setup:static-content:deploy -f\r\n  - cd /var/www/html/magento2 \u0026\u0026 sudo bin/magento cache:flush\r\n  - cd /var/www/html/magento2 \u0026\u0026 sudo bin/magento indexer:reindex",
            "vars": {
              "fqdn_app": "magentobrief4.eastus2.cloudapp.azure.com",
              "ip_bdd": "10.3.0.4",
              "ip_public": "20.7.47.153",
              "password": "IeZmYz2jWpQ2x9NO35MJPP6WktOhxpI7fmrNqHDQzQ2Vr3A7RUtFqpW6RSUWbaJ7pjXne5AFjl/m+AStcChztg=="
            }
          },
          "sensitive_attributes": [
            [
              {
                "type": "get_attr",
                "value": "vars"
              },
              {
                "type": "index",
                "value": {
                  "value": "password",
                  "type": "string"
                }
              }
            ]
          ]
        }
      ]
    },
    {
      "mode": "data",
      "type": "template_file",
      "name": "scriptbastion",
      "provider": "provider[\"registry.terraform.io/hashicorp/template\"]",
      "instances": [
        {
          "schema_version": 0,
          "attributes": {
            "filename": null,
            "id": "3ab1f3f4bdc653b64eab9b4ba3e79f4a90a75dfbc501405a2eba22980288f214",
            "rendered": "#cloud-config\r\npackage_update: true\r\npackages:\r\n  - apt-transport-https\r\n\r\nusers:\r\n  - default\r\n  - name: quentin\r\n    groups: sudo, root\r\n    shell: /bin/bash\r\n    plain_text_passwd: blabla123!\r\n    sudo: 'ALL=(ALL) NOPASSWD:ALL'\r\n    ssh_authorized_keys:\r\n        - \u003e-\r\n          ssh-rsa AAAAB3NzaC1yc2EAAAADAQABAAABgQDAXuIAe8DVtQ+qHpbTnCMn5iP1u7WQEOLDE76PTRZ0lYc0TrWJvH+zWzpEbTK/fwzx5sw7yAlBnuR83cAOtm6y8Gk5yktOogsk71VnJ9cXKV7QWtX5o/nysqhliBWAW2jQmEMLHBf4DOFXcKpCdl0OBOtrPct976tnFXhM5n5WF0wrQ4dVikfWe57yg0BX+G+ZbNl7iDCHS8cAGEI2S0ziGOLjl0qJq+9jjCaj2bdVb5vtbz/ghplWtNKQvirxvfOC5H3XbX7aeH2sAlogeYbPs8DmFuz5Smq/+FLBZzqV7JhPMxBCpVFm6r+EzZDgiS2WB96Q3Jh0ItPz7wwJtgpLmSWeaBmWyPGAOh9MBal2RXgDIZ26EPOQTc9WX1377SaEMFSXgwq3e0mtFl5TYG+hzjujY9ik6nfjyLy1yNaPB7hq0z0cCijeJf0Nlm092Ukb1IJOndiS9LSZXjFJT+LRNz7hqyK/oj8nH4K2nx4DMH+Fj4JypSdsqmIk7aXLdYE= nomad@device\r\n  - name: steph\r\n    groups: sudo, root\r\n    shell: /bin/bash\r\n    plain_text_passwd: blabla123!\r\n    sudo: 'ALL=(ALL) NOPASSWD:ALL'\r\n    ssh_authorized_keys:\r\n        - \u003e-\r\n          ssh-rsa AAAAB3NzaC1yc2EAAAADAQABAAABgQCnBYZRoOJm/hLnbGmUBNhBEsdvUAqVb48EQql7OeYgB4pO/FFu8OIhKofBCByf1l9owEWnbWFZJhfgwQ+iNZjd+1iZtmc6cidjqQypgEc+U43avchEVdZdjK1LidIIJt0O7o8L0gARNn1PjDFLP3eUI2XN3ALUzB3sRzXKTJ1QHz8S1ByhfWXw2vhsPa9I3Jv9aE8zZuCBx/gfVQQy/FyskgK8VWRHhUl3XCgNDxUYBppnBgCCDWHpYOdzH/5XuRORdgMccDgJ/NhcCgY+erva7DlkIlzRiVxm5uMK8kvEiDn+AWI3aGsgxt3LaS+xaiw4hLLoev4V4cWTjWhZPeJSITDeWk3HAsBxDBWGvx3716ywsh7mkDJpjyXow6RXpTBke2rTmr4X9+hVGop4ZjqyTTUuTkdbYllwiaTrsuKgOJ5ne2lWp1P1IT0cD0s9j0GNl/54KaN31HFiuHVYVVA8yGp532LfRjhthpMdHiuhJbswlKTrDJR3i1iccT0aiUk= utilisateur@UTILISA-2JUD7VR\r\n  - name: ryano\r\n    groups: sudo, root\r\n    shell: /bin/bash\r\n    plain_text_passwd: blabla123!\r\n    sudo: 'ALL=(ALL) NOPASSWD:ALL'\r\n    ssh_authorized_keys:\r\n        - \u003e-\r\n          ssh-rsa AAAAB3NzaC1yc2EAAAADAQABAAABgQCuQsDbdhzBOtJvetSRXRINBLZnKEzLctl+J3hFX22doPy1Btth8i7a4cigqyQ914MIgdYr/pPOFfH7YBLa5LhF2Racx3cRT1RPobmGn2DMEcNAcWjw1Qr9TRl3HcFK59ineQ4ukoDt4jZCUyRXliCFMhqBdQU0u182UvNFf0L5bLBVzlkWyNxPo79WDDGY97HCsQLYIQcqRfsYJ0YwJ5QyGUvtUWKmMO30bhlhyQJJmG/6QQlV/m6sMiHCiEt+7Qxv5n3+c9RH5hsRyaynzsLcNmzENDqsrDsngqwzK4oe8S71YKKVn395nvZ4MIr8PB6bE/ViWpvS0bhCzANDYAj8Exk2P5WR3aI06PobLOcUjxm3E1JOFa/YcXQ8GXzmUgjGpHMztB6qSH+NSHHTqBejmvsv2DQ9nYq/NL1s7k6e+FSwWQktZNXAlVIvUGMrX51MdUxtVXteNEFe/NCj4B66Y5i2MM8VJk1lsgm8PIUj0wDjlB0f8TlUFK+vqijLt80= utilisateur@UTILISA-ASVHC0M\r\n",
            "template": "#cloud-config\r\npackage_update: true\r\npackages:\r\n  - apt-transport-https\r\n\r\nusers:\r\n  - default\r\n  - name: quentin\r\n    groups: sudo, root\r\n    shell: /bin/bash\r\n    plain_text_passwd: blabla123!\r\n    sudo: 'ALL=(ALL) NOPASSWD:ALL'\r\n    ssh_authorized_keys:\r\n        - \u003e-\r\n          ssh-rsa AAAAB3NzaC1yc2EAAAADAQABAAABgQDAXuIAe8DVtQ+qHpbTnCMn5iP1u7WQEOLDE76PTRZ0lYc0TrWJvH+zWzpEbTK/fwzx5sw7yAlBnuR83cAOtm6y8Gk5yktOogsk71VnJ9cXKV7QWtX5o/nysqhliBWAW2jQmEMLHBf4DOFXcKpCdl0OBOtrPct976tnFXhM5n5WF0wrQ4dVikfWe57yg0BX+G+ZbNl7iDCHS8cAGEI2S0ziGOLjl0qJq+9jjCaj2bdVb5vtbz/ghplWtNKQvirxvfOC5H3XbX7aeH2sAlogeYbPs8DmFuz5Smq/+FLBZzqV7JhPMxBCpVFm6r+EzZDgiS2WB96Q3Jh0ItPz7wwJtgpLmSWeaBmWyPGAOh9MBal2RXgDIZ26EPOQTc9WX1377SaEMFSXgwq3e0mtFl5TYG+hzjujY9ik6nfjyLy1yNaPB7hq0z0cCijeJf0Nlm092Ukb1IJOndiS9LSZXjFJT+LRNz7hqyK/oj8nH4K2nx4DMH+Fj4JypSdsqmIk7aXLdYE= nomad@device\r\n  - name: steph\r\n    groups: sudo, root\r\n    shell: /bin/bash\r\n    plain_text_passwd: blabla123!\r\n    sudo: 'ALL=(ALL) NOPASSWD:ALL'\r\n    ssh_authorized_keys:\r\n        - \u003e-\r\n          ssh-rsa AAAAB3NzaC1yc2EAAAADAQABAAABgQCnBYZRoOJm/hLnbGmUBNhBEsdvUAqVb48EQql7OeYgB4pO/FFu8OIhKofBCByf1l9owEWnbWFZJhfgwQ+iNZjd+1iZtmc6cidjqQypgEc+U43avchEVdZdjK1LidIIJt0O7o8L0gARNn1PjDFLP3eUI2XN3ALUzB3sRzXKTJ1QHz8S1ByhfWXw2vhsPa9I3Jv9aE8zZuCBx/gfVQQy/FyskgK8VWRHhUl3XCgNDxUYBppnBgCCDWHpYOdzH/5XuRORdgMccDgJ/NhcCgY+erva7DlkIlzRiVxm5uMK8kvEiDn+AWI3aGsgxt3LaS+xaiw4hLLoev4V4cWTjWhZPeJSITDeWk3HAsBxDBWGvx3716ywsh7mkDJpjyXow6RXpTBke2rTmr4X9+hVGop4ZjqyTTUuTkdbYllwiaTrsuKgOJ5ne2lWp1P1IT0cD0s9j0GNl/54KaN31HFiuHVYVVA8yGp532LfRjhthpMdHiuhJbswlKTrDJR3i1iccT0aiUk= utilisateur@UTILISA-2JUD7VR\r\n  - name: ryano\r\n    groups: sudo, root\r\n    shell: /bin/bash\r\n    plain_text_passwd: blabla123!\r\n    sudo: 'ALL=(ALL) NOPASSWD:ALL'\r\n    ssh_authorized_keys:\r\n        - \u003e-\r\n          ssh-rsa AAAAB3NzaC1yc2EAAAADAQABAAABgQCuQsDbdhzBOtJvetSRXRINBLZnKEzLctl+J3hFX22doPy1Btth8i7a4cigqyQ914MIgdYr/pPOFfH7YBLa5LhF2Racx3cRT1RPobmGn2DMEcNAcWjw1Qr9TRl3HcFK59ineQ4ukoDt4jZCUyRXliCFMhqBdQU0u182UvNFf0L5bLBVzlkWyNxPo79WDDGY97HCsQLYIQcqRfsYJ0YwJ5QyGUvtUWKmMO30bhlhyQJJmG/6QQlV/m6sMiHCiEt+7Qxv5n3+c9RH5hsRyaynzsLcNmzENDqsrDsngqwzK4oe8S71YKKVn395nvZ4MIr8PB6bE/ViWpvS0bhCzANDYAj8Exk2P5WR3aI06PobLOcUjxm3E1JOFa/YcXQ8GXzmUgjGpHMztB6qSH+NSHHTqBejmvsv2DQ9nYq/NL1s7k6e+FSwWQktZNXAlVIvUGMrX51MdUxtVXteNEFe/NCj4B66Y5i2MM8VJk1lsgm8PIUj0wDjlB0f8TlUFK+vqijLt80= utilisateur@UTILISA-ASVHC0M\r\n",
            "vars": null
          },
          "sensitive_attributes": []
        }
      ]
    },
    {
      "mode": "data",
      "type": "template_file",
      "name": "scriptelastic",
      "provider": "provider[\"registry.terraform.io/hashicorp/template\"]",
      "instances": [
        {
          "schema_version": 0,
          "attributes": {
            "filename": null,
            "id": "ed3a2d9e973284e2521be81f157b54e02881ad011e9d9a0fc336233deb0e70ae",
            "rendered": "#cloud-config\r\npackage_update: true\r\npackages:\r\n  - apt-transport-https\r\n\r\nusers:\r\n  - default\r\n  - name: quentin\r\n    groups: sudo, root\r\n    shell: /bin/bash\r\n    plain_text_passwd: blabla123!\r\n    sudo: 'ALL=(ALL) NOPASSWD:ALL'\r\n    ssh_authorized_keys:\r\n        - \u003e-\r\n          ssh-rsa AAAAB3NzaC1yc2EAAAADAQABAAABgQDAXuIAe8DVtQ+qHpbTnCMn5iP1u7WQEOLDE76PTRZ0lYc0TrWJvH+zWzpEbTK/fwzx5sw7yAlBnuR83cAOtm6y8Gk5yktOogsk71VnJ9cXKV7QWtX5o/nysqhliBWAW2jQmEMLHBf4DOFXcKpCdl0OBOtrPct976tnFXhM5n5WF0wrQ4dVikfWe57yg0BX+G+ZbNl7iDCHS8cAGEI2S0ziGOLjl0qJq+9jjCaj2bdVb5vtbz/ghplWtNKQvirxvfOC5H3XbX7aeH2sAlogeYbPs8DmFuz5Smq/+FLBZzqV7JhPMxBCpVFm6r+EzZDgiS2WB96Q3Jh0ItPz7wwJtgpLmSWeaBmWyPGAOh9MBal2RXgDIZ26EPOQTc9WX1377SaEMFSXgwq3e0mtFl5TYG+hzjujY9ik6nfjyLy1yNaPB7hq0z0cCijeJf0Nlm092Ukb1IJOndiS9LSZXjFJT+LRNz7hqyK/oj8nH4K2nx4DMH+Fj4JypSdsqmIk7aXLdYE= nomad@device\r\n  - name: steph\r\n    groups: sudo, root\r\n    shell: /bin/bash\r\n    plain_text_passwd: blabla123!\r\n    sudo: 'ALL=(ALL) NOPASSWD:ALL'\r\n    ssh_authorized_keys:\r\n        - \u003e-\r\n          ssh-rsa AAAAB3NzaC1yc2EAAAADAQABAAABgQCnBYZRoOJm/hLnbGmUBNhBEsdvUAqVb48EQql7OeYgB4pO/FFu8OIhKofBCByf1l9owEWnbWFZJhfgwQ+iNZjd+1iZtmc6cidjqQypgEc+U43avchEVdZdjK1LidIIJt0O7o8L0gARNn1PjDFLP3eUI2XN3ALUzB3sRzXKTJ1QHz8S1ByhfWXw2vhsPa9I3Jv9aE8zZuCBx/gfVQQy/FyskgK8VWRHhUl3XCgNDxUYBppnBgCCDWHpYOdzH/5XuRORdgMccDgJ/NhcCgY+erva7DlkIlzRiVxm5uMK8kvEiDn+AWI3aGsgxt3LaS+xaiw4hLLoev4V4cWTjWhZPeJSITDeWk3HAsBxDBWGvx3716ywsh7mkDJpjyXow6RXpTBke2rTmr4X9+hVGop4ZjqyTTUuTkdbYllwiaTrsuKgOJ5ne2lWp1P1IT0cD0s9j0GNl/54KaN31HFiuHVYVVA8yGp532LfRjhthpMdHiuhJbswlKTrDJR3i1iccT0aiUk= utilisateur@UTILISA-2JUD7VR\r\n  - name: ryano\r\n    groups: sudo, root\r\n    shell: /bin/bash\r\n    plain_text_passwd: blabla123!\r\n    sudo: 'ALL=(ALL) NOPASSWD:ALL'\r\n    ssh_authorized_keys:\r\n        - \u003e-\r\n          ssh-rsa AAAAB3NzaC1yc2EAAAADAQABAAABgQCuQsDbdhzBOtJvetSRXRINBLZnKEzLctl+J3hFX22doPy1Btth8i7a4cigqyQ914MIgdYr/pPOFfH7YBLa5LhF2Racx3cRT1RPobmGn2DMEcNAcWjw1Qr9TRl3HcFK59ineQ4ukoDt4jZCUyRXliCFMhqBdQU0u182UvNFf0L5bLBVzlkWyNxPo79WDDGY97HCsQLYIQcqRfsYJ0YwJ5QyGUvtUWKmMO30bhlhyQJJmG/6QQlV/m6sMiHCiEt+7Qxv5n3+c9RH5hsRyaynzsLcNmzENDqsrDsngqwzK4oe8S71YKKVn395nvZ4MIr8PB6bE/ViWpvS0bhCzANDYAj8Exk2P5WR3aI06PobLOcUjxm3E1JOFa/YcXQ8GXzmUgjGpHMztB6qSH+NSHHTqBejmvsv2DQ9nYq/NL1s7k6e+FSwWQktZNXAlVIvUGMrX51MdUxtVXteNEFe/NCj4B66Y5i2MM8VJk1lsgm8PIUj0wDjlB0f8TlUFK+vqijLt80= utilisateur@UTILISA-ASVHC0M\r\n\r\nwrite_files:\r\n  - path: /home/elastic/elasticsearch.yml\r\n    content: \"cluster.name: my-application\\nnode.name: node-1\\npath.data: /var/lib/elasticsearch\\npath.logs: /var/log/elasticsearch\\nnetwork.host: 10.4.0.4\\nxpack.security.enabled: true\\nxpack.security.enrollment.enabled: true\\nxpack.security.http.ssl:\\n  enabled: false\\n  keystore.path: certs/http.p12\\n\\nxpack.security.transport.ssl:\\n  enabled: true\\n  verification_mode: certificate\\n  keystore.path: certs/transport.p12\\n  truststore.path: certs/transport.p12\\ncluster.initial_master_nodes: [\\\"node-1\\\"]\\nhttp.host: 0.0.0.0\\n\"\r\n\r\n\r\nruncmd:\r\n  - wget -qO - https://artifacts.elastic.co/GPG-KEY-elasticsearch | sudo gpg --dearmor -o /usr/share/keyrings/elasticsearch-keyring.gpg\r\n  - echo \"deb [signed-by=/usr/share/keyrings/elasticsearch-keyring.gpg] https://artifacts.elastic.co/packages/8.x/apt stable main\" | sudo tee /etc/apt/sources.list.d/elastic-8.x.list\r\n  - sudo apt-get update\r\n  - sudo apt install elasticsearch -y\r\n  - sudo cp /etc/elasticsearch/elasticsearch.yml /home/elastic/backup_elastisearch.yml\r\n  - sudo rm /etc/elasticsearch/elasticsearch.yml\r\n  - sudo cp /home/elastic/elasticsearch.yml /etc/elasticsearch/elasticsearch.yml\r\n  - sudo chown root:elasticsearch /etc/elasticsearch/elasticsearch.yml\r\n  - sudo chmod 660 /etc/elasticsearch/elasticsearch.yml\r\n  - sudo /bin/systemctl daemon-reload\r\n  - sudo /bin/systemctl enable elasticsearch.service\r\n  - sudo systemctl start elasticsearch.service\r\n  - cd /usr/share/elasticsearch/bin \u0026\u0026 sudo ./elasticsearch-users useradd magento -p blablabla123! -r superuser\r\n\r\n\r\n",
            "template": "#cloud-config\r\npackage_update: true\r\npackages:\r\n  - apt-transport-https\r\n\r\nusers:\r\n  - default\r\n  - name: quentin\r\n    groups: sudo, root\r\n    shell: /bin/bash\r\n    plain_text_passwd: blabla123!\r\n    sudo: 'ALL=(ALL) NOPASSWD:ALL'\r\n    ssh_authorized_keys:\r\n        - \u003e-\r\n          ssh-rsa AAAAB3NzaC1yc2EAAAADAQABAAABgQDAXuIAe8DVtQ+qHpbTnCMn5iP1u7WQEOLDE76PTRZ0lYc0TrWJvH+zWzpEbTK/fwzx5sw7yAlBnuR83cAOtm6y8Gk5yktOogsk71VnJ9cXKV7QWtX5o/nysqhliBWAW2jQmEMLHBf4DOFXcKpCdl0OBOtrPct976tnFXhM5n5WF0wrQ4dVikfWe57yg0BX+G+ZbNl7iDCHS8cAGEI2S0ziGOLjl0qJq+9jjCaj2bdVb5vtbz/ghplWtNKQvirxvfOC5H3XbX7aeH2sAlogeYbPs8DmFuz5Smq/+FLBZzqV7JhPMxBCpVFm6r+EzZDgiS2WB96Q3Jh0ItPz7wwJtgpLmSWeaBmWyPGAOh9MBal2RXgDIZ26EPOQTc9WX1377SaEMFSXgwq3e0mtFl5TYG+hzjujY9ik6nfjyLy1yNaPB7hq0z0cCijeJf0Nlm092Ukb1IJOndiS9LSZXjFJT+LRNz7hqyK/oj8nH4K2nx4DMH+Fj4JypSdsqmIk7aXLdYE= nomad@device\r\n  - name: steph\r\n    groups: sudo, root\r\n    shell: /bin/bash\r\n    plain_text_passwd: blabla123!\r\n    sudo: 'ALL=(ALL) NOPASSWD:ALL'\r\n    ssh_authorized_keys:\r\n        - \u003e-\r\n          ssh-rsa AAAAB3NzaC1yc2EAAAADAQABAAABgQCnBYZRoOJm/hLnbGmUBNhBEsdvUAqVb48EQql7OeYgB4pO/FFu8OIhKofBCByf1l9owEWnbWFZJhfgwQ+iNZjd+1iZtmc6cidjqQypgEc+U43avchEVdZdjK1LidIIJt0O7o8L0gARNn1PjDFLP3eUI2XN3ALUzB3sRzXKTJ1QHz8S1ByhfWXw2vhsPa9I3Jv9aE8zZuCBx/gfVQQy/FyskgK8VWRHhUl3XCgNDxUYBppnBgCCDWHpYOdzH/5XuRORdgMccDgJ/NhcCgY+erva7DlkIlzRiVxm5uMK8kvEiDn+AWI3aGsgxt3LaS+xaiw4hLLoev4V4cWTjWhZPeJSITDeWk3HAsBxDBWGvx3716ywsh7mkDJpjyXow6RXpTBke2rTmr4X9+hVGop4ZjqyTTUuTkdbYllwiaTrsuKgOJ5ne2lWp1P1IT0cD0s9j0GNl/54KaN31HFiuHVYVVA8yGp532LfRjhthpMdHiuhJbswlKTrDJR3i1iccT0aiUk= utilisateur@UTILISA-2JUD7VR\r\n  - name: ryano\r\n    groups: sudo, root\r\n    shell: /bin/bash\r\n    plain_text_passwd: blabla123!\r\n    sudo: 'ALL=(ALL) NOPASSWD:ALL'\r\n    ssh_authorized_keys:\r\n        - \u003e-\r\n          ssh-rsa AAAAB3NzaC1yc2EAAAADAQABAAABgQCuQsDbdhzBOtJvetSRXRINBLZnKEzLctl+J3hFX22doPy1Btth8i7a4cigqyQ914MIgdYr/pPOFfH7YBLa5LhF2Racx3cRT1RPobmGn2DMEcNAcWjw1Qr9TRl3HcFK59ineQ4ukoDt4jZCUyRXliCFMhqBdQU0u182UvNFf0L5bLBVzlkWyNxPo79WDDGY97HCsQLYIQcqRfsYJ0YwJ5QyGUvtUWKmMO30bhlhyQJJmG/6QQlV/m6sMiHCiEt+7Qxv5n3+c9RH5hsRyaynzsLcNmzENDqsrDsngqwzK4oe8S71YKKVn395nvZ4MIr8PB6bE/ViWpvS0bhCzANDYAj8Exk2P5WR3aI06PobLOcUjxm3E1JOFa/YcXQ8GXzmUgjGpHMztB6qSH+NSHHTqBejmvsv2DQ9nYq/NL1s7k6e+FSwWQktZNXAlVIvUGMrX51MdUxtVXteNEFe/NCj4B66Y5i2MM8VJk1lsgm8PIUj0wDjlB0f8TlUFK+vqijLt80= utilisateur@UTILISA-ASVHC0M\r\n\r\nwrite_files:\r\n  - path: /home/elastic/elasticsearch.yml\r\n    content: \"cluster.name: my-application\\nnode.name: node-1\\npath.data: /var/lib/elasticsearch\\npath.logs: /var/log/elasticsearch\\nnetwork.host: 10.4.0.4\\nxpack.security.enabled: true\\nxpack.security.enrollment.enabled: true\\nxpack.security.http.ssl:\\n  enabled: false\\n  keystore.path: certs/http.p12\\n\\nxpack.security.transport.ssl:\\n  enabled: true\\n  verification_mode: certificate\\n  keystore.path: certs/transport.p12\\n  truststore.path: certs/transport.p12\\ncluster.initial_master_nodes: [\\\"node-1\\\"]\\nhttp.host: 0.0.0.0\\n\"\r\n\r\n\r\nruncmd:\r\n  - wget -qO - https://artifacts.elastic.co/GPG-KEY-elasticsearch | sudo gpg --dearmor -o /usr/share/keyrings/elasticsearch-keyring.gpg\r\n  - echo \"deb [signed-by=/usr/share/keyrings/elasticsearch-keyring.gpg] https://artifacts.elastic.co/packages/8.x/apt stable main\" | sudo tee /etc/apt/sources.list.d/elastic-8.x.list\r\n  - sudo apt-get update\r\n  - sudo apt install elasticsearch -y\r\n  - sudo cp /etc/elasticsearch/elasticsearch.yml /home/elastic/backup_elastisearch.yml\r\n  - sudo rm /etc/elasticsearch/elasticsearch.yml\r\n  - sudo cp /home/elastic/elasticsearch.yml /etc/elasticsearch/elasticsearch.yml\r\n  - sudo chown root:elasticsearch /etc/elasticsearch/elasticsearch.yml\r\n  - sudo chmod 660 /etc/elasticsearch/elasticsearch.yml\r\n  - sudo /bin/systemctl daemon-reload\r\n  - sudo /bin/systemctl enable elasticsearch.service\r\n  - sudo systemctl start elasticsearch.service\r\n  - cd /usr/share/elasticsearch/bin \u0026\u0026 sudo ./elasticsearch-users useradd magento -p blablabla123! -r superuser\r\n\r\n\r\n",
            "vars": null
          },
          "sensitive_attributes": []
        }
      ]
    },
    {
      "mode": "managed",
      "type": "azurerm_application_gateway",
      "name": "network_gateway",
      "provider": "provider[\"registry.terraform.io/hashicorp/azurerm\"]",
      "instances": [
        {
          "schema_version": 0,
          "attributes": {
            "authentication_certificate": [],
            "autoscale_configuration": [],
            "backend_address_pool": [
              {
                "fqdns": [],
                "id": "/subscriptions/a1f74e2d-ec58-4f9a-a112-088e3469febb/resourceGroups/brief4_QB/providers/Microsoft.Network/applicationGateways/gateway-brief4/backendAddressPools/network-beap",
                "ip_addresses": [],
                "name": "network-beap"
              }
            ],
            "backend_http_settings": [
              {
                "affinity_cookie_name": "",
                "authentication_certificate": [],
                "connection_draining": [],
                "cookie_based_affinity": "Disabled",
                "host_name": "",
                "id": "/subscriptions/a1f74e2d-ec58-4f9a-a112-088e3469febb/resourceGroups/brief4_QB/providers/Microsoft.Network/applicationGateways/gateway-brief4/backendHttpSettingsCollection/network-be-htst",
                "name": "network-be-htst",
                "path": "/",
                "pick_host_name_from_backend_address": false,
                "port": 80,
                "probe_id": "",
                "probe_name": "",
                "protocol": "Http",
                "request_timeout": 60,
                "trusted_root_certificate_names": []
              }
            ],
            "custom_error_configuration": [],
            "enable_http2": false,
            "fips_enabled": false,
            "firewall_policy_id": null,
            "force_firewall_policy_association": false,
            "frontend_ip_configuration": [
              {
                "id": "/subscriptions/a1f74e2d-ec58-4f9a-a112-088e3469febb/resourceGroups/brief4_QB/providers/Microsoft.Network/applicationGateways/gateway-brief4/frontendIPConfigurations/network-feip",
                "name": "network-feip",
                "private_ip_address": "",
                "private_ip_address_allocation": "Dynamic",
                "private_link_configuration_id": "",
                "private_link_configuration_name": "",
                "public_ip_address_id": "/subscriptions/a1f74e2d-ec58-4f9a-a112-088e3469febb/resourceGroups/brief4_QB/providers/Microsoft.Network/publicIPAddresses/ip_gateway",
                "subnet_id": ""
              }
            ],
            "frontend_port": [
              {
                "id": "/subscriptions/a1f74e2d-ec58-4f9a-a112-088e3469febb/resourceGroups/brief4_QB/providers/Microsoft.Network/applicationGateways/gateway-brief4/frontendPorts/network-feport",
                "name": "network-feport",
                "port": 80
              },
              {
                "id": "/subscriptions/a1f74e2d-ec58-4f9a-a112-088e3469febb/resourceGroups/brief4_QB/providers/Microsoft.Network/applicationGateways/gateway-brief4/frontendPorts/network-feport2",
                "name": "network-feport2",
                "port": 443
              }
            ],
            "gateway_ip_configuration": [
              {
                "id": "/subscriptions/a1f74e2d-ec58-4f9a-a112-088e3469febb/resourceGroups/brief4_QB/providers/Microsoft.Network/applicationGateways/gateway-brief4/gatewayIPConfigurations/my-gateway-ip-configuration",
                "name": "my-gateway-ip-configuration",
                "subnet_id": "/subscriptions/a1f74e2d-ec58-4f9a-a112-088e3469febb/resourceGroups/brief4_QB/providers/Microsoft.Network/virtualNetworks/network/subnets/subnet_gateway"
              }
            ],
            "global": [],
            "http_listener": [
              {
                "custom_error_configuration": [],
                "firewall_policy_id": "",
                "frontend_ip_configuration_id": "/subscriptions/a1f74e2d-ec58-4f9a-a112-088e3469febb/resourceGroups/brief4_QB/providers/Microsoft.Network/applicationGateways/gateway-brief4/frontendIPConfigurations/network-feip",
                "frontend_ip_configuration_name": "network-feip",
                "frontend_port_id": "/subscriptions/a1f74e2d-ec58-4f9a-a112-088e3469febb/resourceGroups/brief4_QB/providers/Microsoft.Network/applicationGateways/gateway-brief4/frontendPorts/network-feport",
                "frontend_port_name": "network-feport",
                "host_name": "",
                "host_names": [],
                "id": "/subscriptions/a1f74e2d-ec58-4f9a-a112-088e3469febb/resourceGroups/brief4_QB/providers/Microsoft.Network/applicationGateways/gateway-brief4/httpListeners/network-httplstn",
                "name": "network-httplstn",
                "protocol": "Http",
                "require_sni": false,
                "ssl_certificate_id": "",
                "ssl_certificate_name": "",
                "ssl_profile_id": "",
                "ssl_profile_name": ""
              },
              {
                "custom_error_configuration": [],
                "firewall_policy_id": "",
                "frontend_ip_configuration_id": "/subscriptions/a1f74e2d-ec58-4f9a-a112-088e3469febb/resourceGroups/brief4_QB/providers/Microsoft.Network/applicationGateways/gateway-brief4/frontendIPConfigurations/network-feip",
                "frontend_ip_configuration_name": "network-feip",
                "frontend_port_id": "/subscriptions/a1f74e2d-ec58-4f9a-a112-088e3469febb/resourceGroups/brief4_QB/providers/Microsoft.Network/applicationGateways/gateway-brief4/frontendPorts/network-feport2",
                "frontend_port_name": "network-feport2",
                "host_name": "",
                "host_names": [],
                "id": "/subscriptions/a1f74e2d-ec58-4f9a-a112-088e3469febb/resourceGroups/brief4_QB/providers/Microsoft.Network/applicationGateways/gateway-brief4/httpListeners/network-httplstn2",
                "name": "network-httplstn2",
                "protocol": "Https",
                "require_sni": false,
                "ssl_certificate_id": "/subscriptions/a1f74e2d-ec58-4f9a-a112-088e3469febb/resourceGroups/brief4_QB/providers/Microsoft.Network/applicationGateways/gateway-brief4/sslCertificates/tls_cert",
                "ssl_certificate_name": "tls_cert",
                "ssl_profile_id": "",
                "ssl_profile_name": ""
              }
            ],
            "id": "/subscriptions/a1f74e2d-ec58-4f9a-a112-088e3469febb/resourceGroups/brief4_QB/providers/Microsoft.Network/applicationGateways/gateway-brief4",
            "identity": [
              {
                "identity_ids": [
                  "/subscriptions/a1f74e2d-ec58-4f9a-a112-088e3469febb/resourceGroups/brief4_QB/providers/Microsoft.ManagedIdentity/userAssignedIdentities/id-magento"
                ],
                "type": "UserAssigned"
              }
            ],
            "location": "eastus2",
            "name": "gateway-brief4",
            "private_endpoint_connection": [],
            "private_link_configuration": [],
            "probe": [],
            "redirect_configuration": [
              {
                "id": "/subscriptions/a1f74e2d-ec58-4f9a-a112-088e3469febb/resourceGroups/brief4_QB/providers/Microsoft.Network/applicationGateways/gateway-brief4/redirectConfigurations/LetsEncryptChallenge",
                "include_path": false,
                "include_query_string": false,
                "name": "LetsEncryptChallenge",
                "redirect_type": "Permanent",
                "target_listener_id": "",
                "target_listener_name": "",
                "target_url": "https://statls.blob.core.windows.net/stacontainer/.well-known/acme-challenge/"
              }
            ],
            "request_routing_rule": [
              {
                "backend_address_pool_id": "",
                "backend_address_pool_name": "",
                "backend_http_settings_id": "",
                "backend_http_settings_name": "",
                "http_listener_id": "/subscriptions/a1f74e2d-ec58-4f9a-a112-088e3469febb/resourceGroups/brief4_QB/providers/Microsoft.Network/applicationGateways/gateway-brief4/httpListeners/network-httplstn2",
                "http_listener_name": "network-httplstn2",
                "id": "/subscriptions/a1f74e2d-ec58-4f9a-a112-088e3469febb/resourceGroups/brief4_QB/providers/Microsoft.Network/applicationGateways/gateway-brief4/requestRoutingRules/tls-rule",
                "name": "tls-rule",
                "priority": 100,
                "redirect_configuration_id": "",
                "redirect_configuration_name": "",
                "rewrite_rule_set_id": "",
                "rewrite_rule_set_name": "",
                "rule_type": "PathBasedRouting",
                "url_path_map_id": "/subscriptions/a1f74e2d-ec58-4f9a-a112-088e3469febb/resourceGroups/brief4_QB/providers/Microsoft.Network/applicationGateways/gateway-brief4/urlPathMaps/test",
                "url_path_map_name": "test"
              },
              {
                "backend_address_pool_id": "/subscriptions/a1f74e2d-ec58-4f9a-a112-088e3469febb/resourceGroups/brief4_QB/providers/Microsoft.Network/applicationGateways/gateway-brief4/backendAddressPools/network-beap",
                "backend_address_pool_name": "network-beap",
                "backend_http_settings_id": "/subscriptions/a1f74e2d-ec58-4f9a-a112-088e3469febb/resourceGroups/brief4_QB/providers/Microsoft.Network/applicationGateways/gateway-brief4/backendHttpSettingsCollection/network-be-htst",
                "backend_http_settings_name": "network-be-htst",
                "http_listener_id": "/subscriptions/a1f74e2d-ec58-4f9a-a112-088e3469febb/resourceGroups/brief4_QB/providers/Microsoft.Network/applicationGateways/gateway-brief4/httpListeners/network-httplstn",
                "http_listener_name": "network-httplstn",
                "id": "/subscriptions/a1f74e2d-ec58-4f9a-a112-088e3469febb/resourceGroups/brief4_QB/providers/Microsoft.Network/applicationGateways/gateway-brief4/requestRoutingRules/rule_magento",
                "name": "rule_magento",
                "priority": 200,
                "redirect_configuration_id": "",
                "redirect_configuration_name": "",
                "rewrite_rule_set_id": "",
                "rewrite_rule_set_name": "",
                "rule_type": "Basic",
                "url_path_map_id": "",
                "url_path_map_name": ""
              }
            ],
            "resource_group_name": "brief4_QB",
            "rewrite_rule_set": [],
            "sku": [
              {
                "capacity": 2,
                "name": "Standard_v2",
                "tier": "Standard_v2"
              }
            ],
            "ssl_certificate": [
              {
                "data": "",
                "id": "/subscriptions/a1f74e2d-ec58-4f9a-a112-088e3469febb/resourceGroups/brief4_QB/providers/Microsoft.Network/applicationGateways/gateway-brief4/sslCertificates/tls_cert",
                "key_vault_secret_id": "https://keyvaultmagento.vault.azure.net/secrets/key-magento-app/ccde2bf983aa442c93fc3fb9ff248120",
                "name": "tls_cert",
                "password": "",
                "public_cert_data": ""
              }
            ],
            "ssl_policy": [
              {
                "cipher_suites": [],
                "disabled_protocols": [],
                "min_protocol_version": "",
                "policy_name": "AppGwSslPolicy20150501",
                "policy_type": "Predefined"
              }
            ],
            "ssl_profile": [],
            "tags": {},
            "timeouts": null,
            "trusted_client_certificate": [],
            "trusted_root_certificate": [],
            "url_path_map": [
              {
                "default_backend_address_pool_id": "/subscriptions/a1f74e2d-ec58-4f9a-a112-088e3469febb/resourceGroups/brief4_QB/providers/Microsoft.Network/applicationGateways/gateway-brief4/backendAddressPools/network-beap",
                "default_backend_address_pool_name": "network-beap",
                "default_backend_http_settings_id": "/subscriptions/a1f74e2d-ec58-4f9a-a112-088e3469febb/resourceGroups/brief4_QB/providers/Microsoft.Network/applicationGateways/gateway-brief4/backendHttpSettingsCollection/network-be-htst",
                "default_backend_http_settings_name": "network-be-htst",
                "default_redirect_configuration_id": "",
                "default_redirect_configuration_name": "",
                "default_rewrite_rule_set_id": "",
                "default_rewrite_rule_set_name": "",
                "id": "/subscriptions/a1f74e2d-ec58-4f9a-a112-088e3469febb/resourceGroups/brief4_QB/providers/Microsoft.Network/applicationGateways/gateway-brief4/urlPathMaps/test",
                "name": "test",
                "path_rule": [
                  {
                    "backend_address_pool_id": "",
                    "backend_address_pool_name": "",
                    "backend_http_settings_id": "",
                    "backend_http_settings_name": "",
                    "firewall_policy_id": "",
                    "id": "/subscriptions/a1f74e2d-ec58-4f9a-a112-088e3469febb/resourceGroups/brief4_QB/providers/Microsoft.Network/applicationGateways/gateway-brief4/urlPathMaps/test/pathRules/letsencrypt",
                    "name": "letsencrypt",
                    "paths": [
                      "/.well-known/acme-challenge/*"
                    ],
                    "redirect_configuration_id": "/subscriptions/a1f74e2d-ec58-4f9a-a112-088e3469febb/resourceGroups/brief4_QB/providers/Microsoft.Network/applicationGateways/gateway-brief4/redirectConfigurations/LetsEncryptChallenge",
                    "redirect_configuration_name": "LetsEncryptChallenge",
                    "rewrite_rule_set_id": "",
                    "rewrite_rule_set_name": ""
                  }
                ]
              }
            ],
            "waf_configuration": [],
            "zones": []
          },
          "sensitive_attributes": [],
          "private": "eyJlMmJmYjczMC1lY2FhLTExZTYtOGY4OC0zNDM2M2JjN2M0YzAiOnsiY3JlYXRlIjo1NDAwMDAwMDAwMDAwLCJkZWxldGUiOjU0MDAwMDAwMDAwMDAsInJlYWQiOjMwMDAwMDAwMDAwMCwidXBkYXRlIjo1NDAwMDAwMDAwMDAwfX0=",
          "dependencies": [
            "azurerm_key_vault.keyvault",
            "azurerm_key_vault_certificate.example",
            "azurerm_public_ip.public_ip_gateway",
            "azurerm_resource_group.rg",
            "azurerm_subnet.subnet_gateway",
            "azurerm_user_assigned_identity.id-magento",
            "azurerm_virtual_network.network",
            "data.azurerm_client_config.current"
          ]
        }
      ]
    },
    {
      "mode": "managed",
      "type": "azurerm_application_insights",
      "name": "insight",
      "provider": "provider[\"registry.terraform.io/hashicorp/azurerm\"]",
      "instances": [
        {
          "schema_version": 1,
          "attributes": {
            "app_id": "9d2c8cff-b11d-4144-b407-d07e6cf16bfc",
            "application_type": "web",
            "connection_string": "InstrumentationKey=57924847-cdea-45c0-8c06-f8e412a7fcd0;IngestionEndpoint=https://eastus2-0.in.applicationinsights.azure.com/;LiveEndpoint=https://eastus2.livediagnostics.monitor.azure.com/",
            "daily_data_cap_in_gb": 100,
            "daily_data_cap_notifications_disabled": false,
            "disable_ip_masking": false,
            "force_customer_storage_for_profiler": false,
            "id": "/subscriptions/a1f74e2d-ec58-4f9a-a112-088e3469febb/resourceGroups/brief4_QB/providers/Microsoft.Insights/components/insights-magento",
            "instrumentation_key": "57924847-cdea-45c0-8c06-f8e412a7fcd0",
            "internet_ingestion_enabled": true,
            "internet_query_enabled": true,
            "local_authentication_disabled": false,
            "location": "eastus2",
            "name": "insights-magento",
            "resource_group_name": "brief4_QB",
            "retention_in_days": 90,
            "sampling_percentage": 100,
            "tags": {},
            "timeouts": null,
            "workspace_id": null
          },
          "sensitive_attributes": [],
          "private": "eyJlMmJmYjczMC1lY2FhLTExZTYtOGY4OC0zNDM2M2JjN2M0YzAiOnsiY3JlYXRlIjozNjAwMDAwMDAwMDAwLCJkZWxldGUiOjE4MDAwMDAwMDAwMDAsInJlYWQiOjMwMDAwMDAwMDAwMCwidXBkYXRlIjoxODAwMDAwMDAwMDAwfSwic2NoZW1hX3ZlcnNpb24iOiIxIn0=",
          "dependencies": [
            "azurerm_resource_group.rg"
          ]
        }
      ]
    },
    {
      "mode": "managed",
      "type": "azurerm_backup_container_storage_account",
      "name": "protection-container01",
      "provider": "provider[\"registry.terraform.io/hashicorp/azurerm\"]",
      "instances": [
        {
          "schema_version": 0,
          "attributes": {
            "id": "/subscriptions/a1f74e2d-ec58-4f9a-a112-088e3469febb/resourceGroups/brief4_QB/providers/Microsoft.RecoveryServices/vaults/magento-recovery-vault/backupFabrics/Azure/protectionContainers/StorageContainer;storage;brief4_QB;staapp",
            "recovery_vault_name": "magento-recovery-vault",
            "resource_group_name": "brief4_QB",
            "storage_account_id": "/subscriptions/a1f74e2d-ec58-4f9a-a112-088e3469febb/resourceGroups/brief4_QB/providers/Microsoft.Storage/storageAccounts/staapp",
            "timeouts": null
          },
          "sensitive_attributes": [],
          "private": "eyJlMmJmYjczMC1lY2FhLTExZTYtOGY4OC0zNDM2M2JjN2M0YzAiOnsiY3JlYXRlIjoxODAwMDAwMDAwMDAwLCJkZWxldGUiOjE4MDAwMDAwMDAwMDAsInJlYWQiOjMwMDAwMDAwMDAwMCwidXBkYXRlIjoxODAwMDAwMDAwMDAwfX0=",
          "dependencies": [
            "azurerm_recovery_services_vault.magento-rsvault",
            "azurerm_resource_group.rg",
            "azurerm_storage_account.Storage_share01"
          ]
        }
      ]
    },
    {
      "mode": "managed",
      "type": "azurerm_backup_policy_file_share",
      "name": "magentopolicy01",
      "provider": "provider[\"registry.terraform.io/hashicorp/azurerm\"]",
      "instances": [
        {
          "schema_version": 0,
          "attributes": {
            "backup": [
              {
                "frequency": "Daily",
                "time": "14:00"
              }
            ],
            "id": "/subscriptions/a1f74e2d-ec58-4f9a-a112-088e3469febb/resourceGroups/brief4_QB/providers/Microsoft.RecoveryServices/vaults/magento-recovery-vault/backupPolicies/recovery-vault-magentopolicy01",
            "name": "recovery-vault-magentopolicy01",
            "recovery_vault_name": "magento-recovery-vault",
            "resource_group_name": "brief4_QB",
            "retention_daily": [
              {
                "count": 14
              }
            ],
            "retention_monthly": [],
            "retention_weekly": [],
            "retention_yearly": [],
            "timeouts": null,
            "timezone": "UTC"
          },
          "sensitive_attributes": [],
          "private": "eyJlMmJmYjczMC1lY2FhLTExZTYtOGY4OC0zNDM2M2JjN2M0YzAiOnsiY3JlYXRlIjoxODAwMDAwMDAwMDAwLCJkZWxldGUiOjE4MDAwMDAwMDAwMDAsInJlYWQiOjMwMDAwMDAwMDAwMCwidXBkYXRlIjoxODAwMDAwMDAwMDAwfX0=",
          "dependencies": [
            "azurerm_recovery_services_vault.magento-rsvault",
            "azurerm_resource_group.rg"
          ]
        }
      ]
    },
    {
      "mode": "managed",
      "type": "azurerm_backup_protected_file_share",
      "name": "share1",
      "provider": "provider[\"registry.terraform.io/hashicorp/azurerm\"]",
      "instances": [
        {
          "schema_version": 0,
          "attributes": {
            "backup_policy_id": "/subscriptions/a1f74e2d-ec58-4f9a-a112-088e3469febb/resourceGroups/brief4_QB/providers/Microsoft.RecoveryServices/vaults/magento-recovery-vault/backupPolicies/recovery-vault-magentopolicy01",
            "id": "/subscriptions/a1f74e2d-ec58-4f9a-a112-088e3469febb/resourceGroups/brief4_QB/providers/Microsoft.RecoveryServices/vaults/magento-recovery-vault/backupFabrics/Azure/protectionContainers/StorageContainer;storage;brief4_QB;staapp/protectedItems/AzureFileShare;64ee728d3ecf3e6dc6355380200a79682f51b7f8c58b5ca76bfe189825989d88",
            "recovery_vault_name": "magento-recovery-vault",
            "resource_group_name": "brief4_QB",
            "source_file_share_name": "magentoshare01",
            "source_storage_account_id": "/subscriptions/a1f74e2d-ec58-4f9a-a112-088e3469febb/resourceGroups/brief4_QB/providers/Microsoft.Storage/storageAccounts/staapp",
            "timeouts": null
          },
          "sensitive_attributes": [],
          "private": "eyJlMmJmYjczMC1lY2FhLTExZTYtOGY4OC0zNDM2M2JjN2M0YzAiOnsiY3JlYXRlIjo0ODAwMDAwMDAwMDAwLCJkZWxldGUiOjQ4MDAwMDAwMDAwMDAsInJlYWQiOjMwMDAwMDAwMDAwMCwidXBkYXRlIjo0ODAwMDAwMDAwMDAwfX0=",
          "dependencies": [
            "azurerm_backup_container_storage_account.protection-container01",
            "azurerm_backup_policy_file_share.magentopolicy01",
            "azurerm_recovery_services_vault.magento-rsvault",
            "azurerm_resource_group.rg",
            "azurerm_storage_account.Storage_share01",
            "azurerm_storage_share.smb_share"
          ]
        }
      ]
    },
    {
      "mode": "managed",
      "type": "azurerm_key_vault",
      "name": "keyvault",
      "provider": "provider[\"registry.terraform.io/hashicorp/azurerm\"]",
      "instances": [
        {
          "schema_version": 2,
          "attributes": {
            "access_policy": [
              {
                "application_id": "",
                "certificate_permissions": [
                  "Create",
                  "Delete",
                  "DeleteIssuers",
                  "Get",
                  "GetIssuers",
                  "Import",
                  "List",
                  "ListIssuers",
                  "ManageContacts",
                  "ManageIssuers",
                  "SetIssuers",
                  "Update",
                  "Purge"
                ],
                "key_permissions": [
                  "Backup",
                  "Create",
                  "Decrypt",
                  "Delete",
                  "Encrypt",
                  "Get",
                  "Import",
                  "List",
                  "Purge",
                  "Recover",
                  "Restore",
                  "Sign",
                  "UnwrapKey",
                  "Update",
                  "Verify",
                  "WrapKey"
                ],
                "object_id": "097011b1-744f-4707-9581-ad0aac54fd81",
                "secret_permissions": [
                  "Backup",
                  "Delete",
                  "Get",
                  "List",
                  "Purge",
                  "Recover",
                  "Restore",
                  "Set"
                ],
                "storage_permissions": [],
                "tenant_id": "a2e466aa-4f86-4545-b5b8-97da7c8febf3"
              },
              {
                "application_id": "",
                "certificate_permissions": [
                  "Create",
                  "Delete",
                  "DeleteIssuers",
                  "Get",
                  "GetIssuers",
                  "Import",
                  "List",
                  "ListIssuers",
                  "ManageContacts",
                  "ManageIssuers",
                  "SetIssuers",
                  "Update",
                  "Purge"
                ],
                "key_permissions": [
                  "Backup",
                  "Create",
                  "Decrypt",
                  "Delete",
                  "Encrypt",
                  "Get",
                  "Import",
                  "List",
                  "Purge",
                  "Recover",
                  "Restore",
                  "Sign",
                  "UnwrapKey",
                  "Update",
                  "Verify",
                  "WrapKey",
                  "Release",
                  "Rotate",
                  "GetRotationPolicy",
                  "SetRotationPolicy"
                ],
                "object_id": "22cfcf9a-6cb8-40e5-a220-2c3c9d0ae144",
                "secret_permissions": [
                  "Backup",
                  "Delete",
                  "Get",
                  "List",
                  "Purge",
                  "Recover",
                  "Restore",
                  "Set"
                ],
                "storage_permissions": [],
                "tenant_id": "a2e466aa-4f86-4545-b5b8-97da7c8febf3"
              },
              {
                "application_id": "",
                "certificate_permissions": [
                  "Create",
                  "Delete",
                  "DeleteIssuers",
                  "Get",
                  "GetIssuers",
                  "Import",
                  "List",
                  "ListIssuers",
                  "ManageContacts",
                  "ManageIssuers",
                  "SetIssuers",
                  "Update",
                  "Purge"
                ],
                "key_permissions": [
                  "Backup",
                  "Create",
                  "Decrypt",
                  "Delete",
                  "Encrypt",
                  "Get",
                  "Import",
                  "List",
                  "Purge",
                  "Recover",
                  "Restore",
                  "Sign",
                  "UnwrapKey",
                  "Update",
                  "Verify",
                  "WrapKey",
                  "Release",
                  "Rotate",
                  "GetRotationPolicy",
                  "SetRotationPolicy"
                ],
                "object_id": "d91c4c59-4443-4767-ae8f-2e2c81dd76d6",
                "secret_permissions": [
                  "Backup",
                  "Delete",
                  "Get",
                  "List",
                  "Purge",
                  "Recover",
                  "Restore",
                  "Set"
                ],
                "storage_permissions": [],
                "tenant_id": "a2e466aa-4f86-4545-b5b8-97da7c8febf3"
              },
              {
                "application_id": "",
                "certificate_permissions": [
                  "Create",
                  "Delete",
                  "DeleteIssuers",
                  "Get",
                  "GetIssuers",
                  "Import",
                  "List",
                  "ListIssuers",
                  "ManageContacts",
                  "ManageIssuers",
                  "SetIssuers",
                  "Update",
                  "Purge"
                ],
                "key_permissions": [
                  "Backup",
                  "Create",
                  "Decrypt",
                  "Delete",
                  "Encrypt",
                  "Get",
                  "Import",
                  "List",
                  "Purge",
                  "Recover",
                  "Restore",
                  "Sign",
                  "UnwrapKey",
                  "Update",
                  "Verify",
                  "WrapKey",
                  "Release",
                  "Rotate",
                  "GetRotationPolicy",
                  "SetRotationPolicy"
                ],
                "object_id": "a02f7f4e-f18b-4ea6-b632-db6efd575b1d",
                "secret_permissions": [
                  "Backup",
                  "Delete",
                  "Get",
                  "List",
                  "Purge",
                  "Recover",
                  "Restore",
                  "Set"
                ],
                "storage_permissions": [],
                "tenant_id": "a2e466aa-4f86-4545-b5b8-97da7c8febf3"
              }
            ],
            "contact": [],
            "enable_rbac_authorization": false,
            "enabled_for_deployment": false,
            "enabled_for_disk_encryption": true,
            "enabled_for_template_deployment": false,
            "id": "/subscriptions/a1f74e2d-ec58-4f9a-a112-088e3469febb/resourceGroups/brief4_QB/providers/Microsoft.KeyVault/vaults/keyvaultmagento",
            "location": "eastus2",
            "name": "keyvaultmagento",
            "network_acls": [
              {
                "bypass": "AzureServices",
                "default_action": "Allow",
                "ip_rules": [],
                "virtual_network_subnet_ids": []
              }
            ],
            "public_network_access_enabled": true,
            "purge_protection_enabled": false,
            "resource_group_name": "brief4_QB",
            "sku_name": "premium",
            "soft_delete_retention_days": 7,
            "tags": {},
            "tenant_id": "a2e466aa-4f86-4545-b5b8-97da7c8febf3",
            "timeouts": null,
            "vault_uri": "https://keyvaultmagento.vault.azure.net/"
          },
          "sensitive_attributes": [],
          "private": "eyJlMmJmYjczMC1lY2FhLTExZTYtOGY4OC0zNDM2M2JjN2M0YzAiOnsiY3JlYXRlIjoxODAwMDAwMDAwMDAwLCJkZWxldGUiOjE4MDAwMDAwMDAwMDAsInJlYWQiOjMwMDAwMDAwMDAwMCwidXBkYXRlIjoxODAwMDAwMDAwMDAwfSwic2NoZW1hX3ZlcnNpb24iOiIyIn0=",
          "dependencies": [
            "azurerm_resource_group.rg",
            "data.azurerm_client_config.current"
          ]
        }
      ]
    },
    {
      "mode": "managed",
      "type": "azurerm_key_vault_access_policy",
      "name": "admin",
      "provider": "provider[\"registry.terraform.io/hashicorp/azurerm\"]",
      "instances": [
        {
          "schema_version": 0,
          "attributes": {
            "application_id": "",
            "certificate_permissions": [
              "Create",
              "Delete",
              "DeleteIssuers",
              "Get",
              "GetIssuers",
              "Import",
              "List",
              "ListIssuers",
              "ManageContacts",
              "ManageIssuers",
              "SetIssuers",
              "Update",
              "Purge"
            ],
            "id": "/subscriptions/a1f74e2d-ec58-4f9a-a112-088e3469febb/resourceGroups/brief4_QB/providers/Microsoft.KeyVault/vaults/keyvaultmagento/objectId/d91c4c59-4443-4767-ae8f-2e2c81dd76d6",
            "key_permissions": [
              "Backup",
              "Create",
              "Decrypt",
              "Delete",
              "Encrypt",
              "Get",
              "Import",
              "List",
              "Purge",
              "Recover",
              "Restore",
              "Sign",
              "UnwrapKey",
              "Update",
              "Verify",
              "WrapKey",
              "Release",
              "Rotate",
              "GetRotationPolicy",
              "SetRotationPolicy"
            ],
            "key_vault_id": "/subscriptions/a1f74e2d-ec58-4f9a-a112-088e3469febb/resourceGroups/brief4_QB/providers/Microsoft.KeyVault/vaults/keyvaultmagento",
            "object_id": "d91c4c59-4443-4767-ae8f-2e2c81dd76d6",
            "secret_permissions": [
              "Backup",
              "Delete",
              "Get",
              "List",
              "Purge",
              "Recover",
              "Restore",
              "Set"
            ],
            "storage_permissions": [],
            "tenant_id": "a2e466aa-4f86-4545-b5b8-97da7c8febf3",
            "timeouts": null
          },
          "sensitive_attributes": [],
          "private": "eyJlMmJmYjczMC1lY2FhLTExZTYtOGY4OC0zNDM2M2JjN2M0YzAiOnsiY3JlYXRlIjoxODAwMDAwMDAwMDAwLCJkZWxldGUiOjE4MDAwMDAwMDAwMDAsInJlYWQiOjMwMDAwMDAwMDAwMCwidXBkYXRlIjoxODAwMDAwMDAwMDAwfX0=",
          "dependencies": [
            "azurerm_key_vault.keyvault",
            "azurerm_resource_group.rg",
            "data.azuread_user.mybigq",
            "data.azurerm_client_config.current"
          ]
        }
      ]
    },
    {
      "mode": "managed",
      "type": "azurerm_key_vault_access_policy",
      "name": "app",
      "provider": "provider[\"registry.terraform.io/hashicorp/azurerm\"]",
      "instances": [
        {
          "schema_version": 0,
          "attributes": {
            "application_id": "",
            "certificate_permissions": [
              "Create",
              "Delete",
              "DeleteIssuers",
              "Get",
              "GetIssuers",
              "Import",
              "List",
              "ListIssuers",
              "ManageContacts",
              "ManageIssuers",
              "SetIssuers",
              "Update",
              "Purge"
            ],
            "id": "/subscriptions/a1f74e2d-ec58-4f9a-a112-088e3469febb/resourceGroups/brief4_QB/providers/Microsoft.KeyVault/vaults/keyvaultmagento/objectId/097011b1-744f-4707-9581-ad0aac54fd81",
            "key_permissions": [
              "Backup",
              "Create",
              "Decrypt",
              "Delete",
              "Encrypt",
              "Get",
              "Import",
              "List",
              "Purge",
              "Recover",
              "Restore",
              "Sign",
              "UnwrapKey",
              "Update",
              "Verify",
              "WrapKey"
            ],
            "key_vault_id": "/subscriptions/a1f74e2d-ec58-4f9a-a112-088e3469febb/resourceGroups/brief4_QB/providers/Microsoft.KeyVault/vaults/keyvaultmagento",
            "object_id": "097011b1-744f-4707-9581-ad0aac54fd81",
            "secret_permissions": [
              "Backup",
              "Delete",
              "Get",
              "List",
              "Purge",
              "Recover",
              "Restore",
              "Set"
            ],
            "storage_permissions": [],
            "tenant_id": "a2e466aa-4f86-4545-b5b8-97da7c8febf3",
            "timeouts": null
          },
          "sensitive_attributes": [],
          "private": "eyJlMmJmYjczMC1lY2FhLTExZTYtOGY4OC0zNDM2M2JjN2M0YzAiOnsiY3JlYXRlIjoxODAwMDAwMDAwMDAwLCJkZWxldGUiOjE4MDAwMDAwMDAwMDAsInJlYWQiOjMwMDAwMDAwMDAwMCwidXBkYXRlIjoxODAwMDAwMDAwMDAwfX0=",
          "dependencies": [
            "azurerm_key_vault.keyvault",
            "azurerm_resource_group.rg",
            "azurerm_user_assigned_identity.id-magento",
            "data.azurerm_client_config.current"
          ]
        }
      ]
    },
    {
      "mode": "managed",
      "type": "azurerm_key_vault_access_policy",
      "name": "mybigr",
      "provider": "provider[\"registry.terraform.io/hashicorp/azurerm\"]",
      "instances": [
        {
          "schema_version": 0,
          "attributes": {
            "application_id": "",
            "certificate_permissions": [
              "Create",
              "Delete",
              "DeleteIssuers",
              "Get",
              "GetIssuers",
              "Import",
              "List",
              "ListIssuers",
              "ManageContacts",
              "ManageIssuers",
              "SetIssuers",
              "Update",
              "Purge"
            ],
            "id": "/subscriptions/a1f74e2d-ec58-4f9a-a112-088e3469febb/resourceGroups/brief4_QB/providers/Microsoft.KeyVault/vaults/keyvaultmagento/objectId/a02f7f4e-f18b-4ea6-b632-db6efd575b1d",
            "key_permissions": [
              "Backup",
              "Create",
              "Decrypt",
              "Delete",
              "Encrypt",
              "Get",
              "Import",
              "List",
              "Purge",
              "Recover",
              "Restore",
              "Sign",
              "UnwrapKey",
              "Update",
              "Verify",
              "WrapKey",
              "Release",
              "Rotate",
              "GetRotationPolicy",
              "SetRotationPolicy"
            ],
            "key_vault_id": "/subscriptions/a1f74e2d-ec58-4f9a-a112-088e3469febb/resourceGroups/brief4_QB/providers/Microsoft.KeyVault/vaults/keyvaultmagento",
            "object_id": "a02f7f4e-f18b-4ea6-b632-db6efd575b1d",
            "secret_permissions": [
              "Backup",
              "Delete",
              "Get",
              "List",
              "Purge",
              "Recover",
              "Restore",
              "Set"
            ],
            "storage_permissions": [],
            "tenant_id": "a2e466aa-4f86-4545-b5b8-97da7c8febf3",
            "timeouts": null
          },
          "sensitive_attributes": [],
          "private": "eyJlMmJmYjczMC1lY2FhLTExZTYtOGY4OC0zNDM2M2JjN2M0YzAiOnsiY3JlYXRlIjoxODAwMDAwMDAwMDAwLCJkZWxldGUiOjE4MDAwMDAwMDAwMDAsInJlYWQiOjMwMDAwMDAwMDAwMCwidXBkYXRlIjoxODAwMDAwMDAwMDAwfX0=",
          "dependencies": [
            "azurerm_key_vault.keyvault",
            "azurerm_resource_group.rg",
            "data.azuread_user.mybigr",
            "data.azurerm_client_config.current"
          ]
        }
      ]
    },
    {
      "mode": "managed",
      "type": "azurerm_key_vault_access_policy",
      "name": "mybigstep",
      "provider": "provider[\"registry.terraform.io/hashicorp/azurerm\"]",
      "instances": [
        {
          "schema_version": 0,
          "attributes": {
            "application_id": "",
            "certificate_permissions": [
              "Create",
              "Delete",
              "DeleteIssuers",
              "Get",
              "GetIssuers",
              "Import",
              "List",
              "ListIssuers",
              "ManageContacts",
              "ManageIssuers",
              "SetIssuers",
              "Update",
              "Purge"
            ],
            "id": "/subscriptions/a1f74e2d-ec58-4f9a-a112-088e3469febb/resourceGroups/brief4_QB/providers/Microsoft.KeyVault/vaults/keyvaultmagento/objectId/22cfcf9a-6cb8-40e5-a220-2c3c9d0ae144",
            "key_permissions": [
              "Backup",
              "Create",
              "Decrypt",
              "Delete",
              "Encrypt",
              "Get",
              "Import",
              "List",
              "Purge",
              "Recover",
              "Restore",
              "Sign",
              "UnwrapKey",
              "Update",
              "Verify",
              "WrapKey",
              "Release",
              "Rotate",
              "GetRotationPolicy",
              "SetRotationPolicy"
            ],
            "key_vault_id": "/subscriptions/a1f74e2d-ec58-4f9a-a112-088e3469febb/resourceGroups/brief4_QB/providers/Microsoft.KeyVault/vaults/keyvaultmagento",
            "object_id": "22cfcf9a-6cb8-40e5-a220-2c3c9d0ae144",
            "secret_permissions": [
              "Backup",
              "Delete",
              "Get",
              "List",
              "Purge",
              "Recover",
              "Restore",
              "Set"
            ],
            "storage_permissions": [],
            "tenant_id": "a2e466aa-4f86-4545-b5b8-97da7c8febf3",
            "timeouts": null
          },
          "sensitive_attributes": [],
          "private": "eyJlMmJmYjczMC1lY2FhLTExZTYtOGY4OC0zNDM2M2JjN2M0YzAiOnsiY3JlYXRlIjoxODAwMDAwMDAwMDAwLCJkZWxldGUiOjE4MDAwMDAwMDAwMDAsInJlYWQiOjMwMDAwMDAwMDAwMCwidXBkYXRlIjoxODAwMDAwMDAwMDAwfX0=",
          "dependencies": [
            "azurerm_key_vault.keyvault",
            "azurerm_resource_group.rg",
            "data.azuread_user.mybigstep",
            "data.azurerm_client_config.current"
          ]
        }
      ]
    },
    {
      "mode": "managed",
      "type": "azurerm_key_vault_certificate",
      "name": "example",
      "provider": "provider[\"registry.terraform.io/hashicorp/azurerm\"]",
      "instances": [
        {
          "schema_version": 0,
          "attributes": {
            "certificate": [
              {
                "contents": "MIILmQIBAzCCC18GCSqGSIb3DQEHAaCCC1AEggtMMIILSDCCBf8GCSqGSIb3DQEHBqCCBfAwggXsAgEAMIIF5QYJKoZIhvcNAQcBMBwGCiqGSIb3DQEMAQYwDgQIi2/KuVlOr9ICAggAgIIFuEG18H7vy+/HLeDS+5C7Pdvn5t0if8GLGJDP274yOXPieJeV9jHCgcaC6PW47JD4mkc2VDHjZ5oZxytqqlSLO/+WtEu6xIjEATGUxFcYvIGYuGcdW8v3Z40K2e+D12vA+WnTHZNYP934USvx6TgghvBUTv5SEg4JQzeWqnRRvrGn0mxGeP+8536l4ce3AjS2fsMSAnvTP8K7ypGwSYzBdoCxIkSaQgVWNdN1r9s80ri5Vu5YSMi96ZgCI9gNuzhQFAS/Au4wzoIMeLZRdV4DmSvaZEPNjN4LwkHzgloJlWsb77t46ixaPo8ba4iNr0DF5Pg/knlHQPijHV0Xm//181lpiDHDBvE5VQpWZdAf3/P6E0E3ATS3A3FhDg0GTAM1mpYm2qu9U39Q9yBGB2KLo3kjmGyfR1nRLQ+y2g3PqNVkVLwWcilVantnyXvKQOYkrPPe+OJVuys1S1+SyAuVgDgady5lUDQagIxEfYx/NDTwvHuS3t8sFvpC0fbto+wxX8qad7Y5UAi9oZPReD5eyJPA3ETk/Gk9IDeC5buSOHXhBEBAwCggSN5dWUt+EmQ39fM6mqipfESlkxKPpLhEdviCHxhUEjXo91WWdhFhifPo6n3Pj+xqHd71D/csYrnBwHFltfQc/A2IFIFKjXRuY3ZS671S4KnZWdqNi6QIdjxjvShwSq1YmgVIdmdpZb9hiXApbN+RpUEmMT9ESE2dy3JxDxPtsGMcqtrBSR0QDmkkNYpaL49mQasqb0YYXtRFHLjssckdnGpPpbkprX+SzdgRMCecOnKOvJCboNo9gQocwUMyn8ZxOTunsulMFirIc8U/ap3FkAiWxkLjMuAi/On/tdSPUlaq+WKgqBT064iPLNGrumgcgQp4rhZajr8L1lzck0fB/4366WLzxNo0hXjxoXTn9vVHlkEyKNrCVSLz2D6nKhDd6RAjIdZvc3fRUP5NPexVMDEHBkVQPPjS4OCb1a0KjlOO57dp3wht3SkWbWZoJmZe+f9zcMvfsKP9T/5yGAcKaW2IhdU4jeE+NhX9r3VFlS/pl8jZj+8XSqY8wMqAv2Nb9GvAJiBVd72EP1KB4rzOHGN/d+xTWB/E7jGIh8nR5D3GGIE8HwjBD9mfdSX1Zxua65wK7v3NnHZ/T82MUj+R55laVEEz/PznYol4EzwjuzQRNwxvIzT0YfPabdsjmVQ0iSnni88ZGWTO0Dqn27MKToe6DTr7khRyQWtgmeHFe+h6E+sgeXJmF2sOTu8ypOWehhyYpMJHlSEyrI2SbWX4rEylFka6kYHeoofWfu9dukTp73GnokaKBgBGzuxJlsVZtlc3gmINsj340qUyEyjyY/3Uh+Ae+f0V6xaRxr9Uq3S9MGLLqXxMXCF7csVfwL+Ul5yXFkW5JfPf6KNL5OK61LgdGw979u2wscxPTnoUB0Djws+n7IE0J03KeTAx24zVO2V0LofpaP/Toez/C7mACzOxOJ+MKqgndCCxzFpt+tjQA/g1uwynaoi6Qr6RmTYo74PEB9Hwt8RF3oz+q8rMSk6Q4vdMFYsh/YAtNC48IDsgDMfds7XViXzwElsBdZP1X9SW38PhKmQg7NV/Ys8vfGafkJf/WWLXPtogSgVRZ0Ool9ovlfVFo3VArN/nvPgylSvRvaamD/YPLSF/9I38l3I2LTSUXtskKIS9EutAiOE2/uIcU4NgQpAaCn12TUJCDvtvJaxa/EtHxjID08uF3T7KZoHDh7WE63pAxbKhoovmLq8wC+eTvs0KbcVo5ce0T7J4c1/4feV22G9xGb2rCW7mYbV9/z3w1DnEFAeF9HS+9lXWbcb/MTdhTSiE6Yscjl5cK9AUQ58y8mCJ6dGrHJedbLSAxb58NJ/n4Mn8TQAPoZgfAGVT+fFX0UoQR69OPX2sQNxLTRfZ1rbjZfG/TKUgD2ALdSySw2V30MlnT7NSvzCCBUEGCSqGSIb3DQEHAaCCBTIEggUuMIIFKjCCBSYGCyqGSIb3DQEMCgECoIIE7jCCBOowHAYKKoZIhvcNAQwBAzAOBAiTYda+zcH/KQICCAAEggTIE3MD8D51rvJUGD0Vohe+667d2Aylxm7tC94Vts70sFduUOhqOevajkFptv3uMShDqV3j7rfB48MZz2d74i73SU213uXizYLlDiCb4Xgh7TmmrBWOscRradSgK3bfTHJ2WUd2TxQ27+MhQ1witpf2Q/SD3/V2M7I+oeerNTqrEUrqpbxQeFeHWiKkunOr9Exs3LG5HcksPghFZ/RsIn/w14urMuV1ys10eohU8e+vzN/cA3aaUj7ixMTGjtdp2RLDKaXzjxlFN2AEQFDFu9dA+jpeatVX2+/g5G1vSmG+Q+7NqaNpSmiCy2y4s5sSICU0hWw3ElItXaDtvP/x5q63C8IjyS90+NRjUexkyGjzeFLY2UqmmQMQWjZ6I6AAKiTYkZc2tia7S7PsTwGE50hLtm2pTUJAmK2+hhzk0zlJGT9CKXstY6D6akoj+8Zs3W9L1SeLPyRq6sUAhKNVTOSZR8F6e0D2/7xWnpXSChU0xAZ61xGez8hrkHRJ97LVRGSmtULkhWzCIgi8A6qmSMxhDpbmTMWh/Vep8mVP0Rn5ANtQkntHN13CJ2o4HaRNrsdmgHFH4lIxDoCWrpbh61hO222kkeJvoRpDN4AXv87lIzhtnQrq2aZGYyCBBuUb3xK2VPUQ+JB8h8djd2zP9it2uwFWWl2stFMTAM68qiJJfE54x0bgdrKeAryZoWxzeYcDL16WN0BNKePBWDO5POZjbx2v9dzJO2c4/Lk0/I4nKBI1jkEJ/XCaQz2H6WfsD2r3nHiDDkPgDllpZQBPiy6ARazUYXgQEv2Xgd2C7ulHUQq1b6fUGVlapCKVXA14EsHaGJBRCYRRp6Uv+M+Pn3TtHjuhgNtYQ5yyrbX26ArqNANdrs9rX/NAdFw27iVw07Z+kC5nsN6bxz2d/39+/plY3mXguFL3nkqS9xJHl0k46GPYtrNDwHeoP/NGHrkGuCWD+qOAb+sTiM7lRGTvJTzaDpVxwB+ZjYixwX/qjeqqpOOoUo0oYdFSmSrGWwAkfu6jAAQ5kQWQQsF1wzfYqwUXNHS77GhSkqopNAcDnYVXqCVd7yQCbrdP0rnFJby20RAaXcL6JjL2JxtgzK8ofBjVoxJu8KKXJMlH16EreAEqUxIcANQD1hOpA46vsrT+DhDOVUWdPZyGND84bI3A2b/5TITVGal4gXnOLdcilT/34QdZH2IDToTZMi9ViVP72T+RTBsGEgoeKhGTdczRIWJ+1e219Tuf3Gn7oSTUmNUrsoWBcAy5+UZ1+QDWdwBobQblpBRwxC6qWcKiDlqZFthmxieJwhqHTgE9oY5dCP5LmBolRYpOM445Psh4r/qdq0ke9eP6ybO5jJoz1xyk0jyV0gl2if2NoUHX3fROEmx5TymZOc9gRky7DeJWrB18XoxSafLS6EDjBpscde3GskuZZnDEi1JsFkj752f8c5NhII5Hv5Dm1oQr3HS+zqPc8VH9QWH4winxrvoWKYda0DcHpQVFieF0QFGR6f6YgRBw8gP8zTXPJxAdZ4LmC3NNkunFEtcLOWSCLK805HJAWgbZxOiY+zOw1jwbjBvEccfNmZK3gvVXdgUosCtOxHxIXSuRDjMF0fR4KZQ6QpmFSHu5hx2vTtMezvh8MSUwIwYJKoZIhvcNAQkVMRYEFEuLx76Zx/qkWSOnO4Trlez6arAZMDEwITAJBgUrDgMCGgUABBShK6NrmLB91c7vcEUOAFXIe8ETEwQIdR83RBfWWG8CAggA",
                "password": ""
              }
            ],
            "certificate_attribute": [
              {
                "created": "2022-09-13T10:10:45Z",
                "enabled": true,
                "expires": "2022-12-07T11:18:10Z",
                "not_before": "2022-09-08T11:18:11Z",
                "recovery_level": "CustomizedRecoverable+Purgeable",
                "updated": "2022-09-13T10:10:45Z"
              }
            ],
            "certificate_data": "308205553082043DA0030201020212048104333256EDE1AF30A471E04197545348300D06092A864886F70D01010B05003032310B300906035504061302555331163014060355040A130D4C6574277320456E6372797074310B3009060355040313025233301E170D3232303930383131313831315A170D3232313230373131313831305A30333131302F060355040313286D6167656E746F6272696566342E656173747573322E636C6F75646170702E617A7572652E636F6D30820122300D06092A864886F70D01010105000382010F003082010A0282010100DE5B399A11ED47F333EB9DE38F7A9992599BE7D86BDF74C224C1DE35D7F0F0D25B043D9070B5CC83F51795EEDCFBCB5ED241E33D04BC4805DCA570CA9DC47E49B08D7BD27F89C3604CDF501C210ED7DB502169F40443E30E37070EABE2C7015EC5E0250BC78DE6DB7625D9C5FA57CC236C5411CAE827C03A53708248A58E944900DCE01F5306B2AA49CAA0C9E39264E518E57896CFCDC998695C985EB2436CFFE31109B9E634152B24D20244F80C6252AA07D792AF072A6FB101A955B585F51972CA95DD8A1068A583417F5BDD4E6759DCEAF7FA3F01EFEB00038E819D1496924E3CD48870350CBC39710A33D65FBE03CC29293037D477DD5839E3EFB378B2DD0203010001A38202623082025E300E0603551D0F0101FF0404030205A0301D0603551D250416301406082B0601050507030106082B06010505070302300C0603551D130101FF04023000301D0603551D0E04160414D370EB435C8E6EFE4CE3CD2424CB7B1CEC46F257301F0603551D23041830168014142EB317B75856CBAE500940E61FAF9D8B14C2C6305506082B0601050507010104493047302106082B060105050730018615687474703A2F2F72332E6F2E6C656E63722E6F7267302206082B060105050730028616687474703A2F2F72332E692E6C656E63722E6F72672F30330603551D11042C302A82286D6167656E746F6272696566342E656173747573322E636C6F75646170702E617A7572652E636F6D304C0603551D20044530433008060667810C0102013037060B2B0601040182DF130101013028302606082B06010505070201161A687474703A2F2F6370732E6C657473656E63727970742E6F726730820103060A2B06010401D6790204020481F40481F100EF00760041C8CAB1DF22464A10C6A13A0942875E4E318B1B03EBEB4BC768F090629606F6000001831D094C080000040300473045022100B900E5D34ED4975A06E1BE11D0B9A3825C63BD0A19E7DE5C6530C12472C07E690220796389DD4F3AE015BB66B26CD1B2F66A811B1ABCB75200BA630ED20A04F9C38D0075002979BEF09E393921F056739F63A577E5BE577D9C600AF8F94D5D265C255DC784000001831D094BEC0000040300463044022022A3E56506539C3C5DC984DF0169BE81328B1AE60DA026C7FD9D2B39F8E98FBD0220441CB56E850C910A73CB1FEF6709EFA56944748D64D72061F5AD8F89EC536FD8300D06092A864886F70D01010B0500038201010063A09E6219D7086686F243D8AC798C06B9A8D09B8FCF7CA3802F0F1FD57F7A28518C602E136B0AAAF8103C1245FAE4DBD86159BC3A95E0AC4449BA6CEF5F3C18FC62BF327A7C74D5B893B0C8A94F24A7998141DE809552EF84BD7F992C176B4ECC5C5547ADCB4BB91640491EAF6E907211182B65830453DB906861AB17824BBAD0A0D629EE0235C20D08F5A4CE7C7117F3EADEB5CD80A4645B7071E01215D6ECF1F86AE0876ABF48495B6337B81CA772DD6AE2E136CF072D0E60C8C23D1C815BBF7207BB1CC0561288B456607F7BECC127385686C8B1FC7B441F4EFB8CAFCCA3A2548EA2611918388890CFF77265E0EEBB16E9AE414F9CFF28DCFC0AE2088BBE",
            "certificate_data_base64": "MIIFVTCCBD2gAwIBAgISBIEEMzJW7eGvMKRx4EGXVFNIMA0GCSqGSIb3DQEBCwUAMDIxCzAJBgNVBAYTAlVTMRYwFAYDVQQKEw1MZXQncyBFbmNyeXB0MQswCQYDVQQDEwJSMzAeFw0yMjA5MDgxMTE4MTFaFw0yMjEyMDcxMTE4MTBaMDMxMTAvBgNVBAMTKG1hZ2VudG9icmllZjQuZWFzdHVzMi5jbG91ZGFwcC5henVyZS5jb20wggEiMA0GCSqGSIb3DQEBAQUAA4IBDwAwggEKAoIBAQDeWzmaEe1H8zPrneOPepmSWZvn2GvfdMIkwd411/Dw0lsEPZBwtcyD9ReV7tz7y17SQeM9BLxIBdylcMqdxH5JsI170n+Jw2BM31AcIQ7X21AhafQEQ+MONwcOq+LHAV7F4CULx43m23Yl2cX6V8wjbFQRyugnwDpTcIJIpY6USQDc4B9TBrKqScqgyeOSZOUY5XiWz83JmGlcmF6yQ2z/4xEJueY0FSsk0gJE+AxiUqoH15KvBypvsQGpVbWF9RlyypXdihBopYNBf1vdTmdZ3Or3+j8B7+sAA46BnRSWkk481IhwNQy8OXEKM9ZfvgPMKSkwN9R33Vg54++zeLLdAgMBAAGjggJiMIICXjAOBgNVHQ8BAf8EBAMCBaAwHQYDVR0lBBYwFAYIKwYBBQUHAwEGCCsGAQUFBwMCMAwGA1UdEwEB/wQCMAAwHQYDVR0OBBYEFNNw60Ncjm7+TOPNJCTLexzsRvJXMB8GA1UdIwQYMBaAFBQusxe3WFbLrlAJQOYfr52LFMLGMFUGCCsGAQUFBwEBBEkwRzAhBggrBgEFBQcwAYYVaHR0cDovL3IzLm8ubGVuY3Iub3JnMCIGCCsGAQUFBzAChhZodHRwOi8vcjMuaS5sZW5jci5vcmcvMDMGA1UdEQQsMCqCKG1hZ2VudG9icmllZjQuZWFzdHVzMi5jbG91ZGFwcC5henVyZS5jb20wTAYDVR0gBEUwQzAIBgZngQwBAgEwNwYLKwYBBAGC3xMBAQEwKDAmBggrBgEFBQcCARYaaHR0cDovL2Nwcy5sZXRzZW5jcnlwdC5vcmcwggEDBgorBgEEAdZ5AgQCBIH0BIHxAO8AdgBByMqx3yJGShDGoToJQodeTjGLGwPr60vHaPCQYpYG9gAAAYMdCUwIAAAEAwBHMEUCIQC5AOXTTtSXWgbhvhHQuaOCXGO9Chnn3lxlMMEkcsB+aQIgeWOJ3U864BW7ZrJs0bL2aoEbGry3UgC6Yw7SCgT5w40AdQApeb7wnjk5IfBWc59jpXflvld9nGAK+PlNXSZcJV3HhAAAAYMdCUvsAAAEAwBGMEQCICKj5WUGU5w8XcmE3wFpvoEyixrmDaAmx/2dKzn46Y+9AiBEHLVuhQyRCnPLH+9nCe+laUR0jWTXIGH1rY+J7FNv2DANBgkqhkiG9w0BAQsFAAOCAQEAY6CeYhnXCGaG8kPYrHmMBrmo0JuPz3yjgC8PH9V/eihRjGAuE2sKqvgQPBJF+uTb2GFZvDqV4KxESbps7188GPxivzJ6fHTVuJOwyKlPJKeZgUHegJVS74S9f5ksF2tOzFxVR63LS7kWQEker26QchEYK2WDBFPbkGhhqxeCS7rQoNYp7gI1wg0I9aTOfHEX8+retc2ApGRbcHHgEhXW7PH4auCHar9ISVtjN7gcp3LdauLhNs8HLQ5gyMI9HIFbv3IHuxzAVhKItFZgf3vswSc4VobIsfx7RB9O+4yvzKOiVI6iYRkYOIiQz/dyZeDuuxbprkFPnP8o3PwK4giLvg==",
            "certificate_policy": [
              {
                "issuer_parameters": [
                  {
                    "name": "Unknown"
                  }
                ],
                "key_properties": [
                  {
                    "curve": "",
                    "exportable": true,
                    "key_size": 2048,
                    "key_type": "RSA",
                    "reuse_key": false
                  }
                ],
                "lifetime_action": [
                  {
                    "action": [
                      {
                        "action_type": "EmailContacts"
                      }
                    ],
                    "trigger": [
                      {
                        "days_before_expiry": 0,
                        "lifetime_percentage": 80
                      }
                    ]
                  }
                ],
                "secret_properties": [
                  {
                    "content_type": "application/x-pkcs12"
                  }
                ],
                "x509_certificate_properties": [
                  {
                    "extended_key_usage": [
                      "1.3.6.1.5.5.7.3.1",
                      "1.3.6.1.5.5.7.3.2"
                    ],
                    "key_usage": [
                      "digitalSignature",
                      "keyEncipherment"
                    ],
                    "subject": "CN=magentobrief4.eastus2.cloudapp.azure.com",
                    "subject_alternative_names": [
                      {
                        "dns_names": [
                          "magentobrief4.eastus2.cloudapp.azure.com"
                        ],
                        "emails": [],
                        "upns": []
                      }
                    ],
                    "validity_in_months": 3
                  }
                ]
              }
            ],
            "id": "https://keyvaultmagento.vault.azure.net/certificates/key-magento-app/ccde2bf983aa442c93fc3fb9ff248120",
            "key_vault_id": "/subscriptions/a1f74e2d-ec58-4f9a-a112-088e3469febb/resourceGroups/brief4_QB/providers/Microsoft.KeyVault/vaults/keyvaultmagento",
            "name": "key-magento-app",
            "secret_id": "https://keyvaultmagento.vault.azure.net/secrets/key-magento-app/ccde2bf983aa442c93fc3fb9ff248120",
            "tags": {},
            "thumbprint": "4B8BC7BE99C7FAA45923A73B84EB95ECFA6AB019",
            "timeouts": null,
            "version": "ccde2bf983aa442c93fc3fb9ff248120",
            "versionless_id": "https://keyvaultmagento.vault.azure.net/certificates/key-magento-app",
            "versionless_secret_id": "https://keyvaultmagento.vault.azure.net/secrets/key-magento-app"
          },
          "sensitive_attributes": [],
          "private": "eyJlMmJmYjczMC1lY2FhLTExZTYtOGY4OC0zNDM2M2JjN2M0YzAiOnsiY3JlYXRlIjozNjAwMDAwMDAwMDAwLCJkZWxldGUiOjE4MDAwMDAwMDAwMDAsInJlYWQiOjE4MDAwMDAwMDAwMDAsInVwZGF0ZSI6MTgwMDAwMDAwMDAwMH19",
          "dependencies": [
            "azurerm_key_vault.keyvault",
            "azurerm_resource_group.rg",
            "data.azurerm_client_config.current"
          ]
        }
      ]
    },
    {
      "mode": "managed",
      "type": "azurerm_linux_virtual_machine",
      "name": "vm_app",
      "provider": "provider[\"registry.terraform.io/hashicorp/azurerm\"]",
      "instances": [
        {
          "schema_version": 0,
          "attributes": {
            "additional_capabilities": [],
            "admin_password": null,
            "admin_ssh_key": [
              {
                "public_key": "ssh-rsa AAAAB3NzaC1yc2EAAAADAQABAAABgQDAXuIAe8DVtQ+qHpbTnCMn5iP1u7WQEOLDE76PTRZ0lYc0TrWJvH+zWzpEbTK/fwzx5sw7yAlBnuR83cAOtm6y8Gk5yktOogsk71VnJ9cXKV7QWtX5o/nysqhliBWAW2jQmEMLHBf4DOFXcKpCdl0OBOtrPct976tnFXhM5n5WF0wrQ4dVikfWe57yg0BX+G+ZbNl7iDCHS8cAGEI2S0ziGOLjl0qJq+9jjCaj2bdVb5vtbz/ghplWtNKQvirxvfOC5H3XbX7aeH2sAlogeYbPs8DmFuz5Smq/+FLBZzqV7JhPMxBCpVFm6r+EzZDgiS2WB96Q3Jh0ItPz7wwJtgpLmSWeaBmWyPGAOh9MBal2RXgDIZ26EPOQTc9WX1377SaEMFSXgwq3e0mtFl5TYG+hzjujY9ik6nfjyLy1yNaPB7hq0z0cCijeJf0Nlm092Ukb1IJOndiS9LSZXjFJT+LRNz7hqyK/oj8nH4K2nx4DMH+Fj4JypSdsqmIk7aXLdYE= nomad@device",
                "username": "magento"
              }
            ],
            "admin_username": "magento",
            "allow_extension_operations": true,
            "availability_set_id": "",
            "boot_diagnostics": [
              {
                "storage_account_uri": "https://stabdd.blob.core.windows.net/"
              }
            ],
            "capacity_reservation_group_id": "",
            "computer_name": "magento",
            "custom_data": "H4sIAAAAAAAA/9xZeY/bOLL/P0C+A1/eYue9cWQdPmR74MX4vu+7MUCDoiiJtkTKJGVbXux3f5CPjjvdyWaCwftjg3SbLBZ/rCqyij+6a4xKTKUyj0NcAkHkSxJCLtWAnLD9G7BYRG3I4/KnQWfQqI4Ww3pluvn0IekpS8wFYbQE9LT28cPHD4ryqPTxwx27TkTIBJEXXSglRF6AqfwNOMTHFAa4/CmdVpHPIlshlMiHpgLDMB3DwP/0BW7OIRUO5kqDImYT6paAaRH5oHDxReLTHQkx6hD344cBCfAbq//7tU4I0Q66+DkKbSgTGB7hF6koffwAgAKoS+jp2kQsCJnA/NoLICfQthTkE0zlezJF19L6DcURCmJBwGhiRyQwv+Pb2IGRf5ufRKgE9hGmktBEBIDLWRSKEhCRzT4Dzpi8yoWHfb8EVItQ1YLCu0pDHxL6nMTjOYRCHO0SsHx4/a8bmf+6zY1sVgK/VPr98v9U+v3/BcPRuDKbreqlSr//y01HeM8wkh7j5Izt5x2OrxZf/yngH8qX3kVb4QKCSqVSqWaGZ1jTY2Q0km69MqlUE7E7qVfWUaeCC/WlnKT27dCa09qA5shYj8zVpDHq1xtmfjyfPmn+Bmlzvuoe2qnz6hw2rHlPdY7nU04czbjiV2k0LWRQZSSDfFxo7XLxTo6YK3amvqTdIlr3luZkJdc5ptJY7D2fVFeVlbGdBI1Bv111svVRc416Yc32tVF1JPkYyaKZl7S59gY5mls1tSOfZO0l2TkrnDNjV6uuU63UkzX0TVKvtWcFVGk1OsZMO5PWqL/1tX13nyputzW4NSx7aeUO0jqrrhf6KznsTQ6Enw7OqJZrZ9bW2oS4bYiKz1y8scaiUA+a0Tk3C/ZqqtmvPp33S7PrjQenai1cNoM8TzXOT3WXzIxVtZifZLqe1pHjs3k8dqUb9oPZCsNqsIrHrcrIKw6q0Dema7feeTLyjfFoMkfF1VrPmOYMNgbN2do97jNYC2TTz803rZR33kbbTZHs8tTZxv1Yj4dwXDW9vXbWUI1scdfRhn6gFY3FztI73RG1yazYnz2tt83uPNWfDs+mt497KtsWaDvbM+gpWx+0U81tthuHM1vsg87OhOu+vWmUAWUBtH+38YEg/HjmhcSh95934mu0unmaslE3UL0+tVrBojr0qg1hHxaV/dLKFhqTvW+O8MatZsOR2mxGhVHH6zGnWqvGju4X2bGxotaq+dT1HPc4SZHh09ZO6eRJBiiPiL3dT+LQbaDUIpuBB+Q1lvaTve3pfWJ3Ol2pjUxW6GtuZTqk+nhbb/bHGbzoGOthptJfnKsZMT2ve/OuPmmfCzO9GnvOan00Dp4Yw2In0z0UYaNwfopq1ZPqOsvJJFabsdi5vcJyNW17Cz+zrrnD+mmxqYYhrbq1Wn3VDjcj+9xWc+toOpra7gChuttVhx6quZsU5gdo1v1dxz9PyfIU5KJBr7A7NEidpiqrTga2hHuSmT6cpU6QHLNev8/wIbvMotV8u/Kexrg768zreLXLtCuieqpXV63DKWPq+fgoPDPY1bvhNl6zY366DufVHTb4PODZdTHlLVsszD5t9/F8vojmO9va+P6RwDkXUc8ddXMUG/4q1Md6Z66huiaKW6019NVctgeHGb3dJFF7uVkuK4W4FeYyRt+Zbj3phQO7TSKva4mj35vzeneaITpBaK5BstiVQSSJTwSUOOK/L+adfmdWUYzuom4up48JwGNI2X9gAkQTUbds71wdye4By9l0Pe0Mq/0n2muc+0j6qW7Ga64Nw2bjWK9K6RWICbOIuPt4UtSzg45rb7gajkdNp21uqn2Y63tNYwrRKYOmc306ZlbQokZ90EDDClptj/qEF+dTP9NGzV6uSCieZKMdq8vs9qm2iKdrn9SaA29ftScLLdILxuIwbDpaP2f1q8uzv1vFw9OYmcVVvd7aFM12TUz6m84E7aeO2HS1zbGbm8StxUEuVr1gMMpolud78aTbDVpqfjLxl2qQFwPSrpGGTJmT0yFHMylUnLZznpjGMKZn0UfD4NwY1veC1wV198dzL8twYWbqm15vSTPFHD08ZQcdXhhX81ZDXZJVeJhpllc7V4b1TWVbaJx2xji3mmZgR8uPmdUfocX2FGQaenfUhOoGrSeF1vocLNxtK2wPzrKa38/aqeGs3Z7vq3gbHMTBqE+KdLNXh31dmLs8TjVnx9VkJ5+G64q/7BwWrQFf5/SBvTjJ5VriYaOJ1WFtm63m85scMQaDwrK7033hBoVxZ7HVjvWtX9WcwtxfNHupw55s+7KgvZ8AldmyXdMGCRk6ciLxc8IP75QohNIrAdVjAVYD6GIq2f3zegDRlf2VwKcoFJJjGAAHColc8mxBtMPUBv/8gwIgMD9gDkBEyamk8oiqoRcmP4W0rjhhkBYM7X77g/7rD/oHvSlfJvpESEyBrqWNtJbWi6WC9tsXwOckY8HzTSLB3waVVuN5OhrNgXqAXD0ej6onA/9utHHRJBT5kY2/oaJeeGY6oaZpAYPQx1e7PiUh4hFFgX2LTpLJAIYSECok9H0gmCOPkGMl5CzEXBJ855rg73+/qdu2AkOpcHxh54zHIAxhiVGb420SEKDEX6FfSfGDEJ9CxiUYV+bt8t+S36VveGJdqesrLJdDG79d5O6CEgOfWKfAN+6fio0PSVsI/6Gp3/n0ewjXfb193CNw650C/94MLCE5oe6LYsRfxlz73iJUXqTKVnxBCWKxf9EVDIYXDcFsEgWXpmQ7TMkZ85d1xRXlTK66Fgqg9MCXI/jgTrCzCf/G8bg9QOzXWfGyvxcflBHwpAxFSVUHlZam5QpmLmvoJeiYWM9YBS2fzToGzGb1gulks3knl7MsM2/nkJ7LWxnr9+PxmL4hJ9HDHOE0YoEacmZHSArVZkfqM2gLNUlXdXDVVWoNxUhn09m0hDxtnY0HnyTkQKl968wD5XRwvkr074MmEXiF9bCWQ6gNDpADF1PMocQ2OGBqMw7CyFKFhJKgSzPANoEAhqGKJQKKjEMMHKDgE0YAeQGzgZs6gn/+C6T+KnT7a3TxNTzy2JECZQqOx6NiQwlL98Zrh19NScCi1AkkhOChQL4TpnvIX05MkvMP05I6FoWll2w6HA5AUSwosBJxv3w/VzdtixPsZNMYChkJI315VSevd3iO+OXIAEWxLcVjQpZvU5T70/haQtMhJwcosU/oLn0bSifeJkt+jXP53uCm9HxXug4lL+n7Er+/v9RV8UKNGLfLr7gRUBRoB4QqDuFCXta59F/kPnxXjANI/HJC2e5ru4nkZvJV52La62kvRly6upEBiuJD6kbQxWVMnxczoCT1iGOK4vJiVgeKIkmAz4ziciXAnCCo1jyCoMuAkqygcHy5P0VZB4oiMOTIU3Byl+AyTown6Co0gaK8Elx3R9fS2bSWzr4ZTWp9uWho2psRQm18UkKOHXIqv5yrr7USs1kky3ruzVASmNuWXs/em7W/tVev1TCFlo+VhLGWv7oWFBdLwHHADhjAECIPG28un4sOjCT7Eb0w4u6PQynKd/RR+D61AUm9uNIA9UID7PvIhRU8IPDgUVck238Lhq2++jrpWlTeVhRl+q2KnEgf73zkMfApwAHj8bNPAiJBGRitT+Af/wAHcjMj4VSFtK46YZC004SStxDw9JxUwEgSRp+TwwHKQC9o2p+HOvvESrNIhpF8RiwIORaCMArKYER/wrAf8w355K/y7XtQf96399FELCQOkPQBx0JCLt9nHNcbxDRzIK2+XGvqj14hb68Pm5QSq4mPv2vLw1eq94z49okMI+urfAkj6y1rSmIiAgtxbGMqCfTFg07yWAYKAr9co/xSgISEMAwvgX0HQL0OpxPRL99Ge6lWHfwUbM7GdhVOjFNxOMrkBt3xOL/ayZF3CjumE/Dhvl2fnCfGkmcq5nQhm/twlZ/OFisLds1wu6Y4V2lufTVIVWYS1byzdMvlP2vfdVfzmvbvJn3bJ/WulvC8NGIcp4+E2uwo0hTL+04ID3Ks6d/bOUQcAShzIPE/P1hR/jeWfbYJfw6YjcuaaZqfEyseutd7nVD2mV5tSJ5xnyG63DnljPYlYI6Q0HqMTcAiKoEir4b9ZW4qDPy/efc2cb7ODvXX79h6nc6DhMuq6QCS5CkNKcJpx4fuz+R+wOzIxyWbiOQKAjcC/zw/siZEkvFKJL0fxb2eXWUKklBcTLxwavDnqxMPgMKdCwRKbmH110v7QPDxOeQ45AxhIbCt/voA/usDmVd//flCeHvw/nWV9Gcwrm4o9y9LbBz6LAaK8zOIlxCWHD8SP7yVj9MvnBHzEseX1td/P1SUjx/+LwAA///mU4e2nhwAAA==",
            "dedicated_host_group_id": "",
            "dedicated_host_id": "",
            "disable_password_authentication": true,
            "edge_zone": "",
            "encryption_at_host_enabled": false,
            "eviction_policy": "",
            "extensions_time_budget": "PT1H30M",
            "id": "/subscriptions/a1f74e2d-ec58-4f9a-a112-088e3469febb/resourceGroups/brief4_QB/providers/Microsoft.Compute/virtualMachines/vm_app",
            "identity": [],
            "license_type": "",
            "location": "eastus2",
            "max_bid_price": -1,
            "name": "vm_app",
            "network_interface_ids": [
              "/subscriptions/a1f74e2d-ec58-4f9a-a112-088e3469febb/resourceGroups/brief4_QB/providers/Microsoft.Network/networkInterfaces/nic_app"
            ],
            "os_disk": [
              {
                "caching": "ReadWrite",
                "diff_disk_settings": [],
                "disk_encryption_set_id": "",
                "disk_size_gb": 30,
                "name": "disk_app",
                "secure_vm_disk_encryption_set_id": "",
                "security_encryption_type": "",
                "storage_account_type": "Premium_LRS",
                "write_accelerator_enabled": false
              }
            ],
            "patch_mode": "ImageDefault",
            "plan": [],
            "platform_fault_domain": -1,
            "priority": "Regular",
            "private_ip_address": "10.2.0.19",
            "private_ip_addresses": [
              "10.2.0.19"
            ],
            "provision_vm_agent": true,
            "proximity_placement_group_id": "",
            "public_ip_address": "",
            "public_ip_addresses": [],
            "resource_group_name": "brief4_QB",
            "secret": [],
            "secure_boot_enabled": false,
            "size": "Standard_DS1_v2",
            "source_image_id": "",
            "source_image_reference": [
              {
                "offer": "UbuntuServer",
                "publisher": "Canonical",
                "sku": "18.04-LTS",
                "version": "latest"
              }
            ],
            "tags": null,
            "termination_notification": null,
            "timeouts": null,
            "user_data": "",
            "virtual_machine_id": "46b65112-8de1-4c61-a3a0-4c71428ddd41",
            "virtual_machine_scale_set_id": "",
            "vtpm_enabled": false,
            "zone": ""
          },
          "sensitive_attributes": [],
          "private": "eyJlMmJmYjczMC1lY2FhLTExZTYtOGY4OC0zNDM2M2JjN2M0YzAiOnsiY3JlYXRlIjoyNzAwMDAwMDAwMDAwLCJkZWxldGUiOjI3MDAwMDAwMDAwMDAsInJlYWQiOjMwMDAwMDAwMDAwMCwidXBkYXRlIjoyNzAwMDAwMDAwMDAwfX0=",
          "dependencies": [
            "azurerm_network_interface.nic_app",
            "azurerm_resource_group.rg",
            "azurerm_ssh_public_key.ssh_nomad",
            "azurerm_storage_account.storage-bdd",
            "data.template_cloudinit_config.configapp"
          ]
        }
      ]
    },
    {
      "mode": "managed",
      "type": "azurerm_linux_virtual_machine",
      "name": "vm_bastion",
      "provider": "provider[\"registry.terraform.io/hashicorp/azurerm\"]",
      "instances": [
        {
          "schema_version": 0,
          "attributes": {
            "additional_capabilities": [],
            "admin_password": null,
            "admin_ssh_key": [
              {
                "public_key": "ssh-rsa AAAAB3NzaC1yc2EAAAADAQABAAABgQDAXuIAe8DVtQ+qHpbTnCMn5iP1u7WQEOLDE76PTRZ0lYc0TrWJvH+zWzpEbTK/fwzx5sw7yAlBnuR83cAOtm6y8Gk5yktOogsk71VnJ9cXKV7QWtX5o/nysqhliBWAW2jQmEMLHBf4DOFXcKpCdl0OBOtrPct976tnFXhM5n5WF0wrQ4dVikfWe57yg0BX+G+ZbNl7iDCHS8cAGEI2S0ziGOLjl0qJq+9jjCaj2bdVb5vtbz/ghplWtNKQvirxvfOC5H3XbX7aeH2sAlogeYbPs8DmFuz5Smq/+FLBZzqV7JhPMxBCpVFm6r+EzZDgiS2WB96Q3Jh0ItPz7wwJtgpLmSWeaBmWyPGAOh9MBal2RXgDIZ26EPOQTc9WX1377SaEMFSXgwq3e0mtFl5TYG+hzjujY9ik6nfjyLy1yNaPB7hq0z0cCijeJf0Nlm092Ukb1IJOndiS9LSZXjFJT+LRNz7hqyK/oj8nH4K2nx4DMH+Fj4JypSdsqmIk7aXLdYE= nomad@device",
                "username": "bastion"
              }
            ],
            "admin_username": "bastion",
            "allow_extension_operations": true,
            "availability_set_id": "",
            "boot_diagnostics": [],
            "capacity_reservation_group_id": "",
            "computer_name": "bastion",
            "custom_data": "H4sIAAAAAAAA/9yW2a6j2BmF749U7+BULjqR4zKDMfi0KmowYMAMZgbflDaDYTMPG2x4+uh0dacr6jxBc8Va+v6l/5fWxT63DUobtHOWLn3f1FOFYAcGtK/hK01+3kTt1CRgWL5+1mRN4AxX51kr/Pz2oXZeOoywbd43+Bfs09unt93uR+jT2+/ZPBy7doToVxYgBOK8Thv08+YBq7QBdfr185cv+7hqp2QHG4h++N1FYPyY+7KAuvr8R6QzgGZ8pMNOaOI2gU32vqEjiH4Afr0Hpa/f0+K2ecDs05sG6/RPm//9f5kOxCXI0m9TlwD0ETNM6X/d8f3T22az24AO7dDHGl07oF2OUDd+RE1jOvyOJOkDTBX6Lj4Ofd/0U9og2HxYm002tFM3vm/GKWn/tRnaFn33xzytqvfNPoLNPgJj/t3tKgCbbx8nfevAOD6T901UgagCOEH+7bfBKWnfNz+xqvr1H6yq/nOjGzfWtn3+nVXVn35jxvwbmFDeDnBNk29lunxf9/u32/x794f6ld4NI9iwLMtypL6CM77EhPAhedZkuQ87M3k2mGQ2ZXgPmdte6iKnOWsNBW/4RPumYKi8QB9vjnXHqjDGnMFXZmm7+msnRM51/3iuL2p80gtbcc1kMWTMGqg+LsylpJYSGW02ljTuNcopDq4ebfoooNp9s4x9XkHOZ32iMGtBUyXuceANMYiv3TmpMIMz0HCL0Yk+okYMco1qKF/EnoN5SDxYPvyUopcM44LtZXuP9IqG/FmymZi9CDJhYyu8GGpRYb3Sb09FcQYFESVeRM0oWvdZ3lU+0q/mDIfX/DDOlEQGUUCDVCJGtmqzNIxuI8PX4rRSdt3vt6LK3dfeo5X8pr24c+eJ9XHYCuudz6BN+NzpaJJKjsnottLPp4KyTq1tPwVc7S+3C2vkJ40DFWEFGS/fiaNwM0wnPvkBTtK0DQRNtIPs2ZMpViOxopzwss3XYirCEyyPzaNY1AVfdHDj6LzHViw+wyJVHphe1diJcMsIlxWjSaB9Uu17UIiKs1UtfaXzfrnu24JppMOVaF4HXpO2YnFQls5Oxr6WSxoEahIKXzdNW4PklySdYZz+WPgRpV3+F6v7ueHCu9UaSr3P1Sa61C6n55wwJrPL9l50YASzr2gjDTPu0Bl7UZwYQ86v7YM7c8sDr07tU/CbyBfvSv7InuYW6vci2eLwjur4GMOk6M2ly4R46x5IMMe54CX3pLjiKkxkWUGYQbeMimWspTf4reBF9UamrkwEOsmq7sqRo7UGV0fBTWllbJxb8ocfPIk5H2/gJJPKfAICs96nM/faZw/PNJe9uIxldmU835JytyKDc6bzLzfkuq7hsvOZ96UuNJJV2lPBZBlWkmlxzGfKXs/jcxZu02EGNF+VcrVa0HvV1KRdmXIWIN9sWV8mwWXMXohUgb19Afg85KrapvPBO8S+U/j5/ZYqtuzwqV+SEjtyL57zL/OLpPHj8hxzui55pSuWoH0eraBzuDIlBqceDsFpm3uXtjvci35xHHdyyiQKq+oJgTOM0zUzFKpJicrv8BsuO1jMY+OpwC56tacOV6CTuCTCSfJCz2OZ5dJRJKE+rCJHeaclEpxyJRqf1dUZeMUiIQ7j2MEAdMuvmwnBCo4ApdPwi+vIqmyzO0Jxedqzfmz/sICm/au1fzJHPkrylTOQMqfItgJL1jn13lyFVY1RtVXIXAwIImlvC84hlDOQBocYZv1invCDJmdJOOy7myE+JDrkVECpuUhYIH6RseXg1q2N6ktD8JoQ62zsF0/cHE6OVZFSLF6pE2xS8zCVLY8Oxf3sLlZQwbOo5T2XmC424Qzhzrr4wFQqUjlvrUp/0V+3lj75PH8JT7R0Hk01lM24tx5jqGDhU6HM5eLOyPWvtWaQWJRX+WIqSn3ZH02z8vb1cdSgdIYC2tLma6YachufLInKR2sBS7OOaqzXq6Dz/TjwY5P1z/V6aFPGpvHwevUa8kQ18/2gyQNz446RsPeg3802FuXnldX5kC0Y4VUSN8q3SCBjx1sbqUbsFq+aFHDFEME+jAOTuQRr7WbFpZO0FXHH3pa2ui1JTs+lRT2PM8Gbpybs97qKj3R5TLei/fTNEt31gK08eXYv2hBQuJa4L+QFKNUFMd3r5+LAHY8hBQlNYzylxKsxq5mb7BbYky8qDnswTuWK1+3cw0JFDPb/28/annTGtD8/BHe7T2//CQAA//8YmmeKZwoAAA==",
            "dedicated_host_group_id": "",
            "dedicated_host_id": "",
            "disable_password_authentication": true,
            "edge_zone": "",
            "encryption_at_host_enabled": false,
            "eviction_policy": "",
            "extensions_time_budget": "PT1H30M",
            "id": "/subscriptions/a1f74e2d-ec58-4f9a-a112-088e3469febb/resourceGroups/brief4_QB/providers/Microsoft.Compute/virtualMachines/vm_bastion",
            "identity": [],
            "license_type": "",
            "location": "eastus2",
            "max_bid_price": -1,
            "name": "vm_bastion",
            "network_interface_ids": [
              "/subscriptions/a1f74e2d-ec58-4f9a-a112-088e3469febb/resourceGroups/brief4_QB/providers/Microsoft.Network/networkInterfaces/nic_bastion"
            ],
            "os_disk": [
              {
                "caching": "ReadWrite",
                "diff_disk_settings": [],
                "disk_encryption_set_id": "",
                "disk_size_gb": 30,
                "name": "disk_bastion",
                "secure_vm_disk_encryption_set_id": "",
                "security_encryption_type": "",
                "storage_account_type": "Premium_LRS",
                "write_accelerator_enabled": false
              }
            ],
            "patch_mode": "ImageDefault",
            "plan": [],
            "platform_fault_domain": -1,
            "priority": "Regular",
            "private_ip_address": "10.6.0.19",
            "private_ip_addresses": [
              "10.6.0.19"
            ],
            "provision_vm_agent": true,
            "proximity_placement_group_id": "",
            "public_ip_address": "20.12.17.221",
            "public_ip_addresses": [
              "20.12.17.221"
            ],
            "resource_group_name": "brief4_QB",
            "secret": [],
            "secure_boot_enabled": false,
            "size": "Standard_DS1_v2",
            "source_image_id": "",
            "source_image_reference": [
              {
                "offer": "UbuntuServer",
                "publisher": "Canonical",
                "sku": "18.04-LTS",
                "version": "latest"
              }
            ],
            "tags": {},
            "termination_notification": [],
            "timeouts": null,
            "user_data": "",
            "virtual_machine_id": "625edf52-f247-44ef-bf75-0221edad9b93",
            "virtual_machine_scale_set_id": "",
            "vtpm_enabled": false,
            "zone": ""
          },
          "sensitive_attributes": [],
          "private": "eyJlMmJmYjczMC1lY2FhLTExZTYtOGY4OC0zNDM2M2JjN2M0YzAiOnsiY3JlYXRlIjoyNzAwMDAwMDAwMDAwLCJkZWxldGUiOjI3MDAwMDAwMDAwMDAsInJlYWQiOjMwMDAwMDAwMDAwMCwidXBkYXRlIjoyNzAwMDAwMDAwMDAwfX0=",
          "dependencies": [
            "azurerm_network_interface.nic_bastion",
            "azurerm_public_ip.public_ip_bastion",
            "azurerm_resource_group.rg",
            "azurerm_ssh_public_key.ssh_nomad",
            "azurerm_subnet.subnet_bastion",
            "azurerm_virtual_network.network",
            "data.template_cloudinit_config.configbastion",
            "data.template_file.scriptbastion"
          ]
        }
      ]
    },
    {
      "mode": "managed",
      "type": "azurerm_linux_virtual_machine",
      "name": "vmelasticsrh",
      "provider": "provider[\"registry.terraform.io/hashicorp/azurerm\"]",
      "instances": [
        {
          "schema_version": 0,
          "attributes": {
            "additional_capabilities": [],
            "admin_password": null,
            "admin_ssh_key": [
              {
                "public_key": "ssh-rsa AAAAB3NzaC1yc2EAAAADAQABAAABgQDAXuIAe8DVtQ+qHpbTnCMn5iP1u7WQEOLDE76PTRZ0lYc0TrWJvH+zWzpEbTK/fwzx5sw7yAlBnuR83cAOtm6y8Gk5yktOogsk71VnJ9cXKV7QWtX5o/nysqhliBWAW2jQmEMLHBf4DOFXcKpCdl0OBOtrPct976tnFXhM5n5WF0wrQ4dVikfWe57yg0BX+G+ZbNl7iDCHS8cAGEI2S0ziGOLjl0qJq+9jjCaj2bdVb5vtbz/ghplWtNKQvirxvfOC5H3XbX7aeH2sAlogeYbPs8DmFuz5Smq/+FLBZzqV7JhPMxBCpVFm6r+EzZDgiS2WB96Q3Jh0ItPz7wwJtgpLmSWeaBmWyPGAOh9MBal2RXgDIZ26EPOQTc9WX1377SaEMFSXgwq3e0mtFl5TYG+hzjujY9ik6nfjyLy1yNaPB7hq0z0cCijeJf0Nlm092Ukb1IJOndiS9LSZXjFJT+LRNz7hqyK/oj8nH4K2nx4DMH+Fj4JypSdsqmIk7aXLdYE= nomad@device",
                "username": "elastic"
              }
            ],
            "admin_username": "elastic",
            "allow_extension_operations": true,
            "availability_set_id": "",
            "boot_diagnostics": [],
            "capacity_reservation_group_id": "",
            "computer_name": "elastic",
            "custom_data": "H4sIAAAAAAAA/9xYa5OiSJf+XhH9H9jaiHd2w0XAG+pEbwyIN0QUb6BTExUJpJCYJEgmKsT++A20arqrey5vfx2NUPLw5HPOyTwHn3SQEAYJ4zdFCvtcnGOGUpAxIUY36P/MuUlOfJAVn5/n0/lQXWxNTVntn5+qEb+DGUUJ6XNSXfz09OmJ578GfXp659YQTROK2B0LGANeGEPCfuaOCEMCYvj5uV4XPJzkPo8IYl9d8hADypBXL0CMn79QbjJA6BFm/JB4iY9I0OdkF7GvAPd8GLy9s3kJOaLg09McxfC7yP/zIyYF3gkE8DVPfcAqmiyHv1tp/9MTx/EcSBnPqjDSJGN8yFhKK6qcwuwd4sMjyDF7DKpE+9w5h4QhUpk4LsiSPKV9juZ+8j9cliTsYachxLjPCS4iggto+LCmGCDyWqX0mgJKr36fczFwMZAazf94m5j7SZ/7STGMz/+lGMZ/c+ZiqazXttZXDOOnNwwNX0HOwiRDJfRfT7B4hPt48dz/8l9GdzSfUcApiqKoTbMEA6nwGsNqqCmWolbmwNIUJ58qsKvtmFU7T1J3QwZz0kZLKZdta7gwtKHcWW5WBxHvPXGT2fplUivtMh26m5lwvJa3Nr3KhYJVkq+6TU9ZsLhTdMendnFiiySgJ1naEb3nObOdbNnMaScCKeg5xEi1FbsRWfFwbkzUY0tbjBxvlg58LC7UBcuWHuvJHUZGTjhvk7Y9Eq+Z1fJ36HS0YVsuAlF1auPawTWxjLTBZN31lPFw2liLJRovjAiLZ/1c60XRAEQN19+57QtzSyEIU2wzc2ZdUHa7HBeD9qTpuI4M4KRBFZwEcO8uaVeLR3nZXsdnoTYy1EN53sl6uJzf1EG6G8WdrDYsD1qA1g1b7XWsph6KU7Ys5etVZ0FqxGsbAjW2i+VYWYS9uQpwY+UE2vTQ6AyXC2vj9WxHasryGgzno7UTXM9NKMZshNub/bgWllEe7Xvo1CHHqDAKqTDBUpXDs1iK3gBFUD+KJo7FXmN7cqWpviA+WveM9cGJRvqmZqzMUg7PxUxIoi6ZtGYNcmtp80ltFLX0Il379BxPTzJwDH8//MyRJAb+Lz68IA9+XfCUwTT8h5X7gKj7wypZ6LEQGsQdx1vVDNUh9S9b5bxzW92hdcbyAu4DtZUuhNEo7y6m4Sw5qgO1OEq4l1yHNnHt0UEPj8HVqiHzEPk1CR1Y7HU85Ednq0iDoVfbtprg4oXDnX/wo5lkIH861Zm4kJOuIQbKyiTSMtJGxrIJt9OGYzYVY1uqTboqndlGl6xJ2V1LahEebefauIR0CXrTpn7pgWG3POQD9SYEx51lFcKooKdg1t3Zq0m4xU1nEJjabbtX05SowWCg2ZN0v/DLidB28tVi5Qdzz9MCXTBDbxDsazC7AFnDpykuV2h3i9v5fNY9XYZIIzXFnjbBmAY31jTAunYD6NoKDSOBl9au5dmbyA4PS6ivpxsN2qfmRKHqTVPt8eXWlKVOcaWhHJ80PY0KJ7l2Vk66UU+wkW3irOX0auFunKStQ3QuNpttvjn57h7jKwKbjOazYKG3CWxgO5WW0nQjeppIe5E4NrHQbs2A2ZQmI5RPdvvdTukW47TdbBjHVRSyMJ37E5SHukuveLbJNH3VRBLyvI0I0Pb0mcsZwogCBvPsl+1makzXCt/Qt5q8W31d/VkBSPJPq/7coprrh6W6YPoFsvXKWU1N1TiQ2bA0PIZrejMcOY2GnywLSWUs7CIZtDwUnAurJ7Xm08DfZ0K6XIyOE3mvGqBthKPGCni3prfaSKtl4sZj0tDmQ89UPDu6SlbW26xwc+KNZu0eItBq5adEY63oMNgWKwejwWgenlXf2oq51G1sL+boKBpt11B3JT7ZhXlbJnLP1rTxvidPBtQy9lPLO6+OdK+L+6vetorx9sK29iyeL5qiG+KwsHQ9Hgsdy8I7Ie7QOZoM0JDVZOt2aZNmzeutJu2QrgpQkJIanhmXQ1M700yjJDhfy1krgd21LO1nsx1p9trkcmjNp1l3qXbcobBDdnpZi244KBVT2ytRd3g7NZZte9UEU7GzTFxj4W2jW9wcSvpiBIS951jdsVPG2yAap5N5ydTOeT2pmevJZHNWYRRf6KWhWT2yPwumIVH51IG10fpqWyd2MB0F76aX7XieOW1p7m9vbOcwaA5HUDAHUUvtdPZt1JjPuzv9JGEaxN3ldBuJVy3CqnjsbvB2NKtdzigyWFf84+pX1rvJQJxXGuiaIQZfK3X3roRSwMI+J4RJDIU3Sff+TSHIvLBexPhRit5DwfW5Zw/nlMGs/miluOBBmmLkgUpIvhCS+PDtVnXJSy+k8lL3AQN9TriATMDI/ejlDYKTgL5DkuBbCIHsmmSnephQ1ucksd6qi/XWC7lVArBOoZdniBV1SICLof9Qh39wN0swrmTu3wAr4VinFPdfCMf9Dj0CTGFlqTqWJRmsP1bQgxmjwn1OKjVeyHd0vyvS7zkf7jnuAjN0fFvG1zjx4YP2Yftzp1+Y7565io+yv8W9b2Kl5hHArzGohq/VltE+9+vL89vmPf/2Qu55PZZdrN/fL+S5KqhPT1lOvNh/q6ZrABnHnxccz911d18QQJUA8Bitv58YvEQYL8f8bLjnP2ww93/3JycXpAHH8z4EWZxkHJ9wQk4zgYYgg8IJFhkiAf1YGvybuR6kwSMQ6IUJ9+xDl/uVooBAn3eLzz/E89tfZ/B+5hC69ZsAUsZRVu0mFwNEnt8zYRByAmReBRBokmcepHWMKKv77475bv12Nz3ivk+rDjDVQj5OOR9vcIhQBjDmPi4dX3wF89KH1w+Q77v6m653gXfK09fH8GPvv/Fm8b/F+00kf/1o+WHGMLmS+490/+MK/DBPnPhcpyP+6MS7HKAFZTD2GOZ8AOOE8BnECfD/HPbo9Y+bVqcw+yLK77O+TKAMZOyv8J7/dV98jN9FhPvXvx6U9W9K/H4M5qpP4PtcDAJIWMLx6ZuKeRMyHJ9xNE9hVgEfjf7t3wg8/+np/wMAAP//9Vc/K6UQAAA=",
            "dedicated_host_group_id": "",
            "dedicated_host_id": "",
            "disable_password_authentication": true,
            "edge_zone": "",
            "encryption_at_host_enabled": false,
            "eviction_policy": "",
            "extensions_time_budget": "PT1H30M",
            "id": "/subscriptions/a1f74e2d-ec58-4f9a-a112-088e3469febb/resourceGroups/brief4_QB/providers/Microsoft.Compute/virtualMachines/vm_elasticsrh",
            "identity": [],
            "license_type": "",
            "location": "eastus2",
            "max_bid_price": -1,
            "name": "vm_elasticsrh",
            "network_interface_ids": [
              "/subscriptions/a1f74e2d-ec58-4f9a-a112-088e3469febb/resourceGroups/brief4_QB/providers/Microsoft.Network/networkInterfaces/nic_elasticsrh"
            ],
            "os_disk": [
              {
                "caching": "ReadWrite",
                "diff_disk_settings": [],
                "disk_encryption_set_id": "",
                "disk_size_gb": 30,
                "name": "disk_elastic",
                "secure_vm_disk_encryption_set_id": "",
                "security_encryption_type": "",
                "storage_account_type": "Premium_LRS",
                "write_accelerator_enabled": false
              }
            ],
            "patch_mode": "ImageDefault",
            "plan": [],
            "platform_fault_domain": -1,
            "priority": "Regular",
            "private_ip_address": "10.4.0.4",
            "private_ip_addresses": [
              "10.4.0.4"
            ],
            "provision_vm_agent": true,
            "proximity_placement_group_id": "",
            "public_ip_address": "",
            "public_ip_addresses": [],
            "resource_group_name": "brief4_QB",
            "secret": [],
            "secure_boot_enabled": false,
            "size": "Standard_DS1_v2",
            "source_image_id": "",
            "source_image_reference": [
              {
                "offer": "UbuntuServer",
                "publisher": "Canonical",
                "sku": "18.04-LTS",
                "version": "latest"
              }
            ],
            "tags": {},
            "termination_notification": [],
            "timeouts": null,
            "user_data": "",
            "virtual_machine_id": "819d9061-3248-423f-a60b-b16f66ba7b01",
            "virtual_machine_scale_set_id": "",
            "vtpm_enabled": false,
            "zone": ""
          },
          "sensitive_attributes": [],
          "private": "eyJlMmJmYjczMC1lY2FhLTExZTYtOGY4OC0zNDM2M2JjN2M0YzAiOnsiY3JlYXRlIjoyNzAwMDAwMDAwMDAwLCJkZWxldGUiOjI3MDAwMDAwMDAwMDAsInJlYWQiOjMwMDAwMDAwMDAwMCwidXBkYXRlIjoyNzAwMDAwMDAwMDAwfX0=",
          "dependencies": [
            "azurerm_network_interface.nic_elasticsrh",
            "azurerm_resource_group.rg",
            "azurerm_ssh_public_key.ssh_nomad",
            "azurerm_subnet.subnet_elastic",
            "azurerm_virtual_network.network",
            "data.template_cloudinit_config.configelastic",
            "data.template_file.scriptelastic"
          ]
        }
      ]
    },
    {
      "mode": "managed",
      "type": "azurerm_mariadb_database",
      "name": "db_magento",
      "provider": "provider[\"registry.terraform.io/hashicorp/azurerm\"]",
      "instances": [
        {
          "schema_version": 0,
          "attributes": {
            "charset": "utf8",
            "collation": "utf8_general_ci",
            "id": "/subscriptions/a1f74e2d-ec58-4f9a-a112-088e3469febb/resourceGroups/brief4_QB/providers/Microsoft.DBforMariaDB/servers/magento-mariadb-server/databases/mariadb_database",
            "name": "mariadb_database",
            "resource_group_name": "brief4_QB",
            "server_name": "magento-mariadb-server",
            "timeouts": null
          },
          "sensitive_attributes": [],
          "private": "eyJlMmJmYjczMC1lY2FhLTExZTYtOGY4OC0zNDM2M2JjN2M0YzAiOnsiY3JlYXRlIjozNjAwMDAwMDAwMDAwLCJkZWxldGUiOjM2MDAwMDAwMDAwMDAsInJlYWQiOjMwMDAwMDAwMDAwMCwidXBkYXRlIjozNjAwMDAwMDAwMDAwfX0=",
          "dependencies": [
            "azurerm_mariadb_server.server_magento",
            "azurerm_resource_group.rg"
          ]
        }
      ]
    },
    {
      "mode": "managed",
      "type": "azurerm_mariadb_firewall_rule",
      "name": "mdbrule",
      "provider": "provider[\"registry.terraform.io/hashicorp/azurerm\"]",
      "instances": [
        {
          "schema_version": 0,
          "attributes": {
            "end_ip_address": "20.12.17.221",
            "id": "/subscriptions/a1f74e2d-ec58-4f9a-a112-088e3469febb/resourceGroups/brief4_QB/providers/Microsoft.DBforMariaDB/servers/magento-mariadb-server/firewallRules/rule_magento_db",
            "name": "rule_magento_db",
            "resource_group_name": "brief4_QB",
            "server_name": "magento-mariadb-server",
            "start_ip_address": "20.12.17.221",
            "timeouts": null
          },
          "sensitive_attributes": [],
          "private": "eyJlMmJmYjczMC1lY2FhLTExZTYtOGY4OC0zNDM2M2JjN2M0YzAiOnsiY3JlYXRlIjoxODAwMDAwMDAwMDAwLCJkZWxldGUiOjE4MDAwMDAwMDAwMDAsInJlYWQiOjMwMDAwMDAwMDAwMCwidXBkYXRlIjoxODAwMDAwMDAwMDAwfX0=",
          "dependencies": [
            "azurerm_mariadb_server.server_magento",
            "azurerm_public_ip.public_ip_bastion",
            "azurerm_resource_group.rg"
          ]
        }
      ]
    },
    {
      "mode": "managed",
      "type": "azurerm_mariadb_server",
      "name": "server_magento",
      "provider": "provider[\"registry.terraform.io/hashicorp/azurerm\"]",
      "instances": [
        {
          "schema_version": 0,
          "attributes": {
            "administrator_login": "magento",
            "administrator_login_password": "blablabla123!",
            "auto_grow_enabled": true,
            "backup_retention_days": 14,
            "create_mode": "Default",
            "creation_source_server_id": null,
            "fqdn": "magento-mariadb-server.mariadb.database.azure.com",
            "geo_redundant_backup_enabled": false,
            "id": "/subscriptions/a1f74e2d-ec58-4f9a-a112-088e3469febb/resourceGroups/brief4_QB/providers/Microsoft.DBforMariaDB/servers/magento-mariadb-server",
            "location": "eastus2",
            "name": "magento-mariadb-server",
            "public_network_access_enabled": true,
            "resource_group_name": "brief4_QB",
            "restore_point_in_time": null,
            "sku_name": "MO_Gen5_2",
            "ssl_enforcement_enabled": false,
            "storage_mb": 5120,
            "tags": {},
            "timeouts": null,
            "version": "10.2"
          },
          "sensitive_attributes": [],
          "private": "eyJlMmJmYjczMC1lY2FhLTExZTYtOGY4OC0zNDM2M2JjN2M0YzAiOnsiY3JlYXRlIjo1NDAwMDAwMDAwMDAwLCJkZWxldGUiOjM2MDAwMDAwMDAwMDAsInJlYWQiOjMwMDAwMDAwMDAwMCwidXBkYXRlIjozNjAwMDAwMDAwMDAwfX0=",
          "dependencies": [
            "azurerm_resource_group.rg"
          ]
        }
      ]
    },
    {
      "mode": "managed",
      "type": "azurerm_monitor_action_group",
      "name": "group-monitor",
      "provider": "provider[\"registry.terraform.io/hashicorp/azurerm\"]",
      "instances": [
        {
          "schema_version": 1,
          "attributes": {
            "arm_role_receiver": [],
            "automation_runbook_receiver": [],
            "azure_app_push_receiver": [],
            "azure_function_receiver": [],
            "email_receiver": [
              {
                "email_address": "ryanomagento@gmail.com",
                "name": "sendtoadmin",
                "use_common_alert_schema": false
              }
            ],
            "enabled": true,
            "event_hub_receiver": [],
            "id": "/subscriptions/a1f74e2d-ec58-4f9a-a112-088e3469febb/resourceGroups/brief4_QB/providers/Microsoft.Insights/actionGroups/group-monitor",
            "itsm_receiver": [],
            "logic_app_receiver": [],
            "name": "group-monitor",
            "resource_group_name": "brief4_QB",
            "short_name": "monitor-grp",
            "sms_receiver": [],
            "tags": {},
            "timeouts": null,
            "voice_receiver": [],
            "webhook_receiver": []
          },
          "sensitive_attributes": [],
          "private": "eyJlMmJmYjczMC1lY2FhLTExZTYtOGY4OC0zNDM2M2JjN2M0YzAiOnsiY3JlYXRlIjoxODAwMDAwMDAwMDAwLCJkZWxldGUiOjE4MDAwMDAwMDAwMDAsInJlYWQiOjMwMDAwMDAwMDAwMCwidXBkYXRlIjoxODAwMDAwMDAwMDAwfSwic2NoZW1hX3ZlcnNpb24iOiIxIn0=",
          "dependencies": [
            "azurerm_resource_group.rg"
          ]
        }
      ]
    },
    {
      "mode": "managed",
      "type": "azurerm_monitor_metric_alert",
      "name": "alert-availability",
      "provider": "provider[\"registry.terraform.io/hashicorp/azurerm\"]",
      "instances": [
        {
          "schema_version": 1,
          "attributes": {
            "action": [
              {
                "action_group_id": "/subscriptions/a1f74e2d-ec58-4f9a-a112-088e3469febb/resourceGroups/brief4_QB/providers/Microsoft.Insights/actionGroups/group-monitor",
                "webhook_properties": {}
              }
            ],
            "application_insights_web_test_location_availability_criteria": [],
            "auto_mitigate": true,
            "criteria": [
              {
                "aggregation": "Average",
                "dimension": [
                  {
                    "name": "availabilityResult/name",
                    "operator": "Include",
                    "values": [
                      "requesthttp"
                    ]
                  }
                ],
                "metric_name": "availabilityResults/availabilityPercentage",
                "metric_namespace": "Microsoft.Insights/components",
                "operator": "LessThan",
                "skip_metric_validation": false,
                "threshold": 100
              }
            ],
            "description": "Availability",
            "dynamic_criteria": [],
            "enabled": true,
            "frequency": "PT1M",
            "id": "/subscriptions/a1f74e2d-ec58-4f9a-a112-088e3469febb/resourceGroups/brief4_QB/providers/Microsoft.Insights/metricAlerts/alert-availability",
            "name": "alert-availability",
            "resource_group_name": "brief4_QB",
            "scopes": [
              "/subscriptions/a1f74e2d-ec58-4f9a-a112-088e3469febb/resourceGroups/brief4_QB/providers/Microsoft.Insights/components/insights-magento"
            ],
            "severity": 3,
            "tags": {},
            "target_resource_location": "",
            "target_resource_type": "",
            "timeouts": null,
            "window_size": "PT5M"
          },
          "sensitive_attributes": [],
          "private": "eyJlMmJmYjczMC1lY2FhLTExZTYtOGY4OC0zNDM2M2JjN2M0YzAiOnsiY3JlYXRlIjoxODAwMDAwMDAwMDAwLCJkZWxldGUiOjE4MDAwMDAwMDAwMDAsInJlYWQiOjMwMDAwMDAwMDAwMCwidXBkYXRlIjoxODAwMDAwMDAwMDAwfSwic2NoZW1hX3ZlcnNpb24iOiIxIn0=",
          "dependencies": [
            "azurerm_application_insights.insight",
            "azurerm_monitor_action_group.group-monitor",
            "azurerm_resource_group.rg"
          ]
        }
      ]
    },
    {
      "mode": "managed",
      "type": "azurerm_monitor_metric_alert",
      "name": "alert-stock",
      "provider": "provider[\"registry.terraform.io/hashicorp/azurerm\"]",
      "instances": [
        {
          "schema_version": 1,
          "attributes": {
            "action": [
              {
                "action_group_id": "/subscriptions/a1f74e2d-ec58-4f9a-a112-088e3469febb/resourceGroups/brief4_QB/providers/Microsoft.Insights/actionGroups/group-monitor",
                "webhook_properties": {}
              }
            ],
            "application_insights_web_test_location_availability_criteria": [],
            "auto_mitigate": true,
            "criteria": [
              {
                "aggregation": "Average",
                "dimension": [],
                "metric_name": "UsedCapacity",
                "metric_namespace": "Microsoft.Storage/storageAccounts",
                "operator": "GreaterThan",
                "skip_metric_validation": false,
                "threshold": 450000
              }
            ],
            "description": "Space alert",
            "dynamic_criteria": [],
            "enabled": true,
            "frequency": "PT1H",
            "id": "/subscriptions/a1f74e2d-ec58-4f9a-a112-088e3469febb/resourceGroups/brief4_QB/providers/Microsoft.Insights/metricAlerts/alert-stock-capacity",
            "name": "alert-stock-capacity",
            "resource_group_name": "brief4_QB",
            "scopes": [
              "/subscriptions/a1f74e2d-ec58-4f9a-a112-088e3469febb/resourceGroups/brief4_QB/providers/Microsoft.Storage/storageAccounts/stabdd"
            ],
            "severity": 3,
            "tags": {},
            "target_resource_location": "",
            "target_resource_type": "Microsoft.Storage/storageAccounts",
            "timeouts": null,
            "window_size": "PT12H"
          },
          "sensitive_attributes": [],
          "private": "eyJlMmJmYjczMC1lY2FhLTExZTYtOGY4OC0zNDM2M2JjN2M0YzAiOnsiY3JlYXRlIjoxODAwMDAwMDAwMDAwLCJkZWxldGUiOjE4MDAwMDAwMDAwMDAsInJlYWQiOjMwMDAwMDAwMDAwMCwidXBkYXRlIjoxODAwMDAwMDAwMDAwfSwic2NoZW1hX3ZlcnNpb24iOiIxIn0=",
          "dependencies": [
            "azurerm_monitor_action_group.group-monitor",
            "azurerm_resource_group.rg",
            "azurerm_storage_account.storage-bdd",
            "azurerm_subnet.subnet_bdd",
            "azurerm_virtual_network.network"
          ]
        }
      ]
    },
    {
      "mode": "managed",
      "type": "azurerm_monitor_metric_alert",
      "name": "alert-vm-cpu",
      "provider": "provider[\"registry.terraform.io/hashicorp/azurerm\"]",
      "instances": [
        {
          "schema_version": 1,
          "attributes": {
            "action": [
              {
                "action_group_id": "/subscriptions/a1f74e2d-ec58-4f9a-a112-088e3469febb/resourceGroups/brief4_QB/providers/Microsoft.Insights/actionGroups/group-monitor",
                "webhook_properties": {}
              }
            ],
            "application_insights_web_test_location_availability_criteria": [],
            "auto_mitigate": true,
            "criteria": [
              {
                "aggregation": "Total",
                "dimension": [],
                "metric_name": "Percentage CPU",
                "metric_namespace": "Microsoft.Compute/virtualMachines",
                "operator": "GreaterThan",
                "skip_metric_validation": false,
                "threshold": 90
              }
            ],
            "description": "VM App cpu alert",
            "dynamic_criteria": [],
            "enabled": true,
            "frequency": "PT1M",
            "id": "/subscriptions/a1f74e2d-ec58-4f9a-a112-088e3469febb/resourceGroups/brief4_QB/providers/Microsoft.Insights/metricAlerts/alert-vm-cpu",
            "name": "alert-vm-cpu",
            "resource_group_name": "brief4_QB",
            "scopes": [
              "/subscriptions/a1f74e2d-ec58-4f9a-a112-088e3469febb/resourceGroups/brief4_QB/providers/Microsoft.Compute/virtualMachines/vm_app"
            ],
            "severity": 3,
            "tags": {},
            "target_resource_location": "",
            "target_resource_type": "Microsoft.Compute/virtualMachines",
            "timeouts": null,
            "window_size": "PT5M"
          },
          "sensitive_attributes": [],
          "private": "eyJlMmJmYjczMC1lY2FhLTExZTYtOGY4OC0zNDM2M2JjN2M0YzAiOnsiY3JlYXRlIjoxODAwMDAwMDAwMDAwLCJkZWxldGUiOjE4MDAwMDAwMDAwMDAsInJlYWQiOjMwMDAwMDAwMDAwMCwidXBkYXRlIjoxODAwMDAwMDAwMDAwfSwic2NoZW1hX3ZlcnNpb24iOiIxIn0=",
          "dependencies": [
            "azurerm_linux_virtual_machine.vm_app",
            "azurerm_mariadb_server.server_magento",
            "azurerm_monitor_action_group.group-monitor",
            "azurerm_network_interface.nic_app",
            "azurerm_private_dns_zone.private_dns_mariadb",
            "azurerm_private_endpoint.private_bdd",
            "azurerm_public_ip.public_ip_gateway",
            "azurerm_resource_group.rg",
            "azurerm_ssh_public_key.ssh_nomad",
            "azurerm_storage_account.Storage_share01",
            "azurerm_storage_account.storage-bdd",
            "azurerm_subnet.subnet_app",
            "azurerm_subnet.subnet_bdd",
            "azurerm_virtual_network.network",
            "data.template_cloudinit_config.configapp",
            "data.template_file.scriptapp"
          ]
        }
      ]
    },
    {
      "mode": "managed",
      "type": "azurerm_network_interface",
      "name": "nic_app",
      "provider": "provider[\"registry.terraform.io/hashicorp/azurerm\"]",
      "instances": [
        {
          "schema_version": 0,
          "attributes": {
            "applied_dns_servers": [],
            "dns_servers": [],
            "edge_zone": "",
            "enable_accelerated_networking": false,
            "enable_ip_forwarding": false,
            "id": "/subscriptions/a1f74e2d-ec58-4f9a-a112-088e3469febb/resourceGroups/brief4_QB/providers/Microsoft.Network/networkInterfaces/nic_app",
            "internal_dns_name_label": "",
            "internal_domain_name_suffix": "ywere2pyfz1u1ih5ntbzr4lu3f.cx.internal.cloudapp.net",
            "ip_configuration": [
              {
                "gateway_load_balancer_frontend_ip_configuration_id": "",
                "name": "nic_app_config",
                "primary": true,
                "private_ip_address": "10.2.0.19",
                "private_ip_address_allocation": "Static",
                "private_ip_address_version": "IPv4",
                "public_ip_address_id": "",
                "subnet_id": "/subscriptions/a1f74e2d-ec58-4f9a-a112-088e3469febb/resourceGroups/brief4_QB/providers/Microsoft.Network/virtualNetworks/network/subnets/subnet_app"
              }
            ],
            "location": "eastus2",
            "mac_address": "00-0D-3A-0E-4C-1A",
            "name": "nic_app",
            "private_ip_address": "10.2.0.19",
            "private_ip_addresses": [
              "10.2.0.19"
            ],
            "resource_group_name": "brief4_QB",
            "tags": {},
            "timeouts": null,
            "virtual_machine_id": "/subscriptions/a1f74e2d-ec58-4f9a-a112-088e3469febb/resourceGroups/brief4_QB/providers/Microsoft.Compute/virtualMachines/vm_app"
          },
          "sensitive_attributes": [],
          "private": "eyJlMmJmYjczMC1lY2FhLTExZTYtOGY4OC0zNDM2M2JjN2M0YzAiOnsiY3JlYXRlIjoxODAwMDAwMDAwMDAwLCJkZWxldGUiOjE4MDAwMDAwMDAwMDAsInJlYWQiOjMwMDAwMDAwMDAwMCwidXBkYXRlIjoxODAwMDAwMDAwMDAwfX0=",
          "dependencies": [
            "azurerm_resource_group.rg",
            "azurerm_subnet.subnet_app",
            "azurerm_virtual_network.network"
          ]
        }
      ]
    },
    {
      "mode": "managed",
      "type": "azurerm_network_interface",
      "name": "nic_bastion",
      "provider": "provider[\"registry.terraform.io/hashicorp/azurerm\"]",
      "instances": [
        {
          "schema_version": 0,
          "attributes": {
            "applied_dns_servers": [],
            "dns_servers": [],
            "edge_zone": "",
            "enable_accelerated_networking": false,
            "enable_ip_forwarding": false,
            "id": "/subscriptions/a1f74e2d-ec58-4f9a-a112-088e3469febb/resourceGroups/brief4_QB/providers/Microsoft.Network/networkInterfaces/nic_bastion",
            "internal_dns_name_label": "",
            "internal_domain_name_suffix": "ywere2pyfz1u1ih5ntbzr4lu3f.cx.internal.cloudapp.net",
            "ip_configuration": [
              {
                "gateway_load_balancer_frontend_ip_configuration_id": "",
                "name": "nic_bastion_config",
                "primary": true,
                "private_ip_address": "10.6.0.19",
                "private_ip_address_allocation": "Static",
                "private_ip_address_version": "IPv4",
                "public_ip_address_id": "/subscriptions/a1f74e2d-ec58-4f9a-a112-088e3469febb/resourceGroups/brief4_QB/providers/Microsoft.Network/publicIPAddresses/ip_bastion",
                "subnet_id": "/subscriptions/a1f74e2d-ec58-4f9a-a112-088e3469febb/resourceGroups/brief4_QB/providers/Microsoft.Network/virtualNetworks/network/subnets/subnet_bastion"
              }
            ],
            "location": "eastus2",
            "mac_address": "60-45-BD-83-3F-5B",
            "name": "nic_bastion",
            "private_ip_address": "10.6.0.19",
            "private_ip_addresses": [
              "10.6.0.19"
            ],
            "resource_group_name": "brief4_QB",
            "tags": {},
            "timeouts": null,
            "virtual_machine_id": "/subscriptions/a1f74e2d-ec58-4f9a-a112-088e3469febb/resourceGroups/brief4_QB/providers/Microsoft.Compute/virtualMachines/vm_bastion"
          },
          "sensitive_attributes": [],
          "private": "eyJlMmJmYjczMC1lY2FhLTExZTYtOGY4OC0zNDM2M2JjN2M0YzAiOnsiY3JlYXRlIjoxODAwMDAwMDAwMDAwLCJkZWxldGUiOjE4MDAwMDAwMDAwMDAsInJlYWQiOjMwMDAwMDAwMDAwMCwidXBkYXRlIjoxODAwMDAwMDAwMDAwfX0=",
          "dependencies": [
            "azurerm_public_ip.public_ip_bastion",
            "azurerm_resource_group.rg",
            "azurerm_subnet.subnet_bastion",
            "azurerm_virtual_network.network"
          ]
        }
      ]
    },
    {
      "mode": "managed",
      "type": "azurerm_network_interface",
      "name": "nic_elasticsrh",
      "provider": "provider[\"registry.terraform.io/hashicorp/azurerm\"]",
      "instances": [
        {
          "schema_version": 0,
          "attributes": {
            "applied_dns_servers": [],
            "dns_servers": [],
            "edge_zone": "",
            "enable_accelerated_networking": false,
            "enable_ip_forwarding": false,
            "id": "/subscriptions/a1f74e2d-ec58-4f9a-a112-088e3469febb/resourceGroups/brief4_QB/providers/Microsoft.Network/networkInterfaces/nic_elasticsrh",
            "internal_dns_name_label": "",
            "internal_domain_name_suffix": "ywere2pyfz1u1ih5ntbzr4lu3f.cx.internal.cloudapp.net",
            "ip_configuration": [
              {
                "gateway_load_balancer_frontend_ip_configuration_id": "",
                "name": "nic_elastic_config",
                "primary": true,
                "private_ip_address": "10.4.0.4",
                "private_ip_address_allocation": "Dynamic",
                "private_ip_address_version": "IPv4",
                "public_ip_address_id": "",
                "subnet_id": "/subscriptions/a1f74e2d-ec58-4f9a-a112-088e3469febb/resourceGroups/brief4_QB/providers/Microsoft.Network/virtualNetworks/network/subnets/subnet_elastic"
              }
            ],
            "location": "eastus2",
            "mac_address": "00-0D-3A-00-26-23",
            "name": "nic_elasticsrh",
            "private_ip_address": "10.4.0.4",
            "private_ip_addresses": [
              "10.4.0.4"
            ],
            "resource_group_name": "brief4_QB",
            "tags": {},
            "timeouts": null,
            "virtual_machine_id": "/subscriptions/a1f74e2d-ec58-4f9a-a112-088e3469febb/resourceGroups/brief4_QB/providers/Microsoft.Compute/virtualMachines/vm_elasticsrh"
          },
          "sensitive_attributes": [],
          "private": "eyJlMmJmYjczMC1lY2FhLTExZTYtOGY4OC0zNDM2M2JjN2M0YzAiOnsiY3JlYXRlIjoxODAwMDAwMDAwMDAwLCJkZWxldGUiOjE4MDAwMDAwMDAwMDAsInJlYWQiOjMwMDAwMDAwMDAwMCwidXBkYXRlIjoxODAwMDAwMDAwMDAwfX0=",
          "dependencies": [
            "azurerm_resource_group.rg",
            "azurerm_subnet.subnet_elastic",
            "azurerm_virtual_network.network"
          ]
        }
      ]
    },
    {
      "mode": "managed",
      "type": "azurerm_network_interface_application_gateway_backend_address_pool_association",
      "name": "poolbackend",
      "provider": "provider[\"registry.terraform.io/hashicorp/azurerm\"]",
      "instances": [
        {
          "schema_version": 0,
          "attributes": {
            "backend_address_pool_id": "/subscriptions/a1f74e2d-ec58-4f9a-a112-088e3469febb/resourceGroups/brief4_QB/providers/Microsoft.Network/applicationGateways/gateway-brief4/backendAddressPools/network-beap",
            "id": "/subscriptions/a1f74e2d-ec58-4f9a-a112-088e3469febb/resourceGroups/brief4_QB/providers/Microsoft.Network/networkInterfaces/nic_app/ipConfigurations/nic_app_config|/subscriptions/a1f74e2d-ec58-4f9a-a112-088e3469febb/resourceGroups/brief4_QB/providers/Microsoft.Network/applicationGateways/gateway-brief4/backendAddressPools/network-beap",
            "ip_configuration_name": "nic_app_config",
            "network_interface_id": "/subscriptions/a1f74e2d-ec58-4f9a-a112-088e3469febb/resourceGroups/brief4_QB/providers/Microsoft.Network/networkInterfaces/nic_app",
            "timeouts": null
          },
          "sensitive_attributes": [],
          "private": "eyJlMmJmYjczMC1lY2FhLTExZTYtOGY4OC0zNDM2M2JjN2M0YzAiOnsiY3JlYXRlIjoxODAwMDAwMDAwMDAwLCJkZWxldGUiOjE4MDAwMDAwMDAwMDAsInJlYWQiOjMwMDAwMDAwMDAwMCwidXBkYXRlIjoxODAwMDAwMDAwMDAwfX0=",
          "dependencies": [
            "azurerm_application_gateway.network_gateway",
            "azurerm_key_vault.keyvault",
            "azurerm_key_vault_certificate.example",
            "azurerm_network_interface.nic_app",
            "azurerm_public_ip.public_ip_gateway",
            "azurerm_resource_group.rg",
            "azurerm_subnet.subnet_app",
            "azurerm_subnet.subnet_gateway",
            "azurerm_user_assigned_identity.id-magento",
            "azurerm_virtual_network.network",
            "data.azurerm_client_config.current"
          ]
        }
      ]
    },
    {
      "mode": "managed",
      "type": "azurerm_network_interface_security_group_association",
      "name": "assoc-nic-nsg-app",
      "provider": "provider[\"registry.terraform.io/hashicorp/azurerm\"]",
      "instances": [
        {
          "schema_version": 0,
          "attributes": {
            "id": "/subscriptions/a1f74e2d-ec58-4f9a-a112-088e3469febb/resourceGroups/brief4_QB/providers/Microsoft.Network/networkInterfaces/nic_app|/subscriptions/a1f74e2d-ec58-4f9a-a112-088e3469febb/resourceGroups/brief4_QB/providers/Microsoft.Network/networkSecurityGroups/nsg_app",
            "network_interface_id": "/subscriptions/a1f74e2d-ec58-4f9a-a112-088e3469febb/resourceGroups/brief4_QB/providers/Microsoft.Network/networkInterfaces/nic_app",
            "network_security_group_id": "/subscriptions/a1f74e2d-ec58-4f9a-a112-088e3469febb/resourceGroups/brief4_QB/providers/Microsoft.Network/networkSecurityGroups/nsg_app",
            "timeouts": null
          },
          "sensitive_attributes": [],
          "private": "eyJlMmJmYjczMC1lY2FhLTExZTYtOGY4OC0zNDM2M2JjN2M0YzAiOnsiY3JlYXRlIjoxODAwMDAwMDAwMDAwLCJkZWxldGUiOjE4MDAwMDAwMDAwMDAsInJlYWQiOjMwMDAwMDAwMDAwMCwidXBkYXRlIjoxODAwMDAwMDAwMDAwfX0=",
          "dependencies": [
            "azurerm_network_interface.nic_app",
            "azurerm_network_security_group.nsg_app",
            "azurerm_resource_group.rg",
            "azurerm_subnet.subnet_app",
            "azurerm_virtual_network.network"
          ]
        }
      ]
    },
    {
      "mode": "managed",
      "type": "azurerm_network_interface_security_group_association",
      "name": "assoc-nic-nsg-bastion",
      "provider": "provider[\"registry.terraform.io/hashicorp/azurerm\"]",
      "instances": [
        {
          "schema_version": 0,
          "attributes": {
            "id": "/subscriptions/a1f74e2d-ec58-4f9a-a112-088e3469febb/resourceGroups/brief4_QB/providers/Microsoft.Network/networkInterfaces/nic_bastion|/subscriptions/a1f74e2d-ec58-4f9a-a112-088e3469febb/resourceGroups/brief4_QB/providers/Microsoft.Network/networkSecurityGroups/nsg_bastion",
            "network_interface_id": "/subscriptions/a1f74e2d-ec58-4f9a-a112-088e3469febb/resourceGroups/brief4_QB/providers/Microsoft.Network/networkInterfaces/nic_bastion",
            "network_security_group_id": "/subscriptions/a1f74e2d-ec58-4f9a-a112-088e3469febb/resourceGroups/brief4_QB/providers/Microsoft.Network/networkSecurityGroups/nsg_bastion",
            "timeouts": null
          },
          "sensitive_attributes": [],
          "private": "eyJlMmJmYjczMC1lY2FhLTExZTYtOGY4OC0zNDM2M2JjN2M0YzAiOnsiY3JlYXRlIjoxODAwMDAwMDAwMDAwLCJkZWxldGUiOjE4MDAwMDAwMDAwMDAsInJlYWQiOjMwMDAwMDAwMDAwMCwidXBkYXRlIjoxODAwMDAwMDAwMDAwfX0=",
          "dependencies": [
            "azurerm_network_interface.nic_bastion",
            "azurerm_network_security_group.nsg_bastion",
            "azurerm_public_ip.public_ip_bastion",
            "azurerm_resource_group.rg",
            "azurerm_subnet.subnet_bastion",
            "azurerm_virtual_network.network"
          ]
        }
      ]
    },
    {
      "mode": "managed",
      "type": "azurerm_network_security_group",
      "name": "nsg_app",
      "provider": "provider[\"registry.terraform.io/hashicorp/azurerm\"]",
      "instances": [
        {
          "schema_version": 0,
          "attributes": {
            "id": "/subscriptions/a1f74e2d-ec58-4f9a-a112-088e3469febb/resourceGroups/brief4_QB/providers/Microsoft.Network/networkSecurityGroups/nsg_app",
            "location": "eastus2",
            "name": "nsg_app",
            "resource_group_name": "brief4_QB",
            "security_rule": [
              {
                "access": "Allow",
                "description": "",
                "destination_address_prefix": "*",
                "destination_address_prefixes": [],
                "destination_application_security_group_ids": [],
                "destination_port_range": "*",
                "destination_port_ranges": [],
                "direction": "Inbound",
                "name": "PING",
                "priority": 100,
                "protocol": "Icmp",
                "source_address_prefix": "*",
                "source_address_prefixes": [],
                "source_application_security_group_ids": [],
                "source_port_range": "*",
                "source_port_ranges": []
              }
            ],
            "tags": {},
            "timeouts": null
          },
          "sensitive_attributes": [],
          "private": "eyJlMmJmYjczMC1lY2FhLTExZTYtOGY4OC0zNDM2M2JjN2M0YzAiOnsiY3JlYXRlIjoxODAwMDAwMDAwMDAwLCJkZWxldGUiOjE4MDAwMDAwMDAwMDAsInJlYWQiOjMwMDAwMDAwMDAwMCwidXBkYXRlIjoxODAwMDAwMDAwMDAwfX0=",
          "dependencies": [
            "azurerm_resource_group.rg"
          ]
        }
      ]
    },
    {
      "mode": "managed",
      "type": "azurerm_network_security_group",
      "name": "nsg_bastion",
      "provider": "provider[\"registry.terraform.io/hashicorp/azurerm\"]",
      "instances": [
        {
          "schema_version": 0,
          "attributes": {
            "id": "/subscriptions/a1f74e2d-ec58-4f9a-a112-088e3469febb/resourceGroups/brief4_QB/providers/Microsoft.Network/networkSecurityGroups/nsg_bastion",
            "location": "eastus2",
            "name": "nsg_bastion",
            "resource_group_name": "brief4_QB",
            "security_rule": [
              {
                "access": "Allow",
                "description": "",
                "destination_address_prefix": "*",
                "destination_address_prefixes": [],
                "destination_application_security_group_ids": [],
                "destination_port_range": "22",
                "destination_port_ranges": [],
                "direction": "Inbound",
                "name": "SSH",
                "priority": 1001,
                "protocol": "Tcp",
                "source_address_prefix": "*",
                "source_address_prefixes": [],
                "source_application_security_group_ids": [],
                "source_port_range": "*",
                "source_port_ranges": []
              }
            ],
            "tags": {},
            "timeouts": null
          },
          "sensitive_attributes": [],
          "private": "eyJlMmJmYjczMC1lY2FhLTExZTYtOGY4OC0zNDM2M2JjN2M0YzAiOnsiY3JlYXRlIjoxODAwMDAwMDAwMDAwLCJkZWxldGUiOjE4MDAwMDAwMDAwMDAsInJlYWQiOjMwMDAwMDAwMDAwMCwidXBkYXRlIjoxODAwMDAwMDAwMDAwfX0=",
          "dependencies": [
            "azurerm_resource_group.rg"
          ]
        }
      ]
    },
    {
      "mode": "managed",
      "type": "azurerm_network_security_rule",
      "name": "nsg_inbound_2000",
      "provider": "provider[\"registry.terraform.io/hashicorp/azurerm\"]",
      "instances": [
        {
          "schema_version": 0,
          "attributes": {
            "access": "Allow",
            "description": "",
            "destination_address_prefix": "*",
            "destination_address_prefixes": null,
            "destination_application_security_group_ids": null,
            "destination_port_range": "445",
            "destination_port_ranges": null,
            "direction": "Inbound",
            "id": "/subscriptions/a1f74e2d-ec58-4f9a-a112-088e3469febb/resourceGroups/brief4_QB/providers/Microsoft.Network/networkSecurityGroups/nsg_app/securityRules/stnsg_inbound_2000",
            "name": "stnsg_inbound_2000",
            "network_security_group_name": "nsg_app",
            "priority": 2000,
            "protocol": "Tcp",
            "resource_group_name": "brief4_QB",
            "source_address_prefix": "*",
            "source_address_prefixes": null,
            "source_application_security_group_ids": null,
            "source_port_range": "*",
            "source_port_ranges": null,
            "timeouts": null
          },
          "sensitive_attributes": [],
          "private": "eyJlMmJmYjczMC1lY2FhLTExZTYtOGY4OC0zNDM2M2JjN2M0YzAiOnsiY3JlYXRlIjoxODAwMDAwMDAwMDAwLCJkZWxldGUiOjE4MDAwMDAwMDAwMDAsInJlYWQiOjMwMDAwMDAwMDAwMCwidXBkYXRlIjoxODAwMDAwMDAwMDAwfX0=",
          "dependencies": [
            "azurerm_network_security_group.nsg_app",
            "azurerm_resource_group.rg"
          ]
        }
      ]
    },
    {
      "mode": "managed",
      "type": "azurerm_private_dns_zone",
      "name": "private_dns_mariadb",
      "provider": "provider[\"registry.terraform.io/hashicorp/azurerm\"]",
      "instances": [
        {
          "schema_version": 0,
          "attributes": {
            "id": "/subscriptions/a1f74e2d-ec58-4f9a-a112-088e3469febb/resourceGroups/brief4_QB/providers/Microsoft.Network/privateDnsZones/privatelink.mariadb.database.azure.com",
            "max_number_of_record_sets": 25000,
            "max_number_of_virtual_network_links": 1000,
            "max_number_of_virtual_network_links_with_registration": 100,
            "name": "privatelink.mariadb.database.azure.com",
            "number_of_record_sets": 2,
            "resource_group_name": "brief4_QB",
            "soa_record": [
              {
                "email": "azureprivatedns-host.microsoft.com",
                "expire_time": 2419200,
                "fqdn": "privatelink.mariadb.database.azure.com.",
                "host_name": "azureprivatedns.net",
                "minimum_ttl": 10,
                "refresh_time": 3600,
                "retry_time": 300,
                "serial_number": 1,
                "tags": {},
                "ttl": 3600
              }
            ],
            "tags": {},
            "timeouts": null
          },
          "sensitive_attributes": [],
          "private": "eyJlMmJmYjczMC1lY2FhLTExZTYtOGY4OC0zNDM2M2JjN2M0YzAiOnsiY3JlYXRlIjoxODAwMDAwMDAwMDAwLCJkZWxldGUiOjE4MDAwMDAwMDAwMDAsInJlYWQiOjMwMDAwMDAwMDAwMCwidXBkYXRlIjoxODAwMDAwMDAwMDAwfX0=",
          "dependencies": [
            "azurerm_resource_group.rg"
          ]
        }
      ]
    },
    {
      "mode": "managed",
      "type": "azurerm_private_dns_zone_virtual_network_link",
      "name": "link_bdd",
      "provider": "provider[\"registry.terraform.io/hashicorp/azurerm\"]",
      "instances": [
        {
          "schema_version": 0,
          "attributes": {
            "id": "/subscriptions/a1f74e2d-ec58-4f9a-a112-088e3469febb/resourceGroups/brief4_QB/providers/Microsoft.Network/privateDnsZones/privatelink.mariadb.database.azure.com/virtualNetworkLinks/link_bdd",
            "name": "link_bdd",
            "private_dns_zone_name": "privatelink.mariadb.database.azure.com",
            "registration_enabled": false,
            "resource_group_name": "brief4_QB",
            "tags": {},
            "timeouts": null,
            "virtual_network_id": "/subscriptions/a1f74e2d-ec58-4f9a-a112-088e3469febb/resourceGroups/brief4_QB/providers/Microsoft.Network/virtualNetworks/network"
          },
          "sensitive_attributes": [],
          "private": "eyJlMmJmYjczMC1lY2FhLTExZTYtOGY4OC0zNDM2M2JjN2M0YzAiOnsiY3JlYXRlIjoxODAwMDAwMDAwMDAwLCJkZWxldGUiOjE4MDAwMDAwMDAwMDAsInJlYWQiOjMwMDAwMDAwMDAwMCwidXBkYXRlIjoxODAwMDAwMDAwMDAwfX0=",
          "dependencies": [
            "azurerm_private_dns_zone.private_dns_mariadb",
            "azurerm_resource_group.rg",
            "azurerm_virtual_network.network"
          ]
        }
      ]
    },
    {
      "mode": "managed",
      "type": "azurerm_private_endpoint",
      "name": "private_bdd",
      "provider": "provider[\"registry.terraform.io/hashicorp/azurerm\"]",
      "instances": [
        {
          "schema_version": 0,
          "attributes": {
            "custom_dns_configs": [],
            "id": "/subscriptions/a1f74e2d-ec58-4f9a-a112-088e3469febb/resourceGroups/brief4_QB/providers/Microsoft.Network/privateEndpoints/private_bdd",
            "ip_configuration": [],
            "location": "eastus2",
            "name": "private_bdd",
            "network_interface": [
              {
                "id": "/subscriptions/a1f74e2d-ec58-4f9a-a112-088e3469febb/resourceGroups/brief4_QB/providers/Microsoft.Network/networkInterfaces/private_bdd.nic.896221d2-0eaa-4ace-88c6-eeb6a65bbea6",
                "name": "private_bdd.nic.896221d2-0eaa-4ace-88c6-eeb6a65bbea6"
              }
            ],
            "private_dns_zone_configs": [
              {
                "id": "/subscriptions/a1f74e2d-ec58-4f9a-a112-088e3469febb/resourceGroups/brief4_QB/providers/Microsoft.Network/privateEndpoints/private_bdd/privateDnsZoneGroups/private-dns-zone-group/privateDnsZoneConfigs/privatelink.mariadb.database.azure.com",
                "name": "privatelink.mariadb.database.azure.com",
                "private_dns_zone_id": "/subscriptions/a1f74e2d-ec58-4f9a-a112-088e3469febb/resourceGroups/brief4_QB/providers/Microsoft.Network/privateDnsZones/privatelink.mariadb.database.azure.com",
                "record_sets": [
                  {
                    "fqdn": "magento-mariadb-server.privatelink.mariadb.database.azure.com",
                    "ip_addresses": [
                      "10.3.0.4"
                    ],
                    "name": "magento-mariadb-server",
                    "ttl": 10,
                    "type": "A"
                  }
                ]
              }
            ],
            "private_dns_zone_group": [
              {
                "id": "/subscriptions/a1f74e2d-ec58-4f9a-a112-088e3469febb/resourceGroups/brief4_QB/providers/Microsoft.Network/privateEndpoints/private_bdd/privateDnsZoneGroups/private-dns-zone-group",
                "name": "private-dns-zone-group",
                "private_dns_zone_ids": [
                  "/subscriptions/a1f74e2d-ec58-4f9a-a112-088e3469febb/resourceGroups/brief4_QB/providers/Microsoft.Network/privateDnsZones/privatelink.mariadb.database.azure.com"
                ]
              }
            ],
            "private_service_connection": [
              {
                "is_manual_connection": false,
                "name": "private_service_bdd",
                "private_connection_resource_alias": "",
                "private_connection_resource_id": "/subscriptions/a1f74e2d-ec58-4f9a-a112-088e3469febb/resourceGroups/brief4_QB/providers/Microsoft.DBforMariaDB/servers/magento-mariadb-server",
                "private_ip_address": "10.3.0.4",
                "request_message": "",
                "subresource_names": [
                  "mariadbServer"
                ]
              }
            ],
            "resource_group_name": "brief4_QB",
            "subnet_id": "/subscriptions/a1f74e2d-ec58-4f9a-a112-088e3469febb/resourceGroups/brief4_QB/providers/Microsoft.Network/virtualNetworks/network/subnets/subnet_bdd",
            "tags": {},
            "timeouts": null
          },
          "sensitive_attributes": [],
          "private": "eyJlMmJmYjczMC1lY2FhLTExZTYtOGY4OC0zNDM2M2JjN2M0YzAiOnsiY3JlYXRlIjozNjAwMDAwMDAwMDAwLCJkZWxldGUiOjM2MDAwMDAwMDAwMDAsInJlYWQiOjMwMDAwMDAwMDAwMCwidXBkYXRlIjozNjAwMDAwMDAwMDAwfX0=",
          "dependencies": [
            "azurerm_mariadb_server.server_magento",
            "azurerm_private_dns_zone.private_dns_mariadb",
            "azurerm_resource_group.rg",
            "azurerm_subnet.subnet_bdd",
            "azurerm_virtual_network.network"
          ]
        }
      ]
    },
    {
      "mode": "managed",
      "type": "azurerm_public_ip",
      "name": "public_ip_bastion",
      "provider": "provider[\"registry.terraform.io/hashicorp/azurerm\"]",
      "instances": [
        {
          "schema_version": 0,
          "attributes": {
            "allocation_method": "Static",
            "domain_name_label": null,
            "edge_zone": "",
            "fqdn": null,
            "id": "/subscriptions/a1f74e2d-ec58-4f9a-a112-088e3469febb/resourceGroups/brief4_QB/providers/Microsoft.Network/publicIPAddresses/ip_bastion",
            "idle_timeout_in_minutes": 4,
            "ip_address": "20.12.17.221",
            "ip_tags": {},
            "ip_version": "IPv4",
            "location": "eastus2",
            "name": "ip_bastion",
            "public_ip_prefix_id": null,
            "resource_group_name": "brief4_QB",
            "reverse_fqdn": null,
            "sku": "Basic",
            "sku_tier": "Regional",
            "tags": {},
            "timeouts": null,
            "zones": []
          },
          "sensitive_attributes": [],
          "private": "eyJlMmJmYjczMC1lY2FhLTExZTYtOGY4OC0zNDM2M2JjN2M0YzAiOnsiY3JlYXRlIjoxODAwMDAwMDAwMDAwLCJkZWxldGUiOjE4MDAwMDAwMDAwMDAsInJlYWQiOjMwMDAwMDAwMDAwMCwidXBkYXRlIjoxODAwMDAwMDAwMDAwfX0=",
          "dependencies": [
            "azurerm_resource_group.rg"
          ]
        }
      ]
    },
    {
      "mode": "managed",
      "type": "azurerm_public_ip",
      "name": "public_ip_gateway",
      "provider": "provider[\"registry.terraform.io/hashicorp/azurerm\"]",
      "instances": [
        {
          "schema_version": 0,
          "attributes": {
            "allocation_method": "Static",
            "domain_name_label": "magentobrief4",
            "edge_zone": "",
            "fqdn": "magentobrief4.eastus2.cloudapp.azure.com",
            "id": "/subscriptions/a1f74e2d-ec58-4f9a-a112-088e3469febb/resourceGroups/brief4_QB/providers/Microsoft.Network/publicIPAddresses/ip_gateway",
            "idle_timeout_in_minutes": 4,
            "ip_address": "20.7.47.153",
            "ip_tags": {},
            "ip_version": "IPv4",
            "location": "eastus2",
            "name": "ip_gateway",
            "public_ip_prefix_id": null,
            "resource_group_name": "brief4_QB",
            "reverse_fqdn": "",
            "sku": "Standard",
            "sku_tier": "Regional",
            "tags": {},
            "timeouts": null,
            "zones": []
          },
          "sensitive_attributes": [],
          "private": "eyJlMmJmYjczMC1lY2FhLTExZTYtOGY4OC0zNDM2M2JjN2M0YzAiOnsiY3JlYXRlIjoxODAwMDAwMDAwMDAwLCJkZWxldGUiOjE4MDAwMDAwMDAwMDAsInJlYWQiOjMwMDAwMDAwMDAwMCwidXBkYXRlIjoxODAwMDAwMDAwMDAwfX0=",
          "dependencies": [
            "azurerm_resource_group.rg"
          ]
        }
      ]
    },
    {
      "mode": "managed",
      "type": "azurerm_recovery_services_vault",
      "name": "magento-rsvault",
      "provider": "provider[\"registry.terraform.io/hashicorp/azurerm\"]",
      "instances": [
        {
          "schema_version": 0,
          "attributes": {
            "cross_region_restore_enabled": false,
            "encryption": [],
            "id": "/subscriptions/a1f74e2d-ec58-4f9a-a112-088e3469febb/resourceGroups/brief4_QB/providers/Microsoft.RecoveryServices/vaults/magento-recovery-vault",
            "identity": [],
            "location": "eastus2",
            "name": "magento-recovery-vault",
            "resource_group_name": "brief4_QB",
            "sku": "Standard",
            "soft_delete_enabled": true,
            "storage_mode_type": "GeoRedundant",
            "tags": {},
            "timeouts": null
          },
          "sensitive_attributes": [],
          "private": "eyJlMmJmYjczMC1lY2FhLTExZTYtOGY4OC0zNDM2M2JjN2M0YzAiOnsiY3JlYXRlIjoxODAwMDAwMDAwMDAwLCJkZWxldGUiOjE4MDAwMDAwMDAwMDAsInJlYWQiOjMwMDAwMDAwMDAwMCwidXBkYXRlIjoxODAwMDAwMDAwMDAwfX0=",
          "dependencies": [
            "azurerm_resource_group.rg"
          ]
        }
      ]
    },
    {
      "mode": "managed",
      "type": "azurerm_resource_group",
      "name": "rg",
      "provider": "provider[\"registry.terraform.io/hashicorp/azurerm\"]",
      "instances": [
        {
          "schema_version": 0,
          "attributes": {
            "id": "/subscriptions/a1f74e2d-ec58-4f9a-a112-088e3469febb/resourceGroups/brief4_QB",
            "location": "eastus2",
            "name": "brief4_QB",
            "tags": {},
            "timeouts": null
          },
          "sensitive_attributes": [],
          "private": "eyJlMmJmYjczMC1lY2FhLTExZTYtOGY4OC0zNDM2M2JjN2M0YzAiOnsiY3JlYXRlIjo1NDAwMDAwMDAwMDAwLCJkZWxldGUiOjU0MDAwMDAwMDAwMDAsInJlYWQiOjMwMDAwMDAwMDAwMCwidXBkYXRlIjo1NDAwMDAwMDAwMDAwfX0="
        }
      ]
    },
    {
      "mode": "managed",
      "type": "azurerm_resource_group_template_deployment",
      "name": "example",
      "provider": "provider[\"registry.terraform.io/hashicorp/azurerm\"]",
      "instances": [
        {
          "schema_version": 0,
          "attributes": {
            "debug_level": "",
            "deployment_mode": "Incremental",
            "id": "/subscriptions/a1f74e2d-ec58-4f9a-a112-088e3469febb/resourceGroups/brief4_QB/providers/Microsoft.Resources/deployments/arm-deploy",
            "name": "arm-deploy",
            "output_content": "{}",
            "parameters_content": "{\"webtests_requesthttp_insights_app_name\":{\"value\":\"requesthttp-insights-app\"}}",
            "resource_group_name": "brief4_QB",
            "tags": {},
            "template_content": "{\"$schema\":\"https://schema.management.azure.com/schemas/2019-04-01/deploymentTemplate.json#\",\"contentVersion\":\"1.0.0.0\",\"parameters\":{\"webtests_requesthttp_insights_app_name\":{\"defaultValue\":\"requesthttp-insights-app\",\"type\":\"String\"}},\"resources\":[{\"apiVersion\":\"2022-06-15\",\"location\":\"eastus2\",\"name\":\"[parameters('webtests_requesthttp_insights_app_name')]\",\"properties\":{\"Enabled\":true,\"Frequency\":300,\"Kind\":\"standard\",\"Locations\":[{\"Id\":\"us-va-ash-azr\"},{\"Id\":\"us-ca-sjc-azr\"},{\"Id\":\"us-fl-mia-edge\"},{\"Id\":\"apac-sg-sin-azr\"},{\"Id\":\"emea-ru-msa-edge\"}],\"Name\":\"requesthttp\",\"Request\":{\"HttpVerb\":\"GET\",\"ParseDependentRequests\":false,\"RequestUrl\":\"https://magentobrief4.eastus2.cloudapp.azure.com\"},\"RetryEnabled\":true,\"SyntheticMonitorId\":\"[parameters('webtests_requesthttp_insights_app_name')]\",\"Timeout\":120,\"ValidationRules\":{\"ExpectedHttpStatusCode\":200,\"SSLCheck\":false}},\"tags\":{\"hidden-link:/subscriptions/a1f74e2d-ec58-4f9a-a112-088e3469febb/resourceGroups/brief4_QB/providers/Microsoft.Insights/components/insights-magento\":\"Resource\"},\"type\":\"Microsoft.Insights/webtests\"}],\"variables\":{}}",
            "template_spec_version_id": "",
            "timeouts": null
          },
          "sensitive_attributes": [],
          "private": "eyJlMmJmYjczMC1lY2FhLTExZTYtOGY4OC0zNDM2M2JjN2M0YzAiOnsiY3JlYXRlIjoxMDgwMDAwMDAwMDAwMCwiZGVsZXRlIjoxMDgwMDAwMDAwMDAwMCwicmVhZCI6MzAwMDAwMDAwMDAwLCJ1cGRhdGUiOjEwODAwMDAwMDAwMDAwfX0=",
          "dependencies": [
            "azurerm_application_insights.insight",
            "azurerm_resource_group.rg"
          ]
        }
      ]
    },
    {
      "mode": "managed",
      "type": "azurerm_ssh_public_key",
      "name": "ssh_nomad",
      "provider": "provider[\"registry.terraform.io/hashicorp/azurerm\"]",
      "instances": [
        {
          "schema_version": 0,
          "attributes": {
            "id": "/subscriptions/a1f74e2d-ec58-4f9a-a112-088e3469febb/resourceGroups/brief4_QB/providers/Microsoft.Compute/sshPublicKeys/ssh_key_nomad",
            "location": "eastus2",
            "name": "ssh_key_nomad",
            "public_key": "ssh-rsa AAAAB3NzaC1yc2EAAAADAQABAAABgQDAXuIAe8DVtQ+qHpbTnCMn5iP1u7WQEOLDE76PTRZ0lYc0TrWJvH+zWzpEbTK/fwzx5sw7yAlBnuR83cAOtm6y8Gk5yktOogsk71VnJ9cXKV7QWtX5o/nysqhliBWAW2jQmEMLHBf4DOFXcKpCdl0OBOtrPct976tnFXhM5n5WF0wrQ4dVikfWe57yg0BX+G+ZbNl7iDCHS8cAGEI2S0ziGOLjl0qJq+9jjCaj2bdVb5vtbz/ghplWtNKQvirxvfOC5H3XbX7aeH2sAlogeYbPs8DmFuz5Smq/+FLBZzqV7JhPMxBCpVFm6r+EzZDgiS2WB96Q3Jh0ItPz7wwJtgpLmSWeaBmWyPGAOh9MBal2RXgDIZ26EPOQTc9WX1377SaEMFSXgwq3e0mtFl5TYG+hzjujY9ik6nfjyLy1yNaPB7hq0z0cCijeJf0Nlm092Ukb1IJOndiS9LSZXjFJT+LRNz7hqyK/oj8nH4K2nx4DMH+Fj4JypSdsqmIk7aXLdYE= nomad@device",
            "resource_group_name": "brief4_QB",
            "tags": {},
            "timeouts": null
          },
          "sensitive_attributes": [],
          "private": "eyJlMmJmYjczMC1lY2FhLTExZTYtOGY4OC0zNDM2M2JjN2M0YzAiOnsiY3JlYXRlIjoyNzAwMDAwMDAwMDAwLCJkZWxldGUiOjI3MDAwMDAwMDAwMDAsInJlYWQiOjMwMDAwMDAwMDAwMCwidXBkYXRlIjoyNzAwMDAwMDAwMDAwfX0=",
          "dependencies": [
            "azurerm_resource_group.rg"
          ]
        }
      ]
    },
    {
      "mode": "managed",
      "type": "azurerm_storage_account",
      "name": "Storage_share01",
      "provider": "provider[\"registry.terraform.io/hashicorp/azurerm\"]",
      "instances": [
        {
          "schema_version": 3,
          "attributes": {
            "access_tier": "Hot",
            "account_kind": "StorageV2",
            "account_replication_type": "LRS",
            "account_tier": "Standard",
            "allow_nested_items_to_be_public": true,
            "azure_files_authentication": [],
            "blob_properties": [
              {
                "change_feed_enabled": false,
                "change_feed_retention_in_days": 0,
                "container_delete_retention_policy": [],
                "cors_rule": [],
                "default_service_version": "",
                "delete_retention_policy": [],
                "last_access_time_enabled": false,
                "versioning_enabled": false
              }
            ],
            "cross_tenant_replication_enabled": true,
            "custom_domain": [],
            "customer_managed_key": [],
            "default_to_oauth_authentication": false,
            "edge_zone": "",
            "enable_https_traffic_only": false,
            "id": "/subscriptions/a1f74e2d-ec58-4f9a-a112-088e3469febb/resourceGroups/brief4_QB/providers/Microsoft.Storage/storageAccounts/staapp",
            "identity": [],
            "infrastructure_encryption_enabled": false,
            "is_hns_enabled": true,
            "large_file_share_enabled": null,
            "location": "eastus2",
            "min_tls_version": "TLS1_2",
            "name": "staapp",
            "network_rules": [
              {
                "bypass": [
                  "AzureServices"
                ],
                "default_action": "Allow",
                "ip_rules": [
                  "212.51.190.22"
                ],
                "private_link_access": [],
                "virtual_network_subnet_ids": [
                  "/subscriptions/a1f74e2d-ec58-4f9a-a112-088e3469febb/resourceGroups/brief4_QB/providers/Microsoft.Network/virtualNetworks/network/subnets/subnet_app"
                ]
              }
            ],
            "nfsv3_enabled": false,
            "primary_access_key": "IeZmYz2jWpQ2x9NO35MJPP6WktOhxpI7fmrNqHDQzQ2Vr3A7RUtFqpW6RSUWbaJ7pjXne5AFjl/m+AStcChztg==",
            "primary_blob_connection_string": "DefaultEndpointsProtocol=https;BlobEndpoint=https://staapp.blob.core.windows.net/;AccountName=staapp;AccountKey=IeZmYz2jWpQ2x9NO35MJPP6WktOhxpI7fmrNqHDQzQ2Vr3A7RUtFqpW6RSUWbaJ7pjXne5AFjl/m+AStcChztg==",
            "primary_blob_endpoint": "https://staapp.blob.core.windows.net/",
            "primary_blob_host": "staapp.blob.core.windows.net",
            "primary_connection_string": "DefaultEndpointsProtocol=https;AccountName=staapp;AccountKey=IeZmYz2jWpQ2x9NO35MJPP6WktOhxpI7fmrNqHDQzQ2Vr3A7RUtFqpW6RSUWbaJ7pjXne5AFjl/m+AStcChztg==;EndpointSuffix=core.windows.net",
            "primary_dfs_endpoint": "https://staapp.dfs.core.windows.net/",
            "primary_dfs_host": "staapp.dfs.core.windows.net",
            "primary_file_endpoint": "https://staapp.file.core.windows.net/",
            "primary_file_host": "staapp.file.core.windows.net",
            "primary_location": "eastus2",
            "primary_queue_endpoint": "https://staapp.queue.core.windows.net/",
            "primary_queue_host": "staapp.queue.core.windows.net",
            "primary_table_endpoint": "https://staapp.table.core.windows.net/",
            "primary_table_host": "staapp.table.core.windows.net",
            "primary_web_endpoint": "https://staapp.z20.web.core.windows.net/",
            "primary_web_host": "staapp.z20.web.core.windows.net",
            "public_network_access_enabled": true,
            "queue_encryption_key_type": "Service",
            "queue_properties": [
              {
                "cors_rule": [],
                "hour_metrics": [
                  {
                    "enabled": true,
                    "include_apis": true,
                    "retention_policy_days": 7,
                    "version": "1.0"
                  }
                ],
                "logging": [
                  {
                    "delete": false,
                    "read": false,
                    "retention_policy_days": 0,
                    "version": "1.0",
                    "write": false
                  }
                ],
                "minute_metrics": [
                  {
                    "enabled": false,
                    "include_apis": false,
                    "retention_policy_days": 0,
                    "version": "1.0"
                  }
                ]
              }
            ],
            "resource_group_name": "brief4_QB",
            "routing": [],
            "secondary_access_key": "/5DU8ut1pnUlERgqdVPNidJN/cA2HJKabj/fcEP92t9uuoBQ6A52jFzyjuvoUub5KlSsXGglnS3U+AStX2Lnng==",
            "secondary_blob_connection_string": "",
            "secondary_blob_endpoint": null,
            "secondary_blob_host": null,
            "secondary_connection_string": "DefaultEndpointsProtocol=https;AccountName=staapp;AccountKey=/5DU8ut1pnUlERgqdVPNidJN/cA2HJKabj/fcEP92t9uuoBQ6A52jFzyjuvoUub5KlSsXGglnS3U+AStX2Lnng==;EndpointSuffix=core.windows.net",
            "secondary_dfs_endpoint": null,
            "secondary_dfs_host": null,
            "secondary_file_endpoint": null,
            "secondary_file_host": null,
            "secondary_location": "",
            "secondary_queue_endpoint": null,
            "secondary_queue_host": null,
            "secondary_table_endpoint": null,
            "secondary_table_host": null,
            "secondary_web_endpoint": null,
            "secondary_web_host": null,
            "share_properties": [
              {
                "cors_rule": [],
                "retention_policy": [
                  {
                    "days": 14
                  }
                ],
                "smb": []
              }
            ],
            "shared_access_key_enabled": true,
            "static_website": [],
            "table_encryption_key_type": "Service",
            "tags": {},
            "timeouts": null
          },
          "sensitive_attributes": [],
          "private": "eyJlMmJmYjczMC1lY2FhLTExZTYtOGY4OC0zNDM2M2JjN2M0YzAiOnsiY3JlYXRlIjozNjAwMDAwMDAwMDAwLCJkZWxldGUiOjM2MDAwMDAwMDAwMDAsInJlYWQiOjMwMDAwMDAwMDAwMCwidXBkYXRlIjozNjAwMDAwMDAwMDAwfSwic2NoZW1hX3ZlcnNpb24iOiIzIn0=",
          "dependencies": [
            "azurerm_resource_group.rg"
          ]
        }
      ]
    },
    {
      "mode": "managed",
      "type": "azurerm_storage_account",
      "name": "storage-bdd",
      "provider": "provider[\"registry.terraform.io/hashicorp/azurerm\"]",
      "instances": [
        {
          "schema_version": 3,
          "attributes": {
            "access_tier": "Hot",
            "account_kind": "StorageV2",
            "account_replication_type": "LRS",
            "account_tier": "Standard",
            "allow_nested_items_to_be_public": true,
            "azure_files_authentication": [],
            "blob_properties": [
              {
                "change_feed_enabled": false,
                "change_feed_retention_in_days": 0,
                "container_delete_retention_policy": [],
                "cors_rule": [],
                "default_service_version": "",
                "delete_retention_policy": [],
                "last_access_time_enabled": false,
                "versioning_enabled": false
              }
            ],
            "cross_tenant_replication_enabled": true,
            "custom_domain": [],
            "customer_managed_key": [],
            "default_to_oauth_authentication": false,
            "edge_zone": "",
            "enable_https_traffic_only": false,
            "id": "/subscriptions/a1f74e2d-ec58-4f9a-a112-088e3469febb/resourceGroups/brief4_QB/providers/Microsoft.Storage/storageAccounts/stabdd",
            "identity": [],
            "infrastructure_encryption_enabled": false,
            "is_hns_enabled": true,
            "large_file_share_enabled": null,
            "location": "eastus2",
            "min_tls_version": "TLS1_2",
            "name": "stabdd",
            "network_rules": [
              {
                "bypass": [
                  "AzureServices"
                ],
                "default_action": "Deny",
                "ip_rules": [],
                "private_link_access": [],
                "virtual_network_subnet_ids": [
                  "/subscriptions/a1f74e2d-ec58-4f9a-a112-088e3469febb/resourceGroups/brief4_QB/providers/Microsoft.Network/virtualNetworks/network/subnets/subnet_bdd"
                ]
              }
            ],
            "nfsv3_enabled": true,
            "primary_access_key": "OD3+Rvz0xjGGOz8X6hnnryWrcPKsm6RWsv0/r1CHH+xDCLyLhGx8ZxNfb+dlWfIxljAhlGBIedhg+ASt68LX8A==",
            "primary_blob_connection_string": "DefaultEndpointsProtocol=https;BlobEndpoint=https://stabdd.blob.core.windows.net/;AccountName=stabdd;AccountKey=OD3+Rvz0xjGGOz8X6hnnryWrcPKsm6RWsv0/r1CHH+xDCLyLhGx8ZxNfb+dlWfIxljAhlGBIedhg+ASt68LX8A==",
            "primary_blob_endpoint": "https://stabdd.blob.core.windows.net/",
            "primary_blob_host": "stabdd.blob.core.windows.net",
            "primary_connection_string": "DefaultEndpointsProtocol=https;AccountName=stabdd;AccountKey=OD3+Rvz0xjGGOz8X6hnnryWrcPKsm6RWsv0/r1CHH+xDCLyLhGx8ZxNfb+dlWfIxljAhlGBIedhg+ASt68LX8A==;EndpointSuffix=core.windows.net",
            "primary_dfs_endpoint": "https://stabdd.dfs.core.windows.net/",
            "primary_dfs_host": "stabdd.dfs.core.windows.net",
            "primary_file_endpoint": "https://stabdd.file.core.windows.net/",
            "primary_file_host": "stabdd.file.core.windows.net",
            "primary_location": "eastus2",
            "primary_queue_endpoint": "https://stabdd.queue.core.windows.net/",
            "primary_queue_host": "stabdd.queue.core.windows.net",
            "primary_table_endpoint": "https://stabdd.table.core.windows.net/",
            "primary_table_host": "stabdd.table.core.windows.net",
            "primary_web_endpoint": "https://stabdd.z20.web.core.windows.net/",
            "primary_web_host": "stabdd.z20.web.core.windows.net",
            "public_network_access_enabled": true,
            "queue_encryption_key_type": "Service",
            "queue_properties": [
              {
                "cors_rule": [],
                "hour_metrics": [
                  {
                    "enabled": true,
                    "include_apis": true,
                    "retention_policy_days": 7,
                    "version": "1.0"
                  }
                ],
                "logging": [
                  {
                    "delete": false,
                    "read": false,
                    "retention_policy_days": 0,
                    "version": "1.0",
                    "write": false
                  }
                ],
                "minute_metrics": [
                  {
                    "enabled": false,
                    "include_apis": false,
                    "retention_policy_days": 0,
                    "version": "1.0"
                  }
                ]
              }
            ],
            "resource_group_name": "brief4_QB",
            "routing": [],
            "secondary_access_key": "GrTX3YIgnHsLlJsxs985yPF8FHhx3Zi1fvvCeRiowOG6Zt5FfRpuumfbg+b4ra0kEtXRrZpHQ6r4+ASt3eWDeQ==",
            "secondary_blob_connection_string": "",
            "secondary_blob_endpoint": null,
            "secondary_blob_host": null,
            "secondary_connection_string": "DefaultEndpointsProtocol=https;AccountName=stabdd;AccountKey=GrTX3YIgnHsLlJsxs985yPF8FHhx3Zi1fvvCeRiowOG6Zt5FfRpuumfbg+b4ra0kEtXRrZpHQ6r4+ASt3eWDeQ==;EndpointSuffix=core.windows.net",
            "secondary_dfs_endpoint": null,
            "secondary_dfs_host": null,
            "secondary_file_endpoint": null,
            "secondary_file_host": null,
            "secondary_location": "",
            "secondary_queue_endpoint": null,
            "secondary_queue_host": null,
            "secondary_table_endpoint": null,
            "secondary_table_host": null,
            "secondary_web_endpoint": null,
            "secondary_web_host": null,
            "share_properties": [
              {
                "cors_rule": [],
                "retention_policy": [
                  {
                    "days": 7
                  }
                ],
                "smb": []
              }
            ],
            "shared_access_key_enabled": true,
            "static_website": [],
            "table_encryption_key_type": "Service",
            "tags": {},
            "timeouts": null
          },
          "sensitive_attributes": [],
          "private": "eyJlMmJmYjczMC1lY2FhLTExZTYtOGY4OC0zNDM2M2JjN2M0YzAiOnsiY3JlYXRlIjozNjAwMDAwMDAwMDAwLCJkZWxldGUiOjM2MDAwMDAwMDAwMDAsInJlYWQiOjMwMDAwMDAwMDAwMCwidXBkYXRlIjozNjAwMDAwMDAwMDAwfSwic2NoZW1hX3ZlcnNpb24iOiIzIn0=",
          "dependencies": [
            "azurerm_resource_group.rg",
            "azurerm_subnet.subnet_bdd",
            "azurerm_virtual_network.network"
          ]
        }
      ]
    },
    {
      "mode": "managed",
      "type": "azurerm_storage_account",
      "name": "storage-monitor",
      "provider": "provider[\"registry.terraform.io/hashicorp/azurerm\"]",
      "instances": [
        {
          "schema_version": 3,
          "attributes": {
            "access_tier": "Hot",
            "account_kind": "StorageV2",
            "account_replication_type": "LRS",
            "account_tier": "Standard",
            "allow_nested_items_to_be_public": true,
            "azure_files_authentication": [],
            "blob_properties": [
              {
                "change_feed_enabled": false,
                "change_feed_retention_in_days": 0,
                "container_delete_retention_policy": [],
                "cors_rule": [],
                "default_service_version": "",
                "delete_retention_policy": [],
                "last_access_time_enabled": false,
                "versioning_enabled": false
              }
            ],
            "cross_tenant_replication_enabled": true,
            "custom_domain": [],
            "customer_managed_key": [],
            "default_to_oauth_authentication": false,
            "edge_zone": "",
            "enable_https_traffic_only": true,
            "id": "/subscriptions/a1f74e2d-ec58-4f9a-a112-088e3469febb/resourceGroups/brief4_QB/providers/Microsoft.Storage/storageAccounts/stamonitor",
            "identity": [],
            "infrastructure_encryption_enabled": false,
            "is_hns_enabled": false,
            "large_file_share_enabled": null,
            "location": "eastus2",
            "min_tls_version": "TLS1_2",
            "name": "stamonitor",
            "network_rules": [
              {
                "bypass": [
                  "AzureServices"
                ],
                "default_action": "Allow",
                "ip_rules": [],
                "private_link_access": [],
                "virtual_network_subnet_ids": []
              }
            ],
            "nfsv3_enabled": false,
            "primary_access_key": "B3uWnlDq1WEU7xEe4CmiG6U2UjseGoPWPYWNp1KUd7r+iDjh4FGTsNbiKKc20vCB/3ZJZHwo+fpF+AStoB5Mlg==",
            "primary_blob_connection_string": "DefaultEndpointsProtocol=https;BlobEndpoint=https://stamonitor.blob.core.windows.net/;AccountName=stamonitor;AccountKey=B3uWnlDq1WEU7xEe4CmiG6U2UjseGoPWPYWNp1KUd7r+iDjh4FGTsNbiKKc20vCB/3ZJZHwo+fpF+AStoB5Mlg==",
            "primary_blob_endpoint": "https://stamonitor.blob.core.windows.net/",
            "primary_blob_host": "stamonitor.blob.core.windows.net",
            "primary_connection_string": "DefaultEndpointsProtocol=https;AccountName=stamonitor;AccountKey=B3uWnlDq1WEU7xEe4CmiG6U2UjseGoPWPYWNp1KUd7r+iDjh4FGTsNbiKKc20vCB/3ZJZHwo+fpF+AStoB5Mlg==;EndpointSuffix=core.windows.net",
            "primary_dfs_endpoint": "https://stamonitor.dfs.core.windows.net/",
            "primary_dfs_host": "stamonitor.dfs.core.windows.net",
            "primary_file_endpoint": "https://stamonitor.file.core.windows.net/",
            "primary_file_host": "stamonitor.file.core.windows.net",
            "primary_location": "eastus2",
            "primary_queue_endpoint": "https://stamonitor.queue.core.windows.net/",
            "primary_queue_host": "stamonitor.queue.core.windows.net",
            "primary_table_endpoint": "https://stamonitor.table.core.windows.net/",
            "primary_table_host": "stamonitor.table.core.windows.net",
            "primary_web_endpoint": "https://stamonitor.z20.web.core.windows.net/",
            "primary_web_host": "stamonitor.z20.web.core.windows.net",
            "public_network_access_enabled": true,
            "queue_encryption_key_type": "Service",
            "queue_properties": [
              {
                "cors_rule": [],
                "hour_metrics": [
                  {
                    "enabled": true,
                    "include_apis": true,
                    "retention_policy_days": 7,
                    "version": "1.0"
                  }
                ],
                "logging": [
                  {
                    "delete": false,
                    "read": false,
                    "retention_policy_days": 0,
                    "version": "1.0",
                    "write": false
                  }
                ],
                "minute_metrics": [
                  {
                    "enabled": false,
                    "include_apis": false,
                    "retention_policy_days": 0,
                    "version": "1.0"
                  }
                ]
              }
            ],
            "resource_group_name": "brief4_QB",
            "routing": [],
            "secondary_access_key": "W8Raeate9pA6qlqTGD/j3yDogtC8Ypp3U9TWTtaooBgCTfeqikjBHeQbCw/UbNOlNYk9m2goIz8m+AStSr48vA==",
            "secondary_blob_connection_string": "",
            "secondary_blob_endpoint": null,
            "secondary_blob_host": null,
            "secondary_connection_string": "DefaultEndpointsProtocol=https;AccountName=stamonitor;AccountKey=W8Raeate9pA6qlqTGD/j3yDogtC8Ypp3U9TWTtaooBgCTfeqikjBHeQbCw/UbNOlNYk9m2goIz8m+AStSr48vA==;EndpointSuffix=core.windows.net",
            "secondary_dfs_endpoint": null,
            "secondary_dfs_host": null,
            "secondary_file_endpoint": null,
            "secondary_file_host": null,
            "secondary_location": "",
            "secondary_queue_endpoint": null,
            "secondary_queue_host": null,
            "secondary_table_endpoint": null,
            "secondary_table_host": null,
            "secondary_web_endpoint": null,
            "secondary_web_host": null,
            "share_properties": [
              {
                "cors_rule": [],
                "retention_policy": [
                  {
                    "days": 7
                  }
                ],
                "smb": []
              }
            ],
            "shared_access_key_enabled": true,
            "static_website": [],
            "table_encryption_key_type": "Service",
            "tags": {},
            "timeouts": null
          },
          "sensitive_attributes": [],
          "private": "eyJlMmJmYjczMC1lY2FhLTExZTYtOGY4OC0zNDM2M2JjN2M0YzAiOnsiY3JlYXRlIjozNjAwMDAwMDAwMDAwLCJkZWxldGUiOjM2MDAwMDAwMDAwMDAsInJlYWQiOjMwMDAwMDAwMDAwMCwidXBkYXRlIjozNjAwMDAwMDAwMDAwfSwic2NoZW1hX3ZlcnNpb24iOiIzIn0=",
          "dependencies": [
            "azurerm_resource_group.rg"
          ]
        }
      ]
    },
    {
      "mode": "managed",
      "type": "azurerm_storage_account",
      "name": "storage-tls",
      "provider": "provider[\"registry.terraform.io/hashicorp/azurerm\"]",
      "instances": [
        {
          "schema_version": 3,
          "attributes": {
            "access_tier": "Hot",
            "account_kind": "StorageV2",
            "account_replication_type": "LRS",
            "account_tier": "Standard",
            "allow_nested_items_to_be_public": true,
            "azure_files_authentication": [],
            "blob_properties": [
              {
                "change_feed_enabled": false,
                "change_feed_retention_in_days": 0,
                "container_delete_retention_policy": [],
                "cors_rule": [],
                "default_service_version": "",
                "delete_retention_policy": [],
                "last_access_time_enabled": false,
                "versioning_enabled": false
              }
            ],
            "cross_tenant_replication_enabled": true,
            "custom_domain": [],
            "customer_managed_key": [],
            "default_to_oauth_authentication": false,
            "edge_zone": "",
            "enable_https_traffic_only": true,
            "id": "/subscriptions/a1f74e2d-ec58-4f9a-a112-088e3469febb/resourceGroups/brief4_QB/providers/Microsoft.Storage/storageAccounts/statls",
            "identity": [],
            "infrastructure_encryption_enabled": false,
            "is_hns_enabled": false,
            "large_file_share_enabled": null,
            "location": "eastus2",
            "min_tls_version": "TLS1_2",
            "name": "statls",
            "network_rules": [
              {
                "bypass": [
                  "AzureServices"
                ],
                "default_action": "Allow",
                "ip_rules": [],
                "private_link_access": [],
                "virtual_network_subnet_ids": []
              }
            ],
            "nfsv3_enabled": false,
            "primary_access_key": "S/oKT1eLcRd0kKqk9rjvIGRogK/qAul+SXhc1InVK4+CKyDzFOl1SgTlQAxfRE2a9ymxKp8agjeo+AStfffdAQ==",
            "primary_blob_connection_string": "DefaultEndpointsProtocol=https;BlobEndpoint=https://statls.blob.core.windows.net/;AccountName=statls;AccountKey=S/oKT1eLcRd0kKqk9rjvIGRogK/qAul+SXhc1InVK4+CKyDzFOl1SgTlQAxfRE2a9ymxKp8agjeo+AStfffdAQ==",
            "primary_blob_endpoint": "https://statls.blob.core.windows.net/",
            "primary_blob_host": "statls.blob.core.windows.net",
            "primary_connection_string": "DefaultEndpointsProtocol=https;AccountName=statls;AccountKey=S/oKT1eLcRd0kKqk9rjvIGRogK/qAul+SXhc1InVK4+CKyDzFOl1SgTlQAxfRE2a9ymxKp8agjeo+AStfffdAQ==;EndpointSuffix=core.windows.net",
            "primary_dfs_endpoint": "https://statls.dfs.core.windows.net/",
            "primary_dfs_host": "statls.dfs.core.windows.net",
            "primary_file_endpoint": "https://statls.file.core.windows.net/",
            "primary_file_host": "statls.file.core.windows.net",
            "primary_location": "eastus2",
            "primary_queue_endpoint": "https://statls.queue.core.windows.net/",
            "primary_queue_host": "statls.queue.core.windows.net",
            "primary_table_endpoint": "https://statls.table.core.windows.net/",
            "primary_table_host": "statls.table.core.windows.net",
            "primary_web_endpoint": "https://statls.z20.web.core.windows.net/",
            "primary_web_host": "statls.z20.web.core.windows.net",
            "public_network_access_enabled": true,
            "queue_encryption_key_type": "Service",
            "queue_properties": [
              {
                "cors_rule": [],
                "hour_metrics": [
                  {
                    "enabled": true,
                    "include_apis": true,
                    "retention_policy_days": 7,
                    "version": "1.0"
                  }
                ],
                "logging": [
                  {
                    "delete": false,
                    "read": false,
                    "retention_policy_days": 0,
                    "version": "1.0",
                    "write": false
                  }
                ],
                "minute_metrics": [
                  {
                    "enabled": false,
                    "include_apis": false,
                    "retention_policy_days": 0,
                    "version": "1.0"
                  }
                ]
              }
            ],
            "resource_group_name": "brief4_QB",
            "routing": [],
            "secondary_access_key": "xJQoabvS/qhXVUL2Uh62raZD2tfpiYM8NUyqZn+tvm6JxS4p+9hXQ0nm7umjYE1fKa3CaRkfQVWW+AStJCZgEw==",
            "secondary_blob_connection_string": "",
            "secondary_blob_endpoint": null,
            "secondary_blob_host": null,
            "secondary_connection_string": "DefaultEndpointsProtocol=https;AccountName=statls;AccountKey=xJQoabvS/qhXVUL2Uh62raZD2tfpiYM8NUyqZn+tvm6JxS4p+9hXQ0nm7umjYE1fKa3CaRkfQVWW+AStJCZgEw==;EndpointSuffix=core.windows.net",
            "secondary_dfs_endpoint": null,
            "secondary_dfs_host": null,
            "secondary_file_endpoint": null,
            "secondary_file_host": null,
            "secondary_location": "",
            "secondary_queue_endpoint": null,
            "secondary_queue_host": null,
            "secondary_table_endpoint": null,
            "secondary_table_host": null,
            "secondary_web_endpoint": null,
            "secondary_web_host": null,
            "share_properties": [
              {
                "cors_rule": [],
                "retention_policy": [
                  {
                    "days": 7
                  }
                ],
                "smb": []
              }
            ],
            "shared_access_key_enabled": true,
            "static_website": [],
            "table_encryption_key_type": "Service",
            "tags": {},
            "timeouts": null
          },
          "sensitive_attributes": [],
          "private": "eyJlMmJmYjczMC1lY2FhLTExZTYtOGY4OC0zNDM2M2JjN2M0YzAiOnsiY3JlYXRlIjozNjAwMDAwMDAwMDAwLCJkZWxldGUiOjM2MDAwMDAwMDAwMDAsInJlYWQiOjMwMDAwMDAwMDAwMCwidXBkYXRlIjozNjAwMDAwMDAwMDAwfSwic2NoZW1hX3ZlcnNpb24iOiIzIn0=",
          "dependencies": [
            "azurerm_resource_group.rg"
          ]
        }
      ]
    },
    {
      "mode": "managed",
      "type": "azurerm_storage_account_network_rules",
      "name": "Storage_share01_association",
      "provider": "provider[\"registry.terraform.io/hashicorp/azurerm\"]",
      "instances": [
        {
          "schema_version": 0,
          "attributes": {
            "bypass": [
              "AzureServices"
            ],
            "default_action": "Allow",
            "id": "/subscriptions/a1f74e2d-ec58-4f9a-a112-088e3469febb/resourceGroups/brief4_QB/providers/Microsoft.Storage/storageAccounts/staapp",
            "ip_rules": [
              "212.51.190.22"
            ],
            "private_link_access": [],
            "storage_account_id": "/subscriptions/a1f74e2d-ec58-4f9a-a112-088e3469febb/resourceGroups/brief4_QB/providers/Microsoft.Storage/storageAccounts/staapp",
            "timeouts": null,
            "virtual_network_subnet_ids": [
              "/subscriptions/a1f74e2d-ec58-4f9a-a112-088e3469febb/resourceGroups/brief4_QB/providers/Microsoft.Network/virtualNetworks/network/subnets/subnet_app"
            ]
          },
          "sensitive_attributes": [],
          "private": "eyJlMmJmYjczMC1lY2FhLTExZTYtOGY4OC0zNDM2M2JjN2M0YzAiOnsiY3JlYXRlIjozNjAwMDAwMDAwMDAwLCJkZWxldGUiOjM2MDAwMDAwMDAwMDAsInJlYWQiOjMwMDAwMDAwMDAwMCwidXBkYXRlIjozNjAwMDAwMDAwMDAwfX0=",
          "dependencies": [
            "azurerm_resource_group.rg",
            "azurerm_storage_account.Storage_share01",
            "azurerm_subnet.subnet_app",
            "azurerm_virtual_network.network",
            "data.http.myip"
          ]
        }
      ]
    },
    {
      "mode": "managed",
      "type": "azurerm_storage_blob",
      "name": "blob_tls",
      "provider": "provider[\"registry.terraform.io/hashicorp/azurerm\"]",
      "instances": [
        {
          "schema_version": 1,
          "attributes": {
            "access_tier": "Hot",
            "cache_control": "",
            "content_md5": "",
            "content_type": "application/octet-stream",
            "id": "https://statls.blob.core.windows.net/stacontainer/.well-known/acme-challenge/test.txt",
            "metadata": {},
            "name": ".well-known/acme-challenge/test.txt",
            "parallelism": 8,
            "size": 0,
            "source": "./test.txt",
            "source_content": null,
            "source_uri": null,
            "storage_account_name": "statls",
            "storage_container_name": "stacontainer",
            "timeouts": null,
            "type": "Block",
            "url": "https://statls.blob.core.windows.net/stacontainer/.well-known/acme-challenge/test.txt"
          },
          "sensitive_attributes": [],
          "private": "eyJlMmJmYjczMC1lY2FhLTExZTYtOGY4OC0zNDM2M2JjN2M0YzAiOnsiY3JlYXRlIjoxODAwMDAwMDAwMDAwLCJkZWxldGUiOjE4MDAwMDAwMDAwMDAsInJlYWQiOjMwMDAwMDAwMDAwMCwidXBkYXRlIjoxODAwMDAwMDAwMDAwfSwic2NoZW1hX3ZlcnNpb24iOiIxIn0=",
          "dependencies": [
            "azurerm_resource_group.rg",
            "azurerm_storage_account.storage-tls",
            "azurerm_storage_container.storage-container-tls"
          ]
        }
      ]
    },
    {
      "mode": "managed",
      "type": "azurerm_storage_container",
      "name": "storage-container-tls",
      "provider": "provider[\"registry.terraform.io/hashicorp/azurerm\"]",
      "instances": [
        {
          "schema_version": 1,
          "attributes": {
            "container_access_type": "blob",
            "has_immutability_policy": false,
            "has_legal_hold": false,
            "id": "https://statls.blob.core.windows.net/stacontainer",
            "metadata": {},
            "name": "stacontainer",
            "resource_manager_id": "/subscriptions/a1f74e2d-ec58-4f9a-a112-088e3469febb/resourceGroups/brief4_QB/providers/Microsoft.Storage/storageAccounts/statls/blobServices/default/containers/stacontainer",
            "storage_account_name": "statls",
            "timeouts": null
          },
          "sensitive_attributes": [],
          "private": "eyJlMmJmYjczMC1lY2FhLTExZTYtOGY4OC0zNDM2M2JjN2M0YzAiOnsiY3JlYXRlIjoxODAwMDAwMDAwMDAwLCJkZWxldGUiOjE4MDAwMDAwMDAwMDAsInJlYWQiOjMwMDAwMDAwMDAwMCwidXBkYXRlIjoxODAwMDAwMDAwMDAwfSwic2NoZW1hX3ZlcnNpb24iOiIxIn0=",
          "dependencies": [
            "azurerm_resource_group.rg",
            "azurerm_storage_account.storage-tls"
          ]
        }
      ]
    },
    {
      "mode": "managed",
      "type": "azurerm_storage_share",
      "name": "smb_share",
      "provider": "provider[\"registry.terraform.io/hashicorp/azurerm\"]",
      "instances": [
        {
          "schema_version": 2,
          "attributes": {
            "access_tier": "TransactionOptimized",
            "acl": [],
            "enabled_protocol": "SMB",
            "id": "https://staapp.file.core.windows.net/magentoshare01",
            "metadata": {
              "azurebackupprotected": "true"
            },
            "name": "magentoshare01",
            "quota": 5,
            "resource_manager_id": "/subscriptions/a1f74e2d-ec58-4f9a-a112-088e3469febb/resourceGroups/brief4_QB/providers/Microsoft.Storage/storageAccounts/staapp/fileServices/default/fileshares/magentoshare01",
            "storage_account_name": "staapp",
            "timeouts": null,
            "url": "https://staapp.file.core.windows.net/magentoshare01"
          },
          "sensitive_attributes": [],
          "private": "eyJlMmJmYjczMC1lY2FhLTExZTYtOGY4OC0zNDM2M2JjN2M0YzAiOnsiY3JlYXRlIjoxODAwMDAwMDAwMDAwLCJkZWxldGUiOjE4MDAwMDAwMDAwMDAsInJlYWQiOjMwMDAwMDAwMDAwMCwidXBkYXRlIjoxODAwMDAwMDAwMDAwfSwic2NoZW1hX3ZlcnNpb24iOiIyIn0=",
          "dependencies": [
            "azurerm_resource_group.rg",
            "azurerm_storage_account.Storage_share01"
          ]
        }
      ]
    },
    {
      "mode": "managed",
      "type": "azurerm_subnet",
      "name": "subnet_app",
      "provider": "provider[\"registry.terraform.io/hashicorp/azurerm\"]",
      "instances": [
        {
          "schema_version": 0,
          "attributes": {
            "address_prefixes": [
              "10.2.0.0/16"
            ],
            "delegation": [],
            "enforce_private_link_endpoint_network_policies": false,
            "enforce_private_link_service_network_policies": false,
            "id": "/subscriptions/a1f74e2d-ec58-4f9a-a112-088e3469febb/resourceGroups/brief4_QB/providers/Microsoft.Network/virtualNetworks/network/subnets/subnet_app",
            "name": "subnet_app",
            "private_endpoint_network_policies_enabled": true,
            "private_link_service_network_policies_enabled": true,
            "resource_group_name": "brief4_QB",
            "service_endpoint_policy_ids": [],
            "service_endpoints": [
              "Microsoft.Storage"
            ],
            "timeouts": null,
            "virtual_network_name": "network"
          },
          "sensitive_attributes": [],
          "private": "eyJlMmJmYjczMC1lY2FhLTExZTYtOGY4OC0zNDM2M2JjN2M0YzAiOnsiY3JlYXRlIjoxODAwMDAwMDAwMDAwLCJkZWxldGUiOjE4MDAwMDAwMDAwMDAsInJlYWQiOjMwMDAwMDAwMDAwMCwidXBkYXRlIjoxODAwMDAwMDAwMDAwfX0=",
          "dependencies": [
            "azurerm_resource_group.rg",
            "azurerm_virtual_network.network"
          ]
        }
      ]
    },
    {
      "mode": "managed",
      "type": "azurerm_subnet",
      "name": "subnet_bastion",
      "provider": "provider[\"registry.terraform.io/hashicorp/azurerm\"]",
      "instances": [
        {
          "schema_version": 0,
          "attributes": {
            "address_prefixes": [
              "10.6.0.0/16"
            ],
            "delegation": [],
            "enforce_private_link_endpoint_network_policies": false,
            "enforce_private_link_service_network_policies": false,
            "id": "/subscriptions/a1f74e2d-ec58-4f9a-a112-088e3469febb/resourceGroups/brief4_QB/providers/Microsoft.Network/virtualNetworks/network/subnets/subnet_bastion",
            "name": "subnet_bastion",
            "private_endpoint_network_policies_enabled": true,
            "private_link_service_network_policies_enabled": true,
            "resource_group_name": "brief4_QB",
            "service_endpoint_policy_ids": [],
            "service_endpoints": [],
            "timeouts": null,
            "virtual_network_name": "network"
          },
          "sensitive_attributes": [],
          "private": "eyJlMmJmYjczMC1lY2FhLTExZTYtOGY4OC0zNDM2M2JjN2M0YzAiOnsiY3JlYXRlIjoxODAwMDAwMDAwMDAwLCJkZWxldGUiOjE4MDAwMDAwMDAwMDAsInJlYWQiOjMwMDAwMDAwMDAwMCwidXBkYXRlIjoxODAwMDAwMDAwMDAwfX0=",
          "dependencies": [
            "azurerm_resource_group.rg",
            "azurerm_virtual_network.network"
          ]
        }
      ]
    },
    {
      "mode": "managed",
      "type": "azurerm_subnet",
      "name": "subnet_bdd",
      "provider": "provider[\"registry.terraform.io/hashicorp/azurerm\"]",
      "instances": [
        {
          "schema_version": 0,
          "attributes": {
            "address_prefixes": [
              "10.3.0.0/16"
            ],
            "delegation": [],
            "enforce_private_link_endpoint_network_policies": false,
            "enforce_private_link_service_network_policies": false,
            "id": "/subscriptions/a1f74e2d-ec58-4f9a-a112-088e3469febb/resourceGroups/brief4_QB/providers/Microsoft.Network/virtualNetworks/network/subnets/subnet_bdd",
            "name": "subnet_bdd",
            "private_endpoint_network_policies_enabled": true,
            "private_link_service_network_policies_enabled": true,
            "resource_group_name": "brief4_QB",
            "service_endpoint_policy_ids": [],
            "service_endpoints": [
              "Microsoft.Sql",
              "Microsoft.Storage"
            ],
            "timeouts": null,
            "virtual_network_name": "network"
          },
          "sensitive_attributes": [],
          "private": "eyJlMmJmYjczMC1lY2FhLTExZTYtOGY4OC0zNDM2M2JjN2M0YzAiOnsiY3JlYXRlIjoxODAwMDAwMDAwMDAwLCJkZWxldGUiOjE4MDAwMDAwMDAwMDAsInJlYWQiOjMwMDAwMDAwMDAwMCwidXBkYXRlIjoxODAwMDAwMDAwMDAwfX0=",
          "dependencies": [
            "azurerm_resource_group.rg",
            "azurerm_virtual_network.network"
          ]
        }
      ]
    },
    {
      "mode": "managed",
      "type": "azurerm_subnet",
      "name": "subnet_elastic",
      "provider": "provider[\"registry.terraform.io/hashicorp/azurerm\"]",
      "instances": [
        {
          "schema_version": 0,
          "attributes": {
            "address_prefixes": [
              "10.4.0.0/16"
            ],
            "delegation": [],
            "enforce_private_link_endpoint_network_policies": false,
            "enforce_private_link_service_network_policies": false,
            "id": "/subscriptions/a1f74e2d-ec58-4f9a-a112-088e3469febb/resourceGroups/brief4_QB/providers/Microsoft.Network/virtualNetworks/network/subnets/subnet_elastic",
            "name": "subnet_elastic",
            "private_endpoint_network_policies_enabled": true,
            "private_link_service_network_policies_enabled": true,
            "resource_group_name": "brief4_QB",
            "service_endpoint_policy_ids": [],
            "service_endpoints": [],
            "timeouts": null,
            "virtual_network_name": "network"
          },
          "sensitive_attributes": [],
          "private": "eyJlMmJmYjczMC1lY2FhLTExZTYtOGY4OC0zNDM2M2JjN2M0YzAiOnsiY3JlYXRlIjoxODAwMDAwMDAwMDAwLCJkZWxldGUiOjE4MDAwMDAwMDAwMDAsInJlYWQiOjMwMDAwMDAwMDAwMCwidXBkYXRlIjoxODAwMDAwMDAwMDAwfX0=",
          "dependencies": [
            "azurerm_resource_group.rg",
            "azurerm_virtual_network.network"
          ]
        }
      ]
    },
    {
      "mode": "managed",
      "type": "azurerm_subnet",
      "name": "subnet_gateway",
      "provider": "provider[\"registry.terraform.io/hashicorp/azurerm\"]",
      "instances": [
        {
          "schema_version": 0,
          "attributes": {
            "address_prefixes": [
              "10.1.0.0/16"
            ],
            "delegation": [],
            "enforce_private_link_endpoint_network_policies": false,
            "enforce_private_link_service_network_policies": false,
            "id": "/subscriptions/a1f74e2d-ec58-4f9a-a112-088e3469febb/resourceGroups/brief4_QB/providers/Microsoft.Network/virtualNetworks/network/subnets/subnet_gateway",
            "name": "subnet_gateway",
            "private_endpoint_network_policies_enabled": true,
            "private_link_service_network_policies_enabled": true,
            "resource_group_name": "brief4_QB",
            "service_endpoint_policy_ids": [],
            "service_endpoints": [],
            "timeouts": null,
            "virtual_network_name": "network"
          },
          "sensitive_attributes": [],
          "private": "eyJlMmJmYjczMC1lY2FhLTExZTYtOGY4OC0zNDM2M2JjN2M0YzAiOnsiY3JlYXRlIjoxODAwMDAwMDAwMDAwLCJkZWxldGUiOjE4MDAwMDAwMDAwMDAsInJlYWQiOjMwMDAwMDAwMDAwMCwidXBkYXRlIjoxODAwMDAwMDAwMDAwfX0=",
          "dependencies": [
            "azurerm_resource_group.rg",
            "azurerm_virtual_network.network"
          ]
        }
      ]
    },
    {
      "mode": "managed",
      "type": "azurerm_user_assigned_identity",
      "name": "id-magento",
      "provider": "provider[\"registry.terraform.io/hashicorp/azurerm\"]",
      "instances": [
        {
          "schema_version": 1,
          "attributes": {
            "client_id": "8fed33fa-260d-4fd0-a9a8-a6429eac2eb0",
            "id": "/subscriptions/a1f74e2d-ec58-4f9a-a112-088e3469febb/resourceGroups/brief4_QB/providers/Microsoft.ManagedIdentity/userAssignedIdentities/id-magento",
            "location": "eastus2",
            "name": "id-magento",
            "principal_id": "097011b1-744f-4707-9581-ad0aac54fd81",
            "resource_group_name": "brief4_QB",
            "tags": {},
            "tenant_id": "a2e466aa-4f86-4545-b5b8-97da7c8febf3",
            "timeouts": null
          },
          "sensitive_attributes": [],
          "private": "eyJlMmJmYjczMC1lY2FhLTExZTYtOGY4OC0zNDM2M2JjN2M0YzAiOnsiY3JlYXRlIjoxODAwMDAwMDAwMDAwLCJkZWxldGUiOjE4MDAwMDAwMDAwMDAsInJlYWQiOjMwMDAwMDAwMDAwMCwidXBkYXRlIjoxODAwMDAwMDAwMDAwfSwic2NoZW1hX3ZlcnNpb24iOiIxIn0=",
          "dependencies": [
            "azurerm_resource_group.rg"
          ]
        }
      ]
    },
    {
      "mode": "managed",
      "type": "azurerm_virtual_network",
      "name": "network",
      "provider": "provider[\"registry.terraform.io/hashicorp/azurerm\"]",
      "instances": [
        {
          "schema_version": 0,
          "attributes": {
            "address_space": [
              "10.0.0.0/8"
            ],
            "bgp_community": "",
            "ddos_protection_plan": [],
            "dns_servers": [],
            "edge_zone": "",
            "flow_timeout_in_minutes": 0,
            "guid": "711289c5-2ef8-4d77-a0ff-6cc398f974ed",
            "id": "/subscriptions/a1f74e2d-ec58-4f9a-a112-088e3469febb/resourceGroups/brief4_QB/providers/Microsoft.Network/virtualNetworks/network",
            "location": "eastus2",
            "name": "network",
            "resource_group_name": "brief4_QB",
            "subnet": [
              {
                "address_prefix": "10.1.0.0/16",
                "id": "/subscriptions/a1f74e2d-ec58-4f9a-a112-088e3469febb/resourceGroups/brief4_QB/providers/Microsoft.Network/virtualNetworks/network/subnets/subnet_gateway",
                "name": "subnet_gateway",
                "security_group": ""
              },
              {
                "address_prefix": "10.2.0.0/16",
                "id": "/subscriptions/a1f74e2d-ec58-4f9a-a112-088e3469febb/resourceGroups/brief4_QB/providers/Microsoft.Network/virtualNetworks/network/subnets/subnet_app",
                "name": "subnet_app",
                "security_group": ""
              },
              {
                "address_prefix": "10.3.0.0/16",
                "id": "/subscriptions/a1f74e2d-ec58-4f9a-a112-088e3469febb/resourceGroups/brief4_QB/providers/Microsoft.Network/virtualNetworks/network/subnets/subnet_bdd",
                "name": "subnet_bdd",
                "security_group": ""
              },
              {
                "address_prefix": "10.4.0.0/16",
                "id": "/subscriptions/a1f74e2d-ec58-4f9a-a112-088e3469febb/resourceGroups/brief4_QB/providers/Microsoft.Network/virtualNetworks/network/subnets/subnet_elastic",
                "name": "subnet_elastic",
                "security_group": ""
              },
              {
                "address_prefix": "10.6.0.0/16",
                "id": "/subscriptions/a1f74e2d-ec58-4f9a-a112-088e3469febb/resourceGroups/brief4_QB/providers/Microsoft.Network/virtualNetworks/network/subnets/subnet_bastion",
                "name": "subnet_bastion",
                "security_group": ""
              }
            ],
            "tags": {},
            "timeouts": null
          },
          "sensitive_attributes": [],
          "private": "eyJlMmJmYjczMC1lY2FhLTExZTYtOGY4OC0zNDM2M2JjN2M0YzAiOnsiY3JlYXRlIjoxODAwMDAwMDAwMDAwLCJkZWxldGUiOjE4MDAwMDAwMDAwMDAsInJlYWQiOjMwMDAwMDAwMDAwMCwidXBkYXRlIjoxODAwMDAwMDAwMDAwfX0=",
          "dependencies": [
            "azurerm_resource_group.rg"
          ]
        }
      ]
    },
    {
      "mode": "managed",
      "type": "random_id",
      "name": "randomId",
      "provider": "provider[\"registry.terraform.io/hashicorp/random\"]",
      "instances": [
        {
          "schema_version": 0,
          "attributes": {
            "b64_std": "OyYHmqdHvLk=",
            "b64_url": "OyYHmqdHvLk",
            "byte_length": 8,
            "dec": "4262102458165607609",
            "hex": "3b26079aa747bcb9",
            "id": "OyYHmqdHvLk",
            "keepers": null,
            "prefix": null
          },
          "sensitive_attributes": []
        }
      ]
    },
    {
      "mode": "managed",
      "type": "random_password",
      "name": "dbpassword",
      "provider": "provider[\"registry.terraform.io/hashicorp/random\"]",
      "instances": [
        {
          "schema_version": 3,
          "attributes": {
            "bcrypt_hash": "$2a$10$vZMX04wI7CndQBr57wC5xe1tAsuIZAfPZhfIRO.nRSm7uqpxSI3ny",
            "id": "none",
            "keepers": null,
            "length": 16,
            "lower": true,
            "min_lower": 0,
            "min_numeric": 0,
            "min_special": 0,
            "min_upper": 0,
            "number": true,
            "numeric": true,
            "override_special": "!#$%\u0026*()-_=+[]{}\u003c\u003e:?",
            "result": "zb5W0{sfE!%58s}a",
            "special": true,
            "upper": true
          },
          "sensitive_attributes": []
        }
      ]
    }
  ]
}
