{
  "version": 4,
  "terraform_version": "1.2.7",
  "serial": 459,
  "lineage": "78d83692-724f-7ebd-4697-17a63a981d5c",
  "outputs": {
    "ip_private": {
      "value": "10.2.0.19",
      "type": "string"
    },
    "password": {
      "value": "r\u003cs]H(){X(%aB)4l",
      "type": "string",
      "sensitive": true
    },
    "public_ip_address_app": {
      "value": [
        "20.7.20.118"
      ],
      "type": [
        "tuple",
        [
          "string"
        ]
      ]
    },
    "public_ip_address_gateway": {
      "value": [
        "20.230.0.117"
      ],
      "type": [
        "tuple",
        [
          "string"
        ]
      ]
    },
    "resource_group_name": {
      "value": "brief4_QB",
      "type": "string"
    }
  },
  "resources": [
    {
      "mode": "data",
      "type": "template_cloudinit_config",
      "name": "configapp",
      "provider": "provider[\"registry.terraform.io/hashicorp/template\"]",
      "instances": [
        {
          "schema_version": 0,
          "attributes": {
            "base64_encode": true,
            "gzip": true,
            "id": "2859550359",
            "part": [
              {
                "content": "#cloud-config\npackage_update: true\npackages:\n  - nginx\n  - composer\n  - mariadb-client\n  - mariadb-client-10.1\n  - nfs-common\n\nusers:\n  - default\n  - name: quentin\n    groups: sudo, root\n    shell: /bin/bash\n    plain_text_passwd: blablabla123!\n    sudo: 'ALL=(ALL) NOPASSWD:ALL'\n    ssh_authorized_keys:\n        - \u003e-\n          ssh-rsa AAAAB3NzaC1yc2EAAAADAQABAAABgQDAXuIAe8DVtQ+qHpbTnCMn5iP1u7WQEOLDE76PTRZ0lYc0TrWJvH+zWzpEbTK/fwzx5sw7yAlBnuR83cAOtm6y8Gk5yktOogsk71VnJ9cXKV7QWtX5o/nysqhliBWAW2jQmEMLHBf4DOFXcKpCdl0OBOtrPct976tnFXhM5n5WF0wrQ4dVikfWe57yg0BX+G+ZbNl7iDCHS8cAGEI2S0ziGOLjl0qJq+9jjCaj2bdVb5vtbz/ghplWtNKQvirxvfOC5H3XbX7aeH2sAlogeYbPs8DmFuz5Smq/+FLBZzqV7JhPMxBCpVFm6r+EzZDgiS2WB96Q3Jh0ItPz7wwJtgpLmSWeaBmWyPGAOh9MBal2RXgDIZ26EPOQTc9WX1377SaEMFSXgwq3e0mtFl5TYG+hzjujY9ik6nfjyLy1yNaPB7hq0z0cCijeJf0Nlm092Ukb1IJOndiS9LSZXjFJT+LRNz7hqyK/oj8nH4K2nx4DMH+Fj4JypSdsqmIk7aXLdYE= nomad@device\n  - name: steph\n    groups: sudo, root\n    shell: /bin/bash\n    plain_text_passwd: blablabla123!\n    sudo: 'ALL=(ALL) NOPASSWD:ALL'\n    ssh_authorized_keys:\n        - \u003e-\n          ssh-rsa AAAAB3NzaC1yc2EAAAADAQABAAABgQCnBYZRoOJm/hLnbGmUBNhBEsdvUAqVb48EQql7OeYgB4pO/FFu8OIhKofBCByf1l9owEWnbWFZJhfgwQ+iNZjd+1iZtmc6cidjqQypgEc+U43avchEVdZdjK1LidIIJt0O7o8L0gARNn1PjDFLP3eUI2XN3ALUzB3sRzXKTJ1QHz8S1ByhfWXw2vhsPa9I3Jv9aE8zZuCBx/gfVQQy/FyskgK8VWRHhUl3XCgNDxUYBppnBgCCDWHpYOdzH/5XuRORdgMccDgJ/NhcCgY+erva7DlkIlzRiVxm5uMK8kvEiDn+AWI3aGsgxt3LaS+xaiw4hLLoev4V4cWTjWhZPeJSITDeWk3HAsBxDBWGvx3716ywsh7mkDJpjyXow6RXpTBke2rTmr4X9+hVGop4ZjqyTTUuTkdbYllwiaTrsuKgOJ5ne2lWp1P1IT0cD0s9j0GNl/54KaN31HFiuHVYVVA8yGp532LfRjhthpMdHiuhJbswlKTrDJR3i1iccT0aiUk= utilisateur@UTILISA-2JUD7VR\n  - name: ryano\n    groups: sudo, root\n    shell: /bin/bash\n    plain_text_passwd: blablabla123!\n    sudo: 'ALL=(ALL) NOPASSWD:ALL'\n    ssh_authorized_keys:\n        - \u003e-\n          ssh-rsa AAAAB3NzaC1yc2EAAAADAQABAAABgQCuQsDbdhzBOtJvetSRXRINBLZnKEzLctl+J3hFX22doPy1Btth8i7a4cigqyQ914MIgdYr/pPOFfH7YBLa5LhF2Racx3cRT1RPobmGn2DMEcNAcWjw1Qr9TRl3HcFK59ineQ4ukoDt4jZCUyRXliCFMhqBdQU0u182UvNFf0L5bLBVzlkWyNxPo79WDDGY97HCsQLYIQcqRfsYJ0YwJ5QyGUvtUWKmMO30bhlhyQJJmG/6QQlV/m6sMiHCiEt+7Qxv5n3+c9RH5hsRyaynzsLcNmzENDqsrDsngqwzK4oe8S71YKKVn395nvZ4MIr8PB6bE/ViWpvS0bhCzANDYAj8Exk2P5WR3aI06PobLOcUjxm3E1JOFa/YcXQ8GXzmUgjGpHMztB6qSH+NSHHTqBejmvsv2DQ9nYq/NL1s7k6e+FSwWQktZNXAlVIvUGMrX51MdUxtVXteNEFe/NCj4B66Y5i2MM8VJk1lsgm8PIUj0wDjlB0f8TlUFK+vqijLt80= utilisateur@UTILISA-ASVHC0M\n\nruncmd:\n  - sudo apt install software-properties-common \u0026\u0026 sudo add-apt-repository ppa:ondrej/php -y\n  - sudo apt update\n  - sudo export PATH=$PATH:/var/www/html/magento2/bin\n  - sudo apt upgrade -y\n  - sudo apt install -y libxml2 libxml2-dev libssl-dev libssl1.1\n  - sudo apt install -y php8.1 php8.1-common php8.1-xml php8.1-mbstring php8.1-curl php8.1-gd php8.1-intl php-json php8.1-mysql php8.1-soap php-sodium php-tokenizer php8.1-xsl php-zip php-bcmath\n  - sudo mkdir /var/www/html/magento2\n  - cd /home/magento \u0026\u0026 sudo curl -O https://MAG005875421:af7e13b80644f2a44187f446f55bb76d5c156b3b@www.magentocommerce.com/products/downloads/file/Magento-CE-2.4.4.tar.bz2\n  - sudo tar -C /var/www/html/magento2/ -xvf /home/magento/Magento-CE-2.4.4.tar.bz2\n  - cd /var/www/html/\n  - sudo find var generated vendor pub/static pub/media app/etc -type f -exec chmod g+w {} +\n  - sudo find var generated vendor pub/static pub/media app/etc -type d -exec chmod g+ws {} +\n  - sudo chown -R www-data:www-data /var/www/html\n  - sudo chmod u+x bin/magento\n  - cd /var/www/html/magento2 \u0026\u0026 sudo php bin/magento setup:install -vvv --base-url=http://localhost/magento2 --db-host=magento-mariadb-server.mariadb.database.azure.com --db-name=mariadb_database --db-user=magento@magento-mariadb-server --db-password=blablabla123! --admin-firstname=admin --admin-lastname=admin --admin-email=admin@admin.com --admin-user=admin --admin-password=admin123 --language=en_US --currency=USD --timezone=America/Chicago --use-rewrites=1 --search-engine=elasticsearch7 --elasticsearch-host=10.4.0.4 --elasticsearch-port=9200 --elasticsearch-index-prefix=magento2 --elasticsearch-timeout=15 --elasticsearch-username=magento --elasticsearch-password=blablabla123! --elasticsearch-enable-auth=1",
                "content_type": "text/cloud-config",
                "filename": "../cloud-init/cloud-init-app.yaml",
                "merge_type": ""
              }
            ],
            "rendered": "H4sIAAAAAAAA/9xYW5OjOHR+76r5D2SS2k3KwVwMxvaWUwPGd3y/YPtlSoAMwiCwJMCQyn9P2e7u6Z6ZzVOetqsLjj59+nTO0QEk9xLMIGb8tkxhh4uziKEUECbE6Aa9vzgnybAHSNn9OhvP+sZiNzf19fHry73F7yGhKMEdTqqLX16+vPD8R9KXlzdtE9E0oYg9uIAx4AYxxOwv7owiiEEMu1/rdcGNkszjEUbsg8mDNK2XII6+/pDbEoDpGRK+j93EQ9jvcJqD2AfCIxYGb29KboLPyP/yMkMx/MXrf/3IeUmBewE+/J6lHmB3FZLBN5B2XjiO57CP8O1huUmcJhSSRyMGBAHP4d0IQcx+A/GSWJeeCmfKu0kcJ/jlJaOQvAp78Ayy6Dn0npYOd80gZgi/cBzH+STJUtrhaOYl/8mRJGEPmAYwijqc4CAsOIAGDzCNAMLf7xn4ngJKC6/DORF4/kty41+eIzMv6XB/6pbV/Xfdsv6Dmy+W+mZjmx3dsv58UmjwHWQsSAiqoPf9AsuHq88/nvsv/r3x4PKEAk7Xdd1ozCvQk0pX7t+bpr7SjTvsr0z9kI112DL3bFW7jlJni3szrKKllGn2qr+wzL7WXG7XJzE6uuKW2JN8VKvsKu0726lwLqqbSgut1CMDZ+tWw9UXLG6WreFFLS9skfj0okl7PGm7h+leW9nsoCYCLuk1iJBh67YcruL+zBoZZ8VcDA7uNO15kbgwFowsXdbWmgwPDsFMxao9EAuyUrw9upxtqGqlLxqH2rB2cuaRhszeaNNy9WF/LG/ECg0XVhiJ18m11g7DHghlx9s7as6cSvCDNLLZfLrKEbnl50VPHTUOzkEDcCRTPUp8eHSWtGXGg6xSN/FVqA0s41Rd99okWM5uRi/dD+ImqfWrk+mjjWwb7eaqMQnEMVtWWlFMmJ9a8caGwIjtcjnUF0F7ZoBIXh98c3ySm/3lYrV12/ZBamjaBvRng83BL64NKMZsEKnb47AWVGEWHtvo0sTnsLRKqZyDpaEFV7ES3R4K4eQszqNYbMu7iyONJwvsoU3b2pwO4WCyrVnreaUF13IqJGELj5SpjG+KORvVBqEyKdONR6/x+KKBg+Ud+10OJzHwvnkwRy78UOuUwTT4B1V6DxvH0zpZTGIhsLAzjHfGPDD61Mt3+nXvKK3+6hppC3j0DSVdCINB1lqMg2lyNnpGeZaidlL0bezYg9MkOPvFqobmp9CrSejEYrfpIi+8rsrU77u1ndIAuRv0997JC6eShbzxeMLEhZa0LNHX13MsLUNzYC0bcDeWD/OGbu0qo0HX1WG6nUirUdXaSEYZnO1DIecBXYL2uDHJ26Dfqk5Zz7gJ/nm/WpXCoKQXf9ra2+tRsIsah54/N2+7o5Gm2PB7PdMepceFV40E9ZCtF2vPn7mu6U+EeeD2/GMNkhxoZnQZR9Ua7W+xms2mrUveRyau6fa4AYbUv7GGBTa1G0CFElhWAnNlr7j2NrSD0xJONuOtCe1LY6RT42Ya9jC/NTSpWRY00OKLOUnD8pAUzfUh3RoXKJNtTJRDuxbsh0mqnMJrud3usu3Fc45RVCCwJTSb+ouJiqEc2am0lMZb0TVF2g7F4TwSVGUK5g1pNEDZaH/c7/VWOUzVhmyd12HAgnTmjVAWTBxaRNMtMSfrBpKQ625FgHaXLpcxFCEKGMzIt912bI03Oi9Pdqa2X38ofFICnPyTCj9bUdPxgspYsEkO2WZ9WI/nhnXC035luSyqTRrB4CDLXrIsJYOxoIU0oLjIv5artqTMxr53JEK6XAzOI+1oWEC1goG8Bu6t4a630nqZOPEQy+as78511w4LaUXa23XUGLmDqdpGGK6U7JKYTAlPvV25PkSoN5gFV8Nb7cRMasm7fD44i5bqWMa+ii52Ob8tE61tm+bw2NZGPbqyjuOVe12f6XEiHouJuiqHu5zt7Gk8WzREJ4iCcjWZxEOhuVpFeyFu0hka9VCf1bTVLVdxo+a21yM1oOsSlLiiljuPq/7cvFJiUuxfi2qqJLC10aTjdLrHjbaK85MyG5PW0mg6fWGP7DTfiE7Qq/S5edTDVv92kZeqvW6AsdhcJo61cHfhLW70pcliAISje1i1hocq3vnhMB3NKmY0r5tRbb4ZjbZXA4ZxTnPZXLXx8SrMLYlqlyasDTaFvbqw0/ygR/txvhvOyEGVZt7uxvYHBuf9ARTmvVAxms2jiuTZrLWfXKSI+nFrOd6FYmGGkSGeW9toN5jW8isKLdYSf1/4+mY/6omzlxeSYTf2nluee4FyIGUcwpSBKOJocmYFIJBPSZJCwhB82ypxf/zxSvc8HqSMJ/Cxq0xIyaUp6CTYIzAU0iDl+PKz+HMz9wODtzQhjFvq21H33+7XjpADIhRFIQQsjoQY+BCzRL4/cT8r+QR48JcZ3tznSy5Czi2O5Lc778H8blMafTCl153g7wTSIG3VpdfbW/CvrVscvZmxQxlB2H8nZuS9z/feLITZA+VD+kMlLun1nUsTkD4YNPFQFj9MllwgRhUk7/PSp0qFnlzHjQELfoQQXzxEuN9n8blV9jghSGL4hr6v5sNtfsEFjKW0IwgzfSiKaktTFVnqgLMGpYbTEpuKcpaBokgt7awozbOqOo7W9FRXUptOw/lWFEX9VfmeMEhcWHeTWEhJ4mUuo4KXFDhKgEeF+6FDmD25fK/Py3WlrtQZIHWnkn9ExADh+N7fhCRw/C0/f47o/9a8x/9J6sdMZ4Q9LgeE8yGGBDDocTnEXkK4NHMEygBD7sOMoYcAB9JUgMzleFamkDtzPLxBl3ODOPE4v1Zw//0/XO3/Sdz7WZz+pO4GSYE5fs0VRcF7gIHOm/E52o8j7lJZ7cbdv2avqft9ht6S/V4q90f7wyiOQpalnfcnJ89zjucdQCGfkah7L6iOIESJC6IgoeyHHs97Dn+Huq8Q/3ZQo5DkkNRfm/V7IHe9Oqgy8iio59jHmfWV9P2N9Oy6H+feZL/9Xv5JfHy0E+J1P321OZ4HXowwf0aEssc8j/Y7HoHfwjAGKHpi3x7XV2efvQ+nPg94n/7RlOQGx/MRwH4GfNiF+Ptuw/H3VwqB2C27u43J8TxDMawSDLt6DAlygdALkAv8hOPvM/AEFgQxSLsSx/MUAuIGPLwflmEX3t1G7hPUOJ7/BDzXQhLrSl2sK7/03t/V3bYsir/0IOzBG58SeEa37ofl/cy6u51krCupv3TdE/O6mM+S+mXuv1ulzzSIgRNB/r6P6ko//xDC819e/jcAAP//T6mBSWcRAAA="
          },
          "sensitive_attributes": []
        }
      ]
    },
    {
      "mode": "data",
      "type": "template_cloudinit_config",
      "name": "configelastic",
      "provider": "provider[\"registry.terraform.io/hashicorp/template\"]",
      "instances": [
        {
          "schema_version": 0,
          "attributes": {
            "base64_encode": true,
            "gzip": true,
            "id": "1316393628",
            "part": [
              {
                "content": "#cloud-config\npackage_update: true\npackages:\n  - apt-transport-https\n\nusers:\n  - default\n  - name: quentin\n    groups: sudo, root\n    shell: /bin/bash\n    plain_text_passwd: blabla123!\n    sudo: 'ALL=(ALL) NOPASSWD:ALL'\n    ssh_authorized_keys:\n        - \u003e-\n          ssh-rsa AAAAB3NzaC1yc2EAAAADAQABAAABgQDAXuIAe8DVtQ+qHpbTnCMn5iP1u7WQEOLDE76PTRZ0lYc0TrWJvH+zWzpEbTK/fwzx5sw7yAlBnuR83cAOtm6y8Gk5yktOogsk71VnJ9cXKV7QWtX5o/nysqhliBWAW2jQmEMLHBf4DOFXcKpCdl0OBOtrPct976tnFXhM5n5WF0wrQ4dVikfWe57yg0BX+G+ZbNl7iDCHS8cAGEI2S0ziGOLjl0qJq+9jjCaj2bdVb5vtbz/ghplWtNKQvirxvfOC5H3XbX7aeH2sAlogeYbPs8DmFuz5Smq/+FLBZzqV7JhPMxBCpVFm6r+EzZDgiS2WB96Q3Jh0ItPz7wwJtgpLmSWeaBmWyPGAOh9MBal2RXgDIZ26EPOQTc9WX1377SaEMFSXgwq3e0mtFl5TYG+hzjujY9ik6nfjyLy1yNaPB7hq0z0cCijeJf0Nlm092Ukb1IJOndiS9LSZXjFJT+LRNz7hqyK/oj8nH4K2nx4DMH+Fj4JypSdsqmIk7aXLdYE= nomad@device\n  - name: steph\n    groups: sudo, root\n    shell: /bin/bash\n    plain_text_passwd: blabla123!\n    sudo: 'ALL=(ALL) NOPASSWD:ALL'\n    ssh_authorized_keys:\n        - \u003e-\n          ssh-rsa AAAAB3NzaC1yc2EAAAADAQABAAABgQCnBYZRoOJm/hLnbGmUBNhBEsdvUAqVb48EQql7OeYgB4pO/FFu8OIhKofBCByf1l9owEWnbWFZJhfgwQ+iNZjd+1iZtmc6cidjqQypgEc+U43avchEVdZdjK1LidIIJt0O7o8L0gARNn1PjDFLP3eUI2XN3ALUzB3sRzXKTJ1QHz8S1ByhfWXw2vhsPa9I3Jv9aE8zZuCBx/gfVQQy/FyskgK8VWRHhUl3XCgNDxUYBppnBgCCDWHpYOdzH/5XuRORdgMccDgJ/NhcCgY+erva7DlkIlzRiVxm5uMK8kvEiDn+AWI3aGsgxt3LaS+xaiw4hLLoev4V4cWTjWhZPeJSITDeWk3HAsBxDBWGvx3716ywsh7mkDJpjyXow6RXpTBke2rTmr4X9+hVGop4ZjqyTTUuTkdbYllwiaTrsuKgOJ5ne2lWp1P1IT0cD0s9j0GNl/54KaN31HFiuHVYVVA8yGp532LfRjhthpMdHiuhJbswlKTrDJR3i1iccT0aiUk= utilisateur@UTILISA-2JUD7VR\n  - name: ryano\n    groups: sudo, root\n    shell: /bin/bash\n    plain_text_passwd: blabla123!\n    sudo: 'ALL=(ALL) NOPASSWD:ALL'\n    ssh_authorized_keys:\n        - \u003e-\n          ssh-rsa AAAAB3NzaC1yc2EAAAADAQABAAABgQCuQsDbdhzBOtJvetSRXRINBLZnKEzLctl+J3hFX22doPy1Btth8i7a4cigqyQ914MIgdYr/pPOFfH7YBLa5LhF2Racx3cRT1RPobmGn2DMEcNAcWjw1Qr9TRl3HcFK59ineQ4ukoDt4jZCUyRXliCFMhqBdQU0u182UvNFf0L5bLBVzlkWyNxPo79WDDGY97HCsQLYIQcqRfsYJ0YwJ5QyGUvtUWKmMO30bhlhyQJJmG/6QQlV/m6sMiHCiEt+7Qxv5n3+c9RH5hsRyaynzsLcNmzENDqsrDsngqwzK4oe8S71YKKVn395nvZ4MIr8PB6bE/ViWpvS0bhCzANDYAj8Exk2P5WR3aI06PobLOcUjxm3E1JOFa/YcXQ8GXzmUgjGpHMztB6qSH+NSHHTqBejmvsv2DQ9nYq/NL1s7k6e+FSwWQktZNXAlVIvUGMrX51MdUxtVXteNEFe/NCj4B66Y5i2MM8VJk1lsgm8PIUj0wDjlB0f8TlUFK+vqijLt80= utilisateur@UTILISA-ASVHC0M\n\nwrite_files:\n  - path: /home/elastic/elasticsearch.yml\n    content: \"cluster.name: my-application\\nnode.name: node-1\\npath.data: /var/lib/elasticsearch\\npath.logs: /var/log/elasticsearch\\nnetwork.host: 10.4.0.4\\nxpack.security.enabled: true\\nxpack.security.enrollment.enabled: true\\nxpack.security.http.ssl:\\n  enabled: false\\n  keystore.path: certs/http.p12\\n\\nxpack.security.transport.ssl:\\n  enabled: true\\n  verification_mode: certificate\\n  keystore.path: certs/transport.p12\\n  truststore.path: certs/transport.p12\\ncluster.initial_master_nodes: [\\\"node-1\\\"]\\nhttp.host: 0.0.0.0\\n\"\n\n\nruncmd:\n  - wget -qO - https://artifacts.elastic.co/GPG-KEY-elasticsearch | sudo gpg --dearmor -o /usr/share/keyrings/elasticsearch-keyring.gpg\n  - echo \"deb [signed-by=/usr/share/keyrings/elasticsearch-keyring.gpg] https://artifacts.elastic.co/packages/8.x/apt stable main\" | sudo tee /etc/apt/sources.list.d/elastic-8.x.list\n  - sudo apt-get update\n  - sudo apt install elasticsearch -y\n  - sudo cp /etc/elasticsearch/elasticsearch.yml /home/elastic/backup_elastisearch.yml\n  - sudo rm /etc/elasticsearch/elasticsearch.yml\n  - sudo cp /home/elastic/elasticsearch.yml /etc/elasticsearch/elasticsearch.yml\n  - sudo chown root:elasticsearch /etc/elasticsearch/elasticsearch.yml\n  - sudo chmod 660 /etc/elasticsearch/elasticsearch.yml\n  - sudo /bin/systemctl daemon-reload\n  - sudo /bin/systemctl enable elasticsearch.service\n  - sudo systemctl start elasticsearch.service\n  - cd /usr/share/elasticsearch/bin \u0026\u0026 sudo ./elasticsearch-users useradd magento -p blablabla123! -r superuser\n\n\n\n",
                "content_type": "text/cloud-config",
                "filename": "../cloud-init/cloud-init-elastic.yaml",
                "merge_type": ""
              }
            ],
            "rendered": "H4sIAAAAAAAA/9xYa4+qyNb+brL/A2+/ycw58SDgDXWyTwbEGyKKN9DpSaeAEgqLAqlChZwff6J27909ey5nf53uRKnFU89aq2oteMp+QhgkjF8XKexxcY4ZSkHGhBhdof8T5yY58UFWfH6aTWYDdb4xNWW5e6rcRvwWZhQlpMdJNfFT5VOF59+DPlXeuDVE04QidscCxoAXxpCwn7gDwpCAGH5+qtUEDye5zyOC2LtLHmJAGfJqBYjx01fKdQYIPcCMHxAv8REJepzsIvYOcM+Hwesbm5eQAwo+VWYoht9E/v/vMZUUeEcQwJc89QG7sWQ5fDPSXoXjeA6kjGe3GNIkY3zIWEorlZzC7PW+Dw8gx+x+fcuwx51ySBgiFY7juCBL8pT2OJr7yb+4LEnY3UxDiHGPE1xEBBfQ8G5MMUDk5ZbISwoovfg9zsXAxUCqN/7vMS33kx73o2IYn/+hGMY/OXO+UFYrW+sphvHjA0LDF5CzMMlQCf2XIyzucT7+eO7f/JfBHctnFHCKoihqwyxBXyq8+uA21BRLUW/mwNIUJ58osKNtmVU9jVN3Tfoz0kILKZdtazA3tIHcXqyXexHvPHGd2fp5XC3tMh2466lwuJTXFr3IhYJVki87DU+Zs7hddEbHVnFk8ySgR1naEr3rOdOtbNnMaSUCKegpxEi1FbseWfFgZozVQ1ObDx1vmvZ9LM7VOcsWHuvKbUaGTjhrkZY9FC+Z1fS36HiwYUsuAlF1qqPq3jWxjLT+eNXxlNFgUl+JJRrNjQiLJ/1U7UZRH0R119+6rTNzSyEIU2wzc2qdUXY9H+b91rjhuI4M4LhOFZwEcOcuaEeLh3nZWsUnoTo01H152sp6uJhd1X66HcbtrDoo91qAVnVb7bathh6KE7Yo5ctFZ0FqxCsbAjW2i8VImYfdmQpwfekE2mRfbw8Wc2vtdW1HasjyCgxmw5UTXE4NKMZsiFvr3agallEe7bro2CaHqDAKqTDBQpXDk1iKXh9FUD+IJo7Fbn1zdKWJPic+WnWN1d6Jhvq6aizNUg5PxVRIog4ZN6d1cm1qs3F1GDX1Il359BRPjjJwDH83+MyRJAb+zz48Iw++K3TKYBr+Xcq8T9TdfpnM9VgIDeKO4o1qhuqA+ueNctq6zc7AOmF5DneB2kznwnCYd+aTcJoc1L5aHCTcTS4Dm7j2cK+Hh+BiVZG5j/yqhPYs9toe8qOTVaTBwKtumg1w9sLB1t/70VQykD+Z6Eycy0nHEANlaRJpEWlDY9GAm0ndMRuKsSnVBl2WznStS9a47KwktQgPtnOpn0O6AN1JQz93waBT7vO+ehWCw9ayCmFY0GMw7Wzt5Tjc4IbTD0ztutmpaUrUoN/X7HG6m/vlWGg5+XK+9IOZ52mBLpih1w92VZidgazh4wSXS7S9xq18Nu0czwOkkapiTxpgRIMraxhgVb0CdGmGhpHAc3Pb9Ox1ZIf7BdRXk7UG7WNjrFD1qqn26HxtyFK7uNBQjo+ankaFk1zaSyddq0dYz9Zx1nS61XA7StLmPjoV6/UmXx99d4fxBYF1RvNpMNdbBNaxnUoLabIWPU2k3UgcmVhoNafAbEjjIcrH2912q3SKUdpq1I3DMgpZmM78McpD3aUXPF1nmr5sIAl53loEaHP8zOUMYUQBg3n282Y9MSYrha/rG03eLt9VfVYAkvxtqj63qOb6YanOmX6GbLV0lhNTNfZkOigNj+Gq3giHTr3uJ4tCUhkLO0gGTQ8Fp8LqSs3ZJPB3mZAu5sPDWN6pBmgZ4bC+BN614S3X0nKRuPGI1LXZwDMVz44ukpV110vcGHvDaauLCLSa+THRWDPa9zfF0sGoP5yFJ9W3NmIudeqbszk8iEbLNdRtiY92YV4Xidy1NW2068rjPrWM3cTyTssD3eni7qK3rGK0ObONPY1n84bohjgsLF2PR0LbsvBWiNt0hsZ9NGBV2bqeW6RR9brLcSukywIUpKSGZ8blwNRONNMoCU6XctpMYGclS7vpdEsa3RY575uzSdZZqG13IGyRnZ5Xohv2S8XUdkrUGVyP9UXLXjbARGwvEteYe5voGjcGkj4fAmHnOVZn5JTxJohG6XhWMrV9Wo2r5mo8Xp9UGMVneq5rVpfsToJpSFQ+tmF1uLrY1pHtTUfB28l5M5plTkua+Zsr2zoMmoMhFMx+1FTb7V0L1WezzlY/SpgGcWcx2UTiRYuwKh46a7wZTqvnE4oM1hF/v+qV1XbcF2eVyiVDDL7c1Nur3EkBC3ucECYxFF4V29s3hSDzwloR43sZeg991uOePJxTBrPao3/iggdpipEHbjLxmZDEh6+3bpe89ExuTmo+YKDHCWeQCRi5H528QnAS0DdIEvwWQiC7JNmxFiaU9ThJrDVrYq35TK43gVej0MszxIoaJMDF0H+Iv9+5myUY30TsXwBvyrBGKe49E477Aj0ATOHNcutVlmSw9lhAD2aMCvc5qVR/Jt/QfZGc33I+3HPcGWbo8LqML3Hiwwftw/bHTr8y3z1zNz7K/hL3tok3rY4AfonBbfhy2zLa4355fnrdvKdfn8k9r8eyi7X7/zN5qlQqWU682H8U0iWAjONPc47n7qK6JwjgFjzwGK29nQW8RBgtRvx0sOM/bC73n/vjkgvSgON5H4IsTjKOTzghp5lAQ5BB4QiLDJGAfiwL/tVcC9LgHgf0woR78qHL/UJRQKDPu8Xn76L59c8TeDtOCJ3aVQAp4yi7bSQXA0Se3hJhEHICZN4NINAkzzxIaxhRVvPfHPOd2vVuuod9n3U7m9yW8XF8+WDnEKEMYMx9XDe++Iry0ofLD4hvm/k3ze4C75inL4/hh5Z/pc3i/4n2Yxx//jz5XsIwuZD7+7j3MfvvpYkTn2u3xe+cd3/x04IyGHsMcz6AcUL4DOIE+H+IenT3x92qUZh9kdz3SV/xlIGM/Qnc89/3wsfYXUS4H354MNZ+U9f3ky13+wS+z8UggIQlHJ++qpVXwcLxGUfzFGY3YKVS+eYnAZ7/VPlvAAAA///HK2lMcRAAAA=="
          },
          "sensitive_attributes": []
        }
      ]
    },
    {
      "mode": "data",
      "type": "template_file",
      "name": "scriptapp",
      "provider": "provider[\"registry.terraform.io/hashicorp/template\"]",
      "instances": [
        {
          "schema_version": 0,
          "attributes": {
            "filename": null,
            "id": "62b53d3bafe02a3699a75fd93be75d0137e0eac613a1334f2332d876a19ce304",
            "rendered": "#cloud-config\npackage_update: true\npackages:\n  - nginx\n  - composer\n  - mariadb-client\n  - mariadb-client-10.1\n  - nfs-common\n\nusers:\n  - default\n  - name: quentin\n    groups: sudo, root\n    shell: /bin/bash\n    plain_text_passwd: blablabla123!\n    sudo: 'ALL=(ALL) NOPASSWD:ALL'\n    ssh_authorized_keys:\n        - \u003e-\n          ssh-rsa AAAAB3NzaC1yc2EAAAADAQABAAABgQDAXuIAe8DVtQ+qHpbTnCMn5iP1u7WQEOLDE76PTRZ0lYc0TrWJvH+zWzpEbTK/fwzx5sw7yAlBnuR83cAOtm6y8Gk5yktOogsk71VnJ9cXKV7QWtX5o/nysqhliBWAW2jQmEMLHBf4DOFXcKpCdl0OBOtrPct976tnFXhM5n5WF0wrQ4dVikfWe57yg0BX+G+ZbNl7iDCHS8cAGEI2S0ziGOLjl0qJq+9jjCaj2bdVb5vtbz/ghplWtNKQvirxvfOC5H3XbX7aeH2sAlogeYbPs8DmFuz5Smq/+FLBZzqV7JhPMxBCpVFm6r+EzZDgiS2WB96Q3Jh0ItPz7wwJtgpLmSWeaBmWyPGAOh9MBal2RXgDIZ26EPOQTc9WX1377SaEMFSXgwq3e0mtFl5TYG+hzjujY9ik6nfjyLy1yNaPB7hq0z0cCijeJf0Nlm092Ukb1IJOndiS9LSZXjFJT+LRNz7hqyK/oj8nH4K2nx4DMH+Fj4JypSdsqmIk7aXLdYE= nomad@device\n  - name: steph\n    groups: sudo, root\n    shell: /bin/bash\n    plain_text_passwd: blablabla123!\n    sudo: 'ALL=(ALL) NOPASSWD:ALL'\n    ssh_authorized_keys:\n        - \u003e-\n          ssh-rsa AAAAB3NzaC1yc2EAAAADAQABAAABgQCnBYZRoOJm/hLnbGmUBNhBEsdvUAqVb48EQql7OeYgB4pO/FFu8OIhKofBCByf1l9owEWnbWFZJhfgwQ+iNZjd+1iZtmc6cidjqQypgEc+U43avchEVdZdjK1LidIIJt0O7o8L0gARNn1PjDFLP3eUI2XN3ALUzB3sRzXKTJ1QHz8S1ByhfWXw2vhsPa9I3Jv9aE8zZuCBx/gfVQQy/FyskgK8VWRHhUl3XCgNDxUYBppnBgCCDWHpYOdzH/5XuRORdgMccDgJ/NhcCgY+erva7DlkIlzRiVxm5uMK8kvEiDn+AWI3aGsgxt3LaS+xaiw4hLLoev4V4cWTjWhZPeJSITDeWk3HAsBxDBWGvx3716ywsh7mkDJpjyXow6RXpTBke2rTmr4X9+hVGop4ZjqyTTUuTkdbYllwiaTrsuKgOJ5ne2lWp1P1IT0cD0s9j0GNl/54KaN31HFiuHVYVVA8yGp532LfRjhthpMdHiuhJbswlKTrDJR3i1iccT0aiUk= utilisateur@UTILISA-2JUD7VR\n  - name: ryano\n    groups: sudo, root\n    shell: /bin/bash\n    plain_text_passwd: blablabla123!\n    sudo: 'ALL=(ALL) NOPASSWD:ALL'\n    ssh_authorized_keys:\n        - \u003e-\n          ssh-rsa AAAAB3NzaC1yc2EAAAADAQABAAABgQCuQsDbdhzBOtJvetSRXRINBLZnKEzLctl+J3hFX22doPy1Btth8i7a4cigqyQ914MIgdYr/pPOFfH7YBLa5LhF2Racx3cRT1RPobmGn2DMEcNAcWjw1Qr9TRl3HcFK59ineQ4ukoDt4jZCUyRXliCFMhqBdQU0u182UvNFf0L5bLBVzlkWyNxPo79WDDGY97HCsQLYIQcqRfsYJ0YwJ5QyGUvtUWKmMO30bhlhyQJJmG/6QQlV/m6sMiHCiEt+7Qxv5n3+c9RH5hsRyaynzsLcNmzENDqsrDsngqwzK4oe8S71YKKVn395nvZ4MIr8PB6bE/ViWpvS0bhCzANDYAj8Exk2P5WR3aI06PobLOcUjxm3E1JOFa/YcXQ8GXzmUgjGpHMztB6qSH+NSHHTqBejmvsv2DQ9nYq/NL1s7k6e+FSwWQktZNXAlVIvUGMrX51MdUxtVXteNEFe/NCj4B66Y5i2MM8VJk1lsgm8PIUj0wDjlB0f8TlUFK+vqijLt80= utilisateur@UTILISA-ASVHC0M\n\nruncmd:\n  - sudo apt install software-properties-common \u0026\u0026 sudo add-apt-repository ppa:ondrej/php -y\n  - sudo apt update\n  - sudo export PATH=$PATH:/var/www/html/magento2/bin\n  - sudo apt upgrade -y\n  - sudo apt install -y libxml2 libxml2-dev libssl-dev libssl1.1\n  - sudo apt install -y php8.1 php8.1-common php8.1-xml php8.1-mbstring php8.1-curl php8.1-gd php8.1-intl php-json php8.1-mysql php8.1-soap php-sodium php-tokenizer php8.1-xsl php-zip php-bcmath\n  - sudo mkdir /var/www/html/magento2\n  - cd /home/magento \u0026\u0026 sudo curl -O https://MAG005875421:af7e13b80644f2a44187f446f55bb76d5c156b3b@www.magentocommerce.com/products/downloads/file/Magento-CE-2.4.4.tar.bz2\n  - sudo tar -C /var/www/html/magento2/ -xvf /home/magento/Magento-CE-2.4.4.tar.bz2\n  - cd /var/www/html/\n  - sudo find var generated vendor pub/static pub/media app/etc -type f -exec chmod g+w {} +\n  - sudo find var generated vendor pub/static pub/media app/etc -type d -exec chmod g+ws {} +\n  - sudo chown -R www-data:www-data /var/www/html\n  - sudo chmod u+x bin/magento\n  - cd /var/www/html/magento2 \u0026\u0026 sudo php bin/magento setup:install -vvv --base-url=http://localhost/magento2 --db-host=magento-mariadb-server.mariadb.database.azure.com --db-name=mariadb_database --db-user=magento@magento-mariadb-server --db-password=blablabla123! --admin-firstname=admin --admin-lastname=admin --admin-email=admin@admin.com --admin-user=admin --admin-password=admin123 --language=en_US --currency=USD --timezone=America/Chicago --use-rewrites=1 --search-engine=elasticsearch7 --elasticsearch-host=10.4.0.4 --elasticsearch-port=9200 --elasticsearch-index-prefix=magento2 --elasticsearch-timeout=15 --elasticsearch-username=magento --elasticsearch-password=blablabla123! --elasticsearch-enable-auth=1",
            "template": "#cloud-config\npackage_update: true\npackages:\n  - nginx\n  - composer\n  - mariadb-client\n  - mariadb-client-10.1\n  - nfs-common\n\nusers:\n  - default\n  - name: quentin\n    groups: sudo, root\n    shell: /bin/bash\n    plain_text_passwd: blablabla123!\n    sudo: 'ALL=(ALL) NOPASSWD:ALL'\n    ssh_authorized_keys:\n        - \u003e-\n          ssh-rsa AAAAB3NzaC1yc2EAAAADAQABAAABgQDAXuIAe8DVtQ+qHpbTnCMn5iP1u7WQEOLDE76PTRZ0lYc0TrWJvH+zWzpEbTK/fwzx5sw7yAlBnuR83cAOtm6y8Gk5yktOogsk71VnJ9cXKV7QWtX5o/nysqhliBWAW2jQmEMLHBf4DOFXcKpCdl0OBOtrPct976tnFXhM5n5WF0wrQ4dVikfWe57yg0BX+G+ZbNl7iDCHS8cAGEI2S0ziGOLjl0qJq+9jjCaj2bdVb5vtbz/ghplWtNKQvirxvfOC5H3XbX7aeH2sAlogeYbPs8DmFuz5Smq/+FLBZzqV7JhPMxBCpVFm6r+EzZDgiS2WB96Q3Jh0ItPz7wwJtgpLmSWeaBmWyPGAOh9MBal2RXgDIZ26EPOQTc9WX1377SaEMFSXgwq3e0mtFl5TYG+hzjujY9ik6nfjyLy1yNaPB7hq0z0cCijeJf0Nlm092Ukb1IJOndiS9LSZXjFJT+LRNz7hqyK/oj8nH4K2nx4DMH+Fj4JypSdsqmIk7aXLdYE= nomad@device\n  - name: steph\n    groups: sudo, root\n    shell: /bin/bash\n    plain_text_passwd: blablabla123!\n    sudo: 'ALL=(ALL) NOPASSWD:ALL'\n    ssh_authorized_keys:\n        - \u003e-\n          ssh-rsa AAAAB3NzaC1yc2EAAAADAQABAAABgQCnBYZRoOJm/hLnbGmUBNhBEsdvUAqVb48EQql7OeYgB4pO/FFu8OIhKofBCByf1l9owEWnbWFZJhfgwQ+iNZjd+1iZtmc6cidjqQypgEc+U43avchEVdZdjK1LidIIJt0O7o8L0gARNn1PjDFLP3eUI2XN3ALUzB3sRzXKTJ1QHz8S1ByhfWXw2vhsPa9I3Jv9aE8zZuCBx/gfVQQy/FyskgK8VWRHhUl3XCgNDxUYBppnBgCCDWHpYOdzH/5XuRORdgMccDgJ/NhcCgY+erva7DlkIlzRiVxm5uMK8kvEiDn+AWI3aGsgxt3LaS+xaiw4hLLoev4V4cWTjWhZPeJSITDeWk3HAsBxDBWGvx3716ywsh7mkDJpjyXow6RXpTBke2rTmr4X9+hVGop4ZjqyTTUuTkdbYllwiaTrsuKgOJ5ne2lWp1P1IT0cD0s9j0GNl/54KaN31HFiuHVYVVA8yGp532LfRjhthpMdHiuhJbswlKTrDJR3i1iccT0aiUk= utilisateur@UTILISA-2JUD7VR\n  - name: ryano\n    groups: sudo, root\n    shell: /bin/bash\n    plain_text_passwd: blablabla123!\n    sudo: 'ALL=(ALL) NOPASSWD:ALL'\n    ssh_authorized_keys:\n        - \u003e-\n          ssh-rsa AAAAB3NzaC1yc2EAAAADAQABAAABgQCuQsDbdhzBOtJvetSRXRINBLZnKEzLctl+J3hFX22doPy1Btth8i7a4cigqyQ914MIgdYr/pPOFfH7YBLa5LhF2Racx3cRT1RPobmGn2DMEcNAcWjw1Qr9TRl3HcFK59ineQ4ukoDt4jZCUyRXliCFMhqBdQU0u182UvNFf0L5bLBVzlkWyNxPo79WDDGY97HCsQLYIQcqRfsYJ0YwJ5QyGUvtUWKmMO30bhlhyQJJmG/6QQlV/m6sMiHCiEt+7Qxv5n3+c9RH5hsRyaynzsLcNmzENDqsrDsngqwzK4oe8S71YKKVn395nvZ4MIr8PB6bE/ViWpvS0bhCzANDYAj8Exk2P5WR3aI06PobLOcUjxm3E1JOFa/YcXQ8GXzmUgjGpHMztB6qSH+NSHHTqBejmvsv2DQ9nYq/NL1s7k6e+FSwWQktZNXAlVIvUGMrX51MdUxtVXteNEFe/NCj4B66Y5i2MM8VJk1lsgm8PIUj0wDjlB0f8TlUFK+vqijLt80= utilisateur@UTILISA-ASVHC0M\n\nruncmd:\n  - sudo apt install software-properties-common \u0026\u0026 sudo add-apt-repository ppa:ondrej/php -y\n  - sudo apt update\n  - sudo export PATH=$PATH:/var/www/html/magento2/bin\n  - sudo apt upgrade -y\n  - sudo apt install -y libxml2 libxml2-dev libssl-dev libssl1.1\n  - sudo apt install -y php8.1 php8.1-common php8.1-xml php8.1-mbstring php8.1-curl php8.1-gd php8.1-intl php-json php8.1-mysql php8.1-soap php-sodium php-tokenizer php8.1-xsl php-zip php-bcmath\n  - sudo mkdir /var/www/html/magento2\n  - cd /home/magento \u0026\u0026 sudo curl -O https://MAG005875421:af7e13b80644f2a44187f446f55bb76d5c156b3b@www.magentocommerce.com/products/downloads/file/Magento-CE-2.4.4.tar.bz2\n  - sudo tar -C /var/www/html/magento2/ -xvf /home/magento/Magento-CE-2.4.4.tar.bz2\n  - cd /var/www/html/\n  - sudo find var generated vendor pub/static pub/media app/etc -type f -exec chmod g+w {} +\n  - sudo find var generated vendor pub/static pub/media app/etc -type d -exec chmod g+ws {} +\n  - sudo chown -R www-data:www-data /var/www/html\n  - sudo chmod u+x bin/magento\n  - cd /var/www/html/magento2 \u0026\u0026 sudo php bin/magento setup:install -vvv --base-url=http://localhost/magento2 --db-host=magento-mariadb-server.mariadb.database.azure.com --db-name=mariadb_database --db-user=magento@magento-mariadb-server --db-password=blablabla123! --admin-firstname=admin --admin-lastname=admin --admin-email=admin@admin.com --admin-user=admin --admin-password=admin123 --language=en_US --currency=USD --timezone=America/Chicago --use-rewrites=1 --search-engine=elasticsearch7 --elasticsearch-host=10.4.0.4 --elasticsearch-port=9200 --elasticsearch-index-prefix=magento2 --elasticsearch-timeout=15 --elasticsearch-username=magento --elasticsearch-password=blablabla123! --elasticsearch-enable-auth=1",
            "vars": null
          },
          "sensitive_attributes": []
        }
      ]
    },
    {
      "mode": "data",
      "type": "template_file",
      "name": "scriptelastic",
      "provider": "provider[\"registry.terraform.io/hashicorp/template\"]",
      "instances": [
        {
          "schema_version": 0,
          "attributes": {
            "filename": null,
            "id": "e0406fdac1f0c32e4e9edaec200fe20226c7ed9db4140ce6ef246abc2701d003",
            "rendered": "#cloud-config\npackage_update: true\npackages:\n  - apt-transport-https\n\nusers:\n  - default\n  - name: quentin\n    groups: sudo, root\n    shell: /bin/bash\n    plain_text_passwd: blabla123!\n    sudo: 'ALL=(ALL) NOPASSWD:ALL'\n    ssh_authorized_keys:\n        - \u003e-\n          ssh-rsa AAAAB3NzaC1yc2EAAAADAQABAAABgQDAXuIAe8DVtQ+qHpbTnCMn5iP1u7WQEOLDE76PTRZ0lYc0TrWJvH+zWzpEbTK/fwzx5sw7yAlBnuR83cAOtm6y8Gk5yktOogsk71VnJ9cXKV7QWtX5o/nysqhliBWAW2jQmEMLHBf4DOFXcKpCdl0OBOtrPct976tnFXhM5n5WF0wrQ4dVikfWe57yg0BX+G+ZbNl7iDCHS8cAGEI2S0ziGOLjl0qJq+9jjCaj2bdVb5vtbz/ghplWtNKQvirxvfOC5H3XbX7aeH2sAlogeYbPs8DmFuz5Smq/+FLBZzqV7JhPMxBCpVFm6r+EzZDgiS2WB96Q3Jh0ItPz7wwJtgpLmSWeaBmWyPGAOh9MBal2RXgDIZ26EPOQTc9WX1377SaEMFSXgwq3e0mtFl5TYG+hzjujY9ik6nfjyLy1yNaPB7hq0z0cCijeJf0Nlm092Ukb1IJOndiS9LSZXjFJT+LRNz7hqyK/oj8nH4K2nx4DMH+Fj4JypSdsqmIk7aXLdYE= nomad@device\n  - name: steph\n    groups: sudo, root\n    shell: /bin/bash\n    plain_text_passwd: blabla123!\n    sudo: 'ALL=(ALL) NOPASSWD:ALL'\n    ssh_authorized_keys:\n        - \u003e-\n          ssh-rsa AAAAB3NzaC1yc2EAAAADAQABAAABgQCnBYZRoOJm/hLnbGmUBNhBEsdvUAqVb48EQql7OeYgB4pO/FFu8OIhKofBCByf1l9owEWnbWFZJhfgwQ+iNZjd+1iZtmc6cidjqQypgEc+U43avchEVdZdjK1LidIIJt0O7o8L0gARNn1PjDFLP3eUI2XN3ALUzB3sRzXKTJ1QHz8S1ByhfWXw2vhsPa9I3Jv9aE8zZuCBx/gfVQQy/FyskgK8VWRHhUl3XCgNDxUYBppnBgCCDWHpYOdzH/5XuRORdgMccDgJ/NhcCgY+erva7DlkIlzRiVxm5uMK8kvEiDn+AWI3aGsgxt3LaS+xaiw4hLLoev4V4cWTjWhZPeJSITDeWk3HAsBxDBWGvx3716ywsh7mkDJpjyXow6RXpTBke2rTmr4X9+hVGop4ZjqyTTUuTkdbYllwiaTrsuKgOJ5ne2lWp1P1IT0cD0s9j0GNl/54KaN31HFiuHVYVVA8yGp532LfRjhthpMdHiuhJbswlKTrDJR3i1iccT0aiUk= utilisateur@UTILISA-2JUD7VR\n  - name: ryano\n    groups: sudo, root\n    shell: /bin/bash\n    plain_text_passwd: blabla123!\n    sudo: 'ALL=(ALL) NOPASSWD:ALL'\n    ssh_authorized_keys:\n        - \u003e-\n          ssh-rsa AAAAB3NzaC1yc2EAAAADAQABAAABgQCuQsDbdhzBOtJvetSRXRINBLZnKEzLctl+J3hFX22doPy1Btth8i7a4cigqyQ914MIgdYr/pPOFfH7YBLa5LhF2Racx3cRT1RPobmGn2DMEcNAcWjw1Qr9TRl3HcFK59ineQ4ukoDt4jZCUyRXliCFMhqBdQU0u182UvNFf0L5bLBVzlkWyNxPo79WDDGY97HCsQLYIQcqRfsYJ0YwJ5QyGUvtUWKmMO30bhlhyQJJmG/6QQlV/m6sMiHCiEt+7Qxv5n3+c9RH5hsRyaynzsLcNmzENDqsrDsngqwzK4oe8S71YKKVn395nvZ4MIr8PB6bE/ViWpvS0bhCzANDYAj8Exk2P5WR3aI06PobLOcUjxm3E1JOFa/YcXQ8GXzmUgjGpHMztB6qSH+NSHHTqBejmvsv2DQ9nYq/NL1s7k6e+FSwWQktZNXAlVIvUGMrX51MdUxtVXteNEFe/NCj4B66Y5i2MM8VJk1lsgm8PIUj0wDjlB0f8TlUFK+vqijLt80= utilisateur@UTILISA-ASVHC0M\n\nwrite_files:\n  - path: /home/elastic/elasticsearch.yml\n    content: \"cluster.name: my-application\\nnode.name: node-1\\npath.data: /var/lib/elasticsearch\\npath.logs: /var/log/elasticsearch\\nnetwork.host: 10.4.0.4\\nxpack.security.enabled: true\\nxpack.security.enrollment.enabled: true\\nxpack.security.http.ssl:\\n  enabled: false\\n  keystore.path: certs/http.p12\\n\\nxpack.security.transport.ssl:\\n  enabled: true\\n  verification_mode: certificate\\n  keystore.path: certs/transport.p12\\n  truststore.path: certs/transport.p12\\ncluster.initial_master_nodes: [\\\"node-1\\\"]\\nhttp.host: 0.0.0.0\\n\"\n\n\nruncmd:\n  - wget -qO - https://artifacts.elastic.co/GPG-KEY-elasticsearch | sudo gpg --dearmor -o /usr/share/keyrings/elasticsearch-keyring.gpg\n  - echo \"deb [signed-by=/usr/share/keyrings/elasticsearch-keyring.gpg] https://artifacts.elastic.co/packages/8.x/apt stable main\" | sudo tee /etc/apt/sources.list.d/elastic-8.x.list\n  - sudo apt-get update\n  - sudo apt install elasticsearch -y\n  - sudo cp /etc/elasticsearch/elasticsearch.yml /home/elastic/backup_elastisearch.yml\n  - sudo rm /etc/elasticsearch/elasticsearch.yml\n  - sudo cp /home/elastic/elasticsearch.yml /etc/elasticsearch/elasticsearch.yml\n  - sudo chown root:elasticsearch /etc/elasticsearch/elasticsearch.yml\n  - sudo chmod 660 /etc/elasticsearch/elasticsearch.yml\n  - sudo /bin/systemctl daemon-reload\n  - sudo /bin/systemctl enable elasticsearch.service\n  - sudo systemctl start elasticsearch.service\n  - cd /usr/share/elasticsearch/bin \u0026\u0026 sudo ./elasticsearch-users useradd magento -p blablabla123! -r superuser\n\n\n\n",
            "template": "#cloud-config\npackage_update: true\npackages:\n  - apt-transport-https\n\nusers:\n  - default\n  - name: quentin\n    groups: sudo, root\n    shell: /bin/bash\n    plain_text_passwd: blabla123!\n    sudo: 'ALL=(ALL) NOPASSWD:ALL'\n    ssh_authorized_keys:\n        - \u003e-\n          ssh-rsa AAAAB3NzaC1yc2EAAAADAQABAAABgQDAXuIAe8DVtQ+qHpbTnCMn5iP1u7WQEOLDE76PTRZ0lYc0TrWJvH+zWzpEbTK/fwzx5sw7yAlBnuR83cAOtm6y8Gk5yktOogsk71VnJ9cXKV7QWtX5o/nysqhliBWAW2jQmEMLHBf4DOFXcKpCdl0OBOtrPct976tnFXhM5n5WF0wrQ4dVikfWe57yg0BX+G+ZbNl7iDCHS8cAGEI2S0ziGOLjl0qJq+9jjCaj2bdVb5vtbz/ghplWtNKQvirxvfOC5H3XbX7aeH2sAlogeYbPs8DmFuz5Smq/+FLBZzqV7JhPMxBCpVFm6r+EzZDgiS2WB96Q3Jh0ItPz7wwJtgpLmSWeaBmWyPGAOh9MBal2RXgDIZ26EPOQTc9WX1377SaEMFSXgwq3e0mtFl5TYG+hzjujY9ik6nfjyLy1yNaPB7hq0z0cCijeJf0Nlm092Ukb1IJOndiS9LSZXjFJT+LRNz7hqyK/oj8nH4K2nx4DMH+Fj4JypSdsqmIk7aXLdYE= nomad@device\n  - name: steph\n    groups: sudo, root\n    shell: /bin/bash\n    plain_text_passwd: blabla123!\n    sudo: 'ALL=(ALL) NOPASSWD:ALL'\n    ssh_authorized_keys:\n        - \u003e-\n          ssh-rsa AAAAB3NzaC1yc2EAAAADAQABAAABgQCnBYZRoOJm/hLnbGmUBNhBEsdvUAqVb48EQql7OeYgB4pO/FFu8OIhKofBCByf1l9owEWnbWFZJhfgwQ+iNZjd+1iZtmc6cidjqQypgEc+U43avchEVdZdjK1LidIIJt0O7o8L0gARNn1PjDFLP3eUI2XN3ALUzB3sRzXKTJ1QHz8S1ByhfWXw2vhsPa9I3Jv9aE8zZuCBx/gfVQQy/FyskgK8VWRHhUl3XCgNDxUYBppnBgCCDWHpYOdzH/5XuRORdgMccDgJ/NhcCgY+erva7DlkIlzRiVxm5uMK8kvEiDn+AWI3aGsgxt3LaS+xaiw4hLLoev4V4cWTjWhZPeJSITDeWk3HAsBxDBWGvx3716ywsh7mkDJpjyXow6RXpTBke2rTmr4X9+hVGop4ZjqyTTUuTkdbYllwiaTrsuKgOJ5ne2lWp1P1IT0cD0s9j0GNl/54KaN31HFiuHVYVVA8yGp532LfRjhthpMdHiuhJbswlKTrDJR3i1iccT0aiUk= utilisateur@UTILISA-2JUD7VR\n  - name: ryano\n    groups: sudo, root\n    shell: /bin/bash\n    plain_text_passwd: blabla123!\n    sudo: 'ALL=(ALL) NOPASSWD:ALL'\n    ssh_authorized_keys:\n        - \u003e-\n          ssh-rsa AAAAB3NzaC1yc2EAAAADAQABAAABgQCuQsDbdhzBOtJvetSRXRINBLZnKEzLctl+J3hFX22doPy1Btth8i7a4cigqyQ914MIgdYr/pPOFfH7YBLa5LhF2Racx3cRT1RPobmGn2DMEcNAcWjw1Qr9TRl3HcFK59ineQ4ukoDt4jZCUyRXliCFMhqBdQU0u182UvNFf0L5bLBVzlkWyNxPo79WDDGY97HCsQLYIQcqRfsYJ0YwJ5QyGUvtUWKmMO30bhlhyQJJmG/6QQlV/m6sMiHCiEt+7Qxv5n3+c9RH5hsRyaynzsLcNmzENDqsrDsngqwzK4oe8S71YKKVn395nvZ4MIr8PB6bE/ViWpvS0bhCzANDYAj8Exk2P5WR3aI06PobLOcUjxm3E1JOFa/YcXQ8GXzmUgjGpHMztB6qSH+NSHHTqBejmvsv2DQ9nYq/NL1s7k6e+FSwWQktZNXAlVIvUGMrX51MdUxtVXteNEFe/NCj4B66Y5i2MM8VJk1lsgm8PIUj0wDjlB0f8TlUFK+vqijLt80= utilisateur@UTILISA-ASVHC0M\n\nwrite_files:\n  - path: /home/elastic/elasticsearch.yml\n    content: \"cluster.name: my-application\\nnode.name: node-1\\npath.data: /var/lib/elasticsearch\\npath.logs: /var/log/elasticsearch\\nnetwork.host: 10.4.0.4\\nxpack.security.enabled: true\\nxpack.security.enrollment.enabled: true\\nxpack.security.http.ssl:\\n  enabled: false\\n  keystore.path: certs/http.p12\\n\\nxpack.security.transport.ssl:\\n  enabled: true\\n  verification_mode: certificate\\n  keystore.path: certs/transport.p12\\n  truststore.path: certs/transport.p12\\ncluster.initial_master_nodes: [\\\"node-1\\\"]\\nhttp.host: 0.0.0.0\\n\"\n\n\nruncmd:\n  - wget -qO - https://artifacts.elastic.co/GPG-KEY-elasticsearch | sudo gpg --dearmor -o /usr/share/keyrings/elasticsearch-keyring.gpg\n  - echo \"deb [signed-by=/usr/share/keyrings/elasticsearch-keyring.gpg] https://artifacts.elastic.co/packages/8.x/apt stable main\" | sudo tee /etc/apt/sources.list.d/elastic-8.x.list\n  - sudo apt-get update\n  - sudo apt install elasticsearch -y\n  - sudo cp /etc/elasticsearch/elasticsearch.yml /home/elastic/backup_elastisearch.yml\n  - sudo rm /etc/elasticsearch/elasticsearch.yml\n  - sudo cp /home/elastic/elasticsearch.yml /etc/elasticsearch/elasticsearch.yml\n  - sudo chown root:elasticsearch /etc/elasticsearch/elasticsearch.yml\n  - sudo chmod 660 /etc/elasticsearch/elasticsearch.yml\n  - sudo /bin/systemctl daemon-reload\n  - sudo /bin/systemctl enable elasticsearch.service\n  - sudo systemctl start elasticsearch.service\n  - cd /usr/share/elasticsearch/bin \u0026\u0026 sudo ./elasticsearch-users useradd magento -p blablabla123! -r superuser\n\n\n\n",
            "vars": null
          },
          "sensitive_attributes": []
        }
      ]
    },
    {
      "mode": "managed",
      "type": "azurerm_application_gateway",
      "name": "network_gateway",
      "provider": "provider[\"registry.terraform.io/hashicorp/azurerm\"]",
      "instances": [
        {
          "schema_version": 0,
          "attributes": {
            "authentication_certificate": [],
            "autoscale_configuration": [],
            "backend_address_pool": [
              {
                "fqdns": [],
                "id": "/subscriptions/a1f74e2d-ec58-4f9a-a112-088e3469febb/resourceGroups/brief4_QB/providers/Microsoft.Network/applicationGateways/example-appgateway/backendAddressPools/network-beap",
                "ip_addresses": [],
                "name": "network-beap"
              }
            ],
            "backend_http_settings": [
              {
                "affinity_cookie_name": "",
                "authentication_certificate": [],
                "connection_draining": [],
                "cookie_based_affinity": "Disabled",
                "host_name": "",
                "id": "/subscriptions/a1f74e2d-ec58-4f9a-a112-088e3469febb/resourceGroups/brief4_QB/providers/Microsoft.Network/applicationGateways/example-appgateway/backendHttpSettingsCollection/network-be-htst",
                "name": "network-be-htst",
                "path": "/",
                "pick_host_name_from_backend_address": false,
                "port": 80,
                "probe_id": "",
                "probe_name": "",
                "protocol": "Http",
                "request_timeout": 60,
                "trusted_root_certificate_names": []
              }
            ],
            "custom_error_configuration": [],
            "enable_http2": false,
            "fips_enabled": false,
            "firewall_policy_id": null,
            "force_firewall_policy_association": false,
            "frontend_ip_configuration": [
              {
                "id": "/subscriptions/a1f74e2d-ec58-4f9a-a112-088e3469febb/resourceGroups/brief4_QB/providers/Microsoft.Network/applicationGateways/example-appgateway/frontendIPConfigurations/network-feip",
                "name": "network-feip",
                "private_ip_address": "",
                "private_ip_address_allocation": "Dynamic",
                "private_link_configuration_id": "",
                "private_link_configuration_name": "",
                "public_ip_address_id": "/subscriptions/a1f74e2d-ec58-4f9a-a112-088e3469febb/resourceGroups/brief4_QB/providers/Microsoft.Network/publicIPAddresses/ip_gateway",
                "subnet_id": ""
              }
            ],
            "frontend_port": [
              {
                "id": "/subscriptions/a1f74e2d-ec58-4f9a-a112-088e3469febb/resourceGroups/brief4_QB/providers/Microsoft.Network/applicationGateways/example-appgateway/frontendPorts/network-feport",
                "name": "network-feport",
                "port": 80
              }
            ],
            "gateway_ip_configuration": [
              {
                "id": "/subscriptions/a1f74e2d-ec58-4f9a-a112-088e3469febb/resourceGroups/brief4_QB/providers/Microsoft.Network/applicationGateways/example-appgateway/gatewayIPConfigurations/my-gateway-ip-configuration",
                "name": "my-gateway-ip-configuration",
                "subnet_id": "/subscriptions/a1f74e2d-ec58-4f9a-a112-088e3469febb/resourceGroups/brief4_QB/providers/Microsoft.Network/virtualNetworks/network/subnets/subnet_gateway"
              }
            ],
            "global": [],
            "http_listener": [
              {
                "custom_error_configuration": [],
                "firewall_policy_id": "",
                "frontend_ip_configuration_id": "/subscriptions/a1f74e2d-ec58-4f9a-a112-088e3469febb/resourceGroups/brief4_QB/providers/Microsoft.Network/applicationGateways/example-appgateway/frontendIPConfigurations/network-feip",
                "frontend_ip_configuration_name": "network-feip",
                "frontend_port_id": "/subscriptions/a1f74e2d-ec58-4f9a-a112-088e3469febb/resourceGroups/brief4_QB/providers/Microsoft.Network/applicationGateways/example-appgateway/frontendPorts/network-feport",
                "frontend_port_name": "network-feport",
                "host_name": "",
                "host_names": [],
                "id": "/subscriptions/a1f74e2d-ec58-4f9a-a112-088e3469febb/resourceGroups/brief4_QB/providers/Microsoft.Network/applicationGateways/example-appgateway/httpListeners/network-httplstn",
                "name": "network-httplstn",
                "protocol": "Http",
                "require_sni": false,
                "ssl_certificate_id": "",
                "ssl_certificate_name": "",
                "ssl_profile_id": "",
                "ssl_profile_name": ""
              }
            ],
            "id": "/subscriptions/a1f74e2d-ec58-4f9a-a112-088e3469febb/resourceGroups/brief4_QB/providers/Microsoft.Network/applicationGateways/example-appgateway",
            "identity": [],
            "location": "eastus2",
            "name": "example-appgateway",
            "private_endpoint_connection": [],
            "private_link_configuration": [],
            "probe": [],
            "redirect_configuration": [],
            "request_routing_rule": [
              {
                "backend_address_pool_id": "/subscriptions/a1f74e2d-ec58-4f9a-a112-088e3469febb/resourceGroups/brief4_QB/providers/Microsoft.Network/applicationGateways/example-appgateway/backendAddressPools/network-beap",
                "backend_address_pool_name": "network-beap",
                "backend_http_settings_id": "/subscriptions/a1f74e2d-ec58-4f9a-a112-088e3469febb/resourceGroups/brief4_QB/providers/Microsoft.Network/applicationGateways/example-appgateway/backendHttpSettingsCollection/network-be-htst",
                "backend_http_settings_name": "network-be-htst",
                "http_listener_id": "/subscriptions/a1f74e2d-ec58-4f9a-a112-088e3469febb/resourceGroups/brief4_QB/providers/Microsoft.Network/applicationGateways/example-appgateway/httpListeners/network-httplstn",
                "http_listener_name": "network-httplstn",
                "id": "/subscriptions/a1f74e2d-ec58-4f9a-a112-088e3469febb/resourceGroups/brief4_QB/providers/Microsoft.Network/applicationGateways/example-appgateway/requestRoutingRules/rule_magento",
                "name": "rule_magento",
                "priority": 100,
                "redirect_configuration_id": "",
                "redirect_configuration_name": "",
                "rewrite_rule_set_id": "",
                "rewrite_rule_set_name": "",
                "rule_type": "Basic",
                "url_path_map_id": "",
                "url_path_map_name": ""
              }
            ],
            "resource_group_name": "brief4_QB",
            "rewrite_rule_set": [],
            "sku": [
              {
                "capacity": 2,
                "name": "Standard_v2",
                "tier": "Standard_v2"
              }
            ],
            "ssl_certificate": [],
            "ssl_policy": [
              {
                "cipher_suites": [],
                "disabled_protocols": [],
                "min_protocol_version": "",
                "policy_name": "AppGwSslPolicy20150501",
                "policy_type": "Predefined"
              }
            ],
            "ssl_profile": [],
            "tags": {},
            "timeouts": null,
            "trusted_client_certificate": [],
            "trusted_root_certificate": [],
            "url_path_map": [],
            "waf_configuration": [],
            "zones": []
          },
          "sensitive_attributes": [],
          "private": "eyJlMmJmYjczMC1lY2FhLTExZTYtOGY4OC0zNDM2M2JjN2M0YzAiOnsiY3JlYXRlIjo1NDAwMDAwMDAwMDAwLCJkZWxldGUiOjU0MDAwMDAwMDAwMDAsInJlYWQiOjMwMDAwMDAwMDAwMCwidXBkYXRlIjo1NDAwMDAwMDAwMDAwfX0=",
          "dependencies": [
            "azurerm_public_ip.public_ipgateway",
            "azurerm_resource_group.rg",
            "azurerm_subnet.subnet_gateway",
            "azurerm_virtual_network.network"
          ]
        }
      ]
    },
    {
      "mode": "managed",
      "type": "azurerm_linux_virtual_machine",
      "name": "myterraformvm",
      "provider": "provider[\"registry.terraform.io/hashicorp/azurerm\"]",
      "instances": [
        {
          "schema_version": 0,
          "attributes": {
            "additional_capabilities": [],
            "admin_password": null,
            "admin_ssh_key": [
              {
                "public_key": "ssh-rsa AAAAB3NzaC1yc2EAAAADAQABAAABgQDAXuIAe8DVtQ+qHpbTnCMn5iP1u7WQEOLDE76PTRZ0lYc0TrWJvH+zWzpEbTK/fwzx5sw7yAlBnuR83cAOtm6y8Gk5yktOogsk71VnJ9cXKV7QWtX5o/nysqhliBWAW2jQmEMLHBf4DOFXcKpCdl0OBOtrPct976tnFXhM5n5WF0wrQ4dVikfWe57yg0BX+G+ZbNl7iDCHS8cAGEI2S0ziGOLjl0qJq+9jjCaj2bdVb5vtbz/ghplWtNKQvirxvfOC5H3XbX7aeH2sAlogeYbPs8DmFuz5Smq/+FLBZzqV7JhPMxBCpVFm6r+EzZDgiS2WB96Q3Jh0ItPz7wwJtgpLmSWeaBmWyPGAOh9MBal2RXgDIZ26EPOQTc9WX1377SaEMFSXgwq3e0mtFl5TYG+hzjujY9ik6nfjyLy1yNaPB7hq0z0cCijeJf0Nlm092Ukb1IJOndiS9LSZXjFJT+LRNz7hqyK/oj8nH4K2nx4DMH+Fj4JypSdsqmIk7aXLdYE= nomad@device",
                "username": "magento"
              }
            ],
            "admin_username": "magento",
            "allow_extension_operations": true,
            "availability_set_id": "",
            "boot_diagnostics": [
              {
                "storage_account_uri": "https://magentostoragequentin.blob.core.windows.net/"
              }
            ],
            "capacity_reservation_group_id": "",
            "computer_name": "magento",
            "custom_data": "H4sIAAAAAAAA/9xYW5OjOHR+76r5D2SS2k3KwVwMxvaWUwPGd3y/YPtlSoAMwiCwJMCQyn9P2e7u6Z6ZzVOetqsLjj59+nTO0QEk9xLMIGb8tkxhh4uziKEUECbE6Aa9vzgnybAHSNn9OhvP+sZiNzf19fHry73F7yGhKMEdTqqLX16+vPD8R9KXlzdtE9E0oYg9uIAx4AYxxOwv7owiiEEMu1/rdcGNkszjEUbsg8mDNK2XII6+/pDbEoDpGRK+j93EQ9jvcJqD2AfCIxYGb29KboLPyP/yMkMx/MXrf/3IeUmBewE+/J6lHmB3FZLBN5B2XjiO57CP8O1huUmcJhSSRyMGBAHP4d0IQcx+A/GSWJeeCmfKu0kcJ/jlJaOQvAp78Ayy6Dn0npYOd80gZgi/cBzH+STJUtrhaOYl/8mRJGEPmAYwijqc4CAsOIAGDzCNAMLf7xn4ngJKC6/DORF4/kty41+eIzMv6XB/6pbV/Xfdsv6Dmy+W+mZjmx3dsv58UmjwHWQsSAiqoPf9AsuHq88/nvsv/r3x4PKEAk7Xdd1ozCvQk0pX7t+bpr7SjTvsr0z9kI112DL3bFW7jlJni3szrKKllGn2qr+wzL7WXG7XJzE6uuKW2JN8VKvsKu0726lwLqqbSgut1CMDZ+tWw9UXLG6WreFFLS9skfj0okl7PGm7h+leW9nsoCYCLuk1iJBh67YcruL+zBoZZ8VcDA7uNO15kbgwFowsXdbWmgwPDsFMxao9EAuyUrw9upxtqGqlLxqH2rB2cuaRhszeaNNy9WF/LG/ECg0XVhiJ18m11g7DHghlx9s7as6cSvCDNLLZfLrKEbnl50VPHTUOzkEDcCRTPUp8eHSWtGXGg6xSN/FVqA0s41Rd99okWM5uRi/dD+ImqfWrk+mjjWwb7eaqMQnEMVtWWlFMmJ9a8caGwIjtcjnUF0F7ZoBIXh98c3ySm/3lYrV12/ZBamjaBvRng83BL64NKMZsEKnb47AWVGEWHtvo0sTnsLRKqZyDpaEFV7ES3R4K4eQszqNYbMu7iyONJwvsoU3b2pwO4WCyrVnreaUF13IqJGELj5SpjG+KORvVBqEyKdONR6/x+KKBg+Ud+10OJzHwvnkwRy78UOuUwTT4B1V6DxvH0zpZTGIhsLAzjHfGPDD61Mt3+nXvKK3+6hppC3j0DSVdCINB1lqMg2lyNnpGeZaidlL0bezYg9MkOPvFqobmp9CrSejEYrfpIi+8rsrU77u1ndIAuRv0997JC6eShbzxeMLEhZa0LNHX13MsLUNzYC0bcDeWD/OGbu0qo0HX1WG6nUirUdXaSEYZnO1DIecBXYL2uDHJ26Dfqk5Zz7gJ/nm/WpXCoKQXf9ra2+tRsIsah54/N2+7o5Gm2PB7PdMepceFV40E9ZCtF2vPn7mu6U+EeeD2/GMNkhxoZnQZR9Ua7W+xms2mrUveRyau6fa4AYbUv7GGBTa1G0CFElhWAnNlr7j2NrSD0xJONuOtCe1LY6RT42Ya9jC/NTSpWRY00OKLOUnD8pAUzfUh3RoXKJNtTJRDuxbsh0mqnMJrud3usu3Fc45RVCCwJTSb+ouJiqEc2am0lMZb0TVF2g7F4TwSVGUK5g1pNEDZaH/c7/VWOUzVhmyd12HAgnTmjVAWTBxaRNMtMSfrBpKQ625FgHaXLpcxFCEKGMzIt912bI03Oi9Pdqa2X38ofFICnPyTCj9bUdPxgspYsEkO2WZ9WI/nhnXC035luSyqTRrB4CDLXrIsJYOxoIU0oLjIv5artqTMxr53JEK6XAzOI+1oWEC1goG8Bu6t4a630nqZOPEQy+as78511w4LaUXa23XUGLmDqdpGGK6U7JKYTAlPvV25PkSoN5gFV8Nb7cRMasm7fD44i5bqWMa+ii52Ob8tE61tm+bw2NZGPbqyjuOVe12f6XEiHouJuiqHu5zt7Gk8WzREJ4iCcjWZxEOhuVpFeyFu0hka9VCf1bTVLVdxo+a21yM1oOsSlLiiljuPq/7cvFJiUuxfi2qqJLC10aTjdLrHjbaK85MyG5PW0mg6fWGP7DTfiE7Qq/S5edTDVv92kZeqvW6AsdhcJo61cHfhLW70pcliAISje1i1hocq3vnhMB3NKmY0r5tRbb4ZjbZXA4ZxTnPZXLXx8SrMLYlqlyasDTaFvbqw0/ygR/txvhvOyEGVZt7uxvYHBuf9ARTmvVAxms2jiuTZrLWfXKSI+nFrOd6FYmGGkSGeW9toN5jW8isKLdYSf1/4+mY/6omzlxeSYTf2nluee4FyIGUcwpSBKOJocmYFIJBPSZJCwhB82ypxf/zxSvc8HqSMJ/Cxq0xIyaUp6CTYIzAU0iDl+PKz+HMz9wODtzQhjFvq21H33+7XjpADIhRFIQQsjoQY+BCzRL4/cT8r+QR48JcZ3tznSy5Czi2O5Lc778H8blMafTCl153g7wTSIG3VpdfbW/CvrVscvZmxQxlB2H8nZuS9z/feLITZA+VD+kMlLun1nUsTkD4YNPFQFj9MllwgRhUk7/PSp0qFnlzHjQELfoQQXzxEuN9n8blV9jghSGL4hr6v5sNtfsEFjKW0IwgzfSiKaktTFVnqgLMGpYbTEpuKcpaBokgt7awozbOqOo7W9FRXUptOw/lWFEX9VfmeMEhcWHeTWEhJ4mUuo4KXFDhKgEeF+6FDmD25fK/Py3WlrtQZIHWnkn9ExADh+N7fhCRw/C0/f47o/9a8x/9J6sdMZ4Q9LgeE8yGGBDDocTnEXkK4NHMEygBD7sOMoYcAB9JUgMzleFamkDtzPLxBl3ODOPE4v1Zw//0/XO3/Sdz7WZz+pO4GSYE5fs0VRcF7gIHOm/E52o8j7lJZ7cbdv2avqft9ht6S/V4q90f7wyiOQpalnfcnJ89zjucdQCGfkah7L6iOIESJC6IgoeyHHs97Dn+Huq8Q/3ZQo5DkkNRfm/V7IHe9Oqgy8iio59jHmfWV9P2N9Oy6H+feZL/9Xv5JfHy0E+J1P321OZ4HXowwf0aEssc8j/Y7HoHfwjAGKHpi3x7XV2efvQ+nPg94n/7RlOQGx/MRwH4GfNiF+Ptuw/H3VwqB2C27u43J8TxDMawSDLt6DAlygdALkAv8hOPvM/AEFgQxSLsSx/MUAuIGPLwflmEX3t1G7hPUOJ7/BDzXQhLrSl2sK7/03t/V3bYsir/0IOzBG58SeEa37ofl/cy6u51krCupv3TdE/O6mM+S+mXuv1ulzzSIgRNB/r6P6ko//xDC819e/jcAAP//T6mBSWcRAAA=",
            "dedicated_host_group_id": "",
            "dedicated_host_id": "",
            "disable_password_authentication": true,
            "edge_zone": "",
            "encryption_at_host_enabled": false,
            "eviction_policy": "",
            "extensions_time_budget": "PT1H30M",
            "id": "/subscriptions/a1f74e2d-ec58-4f9a-a112-088e3469febb/resourceGroups/brief4_QB/providers/Microsoft.Compute/virtualMachines/vm_app",
            "identity": [],
            "license_type": "",
            "location": "eastus2",
            "max_bid_price": -1,
            "name": "vm_app",
            "network_interface_ids": [
              "/subscriptions/a1f74e2d-ec58-4f9a-a112-088e3469febb/resourceGroups/brief4_QB/providers/Microsoft.Network/networkInterfaces/nic_app",
              "/subscriptions/a1f74e2d-ec58-4f9a-a112-088e3469febb/resourceGroups/brief4_QB/providers/Microsoft.Network/networkInterfaces/nic_app_bastion"
            ],
            "os_disk": [
              {
                "caching": "ReadWrite",
                "diff_disk_settings": [],
                "disk_encryption_set_id": "",
                "disk_size_gb": 30,
                "name": "myOsDisk",
                "secure_vm_disk_encryption_set_id": "",
                "security_encryption_type": "",
                "storage_account_type": "Premium_LRS",
                "write_accelerator_enabled": false
              }
            ],
            "patch_mode": "ImageDefault",
            "plan": [],
            "platform_fault_domain": -1,
            "priority": "Regular",
            "private_ip_address": "10.2.0.19",
            "private_ip_addresses": [
              "10.2.0.19",
              "10.7.0.29"
            ],
            "provision_vm_agent": true,
            "proximity_placement_group_id": "",
            "public_ip_address": "",
            "public_ip_addresses": [],
            "resource_group_name": "brief4_QB",
            "secret": [],
            "secure_boot_enabled": false,
            "size": "Standard_DS1_v2",
            "source_image_id": "",
            "source_image_reference": [
              {
                "offer": "UbuntuServer",
                "publisher": "Canonical",
                "sku": "18.04-LTS",
                "version": "latest"
              }
            ],
            "tags": {},
            "termination_notification": [],
            "timeouts": null,
            "user_data": "",
            "virtual_machine_id": "89991405-40ec-41e2-9bcc-6757fc8d3070",
            "virtual_machine_scale_set_id": "",
            "vtpm_enabled": false,
            "zone": ""
          },
          "sensitive_attributes": [],
          "private": "eyJlMmJmYjczMC1lY2FhLTExZTYtOGY4OC0zNDM2M2JjN2M0YzAiOnsiY3JlYXRlIjoyNzAwMDAwMDAwMDAwLCJkZWxldGUiOjI3MDAwMDAwMDAwMDAsInJlYWQiOjMwMDAwMDAwMDAwMCwidXBkYXRlIjoyNzAwMDAwMDAwMDAwfX0=",
          "dependencies": [
            "azurerm_network_interface.nic_app",
            "azurerm_network_interface.nic_app_bastion",
            "azurerm_resource_group.rg",
            "azurerm_ssh_public_key.ssh_nomad",
            "azurerm_storage_account.magento-storage",
            "azurerm_subnet.subnet_app",
            "azurerm_subnet.subnet_bastion_app",
            "azurerm_subnet.subnet_bdd",
            "azurerm_virtual_network.network",
            "data.template_cloudinit_config.configapp",
            "data.template_file.scriptapp"
          ]
        }
      ]
    },
    {
      "mode": "managed",
      "type": "azurerm_linux_virtual_machine",
      "name": "vmelasticsrh",
      "provider": "provider[\"registry.terraform.io/hashicorp/azurerm\"]",
      "instances": [
        {
          "schema_version": 0,
          "attributes": {
            "additional_capabilities": [],
            "admin_password": null,
            "admin_ssh_key": [
              {
                "public_key": "ssh-rsa AAAAB3NzaC1yc2EAAAADAQABAAABgQDAXuIAe8DVtQ+qHpbTnCMn5iP1u7WQEOLDE76PTRZ0lYc0TrWJvH+zWzpEbTK/fwzx5sw7yAlBnuR83cAOtm6y8Gk5yktOogsk71VnJ9cXKV7QWtX5o/nysqhliBWAW2jQmEMLHBf4DOFXcKpCdl0OBOtrPct976tnFXhM5n5WF0wrQ4dVikfWe57yg0BX+G+ZbNl7iDCHS8cAGEI2S0ziGOLjl0qJq+9jjCaj2bdVb5vtbz/ghplWtNKQvirxvfOC5H3XbX7aeH2sAlogeYbPs8DmFuz5Smq/+FLBZzqV7JhPMxBCpVFm6r+EzZDgiS2WB96Q3Jh0ItPz7wwJtgpLmSWeaBmWyPGAOh9MBal2RXgDIZ26EPOQTc9WX1377SaEMFSXgwq3e0mtFl5TYG+hzjujY9ik6nfjyLy1yNaPB7hq0z0cCijeJf0Nlm092Ukb1IJOndiS9LSZXjFJT+LRNz7hqyK/oj8nH4K2nx4DMH+Fj4JypSdsqmIk7aXLdYE= nomad@device",
                "username": "elastic"
              }
            ],
            "admin_username": "elastic",
            "allow_extension_operations": true,
            "availability_set_id": "",
            "boot_diagnostics": [],
            "capacity_reservation_group_id": "",
            "computer_name": "elastic",
            "custom_data": "H4sIAAAAAAAA/9xYa4+qyNb+brL/A2+/ycw58SDgDXWyTwbEGyKKN9DpSaeAEgqLAqlChZwff6J27909ey5nf53uRKnFU89aq2oteMp+QhgkjF8XKexxcY4ZSkHGhBhdof8T5yY58UFWfH6aTWYDdb4xNWW5e6rcRvwWZhQlpMdJNfFT5VOF59+DPlXeuDVE04QidscCxoAXxpCwn7gDwpCAGH5+qtUEDye5zyOC2LtLHmJAGfJqBYjx01fKdQYIPcCMHxAv8REJepzsIvYOcM+Hwesbm5eQAwo+VWYoht9E/v/vMZUUeEcQwJc89QG7sWQ5fDPSXoXjeA6kjGe3GNIkY3zIWEorlZzC7PW+Dw8gx+x+fcuwx51ySBgiFY7juCBL8pT2OJr7yb+4LEnY3UxDiHGPE1xEBBfQ8G5MMUDk5ZbISwoovfg9zsXAxUCqN/7vMS33kx73o2IYn/+hGMY/OXO+UFYrW+sphvHjA0LDF5CzMMlQCf2XIyzucT7+eO7f/JfBHctnFHCKoihqwyxBXyq8+uA21BRLUW/mwNIUJ58osKNtmVU9jVN3Tfoz0kILKZdtazA3tIHcXqyXexHvPHGd2fp5XC3tMh2466lwuJTXFr3IhYJVki87DU+Zs7hddEbHVnFk8ySgR1naEr3rOdOtbNnMaSUCKegpxEi1FbseWfFgZozVQ1ObDx1vmvZ9LM7VOcsWHuvKbUaGTjhrkZY9FC+Z1fS36HiwYUsuAlF1qqPq3jWxjLT+eNXxlNFgUl+JJRrNjQiLJ/1U7UZRH0R119+6rTNzSyEIU2wzc2qdUXY9H+b91rjhuI4M4LhOFZwEcOcuaEeLh3nZWsUnoTo01H152sp6uJhd1X66HcbtrDoo91qAVnVb7bathh6KE7Yo5ctFZ0FqxCsbAjW2i8VImYfdmQpwfekE2mRfbw8Wc2vtdW1HasjyCgxmw5UTXE4NKMZsiFvr3agallEe7bro2CaHqDAKqTDBQpXDk1iKXh9FUD+IJo7Fbn1zdKWJPic+WnWN1d6Jhvq6aizNUg5PxVRIog4ZN6d1cm1qs3F1GDX1Il359BRPjjJwDH83+MyRJAb+zz48Iw++K3TKYBr+Xcq8T9TdfpnM9VgIDeKO4o1qhuqA+ueNctq6zc7AOmF5DneB2kznwnCYd+aTcJoc1L5aHCTcTS4Dm7j2cK+Hh+BiVZG5j/yqhPYs9toe8qOTVaTBwKtumg1w9sLB1t/70VQykD+Z6Eycy0nHEANlaRJpEWlDY9GAm0ndMRuKsSnVBl2WznStS9a47KwktQgPtnOpn0O6AN1JQz93waBT7vO+ehWCw9ayCmFY0GMw7Wzt5Tjc4IbTD0ztutmpaUrUoN/X7HG6m/vlWGg5+XK+9IOZ52mBLpih1w92VZidgazh4wSXS7S9xq18Nu0czwOkkapiTxpgRIMraxhgVb0CdGmGhpHAc3Pb9Ox1ZIf7BdRXk7UG7WNjrFD1qqn26HxtyFK7uNBQjo+ankaFk1zaSyddq0dYz9Zx1nS61XA7StLmPjoV6/UmXx99d4fxBYF1RvNpMNdbBNaxnUoLabIWPU2k3UgcmVhoNafAbEjjIcrH2912q3SKUdpq1I3DMgpZmM78McpD3aUXPF1nmr5sIAl53loEaHP8zOUMYUQBg3n282Y9MSYrha/rG03eLt9VfVYAkvxtqj63qOb6YanOmX6GbLV0lhNTNfZkOigNj+Gq3giHTr3uJ4tCUhkLO0gGTQ8Fp8LqSs3ZJPB3mZAu5sPDWN6pBmgZ4bC+BN614S3X0nKRuPGI1LXZwDMVz44ukpV110vcGHvDaauLCLSa+THRWDPa9zfF0sGoP5yFJ9W3NmIudeqbszk8iEbLNdRtiY92YV4Xidy1NW2068rjPrWM3cTyTssD3eni7qK3rGK0ObONPY1n84bohjgsLF2PR0LbsvBWiNt0hsZ9NGBV2bqeW6RR9brLcSukywIUpKSGZ8blwNRONNMoCU6XctpMYGclS7vpdEsa3RY575uzSdZZqG13IGyRnZ5Xohv2S8XUdkrUGVyP9UXLXjbARGwvEteYe5voGjcGkj4fAmHnOVZn5JTxJohG6XhWMrV9Wo2r5mo8Xp9UGMVneq5rVpfsToJpSFQ+tmF1uLrY1pHtTUfB28l5M5plTkua+Zsr2zoMmoMhFMx+1FTb7V0L1WezzlY/SpgGcWcx2UTiRYuwKh46a7wZTqvnE4oM1hF/v+qV1XbcF2eVyiVDDL7c1Nur3EkBC3ucECYxFF4V29s3hSDzwloR43sZeg991uOePJxTBrPao3/iggdpipEHbjLxmZDEh6+3bpe89ExuTmo+YKDHCWeQCRi5H528QnAS0DdIEvwWQiC7JNmxFiaU9ThJrDVrYq35TK43gVej0MszxIoaJMDF0H+Iv9+5myUY30TsXwBvyrBGKe49E477Aj0ATOHNcutVlmSw9lhAD2aMCvc5qVR/Jt/QfZGc33I+3HPcGWbo8LqML3Hiwwftw/bHTr8y3z1zNz7K/hL3tok3rY4AfonBbfhy2zLa4355fnrdvKdfn8k9r8eyi7X7/zN5qlQqWU682H8U0iWAjONPc47n7qK6JwjgFjzwGK29nQW8RBgtRvx0sOM/bC73n/vjkgvSgON5H4IsTjKOTzghp5lAQ5BB4QiLDJGAfiwL/tVcC9LgHgf0woR78qHL/UJRQKDPu8Xn76L59c8TeDtOCJ3aVQAp4yi7bSQXA0Se3hJhEHICZN4NINAkzzxIaxhRVvPfHPOd2vVuuod9n3U7m9yW8XF8+WDnEKEMYMx9XDe++Iry0ofLD4hvm/k3ze4C75inL4/hh5Z/pc3i/4n2Yxx//jz5XsIwuZD7+7j3MfvvpYkTn2u3xe+cd3/x04IyGHsMcz6AcUL4DOIE+H+IenT3x92qUZh9kdz3SV/xlIGM/Qnc89/3wsfYXUS4H354MNZ+U9f3ky13+wS+z8UggIQlHJ++qpVXwcLxGUfzFGY3YKVS+eYnAZ7/VPlvAAAA///HK2lMcRAAAA==",
            "dedicated_host_group_id": "",
            "dedicated_host_id": "",
            "disable_password_authentication": true,
            "edge_zone": "",
            "encryption_at_host_enabled": false,
            "eviction_policy": "",
            "extensions_time_budget": "PT1H30M",
            "id": "/subscriptions/a1f74e2d-ec58-4f9a-a112-088e3469febb/resourceGroups/brief4_QB/providers/Microsoft.Compute/virtualMachines/vm_elasticsrh",
            "identity": [],
            "license_type": "",
            "location": "eastus2",
            "max_bid_price": -1,
            "name": "vm_elasticsrh",
            "network_interface_ids": [
              "/subscriptions/a1f74e2d-ec58-4f9a-a112-088e3469febb/resourceGroups/brief4_QB/providers/Microsoft.Network/networkInterfaces/nic_elasticsrh"
            ],
            "os_disk": [
              {
                "caching": "ReadWrite",
                "diff_disk_settings": [],
                "disk_encryption_set_id": "",
                "disk_size_gb": 30,
                "name": "myOsDiskelastic",
                "secure_vm_disk_encryption_set_id": "",
                "security_encryption_type": "",
                "storage_account_type": "Premium_LRS",
                "write_accelerator_enabled": false
              }
            ],
            "patch_mode": "ImageDefault",
            "plan": [],
            "platform_fault_domain": -1,
            "priority": "Regular",
            "private_ip_address": "10.4.0.4",
            "private_ip_addresses": [
              "10.4.0.4"
            ],
            "provision_vm_agent": true,
            "proximity_placement_group_id": "",
            "public_ip_address": "20.7.18.80",
            "public_ip_addresses": [
              "20.7.18.80"
            ],
            "resource_group_name": "brief4_QB",
            "secret": [],
            "secure_boot_enabled": false,
            "size": "Standard_DS1_v2",
            "source_image_id": "",
            "source_image_reference": [
              {
                "offer": "UbuntuServer",
                "publisher": "Canonical",
                "sku": "18.04-LTS",
                "version": "latest"
              }
            ],
            "tags": {},
            "termination_notification": [],
            "timeouts": null,
            "user_data": "",
            "virtual_machine_id": "a989c8c8-f7de-4c63-bde1-4e46d4af3cf4",
            "virtual_machine_scale_set_id": "",
            "vtpm_enabled": false,
            "zone": ""
          },
          "sensitive_attributes": [],
          "private": "eyJlMmJmYjczMC1lY2FhLTExZTYtOGY4OC0zNDM2M2JjN2M0YzAiOnsiY3JlYXRlIjoyNzAwMDAwMDAwMDAwLCJkZWxldGUiOjI3MDAwMDAwMDAwMDAsInJlYWQiOjMwMDAwMDAwMDAwMCwidXBkYXRlIjoyNzAwMDAwMDAwMDAwfX0=",
          "dependencies": [
            "azurerm_network_interface.nic_elasticsrh",
            "azurerm_public_ip.public_ipelastic",
            "azurerm_resource_group.rg",
            "azurerm_ssh_public_key.ssh_nomad",
            "azurerm_subnet.subnet_elastic",
            "azurerm_virtual_network.network",
            "data.template_cloudinit_config.configelastic",
            "data.template_file.scriptelastic"
          ]
        }
      ]
    },
    {
      "mode": "managed",
      "type": "azurerm_mariadb_database",
      "name": "db_magento",
      "provider": "provider[\"registry.terraform.io/hashicorp/azurerm\"]",
      "instances": [
        {
          "schema_version": 0,
          "attributes": {
            "charset": "utf8",
            "collation": "utf8_general_ci",
            "id": "/subscriptions/a1f74e2d-ec58-4f9a-a112-088e3469febb/resourceGroups/brief4_QB/providers/Microsoft.DBforMariaDB/servers/magento-mariadb-server/databases/mariadb_database",
            "name": "mariadb_database",
            "resource_group_name": "brief4_QB",
            "server_name": "magento-mariadb-server",
            "timeouts": null
          },
          "sensitive_attributes": [],
          "private": "eyJlMmJmYjczMC1lY2FhLTExZTYtOGY4OC0zNDM2M2JjN2M0YzAiOnsiY3JlYXRlIjozNjAwMDAwMDAwMDAwLCJkZWxldGUiOjM2MDAwMDAwMDAwMDAsInJlYWQiOjMwMDAwMDAwMDAwMCwidXBkYXRlIjozNjAwMDAwMDAwMDAwfX0=",
          "dependencies": [
            "azurerm_mariadb_server.server_magento",
            "azurerm_resource_group.rg"
          ]
        }
      ]
    },
    {
      "mode": "managed",
      "type": "azurerm_mariadb_firewall_rule",
      "name": "mdbrule",
      "provider": "provider[\"registry.terraform.io/hashicorp/azurerm\"]",
      "instances": [
        {
          "schema_version": 0,
          "attributes": {
            "end_ip_address": "20.7.20.118",
            "id": "/subscriptions/a1f74e2d-ec58-4f9a-a112-088e3469febb/resourceGroups/brief4_QB/providers/Microsoft.DBforMariaDB/servers/magento-mariadb-server/firewallRules/rule_magento_db",
            "name": "rule_magento_db",
            "resource_group_name": "brief4_QB",
            "server_name": "magento-mariadb-server",
            "start_ip_address": "20.7.20.118",
            "timeouts": null
          },
          "sensitive_attributes": [],
          "private": "eyJlMmJmYjczMC1lY2FhLTExZTYtOGY4OC0zNDM2M2JjN2M0YzAiOnsiY3JlYXRlIjoxODAwMDAwMDAwMDAwLCJkZWxldGUiOjE4MDAwMDAwMDAwMDAsInJlYWQiOjMwMDAwMDAwMDAwMCwidXBkYXRlIjoxODAwMDAwMDAwMDAwfX0=",
          "dependencies": [
            "azurerm_mariadb_server.server_magento",
            "azurerm_public_ip.public_ipapp",
            "azurerm_resource_group.rg"
          ]
        }
      ]
    },
    {
      "mode": "managed",
      "type": "azurerm_mariadb_server",
      "name": "server_magento",
      "provider": "provider[\"registry.terraform.io/hashicorp/azurerm\"]",
      "instances": [
        {
          "schema_version": 0,
          "attributes": {
            "administrator_login": "magento",
            "administrator_login_password": "blablabla123!",
            "auto_grow_enabled": true,
            "backup_retention_days": 14,
            "create_mode": "Default",
            "creation_source_server_id": null,
            "fqdn": "magento-mariadb-server.mariadb.database.azure.com",
            "geo_redundant_backup_enabled": false,
            "id": "/subscriptions/a1f74e2d-ec58-4f9a-a112-088e3469febb/resourceGroups/brief4_QB/providers/Microsoft.DBforMariaDB/servers/magento-mariadb-server",
            "location": "eastus2",
            "name": "magento-mariadb-server",
            "public_network_access_enabled": true,
            "resource_group_name": "brief4_QB",
            "restore_point_in_time": null,
            "sku_name": "B_Gen5_2",
            "ssl_enforcement_enabled": false,
            "storage_mb": 5120,
            "tags": {},
            "timeouts": null,
            "version": "10.2"
          },
          "sensitive_attributes": [],
          "private": "eyJlMmJmYjczMC1lY2FhLTExZTYtOGY4OC0zNDM2M2JjN2M0YzAiOnsiY3JlYXRlIjo1NDAwMDAwMDAwMDAwLCJkZWxldGUiOjM2MDAwMDAwMDAwMDAsInJlYWQiOjMwMDAwMDAwMDAwMCwidXBkYXRlIjozNjAwMDAwMDAwMDAwfX0=",
          "dependencies": [
            "azurerm_resource_group.rg"
          ]
        }
      ]
    },
    {
      "mode": "managed",
      "type": "azurerm_network_interface",
      "name": "nic_app",
      "provider": "provider[\"registry.terraform.io/hashicorp/azurerm\"]",
      "instances": [
        {
          "schema_version": 0,
          "attributes": {
            "applied_dns_servers": [],
            "dns_servers": [],
            "edge_zone": "",
            "enable_accelerated_networking": false,
            "enable_ip_forwarding": false,
            "id": "/subscriptions/a1f74e2d-ec58-4f9a-a112-088e3469febb/resourceGroups/brief4_QB/providers/Microsoft.Network/networkInterfaces/nic_app",
            "internal_dns_name_label": "",
            "internal_domain_name_suffix": "qtcqji0oa1oubgfnxyxzputa0f.cx.internal.cloudapp.net",
            "ip_configuration": [
              {
                "gateway_load_balancer_frontend_ip_configuration_id": "",
                "name": "nic_app_config",
                "primary": true,
                "private_ip_address": "10.2.0.19",
                "private_ip_address_allocation": "Static",
                "private_ip_address_version": "IPv4",
                "public_ip_address_id": "",
                "subnet_id": "/subscriptions/a1f74e2d-ec58-4f9a-a112-088e3469febb/resourceGroups/brief4_QB/providers/Microsoft.Network/virtualNetworks/network/subnets/subnet_app"
              }
            ],
            "location": "eastus2",
            "mac_address": "60-45-BD-7E-F5-AC",
            "name": "nic_app",
            "private_ip_address": "10.2.0.19",
            "private_ip_addresses": [
              "10.2.0.19"
            ],
            "resource_group_name": "brief4_QB",
            "tags": {},
            "timeouts": null,
            "virtual_machine_id": "/subscriptions/a1f74e2d-ec58-4f9a-a112-088e3469febb/resourceGroups/brief4_QB/providers/Microsoft.Compute/virtualMachines/vm_app"
          },
          "sensitive_attributes": [],
          "private": "eyJlMmJmYjczMC1lY2FhLTExZTYtOGY4OC0zNDM2M2JjN2M0YzAiOnsiY3JlYXRlIjoxODAwMDAwMDAwMDAwLCJkZWxldGUiOjE4MDAwMDAwMDAwMDAsInJlYWQiOjMwMDAwMDAwMDAwMCwidXBkYXRlIjoxODAwMDAwMDAwMDAwfX0=",
          "dependencies": [
            "azurerm_resource_group.rg",
            "azurerm_subnet.subnet_app",
            "azurerm_virtual_network.network"
          ]
        }
      ]
    },
    {
      "mode": "managed",
      "type": "azurerm_network_interface",
      "name": "nic_app_bastion",
      "provider": "provider[\"registry.terraform.io/hashicorp/azurerm\"]",
      "instances": [
        {
          "schema_version": 0,
          "attributes": {
            "applied_dns_servers": [],
            "dns_servers": [],
            "edge_zone": "",
            "enable_accelerated_networking": false,
            "enable_ip_forwarding": false,
            "id": "/subscriptions/a1f74e2d-ec58-4f9a-a112-088e3469febb/resourceGroups/brief4_QB/providers/Microsoft.Network/networkInterfaces/nic_app_bastion",
            "internal_dns_name_label": "",
            "internal_domain_name_suffix": "qtcqji0oa1oubgfnxyxzputa0f.cx.internal.cloudapp.net",
            "ip_configuration": [
              {
                "gateway_load_balancer_frontend_ip_configuration_id": "",
                "name": "nic_app_config_app_bastion",
                "primary": true,
                "private_ip_address": "10.7.0.29",
                "private_ip_address_allocation": "Static",
                "private_ip_address_version": "IPv4",
                "public_ip_address_id": "",
                "subnet_id": "/subscriptions/a1f74e2d-ec58-4f9a-a112-088e3469febb/resourceGroups/brief4_QB/providers/Microsoft.Network/virtualNetworks/network/subnets/subnet_bastion_app"
              }
            ],
            "location": "eastus2",
            "mac_address": "60-45-BD-7E-F7-44",
            "name": "nic_app_bastion",
            "private_ip_address": "10.7.0.29",
            "private_ip_addresses": [
              "10.7.0.29"
            ],
            "resource_group_name": "brief4_QB",
            "tags": {},
            "timeouts": null,
            "virtual_machine_id": "/subscriptions/a1f74e2d-ec58-4f9a-a112-088e3469febb/resourceGroups/brief4_QB/providers/Microsoft.Compute/virtualMachines/vm_app"
          },
          "sensitive_attributes": [],
          "private": "eyJlMmJmYjczMC1lY2FhLTExZTYtOGY4OC0zNDM2M2JjN2M0YzAiOnsiY3JlYXRlIjoxODAwMDAwMDAwMDAwLCJkZWxldGUiOjE4MDAwMDAwMDAwMDAsInJlYWQiOjMwMDAwMDAwMDAwMCwidXBkYXRlIjoxODAwMDAwMDAwMDAwfX0=",
          "dependencies": [
            "azurerm_resource_group.rg",
            "azurerm_subnet.subnet_bastion_app",
            "azurerm_virtual_network.network"
          ]
        }
      ]
    },
    {
      "mode": "managed",
      "type": "azurerm_network_interface",
      "name": "nic_bastion",
      "provider": "provider[\"registry.terraform.io/hashicorp/azurerm\"]",
      "instances": [
        {
          "schema_version": 0,
          "attributes": {
            "applied_dns_servers": [],
            "dns_servers": [],
            "edge_zone": "",
            "enable_accelerated_networking": false,
            "enable_ip_forwarding": false,
            "id": "/subscriptions/a1f74e2d-ec58-4f9a-a112-088e3469febb/resourceGroups/brief4_QB/providers/Microsoft.Network/networkInterfaces/nic_bastion",
            "internal_dns_name_label": "",
            "internal_domain_name_suffix": "qtcqji0oa1oubgfnxyxzputa0f.cx.internal.cloudapp.net",
            "ip_configuration": [
              {
                "gateway_load_balancer_frontend_ip_configuration_id": "",
                "name": "nic_bastion_config",
                "primary": true,
                "private_ip_address": "10.6.0.19",
                "private_ip_address_allocation": "Static",
                "private_ip_address_version": "IPv4",
                "public_ip_address_id": "/subscriptions/a1f74e2d-ec58-4f9a-a112-088e3469febb/resourceGroups/brief4_QB/providers/Microsoft.Network/publicIPAddresses/ip_app",
                "subnet_id": "/subscriptions/a1f74e2d-ec58-4f9a-a112-088e3469febb/resourceGroups/brief4_QB/providers/Microsoft.Network/virtualNetworks/network/subnets/subnet_bastion"
              }
            ],
            "location": "eastus2",
            "mac_address": "",
            "name": "nic_bastion",
            "private_ip_address": "10.6.0.19",
            "private_ip_addresses": [
              "10.6.0.19"
            ],
            "resource_group_name": "brief4_QB",
            "tags": {},
            "timeouts": null,
            "virtual_machine_id": ""
          },
          "sensitive_attributes": [],
          "private": "eyJlMmJmYjczMC1lY2FhLTExZTYtOGY4OC0zNDM2M2JjN2M0YzAiOnsiY3JlYXRlIjoxODAwMDAwMDAwMDAwLCJkZWxldGUiOjE4MDAwMDAwMDAwMDAsInJlYWQiOjMwMDAwMDAwMDAwMCwidXBkYXRlIjoxODAwMDAwMDAwMDAwfX0=",
          "dependencies": [
            "azurerm_public_ip.public_ipapp",
            "azurerm_resource_group.rg",
            "azurerm_subnet.subnet_bastion",
            "azurerm_virtual_network.network"
          ]
        }
      ]
    },
    {
      "mode": "managed",
      "type": "azurerm_network_interface",
      "name": "nic_bastion_app",
      "provider": "provider[\"registry.terraform.io/hashicorp/azurerm\"]",
      "instances": [
        {
          "schema_version": 0,
          "attributes": {
            "applied_dns_servers": [],
            "dns_servers": [],
            "edge_zone": "",
            "enable_accelerated_networking": false,
            "enable_ip_forwarding": false,
            "id": "/subscriptions/a1f74e2d-ec58-4f9a-a112-088e3469febb/resourceGroups/brief4_QB/providers/Microsoft.Network/networkInterfaces/nic_bastion_app",
            "internal_dns_name_label": "",
            "internal_domain_name_suffix": "qtcqji0oa1oubgfnxyxzputa0f.cx.internal.cloudapp.net",
            "ip_configuration": [
              {
                "gateway_load_balancer_frontend_ip_configuration_id": "",
                "name": "nic_app_config_bastion_app",
                "primary": true,
                "private_ip_address": "10.7.0.19",
                "private_ip_address_allocation": "Static",
                "private_ip_address_version": "IPv4",
                "public_ip_address_id": "",
                "subnet_id": "/subscriptions/a1f74e2d-ec58-4f9a-a112-088e3469febb/resourceGroups/brief4_QB/providers/Microsoft.Network/virtualNetworks/network/subnets/subnet_bastion_app"
              }
            ],
            "location": "eastus2",
            "mac_address": "",
            "name": "nic_bastion_app",
            "private_ip_address": "10.7.0.19",
            "private_ip_addresses": [
              "10.7.0.19"
            ],
            "resource_group_name": "brief4_QB",
            "tags": {},
            "timeouts": null,
            "virtual_machine_id": ""
          },
          "sensitive_attributes": [],
          "private": "eyJlMmJmYjczMC1lY2FhLTExZTYtOGY4OC0zNDM2M2JjN2M0YzAiOnsiY3JlYXRlIjoxODAwMDAwMDAwMDAwLCJkZWxldGUiOjE4MDAwMDAwMDAwMDAsInJlYWQiOjMwMDAwMDAwMDAwMCwidXBkYXRlIjoxODAwMDAwMDAwMDAwfX0=",
          "dependencies": [
            "azurerm_resource_group.rg",
            "azurerm_subnet.subnet_bastion_app",
            "azurerm_virtual_network.network"
          ]
        }
      ]
    },
    {
      "mode": "managed",
      "type": "azurerm_network_interface",
      "name": "nic_elasticsrh",
      "provider": "provider[\"registry.terraform.io/hashicorp/azurerm\"]",
      "instances": [
        {
          "schema_version": 0,
          "attributes": {
            "applied_dns_servers": [],
            "dns_servers": [],
            "edge_zone": "",
            "enable_accelerated_networking": false,
            "enable_ip_forwarding": false,
            "id": "/subscriptions/a1f74e2d-ec58-4f9a-a112-088e3469febb/resourceGroups/brief4_QB/providers/Microsoft.Network/networkInterfaces/nic_elasticsrh",
            "internal_dns_name_label": "",
            "internal_domain_name_suffix": "qtcqji0oa1oubgfnxyxzputa0f.cx.internal.cloudapp.net",
            "ip_configuration": [
              {
                "gateway_load_balancer_frontend_ip_configuration_id": "",
                "name": "nic_elastic_config",
                "primary": true,
                "private_ip_address": "10.4.0.4",
                "private_ip_address_allocation": "Dynamic",
                "private_ip_address_version": "IPv4",
                "public_ip_address_id": "/subscriptions/a1f74e2d-ec58-4f9a-a112-088e3469febb/resourceGroups/brief4_QB/providers/Microsoft.Network/publicIPAddresses/ip_elastic",
                "subnet_id": "/subscriptions/a1f74e2d-ec58-4f9a-a112-088e3469febb/resourceGroups/brief4_QB/providers/Microsoft.Network/virtualNetworks/network/subnets/subnet_elastic"
              }
            ],
            "location": "eastus2",
            "mac_address": "60-45-BD-7E-BC-BA",
            "name": "nic_elasticsrh",
            "private_ip_address": "10.4.0.4",
            "private_ip_addresses": [
              "10.4.0.4"
            ],
            "resource_group_name": "brief4_QB",
            "tags": {},
            "timeouts": null,
            "virtual_machine_id": "/subscriptions/a1f74e2d-ec58-4f9a-a112-088e3469febb/resourceGroups/brief4_QB/providers/Microsoft.Compute/virtualMachines/vm_elasticsrh"
          },
          "sensitive_attributes": [],
          "private": "eyJlMmJmYjczMC1lY2FhLTExZTYtOGY4OC0zNDM2M2JjN2M0YzAiOnsiY3JlYXRlIjoxODAwMDAwMDAwMDAwLCJkZWxldGUiOjE4MDAwMDAwMDAwMDAsInJlYWQiOjMwMDAwMDAwMDAwMCwidXBkYXRlIjoxODAwMDAwMDAwMDAwfX0=",
          "dependencies": [
            "azurerm_public_ip.public_ipelastic",
            "azurerm_resource_group.rg",
            "azurerm_subnet.subnet_elastic",
            "azurerm_virtual_network.network"
          ]
        }
      ]
    },
    {
      "mode": "managed",
      "type": "azurerm_network_interface_application_gateway_backend_address_pool_association",
      "name": "poolbackend",
      "provider": "provider[\"registry.terraform.io/hashicorp/azurerm\"]",
      "instances": [
        {
          "schema_version": 0,
          "attributes": {
            "backend_address_pool_id": "/subscriptions/a1f74e2d-ec58-4f9a-a112-088e3469febb/resourceGroups/brief4_QB/providers/Microsoft.Network/applicationGateways/example-appgateway/backendAddressPools/network-beap",
            "id": "/subscriptions/a1f74e2d-ec58-4f9a-a112-088e3469febb/resourceGroups/brief4_QB/providers/Microsoft.Network/networkInterfaces/nic_app/ipConfigurations/nic_app_config|/subscriptions/a1f74e2d-ec58-4f9a-a112-088e3469febb/resourceGroups/brief4_QB/providers/Microsoft.Network/applicationGateways/example-appgateway/backendAddressPools/network-beap",
            "ip_configuration_name": "nic_app_config",
            "network_interface_id": "/subscriptions/a1f74e2d-ec58-4f9a-a112-088e3469febb/resourceGroups/brief4_QB/providers/Microsoft.Network/networkInterfaces/nic_app",
            "timeouts": null
          },
          "sensitive_attributes": [],
          "private": "eyJlMmJmYjczMC1lY2FhLTExZTYtOGY4OC0zNDM2M2JjN2M0YzAiOnsiY3JlYXRlIjoxODAwMDAwMDAwMDAwLCJkZWxldGUiOjE4MDAwMDAwMDAwMDAsInJlYWQiOjMwMDAwMDAwMDAwMCwidXBkYXRlIjoxODAwMDAwMDAwMDAwfX0=",
          "dependencies": [
            "azurerm_application_gateway.network_gateway",
            "azurerm_network_interface.nic_app",
            "azurerm_public_ip.public_ipgateway",
            "azurerm_resource_group.rg",
            "azurerm_subnet.subnet_app",
            "azurerm_subnet.subnet_gateway",
            "azurerm_virtual_network.network"
          ]
        }
      ]
    },
    {
      "mode": "managed",
      "type": "azurerm_network_interface_security_group_association",
      "name": "example",
      "provider": "provider[\"registry.terraform.io/hashicorp/azurerm\"]",
      "instances": [
        {
          "schema_version": 0,
          "attributes": {
            "id": "/subscriptions/a1f74e2d-ec58-4f9a-a112-088e3469febb/resourceGroups/brief4_QB/providers/Microsoft.Network/networkInterfaces/nic_bastion|/subscriptions/a1f74e2d-ec58-4f9a-a112-088e3469febb/resourceGroups/brief4_QB/providers/Microsoft.Network/networkSecurityGroups/myNetworkSecurityGroup",
            "network_interface_id": "/subscriptions/a1f74e2d-ec58-4f9a-a112-088e3469febb/resourceGroups/brief4_QB/providers/Microsoft.Network/networkInterfaces/nic_bastion",
            "network_security_group_id": "/subscriptions/a1f74e2d-ec58-4f9a-a112-088e3469febb/resourceGroups/brief4_QB/providers/Microsoft.Network/networkSecurityGroups/myNetworkSecurityGroup",
            "timeouts": null
          },
          "sensitive_attributes": [],
          "private": "eyJlMmJmYjczMC1lY2FhLTExZTYtOGY4OC0zNDM2M2JjN2M0YzAiOnsiY3JlYXRlIjoxODAwMDAwMDAwMDAwLCJkZWxldGUiOjE4MDAwMDAwMDAwMDAsInJlYWQiOjMwMDAwMDAwMDAwMCwidXBkYXRlIjoxODAwMDAwMDAwMDAwfX0=",
          "dependencies": [
            "azurerm_network_interface.nic_bastion",
            "azurerm_network_security_group.nsg",
            "azurerm_public_ip.public_ipapp",
            "azurerm_resource_group.rg",
            "azurerm_subnet.subnet_bastion",
            "azurerm_virtual_network.network"
          ]
        }
      ]
    },
    {
      "mode": "managed",
      "type": "azurerm_network_security_group",
      "name": "nsg",
      "provider": "provider[\"registry.terraform.io/hashicorp/azurerm\"]",
      "instances": [
        {
          "schema_version": 0,
          "attributes": {
            "id": "/subscriptions/a1f74e2d-ec58-4f9a-a112-088e3469febb/resourceGroups/brief4_QB/providers/Microsoft.Network/networkSecurityGroups/myNetworkSecurityGroup",
            "location": "eastus2",
            "name": "myNetworkSecurityGroup",
            "resource_group_name": "brief4_QB",
            "security_rule": [
              {
                "access": "Allow",
                "description": "",
                "destination_address_prefix": "*",
                "destination_address_prefixes": [],
                "destination_application_security_group_ids": [],
                "destination_port_range": "22",
                "destination_port_ranges": [],
                "direction": "Inbound",
                "name": "SSH",
                "priority": 1001,
                "protocol": "Tcp",
                "source_address_prefix": "*",
                "source_address_prefixes": [],
                "source_application_security_group_ids": [],
                "source_port_range": "*",
                "source_port_ranges": []
              }
            ],
            "tags": {},
            "timeouts": null
          },
          "sensitive_attributes": [],
          "private": "eyJlMmJmYjczMC1lY2FhLTExZTYtOGY4OC0zNDM2M2JjN2M0YzAiOnsiY3JlYXRlIjoxODAwMDAwMDAwMDAwLCJkZWxldGUiOjE4MDAwMDAwMDAwMDAsInJlYWQiOjMwMDAwMDAwMDAwMCwidXBkYXRlIjoxODAwMDAwMDAwMDAwfX0=",
          "dependencies": [
            "azurerm_resource_group.rg"
          ]
        }
      ]
    },
    {
      "mode": "managed",
      "type": "azurerm_public_ip",
      "name": "public_ipapp",
      "provider": "provider[\"registry.terraform.io/hashicorp/azurerm\"]",
      "instances": [
        {
          "schema_version": 0,
          "attributes": {
            "allocation_method": "Static",
            "domain_name_label": null,
            "edge_zone": "",
            "fqdn": null,
            "id": "/subscriptions/a1f74e2d-ec58-4f9a-a112-088e3469febb/resourceGroups/brief4_QB/providers/Microsoft.Network/publicIPAddresses/ip_app",
            "idle_timeout_in_minutes": 4,
            "ip_address": "20.7.20.118",
            "ip_tags": {},
            "ip_version": "IPv4",
            "location": "eastus2",
            "name": "ip_app",
            "public_ip_prefix_id": null,
            "resource_group_name": "brief4_QB",
            "reverse_fqdn": null,
            "sku": "Basic",
            "sku_tier": "Regional",
            "tags": {},
            "timeouts": null,
            "zones": []
          },
          "sensitive_attributes": [],
          "private": "eyJlMmJmYjczMC1lY2FhLTExZTYtOGY4OC0zNDM2M2JjN2M0YzAiOnsiY3JlYXRlIjoxODAwMDAwMDAwMDAwLCJkZWxldGUiOjE4MDAwMDAwMDAwMDAsInJlYWQiOjMwMDAwMDAwMDAwMCwidXBkYXRlIjoxODAwMDAwMDAwMDAwfX0=",
          "dependencies": [
            "azurerm_resource_group.rg"
          ]
        }
      ]
    },
    {
      "mode": "managed",
      "type": "azurerm_public_ip",
      "name": "public_ipelastic",
      "provider": "provider[\"registry.terraform.io/hashicorp/azurerm\"]",
      "instances": [
        {
          "schema_version": 0,
          "attributes": {
            "allocation_method": "Dynamic",
            "domain_name_label": null,
            "edge_zone": "",
            "fqdn": null,
            "id": "/subscriptions/a1f74e2d-ec58-4f9a-a112-088e3469febb/resourceGroups/brief4_QB/providers/Microsoft.Network/publicIPAddresses/ip_elastic",
            "idle_timeout_in_minutes": 4,
            "ip_address": "20.7.18.80",
            "ip_tags": {},
            "ip_version": "IPv4",
            "location": "eastus2",
            "name": "ip_elastic",
            "public_ip_prefix_id": null,
            "resource_group_name": "brief4_QB",
            "reverse_fqdn": null,
            "sku": "Basic",
            "sku_tier": "Regional",
            "tags": {},
            "timeouts": null,
            "zones": []
          },
          "sensitive_attributes": [],
          "private": "eyJlMmJmYjczMC1lY2FhLTExZTYtOGY4OC0zNDM2M2JjN2M0YzAiOnsiY3JlYXRlIjoxODAwMDAwMDAwMDAwLCJkZWxldGUiOjE4MDAwMDAwMDAwMDAsInJlYWQiOjMwMDAwMDAwMDAwMCwidXBkYXRlIjoxODAwMDAwMDAwMDAwfX0=",
          "dependencies": [
            "azurerm_resource_group.rg"
          ]
        }
      ]
    },
    {
      "mode": "managed",
      "type": "azurerm_public_ip",
      "name": "public_ipgateway",
      "provider": "provider[\"registry.terraform.io/hashicorp/azurerm\"]",
      "instances": [
        {
          "schema_version": 0,
          "attributes": {
            "allocation_method": "Static",
            "domain_name_label": null,
            "edge_zone": "",
            "fqdn": null,
            "id": "/subscriptions/a1f74e2d-ec58-4f9a-a112-088e3469febb/resourceGroups/brief4_QB/providers/Microsoft.Network/publicIPAddresses/ip_gateway",
            "idle_timeout_in_minutes": 4,
            "ip_address": "20.230.0.117",
            "ip_tags": {},
            "ip_version": "IPv4",
            "location": "eastus2",
            "name": "ip_gateway",
            "public_ip_prefix_id": null,
            "resource_group_name": "brief4_QB",
            "reverse_fqdn": null,
            "sku": "Standard",
            "sku_tier": "Regional",
            "tags": {},
            "timeouts": null,
            "zones": []
          },
          "sensitive_attributes": [],
          "private": "eyJlMmJmYjczMC1lY2FhLTExZTYtOGY4OC0zNDM2M2JjN2M0YzAiOnsiY3JlYXRlIjoxODAwMDAwMDAwMDAwLCJkZWxldGUiOjE4MDAwMDAwMDAwMDAsInJlYWQiOjMwMDAwMDAwMDAwMCwidXBkYXRlIjoxODAwMDAwMDAwMDAwfX0=",
          "dependencies": [
            "azurerm_resource_group.rg"
          ]
        }
      ]
    },
    {
      "mode": "managed",
      "type": "azurerm_resource_group",
      "name": "rg",
      "provider": "provider[\"registry.terraform.io/hashicorp/azurerm\"]",
      "instances": [
        {
          "schema_version": 0,
          "attributes": {
            "id": "/subscriptions/a1f74e2d-ec58-4f9a-a112-088e3469febb/resourceGroups/brief4_QB",
            "location": "eastus2",
            "name": "brief4_QB",
            "tags": {},
            "timeouts": null
          },
          "sensitive_attributes": [],
          "private": "eyJlMmJmYjczMC1lY2FhLTExZTYtOGY4OC0zNDM2M2JjN2M0YzAiOnsiY3JlYXRlIjo1NDAwMDAwMDAwMDAwLCJkZWxldGUiOjU0MDAwMDAwMDAwMDAsInJlYWQiOjMwMDAwMDAwMDAwMCwidXBkYXRlIjo1NDAwMDAwMDAwMDAwfX0="
        }
      ]
    },
    {
      "mode": "managed",
      "type": "azurerm_ssh_public_key",
      "name": "ssh_nomad",
      "provider": "provider[\"registry.terraform.io/hashicorp/azurerm\"]",
      "instances": [
        {
          "schema_version": 0,
          "attributes": {
            "id": "/subscriptions/a1f74e2d-ec58-4f9a-a112-088e3469febb/resourceGroups/brief4_QB/providers/Microsoft.Compute/sshPublicKeys/ssh_key_nomad",
            "location": "eastus2",
            "name": "ssh_key_nomad",
            "public_key": "ssh-rsa AAAAB3NzaC1yc2EAAAADAQABAAABgQDAXuIAe8DVtQ+qHpbTnCMn5iP1u7WQEOLDE76PTRZ0lYc0TrWJvH+zWzpEbTK/fwzx5sw7yAlBnuR83cAOtm6y8Gk5yktOogsk71VnJ9cXKV7QWtX5o/nysqhliBWAW2jQmEMLHBf4DOFXcKpCdl0OBOtrPct976tnFXhM5n5WF0wrQ4dVikfWe57yg0BX+G+ZbNl7iDCHS8cAGEI2S0ziGOLjl0qJq+9jjCaj2bdVb5vtbz/ghplWtNKQvirxvfOC5H3XbX7aeH2sAlogeYbPs8DmFuz5Smq/+FLBZzqV7JhPMxBCpVFm6r+EzZDgiS2WB96Q3Jh0ItPz7wwJtgpLmSWeaBmWyPGAOh9MBal2RXgDIZ26EPOQTc9WX1377SaEMFSXgwq3e0mtFl5TYG+hzjujY9ik6nfjyLy1yNaPB7hq0z0cCijeJf0Nlm092Ukb1IJOndiS9LSZXjFJT+LRNz7hqyK/oj8nH4K2nx4DMH+Fj4JypSdsqmIk7aXLdYE= nomad@device",
            "resource_group_name": "brief4_QB",
            "tags": {},
            "timeouts": null
          },
          "sensitive_attributes": [],
          "private": "eyJlMmJmYjczMC1lY2FhLTExZTYtOGY4OC0zNDM2M2JjN2M0YzAiOnsiY3JlYXRlIjoyNzAwMDAwMDAwMDAwLCJkZWxldGUiOjI3MDAwMDAwMDAwMDAsInJlYWQiOjMwMDAwMDAwMDAwMCwidXBkYXRlIjoyNzAwMDAwMDAwMDAwfX0=",
          "dependencies": [
            "azurerm_resource_group.rg"
          ]
        }
      ]
    },
    {
      "mode": "managed",
      "type": "azurerm_storage_account",
      "name": "magento-storage",
      "provider": "provider[\"registry.terraform.io/hashicorp/azurerm\"]",
      "instances": [
        {
          "schema_version": 3,
          "attributes": {
            "access_tier": "Hot",
            "account_kind": "StorageV2",
            "account_replication_type": "LRS",
            "account_tier": "Standard",
            "allow_nested_items_to_be_public": true,
            "azure_files_authentication": [],
            "blob_properties": [
              {
                "change_feed_enabled": false,
                "change_feed_retention_in_days": 0,
                "container_delete_retention_policy": [],
                "cors_rule": [],
                "default_service_version": "",
                "delete_retention_policy": [],
                "last_access_time_enabled": false,
                "versioning_enabled": false
              }
            ],
            "cross_tenant_replication_enabled": true,
            "custom_domain": [],
            "customer_managed_key": [],
            "default_to_oauth_authentication": false,
            "edge_zone": "",
            "enable_https_traffic_only": false,
            "id": "/subscriptions/a1f74e2d-ec58-4f9a-a112-088e3469febb/resourceGroups/brief4_QB/providers/Microsoft.Storage/storageAccounts/magentostoragequentin",
            "identity": [],
            "infrastructure_encryption_enabled": false,
            "is_hns_enabled": true,
            "large_file_share_enabled": null,
            "location": "eastus2",
            "min_tls_version": "TLS1_2",
            "name": "magentostoragequentin",
            "network_rules": [
              {
                "bypass": [
                  "AzureServices"
                ],
                "default_action": "Deny",
                "ip_rules": [],
                "private_link_access": [],
                "virtual_network_subnet_ids": [
                  "/subscriptions/a1f74e2d-ec58-4f9a-a112-088e3469febb/resourceGroups/brief4_QB/providers/Microsoft.Network/virtualNetworks/network/subnets/subnet_bdd"
                ]
              }
            ],
            "nfsv3_enabled": true,
            "primary_access_key": "9spl7oGoJpKydhF3qRm/KUbcesEGiSDxJ53ehIbWkFkTi3LzQOvbJZK/ZWPRgC5LGMdZemBNS8TV+AStWSQYZg==",
            "primary_blob_connection_string": "DefaultEndpointsProtocol=https;BlobEndpoint=https://magentostoragequentin.blob.core.windows.net/;AccountName=magentostoragequentin;AccountKey=9spl7oGoJpKydhF3qRm/KUbcesEGiSDxJ53ehIbWkFkTi3LzQOvbJZK/ZWPRgC5LGMdZemBNS8TV+AStWSQYZg==",
            "primary_blob_endpoint": "https://magentostoragequentin.blob.core.windows.net/",
            "primary_blob_host": "magentostoragequentin.blob.core.windows.net",
            "primary_connection_string": "DefaultEndpointsProtocol=https;AccountName=magentostoragequentin;AccountKey=9spl7oGoJpKydhF3qRm/KUbcesEGiSDxJ53ehIbWkFkTi3LzQOvbJZK/ZWPRgC5LGMdZemBNS8TV+AStWSQYZg==;EndpointSuffix=core.windows.net",
            "primary_dfs_endpoint": "https://magentostoragequentin.dfs.core.windows.net/",
            "primary_dfs_host": "magentostoragequentin.dfs.core.windows.net",
            "primary_file_endpoint": "https://magentostoragequentin.file.core.windows.net/",
            "primary_file_host": "magentostoragequentin.file.core.windows.net",
            "primary_location": "eastus2",
            "primary_queue_endpoint": "https://magentostoragequentin.queue.core.windows.net/",
            "primary_queue_host": "magentostoragequentin.queue.core.windows.net",
            "primary_table_endpoint": "https://magentostoragequentin.table.core.windows.net/",
            "primary_table_host": "magentostoragequentin.table.core.windows.net",
            "primary_web_endpoint": "https://magentostoragequentin.z20.web.core.windows.net/",
            "primary_web_host": "magentostoragequentin.z20.web.core.windows.net",
            "queue_encryption_key_type": "Service",
            "queue_properties": [
              {
                "cors_rule": [],
                "hour_metrics": [
                  {
                    "enabled": true,
                    "include_apis": true,
                    "retention_policy_days": 7,
                    "version": "1.0"
                  }
                ],
                "logging": [
                  {
                    "delete": false,
                    "read": false,
                    "retention_policy_days": 0,
                    "version": "1.0",
                    "write": false
                  }
                ],
                "minute_metrics": [
                  {
                    "enabled": false,
                    "include_apis": false,
                    "retention_policy_days": 0,
                    "version": "1.0"
                  }
                ]
              }
            ],
            "resource_group_name": "brief4_QB",
            "routing": [],
            "secondary_access_key": "7MVDMwB5Xa3hpWk2x+PogxnU3v7DCTWqcsXovwXWMkzGmemrDirbW+05ZYz40LVHl8YGCXG9xtTx+AStVwR2bQ==",
            "secondary_blob_connection_string": "",
            "secondary_blob_endpoint": null,
            "secondary_blob_host": null,
            "secondary_connection_string": "DefaultEndpointsProtocol=https;AccountName=magentostoragequentin;AccountKey=7MVDMwB5Xa3hpWk2x+PogxnU3v7DCTWqcsXovwXWMkzGmemrDirbW+05ZYz40LVHl8YGCXG9xtTx+AStVwR2bQ==;EndpointSuffix=core.windows.net",
            "secondary_dfs_endpoint": null,
            "secondary_dfs_host": null,
            "secondary_file_endpoint": null,
            "secondary_file_host": null,
            "secondary_location": "",
            "secondary_queue_endpoint": null,
            "secondary_queue_host": null,
            "secondary_table_endpoint": null,
            "secondary_table_host": null,
            "secondary_web_endpoint": null,
            "secondary_web_host": null,
            "share_properties": [
              {
                "cors_rule": [],
                "retention_policy": [
                  {
                    "days": 7
                  }
                ],
                "smb": []
              }
            ],
            "shared_access_key_enabled": true,
            "static_website": [],
            "table_encryption_key_type": "Service",
            "tags": {},
            "timeouts": null
          },
          "sensitive_attributes": [],
          "private": "eyJlMmJmYjczMC1lY2FhLTExZTYtOGY4OC0zNDM2M2JjN2M0YzAiOnsiY3JlYXRlIjozNjAwMDAwMDAwMDAwLCJkZWxldGUiOjM2MDAwMDAwMDAwMDAsInJlYWQiOjMwMDAwMDAwMDAwMCwidXBkYXRlIjozNjAwMDAwMDAwMDAwfSwic2NoZW1hX3ZlcnNpb24iOiIzIn0=",
          "dependencies": [
            "azurerm_resource_group.rg",
            "azurerm_subnet.subnet_bdd",
            "azurerm_virtual_network.network"
          ]
        }
      ]
    },
    {
      "mode": "managed",
      "type": "azurerm_storage_account",
      "name": "mystorageaccount",
      "provider": "provider[\"registry.terraform.io/hashicorp/azurerm\"]",
      "instances": [
        {
          "schema_version": 3,
          "attributes": {
            "access_tier": "Hot",
            "account_kind": "StorageV2",
            "account_replication_type": "LRS",
            "account_tier": "Standard",
            "allow_nested_items_to_be_public": true,
            "azure_files_authentication": [],
            "blob_properties": [
              {
                "change_feed_enabled": false,
                "change_feed_retention_in_days": 0,
                "container_delete_retention_policy": [],
                "cors_rule": [],
                "default_service_version": "",
                "delete_retention_policy": [],
                "last_access_time_enabled": false,
                "versioning_enabled": false
              }
            ],
            "cross_tenant_replication_enabled": true,
            "custom_domain": [],
            "customer_managed_key": [],
            "default_to_oauth_authentication": false,
            "edge_zone": "",
            "enable_https_traffic_only": true,
            "id": "/subscriptions/a1f74e2d-ec58-4f9a-a112-088e3469febb/resourceGroups/brief4_QB/providers/Microsoft.Storage/storageAccounts/diag4db7fe5935e281ab",
            "identity": [],
            "infrastructure_encryption_enabled": false,
            "is_hns_enabled": false,
            "large_file_share_enabled": null,
            "location": "eastus2",
            "min_tls_version": "TLS1_2",
            "name": "diag4db7fe5935e281ab",
            "network_rules": [
              {
                "bypass": [
                  "AzureServices"
                ],
                "default_action": "Allow",
                "ip_rules": [],
                "private_link_access": [],
                "virtual_network_subnet_ids": []
              }
            ],
            "nfsv3_enabled": false,
            "primary_access_key": "0T9owpXXPyfzmFuc8LpelzxoMFMnAvBiMerDa5XQEIJhNuezWT0C8hmJcYKLmxoUXCHsmfDCOcm4+ASt9KAc0g==",
            "primary_blob_connection_string": "DefaultEndpointsProtocol=https;BlobEndpoint=https://diag4db7fe5935e281ab.blob.core.windows.net/;AccountName=diag4db7fe5935e281ab;AccountKey=0T9owpXXPyfzmFuc8LpelzxoMFMnAvBiMerDa5XQEIJhNuezWT0C8hmJcYKLmxoUXCHsmfDCOcm4+ASt9KAc0g==",
            "primary_blob_endpoint": "https://diag4db7fe5935e281ab.blob.core.windows.net/",
            "primary_blob_host": "diag4db7fe5935e281ab.blob.core.windows.net",
            "primary_connection_string": "DefaultEndpointsProtocol=https;AccountName=diag4db7fe5935e281ab;AccountKey=0T9owpXXPyfzmFuc8LpelzxoMFMnAvBiMerDa5XQEIJhNuezWT0C8hmJcYKLmxoUXCHsmfDCOcm4+ASt9KAc0g==;EndpointSuffix=core.windows.net",
            "primary_dfs_endpoint": "https://diag4db7fe5935e281ab.dfs.core.windows.net/",
            "primary_dfs_host": "diag4db7fe5935e281ab.dfs.core.windows.net",
            "primary_file_endpoint": "https://diag4db7fe5935e281ab.file.core.windows.net/",
            "primary_file_host": "diag4db7fe5935e281ab.file.core.windows.net",
            "primary_location": "eastus2",
            "primary_queue_endpoint": "https://diag4db7fe5935e281ab.queue.core.windows.net/",
            "primary_queue_host": "diag4db7fe5935e281ab.queue.core.windows.net",
            "primary_table_endpoint": "https://diag4db7fe5935e281ab.table.core.windows.net/",
            "primary_table_host": "diag4db7fe5935e281ab.table.core.windows.net",
            "primary_web_endpoint": "https://diag4db7fe5935e281ab.z20.web.core.windows.net/",
            "primary_web_host": "diag4db7fe5935e281ab.z20.web.core.windows.net",
            "queue_encryption_key_type": "Service",
            "queue_properties": [
              {
                "cors_rule": [],
                "hour_metrics": [
                  {
                    "enabled": true,
                    "include_apis": true,
                    "retention_policy_days": 7,
                    "version": "1.0"
                  }
                ],
                "logging": [
                  {
                    "delete": false,
                    "read": false,
                    "retention_policy_days": 0,
                    "version": "1.0",
                    "write": false
                  }
                ],
                "minute_metrics": [
                  {
                    "enabled": false,
                    "include_apis": false,
                    "retention_policy_days": 0,
                    "version": "1.0"
                  }
                ]
              }
            ],
            "resource_group_name": "brief4_QB",
            "routing": [],
            "secondary_access_key": "vs+xIfLwF+PP9gCafuF75zO/uDskOxEP0oUKV7/QcawhMeObiJca2lHf+NXZYS7TSNl5d+dDeWSu+AStQctGVQ==",
            "secondary_blob_connection_string": "",
            "secondary_blob_endpoint": null,
            "secondary_blob_host": null,
            "secondary_connection_string": "DefaultEndpointsProtocol=https;AccountName=diag4db7fe5935e281ab;AccountKey=vs+xIfLwF+PP9gCafuF75zO/uDskOxEP0oUKV7/QcawhMeObiJca2lHf+NXZYS7TSNl5d+dDeWSu+AStQctGVQ==;EndpointSuffix=core.windows.net",
            "secondary_dfs_endpoint": null,
            "secondary_dfs_host": null,
            "secondary_file_endpoint": null,
            "secondary_file_host": null,
            "secondary_location": "",
            "secondary_queue_endpoint": null,
            "secondary_queue_host": null,
            "secondary_table_endpoint": null,
            "secondary_table_host": null,
            "secondary_web_endpoint": null,
            "secondary_web_host": null,
            "share_properties": [
              {
                "cors_rule": [],
                "retention_policy": [
                  {
                    "days": 7
                  }
                ],
                "smb": []
              }
            ],
            "shared_access_key_enabled": true,
            "static_website": [],
            "table_encryption_key_type": "Service",
            "tags": {},
            "timeouts": null
          },
          "sensitive_attributes": [],
          "private": "eyJlMmJmYjczMC1lY2FhLTExZTYtOGY4OC0zNDM2M2JjN2M0YzAiOnsiY3JlYXRlIjozNjAwMDAwMDAwMDAwLCJkZWxldGUiOjM2MDAwMDAwMDAwMDAsInJlYWQiOjMwMDAwMDAwMDAwMCwidXBkYXRlIjozNjAwMDAwMDAwMDAwfSwic2NoZW1hX3ZlcnNpb24iOiIzIn0=",
          "dependencies": [
            "azurerm_resource_group.rg",
            "random_id.randomId"
          ]
        }
      ]
    },
    {
      "mode": "managed",
      "type": "azurerm_subnet",
      "name": "subnet_app",
      "provider": "provider[\"registry.terraform.io/hashicorp/azurerm\"]",
      "instances": [
        {
          "schema_version": 0,
          "attributes": {
            "address_prefixes": [
              "10.2.0.0/16"
            ],
            "delegation": [],
            "enforce_private_link_endpoint_network_policies": false,
            "enforce_private_link_service_network_policies": false,
            "id": "/subscriptions/a1f74e2d-ec58-4f9a-a112-088e3469febb/resourceGroups/brief4_QB/providers/Microsoft.Network/virtualNetworks/network/subnets/subnet_app",
            "name": "subnet_app",
            "private_endpoint_network_policies_enabled": true,
            "private_link_service_network_policies_enabled": true,
            "resource_group_name": "brief4_QB",
            "service_endpoint_policy_ids": [],
            "service_endpoints": [],
            "timeouts": null,
            "virtual_network_name": "network"
          },
          "sensitive_attributes": [],
          "private": "eyJlMmJmYjczMC1lY2FhLTExZTYtOGY4OC0zNDM2M2JjN2M0YzAiOnsiY3JlYXRlIjoxODAwMDAwMDAwMDAwLCJkZWxldGUiOjE4MDAwMDAwMDAwMDAsInJlYWQiOjMwMDAwMDAwMDAwMCwidXBkYXRlIjoxODAwMDAwMDAwMDAwfX0=",
          "dependencies": [
            "azurerm_resource_group.rg",
            "azurerm_virtual_network.network"
          ]
        }
      ]
    },
    {
      "mode": "managed",
      "type": "azurerm_subnet",
      "name": "subnet_bastion",
      "provider": "provider[\"registry.terraform.io/hashicorp/azurerm\"]",
      "instances": [
        {
          "schema_version": 0,
          "attributes": {
            "address_prefixes": [
              "10.6.0.0/16"
            ],
            "delegation": [],
            "enforce_private_link_endpoint_network_policies": false,
            "enforce_private_link_service_network_policies": false,
            "id": "/subscriptions/a1f74e2d-ec58-4f9a-a112-088e3469febb/resourceGroups/brief4_QB/providers/Microsoft.Network/virtualNetworks/network/subnets/subnet_bastion",
            "name": "subnet_bastion",
            "private_endpoint_network_policies_enabled": true,
            "private_link_service_network_policies_enabled": true,
            "resource_group_name": "brief4_QB",
            "service_endpoint_policy_ids": [],
            "service_endpoints": [],
            "timeouts": null,
            "virtual_network_name": "network"
          },
          "sensitive_attributes": [],
          "private": "eyJlMmJmYjczMC1lY2FhLTExZTYtOGY4OC0zNDM2M2JjN2M0YzAiOnsiY3JlYXRlIjoxODAwMDAwMDAwMDAwLCJkZWxldGUiOjE4MDAwMDAwMDAwMDAsInJlYWQiOjMwMDAwMDAwMDAwMCwidXBkYXRlIjoxODAwMDAwMDAwMDAwfX0=",
          "dependencies": [
            "azurerm_resource_group.rg",
            "azurerm_virtual_network.network"
          ]
        }
      ]
    },
    {
      "mode": "managed",
      "type": "azurerm_subnet",
      "name": "subnet_bastion_app",
      "provider": "provider[\"registry.terraform.io/hashicorp/azurerm\"]",
      "instances": [
        {
          "schema_version": 0,
          "attributes": {
            "address_prefixes": [
              "10.7.0.0/16"
            ],
            "delegation": [],
            "enforce_private_link_endpoint_network_policies": false,
            "enforce_private_link_service_network_policies": false,
            "id": "/subscriptions/a1f74e2d-ec58-4f9a-a112-088e3469febb/resourceGroups/brief4_QB/providers/Microsoft.Network/virtualNetworks/network/subnets/subnet_bastion_app",
            "name": "subnet_bastion_app",
            "private_endpoint_network_policies_enabled": true,
            "private_link_service_network_policies_enabled": true,
            "resource_group_name": "brief4_QB",
            "service_endpoint_policy_ids": [],
            "service_endpoints": [],
            "timeouts": null,
            "virtual_network_name": "network"
          },
          "sensitive_attributes": [],
          "private": "eyJlMmJmYjczMC1lY2FhLTExZTYtOGY4OC0zNDM2M2JjN2M0YzAiOnsiY3JlYXRlIjoxODAwMDAwMDAwMDAwLCJkZWxldGUiOjE4MDAwMDAwMDAwMDAsInJlYWQiOjMwMDAwMDAwMDAwMCwidXBkYXRlIjoxODAwMDAwMDAwMDAwfX0=",
          "dependencies": [
            "azurerm_resource_group.rg",
            "azurerm_virtual_network.network"
          ]
        }
      ]
    },
    {
      "mode": "managed",
      "type": "azurerm_subnet",
      "name": "subnet_bdd",
      "provider": "provider[\"registry.terraform.io/hashicorp/azurerm\"]",
      "instances": [
        {
          "schema_version": 0,
          "attributes": {
            "address_prefixes": [
              "10.3.0.0/16"
            ],
            "delegation": [],
            "enforce_private_link_endpoint_network_policies": false,
            "enforce_private_link_service_network_policies": false,
            "id": "/subscriptions/a1f74e2d-ec58-4f9a-a112-088e3469febb/resourceGroups/brief4_QB/providers/Microsoft.Network/virtualNetworks/network/subnets/subnet_bdd",
            "name": "subnet_bdd",
            "private_endpoint_network_policies_enabled": true,
            "private_link_service_network_policies_enabled": true,
            "resource_group_name": "brief4_QB",
            "service_endpoint_policy_ids": [],
            "service_endpoints": [
              "Microsoft.Sql",
              "Microsoft.Storage"
            ],
            "timeouts": null,
            "virtual_network_name": "network"
          },
          "sensitive_attributes": [],
          "private": "eyJlMmJmYjczMC1lY2FhLTExZTYtOGY4OC0zNDM2M2JjN2M0YzAiOnsiY3JlYXRlIjoxODAwMDAwMDAwMDAwLCJkZWxldGUiOjE4MDAwMDAwMDAwMDAsInJlYWQiOjMwMDAwMDAwMDAwMCwidXBkYXRlIjoxODAwMDAwMDAwMDAwfX0=",
          "dependencies": [
            "azurerm_resource_group.rg",
            "azurerm_virtual_network.network"
          ]
        }
      ]
    },
    {
      "mode": "managed",
      "type": "azurerm_subnet",
      "name": "subnet_elastic",
      "provider": "provider[\"registry.terraform.io/hashicorp/azurerm\"]",
      "instances": [
        {
          "schema_version": 0,
          "attributes": {
            "address_prefixes": [
              "10.4.0.0/16"
            ],
            "delegation": [],
            "enforce_private_link_endpoint_network_policies": false,
            "enforce_private_link_service_network_policies": false,
            "id": "/subscriptions/a1f74e2d-ec58-4f9a-a112-088e3469febb/resourceGroups/brief4_QB/providers/Microsoft.Network/virtualNetworks/network/subnets/subnet_elastic",
            "name": "subnet_elastic",
            "private_endpoint_network_policies_enabled": true,
            "private_link_service_network_policies_enabled": true,
            "resource_group_name": "brief4_QB",
            "service_endpoint_policy_ids": [],
            "service_endpoints": [],
            "timeouts": null,
            "virtual_network_name": "network"
          },
          "sensitive_attributes": [],
          "private": "eyJlMmJmYjczMC1lY2FhLTExZTYtOGY4OC0zNDM2M2JjN2M0YzAiOnsiY3JlYXRlIjoxODAwMDAwMDAwMDAwLCJkZWxldGUiOjE4MDAwMDAwMDAwMDAsInJlYWQiOjMwMDAwMDAwMDAwMCwidXBkYXRlIjoxODAwMDAwMDAwMDAwfX0=",
          "dependencies": [
            "azurerm_resource_group.rg",
            "azurerm_virtual_network.network"
          ]
        }
      ]
    },
    {
      "mode": "managed",
      "type": "azurerm_subnet",
      "name": "subnet_gateway",
      "provider": "provider[\"registry.terraform.io/hashicorp/azurerm\"]",
      "instances": [
        {
          "schema_version": 0,
          "attributes": {
            "address_prefixes": [
              "10.1.0.0/16"
            ],
            "delegation": [],
            "enforce_private_link_endpoint_network_policies": false,
            "enforce_private_link_service_network_policies": false,
            "id": "/subscriptions/a1f74e2d-ec58-4f9a-a112-088e3469febb/resourceGroups/brief4_QB/providers/Microsoft.Network/virtualNetworks/network/subnets/subnet_gateway",
            "name": "subnet_gateway",
            "private_endpoint_network_policies_enabled": true,
            "private_link_service_network_policies_enabled": true,
            "resource_group_name": "brief4_QB",
            "service_endpoint_policy_ids": [],
            "service_endpoints": [],
            "timeouts": null,
            "virtual_network_name": "network"
          },
          "sensitive_attributes": [],
          "private": "eyJlMmJmYjczMC1lY2FhLTExZTYtOGY4OC0zNDM2M2JjN2M0YzAiOnsiY3JlYXRlIjoxODAwMDAwMDAwMDAwLCJkZWxldGUiOjE4MDAwMDAwMDAwMDAsInJlYWQiOjMwMDAwMDAwMDAwMCwidXBkYXRlIjoxODAwMDAwMDAwMDAwfX0=",
          "dependencies": [
            "azurerm_resource_group.rg",
            "azurerm_virtual_network.network"
          ]
        }
      ]
    },
    {
      "mode": "managed",
      "type": "azurerm_virtual_network",
      "name": "network",
      "provider": "provider[\"registry.terraform.io/hashicorp/azurerm\"]",
      "instances": [
        {
          "schema_version": 0,
          "attributes": {
            "address_space": [
              "10.0.0.0/8"
            ],
            "bgp_community": "",
            "ddos_protection_plan": [],
            "dns_servers": [],
            "edge_zone": "",
            "flow_timeout_in_minutes": 0,
            "guid": "a304c584-064e-40dd-98ad-be2f97d260d5",
            "id": "/subscriptions/a1f74e2d-ec58-4f9a-a112-088e3469febb/resourceGroups/brief4_QB/providers/Microsoft.Network/virtualNetworks/network",
            "location": "eastus2",
            "name": "network",
            "resource_group_name": "brief4_QB",
            "subnet": [
              {
                "address_prefix": "10.1.0.0/16",
                "id": "/subscriptions/a1f74e2d-ec58-4f9a-a112-088e3469febb/resourceGroups/brief4_QB/providers/Microsoft.Network/virtualNetworks/network/subnets/subnet_gateway",
                "name": "subnet_gateway",
                "security_group": ""
              },
              {
                "address_prefix": "10.2.0.0/16",
                "id": "/subscriptions/a1f74e2d-ec58-4f9a-a112-088e3469febb/resourceGroups/brief4_QB/providers/Microsoft.Network/virtualNetworks/network/subnets/subnet_app",
                "name": "subnet_app",
                "security_group": ""
              },
              {
                "address_prefix": "10.3.0.0/16",
                "id": "/subscriptions/a1f74e2d-ec58-4f9a-a112-088e3469febb/resourceGroups/brief4_QB/providers/Microsoft.Network/virtualNetworks/network/subnets/subnet_bdd",
                "name": "subnet_bdd",
                "security_group": ""
              },
              {
                "address_prefix": "10.4.0.0/16",
                "id": "/subscriptions/a1f74e2d-ec58-4f9a-a112-088e3469febb/resourceGroups/brief4_QB/providers/Microsoft.Network/virtualNetworks/network/subnets/subnet_elastic",
                "name": "subnet_elastic",
                "security_group": ""
              },
              {
                "address_prefix": "10.6.0.0/16",
                "id": "/subscriptions/a1f74e2d-ec58-4f9a-a112-088e3469febb/resourceGroups/brief4_QB/providers/Microsoft.Network/virtualNetworks/network/subnets/subnet_bastion",
                "name": "subnet_bastion",
                "security_group": ""
              },
              {
                "address_prefix": "10.7.0.0/16",
                "id": "/subscriptions/a1f74e2d-ec58-4f9a-a112-088e3469febb/resourceGroups/brief4_QB/providers/Microsoft.Network/virtualNetworks/network/subnets/subnet_bastion_app",
                "name": "subnet_bastion_app",
                "security_group": ""
              }
            ],
            "tags": {},
            "timeouts": null
          },
          "sensitive_attributes": [],
          "private": "eyJlMmJmYjczMC1lY2FhLTExZTYtOGY4OC0zNDM2M2JjN2M0YzAiOnsiY3JlYXRlIjoxODAwMDAwMDAwMDAwLCJkZWxldGUiOjE4MDAwMDAwMDAwMDAsInJlYWQiOjMwMDAwMDAwMDAwMCwidXBkYXRlIjoxODAwMDAwMDAwMDAwfX0=",
          "dependencies": [
            "azurerm_resource_group.rg"
          ]
        }
      ]
    },
    {
      "mode": "managed",
      "type": "random_id",
      "name": "randomId",
      "provider": "provider[\"registry.terraform.io/hashicorp/random\"]",
      "instances": [
        {
          "schema_version": 0,
          "attributes": {
            "b64_std": "Tbf+WTXigas=",
            "b64_url": "Tbf-WTXigas",
            "byte_length": 8,
            "dec": "5600224320768082347",
            "hex": "4db7fe5935e281ab",
            "id": "Tbf-WTXigas",
            "keepers": null,
            "prefix": null
          },
          "sensitive_attributes": [],
          "private": "bnVsbA=="
        }
      ]
    },
    {
      "mode": "managed",
      "type": "random_password",
      "name": "dbpassword",
      "provider": "provider[\"registry.terraform.io/hashicorp/random\"]",
      "instances": [
        {
          "schema_version": 2,
          "attributes": {
            "bcrypt_hash": "$2a$10$IqizVgRgcShMtIZtSrIwI.fli/PLxP3ggBT3iRdRGQJne0oNxNVRG",
            "id": "none",
            "keepers": null,
            "length": 16,
            "lower": true,
            "min_lower": 0,
            "min_numeric": 0,
            "min_special": 0,
            "min_upper": 0,
            "number": true,
            "numeric": true,
            "override_special": "!#$%\u0026*()-_=+[]{}\u003c\u003e:?",
            "result": "r\u003cs]H(){X(%aB)4l",
            "special": true,
            "upper": true
          },
          "sensitive_attributes": [],
          "private": "eyJzY2hlbWFfdmVyc2lvbiI6IjIifQ=="
        }
      ]
    }
  ]
}
