{
  "version": 4,
  "terraform_version": "1.2.7",
  "serial": 1021,
  "lineage": "78d83692-724f-7ebd-4697-17a63a981d5c",
  "outputs": {
    "ip_private": {
      "value": "10.2.0.19",
      "type": "string"
    },
    "password": {
      "value": "Ws{)phw$I-4_elA5",
      "type": "string",
      "sensitive": true
    },
    "public_ip_address_app": {
      "value": [
        "20.10.177.73"
      ],
      "type": [
        "tuple",
        [
          "string"
        ]
      ]
    },
    "public_ip_address_gateway": {
      "value": [
        "20.10.176.226"
      ],
      "type": [
        "tuple",
        [
          "string"
        ]
      ]
    },
    "resource_group_name": {
      "value": "brief4_QB",
      "type": "string"
    },
    "test": {
      "value": "privatelink.mariadb.database.azure.com",
      "type": "string"
    }
  },
  "resources": [
    {
      "mode": "data",
      "type": "azurerm_client_config",
      "name": "current",
      "provider": "provider[\"registry.terraform.io/hashicorp/azurerm\"]",
      "instances": [
        {
          "schema_version": 0,
          "attributes": {
            "client_id": "04b07795-8ddb-461a-bbee-02f9e1bf7b46",
            "id": "2022-09-08 10:21:12.9433757 +0000 UTC",
            "object_id": "22cfcf9a-6cb8-40e5-a220-2c3c9d0ae144",
            "subscription_id": "a1f74e2d-ec58-4f9a-a112-088e3469febb",
            "tenant_id": "a2e466aa-4f86-4545-b5b8-97da7c8febf3",
            "timeouts": null
          },
          "sensitive_attributes": []
        }
      ]
    },
    {
      "mode": "data",
      "type": "http",
      "name": "myip",
      "provider": "provider[\"registry.terraform.io/hashicorp/http\"]",
      "instances": [
        {
          "schema_version": 0,
          "attributes": {
            "body": "212.51.190.22",
            "id": "https://ifconfig.me",
            "method": null,
            "request_body": null,
            "request_headers": null,
            "response_body": "212.51.190.22",
            "response_headers": {
              "Access-Control-Allow-Origin": "*",
              "Alt-Svc": "h3=\":443\"; ma=2592000,h3-29=\":443\"; ma=2592000",
              "Content-Length": "13",
              "Content-Type": "text/plain; charset=utf-8",
              "Date": "Thu, 08 Sep 2022 10:20:55 GMT",
              "Server": "istio-envoy",
              "Strict-Transport-Security": "max-age=2592000; includeSubDomains",
              "Via": "1.1 google",
              "X-Envoy-Upstream-Service-Time": "1"
            },
            "status_code": 200,
            "url": "https://ifconfig.me"
          },
          "sensitive_attributes": []
        }
      ]
    },
    {
      "mode": "data",
      "type": "template_cloudinit_config",
      "name": "configapp",
      "provider": "provider[\"registry.terraform.io/hashicorp/template\"]",
      "instances": [
        {
          "schema_version": 0,
          "attributes": {
            "base64_encode": true,
            "gzip": true,
            "id": "651045671",
            "part": [
              {
                "content": "#cloud-config\r\npackage_update: true\r\npackages:\r\n  - nginx\r\n  - composer\r\n  - mariadb-client\r\n  - mariadb-client-10.1\r\n  - nfs-common\r\n\r\nusers:\r\n  - default\r\n  - name: quentin\r\n    groups: sudo, root\r\n    shell: /bin/bash\r\n    plain_text_passwd: blablabla123!\r\n    sudo: 'ALL=(ALL) NOPASSWD:ALL'\r\n    ssh_authorized_keys:\r\n        - \u003e-\r\n          ssh-rsa AAAAB3NzaC1yc2EAAAADAQABAAABgQDAXuIAe8DVtQ+qHpbTnCMn5iP1u7WQEOLDE76PTRZ0lYc0TrWJvH+zWzpEbTK/fwzx5sw7yAlBnuR83cAOtm6y8Gk5yktOogsk71VnJ9cXKV7QWtX5o/nysqhliBWAW2jQmEMLHBf4DOFXcKpCdl0OBOtrPct976tnFXhM5n5WF0wrQ4dVikfWe57yg0BX+G+ZbNl7iDCHS8cAGEI2S0ziGOLjl0qJq+9jjCaj2bdVb5vtbz/ghplWtNKQvirxvfOC5H3XbX7aeH2sAlogeYbPs8DmFuz5Smq/+FLBZzqV7JhPMxBCpVFm6r+EzZDgiS2WB96Q3Jh0ItPz7wwJtgpLmSWeaBmWyPGAOh9MBal2RXgDIZ26EPOQTc9WX1377SaEMFSXgwq3e0mtFl5TYG+hzjujY9ik6nfjyLy1yNaPB7hq0z0cCijeJf0Nlm092Ukb1IJOndiS9LSZXjFJT+LRNz7hqyK/oj8nH4K2nx4DMH+Fj4JypSdsqmIk7aXLdYE= nomad@device\r\n  - name: steph\r\n    groups: sudo, root\r\n    shell: /bin/bash\r\n    plain_text_passwd: blablabla123!\r\n    sudo: 'ALL=(ALL) NOPASSWD:ALL'\r\n    ssh_authorized_keys:\r\n        - \u003e-\r\n          ssh-rsa AAAAB3NzaC1yc2EAAAADAQABAAABgQCnBYZRoOJm/hLnbGmUBNhBEsdvUAqVb48EQql7OeYgB4pO/FFu8OIhKofBCByf1l9owEWnbWFZJhfgwQ+iNZjd+1iZtmc6cidjqQypgEc+U43avchEVdZdjK1LidIIJt0O7o8L0gARNn1PjDFLP3eUI2XN3ALUzB3sRzXKTJ1QHz8S1ByhfWXw2vhsPa9I3Jv9aE8zZuCBx/gfVQQy/FyskgK8VWRHhUl3XCgNDxUYBppnBgCCDWHpYOdzH/5XuRORdgMccDgJ/NhcCgY+erva7DlkIlzRiVxm5uMK8kvEiDn+AWI3aGsgxt3LaS+xaiw4hLLoev4V4cWTjWhZPeJSITDeWk3HAsBxDBWGvx3716ywsh7mkDJpjyXow6RXpTBke2rTmr4X9+hVGop4ZjqyTTUuTkdbYllwiaTrsuKgOJ5ne2lWp1P1IT0cD0s9j0GNl/54KaN31HFiuHVYVVA8yGp532LfRjhthpMdHiuhJbswlKTrDJR3i1iccT0aiUk= utilisateur@UTILISA-2JUD7VR\r\n  - name: ryano\r\n    groups: sudo, root\r\n    shell: /bin/bash\r\n    plain_text_passwd: blablabla123!\r\n    sudo: 'ALL=(ALL) NOPASSWD:ALL'\r\n    ssh_authorized_keys:\r\n        - \u003e-\r\n          ssh-rsa AAAAB3NzaC1yc2EAAAADAQABAAABgQCuQsDbdhzBOtJvetSRXRINBLZnKEzLctl+J3hFX22doPy1Btth8i7a4cigqyQ914MIgdYr/pPOFfH7YBLa5LhF2Racx3cRT1RPobmGn2DMEcNAcWjw1Qr9TRl3HcFK59ineQ4ukoDt4jZCUyRXliCFMhqBdQU0u182UvNFf0L5bLBVzlkWyNxPo79WDDGY97HCsQLYIQcqRfsYJ0YwJ5QyGUvtUWKmMO30bhlhyQJJmG/6QQlV/m6sMiHCiEt+7Qxv5n3+c9RH5hsRyaynzsLcNmzENDqsrDsngqwzK4oe8S71YKKVn395nvZ4MIr8PB6bE/ViWpvS0bhCzANDYAj8Exk2P5WR3aI06PobLOcUjxm3E1JOFa/YcXQ8GXzmUgjGpHMztB6qSH+NSHHTqBejmvsv2DQ9nYq/NL1s7k6e+FSwWQktZNXAlVIvUGMrX51MdUxtVXteNEFe/NCj4B66Y5i2MM8VJk1lsgm8PIUj0wDjlB0f8TlUFK+vqijLt80= utilisateur@UTILISA-ASVHC0M\r\n\r\nwrite_files:\r\n  - path: /home/magento/magento\r\n    content: \"upstream fastcgi_backend {\\n  server  unix:/run/php/php8.1-fpm.sock;\\n}\\n\\nserver {\\n  listen 10.2.0.19:80;\\n  server_name _;\\n  set $MAGE_ROOT /var/www/html/magento2;\\n  include /var/www/html/magento2/nginx.conf.sample;\\n}\\n\"\r\n\r\nruncmd:\r\n  - sudo apt install software-properties-common \u0026\u0026 sudo add-apt-repository ppa:ondrej/php -y\r\n  - sudo apt update\r\n  - sudo export PATH=$PATH:/var/www/html/magento2/bin\r\n  - sudo apt upgrade -y\r\n  - sudo apt install -y libxml2 libxml2-dev libssl-dev libssl1.1\r\n  - sudo apt install -y php8.1 php8.1-common php8.1-xml php8.1-mbstring php8.1-curl php8.1-gd php8.1-intl php-json php8.1-mysql php8.1-soap php-sodium php-tokenizer php8.1-xsl php-zip php-bcmath php8.1-fpm\r\n  - sudo mkdir /var/www/html/magento2\r\n  - cd /home/magento \u0026\u0026 sudo curl -O https://MAG005875421:af7e13b80644f2a44187f446f55bb76d5c156b3b@www.magentocommerce.com/products/downloads/file/Magento-CE-2.4.4.tar.bz2\r\n  - sudo tar -C /var/www/html/magento2/ -xvf /home/magento/Magento-CE-2.4.4.tar.bz2\r\n  - cd /var/www/html/\r\n  - sudo find var generated vendor pub/static pub/media app/etc -type f -exec chmod g+w {} +\r\n  - sudo find var generated vendor pub/static pub/media app/etc -type d -exec chmod g+ws {} +\r\n  - sudo chown -R www-data:www-data /var/www/html\r\n  - sudo chmod u+x bin/magento\r\n\r\n  - cd /var/www/html/magento2 \u0026\u0026 sudo php bin/magento setup:install -vvv --base-url=http://20.10.176.226 --db-host=magento-mariadb-server.privatelink.mariadb.database.azure.com --db-name=mariadb_database --db-user=magento@magento-mariadb-server --db-password=blablabla123! --admin-firstname=admin --admin-lastname=admin --admin-email=ryanmagento@gmail.com --admin-user=admin --admin-password=admin123 --language=en_US --currency=USD --timezone=America/Chicago --use-rewrites=1 --search-engine=elasticsearch7 --elasticsearch-host=10.4.0.4 --elasticsearch-port=9200 --elasticsearch-index-prefix=magento2 --elasticsearch-timeout=15 --elasticsearch-username=magento --elasticsearch-password=blablabla123! --elasticsearch-enable-auth=1\r\n  - sudo apt-get remove apache2 -y\r\n  - sudo apt-get autoremove apache2 -y\r\n  - sudo apt-get purge apache2 -y\r\n  - sudo apt-get autoremove --purge apache2 -y\r\n  - sudo cp /home/magento/magento /etc/nginx/conf.d/magento.conf\r\n  - sudo rm /etc/nginx/sites-enabled/default\r\n  - chown www-data:www-data -R /var/www/html/magento2/var/\r\n  - sudo echo \"memory_limit = 2G\" \u003e\u003e vim /etc/php/8.1/fpm/php.ini\r\n  - sudo echo \"max_execution_time = 1800\" \u003e\u003e vim /etc/php/8.1/fpm/php.ini\r\n  - sudo echo \"zlib.output_compression = On\" \u003e\u003e vim /etc/php/8.1/fpm/php.ini\r\n  - sudo echo \"memory_limit = 2G\" \u003e\u003e vim /etc/php/8.1/cli/php.ini\r\n  - sudo echo \"max_execution_time = 1800\" \u003e\u003e vim /etc/php/8.1/cli/php.ini\r\n  - sudo echo \"zlib.output_compression = On\" \u003e\u003e vim /etc/php/8.1/cli/php.ini\r\n  - sudo systemctl restart php8.1-fpm\r\n  - sudo chmod 775 ./generated/\r\n  - cd /var/www/html/magento2 \u0026\u0026 sudo bin/magento setup:di:compile\r\n  - sudo systemctl restart nginx\r\n  - sudo cp -R /var/www/html/magento2/pub /home/magento/pub\r\n  - sudo mkdir /etc/smbcredentials\r\n  - sudo bash -c 'echo \"username=staapp\" \u003e\u003e /etc/smbcredentials/staapp.cred'\r\n  - sudo bash -c 'echo \"password=WKpiXGC06L0ZDEM6dTcMgN+m6y/ZAx+YVKgCvukFC1tC8pkOoFfnsUHdK7lFjDka+hNFsd4KodQ9+AStEGvG9Q==\" \u003e\u003e /etc/smbcredentials/staapp.cred'\r\n  - sudo chmod 600 /etc/smbcredentials/staapp.cred\r\n  - sudo bash -c 'echo \"//staapp.file.core.windows.net/magentoshare01 /var/www/html/magento2/pub cifs nofail,credentials=/etc/smbcredentials/staapp.cred,dir_mode=0777,file_mode=0777,serverino,nosharesock,actimeo=30\" \u003e\u003e /etc/fstab'\r\n  - sudo mount -t cifs //staapp.file.core.windows.net/magentoshare01 /var/www/html/magento2/pub -o credentials=/etc/smbcredentials/staapp.cred,dir_mode=0777,file_mode=0777,serverino,nosharesock,actimeo=30\r\n  - sudo cp -R /home/magento/pub/* /var/www/html/magento2/pub\r\n  - rm var/.maintenance.flag",
                "content_type": "text/cloud-config",
                "filename": "../cloud-init/cloud-init-app.yaml",
                "merge_type": ""
              }
            ],
            "rendered": "H4sIAAAAAAAA/9xZ6Y7jOJL+X0C9A7d2ML27LlmHD9lueNCW5fu+DzSQoCRKoi2RMknZlgfz7gv5yHJWVtb0LBr7YwqVaTL48WNEkMEIOuuUCESENE8iVAFhHAgcQSbkEJ+R8yuwaEwcyJLql0Fn0DBGi6FZm26+fEp70hIxjimpADWrfP70+ZMkPYM+f3pwm5hHlGNxxUIhoO2HiIhfgYsDRGCIql+yWdkOaOxImGDx1JRgFGUTGAZfvtHNGSTcRUxqEJs6mHgVoFtYPAGutgh0fjDZlLjY+/xpgEP0Tuv/fIuJoL2HHnqJIweKlIbF6FXKK58/ASAB4mFyvjVtGkaUI3brhZBh6FiSHWBExI9kkqpk1TuLyyWbhiElqR4xR+zB7yAXxsF9fuqhCjjEiAhMUhEAHqNxxCuAxw79Chil4ibnPgqCCpAtTGQLcv8mjQKIyUvqj5cIcn5yKsAK4O2/quX+4z43dmgF/FLr96v/Vev3/xsMR+PabLYyK7V+/5c7hvsvMBY+ZfiCnJc9Sm4a3/5J4G/St94VLTEOQa1Wqxm54QXW1cTWGmnXrE1qRir2JmZtHXdqqGQuxSRzaEfWnNQHpIDHaqyvJo1R32zoxfF8ulWCja3M2ap7bGcuq0vUsOY92T1dzgV+0pNaYJB4WsrZtZEIi0mptS8kezGiHt/r6pJ0y/a6t9QnK7EuUJkk/OAH2FjVVtpuEjYG/bbh5s1Rc233oroTKCNjJNjYFmW9KEhz7Q8KpLBqKic2yTtLvHdXqKAnnmKsM63M1hoGOjbr7VnJrrUaHW2mXHBr1N8FyqF7yJR3uzrcaZaztApHYV1kz4+ClRj2JkfMzkd3VC+0c2trrUPU1ngtoB7aWGNeMsNmfCnMwoOcafaN7eWw1Lv+eHA26tGyGRZZpnHZmh6eaSujXJzkur7SEeOLfjp1hRf1w9kKQSNcJeNWbeSXBwYMtOnaMztbrdgYjyZzu7xaqzldn8HGoDlbe6dDDimhaAaF+aaV8S+7eLcp432RuLukn6jJEI4N3T8oF8Wu4x3qusowCJWytthbaqc7Ig6elfuz7XrX7M4z/enwovuHpCfTXYm08z2NnPPmoJ1p7vLdJJo5/BB29jpc951NowoIDaHzm4OO2EbPZ54LFPn/fie+TozNdkpH3VD2+8RqhQtj6BsN7hwXtcPSypcak0Ogj9DGM/LRSG4249Ko4/eoa9SNxFWDMj01VsRaNbdd3/VOkwwebndORsVbEdpFGzu7wySJvIadWeRz8Gj7jaWzdXY9tY+dTqcrlJFOS33Fq02HRB3vzGZ/nEOLjrYe5mr9xcXI8ell3Zt31Un7UpqpRuK7q/VJO/p8DMudXPdYho3SZRvXjbPsucvJJJGbCd97vdJyNW37iyC3rntD87zYGFFEDK9eN1ftaDNyLm25sI6no6njDWzb9Lry0Lfr3iaD2BHqZrDvBJcpXp7DQjzolfbHBjZJprbq5GCLe2eR68NZ5gzxKe/3+xQd88u8vZrvVv52jLqzztxEq32uXePG2TRWreM5p6vF5MR9Pdyb3WiXrOmpOF1Hc2OPNDYPWX5dzvjLFo3y290hmc8X8XzvWJsgOGE4ZzzueaNugSAtWEXqWO3MFdtUeHmntIaBXMj34DCntps4bi83y2WtlLSiQk7ru9OdL/xo4LRx7Hctfgp6c2Z2pzmsYtueKxAv9lUQCxxgDgWK2W+LeaffmdUkrbsw9eX0OQBYAgn9NwyAeMJNy/Evxkh0j0jMputpZ2j0t6TXuPRtEWS6Ob+51jSHjhPVEMIvYR3mbewdkklZzQ86nrNhcjQeNd22vjH6sND3m9oU2uecPZ2r0zG1whbRzEHDHtbs1e6kTlh5Pg1ybbvZK5QxQZN8vKemyO+29UUyXQe43hz4B8OZLJRYLWmL47DpKv2C1TeWl2C/SobnMdXLK9Nsbcp6u84n/U1nYh+mLt90lc2pW5gkrcVRLFa9cDDKKZYf+Mmk2w1bcnEyCZZyWOQD3K7jhsjok/OxQHIZuzxtF3w+TWBCLrxvD8NLY2geODM58Q6nSy9PUWmmq5teb0ly5QI5bvODDiuNjaLVkJd4FR1niuXXL7WhuantSo3zXhsXVtMc7CjFMbX6I3uxO4e5htodNaG8sdeTUmt9CRferhW1BxdhFA+zdmY4a7fnBwPtwiM/auakTDYHedhXub4vokxzdlpN9mI7XNeCZee4aA3YuqAOnMVZLNcCDRtNJA/ru7xRLG4KWBsMSsvuXg24F5bGncVOOZm7wFDc0jxYNHuZ4wHv+qKk/DgAarNlu64M0mLoxLBAL2l9+CiJIij8CpB9GiI5hB4igj4+bwfQvlV/FfAljrhgCIbAhVzYHn6xoL1HxAF//50AwBE7IgZATPC5IrOYyJEfpT+lrCq5UZjl1N7/+jv5x+/kd3IHXycGmAtEgKpktaySVcuVkvLrN8KXNGLBy10iwF8GtVbjZToazYF8hEw+nU6yL8LgobR2RWJiB7GDPoDI1zozm5amWQ7DKEA3vb6kLmIxsUPn7p00kgGMBMCECxgEgFNXnCBDUsRohJjA6FFrgr/+9Q53HAlGQmLoWp1TloAoghVKHIZ2qUOAlHzHfiuKn4ToHFEmwLg2b1f/kv6ufGCJdStd33B5DDro/SIPE6QEBNg6h4H2+JQcdEzbnAdPTfVRT/+I4bav94+HB+69cxg8mqHFBcPEewXG7HXMcx4tTMRVKu34N5Yw4YdXLKcwuiI4dXAcXpuC7hHBF8Re1+U3lgu+YS07hMIH347gkznh3sHsg+Nxf4A4b6PidX+vNkgj4AsR8YosD2otRSmU9EJeUyvQ1ZGas0pKMZ93NZjPqyXdzeeLbqFgWXrRKdhqoWjlrN9Op1P2zpx6DzEbZW0ayhGjTmwLLjv0RAIKHS6n4SoPblip3pC0bD6bzwrIstZFe7JJQAak+kdnHkjno/tdoP+cNPXAG66ntVxMHHCEDHiIIAYFcsAREYcyEMWWzAUU2L42Q+RgCGAUyUjYQBJJhIALJHRGNrD9kDrAy5zA3/8BMn8Wu/M9O/+e3vbpiQBpCk6nk+RAASuPxluD30xJyeLMGaQFwesF+YGjHk5/PTNp1D9NTG+yOKq8xtPxeASSZEGOpJgF1fRkVWRZU7Lpo1YvZjWtCCTJsSSfclG9k0iPB/DtosxGDB+hQAEm++x9KJvalNJm4SVm1wN247l+O3AHvTxAt6H0vfxY4rcfL3UDXgsgypzqmwoISBJ0QkwkFzMurutc+6/yAP5QjEKIg2pamD3W9lLJXeUb5qra22mvSly7qpYDkhRA4sXQQ1VEXhYzIKW3DkPETqqLmQkkSeAQXShB1VqIGLahXPexDT0KpHQFiaFrluRVFUgSR5DZvoTSjIGqKFUe2zehDiTpjeC2O6qSzWeVbP7daHqjV8uaorwbwcRBZyliyMXn6uvZ+R6Vqk1jUVUL74ZSx9y39Ha+3q390V69hSECrQBJaV1a/e7ylzwkAEMhPSIAI2j7SHuXYq4YGAv6R3BRzLw/TiVJP8Hb0Y8LGJDeCrdkL1+TvfMYueb+JwYWPmN5uv13Zzjymy+NblfH+3tDmn5076bS58xu+xR8CVFIWfIS4BALUAVa6wv429/AEd/VSCunUlaV3ShM21lM8HsKeH5J77lYYEpe0sMBqkAtKcq/TnUJsJWlsYhi8WLTMGKIc0wJqIIR+T8o9sdsswP8Z9n2M6p/3bYfs/GECxTaIgAMcQGZ+HFdccsTul4AWfk1ecl/NE28TxEOrqRa4wD9VJenL04fEfHxiYxi67t4iWLrfW2U+oSHls2Qg4jAMOBPmPRJDCQb/HLz8usFxAWEUXR17A8I5NtwNhX98jHb62216kV43aorxb6yNRuDojO3B94wExYTeVs7ZzbLnlc/xvtmXRX1UrQf0aZL+KLt9PSguTP3MOMPm9zJ96gzKWdqM9FoHVvlSbX6r+p329WiovyzSR/bJD9gaTWXtSlD2RMmDj3xLEHisRPchwwp6s92zsYuB4S6EAdfn7So/hPNvjqYvYTUQVVF1/WvqRZP3Vtex4R+JTcd0sfaV2hfc041p3xzmMsFtJ59E9KYCCCJm2J/mpkSBf9v1r0PnO+jQ/6fn+h6m87CtGKVsyHE6YMZEhtl3QB63//9RpI+f/rfAAAA//9GB9AzHhoAAA=="
          },
          "sensitive_attributes": []
        }
      ]
    },
    {
      "mode": "data",
      "type": "template_cloudinit_config",
      "name": "configbastion",
      "provider": "provider[\"registry.terraform.io/hashicorp/template\"]",
      "instances": [
        {
          "schema_version": 0,
          "attributes": {
            "base64_encode": true,
            "gzip": true,
            "id": "1635860094",
            "part": [
              {
                "content": "#cloud-config\r\npackage_update: true\r\npackages:\r\n  - apt-transport-https\r\n\r\nusers:\r\n  - default\r\n  - name: quentin\r\n    groups: sudo, root\r\n    shell: /bin/bash\r\n    plain_text_passwd: blabla123!\r\n    sudo: 'ALL=(ALL) NOPASSWD:ALL'\r\n    ssh_authorized_keys:\r\n        - \u003e-\r\n          ssh-rsa AAAAB3NzaC1yc2EAAAADAQABAAABgQDAXuIAe8DVtQ+qHpbTnCMn5iP1u7WQEOLDE76PTRZ0lYc0TrWJvH+zWzpEbTK/fwzx5sw7yAlBnuR83cAOtm6y8Gk5yktOogsk71VnJ9cXKV7QWtX5o/nysqhliBWAW2jQmEMLHBf4DOFXcKpCdl0OBOtrPct976tnFXhM5n5WF0wrQ4dVikfWe57yg0BX+G+ZbNl7iDCHS8cAGEI2S0ziGOLjl0qJq+9jjCaj2bdVb5vtbz/ghplWtNKQvirxvfOC5H3XbX7aeH2sAlogeYbPs8DmFuz5Smq/+FLBZzqV7JhPMxBCpVFm6r+EzZDgiS2WB96Q3Jh0ItPz7wwJtgpLmSWeaBmWyPGAOh9MBal2RXgDIZ26EPOQTc9WX1377SaEMFSXgwq3e0mtFl5TYG+hzjujY9ik6nfjyLy1yNaPB7hq0z0cCijeJf0Nlm092Ukb1IJOndiS9LSZXjFJT+LRNz7hqyK/oj8nH4K2nx4DMH+Fj4JypSdsqmIk7aXLdYE= nomad@device\r\n  - name: steph\r\n    groups: sudo, root\r\n    shell: /bin/bash\r\n    plain_text_passwd: blabla123!\r\n    sudo: 'ALL=(ALL) NOPASSWD:ALL'\r\n    ssh_authorized_keys:\r\n        - \u003e-\r\n          ssh-rsa AAAAB3NzaC1yc2EAAAADAQABAAABgQCnBYZRoOJm/hLnbGmUBNhBEsdvUAqVb48EQql7OeYgB4pO/FFu8OIhKofBCByf1l9owEWnbWFZJhfgwQ+iNZjd+1iZtmc6cidjqQypgEc+U43avchEVdZdjK1LidIIJt0O7o8L0gARNn1PjDFLP3eUI2XN3ALUzB3sRzXKTJ1QHz8S1ByhfWXw2vhsPa9I3Jv9aE8zZuCBx/gfVQQy/FyskgK8VWRHhUl3XCgNDxUYBppnBgCCDWHpYOdzH/5XuRORdgMccDgJ/NhcCgY+erva7DlkIlzRiVxm5uMK8kvEiDn+AWI3aGsgxt3LaS+xaiw4hLLoev4V4cWTjWhZPeJSITDeWk3HAsBxDBWGvx3716ywsh7mkDJpjyXow6RXpTBke2rTmr4X9+hVGop4ZjqyTTUuTkdbYllwiaTrsuKgOJ5ne2lWp1P1IT0cD0s9j0GNl/54KaN31HFiuHVYVVA8yGp532LfRjhthpMdHiuhJbswlKTrDJR3i1iccT0aiUk= utilisateur@UTILISA-2JUD7VR\r\n  - name: ryano\r\n    groups: sudo, root\r\n    shell: /bin/bash\r\n    plain_text_passwd: blabla123!\r\n    sudo: 'ALL=(ALL) NOPASSWD:ALL'\r\n    ssh_authorized_keys:\r\n        - \u003e-\r\n          ssh-rsa AAAAB3NzaC1yc2EAAAADAQABAAABgQCuQsDbdhzBOtJvetSRXRINBLZnKEzLctl+J3hFX22doPy1Btth8i7a4cigqyQ914MIgdYr/pPOFfH7YBLa5LhF2Racx3cRT1RPobmGn2DMEcNAcWjw1Qr9TRl3HcFK59ineQ4ukoDt4jZCUyRXliCFMhqBdQU0u182UvNFf0L5bLBVzlkWyNxPo79WDDGY97HCsQLYIQcqRfsYJ0YwJ5QyGUvtUWKmMO30bhlhyQJJmG/6QQlV/m6sMiHCiEt+7Qxv5n3+c9RH5hsRyaynzsLcNmzENDqsrDsngqwzK4oe8S71YKKVn395nvZ4MIr8PB6bE/ViWpvS0bhCzANDYAj8Exk2P5WR3aI06PobLOcUjxm3E1JOFa/YcXQ8GXzmUgjGpHMztB6qSH+NSHHTqBejmvsv2DQ9nYq/NL1s7k6e+FSwWQktZNXAlVIvUGMrX51MdUxtVXteNEFe/NCj4B66Y5i2MM8VJk1lsgm8PIUj0wDjlB0f8TlUFK+vqijLt80= utilisateur@UTILISA-ASVHC0M\r\n",
                "content_type": "text/cloud-config",
                "filename": "../cloud-init/cloud-init-bastion.yaml",
                "merge_type": ""
              }
            ],
            "rendered": "H4sIAAAAAAAA/9yW2a6j2BmF749U7+BULjqR4zKDMfi0KmowYMAMZgbflDaDYTMPG2x4+uh0dacr6jxBc8Va+v6l/5fWxT63DUobtHOWLn3f1FOFYAcGtK/hK01+3kTt1CRgWL5+1mRN4AxX51kr/Pz2oXZeOoywbd43+Bfs09unt93uR+jT2+/ZPBy7doToVxYgBOK8Thv08+YBq7QBdfr185cv+7hqp2QHG4h++N1FYPyY+7KAuvr8R6QzgGZ8pMNOaOI2gU32vqEjiH4Afr0Hpa/f0+K2ecDs05sG6/RPm//9f5kOxCXI0m9TlwD0ETNM6X/d8f3T22az24AO7dDHGl07oF2OUDd+RE1jOvyOJOkDTBX6Lj4Ofd/0U9og2HxYm002tFM3vm/GKWn/tRnaFn33xzytqvfNPoLNPgJj/t3tKgCbbx8nfevAOD6T901UgagCOEH+7bfBKWnfNz+xqvr1H6yq/nOjGzfWtn3+nVXVn35jxvwbmFDeDnBNk29lunxf9/u32/x794f6ld4NI9iwLMtypL6CM77EhPAhedZkuQ87M3k2mGQ2ZXgPmdte6iKnOWsNBW/4RPumYKi8QB9vjnXHqjDGnMFXZmm7+msnRM51/3iuL2p80gtbcc1kMWTMGqg+LsylpJYSGW02ljTuNcopDq4ebfoooNp9s4x9XkHOZ32iMGtBUyXuceANMYiv3TmpMIMz0HCL0Yk+okYMco1qKF/EnoN5SDxYPvyUopcM44LtZXuP9IqG/FmymZi9CDJhYyu8GGpRYb3Sb09FcQYFESVeRM0oWvdZ3lU+0q/mDIfX/DDOlEQGUUCDVCJGtmqzNIxuI8PX4rRSdt3vt6LK3dfeo5X8pr24c+eJ9XHYCuudz6BN+NzpaJJKjsnottLPp4KyTq1tPwVc7S+3C2vkJ40DFWEFGS/fiaNwM0wnPvkBTtK0DQRNtIPs2ZMpViOxopzwss3XYirCEyyPzaNY1AVfdHDj6LzHViw+wyJVHphe1diJcMsIlxWjSaB9Uu17UIiKs1UtfaXzfrnu24JppMOVaF4HXpO2YnFQls5Oxr6WSxoEahIKXzdNW4PklySdYZz+WPgRpV3+F6v7ueHCu9UaSr3P1Sa61C6n55wwJrPL9l50YASzr2gjDTPu0Bl7UZwYQ86v7YM7c8sDr07tU/CbyBfvSv7InuYW6vci2eLwjur4GMOk6M2ly4R46x5IMMe54CX3pLjiKkxkWUGYQbeMimWspTf4reBF9UamrkwEOsmq7sqRo7UGV0fBTWllbJxb8ocfPIk5H2/gJJPKfAICs96nM/faZw/PNJe9uIxldmU835JytyKDc6bzLzfkuq7hsvOZ96UuNJJV2lPBZBlWkmlxzGfKXs/jcxZu02EGNF+VcrVa0HvV1KRdmXIWIN9sWV8mwWXMXohUgb19Afg85KrapvPBO8S+U/j5/ZYqtuzwqV+SEjtyL57zL/OLpPHj8hxzui55pSuWoH0eraBzuDIlBqceDsFpm3uXtjvci35xHHdyyiQKq+oJgTOM0zUzFKpJicrv8BsuO1jMY+OpwC56tacOV6CTuCTCSfJCz2OZ5dJRJKE+rCJHeaclEpxyJRqf1dUZeMUiIQ7j2MEAdMuvmwnBCo4ApdPwi+vIqmyzO0Jxedqzfmz/sICm/au1fzJHPkrylTOQMqfItgJL1jn13lyFVY1RtVXIXAwIImlvC84hlDOQBocYZv1invCDJmdJOOy7myE+JDrkVECpuUhYIH6RseXg1q2N6ktD8JoQ62zsF0/cHE6OVZFSLF6pE2xS8zCVLY8Oxf3sLlZQwbOo5T2XmC424Qzhzrr4wFQqUjlvrUp/0V+3lj75PH8JT7R0Hk01lM24tx5jqGDhU6HM5eLOyPWvtWaQWJRX+WIqSn3ZH02z8vb1cdSgdIYC2tLma6YachufLInKR2sBS7OOaqzXq6Dz/TjwY5P1z/V6aFPGpvHwevUa8kQ18/2gyQNz446RsPeg3802FuXnldX5kC0Y4VUSN8q3SCBjx1sbqUbsFq+aFHDFEME+jAOTuQRr7WbFpZO0FXHH3pa2ui1JTs+lRT2PM8Gbpybs97qKj3R5TLei/fTNEt31gK08eXYv2hBQuJa4L+QFKNUFMd3r5+LAHY8hBQlNYzylxKsxq5mb7BbYky8qDnswTuWK1+3cw0JFDPb/28/annTGtD8/BHe7T2//CQAA//8YmmeKZwoAAA=="
          },
          "sensitive_attributes": []
        }
      ]
    },
    {
      "mode": "data",
      "type": "template_cloudinit_config",
      "name": "configelastic",
      "provider": "provider[\"registry.terraform.io/hashicorp/template\"]",
      "instances": [
        {
          "schema_version": 0,
          "attributes": {
            "base64_encode": true,
            "gzip": true,
            "id": "3764722894",
            "part": [
              {
                "content": "#cloud-config\r\npackage_update: true\r\npackages:\r\n  - apt-transport-https\r\n\r\nusers:\r\n  - default\r\n  - name: quentin\r\n    groups: sudo, root\r\n    shell: /bin/bash\r\n    plain_text_passwd: blabla123!\r\n    sudo: 'ALL=(ALL) NOPASSWD:ALL'\r\n    ssh_authorized_keys:\r\n        - \u003e-\r\n          ssh-rsa AAAAB3NzaC1yc2EAAAADAQABAAABgQDAXuIAe8DVtQ+qHpbTnCMn5iP1u7WQEOLDE76PTRZ0lYc0TrWJvH+zWzpEbTK/fwzx5sw7yAlBnuR83cAOtm6y8Gk5yktOogsk71VnJ9cXKV7QWtX5o/nysqhliBWAW2jQmEMLHBf4DOFXcKpCdl0OBOtrPct976tnFXhM5n5WF0wrQ4dVikfWe57yg0BX+G+ZbNl7iDCHS8cAGEI2S0ziGOLjl0qJq+9jjCaj2bdVb5vtbz/ghplWtNKQvirxvfOC5H3XbX7aeH2sAlogeYbPs8DmFuz5Smq/+FLBZzqV7JhPMxBCpVFm6r+EzZDgiS2WB96Q3Jh0ItPz7wwJtgpLmSWeaBmWyPGAOh9MBal2RXgDIZ26EPOQTc9WX1377SaEMFSXgwq3e0mtFl5TYG+hzjujY9ik6nfjyLy1yNaPB7hq0z0cCijeJf0Nlm092Ukb1IJOndiS9LSZXjFJT+LRNz7hqyK/oj8nH4K2nx4DMH+Fj4JypSdsqmIk7aXLdYE= nomad@device\r\n  - name: steph\r\n    groups: sudo, root\r\n    shell: /bin/bash\r\n    plain_text_passwd: blabla123!\r\n    sudo: 'ALL=(ALL) NOPASSWD:ALL'\r\n    ssh_authorized_keys:\r\n        - \u003e-\r\n          ssh-rsa AAAAB3NzaC1yc2EAAAADAQABAAABgQCnBYZRoOJm/hLnbGmUBNhBEsdvUAqVb48EQql7OeYgB4pO/FFu8OIhKofBCByf1l9owEWnbWFZJhfgwQ+iNZjd+1iZtmc6cidjqQypgEc+U43avchEVdZdjK1LidIIJt0O7o8L0gARNn1PjDFLP3eUI2XN3ALUzB3sRzXKTJ1QHz8S1ByhfWXw2vhsPa9I3Jv9aE8zZuCBx/gfVQQy/FyskgK8VWRHhUl3XCgNDxUYBppnBgCCDWHpYOdzH/5XuRORdgMccDgJ/NhcCgY+erva7DlkIlzRiVxm5uMK8kvEiDn+AWI3aGsgxt3LaS+xaiw4hLLoev4V4cWTjWhZPeJSITDeWk3HAsBxDBWGvx3716ywsh7mkDJpjyXow6RXpTBke2rTmr4X9+hVGop4ZjqyTTUuTkdbYllwiaTrsuKgOJ5ne2lWp1P1IT0cD0s9j0GNl/54KaN31HFiuHVYVVA8yGp532LfRjhthpMdHiuhJbswlKTrDJR3i1iccT0aiUk= utilisateur@UTILISA-2JUD7VR\r\n  - name: ryano\r\n    groups: sudo, root\r\n    shell: /bin/bash\r\n    plain_text_passwd: blabla123!\r\n    sudo: 'ALL=(ALL) NOPASSWD:ALL'\r\n    ssh_authorized_keys:\r\n        - \u003e-\r\n          ssh-rsa AAAAB3NzaC1yc2EAAAADAQABAAABgQCuQsDbdhzBOtJvetSRXRINBLZnKEzLctl+J3hFX22doPy1Btth8i7a4cigqyQ914MIgdYr/pPOFfH7YBLa5LhF2Racx3cRT1RPobmGn2DMEcNAcWjw1Qr9TRl3HcFK59ineQ4ukoDt4jZCUyRXliCFMhqBdQU0u182UvNFf0L5bLBVzlkWyNxPo79WDDGY97HCsQLYIQcqRfsYJ0YwJ5QyGUvtUWKmMO30bhlhyQJJmG/6QQlV/m6sMiHCiEt+7Qxv5n3+c9RH5hsRyaynzsLcNmzENDqsrDsngqwzK4oe8S71YKKVn395nvZ4MIr8PB6bE/ViWpvS0bhCzANDYAj8Exk2P5WR3aI06PobLOcUjxm3E1JOFa/YcXQ8GXzmUgjGpHMztB6qSH+NSHHTqBejmvsv2DQ9nYq/NL1s7k6e+FSwWQktZNXAlVIvUGMrX51MdUxtVXteNEFe/NCj4B66Y5i2MM8VJk1lsgm8PIUj0wDjlB0f8TlUFK+vqijLt80= utilisateur@UTILISA-ASVHC0M\r\n\r\nwrite_files:\r\n  - path: /home/elastic/elasticsearch.yml\r\n    content: \"cluster.name: my-application\\nnode.name: node-1\\npath.data: /var/lib/elasticsearch\\npath.logs: /var/log/elasticsearch\\nnetwork.host: 10.4.0.4\\nxpack.security.enabled: true\\nxpack.security.enrollment.enabled: true\\nxpack.security.http.ssl:\\n  enabled: false\\n  keystore.path: certs/http.p12\\n\\nxpack.security.transport.ssl:\\n  enabled: true\\n  verification_mode: certificate\\n  keystore.path: certs/transport.p12\\n  truststore.path: certs/transport.p12\\ncluster.initial_master_nodes: [\\\"node-1\\\"]\\nhttp.host: 0.0.0.0\\n\"\r\n\r\n\r\nruncmd:\r\n  - wget -qO - https://artifacts.elastic.co/GPG-KEY-elasticsearch | sudo gpg --dearmor -o /usr/share/keyrings/elasticsearch-keyring.gpg\r\n  - echo \"deb [signed-by=/usr/share/keyrings/elasticsearch-keyring.gpg] https://artifacts.elastic.co/packages/8.x/apt stable main\" | sudo tee /etc/apt/sources.list.d/elastic-8.x.list\r\n  - sudo apt-get update\r\n  - sudo apt install elasticsearch -y\r\n  - sudo cp /etc/elasticsearch/elasticsearch.yml /home/elastic/backup_elastisearch.yml\r\n  - sudo rm /etc/elasticsearch/elasticsearch.yml\r\n  - sudo cp /home/elastic/elasticsearch.yml /etc/elasticsearch/elasticsearch.yml\r\n  - sudo chown root:elasticsearch /etc/elasticsearch/elasticsearch.yml\r\n  - sudo chmod 660 /etc/elasticsearch/elasticsearch.yml\r\n  - sudo /bin/systemctl daemon-reload\r\n  - sudo /bin/systemctl enable elasticsearch.service\r\n  - sudo systemctl start elasticsearch.service\r\n  - cd /usr/share/elasticsearch/bin \u0026\u0026 sudo ./elasticsearch-users useradd magento -p blablabla123! -r superuser\r\n\r\n\r\n",
                "content_type": "text/cloud-config",
                "filename": "../cloud-init/cloud-init-elastic.yaml",
                "merge_type": ""
              }
            ],
            "rendered": "H4sIAAAAAAAA/9xYa5OiSJf+XhH9H9jaiHd2w0XAG+pEbwyIN0QUb6BTExUJpJCYJEgmKsT++A20arqrey5vfx2NUPLw5HPOyTwHn3SQEAYJ4zdFCvtcnGOGUpAxIUY36P/MuUlOfJAVn5/n0/lQXWxNTVntn5+qEb+DGUUJ6XNSXfz09OmJ578GfXp659YQTROK2B0LGANeGEPCfuaOCEMCYvj5uV4XPJzkPo8IYl9d8hADypBXL0CMn79QbjJA6BFm/JB4iY9I0OdkF7GvAPd8GLy9s3kJOaLg09McxfC7yP/zIyYF3gkE8DVPfcAqmiyHv1tp/9MTx/EcSBnPqjDSJGN8yFhKK6qcwuwd4sMjyDF7DKpE+9w5h4QhUpk4LsiSPKV9juZ+8j9cliTsYachxLjPCS4iggto+LCmGCDyWqX0mgJKr36fczFwMZAazf94m5j7SZ/7STGMz/+lGMZ/c+ZiqazXttZXDOOnNwwNX0HOwiRDJfRfT7B4hPt48dz/8l9GdzSfUcApiqKoTbMEA6nwGsNqqCmWolbmwNIUJ58qsKvtmFU7T1J3QwZz0kZLKZdta7gwtKHcWW5WBxHvPXGT2fplUivtMh26m5lwvJa3Nr3KhYJVkq+6TU9ZsLhTdMendnFiiySgJ1naEb3nObOdbNnMaScCKeg5xEi1FbsRWfFwbkzUY0tbjBxvlg58LC7UBcuWHuvJHUZGTjhvk7Y9Eq+Z1fJ36HS0YVsuAlF1auPawTWxjLTBZN31lPFw2liLJRovjAiLZ/1c60XRAEQN19+57QtzSyEIU2wzc2ZdUHa7HBeD9qTpuI4M4KRBFZwEcO8uaVeLR3nZXsdnoTYy1EN53sl6uJzf1EG6G8WdrDYsD1qA1g1b7XWsph6KU7Ys5etVZ0FqxGsbAjW2i+VYWYS9uQpwY+UE2vTQ6AyXC2vj9WxHasryGgzno7UTXM9NKMZshNub/bgWllEe7Xvo1CHHqDAKqTDBUpXDs1iK3gBFUD+KJo7FXmN7cqWpviA+WveM9cGJRvqmZqzMUg7PxUxIoi6ZtGYNcmtp80ltFLX0Il379BxPTzJwDH8//MyRJAb+Lz68IA9+XfCUwTT8h5X7gKj7wypZ6LEQGsQdx1vVDNUh9S9b5bxzW92hdcbyAu4DtZUuhNEo7y6m4Sw5qgO1OEq4l1yHNnHt0UEPj8HVqiHzEPk1CR1Y7HU85Ednq0iDoVfbtprg4oXDnX/wo5lkIH861Zm4kJOuIQbKyiTSMtJGxrIJt9OGYzYVY1uqTboqndlGl6xJ2V1LahEebefauIR0CXrTpn7pgWG3POQD9SYEx51lFcKooKdg1t3Zq0m4xU1nEJjabbtX05SowWCg2ZN0v/DLidB28tVi5Qdzz9MCXTBDbxDsazC7AFnDpykuV2h3i9v5fNY9XYZIIzXFnjbBmAY31jTAunYD6NoKDSOBl9au5dmbyA4PS6ivpxsN2qfmRKHqTVPt8eXWlKVOcaWhHJ80PY0KJ7l2Vk66UU+wkW3irOX0auFunKStQ3QuNpttvjn57h7jKwKbjOazYKG3CWxgO5WW0nQjeppIe5E4NrHQbs2A2ZQmI5RPdvvdTukW47TdbBjHVRSyMJ37E5SHukuveLbJNH3VRBLyvI0I0Pb0mcsZwogCBvPsl+1makzXCt/Qt5q8W31d/VkBSPJPq/7coprrh6W6YPoFsvXKWU1N1TiQ2bA0PIZrejMcOY2GnywLSWUs7CIZtDwUnAurJ7Xm08DfZ0K6XIyOE3mvGqBthKPGCni3prfaSKtl4sZj0tDmQ89UPDu6SlbW26xwc+KNZu0eItBq5adEY63oMNgWKwejwWgenlXf2oq51G1sL+boKBpt11B3JT7ZhXlbJnLP1rTxvidPBtQy9lPLO6+OdK+L+6vetorx9sK29iyeL5qiG+KwsHQ9Hgsdy8I7Ie7QOZoM0JDVZOt2aZNmzeutJu2QrgpQkJIanhmXQ1M700yjJDhfy1krgd21LO1nsx1p9trkcmjNp1l3qXbcobBDdnpZi244KBVT2ytRd3g7NZZte9UEU7GzTFxj4W2jW9wcSvpiBIS951jdsVPG2yAap5N5ydTOeT2pmevJZHNWYRRf6KWhWT2yPwumIVH51IG10fpqWyd2MB0F76aX7XieOW1p7m9vbOcwaA5HUDAHUUvtdPZt1JjPuzv9JGEaxN3ldBuJVy3CqnjsbvB2NKtdzigyWFf84+pX1rvJQJxXGuiaIQZfK3X3roRSwMI+J4RJDIU3Sff+TSHIvLBexPhRit5DwfW5Zw/nlMGs/miluOBBmmLkgUpIvhCS+PDtVnXJSy+k8lL3AQN9TriATMDI/ejlDYKTgL5DkuBbCIHsmmSnephQ1ucksd6qi/XWC7lVArBOoZdniBV1SICLof9Qh39wN0swrmTu3wAr4VinFPdfCMf9Dj0CTGFlqTqWJRmsP1bQgxmjwn1OKjVeyHd0vyvS7zkf7jnuAjN0fFvG1zjx4YP2Yftzp1+Y7565io+yv8W9b2Kl5hHArzGohq/VltE+9+vL89vmPf/2Qu55PZZdrN/fL+S5KqhPT1lOvNh/q6ZrABnHnxccz911d18QQJUA8Bitv58YvEQYL8f8bLjnP2ww93/3JycXpAHH8z4EWZxkHJ9wQk4zgYYgg8IJFhkiAf1YGvybuR6kwSMQ6IUJ9+xDl/uVooBAn3eLzz/E89tfZ/B+5hC69ZsAUsZRVu0mFwNEnt8zYRByAmReBRBokmcepHWMKKv77475bv12Nz3ivk+rDjDVQj5OOR9vcIhQBjDmPi4dX3wF89KH1w+Q77v6m653gXfK09fH8GPvv/Fm8b/F+00kf/1o+WHGMLmS+490/+MK/DBPnPhcpyP+6MS7HKAFZTD2GOZ8AOOE8BnECfD/HPbo9Y+bVqcw+yLK77O+TKAMZOyv8J7/dV98jN9FhPvXvx6U9W9K/H4M5qpP4PtcDAJIWMLx6ZuKeRMyHJ9xNE9hVgEfjf7t3wg8/+np/wMAAP//9Vc/K6UQAAA="
          },
          "sensitive_attributes": []
        }
      ]
    },
    {
      "mode": "data",
      "type": "template_file",
      "name": "scriptapp",
      "provider": "provider[\"registry.terraform.io/hashicorp/template\"]",
      "instances": [
        {
          "schema_version": 0,
          "attributes": {
            "filename": null,
            "id": "74a33345e45f2d0b4dae14e88fa6e2a6c52b945240aae0465668439ed4c6cce1",
            "rendered": "#cloud-config\r\npackage_update: true\r\npackages:\r\n  - nginx\r\n  - composer\r\n  - mariadb-client\r\n  - mariadb-client-10.1\r\n  - nfs-common\r\n\r\nusers:\r\n  - default\r\n  - name: quentin\r\n    groups: sudo, root\r\n    shell: /bin/bash\r\n    plain_text_passwd: blablabla123!\r\n    sudo: 'ALL=(ALL) NOPASSWD:ALL'\r\n    ssh_authorized_keys:\r\n        - \u003e-\r\n          ssh-rsa AAAAB3NzaC1yc2EAAAADAQABAAABgQDAXuIAe8DVtQ+qHpbTnCMn5iP1u7WQEOLDE76PTRZ0lYc0TrWJvH+zWzpEbTK/fwzx5sw7yAlBnuR83cAOtm6y8Gk5yktOogsk71VnJ9cXKV7QWtX5o/nysqhliBWAW2jQmEMLHBf4DOFXcKpCdl0OBOtrPct976tnFXhM5n5WF0wrQ4dVikfWe57yg0BX+G+ZbNl7iDCHS8cAGEI2S0ziGOLjl0qJq+9jjCaj2bdVb5vtbz/ghplWtNKQvirxvfOC5H3XbX7aeH2sAlogeYbPs8DmFuz5Smq/+FLBZzqV7JhPMxBCpVFm6r+EzZDgiS2WB96Q3Jh0ItPz7wwJtgpLmSWeaBmWyPGAOh9MBal2RXgDIZ26EPOQTc9WX1377SaEMFSXgwq3e0mtFl5TYG+hzjujY9ik6nfjyLy1yNaPB7hq0z0cCijeJf0Nlm092Ukb1IJOndiS9LSZXjFJT+LRNz7hqyK/oj8nH4K2nx4DMH+Fj4JypSdsqmIk7aXLdYE= nomad@device\r\n  - name: steph\r\n    groups: sudo, root\r\n    shell: /bin/bash\r\n    plain_text_passwd: blablabla123!\r\n    sudo: 'ALL=(ALL) NOPASSWD:ALL'\r\n    ssh_authorized_keys:\r\n        - \u003e-\r\n          ssh-rsa AAAAB3NzaC1yc2EAAAADAQABAAABgQCnBYZRoOJm/hLnbGmUBNhBEsdvUAqVb48EQql7OeYgB4pO/FFu8OIhKofBCByf1l9owEWnbWFZJhfgwQ+iNZjd+1iZtmc6cidjqQypgEc+U43avchEVdZdjK1LidIIJt0O7o8L0gARNn1PjDFLP3eUI2XN3ALUzB3sRzXKTJ1QHz8S1ByhfWXw2vhsPa9I3Jv9aE8zZuCBx/gfVQQy/FyskgK8VWRHhUl3XCgNDxUYBppnBgCCDWHpYOdzH/5XuRORdgMccDgJ/NhcCgY+erva7DlkIlzRiVxm5uMK8kvEiDn+AWI3aGsgxt3LaS+xaiw4hLLoev4V4cWTjWhZPeJSITDeWk3HAsBxDBWGvx3716ywsh7mkDJpjyXow6RXpTBke2rTmr4X9+hVGop4ZjqyTTUuTkdbYllwiaTrsuKgOJ5ne2lWp1P1IT0cD0s9j0GNl/54KaN31HFiuHVYVVA8yGp532LfRjhthpMdHiuhJbswlKTrDJR3i1iccT0aiUk= utilisateur@UTILISA-2JUD7VR\r\n  - name: ryano\r\n    groups: sudo, root\r\n    shell: /bin/bash\r\n    plain_text_passwd: blablabla123!\r\n    sudo: 'ALL=(ALL) NOPASSWD:ALL'\r\n    ssh_authorized_keys:\r\n        - \u003e-\r\n          ssh-rsa AAAAB3NzaC1yc2EAAAADAQABAAABgQCuQsDbdhzBOtJvetSRXRINBLZnKEzLctl+J3hFX22doPy1Btth8i7a4cigqyQ914MIgdYr/pPOFfH7YBLa5LhF2Racx3cRT1RPobmGn2DMEcNAcWjw1Qr9TRl3HcFK59ineQ4ukoDt4jZCUyRXliCFMhqBdQU0u182UvNFf0L5bLBVzlkWyNxPo79WDDGY97HCsQLYIQcqRfsYJ0YwJ5QyGUvtUWKmMO30bhlhyQJJmG/6QQlV/m6sMiHCiEt+7Qxv5n3+c9RH5hsRyaynzsLcNmzENDqsrDsngqwzK4oe8S71YKKVn395nvZ4MIr8PB6bE/ViWpvS0bhCzANDYAj8Exk2P5WR3aI06PobLOcUjxm3E1JOFa/YcXQ8GXzmUgjGpHMztB6qSH+NSHHTqBejmvsv2DQ9nYq/NL1s7k6e+FSwWQktZNXAlVIvUGMrX51MdUxtVXteNEFe/NCj4B66Y5i2MM8VJk1lsgm8PIUj0wDjlB0f8TlUFK+vqijLt80= utilisateur@UTILISA-ASVHC0M\r\n\r\nwrite_files:\r\n  - path: /home/magento/magento\r\n    content: \"upstream fastcgi_backend {\\n  server  unix:/run/php/php8.1-fpm.sock;\\n}\\n\\nserver {\\n  listen 10.2.0.19:80;\\n  server_name _;\\n  set $MAGE_ROOT /var/www/html/magento2;\\n  include /var/www/html/magento2/nginx.conf.sample;\\n}\\n\"\r\n\r\nruncmd:\r\n  - sudo apt install software-properties-common \u0026\u0026 sudo add-apt-repository ppa:ondrej/php -y\r\n  - sudo apt update\r\n  - sudo export PATH=$PATH:/var/www/html/magento2/bin\r\n  - sudo apt upgrade -y\r\n  - sudo apt install -y libxml2 libxml2-dev libssl-dev libssl1.1\r\n  - sudo apt install -y php8.1 php8.1-common php8.1-xml php8.1-mbstring php8.1-curl php8.1-gd php8.1-intl php-json php8.1-mysql php8.1-soap php-sodium php-tokenizer php8.1-xsl php-zip php-bcmath php8.1-fpm\r\n  - sudo mkdir /var/www/html/magento2\r\n  - cd /home/magento \u0026\u0026 sudo curl -O https://MAG005875421:af7e13b80644f2a44187f446f55bb76d5c156b3b@www.magentocommerce.com/products/downloads/file/Magento-CE-2.4.4.tar.bz2\r\n  - sudo tar -C /var/www/html/magento2/ -xvf /home/magento/Magento-CE-2.4.4.tar.bz2\r\n  - cd /var/www/html/\r\n  - sudo find var generated vendor pub/static pub/media app/etc -type f -exec chmod g+w {} +\r\n  - sudo find var generated vendor pub/static pub/media app/etc -type d -exec chmod g+ws {} +\r\n  - sudo chown -R www-data:www-data /var/www/html\r\n  - sudo chmod u+x bin/magento\r\n\r\n  - cd /var/www/html/magento2 \u0026\u0026 sudo php bin/magento setup:install -vvv --base-url=http://20.10.176.226 --db-host=magento-mariadb-server.privatelink.mariadb.database.azure.com --db-name=mariadb_database --db-user=magento@magento-mariadb-server --db-password=blablabla123! --admin-firstname=admin --admin-lastname=admin --admin-email=ryanmagento@gmail.com --admin-user=admin --admin-password=admin123 --language=en_US --currency=USD --timezone=America/Chicago --use-rewrites=1 --search-engine=elasticsearch7 --elasticsearch-host=10.4.0.4 --elasticsearch-port=9200 --elasticsearch-index-prefix=magento2 --elasticsearch-timeout=15 --elasticsearch-username=magento --elasticsearch-password=blablabla123! --elasticsearch-enable-auth=1\r\n  - sudo apt-get remove apache2 -y\r\n  - sudo apt-get autoremove apache2 -y\r\n  - sudo apt-get purge apache2 -y\r\n  - sudo apt-get autoremove --purge apache2 -y\r\n  - sudo cp /home/magento/magento /etc/nginx/conf.d/magento.conf\r\n  - sudo rm /etc/nginx/sites-enabled/default\r\n  - chown www-data:www-data -R /var/www/html/magento2/var/\r\n  - sudo echo \"memory_limit = 2G\" \u003e\u003e vim /etc/php/8.1/fpm/php.ini\r\n  - sudo echo \"max_execution_time = 1800\" \u003e\u003e vim /etc/php/8.1/fpm/php.ini\r\n  - sudo echo \"zlib.output_compression = On\" \u003e\u003e vim /etc/php/8.1/fpm/php.ini\r\n  - sudo echo \"memory_limit = 2G\" \u003e\u003e vim /etc/php/8.1/cli/php.ini\r\n  - sudo echo \"max_execution_time = 1800\" \u003e\u003e vim /etc/php/8.1/cli/php.ini\r\n  - sudo echo \"zlib.output_compression = On\" \u003e\u003e vim /etc/php/8.1/cli/php.ini\r\n  - sudo systemctl restart php8.1-fpm\r\n  - sudo chmod 775 ./generated/\r\n  - cd /var/www/html/magento2 \u0026\u0026 sudo bin/magento setup:di:compile\r\n  - sudo systemctl restart nginx\r\n  - sudo cp -R /var/www/html/magento2/pub /home/magento/pub\r\n  - sudo mkdir /etc/smbcredentials\r\n  - sudo bash -c 'echo \"username=staapp\" \u003e\u003e /etc/smbcredentials/staapp.cred'\r\n  - sudo bash -c 'echo \"password=WKpiXGC06L0ZDEM6dTcMgN+m6y/ZAx+YVKgCvukFC1tC8pkOoFfnsUHdK7lFjDka+hNFsd4KodQ9+AStEGvG9Q==\" \u003e\u003e /etc/smbcredentials/staapp.cred'\r\n  - sudo chmod 600 /etc/smbcredentials/staapp.cred\r\n  - sudo bash -c 'echo \"//staapp.file.core.windows.net/magentoshare01 /var/www/html/magento2/pub cifs nofail,credentials=/etc/smbcredentials/staapp.cred,dir_mode=0777,file_mode=0777,serverino,nosharesock,actimeo=30\" \u003e\u003e /etc/fstab'\r\n  - sudo mount -t cifs //staapp.file.core.windows.net/magentoshare01 /var/www/html/magento2/pub -o credentials=/etc/smbcredentials/staapp.cred,dir_mode=0777,file_mode=0777,serverino,nosharesock,actimeo=30\r\n  - sudo cp -R /home/magento/pub/* /var/www/html/magento2/pub\r\n  - rm var/.maintenance.flag",
            "template": "#cloud-config\r\npackage_update: true\r\npackages:\r\n  - nginx\r\n  - composer\r\n  - mariadb-client\r\n  - mariadb-client-10.1\r\n  - nfs-common\r\n\r\nusers:\r\n  - default\r\n  - name: quentin\r\n    groups: sudo, root\r\n    shell: /bin/bash\r\n    plain_text_passwd: blablabla123!\r\n    sudo: 'ALL=(ALL) NOPASSWD:ALL'\r\n    ssh_authorized_keys:\r\n        - \u003e-\r\n          ssh-rsa AAAAB3NzaC1yc2EAAAADAQABAAABgQDAXuIAe8DVtQ+qHpbTnCMn5iP1u7WQEOLDE76PTRZ0lYc0TrWJvH+zWzpEbTK/fwzx5sw7yAlBnuR83cAOtm6y8Gk5yktOogsk71VnJ9cXKV7QWtX5o/nysqhliBWAW2jQmEMLHBf4DOFXcKpCdl0OBOtrPct976tnFXhM5n5WF0wrQ4dVikfWe57yg0BX+G+ZbNl7iDCHS8cAGEI2S0ziGOLjl0qJq+9jjCaj2bdVb5vtbz/ghplWtNKQvirxvfOC5H3XbX7aeH2sAlogeYbPs8DmFuz5Smq/+FLBZzqV7JhPMxBCpVFm6r+EzZDgiS2WB96Q3Jh0ItPz7wwJtgpLmSWeaBmWyPGAOh9MBal2RXgDIZ26EPOQTc9WX1377SaEMFSXgwq3e0mtFl5TYG+hzjujY9ik6nfjyLy1yNaPB7hq0z0cCijeJf0Nlm092Ukb1IJOndiS9LSZXjFJT+LRNz7hqyK/oj8nH4K2nx4DMH+Fj4JypSdsqmIk7aXLdYE= nomad@device\r\n  - name: steph\r\n    groups: sudo, root\r\n    shell: /bin/bash\r\n    plain_text_passwd: blablabla123!\r\n    sudo: 'ALL=(ALL) NOPASSWD:ALL'\r\n    ssh_authorized_keys:\r\n        - \u003e-\r\n          ssh-rsa AAAAB3NzaC1yc2EAAAADAQABAAABgQCnBYZRoOJm/hLnbGmUBNhBEsdvUAqVb48EQql7OeYgB4pO/FFu8OIhKofBCByf1l9owEWnbWFZJhfgwQ+iNZjd+1iZtmc6cidjqQypgEc+U43avchEVdZdjK1LidIIJt0O7o8L0gARNn1PjDFLP3eUI2XN3ALUzB3sRzXKTJ1QHz8S1ByhfWXw2vhsPa9I3Jv9aE8zZuCBx/gfVQQy/FyskgK8VWRHhUl3XCgNDxUYBppnBgCCDWHpYOdzH/5XuRORdgMccDgJ/NhcCgY+erva7DlkIlzRiVxm5uMK8kvEiDn+AWI3aGsgxt3LaS+xaiw4hLLoev4V4cWTjWhZPeJSITDeWk3HAsBxDBWGvx3716ywsh7mkDJpjyXow6RXpTBke2rTmr4X9+hVGop4ZjqyTTUuTkdbYllwiaTrsuKgOJ5ne2lWp1P1IT0cD0s9j0GNl/54KaN31HFiuHVYVVA8yGp532LfRjhthpMdHiuhJbswlKTrDJR3i1iccT0aiUk= utilisateur@UTILISA-2JUD7VR\r\n  - name: ryano\r\n    groups: sudo, root\r\n    shell: /bin/bash\r\n    plain_text_passwd: blablabla123!\r\n    sudo: 'ALL=(ALL) NOPASSWD:ALL'\r\n    ssh_authorized_keys:\r\n        - \u003e-\r\n          ssh-rsa AAAAB3NzaC1yc2EAAAADAQABAAABgQCuQsDbdhzBOtJvetSRXRINBLZnKEzLctl+J3hFX22doPy1Btth8i7a4cigqyQ914MIgdYr/pPOFfH7YBLa5LhF2Racx3cRT1RPobmGn2DMEcNAcWjw1Qr9TRl3HcFK59ineQ4ukoDt4jZCUyRXliCFMhqBdQU0u182UvNFf0L5bLBVzlkWyNxPo79WDDGY97HCsQLYIQcqRfsYJ0YwJ5QyGUvtUWKmMO30bhlhyQJJmG/6QQlV/m6sMiHCiEt+7Qxv5n3+c9RH5hsRyaynzsLcNmzENDqsrDsngqwzK4oe8S71YKKVn395nvZ4MIr8PB6bE/ViWpvS0bhCzANDYAj8Exk2P5WR3aI06PobLOcUjxm3E1JOFa/YcXQ8GXzmUgjGpHMztB6qSH+NSHHTqBejmvsv2DQ9nYq/NL1s7k6e+FSwWQktZNXAlVIvUGMrX51MdUxtVXteNEFe/NCj4B66Y5i2MM8VJk1lsgm8PIUj0wDjlB0f8TlUFK+vqijLt80= utilisateur@UTILISA-ASVHC0M\r\n\r\nwrite_files:\r\n  - path: /home/magento/magento\r\n    content: \"upstream fastcgi_backend {\\n  server  unix:/run/php/php8.1-fpm.sock;\\n}\\n\\nserver {\\n  listen 10.2.0.19:80;\\n  server_name _;\\n  set $MAGE_ROOT /var/www/html/magento2;\\n  include /var/www/html/magento2/nginx.conf.sample;\\n}\\n\"\r\n\r\nruncmd:\r\n  - sudo apt install software-properties-common \u0026\u0026 sudo add-apt-repository ppa:ondrej/php -y\r\n  - sudo apt update\r\n  - sudo export PATH=$PATH:/var/www/html/magento2/bin\r\n  - sudo apt upgrade -y\r\n  - sudo apt install -y libxml2 libxml2-dev libssl-dev libssl1.1\r\n  - sudo apt install -y php8.1 php8.1-common php8.1-xml php8.1-mbstring php8.1-curl php8.1-gd php8.1-intl php-json php8.1-mysql php8.1-soap php-sodium php-tokenizer php8.1-xsl php-zip php-bcmath php8.1-fpm\r\n  - sudo mkdir /var/www/html/magento2\r\n  - cd /home/magento \u0026\u0026 sudo curl -O https://MAG005875421:af7e13b80644f2a44187f446f55bb76d5c156b3b@www.magentocommerce.com/products/downloads/file/Magento-CE-2.4.4.tar.bz2\r\n  - sudo tar -C /var/www/html/magento2/ -xvf /home/magento/Magento-CE-2.4.4.tar.bz2\r\n  - cd /var/www/html/\r\n  - sudo find var generated vendor pub/static pub/media app/etc -type f -exec chmod g+w {} +\r\n  - sudo find var generated vendor pub/static pub/media app/etc -type d -exec chmod g+ws {} +\r\n  - sudo chown -R www-data:www-data /var/www/html\r\n  - sudo chmod u+x bin/magento\r\n\r\n  - cd /var/www/html/magento2 \u0026\u0026 sudo php bin/magento setup:install -vvv --base-url=http://${ip_public} --db-host=magento-mariadb-server.privatelink.mariadb.database.azure.com --db-name=mariadb_database --db-user=magento@magento-mariadb-server --db-password=blablabla123! --admin-firstname=admin --admin-lastname=admin --admin-email=ryanmagento@gmail.com --admin-user=admin --admin-password=admin123 --language=en_US --currency=USD --timezone=America/Chicago --use-rewrites=1 --search-engine=elasticsearch7 --elasticsearch-host=10.4.0.4 --elasticsearch-port=9200 --elasticsearch-index-prefix=magento2 --elasticsearch-timeout=15 --elasticsearch-username=magento --elasticsearch-password=blablabla123! --elasticsearch-enable-auth=1\r\n  - sudo apt-get remove apache2 -y\r\n  - sudo apt-get autoremove apache2 -y\r\n  - sudo apt-get purge apache2 -y\r\n  - sudo apt-get autoremove --purge apache2 -y\r\n  - sudo cp /home/magento/magento /etc/nginx/conf.d/magento.conf\r\n  - sudo rm /etc/nginx/sites-enabled/default\r\n  - chown www-data:www-data -R /var/www/html/magento2/var/\r\n  - sudo echo \"memory_limit = 2G\" \u003e\u003e vim /etc/php/8.1/fpm/php.ini\r\n  - sudo echo \"max_execution_time = 1800\" \u003e\u003e vim /etc/php/8.1/fpm/php.ini\r\n  - sudo echo \"zlib.output_compression = On\" \u003e\u003e vim /etc/php/8.1/fpm/php.ini\r\n  - sudo echo \"memory_limit = 2G\" \u003e\u003e vim /etc/php/8.1/cli/php.ini\r\n  - sudo echo \"max_execution_time = 1800\" \u003e\u003e vim /etc/php/8.1/cli/php.ini\r\n  - sudo echo \"zlib.output_compression = On\" \u003e\u003e vim /etc/php/8.1/cli/php.ini\r\n  - sudo systemctl restart php8.1-fpm\r\n  - sudo chmod 775 ./generated/\r\n  - cd /var/www/html/magento2 \u0026\u0026 sudo bin/magento setup:di:compile\r\n  - sudo systemctl restart nginx\r\n  - sudo cp -R /var/www/html/magento2/pub /home/magento/pub\r\n  - sudo mkdir /etc/smbcredentials\r\n  - sudo bash -c 'echo \"username=staapp\" \u003e\u003e /etc/smbcredentials/staapp.cred'\r\n  - sudo bash -c 'echo \"password=${password}\" \u003e\u003e /etc/smbcredentials/staapp.cred'\r\n  - sudo chmod 600 /etc/smbcredentials/staapp.cred\r\n  - sudo bash -c 'echo \"//staapp.file.core.windows.net/magentoshare01 /var/www/html/magento2/pub cifs nofail,credentials=/etc/smbcredentials/staapp.cred,dir_mode=0777,file_mode=0777,serverino,nosharesock,actimeo=30\" \u003e\u003e /etc/fstab'\r\n  - sudo mount -t cifs //staapp.file.core.windows.net/magentoshare01 /var/www/html/magento2/pub -o credentials=/etc/smbcredentials/staapp.cred,dir_mode=0777,file_mode=0777,serverino,nosharesock,actimeo=30\r\n  - sudo cp -R /home/magento/pub/* /var/www/html/magento2/pub\r\n  - rm var/.maintenance.flag",
            "vars": {
              "ip_bdd": "10.3.0.4",
              "ip_public": "20.10.176.226",
              "password": "WKpiXGC06L0ZDEM6dTcMgN+m6y/ZAx+YVKgCvukFC1tC8pkOoFfnsUHdK7lFjDka+hNFsd4KodQ9+AStEGvG9Q=="
            }
          },
          "sensitive_attributes": [
            [
              {
                "type": "get_attr",
                "value": "vars"
              },
              {
                "type": "index",
                "value": {
                  "value": "password",
                  "type": "string"
                }
              }
            ]
          ]
        }
      ]
    },
    {
      "mode": "data",
      "type": "template_file",
      "name": "scriptbastion",
      "provider": "provider[\"registry.terraform.io/hashicorp/template\"]",
      "instances": [
        {
          "schema_version": 0,
          "attributes": {
            "filename": null,
            "id": "3ab1f3f4bdc653b64eab9b4ba3e79f4a90a75dfbc501405a2eba22980288f214",
            "rendered": "#cloud-config\r\npackage_update: true\r\npackages:\r\n  - apt-transport-https\r\n\r\nusers:\r\n  - default\r\n  - name: quentin\r\n    groups: sudo, root\r\n    shell: /bin/bash\r\n    plain_text_passwd: blabla123!\r\n    sudo: 'ALL=(ALL) NOPASSWD:ALL'\r\n    ssh_authorized_keys:\r\n        - \u003e-\r\n          ssh-rsa AAAAB3NzaC1yc2EAAAADAQABAAABgQDAXuIAe8DVtQ+qHpbTnCMn5iP1u7WQEOLDE76PTRZ0lYc0TrWJvH+zWzpEbTK/fwzx5sw7yAlBnuR83cAOtm6y8Gk5yktOogsk71VnJ9cXKV7QWtX5o/nysqhliBWAW2jQmEMLHBf4DOFXcKpCdl0OBOtrPct976tnFXhM5n5WF0wrQ4dVikfWe57yg0BX+G+ZbNl7iDCHS8cAGEI2S0ziGOLjl0qJq+9jjCaj2bdVb5vtbz/ghplWtNKQvirxvfOC5H3XbX7aeH2sAlogeYbPs8DmFuz5Smq/+FLBZzqV7JhPMxBCpVFm6r+EzZDgiS2WB96Q3Jh0ItPz7wwJtgpLmSWeaBmWyPGAOh9MBal2RXgDIZ26EPOQTc9WX1377SaEMFSXgwq3e0mtFl5TYG+hzjujY9ik6nfjyLy1yNaPB7hq0z0cCijeJf0Nlm092Ukb1IJOndiS9LSZXjFJT+LRNz7hqyK/oj8nH4K2nx4DMH+Fj4JypSdsqmIk7aXLdYE= nomad@device\r\n  - name: steph\r\n    groups: sudo, root\r\n    shell: /bin/bash\r\n    plain_text_passwd: blabla123!\r\n    sudo: 'ALL=(ALL) NOPASSWD:ALL'\r\n    ssh_authorized_keys:\r\n        - \u003e-\r\n          ssh-rsa AAAAB3NzaC1yc2EAAAADAQABAAABgQCnBYZRoOJm/hLnbGmUBNhBEsdvUAqVb48EQql7OeYgB4pO/FFu8OIhKofBCByf1l9owEWnbWFZJhfgwQ+iNZjd+1iZtmc6cidjqQypgEc+U43avchEVdZdjK1LidIIJt0O7o8L0gARNn1PjDFLP3eUI2XN3ALUzB3sRzXKTJ1QHz8S1ByhfWXw2vhsPa9I3Jv9aE8zZuCBx/gfVQQy/FyskgK8VWRHhUl3XCgNDxUYBppnBgCCDWHpYOdzH/5XuRORdgMccDgJ/NhcCgY+erva7DlkIlzRiVxm5uMK8kvEiDn+AWI3aGsgxt3LaS+xaiw4hLLoev4V4cWTjWhZPeJSITDeWk3HAsBxDBWGvx3716ywsh7mkDJpjyXow6RXpTBke2rTmr4X9+hVGop4ZjqyTTUuTkdbYllwiaTrsuKgOJ5ne2lWp1P1IT0cD0s9j0GNl/54KaN31HFiuHVYVVA8yGp532LfRjhthpMdHiuhJbswlKTrDJR3i1iccT0aiUk= utilisateur@UTILISA-2JUD7VR\r\n  - name: ryano\r\n    groups: sudo, root\r\n    shell: /bin/bash\r\n    plain_text_passwd: blabla123!\r\n    sudo: 'ALL=(ALL) NOPASSWD:ALL'\r\n    ssh_authorized_keys:\r\n        - \u003e-\r\n          ssh-rsa AAAAB3NzaC1yc2EAAAADAQABAAABgQCuQsDbdhzBOtJvetSRXRINBLZnKEzLctl+J3hFX22doPy1Btth8i7a4cigqyQ914MIgdYr/pPOFfH7YBLa5LhF2Racx3cRT1RPobmGn2DMEcNAcWjw1Qr9TRl3HcFK59ineQ4ukoDt4jZCUyRXliCFMhqBdQU0u182UvNFf0L5bLBVzlkWyNxPo79WDDGY97HCsQLYIQcqRfsYJ0YwJ5QyGUvtUWKmMO30bhlhyQJJmG/6QQlV/m6sMiHCiEt+7Qxv5n3+c9RH5hsRyaynzsLcNmzENDqsrDsngqwzK4oe8S71YKKVn395nvZ4MIr8PB6bE/ViWpvS0bhCzANDYAj8Exk2P5WR3aI06PobLOcUjxm3E1JOFa/YcXQ8GXzmUgjGpHMztB6qSH+NSHHTqBejmvsv2DQ9nYq/NL1s7k6e+FSwWQktZNXAlVIvUGMrX51MdUxtVXteNEFe/NCj4B66Y5i2MM8VJk1lsgm8PIUj0wDjlB0f8TlUFK+vqijLt80= utilisateur@UTILISA-ASVHC0M\r\n",
            "template": "#cloud-config\r\npackage_update: true\r\npackages:\r\n  - apt-transport-https\r\n\r\nusers:\r\n  - default\r\n  - name: quentin\r\n    groups: sudo, root\r\n    shell: /bin/bash\r\n    plain_text_passwd: blabla123!\r\n    sudo: 'ALL=(ALL) NOPASSWD:ALL'\r\n    ssh_authorized_keys:\r\n        - \u003e-\r\n          ssh-rsa AAAAB3NzaC1yc2EAAAADAQABAAABgQDAXuIAe8DVtQ+qHpbTnCMn5iP1u7WQEOLDE76PTRZ0lYc0TrWJvH+zWzpEbTK/fwzx5sw7yAlBnuR83cAOtm6y8Gk5yktOogsk71VnJ9cXKV7QWtX5o/nysqhliBWAW2jQmEMLHBf4DOFXcKpCdl0OBOtrPct976tnFXhM5n5WF0wrQ4dVikfWe57yg0BX+G+ZbNl7iDCHS8cAGEI2S0ziGOLjl0qJq+9jjCaj2bdVb5vtbz/ghplWtNKQvirxvfOC5H3XbX7aeH2sAlogeYbPs8DmFuz5Smq/+FLBZzqV7JhPMxBCpVFm6r+EzZDgiS2WB96Q3Jh0ItPz7wwJtgpLmSWeaBmWyPGAOh9MBal2RXgDIZ26EPOQTc9WX1377SaEMFSXgwq3e0mtFl5TYG+hzjujY9ik6nfjyLy1yNaPB7hq0z0cCijeJf0Nlm092Ukb1IJOndiS9LSZXjFJT+LRNz7hqyK/oj8nH4K2nx4DMH+Fj4JypSdsqmIk7aXLdYE= nomad@device\r\n  - name: steph\r\n    groups: sudo, root\r\n    shell: /bin/bash\r\n    plain_text_passwd: blabla123!\r\n    sudo: 'ALL=(ALL) NOPASSWD:ALL'\r\n    ssh_authorized_keys:\r\n        - \u003e-\r\n          ssh-rsa AAAAB3NzaC1yc2EAAAADAQABAAABgQCnBYZRoOJm/hLnbGmUBNhBEsdvUAqVb48EQql7OeYgB4pO/FFu8OIhKofBCByf1l9owEWnbWFZJhfgwQ+iNZjd+1iZtmc6cidjqQypgEc+U43avchEVdZdjK1LidIIJt0O7o8L0gARNn1PjDFLP3eUI2XN3ALUzB3sRzXKTJ1QHz8S1ByhfWXw2vhsPa9I3Jv9aE8zZuCBx/gfVQQy/FyskgK8VWRHhUl3XCgNDxUYBppnBgCCDWHpYOdzH/5XuRORdgMccDgJ/NhcCgY+erva7DlkIlzRiVxm5uMK8kvEiDn+AWI3aGsgxt3LaS+xaiw4hLLoev4V4cWTjWhZPeJSITDeWk3HAsBxDBWGvx3716ywsh7mkDJpjyXow6RXpTBke2rTmr4X9+hVGop4ZjqyTTUuTkdbYllwiaTrsuKgOJ5ne2lWp1P1IT0cD0s9j0GNl/54KaN31HFiuHVYVVA8yGp532LfRjhthpMdHiuhJbswlKTrDJR3i1iccT0aiUk= utilisateur@UTILISA-2JUD7VR\r\n  - name: ryano\r\n    groups: sudo, root\r\n    shell: /bin/bash\r\n    plain_text_passwd: blabla123!\r\n    sudo: 'ALL=(ALL) NOPASSWD:ALL'\r\n    ssh_authorized_keys:\r\n        - \u003e-\r\n          ssh-rsa AAAAB3NzaC1yc2EAAAADAQABAAABgQCuQsDbdhzBOtJvetSRXRINBLZnKEzLctl+J3hFX22doPy1Btth8i7a4cigqyQ914MIgdYr/pPOFfH7YBLa5LhF2Racx3cRT1RPobmGn2DMEcNAcWjw1Qr9TRl3HcFK59ineQ4ukoDt4jZCUyRXliCFMhqBdQU0u182UvNFf0L5bLBVzlkWyNxPo79WDDGY97HCsQLYIQcqRfsYJ0YwJ5QyGUvtUWKmMO30bhlhyQJJmG/6QQlV/m6sMiHCiEt+7Qxv5n3+c9RH5hsRyaynzsLcNmzENDqsrDsngqwzK4oe8S71YKKVn395nvZ4MIr8PB6bE/ViWpvS0bhCzANDYAj8Exk2P5WR3aI06PobLOcUjxm3E1JOFa/YcXQ8GXzmUgjGpHMztB6qSH+NSHHTqBejmvsv2DQ9nYq/NL1s7k6e+FSwWQktZNXAlVIvUGMrX51MdUxtVXteNEFe/NCj4B66Y5i2MM8VJk1lsgm8PIUj0wDjlB0f8TlUFK+vqijLt80= utilisateur@UTILISA-ASVHC0M\r\n",
            "vars": null
          },
          "sensitive_attributes": []
        }
      ]
    },
    {
      "mode": "data",
      "type": "template_file",
      "name": "scriptelastic",
      "provider": "provider[\"registry.terraform.io/hashicorp/template\"]",
      "instances": [
        {
          "schema_version": 0,
          "attributes": {
            "filename": null,
            "id": "ed3a2d9e973284e2521be81f157b54e02881ad011e9d9a0fc336233deb0e70ae",
            "rendered": "#cloud-config\r\npackage_update: true\r\npackages:\r\n  - apt-transport-https\r\n\r\nusers:\r\n  - default\r\n  - name: quentin\r\n    groups: sudo, root\r\n    shell: /bin/bash\r\n    plain_text_passwd: blabla123!\r\n    sudo: 'ALL=(ALL) NOPASSWD:ALL'\r\n    ssh_authorized_keys:\r\n        - \u003e-\r\n          ssh-rsa AAAAB3NzaC1yc2EAAAADAQABAAABgQDAXuIAe8DVtQ+qHpbTnCMn5iP1u7WQEOLDE76PTRZ0lYc0TrWJvH+zWzpEbTK/fwzx5sw7yAlBnuR83cAOtm6y8Gk5yktOogsk71VnJ9cXKV7QWtX5o/nysqhliBWAW2jQmEMLHBf4DOFXcKpCdl0OBOtrPct976tnFXhM5n5WF0wrQ4dVikfWe57yg0BX+G+ZbNl7iDCHS8cAGEI2S0ziGOLjl0qJq+9jjCaj2bdVb5vtbz/ghplWtNKQvirxvfOC5H3XbX7aeH2sAlogeYbPs8DmFuz5Smq/+FLBZzqV7JhPMxBCpVFm6r+EzZDgiS2WB96Q3Jh0ItPz7wwJtgpLmSWeaBmWyPGAOh9MBal2RXgDIZ26EPOQTc9WX1377SaEMFSXgwq3e0mtFl5TYG+hzjujY9ik6nfjyLy1yNaPB7hq0z0cCijeJf0Nlm092Ukb1IJOndiS9LSZXjFJT+LRNz7hqyK/oj8nH4K2nx4DMH+Fj4JypSdsqmIk7aXLdYE= nomad@device\r\n  - name: steph\r\n    groups: sudo, root\r\n    shell: /bin/bash\r\n    plain_text_passwd: blabla123!\r\n    sudo: 'ALL=(ALL) NOPASSWD:ALL'\r\n    ssh_authorized_keys:\r\n        - \u003e-\r\n          ssh-rsa AAAAB3NzaC1yc2EAAAADAQABAAABgQCnBYZRoOJm/hLnbGmUBNhBEsdvUAqVb48EQql7OeYgB4pO/FFu8OIhKofBCByf1l9owEWnbWFZJhfgwQ+iNZjd+1iZtmc6cidjqQypgEc+U43avchEVdZdjK1LidIIJt0O7o8L0gARNn1PjDFLP3eUI2XN3ALUzB3sRzXKTJ1QHz8S1ByhfWXw2vhsPa9I3Jv9aE8zZuCBx/gfVQQy/FyskgK8VWRHhUl3XCgNDxUYBppnBgCCDWHpYOdzH/5XuRORdgMccDgJ/NhcCgY+erva7DlkIlzRiVxm5uMK8kvEiDn+AWI3aGsgxt3LaS+xaiw4hLLoev4V4cWTjWhZPeJSITDeWk3HAsBxDBWGvx3716ywsh7mkDJpjyXow6RXpTBke2rTmr4X9+hVGop4ZjqyTTUuTkdbYllwiaTrsuKgOJ5ne2lWp1P1IT0cD0s9j0GNl/54KaN31HFiuHVYVVA8yGp532LfRjhthpMdHiuhJbswlKTrDJR3i1iccT0aiUk= utilisateur@UTILISA-2JUD7VR\r\n  - name: ryano\r\n    groups: sudo, root\r\n    shell: /bin/bash\r\n    plain_text_passwd: blabla123!\r\n    sudo: 'ALL=(ALL) NOPASSWD:ALL'\r\n    ssh_authorized_keys:\r\n        - \u003e-\r\n          ssh-rsa AAAAB3NzaC1yc2EAAAADAQABAAABgQCuQsDbdhzBOtJvetSRXRINBLZnKEzLctl+J3hFX22doPy1Btth8i7a4cigqyQ914MIgdYr/pPOFfH7YBLa5LhF2Racx3cRT1RPobmGn2DMEcNAcWjw1Qr9TRl3HcFK59ineQ4ukoDt4jZCUyRXliCFMhqBdQU0u182UvNFf0L5bLBVzlkWyNxPo79WDDGY97HCsQLYIQcqRfsYJ0YwJ5QyGUvtUWKmMO30bhlhyQJJmG/6QQlV/m6sMiHCiEt+7Qxv5n3+c9RH5hsRyaynzsLcNmzENDqsrDsngqwzK4oe8S71YKKVn395nvZ4MIr8PB6bE/ViWpvS0bhCzANDYAj8Exk2P5WR3aI06PobLOcUjxm3E1JOFa/YcXQ8GXzmUgjGpHMztB6qSH+NSHHTqBejmvsv2DQ9nYq/NL1s7k6e+FSwWQktZNXAlVIvUGMrX51MdUxtVXteNEFe/NCj4B66Y5i2MM8VJk1lsgm8PIUj0wDjlB0f8TlUFK+vqijLt80= utilisateur@UTILISA-ASVHC0M\r\n\r\nwrite_files:\r\n  - path: /home/elastic/elasticsearch.yml\r\n    content: \"cluster.name: my-application\\nnode.name: node-1\\npath.data: /var/lib/elasticsearch\\npath.logs: /var/log/elasticsearch\\nnetwork.host: 10.4.0.4\\nxpack.security.enabled: true\\nxpack.security.enrollment.enabled: true\\nxpack.security.http.ssl:\\n  enabled: false\\n  keystore.path: certs/http.p12\\n\\nxpack.security.transport.ssl:\\n  enabled: true\\n  verification_mode: certificate\\n  keystore.path: certs/transport.p12\\n  truststore.path: certs/transport.p12\\ncluster.initial_master_nodes: [\\\"node-1\\\"]\\nhttp.host: 0.0.0.0\\n\"\r\n\r\n\r\nruncmd:\r\n  - wget -qO - https://artifacts.elastic.co/GPG-KEY-elasticsearch | sudo gpg --dearmor -o /usr/share/keyrings/elasticsearch-keyring.gpg\r\n  - echo \"deb [signed-by=/usr/share/keyrings/elasticsearch-keyring.gpg] https://artifacts.elastic.co/packages/8.x/apt stable main\" | sudo tee /etc/apt/sources.list.d/elastic-8.x.list\r\n  - sudo apt-get update\r\n  - sudo apt install elasticsearch -y\r\n  - sudo cp /etc/elasticsearch/elasticsearch.yml /home/elastic/backup_elastisearch.yml\r\n  - sudo rm /etc/elasticsearch/elasticsearch.yml\r\n  - sudo cp /home/elastic/elasticsearch.yml /etc/elasticsearch/elasticsearch.yml\r\n  - sudo chown root:elasticsearch /etc/elasticsearch/elasticsearch.yml\r\n  - sudo chmod 660 /etc/elasticsearch/elasticsearch.yml\r\n  - sudo /bin/systemctl daemon-reload\r\n  - sudo /bin/systemctl enable elasticsearch.service\r\n  - sudo systemctl start elasticsearch.service\r\n  - cd /usr/share/elasticsearch/bin \u0026\u0026 sudo ./elasticsearch-users useradd magento -p blablabla123! -r superuser\r\n\r\n\r\n",
            "template": "#cloud-config\r\npackage_update: true\r\npackages:\r\n  - apt-transport-https\r\n\r\nusers:\r\n  - default\r\n  - name: quentin\r\n    groups: sudo, root\r\n    shell: /bin/bash\r\n    plain_text_passwd: blabla123!\r\n    sudo: 'ALL=(ALL) NOPASSWD:ALL'\r\n    ssh_authorized_keys:\r\n        - \u003e-\r\n          ssh-rsa AAAAB3NzaC1yc2EAAAADAQABAAABgQDAXuIAe8DVtQ+qHpbTnCMn5iP1u7WQEOLDE76PTRZ0lYc0TrWJvH+zWzpEbTK/fwzx5sw7yAlBnuR83cAOtm6y8Gk5yktOogsk71VnJ9cXKV7QWtX5o/nysqhliBWAW2jQmEMLHBf4DOFXcKpCdl0OBOtrPct976tnFXhM5n5WF0wrQ4dVikfWe57yg0BX+G+ZbNl7iDCHS8cAGEI2S0ziGOLjl0qJq+9jjCaj2bdVb5vtbz/ghplWtNKQvirxvfOC5H3XbX7aeH2sAlogeYbPs8DmFuz5Smq/+FLBZzqV7JhPMxBCpVFm6r+EzZDgiS2WB96Q3Jh0ItPz7wwJtgpLmSWeaBmWyPGAOh9MBal2RXgDIZ26EPOQTc9WX1377SaEMFSXgwq3e0mtFl5TYG+hzjujY9ik6nfjyLy1yNaPB7hq0z0cCijeJf0Nlm092Ukb1IJOndiS9LSZXjFJT+LRNz7hqyK/oj8nH4K2nx4DMH+Fj4JypSdsqmIk7aXLdYE= nomad@device\r\n  - name: steph\r\n    groups: sudo, root\r\n    shell: /bin/bash\r\n    plain_text_passwd: blabla123!\r\n    sudo: 'ALL=(ALL) NOPASSWD:ALL'\r\n    ssh_authorized_keys:\r\n        - \u003e-\r\n          ssh-rsa AAAAB3NzaC1yc2EAAAADAQABAAABgQCnBYZRoOJm/hLnbGmUBNhBEsdvUAqVb48EQql7OeYgB4pO/FFu8OIhKofBCByf1l9owEWnbWFZJhfgwQ+iNZjd+1iZtmc6cidjqQypgEc+U43avchEVdZdjK1LidIIJt0O7o8L0gARNn1PjDFLP3eUI2XN3ALUzB3sRzXKTJ1QHz8S1ByhfWXw2vhsPa9I3Jv9aE8zZuCBx/gfVQQy/FyskgK8VWRHhUl3XCgNDxUYBppnBgCCDWHpYOdzH/5XuRORdgMccDgJ/NhcCgY+erva7DlkIlzRiVxm5uMK8kvEiDn+AWI3aGsgxt3LaS+xaiw4hLLoev4V4cWTjWhZPeJSITDeWk3HAsBxDBWGvx3716ywsh7mkDJpjyXow6RXpTBke2rTmr4X9+hVGop4ZjqyTTUuTkdbYllwiaTrsuKgOJ5ne2lWp1P1IT0cD0s9j0GNl/54KaN31HFiuHVYVVA8yGp532LfRjhthpMdHiuhJbswlKTrDJR3i1iccT0aiUk= utilisateur@UTILISA-2JUD7VR\r\n  - name: ryano\r\n    groups: sudo, root\r\n    shell: /bin/bash\r\n    plain_text_passwd: blabla123!\r\n    sudo: 'ALL=(ALL) NOPASSWD:ALL'\r\n    ssh_authorized_keys:\r\n        - \u003e-\r\n          ssh-rsa AAAAB3NzaC1yc2EAAAADAQABAAABgQCuQsDbdhzBOtJvetSRXRINBLZnKEzLctl+J3hFX22doPy1Btth8i7a4cigqyQ914MIgdYr/pPOFfH7YBLa5LhF2Racx3cRT1RPobmGn2DMEcNAcWjw1Qr9TRl3HcFK59ineQ4ukoDt4jZCUyRXliCFMhqBdQU0u182UvNFf0L5bLBVzlkWyNxPo79WDDGY97HCsQLYIQcqRfsYJ0YwJ5QyGUvtUWKmMO30bhlhyQJJmG/6QQlV/m6sMiHCiEt+7Qxv5n3+c9RH5hsRyaynzsLcNmzENDqsrDsngqwzK4oe8S71YKKVn395nvZ4MIr8PB6bE/ViWpvS0bhCzANDYAj8Exk2P5WR3aI06PobLOcUjxm3E1JOFa/YcXQ8GXzmUgjGpHMztB6qSH+NSHHTqBejmvsv2DQ9nYq/NL1s7k6e+FSwWQktZNXAlVIvUGMrX51MdUxtVXteNEFe/NCj4B66Y5i2MM8VJk1lsgm8PIUj0wDjlB0f8TlUFK+vqijLt80= utilisateur@UTILISA-ASVHC0M\r\n\r\nwrite_files:\r\n  - path: /home/elastic/elasticsearch.yml\r\n    content: \"cluster.name: my-application\\nnode.name: node-1\\npath.data: /var/lib/elasticsearch\\npath.logs: /var/log/elasticsearch\\nnetwork.host: 10.4.0.4\\nxpack.security.enabled: true\\nxpack.security.enrollment.enabled: true\\nxpack.security.http.ssl:\\n  enabled: false\\n  keystore.path: certs/http.p12\\n\\nxpack.security.transport.ssl:\\n  enabled: true\\n  verification_mode: certificate\\n  keystore.path: certs/transport.p12\\n  truststore.path: certs/transport.p12\\ncluster.initial_master_nodes: [\\\"node-1\\\"]\\nhttp.host: 0.0.0.0\\n\"\r\n\r\n\r\nruncmd:\r\n  - wget -qO - https://artifacts.elastic.co/GPG-KEY-elasticsearch | sudo gpg --dearmor -o /usr/share/keyrings/elasticsearch-keyring.gpg\r\n  - echo \"deb [signed-by=/usr/share/keyrings/elasticsearch-keyring.gpg] https://artifacts.elastic.co/packages/8.x/apt stable main\" | sudo tee /etc/apt/sources.list.d/elastic-8.x.list\r\n  - sudo apt-get update\r\n  - sudo apt install elasticsearch -y\r\n  - sudo cp /etc/elasticsearch/elasticsearch.yml /home/elastic/backup_elastisearch.yml\r\n  - sudo rm /etc/elasticsearch/elasticsearch.yml\r\n  - sudo cp /home/elastic/elasticsearch.yml /etc/elasticsearch/elasticsearch.yml\r\n  - sudo chown root:elasticsearch /etc/elasticsearch/elasticsearch.yml\r\n  - sudo chmod 660 /etc/elasticsearch/elasticsearch.yml\r\n  - sudo /bin/systemctl daemon-reload\r\n  - sudo /bin/systemctl enable elasticsearch.service\r\n  - sudo systemctl start elasticsearch.service\r\n  - cd /usr/share/elasticsearch/bin \u0026\u0026 sudo ./elasticsearch-users useradd magento -p blablabla123! -r superuser\r\n\r\n\r\n",
            "vars": null
          },
          "sensitive_attributes": []
        }
      ]
    },
    {
      "mode": "managed",
      "type": "azurerm_application_gateway",
      "name": "network_gateway",
      "provider": "provider[\"registry.terraform.io/hashicorp/azurerm\"]",
      "instances": [
        {
          "schema_version": 0,
          "attributes": {
            "authentication_certificate": [],
            "autoscale_configuration": [],
            "backend_address_pool": [
              {
                "fqdns": [],
                "id": "/subscriptions/a1f74e2d-ec58-4f9a-a112-088e3469febb/resourceGroups/brief4_QB/providers/Microsoft.Network/applicationGateways/gateway-brief4/backendAddressPools/network-beap",
                "ip_addresses": [],
                "name": "network-beap"
              }
            ],
            "backend_http_settings": [
              {
                "affinity_cookie_name": "",
                "authentication_certificate": [],
                "connection_draining": [],
                "cookie_based_affinity": "Disabled",
                "host_name": "",
                "id": "/subscriptions/a1f74e2d-ec58-4f9a-a112-088e3469febb/resourceGroups/brief4_QB/providers/Microsoft.Network/applicationGateways/gateway-brief4/backendHttpSettingsCollection/network-be-htst",
                "name": "network-be-htst",
                "path": "/",
                "pick_host_name_from_backend_address": false,
                "port": 80,
                "probe_id": "",
                "probe_name": "",
                "protocol": "Http",
                "request_timeout": 60,
                "trusted_root_certificate_names": []
              }
            ],
            "custom_error_configuration": [],
            "enable_http2": false,
            "fips_enabled": false,
            "firewall_policy_id": null,
            "force_firewall_policy_association": false,
            "frontend_ip_configuration": [
              {
                "id": "/subscriptions/a1f74e2d-ec58-4f9a-a112-088e3469febb/resourceGroups/brief4_QB/providers/Microsoft.Network/applicationGateways/gateway-brief4/frontendIPConfigurations/network-feip",
                "name": "network-feip",
                "private_ip_address": "",
                "private_ip_address_allocation": "Dynamic",
                "private_link_configuration_id": "",
                "private_link_configuration_name": "",
                "public_ip_address_id": "/subscriptions/a1f74e2d-ec58-4f9a-a112-088e3469febb/resourceGroups/brief4_QB/providers/Microsoft.Network/publicIPAddresses/ip_gateway",
                "subnet_id": ""
              }
            ],
            "frontend_port": [
              {
                "id": "/subscriptions/a1f74e2d-ec58-4f9a-a112-088e3469febb/resourceGroups/brief4_QB/providers/Microsoft.Network/applicationGateways/gateway-brief4/frontendPorts/network-feport",
                "name": "network-feport",
                "port": 80
              },
              {
                "id": "/subscriptions/a1f74e2d-ec58-4f9a-a112-088e3469febb/resourceGroups/brief4_QB/providers/Microsoft.Network/applicationGateways/gateway-brief4/frontendPorts/network-feport2",
                "name": "network-feport2",
                "port": 443
              }
            ],
            "gateway_ip_configuration": [
              {
                "id": "/subscriptions/a1f74e2d-ec58-4f9a-a112-088e3469febb/resourceGroups/brief4_QB/providers/Microsoft.Network/applicationGateways/gateway-brief4/gatewayIPConfigurations/my-gateway-ip-configuration",
                "name": "my-gateway-ip-configuration",
                "subnet_id": "/subscriptions/a1f74e2d-ec58-4f9a-a112-088e3469febb/resourceGroups/brief4_QB/providers/Microsoft.Network/virtualNetworks/network/subnets/subnet_gateway"
              }
            ],
            "global": [],
            "http_listener": [
              {
                "custom_error_configuration": [],
                "firewall_policy_id": "",
                "frontend_ip_configuration_id": "/subscriptions/a1f74e2d-ec58-4f9a-a112-088e3469febb/resourceGroups/brief4_QB/providers/Microsoft.Network/applicationGateways/gateway-brief4/frontendIPConfigurations/network-feip",
                "frontend_ip_configuration_name": "network-feip",
                "frontend_port_id": "/subscriptions/a1f74e2d-ec58-4f9a-a112-088e3469febb/resourceGroups/brief4_QB/providers/Microsoft.Network/applicationGateways/gateway-brief4/frontendPorts/network-feport",
                "frontend_port_name": "network-feport",
                "host_name": "",
                "host_names": [],
                "id": "/subscriptions/a1f74e2d-ec58-4f9a-a112-088e3469febb/resourceGroups/brief4_QB/providers/Microsoft.Network/applicationGateways/gateway-brief4/httpListeners/network-httplstn",
                "name": "network-httplstn",
                "protocol": "Http",
                "require_sni": false,
                "ssl_certificate_id": "",
                "ssl_certificate_name": "",
                "ssl_profile_id": "",
                "ssl_profile_name": ""
              }
            ],
            "id": "/subscriptions/a1f74e2d-ec58-4f9a-a112-088e3469febb/resourceGroups/brief4_QB/providers/Microsoft.Network/applicationGateways/gateway-brief4",
            "identity": [],
            "location": "eastus2",
            "name": "gateway-brief4",
            "private_endpoint_connection": [],
            "private_link_configuration": [],
            "probe": [],
            "redirect_configuration": [],
            "request_routing_rule": [
              {
                "backend_address_pool_id": "/subscriptions/a1f74e2d-ec58-4f9a-a112-088e3469febb/resourceGroups/brief4_QB/providers/Microsoft.Network/applicationGateways/gateway-brief4/backendAddressPools/network-beap",
                "backend_address_pool_name": "network-beap",
                "backend_http_settings_id": "/subscriptions/a1f74e2d-ec58-4f9a-a112-088e3469febb/resourceGroups/brief4_QB/providers/Microsoft.Network/applicationGateways/gateway-brief4/backendHttpSettingsCollection/network-be-htst",
                "backend_http_settings_name": "network-be-htst",
                "http_listener_id": "/subscriptions/a1f74e2d-ec58-4f9a-a112-088e3469febb/resourceGroups/brief4_QB/providers/Microsoft.Network/applicationGateways/gateway-brief4/httpListeners/network-httplstn",
                "http_listener_name": "network-httplstn",
                "id": "/subscriptions/a1f74e2d-ec58-4f9a-a112-088e3469febb/resourceGroups/brief4_QB/providers/Microsoft.Network/applicationGateways/gateway-brief4/requestRoutingRules/rule_magento",
                "name": "rule_magento",
                "priority": 100,
                "redirect_configuration_id": "",
                "redirect_configuration_name": "",
                "rewrite_rule_set_id": "",
                "rewrite_rule_set_name": "",
                "rule_type": "Basic",
                "url_path_map_id": "",
                "url_path_map_name": ""
              }
            ],
            "resource_group_name": "brief4_QB",
            "rewrite_rule_set": [],
            "sku": [
              {
                "capacity": 2,
                "name": "Standard_v2",
                "tier": "Standard_v2"
              }
            ],
            "ssl_certificate": [],
            "ssl_policy": [
              {
                "cipher_suites": [],
                "disabled_protocols": [],
                "min_protocol_version": "",
                "policy_name": "AppGwSslPolicy20150501",
                "policy_type": "Predefined"
              }
            ],
            "ssl_profile": [],
            "tags": {},
            "timeouts": null,
            "trusted_client_certificate": [],
            "trusted_root_certificate": [],
            "url_path_map": [],
            "waf_configuration": [],
            "zones": []
          },
          "sensitive_attributes": [],
          "private": "eyJlMmJmYjczMC1lY2FhLTExZTYtOGY4OC0zNDM2M2JjN2M0YzAiOnsiY3JlYXRlIjo1NDAwMDAwMDAwMDAwLCJkZWxldGUiOjU0MDAwMDAwMDAwMDAsInJlYWQiOjMwMDAwMDAwMDAwMCwidXBkYXRlIjo1NDAwMDAwMDAwMDAwfX0=",
          "dependencies": [
            "azurerm_public_ip.public_ip_gateway",
            "azurerm_resource_group.rg",
            "azurerm_subnet.subnet_gateway",
            "azurerm_virtual_network.network"
          ]
        }
      ]
    },
    {
      "mode": "managed",
      "type": "azurerm_application_insights",
      "name": "insight",
      "provider": "provider[\"registry.terraform.io/hashicorp/azurerm\"]",
      "instances": [
        {
          "schema_version": 1,
          "attributes": {
            "app_id": "f4f531c8-c6b6-4b3d-a67d-441858fd1a1e",
            "application_type": "web",
            "connection_string": "InstrumentationKey=3803339a-892d-4e80-a5fa-3ea7e9feb3dc;IngestionEndpoint=https://eastus2-0.in.applicationinsights.azure.com/;LiveEndpoint=https://eastus2.livediagnostics.monitor.azure.com/",
            "daily_data_cap_in_gb": 100,
            "daily_data_cap_notifications_disabled": false,
            "disable_ip_masking": false,
            "force_customer_storage_for_profiler": false,
            "id": "/subscriptions/a1f74e2d-ec58-4f9a-a112-088e3469febb/resourceGroups/brief4_QB/providers/Microsoft.Insights/components/insights-magento",
            "instrumentation_key": "3803339a-892d-4e80-a5fa-3ea7e9feb3dc",
            "internet_ingestion_enabled": true,
            "internet_query_enabled": true,
            "local_authentication_disabled": false,
            "location": "eastus2",
            "name": "insights-magento",
            "resource_group_name": "brief4_QB",
            "retention_in_days": 90,
            "sampling_percentage": 100,
            "tags": {},
            "timeouts": null,
            "workspace_id": null
          },
          "sensitive_attributes": [],
          "private": "eyJlMmJmYjczMC1lY2FhLTExZTYtOGY4OC0zNDM2M2JjN2M0YzAiOnsiY3JlYXRlIjozNjAwMDAwMDAwMDAwLCJkZWxldGUiOjE4MDAwMDAwMDAwMDAsInJlYWQiOjMwMDAwMDAwMDAwMCwidXBkYXRlIjoxODAwMDAwMDAwMDAwfSwic2NoZW1hX3ZlcnNpb24iOiIxIn0=",
          "dependencies": [
            "azurerm_resource_group.rg"
          ]
        }
      ]
    },
    {
      "mode": "managed",
      "type": "azurerm_key_vault",
      "name": "keyvault",
      "provider": "provider[\"registry.terraform.io/hashicorp/azurerm\"]",
      "instances": [
        {
          "schema_version": 2,
          "attributes": {
            "access_policy": [
              {
                "application_id": "",
                "certificate_permissions": [],
                "key_permissions": [
                  "Get"
                ],
                "object_id": "22cfcf9a-6cb8-40e5-a220-2c3c9d0ae144",
                "secret_permissions": [
                  "Get"
                ],
                "storage_permissions": [
                  "Get"
                ],
                "tenant_id": "a2e466aa-4f86-4545-b5b8-97da7c8febf3"
              }
            ],
            "contact": [],
            "enable_rbac_authorization": false,
            "enabled_for_deployment": false,
            "enabled_for_disk_encryption": true,
            "enabled_for_template_deployment": false,
            "id": "/subscriptions/a1f74e2d-ec58-4f9a-a112-088e3469febb/resourceGroups/brief4_QB/providers/Microsoft.KeyVault/vaults/keyvaultmagento",
            "location": "eastus2",
            "name": "keyvaultmagento",
            "network_acls": [
              {
                "bypass": "AzureServices",
                "default_action": "Allow",
                "ip_rules": [],
                "virtual_network_subnet_ids": []
              }
            ],
            "public_network_access_enabled": true,
            "purge_protection_enabled": false,
            "resource_group_name": "brief4_QB",
            "sku_name": "standard",
            "soft_delete_retention_days": 7,
            "tags": {},
            "tenant_id": "a2e466aa-4f86-4545-b5b8-97da7c8febf3",
            "timeouts": null,
            "vault_uri": "https://keyvaultmagento.vault.azure.net/"
          },
          "sensitive_attributes": [],
          "private": "eyJlMmJmYjczMC1lY2FhLTExZTYtOGY4OC0zNDM2M2JjN2M0YzAiOnsiY3JlYXRlIjoxODAwMDAwMDAwMDAwLCJkZWxldGUiOjE4MDAwMDAwMDAwMDAsInJlYWQiOjMwMDAwMDAwMDAwMCwidXBkYXRlIjoxODAwMDAwMDAwMDAwfSwic2NoZW1hX3ZlcnNpb24iOiIyIn0=",
          "dependencies": [
            "azurerm_resource_group.rg",
            "data.azurerm_client_config.current"
          ]
        }
      ]
    },
    {
      "mode": "managed",
      "type": "azurerm_linux_virtual_machine",
      "name": "vm_app",
      "provider": "provider[\"registry.terraform.io/hashicorp/azurerm\"]",
      "instances": [
        {
          "schema_version": 0,
          "attributes": {
            "additional_capabilities": [],
            "admin_password": null,
            "admin_ssh_key": [
              {
                "public_key": "ssh-rsa AAAAB3NzaC1yc2EAAAADAQABAAABgQDAXuIAe8DVtQ+qHpbTnCMn5iP1u7WQEOLDE76PTRZ0lYc0TrWJvH+zWzpEbTK/fwzx5sw7yAlBnuR83cAOtm6y8Gk5yktOogsk71VnJ9cXKV7QWtX5o/nysqhliBWAW2jQmEMLHBf4DOFXcKpCdl0OBOtrPct976tnFXhM5n5WF0wrQ4dVikfWe57yg0BX+G+ZbNl7iDCHS8cAGEI2S0ziGOLjl0qJq+9jjCaj2bdVb5vtbz/ghplWtNKQvirxvfOC5H3XbX7aeH2sAlogeYbPs8DmFuz5Smq/+FLBZzqV7JhPMxBCpVFm6r+EzZDgiS2WB96Q3Jh0ItPz7wwJtgpLmSWeaBmWyPGAOh9MBal2RXgDIZ26EPOQTc9WX1377SaEMFSXgwq3e0mtFl5TYG+hzjujY9ik6nfjyLy1yNaPB7hq0z0cCijeJf0Nlm092Ukb1IJOndiS9LSZXjFJT+LRNz7hqyK/oj8nH4K2nx4DMH+Fj4JypSdsqmIk7aXLdYE= nomad@device",
                "username": "magento"
              }
            ],
            "admin_username": "magento",
            "allow_extension_operations": true,
            "availability_set_id": "",
            "boot_diagnostics": [
              {
                "storage_account_uri": "https://stabdd.blob.core.windows.net/"
              }
            ],
            "capacity_reservation_group_id": "",
            "computer_name": "magento",
            "custom_data": "H4sIAAAAAAAA/9xZ6Y7jOJL+X0C9A7d2ML27LlmHD9lueNCW5fu+DzSQoCRKoi2RMknZlgfz7gv5yHJWVtb0LBr7YwqVaTL48WNEkMEIOuuUCESENE8iVAFhHAgcQSbkEJ+R8yuwaEwcyJLql0Fn0DBGi6FZm26+fEp70hIxjimpADWrfP70+ZMkPYM+f3pwm5hHlGNxxUIhoO2HiIhfgYsDRGCIql+yWdkOaOxImGDx1JRgFGUTGAZfvtHNGSTcRUxqEJs6mHgVoFtYPAGutgh0fjDZlLjY+/xpgEP0Tuv/fIuJoL2HHnqJIweKlIbF6FXKK58/ASAB4mFyvjVtGkaUI3brhZBh6FiSHWBExI9kkqpk1TuLyyWbhiElqR4xR+zB7yAXxsF9fuqhCjjEiAhMUhEAHqNxxCuAxw79Chil4ibnPgqCCpAtTGQLcv8mjQKIyUvqj5cIcn5yKsAK4O2/quX+4z43dmgF/FLr96v/Vev3/xsMR+PabLYyK7V+/5c7hvsvMBY+ZfiCnJc9Sm4a3/5J4G/St94VLTEOQa1Wqxm54QXW1cTWGmnXrE1qRir2JmZtHXdqqGQuxSRzaEfWnNQHpIDHaqyvJo1R32zoxfF8ulWCja3M2ap7bGcuq0vUsOY92T1dzgV+0pNaYJB4WsrZtZEIi0mptS8kezGiHt/r6pJ0y/a6t9QnK7EuUJkk/OAH2FjVVtpuEjYG/bbh5s1Rc233oroTKCNjJNjYFmW9KEhz7Q8KpLBqKic2yTtLvHdXqKAnnmKsM63M1hoGOjbr7VnJrrUaHW2mXHBr1N8FyqF7yJR3uzrcaZaztApHYV1kz4+ClRj2JkfMzkd3VC+0c2trrUPU1ngtoB7aWGNeMsNmfCnMwoOcafaN7eWw1Lv+eHA26tGyGRZZpnHZmh6eaSujXJzkur7SEeOLfjp1hRf1w9kKQSNcJeNWbeSXBwYMtOnaMztbrdgYjyZzu7xaqzldn8HGoDlbe6dDDimhaAaF+aaV8S+7eLcp432RuLukn6jJEI4N3T8oF8Wu4x3qusowCJWytthbaqc7Ig6elfuz7XrX7M4z/enwovuHpCfTXYm08z2NnPPmoJ1p7vLdJJo5/BB29jpc951NowoIDaHzm4OO2EbPZ54LFPn/fie+TozNdkpH3VD2+8RqhQtj6BsN7hwXtcPSypcak0Ogj9DGM/LRSG4249Ko4/eoa9SNxFWDMj01VsRaNbdd3/VOkwwebndORsVbEdpFGzu7wySJvIadWeRz8Gj7jaWzdXY9tY+dTqcrlJFOS33Fq02HRB3vzGZ/nEOLjrYe5mr9xcXI8ell3Zt31Un7UpqpRuK7q/VJO/p8DMudXPdYho3SZRvXjbPsucvJJJGbCd97vdJyNW37iyC3rntD87zYGFFEDK9eN1ftaDNyLm25sI6no6njDWzb9Lry0Lfr3iaD2BHqZrDvBJcpXp7DQjzolfbHBjZJprbq5GCLe2eR68NZ5gzxKe/3+xQd88u8vZrvVv52jLqzztxEq32uXePG2TRWreM5p6vF5MR9Pdyb3WiXrOmpOF1Hc2OPNDYPWX5dzvjLFo3y290hmc8X8XzvWJsgOGE4ZzzueaNugSAtWEXqWO3MFdtUeHmntIaBXMj34DCntps4bi83y2WtlLSiQk7ru9OdL/xo4LRx7Hctfgp6c2Z2pzmsYtueKxAv9lUQCxxgDgWK2W+LeaffmdUkrbsw9eX0OQBYAgn9NwyAeMJNy/Evxkh0j0jMputpZ2j0t6TXuPRtEWS6Ob+51jSHjhPVEMIvYR3mbewdkklZzQ86nrNhcjQeNd22vjH6sND3m9oU2uecPZ2r0zG1whbRzEHDHtbs1e6kTlh5Pg1ybbvZK5QxQZN8vKemyO+29UUyXQe43hz4B8OZLJRYLWmL47DpKv2C1TeWl2C/SobnMdXLK9Nsbcp6u84n/U1nYh+mLt90lc2pW5gkrcVRLFa9cDDKKZYf+Mmk2w1bcnEyCZZyWOQD3K7jhsjok/OxQHIZuzxtF3w+TWBCLrxvD8NLY2geODM58Q6nSy9PUWmmq5teb0ly5QI5bvODDiuNjaLVkJd4FR1niuXXL7WhuantSo3zXhsXVtMc7CjFMbX6I3uxO4e5htodNaG8sdeTUmt9CRferhW1BxdhFA+zdmY4a7fnBwPtwiM/auakTDYHedhXub4vokxzdlpN9mI7XNeCZee4aA3YuqAOnMVZLNcCDRtNJA/ru7xRLG4KWBsMSsvuXg24F5bGncVOOZm7wFDc0jxYNHuZ4wHv+qKk/DgAarNlu64M0mLoxLBAL2l9+CiJIij8CpB9GiI5hB4igj4+bwfQvlV/FfAljrhgCIbAhVzYHn6xoL1HxAF//50AwBE7IgZATPC5IrOYyJEfpT+lrCq5UZjl1N7/+jv5x+/kd3IHXycGmAtEgKpktaySVcuVkvLrN8KXNGLBy10iwF8GtVbjZToazYF8hEw+nU6yL8LgobR2RWJiB7GDPoDI1zozm5amWQ7DKEA3vb6kLmIxsUPn7p00kgGMBMCECxgEgFNXnCBDUsRohJjA6FFrgr/+9Q53HAlGQmLoWp1TloAoghVKHIZ2qUOAlHzHfiuKn4ToHFEmwLg2b1f/kv6ufGCJdStd33B5DDro/SIPE6QEBNg6h4H2+JQcdEzbnAdPTfVRT/+I4bav94+HB+69cxg8mqHFBcPEewXG7HXMcx4tTMRVKu34N5Yw4YdXLKcwuiI4dXAcXpuC7hHBF8Re1+U3lgu+YS07hMIH347gkznh3sHsg+Nxf4A4b6PidX+vNkgj4AsR8YosD2otRSmU9EJeUyvQ1ZGas0pKMZ93NZjPqyXdzeeLbqFgWXrRKdhqoWjlrN9Op1P2zpx6DzEbZW0ayhGjTmwLLjv0RAIKHS6n4SoPblip3pC0bD6bzwrIstZFe7JJQAak+kdnHkjno/tdoP+cNPXAG66ntVxMHHCEDHiIIAYFcsAREYcyEMWWzAUU2L42Q+RgCGAUyUjYQBJJhIALJHRGNrD9kDrAy5zA3/8BMn8Wu/M9O/+e3vbpiQBpCk6nk+RAASuPxluD30xJyeLMGaQFwesF+YGjHk5/PTNp1D9NTG+yOKq8xtPxeASSZEGOpJgF1fRkVWRZU7Lpo1YvZjWtCCTJsSSfclG9k0iPB/DtosxGDB+hQAEm++x9KJvalNJm4SVm1wN247l+O3AHvTxAt6H0vfxY4rcfL3UDXgsgypzqmwoISBJ0QkwkFzMurutc+6/yAP5QjEKIg2pamD3W9lLJXeUb5qra22mvSly7qpYDkhRA4sXQQ1VEXhYzIKW3DkPETqqLmQkkSeAQXShB1VqIGLahXPexDT0KpHQFiaFrluRVFUgSR5DZvoTSjIGqKFUe2zehDiTpjeC2O6qSzWeVbP7daHqjV8uaorwbwcRBZyliyMXn6uvZ+R6Vqk1jUVUL74ZSx9y39Ha+3q390V69hSECrQBJaV1a/e7ylzwkAEMhPSIAI2j7SHuXYq4YGAv6R3BRzLw/TiVJP8Hb0Y8LGJDeCrdkL1+TvfMYueb+JwYWPmN5uv13Zzjymy+NblfH+3tDmn5076bS58xu+xR8CVFIWfIS4BALUAVa6wv429/AEd/VSCunUlaV3ShM21lM8HsKeH5J77lYYEpe0sMBqkAtKcq/TnUJsJWlsYhi8WLTMGKIc0wJqIIR+T8o9sdsswP8Z9n2M6p/3bYfs/GECxTaIgAMcQGZ+HFdccsTul4AWfk1ecl/NE28TxEOrqRa4wD9VJenL04fEfHxiYxi67t4iWLrfW2U+oSHls2Qg4jAMOBPmPRJDCQb/HLz8usFxAWEUXR17A8I5NtwNhX98jHb62216kV43aorxb6yNRuDojO3B94wExYTeVs7ZzbLnlc/xvtmXRX1UrQf0aZL+KLt9PSguTP3MOMPm9zJ96gzKWdqM9FoHVvlSbX6r+p329WiovyzSR/bJD9gaTWXtSlD2RMmDj3xLEHisRPchwwp6s92zsYuB4S6EAdfn7So/hPNvjqYvYTUQVVF1/WvqRZP3Vtex4R+JTcd0sfaV2hfc041p3xzmMsFtJ59E9KYCCCJm2J/mpkSBf9v1r0PnO+jQ/6fn+h6m87CtGKVsyHE6YMZEhtl3QB63//9RpI+f/rfAAAA//9GB9AzHhoAAA==",
            "dedicated_host_group_id": "",
            "dedicated_host_id": "",
            "disable_password_authentication": true,
            "edge_zone": "",
            "encryption_at_host_enabled": false,
            "eviction_policy": "",
            "extensions_time_budget": "PT1H30M",
            "id": "/subscriptions/a1f74e2d-ec58-4f9a-a112-088e3469febb/resourceGroups/brief4_QB/providers/Microsoft.Compute/virtualMachines/vm_app",
            "identity": [],
            "license_type": "",
            "location": "eastus2",
            "max_bid_price": -1,
            "name": "vm_app",
            "network_interface_ids": [
              "/subscriptions/a1f74e2d-ec58-4f9a-a112-088e3469febb/resourceGroups/brief4_QB/providers/Microsoft.Network/networkInterfaces/nic_app"
            ],
            "os_disk": [
              {
                "caching": "ReadWrite",
                "diff_disk_settings": [],
                "disk_encryption_set_id": "",
                "disk_size_gb": 30,
                "name": "disk_app",
                "secure_vm_disk_encryption_set_id": "",
                "security_encryption_type": "",
                "storage_account_type": "Premium_LRS",
                "write_accelerator_enabled": false
              }
            ],
            "patch_mode": "ImageDefault",
            "plan": [],
            "platform_fault_domain": -1,
            "priority": "Regular",
            "private_ip_address": "10.2.0.19",
            "private_ip_addresses": [
              "10.2.0.19"
            ],
            "provision_vm_agent": true,
            "proximity_placement_group_id": "",
            "public_ip_address": "",
            "public_ip_addresses": [],
            "resource_group_name": "brief4_QB",
            "secret": [],
            "secure_boot_enabled": false,
            "size": "Standard_DS1_v2",
            "source_image_id": "",
            "source_image_reference": [
              {
                "offer": "UbuntuServer",
                "publisher": "Canonical",
                "sku": "18.04-LTS",
                "version": "latest"
              }
            ],
            "tags": null,
            "termination_notification": null,
            "timeouts": null,
            "user_data": "",
            "virtual_machine_id": "9b8150ed-63fa-4e53-a9a4-3b839540549f",
            "virtual_machine_scale_set_id": "",
            "vtpm_enabled": false,
            "zone": ""
          },
          "sensitive_attributes": [],
          "private": "eyJlMmJmYjczMC1lY2FhLTExZTYtOGY4OC0zNDM2M2JjN2M0YzAiOnsiY3JlYXRlIjoyNzAwMDAwMDAwMDAwLCJkZWxldGUiOjI3MDAwMDAwMDAwMDAsInJlYWQiOjMwMDAwMDAwMDAwMCwidXBkYXRlIjoyNzAwMDAwMDAwMDAwfX0=",
          "dependencies": [
            "azurerm_network_interface.nic_app",
            "azurerm_resource_group.rg",
            "azurerm_ssh_public_key.ssh_nomad",
            "azurerm_storage_account.storage-bdd",
            "data.template_cloudinit_config.configapp"
          ]
        }
      ]
    },
    {
      "mode": "managed",
      "type": "azurerm_linux_virtual_machine",
      "name": "vm_bastion",
      "provider": "provider[\"registry.terraform.io/hashicorp/azurerm\"]",
      "instances": [
        {
          "schema_version": 0,
          "attributes": {
            "additional_capabilities": [],
            "admin_password": null,
            "admin_ssh_key": [
              {
                "public_key": "ssh-rsa AAAAB3NzaC1yc2EAAAADAQABAAABgQDAXuIAe8DVtQ+qHpbTnCMn5iP1u7WQEOLDE76PTRZ0lYc0TrWJvH+zWzpEbTK/fwzx5sw7yAlBnuR83cAOtm6y8Gk5yktOogsk71VnJ9cXKV7QWtX5o/nysqhliBWAW2jQmEMLHBf4DOFXcKpCdl0OBOtrPct976tnFXhM5n5WF0wrQ4dVikfWe57yg0BX+G+ZbNl7iDCHS8cAGEI2S0ziGOLjl0qJq+9jjCaj2bdVb5vtbz/ghplWtNKQvirxvfOC5H3XbX7aeH2sAlogeYbPs8DmFuz5Smq/+FLBZzqV7JhPMxBCpVFm6r+EzZDgiS2WB96Q3Jh0ItPz7wwJtgpLmSWeaBmWyPGAOh9MBal2RXgDIZ26EPOQTc9WX1377SaEMFSXgwq3e0mtFl5TYG+hzjujY9ik6nfjyLy1yNaPB7hq0z0cCijeJf0Nlm092Ukb1IJOndiS9LSZXjFJT+LRNz7hqyK/oj8nH4K2nx4DMH+Fj4JypSdsqmIk7aXLdYE= nomad@device",
                "username": "bastion"
              }
            ],
            "admin_username": "bastion",
            "allow_extension_operations": true,
            "availability_set_id": "",
            "boot_diagnostics": [],
            "capacity_reservation_group_id": "",
            "computer_name": "bastion",
            "custom_data": "H4sIAAAAAAAA/9yW2a6j2BmF749U7+BULjqR4zKDMfi0KmowYMAMZgbflDaDYTMPG2x4+uh0dacr6jxBc8Va+v6l/5fWxT63DUobtHOWLn3f1FOFYAcGtK/hK01+3kTt1CRgWL5+1mRN4AxX51kr/Pz2oXZeOoywbd43+Bfs09unt93uR+jT2+/ZPBy7doToVxYgBOK8Thv08+YBq7QBdfr185cv+7hqp2QHG4h++N1FYPyY+7KAuvr8R6QzgGZ8pMNOaOI2gU32vqEjiH4Afr0Hpa/f0+K2ecDs05sG6/RPm//9f5kOxCXI0m9TlwD0ETNM6X/d8f3T22az24AO7dDHGl07oF2OUDd+RE1jOvyOJOkDTBX6Lj4Ofd/0U9og2HxYm002tFM3vm/GKWn/tRnaFn33xzytqvfNPoLNPgJj/t3tKgCbbx8nfevAOD6T901UgagCOEH+7bfBKWnfNz+xqvr1H6yq/nOjGzfWtn3+nVXVn35jxvwbmFDeDnBNk29lunxf9/u32/x794f6ld4NI9iwLMtypL6CM77EhPAhedZkuQ87M3k2mGQ2ZXgPmdte6iKnOWsNBW/4RPumYKi8QB9vjnXHqjDGnMFXZmm7+msnRM51/3iuL2p80gtbcc1kMWTMGqg+LsylpJYSGW02ljTuNcopDq4ebfoooNp9s4x9XkHOZ32iMGtBUyXuceANMYiv3TmpMIMz0HCL0Yk+okYMco1qKF/EnoN5SDxYPvyUopcM44LtZXuP9IqG/FmymZi9CDJhYyu8GGpRYb3Sb09FcQYFESVeRM0oWvdZ3lU+0q/mDIfX/DDOlEQGUUCDVCJGtmqzNIxuI8PX4rRSdt3vt6LK3dfeo5X8pr24c+eJ9XHYCuudz6BN+NzpaJJKjsnottLPp4KyTq1tPwVc7S+3C2vkJ40DFWEFGS/fiaNwM0wnPvkBTtK0DQRNtIPs2ZMpViOxopzwss3XYirCEyyPzaNY1AVfdHDj6LzHViw+wyJVHphe1diJcMsIlxWjSaB9Uu17UIiKs1UtfaXzfrnu24JppMOVaF4HXpO2YnFQls5Oxr6WSxoEahIKXzdNW4PklySdYZz+WPgRpV3+F6v7ueHCu9UaSr3P1Sa61C6n55wwJrPL9l50YASzr2gjDTPu0Bl7UZwYQ86v7YM7c8sDr07tU/CbyBfvSv7InuYW6vci2eLwjur4GMOk6M2ly4R46x5IMMe54CX3pLjiKkxkWUGYQbeMimWspTf4reBF9UamrkwEOsmq7sqRo7UGV0fBTWllbJxb8ocfPIk5H2/gJJPKfAICs96nM/faZw/PNJe9uIxldmU835JytyKDc6bzLzfkuq7hsvOZ96UuNJJV2lPBZBlWkmlxzGfKXs/jcxZu02EGNF+VcrVa0HvV1KRdmXIWIN9sWV8mwWXMXohUgb19Afg85KrapvPBO8S+U/j5/ZYqtuzwqV+SEjtyL57zL/OLpPHj8hxzui55pSuWoH0eraBzuDIlBqceDsFpm3uXtjvci35xHHdyyiQKq+oJgTOM0zUzFKpJicrv8BsuO1jMY+OpwC56tacOV6CTuCTCSfJCz2OZ5dJRJKE+rCJHeaclEpxyJRqf1dUZeMUiIQ7j2MEAdMuvmwnBCo4ApdPwi+vIqmyzO0Jxedqzfmz/sICm/au1fzJHPkrylTOQMqfItgJL1jn13lyFVY1RtVXIXAwIImlvC84hlDOQBocYZv1invCDJmdJOOy7myE+JDrkVECpuUhYIH6RseXg1q2N6ktD8JoQ62zsF0/cHE6OVZFSLF6pE2xS8zCVLY8Oxf3sLlZQwbOo5T2XmC424Qzhzrr4wFQqUjlvrUp/0V+3lj75PH8JT7R0Hk01lM24tx5jqGDhU6HM5eLOyPWvtWaQWJRX+WIqSn3ZH02z8vb1cdSgdIYC2tLma6YachufLInKR2sBS7OOaqzXq6Dz/TjwY5P1z/V6aFPGpvHwevUa8kQ18/2gyQNz446RsPeg3802FuXnldX5kC0Y4VUSN8q3SCBjx1sbqUbsFq+aFHDFEME+jAOTuQRr7WbFpZO0FXHH3pa2ui1JTs+lRT2PM8Gbpybs97qKj3R5TLei/fTNEt31gK08eXYv2hBQuJa4L+QFKNUFMd3r5+LAHY8hBQlNYzylxKsxq5mb7BbYky8qDnswTuWK1+3cw0JFDPb/28/annTGtD8/BHe7T2//CQAA//8YmmeKZwoAAA==",
            "dedicated_host_group_id": "",
            "dedicated_host_id": "",
            "disable_password_authentication": true,
            "edge_zone": "",
            "encryption_at_host_enabled": false,
            "eviction_policy": "",
            "extensions_time_budget": "PT1H30M",
            "id": "/subscriptions/a1f74e2d-ec58-4f9a-a112-088e3469febb/resourceGroups/brief4_QB/providers/Microsoft.Compute/virtualMachines/vm_bastion",
            "identity": [],
            "license_type": "",
            "location": "eastus2",
            "max_bid_price": -1,
            "name": "vm_bastion",
            "network_interface_ids": [
              "/subscriptions/a1f74e2d-ec58-4f9a-a112-088e3469febb/resourceGroups/brief4_QB/providers/Microsoft.Network/networkInterfaces/nic_bastion"
            ],
            "os_disk": [
              {
                "caching": "ReadWrite",
                "diff_disk_settings": [],
                "disk_encryption_set_id": "",
                "disk_size_gb": 30,
                "name": "disk_bastion",
                "secure_vm_disk_encryption_set_id": "",
                "security_encryption_type": "",
                "storage_account_type": "Premium_LRS",
                "write_accelerator_enabled": false
              }
            ],
            "patch_mode": "ImageDefault",
            "plan": [],
            "platform_fault_domain": -1,
            "priority": "Regular",
            "private_ip_address": "10.6.0.19",
            "private_ip_addresses": [
              "10.6.0.19"
            ],
            "provision_vm_agent": true,
            "proximity_placement_group_id": "",
            "public_ip_address": "20.10.177.73",
            "public_ip_addresses": [
              "20.10.177.73"
            ],
            "resource_group_name": "brief4_QB",
            "secret": [],
            "secure_boot_enabled": false,
            "size": "Standard_DS1_v2",
            "source_image_id": "",
            "source_image_reference": [
              {
                "offer": "UbuntuServer",
                "publisher": "Canonical",
                "sku": "18.04-LTS",
                "version": "latest"
              }
            ],
            "tags": {},
            "termination_notification": [],
            "timeouts": null,
            "user_data": "",
            "virtual_machine_id": "4b898741-ab48-4871-a20d-40ba290eab11",
            "virtual_machine_scale_set_id": "",
            "vtpm_enabled": false,
            "zone": ""
          },
          "sensitive_attributes": [],
          "private": "eyJlMmJmYjczMC1lY2FhLTExZTYtOGY4OC0zNDM2M2JjN2M0YzAiOnsiY3JlYXRlIjoyNzAwMDAwMDAwMDAwLCJkZWxldGUiOjI3MDAwMDAwMDAwMDAsInJlYWQiOjMwMDAwMDAwMDAwMCwidXBkYXRlIjoyNzAwMDAwMDAwMDAwfX0=",
          "dependencies": [
            "azurerm_network_interface.nic_bastion",
            "azurerm_public_ip.public_ip_bastion",
            "azurerm_resource_group.rg",
            "azurerm_ssh_public_key.ssh_nomad",
            "azurerm_subnet.subnet_bastion",
            "azurerm_virtual_network.network",
            "data.template_cloudinit_config.configbastion",
            "data.template_file.scriptbastion"
          ]
        }
      ]
    },
    {
      "mode": "managed",
      "type": "azurerm_linux_virtual_machine",
      "name": "vmelasticsrh",
      "provider": "provider[\"registry.terraform.io/hashicorp/azurerm\"]",
      "instances": [
        {
          "schema_version": 0,
          "attributes": {
            "additional_capabilities": [],
            "admin_password": null,
            "admin_ssh_key": [
              {
                "public_key": "ssh-rsa AAAAB3NzaC1yc2EAAAADAQABAAABgQDAXuIAe8DVtQ+qHpbTnCMn5iP1u7WQEOLDE76PTRZ0lYc0TrWJvH+zWzpEbTK/fwzx5sw7yAlBnuR83cAOtm6y8Gk5yktOogsk71VnJ9cXKV7QWtX5o/nysqhliBWAW2jQmEMLHBf4DOFXcKpCdl0OBOtrPct976tnFXhM5n5WF0wrQ4dVikfWe57yg0BX+G+ZbNl7iDCHS8cAGEI2S0ziGOLjl0qJq+9jjCaj2bdVb5vtbz/ghplWtNKQvirxvfOC5H3XbX7aeH2sAlogeYbPs8DmFuz5Smq/+FLBZzqV7JhPMxBCpVFm6r+EzZDgiS2WB96Q3Jh0ItPz7wwJtgpLmSWeaBmWyPGAOh9MBal2RXgDIZ26EPOQTc9WX1377SaEMFSXgwq3e0mtFl5TYG+hzjujY9ik6nfjyLy1yNaPB7hq0z0cCijeJf0Nlm092Ukb1IJOndiS9LSZXjFJT+LRNz7hqyK/oj8nH4K2nx4DMH+Fj4JypSdsqmIk7aXLdYE= nomad@device",
                "username": "elastic"
              }
            ],
            "admin_username": "elastic",
            "allow_extension_operations": true,
            "availability_set_id": "",
            "boot_diagnostics": [],
            "capacity_reservation_group_id": "",
            "computer_name": "elastic",
            "custom_data": "H4sIAAAAAAAA/9xYa5OiSJf+XhH9H9jaiHd2w0XAG+pEbwyIN0QUb6BTExUJpJCYJEgmKsT++A20arqrey5vfx2NUPLw5HPOyTwHn3SQEAYJ4zdFCvtcnGOGUpAxIUY36P/MuUlOfJAVn5/n0/lQXWxNTVntn5+qEb+DGUUJ6XNSXfz09OmJ578GfXp659YQTROK2B0LGANeGEPCfuaOCEMCYvj5uV4XPJzkPo8IYl9d8hADypBXL0CMn79QbjJA6BFm/JB4iY9I0OdkF7GvAPd8GLy9s3kJOaLg09McxfC7yP/zIyYF3gkE8DVPfcAqmiyHv1tp/9MTx/EcSBnPqjDSJGN8yFhKK6qcwuwd4sMjyDF7DKpE+9w5h4QhUpk4LsiSPKV9juZ+8j9cliTsYachxLjPCS4iggto+LCmGCDyWqX0mgJKr36fczFwMZAazf94m5j7SZ/7STGMz/+lGMZ/c+ZiqazXttZXDOOnNwwNX0HOwiRDJfRfT7B4hPt48dz/8l9GdzSfUcApiqKoTbMEA6nwGsNqqCmWolbmwNIUJ58qsKvtmFU7T1J3QwZz0kZLKZdta7gwtKHcWW5WBxHvPXGT2fplUivtMh26m5lwvJa3Nr3KhYJVkq+6TU9ZsLhTdMendnFiiySgJ1naEb3nObOdbNnMaScCKeg5xEi1FbsRWfFwbkzUY0tbjBxvlg58LC7UBcuWHuvJHUZGTjhvk7Y9Eq+Z1fJ36HS0YVsuAlF1auPawTWxjLTBZN31lPFw2liLJRovjAiLZ/1c60XRAEQN19+57QtzSyEIU2wzc2ZdUHa7HBeD9qTpuI4M4KRBFZwEcO8uaVeLR3nZXsdnoTYy1EN53sl6uJzf1EG6G8WdrDYsD1qA1g1b7XWsph6KU7Ys5etVZ0FqxGsbAjW2i+VYWYS9uQpwY+UE2vTQ6AyXC2vj9WxHasryGgzno7UTXM9NKMZshNub/bgWllEe7Xvo1CHHqDAKqTDBUpXDs1iK3gBFUD+KJo7FXmN7cqWpviA+WveM9cGJRvqmZqzMUg7PxUxIoi6ZtGYNcmtp80ltFLX0Il379BxPTzJwDH8//MyRJAb+Lz68IA9+XfCUwTT8h5X7gKj7wypZ6LEQGsQdx1vVDNUh9S9b5bxzW92hdcbyAu4DtZUuhNEo7y6m4Sw5qgO1OEq4l1yHNnHt0UEPj8HVqiHzEPk1CR1Y7HU85Ednq0iDoVfbtprg4oXDnX/wo5lkIH861Zm4kJOuIQbKyiTSMtJGxrIJt9OGYzYVY1uqTboqndlGl6xJ2V1LahEebefauIR0CXrTpn7pgWG3POQD9SYEx51lFcKooKdg1t3Zq0m4xU1nEJjabbtX05SowWCg2ZN0v/DLidB28tVi5Qdzz9MCXTBDbxDsazC7AFnDpykuV2h3i9v5fNY9XYZIIzXFnjbBmAY31jTAunYD6NoKDSOBl9au5dmbyA4PS6ivpxsN2qfmRKHqTVPt8eXWlKVOcaWhHJ80PY0KJ7l2Vk66UU+wkW3irOX0auFunKStQ3QuNpttvjn57h7jKwKbjOazYKG3CWxgO5WW0nQjeppIe5E4NrHQbs2A2ZQmI5RPdvvdTukW47TdbBjHVRSyMJ37E5SHukuveLbJNH3VRBLyvI0I0Pb0mcsZwogCBvPsl+1makzXCt/Qt5q8W31d/VkBSPJPq/7coprrh6W6YPoFsvXKWU1N1TiQ2bA0PIZrejMcOY2GnywLSWUs7CIZtDwUnAurJ7Xm08DfZ0K6XIyOE3mvGqBthKPGCni3prfaSKtl4sZj0tDmQ89UPDu6SlbW26xwc+KNZu0eItBq5adEY63oMNgWKwejwWgenlXf2oq51G1sL+boKBpt11B3JT7ZhXlbJnLP1rTxvidPBtQy9lPLO6+OdK+L+6vetorx9sK29iyeL5qiG+KwsHQ9Hgsdy8I7Ie7QOZoM0JDVZOt2aZNmzeutJu2QrgpQkJIanhmXQ1M700yjJDhfy1krgd21LO1nsx1p9trkcmjNp1l3qXbcobBDdnpZi244KBVT2ytRd3g7NZZte9UEU7GzTFxj4W2jW9wcSvpiBIS951jdsVPG2yAap5N5ydTOeT2pmevJZHNWYRRf6KWhWT2yPwumIVH51IG10fpqWyd2MB0F76aX7XieOW1p7m9vbOcwaA5HUDAHUUvtdPZt1JjPuzv9JGEaxN3ldBuJVy3CqnjsbvB2NKtdzigyWFf84+pX1rvJQJxXGuiaIQZfK3X3roRSwMI+J4RJDIU3Sff+TSHIvLBexPhRit5DwfW5Zw/nlMGs/miluOBBmmLkgUpIvhCS+PDtVnXJSy+k8lL3AQN9TriATMDI/ejlDYKTgL5DkuBbCIHsmmSnephQ1ucksd6qi/XWC7lVArBOoZdniBV1SICLof9Qh39wN0swrmTu3wAr4VinFPdfCMf9Dj0CTGFlqTqWJRmsP1bQgxmjwn1OKjVeyHd0vyvS7zkf7jnuAjN0fFvG1zjx4YP2Yftzp1+Y7565io+yv8W9b2Kl5hHArzGohq/VltE+9+vL89vmPf/2Qu55PZZdrN/fL+S5KqhPT1lOvNh/q6ZrABnHnxccz911d18QQJUA8Bitv58YvEQYL8f8bLjnP2ww93/3JycXpAHH8z4EWZxkHJ9wQk4zgYYgg8IJFhkiAf1YGvybuR6kwSMQ6IUJ9+xDl/uVooBAn3eLzz/E89tfZ/B+5hC69ZsAUsZRVu0mFwNEnt8zYRByAmReBRBokmcepHWMKKv77475bv12Nz3ivk+rDjDVQj5OOR9vcIhQBjDmPi4dX3wF89KH1w+Q77v6m653gXfK09fH8GPvv/Fm8b/F+00kf/1o+WHGMLmS+490/+MK/DBPnPhcpyP+6MS7HKAFZTD2GOZ8AOOE8BnECfD/HPbo9Y+bVqcw+yLK77O+TKAMZOyv8J7/dV98jN9FhPvXvx6U9W9K/H4M5qpP4PtcDAJIWMLx6ZuKeRMyHJ9xNE9hVgEfjf7t3wg8/+np/wMAAP//9Vc/K6UQAAA=",
            "dedicated_host_group_id": "",
            "dedicated_host_id": "",
            "disable_password_authentication": true,
            "edge_zone": "",
            "encryption_at_host_enabled": false,
            "eviction_policy": "",
            "extensions_time_budget": "PT1H30M",
            "id": "/subscriptions/a1f74e2d-ec58-4f9a-a112-088e3469febb/resourceGroups/brief4_QB/providers/Microsoft.Compute/virtualMachines/vm_elasticsrh",
            "identity": [],
            "license_type": "",
            "location": "eastus2",
            "max_bid_price": -1,
            "name": "vm_elasticsrh",
            "network_interface_ids": [
              "/subscriptions/a1f74e2d-ec58-4f9a-a112-088e3469febb/resourceGroups/brief4_QB/providers/Microsoft.Network/networkInterfaces/nic_elasticsrh"
            ],
            "os_disk": [
              {
                "caching": "ReadWrite",
                "diff_disk_settings": [],
                "disk_encryption_set_id": "",
                "disk_size_gb": 30,
                "name": "disk_elastic",
                "secure_vm_disk_encryption_set_id": "",
                "security_encryption_type": "",
                "storage_account_type": "Premium_LRS",
                "write_accelerator_enabled": false
              }
            ],
            "patch_mode": "ImageDefault",
            "plan": [],
            "platform_fault_domain": -1,
            "priority": "Regular",
            "private_ip_address": "10.4.0.4",
            "private_ip_addresses": [
              "10.4.0.4"
            ],
            "provision_vm_agent": true,
            "proximity_placement_group_id": "",
            "public_ip_address": "",
            "public_ip_addresses": [],
            "resource_group_name": "brief4_QB",
            "secret": [],
            "secure_boot_enabled": false,
            "size": "Standard_DS1_v2",
            "source_image_id": "",
            "source_image_reference": [
              {
                "offer": "UbuntuServer",
                "publisher": "Canonical",
                "sku": "18.04-LTS",
                "version": "latest"
              }
            ],
            "tags": {},
            "termination_notification": [],
            "timeouts": null,
            "user_data": "",
            "virtual_machine_id": "f06d61eb-4858-42c0-8d39-431f80395260",
            "virtual_machine_scale_set_id": "",
            "vtpm_enabled": false,
            "zone": ""
          },
          "sensitive_attributes": [],
          "private": "eyJlMmJmYjczMC1lY2FhLTExZTYtOGY4OC0zNDM2M2JjN2M0YzAiOnsiY3JlYXRlIjoyNzAwMDAwMDAwMDAwLCJkZWxldGUiOjI3MDAwMDAwMDAwMDAsInJlYWQiOjMwMDAwMDAwMDAwMCwidXBkYXRlIjoyNzAwMDAwMDAwMDAwfX0=",
          "dependencies": [
            "azurerm_network_interface.nic_elasticsrh",
            "azurerm_resource_group.rg",
            "azurerm_ssh_public_key.ssh_nomad",
            "azurerm_subnet.subnet_elastic",
            "azurerm_virtual_network.network",
            "data.template_cloudinit_config.configelastic",
            "data.template_file.scriptelastic"
          ]
        }
      ]
    },
    {
      "mode": "managed",
      "type": "azurerm_mariadb_database",
      "name": "db_magento",
      "provider": "provider[\"registry.terraform.io/hashicorp/azurerm\"]",
      "instances": [
        {
          "schema_version": 0,
          "attributes": {
            "charset": "utf8",
            "collation": "utf8_general_ci",
            "id": "/subscriptions/a1f74e2d-ec58-4f9a-a112-088e3469febb/resourceGroups/brief4_QB/providers/Microsoft.DBforMariaDB/servers/magento-mariadb-server/databases/mariadb_database",
            "name": "mariadb_database",
            "resource_group_name": "brief4_QB",
            "server_name": "magento-mariadb-server",
            "timeouts": null
          },
          "sensitive_attributes": [],
          "private": "eyJlMmJmYjczMC1lY2FhLTExZTYtOGY4OC0zNDM2M2JjN2M0YzAiOnsiY3JlYXRlIjozNjAwMDAwMDAwMDAwLCJkZWxldGUiOjM2MDAwMDAwMDAwMDAsInJlYWQiOjMwMDAwMDAwMDAwMCwidXBkYXRlIjozNjAwMDAwMDAwMDAwfX0=",
          "dependencies": [
            "azurerm_mariadb_server.server_magento",
            "azurerm_resource_group.rg"
          ]
        }
      ]
    },
    {
      "mode": "managed",
      "type": "azurerm_mariadb_firewall_rule",
      "name": "mdbrule",
      "provider": "provider[\"registry.terraform.io/hashicorp/azurerm\"]",
      "instances": [
        {
          "schema_version": 0,
          "attributes": {
            "end_ip_address": "20.10.177.73",
            "id": "/subscriptions/a1f74e2d-ec58-4f9a-a112-088e3469febb/resourceGroups/brief4_QB/providers/Microsoft.DBforMariaDB/servers/magento-mariadb-server/firewallRules/rule_magento_db",
            "name": "rule_magento_db",
            "resource_group_name": "brief4_QB",
            "server_name": "magento-mariadb-server",
            "start_ip_address": "20.10.177.73",
            "timeouts": null
          },
          "sensitive_attributes": [],
          "private": "eyJlMmJmYjczMC1lY2FhLTExZTYtOGY4OC0zNDM2M2JjN2M0YzAiOnsiY3JlYXRlIjoxODAwMDAwMDAwMDAwLCJkZWxldGUiOjE4MDAwMDAwMDAwMDAsInJlYWQiOjMwMDAwMDAwMDAwMCwidXBkYXRlIjoxODAwMDAwMDAwMDAwfX0=",
          "dependencies": [
            "azurerm_mariadb_server.server_magento",
            "azurerm_public_ip.public_ip_bastion",
            "azurerm_resource_group.rg"
          ]
        }
      ]
    },
    {
      "mode": "managed",
      "type": "azurerm_mariadb_server",
      "name": "server_magento",
      "provider": "provider[\"registry.terraform.io/hashicorp/azurerm\"]",
      "instances": [
        {
          "schema_version": 0,
          "attributes": {
            "administrator_login": "magento",
            "administrator_login_password": "blablabla123!",
            "auto_grow_enabled": true,
            "backup_retention_days": 14,
            "create_mode": "Default",
            "creation_source_server_id": null,
            "fqdn": "magento-mariadb-server.mariadb.database.azure.com",
            "geo_redundant_backup_enabled": false,
            "id": "/subscriptions/a1f74e2d-ec58-4f9a-a112-088e3469febb/resourceGroups/brief4_QB/providers/Microsoft.DBforMariaDB/servers/magento-mariadb-server",
            "location": "eastus2",
            "name": "magento-mariadb-server",
            "public_network_access_enabled": true,
            "resource_group_name": "brief4_QB",
            "restore_point_in_time": null,
            "sku_name": "MO_Gen5_2",
            "ssl_enforcement_enabled": false,
            "storage_mb": 5120,
            "tags": {},
            "timeouts": null,
            "version": "10.2"
          },
          "sensitive_attributes": [],
          "private": "eyJlMmJmYjczMC1lY2FhLTExZTYtOGY4OC0zNDM2M2JjN2M0YzAiOnsiY3JlYXRlIjo1NDAwMDAwMDAwMDAwLCJkZWxldGUiOjM2MDAwMDAwMDAwMDAsInJlYWQiOjMwMDAwMDAwMDAwMCwidXBkYXRlIjozNjAwMDAwMDAwMDAwfX0=",
          "dependencies": [
            "azurerm_resource_group.rg"
          ]
        }
      ]
    },
    {
      "mode": "managed",
      "type": "azurerm_monitor_action_group",
      "name": "group-monitor",
      "provider": "provider[\"registry.terraform.io/hashicorp/azurerm\"]",
      "instances": [
        {
          "schema_version": 1,
          "attributes": {
            "arm_role_receiver": [],
            "automation_runbook_receiver": [],
            "azure_app_push_receiver": [],
            "azure_function_receiver": [],
            "email_receiver": [],
            "enabled": true,
            "event_hub_receiver": [],
            "id": "/subscriptions/a1f74e2d-ec58-4f9a-a112-088e3469febb/resourceGroups/brief4_QB/providers/Microsoft.Insights/actionGroups/group-monitor",
            "itsm_receiver": [],
            "logic_app_receiver": [],
            "name": "group-monitor",
            "resource_group_name": "brief4_QB",
            "short_name": "monitor-grp",
            "sms_receiver": [],
            "tags": {},
            "timeouts": null,
            "voice_receiver": [],
            "webhook_receiver": []
          },
          "sensitive_attributes": [],
          "private": "eyJlMmJmYjczMC1lY2FhLTExZTYtOGY4OC0zNDM2M2JjN2M0YzAiOnsiY3JlYXRlIjoxODAwMDAwMDAwMDAwLCJkZWxldGUiOjE4MDAwMDAwMDAwMDAsInJlYWQiOjMwMDAwMDAwMDAwMCwidXBkYXRlIjoxODAwMDAwMDAwMDAwfSwic2NoZW1hX3ZlcnNpb24iOiIxIn0=",
          "dependencies": [
            "azurerm_resource_group.rg"
          ]
        }
      ]
    },
    {
      "mode": "managed",
      "type": "azurerm_monitor_metric_alert",
      "name": "alert-stock",
      "provider": "provider[\"registry.terraform.io/hashicorp/azurerm\"]",
      "instances": [
        {
          "schema_version": 1,
          "attributes": {
            "action": [
              {
                "action_group_id": "/subscriptions/a1f74e2d-ec58-4f9a-a112-088e3469febb/resourceGroups/brief4_QB/providers/Microsoft.Insights/actionGroups/group-monitor",
                "webhook_properties": {}
              }
            ],
            "application_insights_web_test_location_availability_criteria": [],
            "auto_mitigate": true,
            "criteria": [
              {
                "aggregation": "Average",
                "dimension": [],
                "metric_name": "UsedCapacity",
                "metric_namespace": "Microsoft.Storage/storageAccounts",
                "operator": "GreaterThan",
                "skip_metric_validation": false,
                "threshold": 450000
              }
            ],
            "description": "Space alert",
            "dynamic_criteria": [],
            "enabled": true,
            "frequency": "PT1H",
            "id": "/subscriptions/a1f74e2d-ec58-4f9a-a112-088e3469febb/resourceGroups/brief4_QB/providers/Microsoft.Insights/metricAlerts/alert-stock-capacity",
            "name": "alert-stock-capacity",
            "resource_group_name": "brief4_QB",
            "scopes": [
              "/subscriptions/a1f74e2d-ec58-4f9a-a112-088e3469febb/resourceGroups/brief4_QB/providers/Microsoft.Storage/storageAccounts/stabdd"
            ],
            "severity": 3,
            "tags": {},
            "target_resource_location": "",
            "target_resource_type": "Microsoft.Storage/storageAccounts",
            "timeouts": null,
            "window_size": "PT12H"
          },
          "sensitive_attributes": [],
          "private": "eyJlMmJmYjczMC1lY2FhLTExZTYtOGY4OC0zNDM2M2JjN2M0YzAiOnsiY3JlYXRlIjoxODAwMDAwMDAwMDAwLCJkZWxldGUiOjE4MDAwMDAwMDAwMDAsInJlYWQiOjMwMDAwMDAwMDAwMCwidXBkYXRlIjoxODAwMDAwMDAwMDAwfSwic2NoZW1hX3ZlcnNpb24iOiIxIn0=",
          "dependencies": [
            "azurerm_monitor_action_group.group-monitor",
            "azurerm_resource_group.rg",
            "azurerm_storage_account.storage-bdd",
            "azurerm_subnet.subnet_bdd",
            "azurerm_virtual_network.network"
          ]
        }
      ]
    },
    {
      "mode": "managed",
      "type": "azurerm_monitor_metric_alert",
      "name": "alert-vm-cpu",
      "provider": "provider[\"registry.terraform.io/hashicorp/azurerm\"]",
      "instances": [
        {
          "schema_version": 1,
          "attributes": {
            "action": [
              {
                "action_group_id": "/subscriptions/a1f74e2d-ec58-4f9a-a112-088e3469febb/resourceGroups/brief4_QB/providers/Microsoft.Insights/actionGroups/group-monitor",
                "webhook_properties": {}
              }
            ],
            "application_insights_web_test_location_availability_criteria": [],
            "auto_mitigate": true,
            "criteria": [
              {
                "aggregation": "Total",
                "dimension": [],
                "metric_name": "Percentage CPU",
                "metric_namespace": "Microsoft.Compute/virtualMachines",
                "operator": "GreaterThan",
                "skip_metric_validation": false,
                "threshold": 90
              }
            ],
            "description": "VM App cpu alert",
            "dynamic_criteria": [],
            "enabled": true,
            "frequency": "PT1M",
            "id": "/subscriptions/a1f74e2d-ec58-4f9a-a112-088e3469febb/resourceGroups/brief4_QB/providers/Microsoft.Insights/metricAlerts/alert-vm-cpu",
            "name": "alert-vm-cpu",
            "resource_group_name": "brief4_QB",
            "scopes": [
              "/subscriptions/a1f74e2d-ec58-4f9a-a112-088e3469febb/resourceGroups/brief4_QB/providers/Microsoft.Compute/virtualMachines/vm_app"
            ],
            "severity": 3,
            "tags": {},
            "target_resource_location": "",
            "target_resource_type": "Microsoft.Compute/virtualMachines",
            "timeouts": null,
            "window_size": "PT5M"
          },
          "sensitive_attributes": [],
          "private": "eyJlMmJmYjczMC1lY2FhLTExZTYtOGY4OC0zNDM2M2JjN2M0YzAiOnsiY3JlYXRlIjoxODAwMDAwMDAwMDAwLCJkZWxldGUiOjE4MDAwMDAwMDAwMDAsInJlYWQiOjMwMDAwMDAwMDAwMCwidXBkYXRlIjoxODAwMDAwMDAwMDAwfSwic2NoZW1hX3ZlcnNpb24iOiIxIn0=",
          "dependencies": [
            "azurerm_linux_virtual_machine.vm_app",
            "azurerm_mariadb_server.server_magento",
            "azurerm_monitor_action_group.group-monitor",
            "azurerm_network_interface.nic_app",
            "azurerm_private_dns_zone.private_dns_mariadb",
            "azurerm_private_endpoint.private_bdd",
            "azurerm_public_ip.public_ip_gateway",
            "azurerm_resource_group.rg",
            "azurerm_ssh_public_key.ssh_nomad",
            "azurerm_storage_account.Storage_share01",
            "azurerm_storage_account.storage-bdd",
            "azurerm_subnet.subnet_app",
            "azurerm_subnet.subnet_bdd",
            "azurerm_virtual_network.network",
            "data.template_cloudinit_config.configapp",
            "data.template_file.scriptapp"
          ]
        }
      ]
    },
    {
      "mode": "managed",
      "type": "azurerm_network_interface",
      "name": "nic_app",
      "provider": "provider[\"registry.terraform.io/hashicorp/azurerm\"]",
      "instances": [
        {
          "schema_version": 0,
          "attributes": {
            "applied_dns_servers": [],
            "dns_servers": [],
            "edge_zone": "",
            "enable_accelerated_networking": false,
            "enable_ip_forwarding": false,
            "id": "/subscriptions/a1f74e2d-ec58-4f9a-a112-088e3469febb/resourceGroups/brief4_QB/providers/Microsoft.Network/networkInterfaces/nic_app",
            "internal_dns_name_label": "",
            "internal_domain_name_suffix": "h2q5rpzensyunlw35vyuebihpa.cx.internal.cloudapp.net",
            "ip_configuration": [
              {
                "gateway_load_balancer_frontend_ip_configuration_id": "",
                "name": "nic_app_config",
                "primary": true,
                "private_ip_address": "10.2.0.19",
                "private_ip_address_allocation": "Static",
                "private_ip_address_version": "IPv4",
                "public_ip_address_id": "",
                "subnet_id": "/subscriptions/a1f74e2d-ec58-4f9a-a112-088e3469febb/resourceGroups/brief4_QB/providers/Microsoft.Network/virtualNetworks/network/subnets/subnet_app"
              }
            ],
            "location": "eastus2",
            "mac_address": "00-0D-3A-DA-DE-01",
            "name": "nic_app",
            "private_ip_address": "10.2.0.19",
            "private_ip_addresses": [
              "10.2.0.19"
            ],
            "resource_group_name": "brief4_QB",
            "tags": {},
            "timeouts": null,
            "virtual_machine_id": "/subscriptions/a1f74e2d-ec58-4f9a-a112-088e3469febb/resourceGroups/brief4_QB/providers/Microsoft.Compute/virtualMachines/vm_app"
          },
          "sensitive_attributes": [],
          "private": "eyJlMmJmYjczMC1lY2FhLTExZTYtOGY4OC0zNDM2M2JjN2M0YzAiOnsiY3JlYXRlIjoxODAwMDAwMDAwMDAwLCJkZWxldGUiOjE4MDAwMDAwMDAwMDAsInJlYWQiOjMwMDAwMDAwMDAwMCwidXBkYXRlIjoxODAwMDAwMDAwMDAwfX0=",
          "dependencies": [
            "azurerm_resource_group.rg",
            "azurerm_subnet.subnet_app",
            "azurerm_virtual_network.network"
          ]
        }
      ]
    },
    {
      "mode": "managed",
      "type": "azurerm_network_interface",
      "name": "nic_bastion",
      "provider": "provider[\"registry.terraform.io/hashicorp/azurerm\"]",
      "instances": [
        {
          "schema_version": 0,
          "attributes": {
            "applied_dns_servers": [],
            "dns_servers": [],
            "edge_zone": "",
            "enable_accelerated_networking": false,
            "enable_ip_forwarding": false,
            "id": "/subscriptions/a1f74e2d-ec58-4f9a-a112-088e3469febb/resourceGroups/brief4_QB/providers/Microsoft.Network/networkInterfaces/nic_bastion",
            "internal_dns_name_label": "",
            "internal_domain_name_suffix": "h2q5rpzensyunlw35vyuebihpa.cx.internal.cloudapp.net",
            "ip_configuration": [
              {
                "gateway_load_balancer_frontend_ip_configuration_id": "",
                "name": "nic_bastion_config",
                "primary": true,
                "private_ip_address": "10.6.0.19",
                "private_ip_address_allocation": "Static",
                "private_ip_address_version": "IPv4",
                "public_ip_address_id": "/subscriptions/a1f74e2d-ec58-4f9a-a112-088e3469febb/resourceGroups/brief4_QB/providers/Microsoft.Network/publicIPAddresses/ip_bastion",
                "subnet_id": "/subscriptions/a1f74e2d-ec58-4f9a-a112-088e3469febb/resourceGroups/brief4_QB/providers/Microsoft.Network/virtualNetworks/network/subnets/subnet_bastion"
              }
            ],
            "location": "eastus2",
            "mac_address": "60-45-BD-78-64-58",
            "name": "nic_bastion",
            "private_ip_address": "10.6.0.19",
            "private_ip_addresses": [
              "10.6.0.19"
            ],
            "resource_group_name": "brief4_QB",
            "tags": {},
            "timeouts": null,
            "virtual_machine_id": "/subscriptions/a1f74e2d-ec58-4f9a-a112-088e3469febb/resourceGroups/brief4_QB/providers/Microsoft.Compute/virtualMachines/vm_bastion"
          },
          "sensitive_attributes": [],
          "private": "eyJlMmJmYjczMC1lY2FhLTExZTYtOGY4OC0zNDM2M2JjN2M0YzAiOnsiY3JlYXRlIjoxODAwMDAwMDAwMDAwLCJkZWxldGUiOjE4MDAwMDAwMDAwMDAsInJlYWQiOjMwMDAwMDAwMDAwMCwidXBkYXRlIjoxODAwMDAwMDAwMDAwfX0=",
          "dependencies": [
            "azurerm_public_ip.public_ip_bastion",
            "azurerm_resource_group.rg",
            "azurerm_subnet.subnet_bastion",
            "azurerm_virtual_network.network"
          ]
        }
      ]
    },
    {
      "mode": "managed",
      "type": "azurerm_network_interface",
      "name": "nic_elasticsrh",
      "provider": "provider[\"registry.terraform.io/hashicorp/azurerm\"]",
      "instances": [
        {
          "schema_version": 0,
          "attributes": {
            "applied_dns_servers": [],
            "dns_servers": [],
            "edge_zone": "",
            "enable_accelerated_networking": false,
            "enable_ip_forwarding": false,
            "id": "/subscriptions/a1f74e2d-ec58-4f9a-a112-088e3469febb/resourceGroups/brief4_QB/providers/Microsoft.Network/networkInterfaces/nic_elasticsrh",
            "internal_dns_name_label": "",
            "internal_domain_name_suffix": "h2q5rpzensyunlw35vyuebihpa.cx.internal.cloudapp.net",
            "ip_configuration": [
              {
                "gateway_load_balancer_frontend_ip_configuration_id": "",
                "name": "nic_elastic_config",
                "primary": true,
                "private_ip_address": "10.4.0.4",
                "private_ip_address_allocation": "Dynamic",
                "private_ip_address_version": "IPv4",
                "public_ip_address_id": "",
                "subnet_id": "/subscriptions/a1f74e2d-ec58-4f9a-a112-088e3469febb/resourceGroups/brief4_QB/providers/Microsoft.Network/virtualNetworks/network/subnets/subnet_elastic"
              }
            ],
            "location": "eastus2",
            "mac_address": "60-45-BD-78-6D-89",
            "name": "nic_elasticsrh",
            "private_ip_address": "10.4.0.4",
            "private_ip_addresses": [
              "10.4.0.4"
            ],
            "resource_group_name": "brief4_QB",
            "tags": {},
            "timeouts": null,
            "virtual_machine_id": "/subscriptions/a1f74e2d-ec58-4f9a-a112-088e3469febb/resourceGroups/brief4_QB/providers/Microsoft.Compute/virtualMachines/vm_elasticsrh"
          },
          "sensitive_attributes": [],
          "private": "eyJlMmJmYjczMC1lY2FhLTExZTYtOGY4OC0zNDM2M2JjN2M0YzAiOnsiY3JlYXRlIjoxODAwMDAwMDAwMDAwLCJkZWxldGUiOjE4MDAwMDAwMDAwMDAsInJlYWQiOjMwMDAwMDAwMDAwMCwidXBkYXRlIjoxODAwMDAwMDAwMDAwfX0=",
          "dependencies": [
            "azurerm_resource_group.rg",
            "azurerm_subnet.subnet_elastic",
            "azurerm_virtual_network.network"
          ]
        }
      ]
    },
    {
      "mode": "managed",
      "type": "azurerm_network_interface_application_gateway_backend_address_pool_association",
      "name": "poolbackend",
      "provider": "provider[\"registry.terraform.io/hashicorp/azurerm\"]",
      "instances": [
        {
          "schema_version": 0,
          "attributes": {
            "backend_address_pool_id": "/subscriptions/a1f74e2d-ec58-4f9a-a112-088e3469febb/resourceGroups/brief4_QB/providers/Microsoft.Network/applicationGateways/gateway-brief4/backendAddressPools/network-beap",
            "id": "/subscriptions/a1f74e2d-ec58-4f9a-a112-088e3469febb/resourceGroups/brief4_QB/providers/Microsoft.Network/networkInterfaces/nic_app/ipConfigurations/nic_app_config|/subscriptions/a1f74e2d-ec58-4f9a-a112-088e3469febb/resourceGroups/brief4_QB/providers/Microsoft.Network/applicationGateways/gateway-brief4/backendAddressPools/network-beap",
            "ip_configuration_name": "nic_app_config",
            "network_interface_id": "/subscriptions/a1f74e2d-ec58-4f9a-a112-088e3469febb/resourceGroups/brief4_QB/providers/Microsoft.Network/networkInterfaces/nic_app",
            "timeouts": null
          },
          "sensitive_attributes": [],
          "private": "eyJlMmJmYjczMC1lY2FhLTExZTYtOGY4OC0zNDM2M2JjN2M0YzAiOnsiY3JlYXRlIjoxODAwMDAwMDAwMDAwLCJkZWxldGUiOjE4MDAwMDAwMDAwMDAsInJlYWQiOjMwMDAwMDAwMDAwMCwidXBkYXRlIjoxODAwMDAwMDAwMDAwfX0=",
          "dependencies": [
            "azurerm_application_gateway.network_gateway",
            "azurerm_network_interface.nic_app",
            "azurerm_public_ip.public_ip_gateway",
            "azurerm_resource_group.rg",
            "azurerm_subnet.subnet_app",
            "azurerm_subnet.subnet_gateway",
            "azurerm_virtual_network.network"
          ]
        }
      ]
    },
    {
      "mode": "managed",
      "type": "azurerm_network_interface_security_group_association",
      "name": "assoc-nic-nsg-app",
      "provider": "provider[\"registry.terraform.io/hashicorp/azurerm\"]",
      "instances": [
        {
          "schema_version": 0,
          "attributes": {
            "id": "/subscriptions/a1f74e2d-ec58-4f9a-a112-088e3469febb/resourceGroups/brief4_QB/providers/Microsoft.Network/networkInterfaces/nic_app|/subscriptions/a1f74e2d-ec58-4f9a-a112-088e3469febb/resourceGroups/brief4_QB/providers/Microsoft.Network/networkSecurityGroups/nsg_app",
            "network_interface_id": "/subscriptions/a1f74e2d-ec58-4f9a-a112-088e3469febb/resourceGroups/brief4_QB/providers/Microsoft.Network/networkInterfaces/nic_app",
            "network_security_group_id": "/subscriptions/a1f74e2d-ec58-4f9a-a112-088e3469febb/resourceGroups/brief4_QB/providers/Microsoft.Network/networkSecurityGroups/nsg_app",
            "timeouts": null
          },
          "sensitive_attributes": [],
          "private": "eyJlMmJmYjczMC1lY2FhLTExZTYtOGY4OC0zNDM2M2JjN2M0YzAiOnsiY3JlYXRlIjoxODAwMDAwMDAwMDAwLCJkZWxldGUiOjE4MDAwMDAwMDAwMDAsInJlYWQiOjMwMDAwMDAwMDAwMCwidXBkYXRlIjoxODAwMDAwMDAwMDAwfX0=",
          "dependencies": [
            "azurerm_network_interface.nic_app",
            "azurerm_network_security_group.nsg_app",
            "azurerm_resource_group.rg",
            "azurerm_subnet.subnet_app",
            "azurerm_virtual_network.network"
          ]
        }
      ]
    },
    {
      "mode": "managed",
      "type": "azurerm_network_interface_security_group_association",
      "name": "assoc-nic-nsg-bastion",
      "provider": "provider[\"registry.terraform.io/hashicorp/azurerm\"]",
      "instances": [
        {
          "schema_version": 0,
          "attributes": {
            "id": "/subscriptions/a1f74e2d-ec58-4f9a-a112-088e3469febb/resourceGroups/brief4_QB/providers/Microsoft.Network/networkInterfaces/nic_bastion|/subscriptions/a1f74e2d-ec58-4f9a-a112-088e3469febb/resourceGroups/brief4_QB/providers/Microsoft.Network/networkSecurityGroups/nsg_bastion",
            "network_interface_id": "/subscriptions/a1f74e2d-ec58-4f9a-a112-088e3469febb/resourceGroups/brief4_QB/providers/Microsoft.Network/networkInterfaces/nic_bastion",
            "network_security_group_id": "/subscriptions/a1f74e2d-ec58-4f9a-a112-088e3469febb/resourceGroups/brief4_QB/providers/Microsoft.Network/networkSecurityGroups/nsg_bastion",
            "timeouts": null
          },
          "sensitive_attributes": [],
          "private": "eyJlMmJmYjczMC1lY2FhLTExZTYtOGY4OC0zNDM2M2JjN2M0YzAiOnsiY3JlYXRlIjoxODAwMDAwMDAwMDAwLCJkZWxldGUiOjE4MDAwMDAwMDAwMDAsInJlYWQiOjMwMDAwMDAwMDAwMCwidXBkYXRlIjoxODAwMDAwMDAwMDAwfX0=",
          "dependencies": [
            "azurerm_network_interface.nic_bastion",
            "azurerm_network_security_group.nsg_bastion",
            "azurerm_public_ip.public_ip_bastion",
            "azurerm_resource_group.rg",
            "azurerm_subnet.subnet_bastion",
            "azurerm_virtual_network.network"
          ]
        }
      ]
    },
    {
      "mode": "managed",
      "type": "azurerm_network_security_group",
      "name": "nsg_app",
      "provider": "provider[\"registry.terraform.io/hashicorp/azurerm\"]",
      "instances": [
        {
          "schema_version": 0,
          "attributes": {
            "id": "/subscriptions/a1f74e2d-ec58-4f9a-a112-088e3469febb/resourceGroups/brief4_QB/providers/Microsoft.Network/networkSecurityGroups/nsg_app",
            "location": "eastus2",
            "name": "nsg_app",
            "resource_group_name": "brief4_QB",
            "security_rule": [
              {
                "access": "Allow",
                "description": null,
                "destination_address_prefix": "*",
                "destination_address_prefixes": [],
                "destination_application_security_group_ids": [],
                "destination_port_range": "*",
                "destination_port_ranges": [],
                "direction": "Inbound",
                "name": "PING",
                "priority": 100,
                "protocol": "Icmp",
                "source_address_prefix": "*",
                "source_address_prefixes": [],
                "source_application_security_group_ids": [],
                "source_port_range": "*",
                "source_port_ranges": []
              }
            ],
            "tags": {},
            "timeouts": null
          },
          "sensitive_attributes": [],
          "private": "eyJlMmJmYjczMC1lY2FhLTExZTYtOGY4OC0zNDM2M2JjN2M0YzAiOnsiY3JlYXRlIjoxODAwMDAwMDAwMDAwLCJkZWxldGUiOjE4MDAwMDAwMDAwMDAsInJlYWQiOjMwMDAwMDAwMDAwMCwidXBkYXRlIjoxODAwMDAwMDAwMDAwfX0=",
          "dependencies": [
            "azurerm_resource_group.rg"
          ]
        }
      ]
    },
    {
      "mode": "managed",
      "type": "azurerm_network_security_group",
      "name": "nsg_bastion",
      "provider": "provider[\"registry.terraform.io/hashicorp/azurerm\"]",
      "instances": [
        {
          "schema_version": 0,
          "attributes": {
            "id": "/subscriptions/a1f74e2d-ec58-4f9a-a112-088e3469febb/resourceGroups/brief4_QB/providers/Microsoft.Network/networkSecurityGroups/nsg_bastion",
            "location": "eastus2",
            "name": "nsg_bastion",
            "resource_group_name": "brief4_QB",
            "security_rule": [
              {
                "access": "Allow",
                "description": "",
                "destination_address_prefix": "*",
                "destination_address_prefixes": [],
                "destination_application_security_group_ids": [],
                "destination_port_range": "22",
                "destination_port_ranges": [],
                "direction": "Inbound",
                "name": "SSH",
                "priority": 1001,
                "protocol": "Tcp",
                "source_address_prefix": "*",
                "source_address_prefixes": [],
                "source_application_security_group_ids": [],
                "source_port_range": "*",
                "source_port_ranges": []
              }
            ],
            "tags": {},
            "timeouts": null
          },
          "sensitive_attributes": [],
          "private": "eyJlMmJmYjczMC1lY2FhLTExZTYtOGY4OC0zNDM2M2JjN2M0YzAiOnsiY3JlYXRlIjoxODAwMDAwMDAwMDAwLCJkZWxldGUiOjE4MDAwMDAwMDAwMDAsInJlYWQiOjMwMDAwMDAwMDAwMCwidXBkYXRlIjoxODAwMDAwMDAwMDAwfX0=",
          "dependencies": [
            "azurerm_resource_group.rg"
          ]
        }
      ]
    },
    {
      "mode": "managed",
      "type": "azurerm_network_security_rule",
      "name": "nsg_inbound_2000",
      "provider": "provider[\"registry.terraform.io/hashicorp/azurerm\"]",
      "instances": [
        {
          "schema_version": 0,
          "attributes": {
            "access": "Allow",
            "description": "",
            "destination_address_prefix": "*",
            "destination_address_prefixes": [],
            "destination_application_security_group_ids": [],
            "destination_port_range": "445",
            "destination_port_ranges": [],
            "direction": "Inbound",
            "id": "/subscriptions/a1f74e2d-ec58-4f9a-a112-088e3469febb/resourceGroups/brief4_QB/providers/Microsoft.Network/networkSecurityGroups/nsg_app/securityRules/stnsg_inbound_2000",
            "name": "stnsg_inbound_2000",
            "network_security_group_name": "nsg_app",
            "priority": 2000,
            "protocol": "Tcp",
            "resource_group_name": "brief4_QB",
            "source_address_prefix": "*",
            "source_address_prefixes": [],
            "source_application_security_group_ids": [],
            "source_port_range": "*",
            "source_port_ranges": [],
            "timeouts": null
          },
          "sensitive_attributes": [],
          "private": "eyJlMmJmYjczMC1lY2FhLTExZTYtOGY4OC0zNDM2M2JjN2M0YzAiOnsiY3JlYXRlIjoxODAwMDAwMDAwMDAwLCJkZWxldGUiOjE4MDAwMDAwMDAwMDAsInJlYWQiOjMwMDAwMDAwMDAwMCwidXBkYXRlIjoxODAwMDAwMDAwMDAwfX0=",
          "dependencies": [
            "azurerm_network_security_group.nsg_app",
            "azurerm_resource_group.rg"
          ]
        }
      ]
    },
    {
      "mode": "managed",
      "type": "azurerm_private_dns_zone",
      "name": "private_dns_mariadb",
      "provider": "provider[\"registry.terraform.io/hashicorp/azurerm\"]",
      "instances": [
        {
          "schema_version": 0,
          "attributes": {
            "id": "/subscriptions/a1f74e2d-ec58-4f9a-a112-088e3469febb/resourceGroups/brief4_QB/providers/Microsoft.Network/privateDnsZones/privatelink.mariadb.database.azure.com",
            "max_number_of_record_sets": 25000,
            "max_number_of_virtual_network_links": 1000,
            "max_number_of_virtual_network_links_with_registration": 100,
            "name": "privatelink.mariadb.database.azure.com",
            "number_of_record_sets": 2,
            "resource_group_name": "brief4_QB",
            "soa_record": [
              {
                "email": "azureprivatedns-host.microsoft.com",
                "expire_time": 2419200,
                "fqdn": "privatelink.mariadb.database.azure.com.",
                "host_name": "azureprivatedns.net",
                "minimum_ttl": 10,
                "refresh_time": 3600,
                "retry_time": 300,
                "serial_number": 1,
                "tags": {},
                "ttl": 3600
              }
            ],
            "tags": {},
            "timeouts": null
          },
          "sensitive_attributes": [],
          "private": "eyJlMmJmYjczMC1lY2FhLTExZTYtOGY4OC0zNDM2M2JjN2M0YzAiOnsiY3JlYXRlIjoxODAwMDAwMDAwMDAwLCJkZWxldGUiOjE4MDAwMDAwMDAwMDAsInJlYWQiOjMwMDAwMDAwMDAwMCwidXBkYXRlIjoxODAwMDAwMDAwMDAwfX0=",
          "dependencies": [
            "azurerm_resource_group.rg"
          ]
        }
      ]
    },
    {
      "mode": "managed",
      "type": "azurerm_private_dns_zone_virtual_network_link",
      "name": "link_bdd",
      "provider": "provider[\"registry.terraform.io/hashicorp/azurerm\"]",
      "instances": [
        {
          "schema_version": 0,
          "attributes": {
            "id": "/subscriptions/a1f74e2d-ec58-4f9a-a112-088e3469febb/resourceGroups/brief4_QB/providers/Microsoft.Network/privateDnsZones/privatelink.mariadb.database.azure.com/virtualNetworkLinks/link_bdd",
            "name": "link_bdd",
            "private_dns_zone_name": "privatelink.mariadb.database.azure.com",
            "registration_enabled": false,
            "resource_group_name": "brief4_QB",
            "tags": {},
            "timeouts": null,
            "virtual_network_id": "/subscriptions/a1f74e2d-ec58-4f9a-a112-088e3469febb/resourceGroups/brief4_QB/providers/Microsoft.Network/virtualNetworks/network"
          },
          "sensitive_attributes": [],
          "private": "eyJlMmJmYjczMC1lY2FhLTExZTYtOGY4OC0zNDM2M2JjN2M0YzAiOnsiY3JlYXRlIjoxODAwMDAwMDAwMDAwLCJkZWxldGUiOjE4MDAwMDAwMDAwMDAsInJlYWQiOjMwMDAwMDAwMDAwMCwidXBkYXRlIjoxODAwMDAwMDAwMDAwfX0=",
          "dependencies": [
            "azurerm_private_dns_zone.private_dns_mariadb",
            "azurerm_resource_group.rg",
            "azurerm_virtual_network.network"
          ]
        }
      ]
    },
    {
      "mode": "managed",
      "type": "azurerm_private_endpoint",
      "name": "private_bdd",
      "provider": "provider[\"registry.terraform.io/hashicorp/azurerm\"]",
      "instances": [
        {
          "schema_version": 0,
          "attributes": {
            "custom_dns_configs": [],
            "id": "/subscriptions/a1f74e2d-ec58-4f9a-a112-088e3469febb/resourceGroups/brief4_QB/providers/Microsoft.Network/privateEndpoints/private_bdd",
            "ip_configuration": [],
            "location": "eastus2",
            "name": "private_bdd",
            "network_interface": [
              {
                "id": "/subscriptions/a1f74e2d-ec58-4f9a-a112-088e3469febb/resourceGroups/brief4_QB/providers/Microsoft.Network/networkInterfaces/private_bdd.nic.a5b42522-a792-4623-a3af-32686356618e",
                "name": "private_bdd.nic.a5b42522-a792-4623-a3af-32686356618e"
              }
            ],
            "private_dns_zone_configs": [
              {
                "id": "/subscriptions/a1f74e2d-ec58-4f9a-a112-088e3469febb/resourceGroups/brief4_QB/providers/Microsoft.Network/privateEndpoints/private_bdd/privateDnsZoneGroups/private-dns-zone-group/privateDnsZoneConfigs/privatelink.mariadb.database.azure.com",
                "name": "privatelink.mariadb.database.azure.com",
                "private_dns_zone_id": "/subscriptions/a1f74e2d-ec58-4f9a-a112-088e3469febb/resourceGroups/brief4_QB/providers/Microsoft.Network/privateDnsZones/privatelink.mariadb.database.azure.com",
                "record_sets": [
                  {
                    "fqdn": "magento-mariadb-server.privatelink.mariadb.database.azure.com",
                    "ip_addresses": [
                      "10.3.0.4"
                    ],
                    "name": "magento-mariadb-server",
                    "ttl": 10,
                    "type": "A"
                  }
                ]
              }
            ],
            "private_dns_zone_group": [
              {
                "id": "/subscriptions/a1f74e2d-ec58-4f9a-a112-088e3469febb/resourceGroups/brief4_QB/providers/Microsoft.Network/privateEndpoints/private_bdd/privateDnsZoneGroups/private-dns-zone-group",
                "name": "private-dns-zone-group",
                "private_dns_zone_ids": [
                  "/subscriptions/a1f74e2d-ec58-4f9a-a112-088e3469febb/resourceGroups/brief4_QB/providers/Microsoft.Network/privateDnsZones/privatelink.mariadb.database.azure.com"
                ]
              }
            ],
            "private_service_connection": [
              {
                "is_manual_connection": false,
                "name": "private_service_bdd",
                "private_connection_resource_alias": "",
                "private_connection_resource_id": "/subscriptions/a1f74e2d-ec58-4f9a-a112-088e3469febb/resourceGroups/brief4_QB/providers/Microsoft.DBforMariaDB/servers/magento-mariadb-server",
                "private_ip_address": "10.3.0.4",
                "request_message": "",
                "subresource_names": [
                  "mariadbServer"
                ]
              }
            ],
            "resource_group_name": "brief4_QB",
            "subnet_id": "/subscriptions/a1f74e2d-ec58-4f9a-a112-088e3469febb/resourceGroups/brief4_QB/providers/Microsoft.Network/virtualNetworks/network/subnets/subnet_bdd",
            "tags": {},
            "timeouts": null
          },
          "sensitive_attributes": [],
          "private": "eyJlMmJmYjczMC1lY2FhLTExZTYtOGY4OC0zNDM2M2JjN2M0YzAiOnsiY3JlYXRlIjozNjAwMDAwMDAwMDAwLCJkZWxldGUiOjM2MDAwMDAwMDAwMDAsInJlYWQiOjMwMDAwMDAwMDAwMCwidXBkYXRlIjozNjAwMDAwMDAwMDAwfX0=",
          "dependencies": [
            "azurerm_mariadb_server.server_magento",
            "azurerm_private_dns_zone.private_dns_mariadb",
            "azurerm_resource_group.rg",
            "azurerm_subnet.subnet_bdd",
            "azurerm_virtual_network.network"
          ]
        }
      ]
    },
    {
      "mode": "managed",
      "type": "azurerm_public_ip",
      "name": "public_ip_bastion",
      "provider": "provider[\"registry.terraform.io/hashicorp/azurerm\"]",
      "instances": [
        {
          "schema_version": 0,
          "attributes": {
            "allocation_method": "Static",
            "domain_name_label": null,
            "edge_zone": "",
            "fqdn": null,
            "id": "/subscriptions/a1f74e2d-ec58-4f9a-a112-088e3469febb/resourceGroups/brief4_QB/providers/Microsoft.Network/publicIPAddresses/ip_bastion",
            "idle_timeout_in_minutes": 4,
            "ip_address": "20.10.177.73",
            "ip_tags": {},
            "ip_version": "IPv4",
            "location": "eastus2",
            "name": "ip_bastion",
            "public_ip_prefix_id": null,
            "resource_group_name": "brief4_QB",
            "reverse_fqdn": null,
            "sku": "Basic",
            "sku_tier": "Regional",
            "tags": {},
            "timeouts": null,
            "zones": []
          },
          "sensitive_attributes": [],
          "private": "eyJlMmJmYjczMC1lY2FhLTExZTYtOGY4OC0zNDM2M2JjN2M0YzAiOnsiY3JlYXRlIjoxODAwMDAwMDAwMDAwLCJkZWxldGUiOjE4MDAwMDAwMDAwMDAsInJlYWQiOjMwMDAwMDAwMDAwMCwidXBkYXRlIjoxODAwMDAwMDAwMDAwfX0=",
          "dependencies": [
            "azurerm_resource_group.rg"
          ]
        }
      ]
    },
    {
      "mode": "managed",
      "type": "azurerm_public_ip",
      "name": "public_ip_gateway",
      "provider": "provider[\"registry.terraform.io/hashicorp/azurerm\"]",
      "instances": [
        {
          "schema_version": 0,
          "attributes": {
            "allocation_method": "Static",
            "domain_name_label": "",
            "edge_zone": "",
            "fqdn": "magentobrief4.eastus2.cloudapp.azure.com",
            "id": "/subscriptions/a1f74e2d-ec58-4f9a-a112-088e3469febb/resourceGroups/brief4_QB/providers/Microsoft.Network/publicIPAddresses/ip_gateway",
            "idle_timeout_in_minutes": 4,
            "ip_address": "20.10.176.226",
            "ip_tags": {},
            "ip_version": "IPv4",
            "location": "eastus2",
            "name": "ip_gateway",
            "public_ip_prefix_id": null,
            "resource_group_name": "brief4_QB",
            "reverse_fqdn": "",
            "sku": "Standard",
            "sku_tier": "Regional",
            "tags": {},
            "timeouts": null,
            "zones": []
          },
          "sensitive_attributes": [],
          "private": "eyJlMmJmYjczMC1lY2FhLTExZTYtOGY4OC0zNDM2M2JjN2M0YzAiOnsiY3JlYXRlIjoxODAwMDAwMDAwMDAwLCJkZWxldGUiOjE4MDAwMDAwMDAwMDAsInJlYWQiOjMwMDAwMDAwMDAwMCwidXBkYXRlIjoxODAwMDAwMDAwMDAwfX0=",
          "dependencies": [
            "azurerm_resource_group.rg"
          ]
        }
      ]
    },
    {
      "mode": "managed",
      "type": "azurerm_resource_group",
      "name": "rg",
      "provider": "provider[\"registry.terraform.io/hashicorp/azurerm\"]",
      "instances": [
        {
          "schema_version": 0,
          "attributes": {
            "id": "/subscriptions/a1f74e2d-ec58-4f9a-a112-088e3469febb/resourceGroups/brief4_QB",
            "location": "eastus2",
            "name": "brief4_QB",
            "tags": {},
            "timeouts": null
          },
          "sensitive_attributes": [],
          "private": "eyJlMmJmYjczMC1lY2FhLTExZTYtOGY4OC0zNDM2M2JjN2M0YzAiOnsiY3JlYXRlIjo1NDAwMDAwMDAwMDAwLCJkZWxldGUiOjU0MDAwMDAwMDAwMDAsInJlYWQiOjMwMDAwMDAwMDAwMCwidXBkYXRlIjo1NDAwMDAwMDAwMDAwfX0="
        }
      ]
    },
    {
      "mode": "managed",
      "type": "azurerm_ssh_public_key",
      "name": "ssh_nomad",
      "provider": "provider[\"registry.terraform.io/hashicorp/azurerm\"]",
      "instances": [
        {
          "schema_version": 0,
          "attributes": {
            "id": "/subscriptions/a1f74e2d-ec58-4f9a-a112-088e3469febb/resourceGroups/brief4_QB/providers/Microsoft.Compute/sshPublicKeys/ssh_key_nomad",
            "location": "eastus2",
            "name": "ssh_key_nomad",
            "public_key": "ssh-rsa AAAAB3NzaC1yc2EAAAADAQABAAABgQDAXuIAe8DVtQ+qHpbTnCMn5iP1u7WQEOLDE76PTRZ0lYc0TrWJvH+zWzpEbTK/fwzx5sw7yAlBnuR83cAOtm6y8Gk5yktOogsk71VnJ9cXKV7QWtX5o/nysqhliBWAW2jQmEMLHBf4DOFXcKpCdl0OBOtrPct976tnFXhM5n5WF0wrQ4dVikfWe57yg0BX+G+ZbNl7iDCHS8cAGEI2S0ziGOLjl0qJq+9jjCaj2bdVb5vtbz/ghplWtNKQvirxvfOC5H3XbX7aeH2sAlogeYbPs8DmFuz5Smq/+FLBZzqV7JhPMxBCpVFm6r+EzZDgiS2WB96Q3Jh0ItPz7wwJtgpLmSWeaBmWyPGAOh9MBal2RXgDIZ26EPOQTc9WX1377SaEMFSXgwq3e0mtFl5TYG+hzjujY9ik6nfjyLy1yNaPB7hq0z0cCijeJf0Nlm092Ukb1IJOndiS9LSZXjFJT+LRNz7hqyK/oj8nH4K2nx4DMH+Fj4JypSdsqmIk7aXLdYE= nomad@device",
            "resource_group_name": "brief4_QB",
            "tags": {},
            "timeouts": null
          },
          "sensitive_attributes": [],
          "private": "eyJlMmJmYjczMC1lY2FhLTExZTYtOGY4OC0zNDM2M2JjN2M0YzAiOnsiY3JlYXRlIjoyNzAwMDAwMDAwMDAwLCJkZWxldGUiOjI3MDAwMDAwMDAwMDAsInJlYWQiOjMwMDAwMDAwMDAwMCwidXBkYXRlIjoyNzAwMDAwMDAwMDAwfX0=",
          "dependencies": [
            "azurerm_resource_group.rg"
          ]
        }
      ]
    },
    {
      "mode": "managed",
      "type": "azurerm_storage_account",
      "name": "Storage_share01",
      "provider": "provider[\"registry.terraform.io/hashicorp/azurerm\"]",
      "instances": [
        {
          "schema_version": 3,
          "attributes": {
            "access_tier": "Hot",
            "account_kind": "StorageV2",
            "account_replication_type": "LRS",
            "account_tier": "Standard",
            "allow_nested_items_to_be_public": true,
            "azure_files_authentication": [],
            "blob_properties": [
              {
                "change_feed_enabled": false,
                "change_feed_retention_in_days": 0,
                "container_delete_retention_policy": [],
                "cors_rule": [],
                "default_service_version": "",
                "delete_retention_policy": [],
                "last_access_time_enabled": false,
                "versioning_enabled": false
              }
            ],
            "cross_tenant_replication_enabled": true,
            "custom_domain": [],
            "customer_managed_key": [],
            "default_to_oauth_authentication": false,
            "edge_zone": "",
            "enable_https_traffic_only": false,
            "id": "/subscriptions/a1f74e2d-ec58-4f9a-a112-088e3469febb/resourceGroups/brief4_QB/providers/Microsoft.Storage/storageAccounts/staapp",
            "identity": [],
            "infrastructure_encryption_enabled": false,
            "is_hns_enabled": true,
            "large_file_share_enabled": null,
            "location": "eastus2",
            "min_tls_version": "TLS1_2",
            "name": "staapp",
            "network_rules": [
              {
                "bypass": [
                  "AzureServices"
                ],
                "default_action": "Allow",
                "ip_rules": [
                  "212.51.190.22"
                ],
                "private_link_access": [],
                "virtual_network_subnet_ids": [
                  "/subscriptions/a1f74e2d-ec58-4f9a-a112-088e3469febb/resourceGroups/brief4_QB/providers/Microsoft.Network/virtualNetworks/network/subnets/subnet_app"
                ]
              }
            ],
            "nfsv3_enabled": false,
            "primary_access_key": "WKpiXGC06L0ZDEM6dTcMgN+m6y/ZAx+YVKgCvukFC1tC8pkOoFfnsUHdK7lFjDka+hNFsd4KodQ9+AStEGvG9Q==",
            "primary_blob_connection_string": "DefaultEndpointsProtocol=https;BlobEndpoint=https://staapp.blob.core.windows.net/;AccountName=staapp;AccountKey=WKpiXGC06L0ZDEM6dTcMgN+m6y/ZAx+YVKgCvukFC1tC8pkOoFfnsUHdK7lFjDka+hNFsd4KodQ9+AStEGvG9Q==",
            "primary_blob_endpoint": "https://staapp.blob.core.windows.net/",
            "primary_blob_host": "staapp.blob.core.windows.net",
            "primary_connection_string": "DefaultEndpointsProtocol=https;AccountName=staapp;AccountKey=WKpiXGC06L0ZDEM6dTcMgN+m6y/ZAx+YVKgCvukFC1tC8pkOoFfnsUHdK7lFjDka+hNFsd4KodQ9+AStEGvG9Q==;EndpointSuffix=core.windows.net",
            "primary_dfs_endpoint": "https://staapp.dfs.core.windows.net/",
            "primary_dfs_host": "staapp.dfs.core.windows.net",
            "primary_file_endpoint": "https://staapp.file.core.windows.net/",
            "primary_file_host": "staapp.file.core.windows.net",
            "primary_location": "eastus2",
            "primary_queue_endpoint": "https://staapp.queue.core.windows.net/",
            "primary_queue_host": "staapp.queue.core.windows.net",
            "primary_table_endpoint": "https://staapp.table.core.windows.net/",
            "primary_table_host": "staapp.table.core.windows.net",
            "primary_web_endpoint": "https://staapp.z20.web.core.windows.net/",
            "primary_web_host": "staapp.z20.web.core.windows.net",
            "public_network_access_enabled": true,
            "queue_encryption_key_type": "Service",
            "queue_properties": [
              {
                "cors_rule": [],
                "hour_metrics": [
                  {
                    "enabled": true,
                    "include_apis": true,
                    "retention_policy_days": 7,
                    "version": "1.0"
                  }
                ],
                "logging": [
                  {
                    "delete": false,
                    "read": false,
                    "retention_policy_days": 0,
                    "version": "1.0",
                    "write": false
                  }
                ],
                "minute_metrics": [
                  {
                    "enabled": false,
                    "include_apis": false,
                    "retention_policy_days": 0,
                    "version": "1.0"
                  }
                ]
              }
            ],
            "resource_group_name": "brief4_QB",
            "routing": [],
            "secondary_access_key": "5sbgGGnrryovFlrpRnpB50TOFMV5CTJ4AmlddQM061rdC5dxyTqwAkeDCMUTpVj9xFi9pvfFF1sh+AStgFoqZw==",
            "secondary_blob_connection_string": "",
            "secondary_blob_endpoint": null,
            "secondary_blob_host": null,
            "secondary_connection_string": "DefaultEndpointsProtocol=https;AccountName=staapp;AccountKey=5sbgGGnrryovFlrpRnpB50TOFMV5CTJ4AmlddQM061rdC5dxyTqwAkeDCMUTpVj9xFi9pvfFF1sh+AStgFoqZw==;EndpointSuffix=core.windows.net",
            "secondary_dfs_endpoint": null,
            "secondary_dfs_host": null,
            "secondary_file_endpoint": null,
            "secondary_file_host": null,
            "secondary_location": "",
            "secondary_queue_endpoint": null,
            "secondary_queue_host": null,
            "secondary_table_endpoint": null,
            "secondary_table_host": null,
            "secondary_web_endpoint": null,
            "secondary_web_host": null,
            "share_properties": [
              {
                "cors_rule": [],
                "retention_policy": [
                  {
                    "days": 7
                  }
                ],
                "smb": []
              }
            ],
            "shared_access_key_enabled": true,
            "static_website": [],
            "table_encryption_key_type": "Service",
            "tags": {},
            "timeouts": null
          },
          "sensitive_attributes": [],
          "private": "eyJlMmJmYjczMC1lY2FhLTExZTYtOGY4OC0zNDM2M2JjN2M0YzAiOnsiY3JlYXRlIjozNjAwMDAwMDAwMDAwLCJkZWxldGUiOjM2MDAwMDAwMDAwMDAsInJlYWQiOjMwMDAwMDAwMDAwMCwidXBkYXRlIjozNjAwMDAwMDAwMDAwfSwic2NoZW1hX3ZlcnNpb24iOiIzIn0=",
          "dependencies": [
            "azurerm_resource_group.rg"
          ]
        }
      ]
    },
    {
      "mode": "managed",
      "type": "azurerm_storage_account",
      "name": "storage-bdd",
      "provider": "provider[\"registry.terraform.io/hashicorp/azurerm\"]",
      "instances": [
        {
          "schema_version": 3,
          "attributes": {
            "access_tier": "Hot",
            "account_kind": "StorageV2",
            "account_replication_type": "LRS",
            "account_tier": "Standard",
            "allow_nested_items_to_be_public": true,
            "azure_files_authentication": [],
            "blob_properties": [
              {
                "change_feed_enabled": false,
                "change_feed_retention_in_days": 0,
                "container_delete_retention_policy": [],
                "cors_rule": [],
                "default_service_version": "",
                "delete_retention_policy": [],
                "last_access_time_enabled": false,
                "versioning_enabled": false
              }
            ],
            "cross_tenant_replication_enabled": true,
            "custom_domain": [],
            "customer_managed_key": [],
            "default_to_oauth_authentication": false,
            "edge_zone": "",
            "enable_https_traffic_only": false,
            "id": "/subscriptions/a1f74e2d-ec58-4f9a-a112-088e3469febb/resourceGroups/brief4_QB/providers/Microsoft.Storage/storageAccounts/stabdd",
            "identity": [],
            "infrastructure_encryption_enabled": false,
            "is_hns_enabled": true,
            "large_file_share_enabled": null,
            "location": "eastus2",
            "min_tls_version": "TLS1_2",
            "name": "stabdd",
            "network_rules": [
              {
                "bypass": [
                  "AzureServices"
                ],
                "default_action": "Deny",
                "ip_rules": [],
                "private_link_access": [],
                "virtual_network_subnet_ids": [
                  "/subscriptions/a1f74e2d-ec58-4f9a-a112-088e3469febb/resourceGroups/brief4_QB/providers/Microsoft.Network/virtualNetworks/network/subnets/subnet_bdd"
                ]
              }
            ],
            "nfsv3_enabled": true,
            "primary_access_key": "btXxxrkkf+GPni59a7bnaf6h8KSgCwzfSWl1YX37OnBPYWAODm+dqqQk8o7Nn598RTfH03Mpf6L7+AStFnxMKQ==",
            "primary_blob_connection_string": "DefaultEndpointsProtocol=https;BlobEndpoint=https://stabdd.blob.core.windows.net/;AccountName=stabdd;AccountKey=btXxxrkkf+GPni59a7bnaf6h8KSgCwzfSWl1YX37OnBPYWAODm+dqqQk8o7Nn598RTfH03Mpf6L7+AStFnxMKQ==",
            "primary_blob_endpoint": "https://stabdd.blob.core.windows.net/",
            "primary_blob_host": "stabdd.blob.core.windows.net",
            "primary_connection_string": "DefaultEndpointsProtocol=https;AccountName=stabdd;AccountKey=btXxxrkkf+GPni59a7bnaf6h8KSgCwzfSWl1YX37OnBPYWAODm+dqqQk8o7Nn598RTfH03Mpf6L7+AStFnxMKQ==;EndpointSuffix=core.windows.net",
            "primary_dfs_endpoint": "https://stabdd.dfs.core.windows.net/",
            "primary_dfs_host": "stabdd.dfs.core.windows.net",
            "primary_file_endpoint": "https://stabdd.file.core.windows.net/",
            "primary_file_host": "stabdd.file.core.windows.net",
            "primary_location": "eastus2",
            "primary_queue_endpoint": "https://stabdd.queue.core.windows.net/",
            "primary_queue_host": "stabdd.queue.core.windows.net",
            "primary_table_endpoint": "https://stabdd.table.core.windows.net/",
            "primary_table_host": "stabdd.table.core.windows.net",
            "primary_web_endpoint": "https://stabdd.z20.web.core.windows.net/",
            "primary_web_host": "stabdd.z20.web.core.windows.net",
            "public_network_access_enabled": true,
            "queue_encryption_key_type": "Service",
            "queue_properties": [
              {
                "cors_rule": [],
                "hour_metrics": [
                  {
                    "enabled": true,
                    "include_apis": true,
                    "retention_policy_days": 7,
                    "version": "1.0"
                  }
                ],
                "logging": [
                  {
                    "delete": false,
                    "read": false,
                    "retention_policy_days": 0,
                    "version": "1.0",
                    "write": false
                  }
                ],
                "minute_metrics": [
                  {
                    "enabled": false,
                    "include_apis": false,
                    "retention_policy_days": 0,
                    "version": "1.0"
                  }
                ]
              }
            ],
            "resource_group_name": "brief4_QB",
            "routing": [],
            "secondary_access_key": "WhIocj2U7eTork8HvEucXzaf7Nwc7iYf3CThrGy5Ymf/UxAWB6qfJa8oQBAlTGtjmDKaqU3pXGBS+ASthuOm7g==",
            "secondary_blob_connection_string": "",
            "secondary_blob_endpoint": null,
            "secondary_blob_host": null,
            "secondary_connection_string": "DefaultEndpointsProtocol=https;AccountName=stabdd;AccountKey=WhIocj2U7eTork8HvEucXzaf7Nwc7iYf3CThrGy5Ymf/UxAWB6qfJa8oQBAlTGtjmDKaqU3pXGBS+ASthuOm7g==;EndpointSuffix=core.windows.net",
            "secondary_dfs_endpoint": null,
            "secondary_dfs_host": null,
            "secondary_file_endpoint": null,
            "secondary_file_host": null,
            "secondary_location": "",
            "secondary_queue_endpoint": null,
            "secondary_queue_host": null,
            "secondary_table_endpoint": null,
            "secondary_table_host": null,
            "secondary_web_endpoint": null,
            "secondary_web_host": null,
            "share_properties": [
              {
                "cors_rule": [],
                "retention_policy": [
                  {
                    "days": 7
                  }
                ],
                "smb": []
              }
            ],
            "shared_access_key_enabled": true,
            "static_website": [],
            "table_encryption_key_type": "Service",
            "tags": {},
            "timeouts": null
          },
          "sensitive_attributes": [],
          "private": "eyJlMmJmYjczMC1lY2FhLTExZTYtOGY4OC0zNDM2M2JjN2M0YzAiOnsiY3JlYXRlIjozNjAwMDAwMDAwMDAwLCJkZWxldGUiOjM2MDAwMDAwMDAwMDAsInJlYWQiOjMwMDAwMDAwMDAwMCwidXBkYXRlIjozNjAwMDAwMDAwMDAwfSwic2NoZW1hX3ZlcnNpb24iOiIzIn0=",
          "dependencies": [
            "azurerm_resource_group.rg",
            "azurerm_subnet.subnet_bdd",
            "azurerm_virtual_network.network"
          ]
        }
      ]
    },
    {
      "mode": "managed",
      "type": "azurerm_storage_account",
      "name": "storage-monitor",
      "provider": "provider[\"registry.terraform.io/hashicorp/azurerm\"]",
      "instances": [
        {
          "schema_version": 3,
          "attributes": {
            "access_tier": "Hot",
            "account_kind": "StorageV2",
            "account_replication_type": "LRS",
            "account_tier": "Standard",
            "allow_nested_items_to_be_public": true,
            "azure_files_authentication": [],
            "blob_properties": [
              {
                "change_feed_enabled": false,
                "change_feed_retention_in_days": 0,
                "container_delete_retention_policy": [],
                "cors_rule": [],
                "default_service_version": "",
                "delete_retention_policy": [],
                "last_access_time_enabled": false,
                "versioning_enabled": false
              }
            ],
            "cross_tenant_replication_enabled": true,
            "custom_domain": [],
            "customer_managed_key": [],
            "default_to_oauth_authentication": false,
            "edge_zone": "",
            "enable_https_traffic_only": true,
            "id": "/subscriptions/a1f74e2d-ec58-4f9a-a112-088e3469febb/resourceGroups/brief4_QB/providers/Microsoft.Storage/storageAccounts/stamonitor",
            "identity": [],
            "infrastructure_encryption_enabled": false,
            "is_hns_enabled": false,
            "large_file_share_enabled": null,
            "location": "eastus2",
            "min_tls_version": "TLS1_2",
            "name": "stamonitor",
            "network_rules": [
              {
                "bypass": [
                  "AzureServices"
                ],
                "default_action": "Allow",
                "ip_rules": [],
                "private_link_access": [],
                "virtual_network_subnet_ids": []
              }
            ],
            "nfsv3_enabled": false,
            "primary_access_key": "DTWcMDBWv2WwU4PtanxsTnJyJkobq0q99WOAn3CQSdnoFeV/Hnhq7ze1K8ITLzZvZMbxzT2hk+vN+AStpOubdA==",
            "primary_blob_connection_string": "DefaultEndpointsProtocol=https;BlobEndpoint=https://stamonitor.blob.core.windows.net/;AccountName=stamonitor;AccountKey=DTWcMDBWv2WwU4PtanxsTnJyJkobq0q99WOAn3CQSdnoFeV/Hnhq7ze1K8ITLzZvZMbxzT2hk+vN+AStpOubdA==",
            "primary_blob_endpoint": "https://stamonitor.blob.core.windows.net/",
            "primary_blob_host": "stamonitor.blob.core.windows.net",
            "primary_connection_string": "DefaultEndpointsProtocol=https;AccountName=stamonitor;AccountKey=DTWcMDBWv2WwU4PtanxsTnJyJkobq0q99WOAn3CQSdnoFeV/Hnhq7ze1K8ITLzZvZMbxzT2hk+vN+AStpOubdA==;EndpointSuffix=core.windows.net",
            "primary_dfs_endpoint": "https://stamonitor.dfs.core.windows.net/",
            "primary_dfs_host": "stamonitor.dfs.core.windows.net",
            "primary_file_endpoint": "https://stamonitor.file.core.windows.net/",
            "primary_file_host": "stamonitor.file.core.windows.net",
            "primary_location": "eastus2",
            "primary_queue_endpoint": "https://stamonitor.queue.core.windows.net/",
            "primary_queue_host": "stamonitor.queue.core.windows.net",
            "primary_table_endpoint": "https://stamonitor.table.core.windows.net/",
            "primary_table_host": "stamonitor.table.core.windows.net",
            "primary_web_endpoint": "https://stamonitor.z20.web.core.windows.net/",
            "primary_web_host": "stamonitor.z20.web.core.windows.net",
            "public_network_access_enabled": true,
            "queue_encryption_key_type": "Service",
            "queue_properties": [
              {
                "cors_rule": [],
                "hour_metrics": [
                  {
                    "enabled": true,
                    "include_apis": true,
                    "retention_policy_days": 7,
                    "version": "1.0"
                  }
                ],
                "logging": [
                  {
                    "delete": false,
                    "read": false,
                    "retention_policy_days": 0,
                    "version": "1.0",
                    "write": false
                  }
                ],
                "minute_metrics": [
                  {
                    "enabled": false,
                    "include_apis": false,
                    "retention_policy_days": 0,
                    "version": "1.0"
                  }
                ]
              }
            ],
            "resource_group_name": "brief4_QB",
            "routing": [],
            "secondary_access_key": "04vcl1m4m2qc7gI4xpIWcq0QkUCr5PDT95OayHu69kSSapxNjsq4XoYDDbvbncT/YZivQwH7A9Ij+ASt/ii69Q==",
            "secondary_blob_connection_string": "",
            "secondary_blob_endpoint": null,
            "secondary_blob_host": null,
            "secondary_connection_string": "DefaultEndpointsProtocol=https;AccountName=stamonitor;AccountKey=04vcl1m4m2qc7gI4xpIWcq0QkUCr5PDT95OayHu69kSSapxNjsq4XoYDDbvbncT/YZivQwH7A9Ij+ASt/ii69Q==;EndpointSuffix=core.windows.net",
            "secondary_dfs_endpoint": null,
            "secondary_dfs_host": null,
            "secondary_file_endpoint": null,
            "secondary_file_host": null,
            "secondary_location": "",
            "secondary_queue_endpoint": null,
            "secondary_queue_host": null,
            "secondary_table_endpoint": null,
            "secondary_table_host": null,
            "secondary_web_endpoint": null,
            "secondary_web_host": null,
            "share_properties": [
              {
                "cors_rule": [],
                "retention_policy": [
                  {
                    "days": 7
                  }
                ],
                "smb": []
              }
            ],
            "shared_access_key_enabled": true,
            "static_website": [],
            "table_encryption_key_type": "Service",
            "tags": {},
            "timeouts": null
          },
          "sensitive_attributes": [],
          "private": "eyJlMmJmYjczMC1lY2FhLTExZTYtOGY4OC0zNDM2M2JjN2M0YzAiOnsiY3JlYXRlIjozNjAwMDAwMDAwMDAwLCJkZWxldGUiOjM2MDAwMDAwMDAwMDAsInJlYWQiOjMwMDAwMDAwMDAwMCwidXBkYXRlIjozNjAwMDAwMDAwMDAwfSwic2NoZW1hX3ZlcnNpb24iOiIzIn0=",
          "dependencies": [
            "azurerm_resource_group.rg"
          ]
        }
      ]
    },
    {
      "mode": "managed",
      "type": "azurerm_storage_account",
      "name": "storage-tls",
      "provider": "provider[\"registry.terraform.io/hashicorp/azurerm\"]",
      "instances": [
        {
          "schema_version": 3,
          "attributes": {
            "access_tier": "Hot",
            "account_kind": "StorageV2",
            "account_replication_type": "LRS",
            "account_tier": "Standard",
            "allow_nested_items_to_be_public": true,
            "azure_files_authentication": [],
            "blob_properties": [
              {
                "change_feed_enabled": false,
                "change_feed_retention_in_days": 0,
                "container_delete_retention_policy": [],
                "cors_rule": [],
                "default_service_version": "",
                "delete_retention_policy": [],
                "last_access_time_enabled": false,
                "versioning_enabled": false
              }
            ],
            "cross_tenant_replication_enabled": true,
            "custom_domain": [],
            "customer_managed_key": [],
            "default_to_oauth_authentication": false,
            "edge_zone": "",
            "enable_https_traffic_only": true,
            "id": "/subscriptions/a1f74e2d-ec58-4f9a-a112-088e3469febb/resourceGroups/brief4_QB/providers/Microsoft.Storage/storageAccounts/statls",
            "identity": [],
            "infrastructure_encryption_enabled": false,
            "is_hns_enabled": false,
            "large_file_share_enabled": null,
            "location": "eastus2",
            "min_tls_version": "TLS1_2",
            "name": "statls",
            "network_rules": [
              {
                "bypass": [
                  "AzureServices"
                ],
                "default_action": "Allow",
                "ip_rules": [],
                "private_link_access": [],
                "virtual_network_subnet_ids": []
              }
            ],
            "nfsv3_enabled": false,
            "primary_access_key": "1nZ9p1c/WhmX6SvfBx+SUIsm0Bk1zQcka6IYlWY2NTLoRhPfgJ4M6VMLD/SibA4h/tTHS96Z4mIp+AStx40vsQ==",
            "primary_blob_connection_string": "DefaultEndpointsProtocol=https;BlobEndpoint=https://statls.blob.core.windows.net/;AccountName=statls;AccountKey=1nZ9p1c/WhmX6SvfBx+SUIsm0Bk1zQcka6IYlWY2NTLoRhPfgJ4M6VMLD/SibA4h/tTHS96Z4mIp+AStx40vsQ==",
            "primary_blob_endpoint": "https://statls.blob.core.windows.net/",
            "primary_blob_host": "statls.blob.core.windows.net",
            "primary_connection_string": "DefaultEndpointsProtocol=https;AccountName=statls;AccountKey=1nZ9p1c/WhmX6SvfBx+SUIsm0Bk1zQcka6IYlWY2NTLoRhPfgJ4M6VMLD/SibA4h/tTHS96Z4mIp+AStx40vsQ==;EndpointSuffix=core.windows.net",
            "primary_dfs_endpoint": "https://statls.dfs.core.windows.net/",
            "primary_dfs_host": "statls.dfs.core.windows.net",
            "primary_file_endpoint": "https://statls.file.core.windows.net/",
            "primary_file_host": "statls.file.core.windows.net",
            "primary_location": "eastus2",
            "primary_queue_endpoint": "https://statls.queue.core.windows.net/",
            "primary_queue_host": "statls.queue.core.windows.net",
            "primary_table_endpoint": "https://statls.table.core.windows.net/",
            "primary_table_host": "statls.table.core.windows.net",
            "primary_web_endpoint": "https://statls.z20.web.core.windows.net/",
            "primary_web_host": "statls.z20.web.core.windows.net",
            "public_network_access_enabled": true,
            "queue_encryption_key_type": "Service",
            "queue_properties": [
              {
                "cors_rule": [],
                "hour_metrics": [
                  {
                    "enabled": true,
                    "include_apis": true,
                    "retention_policy_days": 7,
                    "version": "1.0"
                  }
                ],
                "logging": [
                  {
                    "delete": false,
                    "read": false,
                    "retention_policy_days": 0,
                    "version": "1.0",
                    "write": false
                  }
                ],
                "minute_metrics": [
                  {
                    "enabled": false,
                    "include_apis": false,
                    "retention_policy_days": 0,
                    "version": "1.0"
                  }
                ]
              }
            ],
            "resource_group_name": "brief4_QB",
            "routing": [],
            "secondary_access_key": "zCGXBN35j14dYMnPFnmTvJVc9gNcr5oQm8+UjqUl0vO3eeX8Xti1S3xyZflVKeGGUx0eLHBS0+zm+AStUaMpBg==",
            "secondary_blob_connection_string": "",
            "secondary_blob_endpoint": null,
            "secondary_blob_host": null,
            "secondary_connection_string": "DefaultEndpointsProtocol=https;AccountName=statls;AccountKey=zCGXBN35j14dYMnPFnmTvJVc9gNcr5oQm8+UjqUl0vO3eeX8Xti1S3xyZflVKeGGUx0eLHBS0+zm+AStUaMpBg==;EndpointSuffix=core.windows.net",
            "secondary_dfs_endpoint": null,
            "secondary_dfs_host": null,
            "secondary_file_endpoint": null,
            "secondary_file_host": null,
            "secondary_location": "",
            "secondary_queue_endpoint": null,
            "secondary_queue_host": null,
            "secondary_table_endpoint": null,
            "secondary_table_host": null,
            "secondary_web_endpoint": null,
            "secondary_web_host": null,
            "share_properties": [
              {
                "cors_rule": [],
                "retention_policy": [
                  {
                    "days": 7
                  }
                ],
                "smb": []
              }
            ],
            "shared_access_key_enabled": true,
            "static_website": [],
            "table_encryption_key_type": "Service",
            "tags": {},
            "timeouts": null
          },
          "sensitive_attributes": [],
          "private": "eyJlMmJmYjczMC1lY2FhLTExZTYtOGY4OC0zNDM2M2JjN2M0YzAiOnsiY3JlYXRlIjozNjAwMDAwMDAwMDAwLCJkZWxldGUiOjM2MDAwMDAwMDAwMDAsInJlYWQiOjMwMDAwMDAwMDAwMCwidXBkYXRlIjozNjAwMDAwMDAwMDAwfSwic2NoZW1hX3ZlcnNpb24iOiIzIn0=",
          "dependencies": [
            "azurerm_resource_group.rg"
          ]
        }
      ]
    },
    {
      "mode": "managed",
      "type": "azurerm_storage_account_network_rules",
      "name": "Storage_share01_association",
      "provider": "provider[\"registry.terraform.io/hashicorp/azurerm\"]",
      "instances": [
        {
          "schema_version": 0,
          "attributes": {
            "bypass": [
              "AzureServices"
            ],
            "default_action": "Allow",
            "id": "/subscriptions/a1f74e2d-ec58-4f9a-a112-088e3469febb/resourceGroups/brief4_QB/providers/Microsoft.Storage/storageAccounts/staapp",
            "ip_rules": [
              "212.51.190.22"
            ],
            "private_link_access": [],
            "storage_account_id": "/subscriptions/a1f74e2d-ec58-4f9a-a112-088e3469febb/resourceGroups/brief4_QB/providers/Microsoft.Storage/storageAccounts/staapp",
            "timeouts": null,
            "virtual_network_subnet_ids": [
              "/subscriptions/a1f74e2d-ec58-4f9a-a112-088e3469febb/resourceGroups/brief4_QB/providers/Microsoft.Network/virtualNetworks/network/subnets/subnet_app"
            ]
          },
          "sensitive_attributes": [],
          "private": "eyJlMmJmYjczMC1lY2FhLTExZTYtOGY4OC0zNDM2M2JjN2M0YzAiOnsiY3JlYXRlIjozNjAwMDAwMDAwMDAwLCJkZWxldGUiOjM2MDAwMDAwMDAwMDAsInJlYWQiOjMwMDAwMDAwMDAwMCwidXBkYXRlIjozNjAwMDAwMDAwMDAwfX0=",
          "dependencies": [
            "azurerm_resource_group.rg",
            "azurerm_storage_account.Storage_share01",
            "azurerm_subnet.subnet_app",
            "azurerm_virtual_network.network",
            "data.http.myip"
          ]
        }
      ]
    },
    {
      "mode": "managed",
      "type": "azurerm_storage_blob",
      "name": "blob_tls",
      "provider": "provider[\"registry.terraform.io/hashicorp/azurerm\"]",
      "instances": [
        {
          "schema_version": 1,
          "attributes": {
            "access_tier": "Hot",
            "cache_control": "",
            "content_md5": "",
            "content_type": "application/octet-stream",
            "id": "https://statls.blob.core.windows.net/stacontainer/.well-known/acme-challenge/test.txt",
            "metadata": {},
            "name": ".well-known/acme-challenge/test.txt",
            "parallelism": 8,
            "size": 0,
            "source": "./test.txt",
            "source_content": null,
            "source_uri": null,
            "storage_account_name": "statls",
            "storage_container_name": "stacontainer",
            "timeouts": null,
            "type": "Block",
            "url": "https://statls.blob.core.windows.net/stacontainer/.well-known/acme-challenge/test.txt"
          },
          "sensitive_attributes": [],
          "private": "eyJlMmJmYjczMC1lY2FhLTExZTYtOGY4OC0zNDM2M2JjN2M0YzAiOnsiY3JlYXRlIjoxODAwMDAwMDAwMDAwLCJkZWxldGUiOjE4MDAwMDAwMDAwMDAsInJlYWQiOjMwMDAwMDAwMDAwMCwidXBkYXRlIjoxODAwMDAwMDAwMDAwfSwic2NoZW1hX3ZlcnNpb24iOiIxIn0=",
          "dependencies": [
            "azurerm_resource_group.rg",
            "azurerm_storage_account.storage-tls",
            "azurerm_storage_container.storage-container-tls"
          ]
        }
      ]
    },
    {
      "mode": "managed",
      "type": "azurerm_storage_container",
      "name": "storage-container-tls",
      "provider": "provider[\"registry.terraform.io/hashicorp/azurerm\"]",
      "instances": [
        {
          "schema_version": 1,
          "attributes": {
            "container_access_type": "blob",
            "has_immutability_policy": false,
            "has_legal_hold": false,
            "id": "https://statls.blob.core.windows.net/stacontainer",
            "metadata": {},
            "name": "stacontainer",
            "resource_manager_id": "/subscriptions/a1f74e2d-ec58-4f9a-a112-088e3469febb/resourceGroups/brief4_QB/providers/Microsoft.Storage/storageAccounts/statls/blobServices/default/containers/stacontainer",
            "storage_account_name": "statls",
            "timeouts": null
          },
          "sensitive_attributes": [],
          "private": "eyJlMmJmYjczMC1lY2FhLTExZTYtOGY4OC0zNDM2M2JjN2M0YzAiOnsiY3JlYXRlIjoxODAwMDAwMDAwMDAwLCJkZWxldGUiOjE4MDAwMDAwMDAwMDAsInJlYWQiOjMwMDAwMDAwMDAwMCwidXBkYXRlIjoxODAwMDAwMDAwMDAwfSwic2NoZW1hX3ZlcnNpb24iOiIxIn0=",
          "dependencies": [
            "azurerm_resource_group.rg",
            "azurerm_storage_account.storage-tls"
          ]
        }
      ]
    },
    {
      "mode": "managed",
      "type": "azurerm_storage_share",
      "name": "smb_share",
      "provider": "provider[\"registry.terraform.io/hashicorp/azurerm\"]",
      "instances": [
        {
          "schema_version": 2,
          "attributes": {
            "access_tier": "TransactionOptimized",
            "acl": [],
            "enabled_protocol": "SMB",
            "id": "https://staapp.file.core.windows.net/magentoshare01",
            "metadata": {},
            "name": "magentoshare01",
            "quota": 5,
            "resource_manager_id": "/subscriptions/a1f74e2d-ec58-4f9a-a112-088e3469febb/resourceGroups/brief4_QB/providers/Microsoft.Storage/storageAccounts/staapp/fileServices/default/fileshares/magentoshare01",
            "storage_account_name": "staapp",
            "timeouts": null,
            "url": "https://staapp.file.core.windows.net/magentoshare01"
          },
          "sensitive_attributes": [],
          "private": "eyJlMmJmYjczMC1lY2FhLTExZTYtOGY4OC0zNDM2M2JjN2M0YzAiOnsiY3JlYXRlIjoxODAwMDAwMDAwMDAwLCJkZWxldGUiOjE4MDAwMDAwMDAwMDAsInJlYWQiOjMwMDAwMDAwMDAwMCwidXBkYXRlIjoxODAwMDAwMDAwMDAwfSwic2NoZW1hX3ZlcnNpb24iOiIyIn0=",
          "dependencies": [
            "azurerm_resource_group.rg",
            "azurerm_storage_account.Storage_share01"
          ]
        }
      ]
    },
    {
      "mode": "managed",
      "type": "azurerm_subnet",
      "name": "subnet_app",
      "provider": "provider[\"registry.terraform.io/hashicorp/azurerm\"]",
      "instances": [
        {
          "schema_version": 0,
          "attributes": {
            "address_prefixes": [
              "10.2.0.0/16"
            ],
            "delegation": [],
            "enforce_private_link_endpoint_network_policies": false,
            "enforce_private_link_service_network_policies": false,
            "id": "/subscriptions/a1f74e2d-ec58-4f9a-a112-088e3469febb/resourceGroups/brief4_QB/providers/Microsoft.Network/virtualNetworks/network/subnets/subnet_app",
            "name": "subnet_app",
            "private_endpoint_network_policies_enabled": true,
            "private_link_service_network_policies_enabled": true,
            "resource_group_name": "brief4_QB",
            "service_endpoint_policy_ids": [],
            "service_endpoints": [
              "Microsoft.Storage"
            ],
            "timeouts": null,
            "virtual_network_name": "network"
          },
          "sensitive_attributes": [],
          "private": "eyJlMmJmYjczMC1lY2FhLTExZTYtOGY4OC0zNDM2M2JjN2M0YzAiOnsiY3JlYXRlIjoxODAwMDAwMDAwMDAwLCJkZWxldGUiOjE4MDAwMDAwMDAwMDAsInJlYWQiOjMwMDAwMDAwMDAwMCwidXBkYXRlIjoxODAwMDAwMDAwMDAwfX0=",
          "dependencies": [
            "azurerm_resource_group.rg",
            "azurerm_virtual_network.network"
          ]
        }
      ]
    },
    {
      "mode": "managed",
      "type": "azurerm_subnet",
      "name": "subnet_bastion",
      "provider": "provider[\"registry.terraform.io/hashicorp/azurerm\"]",
      "instances": [
        {
          "schema_version": 0,
          "attributes": {
            "address_prefixes": [
              "10.6.0.0/16"
            ],
            "delegation": [],
            "enforce_private_link_endpoint_network_policies": false,
            "enforce_private_link_service_network_policies": false,
            "id": "/subscriptions/a1f74e2d-ec58-4f9a-a112-088e3469febb/resourceGroups/brief4_QB/providers/Microsoft.Network/virtualNetworks/network/subnets/subnet_bastion",
            "name": "subnet_bastion",
            "private_endpoint_network_policies_enabled": true,
            "private_link_service_network_policies_enabled": true,
            "resource_group_name": "brief4_QB",
            "service_endpoint_policy_ids": [],
            "service_endpoints": [],
            "timeouts": null,
            "virtual_network_name": "network"
          },
          "sensitive_attributes": [],
          "private": "eyJlMmJmYjczMC1lY2FhLTExZTYtOGY4OC0zNDM2M2JjN2M0YzAiOnsiY3JlYXRlIjoxODAwMDAwMDAwMDAwLCJkZWxldGUiOjE4MDAwMDAwMDAwMDAsInJlYWQiOjMwMDAwMDAwMDAwMCwidXBkYXRlIjoxODAwMDAwMDAwMDAwfX0=",
          "dependencies": [
            "azurerm_resource_group.rg",
            "azurerm_virtual_network.network"
          ]
        }
      ]
    },
    {
      "mode": "managed",
      "type": "azurerm_subnet",
      "name": "subnet_bdd",
      "provider": "provider[\"registry.terraform.io/hashicorp/azurerm\"]",
      "instances": [
        {
          "schema_version": 0,
          "attributes": {
            "address_prefixes": [
              "10.3.0.0/16"
            ],
            "delegation": [],
            "enforce_private_link_endpoint_network_policies": false,
            "enforce_private_link_service_network_policies": false,
            "id": "/subscriptions/a1f74e2d-ec58-4f9a-a112-088e3469febb/resourceGroups/brief4_QB/providers/Microsoft.Network/virtualNetworks/network/subnets/subnet_bdd",
            "name": "subnet_bdd",
            "private_endpoint_network_policies_enabled": true,
            "private_link_service_network_policies_enabled": true,
            "resource_group_name": "brief4_QB",
            "service_endpoint_policy_ids": [],
            "service_endpoints": [
              "Microsoft.Sql",
              "Microsoft.Storage"
            ],
            "timeouts": null,
            "virtual_network_name": "network"
          },
          "sensitive_attributes": [],
          "private": "eyJlMmJmYjczMC1lY2FhLTExZTYtOGY4OC0zNDM2M2JjN2M0YzAiOnsiY3JlYXRlIjoxODAwMDAwMDAwMDAwLCJkZWxldGUiOjE4MDAwMDAwMDAwMDAsInJlYWQiOjMwMDAwMDAwMDAwMCwidXBkYXRlIjoxODAwMDAwMDAwMDAwfX0=",
          "dependencies": [
            "azurerm_resource_group.rg",
            "azurerm_virtual_network.network"
          ]
        }
      ]
    },
    {
      "mode": "managed",
      "type": "azurerm_subnet",
      "name": "subnet_elastic",
      "provider": "provider[\"registry.terraform.io/hashicorp/azurerm\"]",
      "instances": [
        {
          "schema_version": 0,
          "attributes": {
            "address_prefixes": [
              "10.4.0.0/16"
            ],
            "delegation": [],
            "enforce_private_link_endpoint_network_policies": false,
            "enforce_private_link_service_network_policies": false,
            "id": "/subscriptions/a1f74e2d-ec58-4f9a-a112-088e3469febb/resourceGroups/brief4_QB/providers/Microsoft.Network/virtualNetworks/network/subnets/subnet_elastic",
            "name": "subnet_elastic",
            "private_endpoint_network_policies_enabled": true,
            "private_link_service_network_policies_enabled": true,
            "resource_group_name": "brief4_QB",
            "service_endpoint_policy_ids": [],
            "service_endpoints": [],
            "timeouts": null,
            "virtual_network_name": "network"
          },
          "sensitive_attributes": [],
          "private": "eyJlMmJmYjczMC1lY2FhLTExZTYtOGY4OC0zNDM2M2JjN2M0YzAiOnsiY3JlYXRlIjoxODAwMDAwMDAwMDAwLCJkZWxldGUiOjE4MDAwMDAwMDAwMDAsInJlYWQiOjMwMDAwMDAwMDAwMCwidXBkYXRlIjoxODAwMDAwMDAwMDAwfX0=",
          "dependencies": [
            "azurerm_resource_group.rg",
            "azurerm_virtual_network.network"
          ]
        }
      ]
    },
    {
      "mode": "managed",
      "type": "azurerm_subnet",
      "name": "subnet_gateway",
      "provider": "provider[\"registry.terraform.io/hashicorp/azurerm\"]",
      "instances": [
        {
          "schema_version": 0,
          "attributes": {
            "address_prefixes": [
              "10.1.0.0/16"
            ],
            "delegation": [],
            "enforce_private_link_endpoint_network_policies": false,
            "enforce_private_link_service_network_policies": false,
            "id": "/subscriptions/a1f74e2d-ec58-4f9a-a112-088e3469febb/resourceGroups/brief4_QB/providers/Microsoft.Network/virtualNetworks/network/subnets/subnet_gateway",
            "name": "subnet_gateway",
            "private_endpoint_network_policies_enabled": true,
            "private_link_service_network_policies_enabled": true,
            "resource_group_name": "brief4_QB",
            "service_endpoint_policy_ids": [],
            "service_endpoints": [],
            "timeouts": null,
            "virtual_network_name": "network"
          },
          "sensitive_attributes": [],
          "private": "eyJlMmJmYjczMC1lY2FhLTExZTYtOGY4OC0zNDM2M2JjN2M0YzAiOnsiY3JlYXRlIjoxODAwMDAwMDAwMDAwLCJkZWxldGUiOjE4MDAwMDAwMDAwMDAsInJlYWQiOjMwMDAwMDAwMDAwMCwidXBkYXRlIjoxODAwMDAwMDAwMDAwfX0=",
          "dependencies": [
            "azurerm_resource_group.rg",
            "azurerm_virtual_network.network"
          ]
        }
      ]
    },
    {
      "mode": "managed",
      "type": "azurerm_template_deployment",
      "name": "example",
      "provider": "provider[\"registry.terraform.io/hashicorp/azurerm\"]",
      "instances": [
        {
          "schema_version": 1,
          "attributes": {
            "deployment_mode": "Incremental",
            "id": "/subscriptions/a1f74e2d-ec58-4f9a-a112-088e3469febb/resourceGroups/brief4_QB/providers/Microsoft.Resources/deployments/acctesttemplate-01",
            "name": "acctesttemplate-01",
            "outputs": {},
            "parameters": null,
            "parameters_body": null,
            "resource_group_name": "brief4_QB",
            "template_body": "{\"$schema\":\"https://schema.management.azure.com/schemas/2019-04-01/deploymentTemplate.json#\",\"contentVersion\":\"1.0.0.0\",\"parameters\":{\"webtests_requesthttp_insights_app_name\":{\"defaultValue\":\"requesthttp-insights-app\",\"type\":\"String\"}},\"resources\":[{\"apiVersion\":\"2022-06-15\",\"location\":\"eastus2\",\"name\":\"[parameters('webtests_requesthttp_insights_app_name')]\",\"properties\":{\"Enabled\":true,\"Frequency\":300,\"Kind\":\"standard\",\"Locations\":[{\"Id\":\"us-va-ash-azr\"},{\"Id\":\"us-ca-sjc-azr\"},{\"Id\":\"us-fl-mia-edge\"},{\"Id\":\"apac-sg-sin-azr\"},{\"Id\":\"emea-ru-msa-edge\"}],\"Name\":\"requesthttp\",\"Request\":{\"HttpVerb\":\"GET\",\"ParseDependentRequests\":false,\"RequestUrl\":\"http://20.10.176.226/\"},\"RetryEnabled\":true,\"SyntheticMonitorId\":\"[parameters('webtests_requesthttp_insights_app_name')]\",\"Timeout\":120,\"ValidationRules\":{\"ExpectedHttpStatusCode\":200,\"SSLCheck\":false}},\"tags\":{\"hidden-link:/subscriptions/a1f74e2d-ec58-4f9a-a112-088e3469febb/resourceGroups/brief4_QB/providers/Microsoft.Insights/components/insights-magento\":\"Resource\"},\"type\":\"microsoft.insights/webtests\"}],\"variables\":{}}",
            "timeouts": null
          },
          "sensitive_attributes": [],
          "private": "eyJlMmJmYjczMC1lY2FhLTExZTYtOGY4OC0zNDM2M2JjN2M0YzAiOnsiY3JlYXRlIjoxMDgwMDAwMDAwMDAwMCwiZGVsZXRlIjoxMDgwMDAwMDAwMDAwMCwicmVhZCI6MzAwMDAwMDAwMDAwLCJ1cGRhdGUiOjEwODAwMDAwMDAwMDAwfSwic2NoZW1hX3ZlcnNpb24iOiIxIn0=",
          "dependencies": [
            "azurerm_application_insights.insight",
            "azurerm_public_ip.public_ip_gateway",
            "azurerm_resource_group.rg"
          ]
        }
      ]
    },
    {
      "mode": "managed",
      "type": "azurerm_virtual_network",
      "name": "network",
      "provider": "provider[\"registry.terraform.io/hashicorp/azurerm\"]",
      "instances": [
        {
          "schema_version": 0,
          "attributes": {
            "address_space": [
              "10.0.0.0/8"
            ],
            "bgp_community": "",
            "ddos_protection_plan": [],
            "dns_servers": [],
            "edge_zone": "",
            "flow_timeout_in_minutes": 0,
            "guid": "bff8213f-6c24-46b1-aedd-fd7142050778",
            "id": "/subscriptions/a1f74e2d-ec58-4f9a-a112-088e3469febb/resourceGroups/brief4_QB/providers/Microsoft.Network/virtualNetworks/network",
            "location": "eastus2",
            "name": "network",
            "resource_group_name": "brief4_QB",
            "subnet": [
              {
                "address_prefix": "10.1.0.0/16",
                "id": "/subscriptions/a1f74e2d-ec58-4f9a-a112-088e3469febb/resourceGroups/brief4_QB/providers/Microsoft.Network/virtualNetworks/network/subnets/subnet_gateway",
                "name": "subnet_gateway",
                "security_group": ""
              },
              {
                "address_prefix": "10.2.0.0/16",
                "id": "/subscriptions/a1f74e2d-ec58-4f9a-a112-088e3469febb/resourceGroups/brief4_QB/providers/Microsoft.Network/virtualNetworks/network/subnets/subnet_app",
                "name": "subnet_app",
                "security_group": ""
              },
              {
                "address_prefix": "10.3.0.0/16",
                "id": "/subscriptions/a1f74e2d-ec58-4f9a-a112-088e3469febb/resourceGroups/brief4_QB/providers/Microsoft.Network/virtualNetworks/network/subnets/subnet_bdd",
                "name": "subnet_bdd",
                "security_group": ""
              },
              {
                "address_prefix": "10.4.0.0/16",
                "id": "/subscriptions/a1f74e2d-ec58-4f9a-a112-088e3469febb/resourceGroups/brief4_QB/providers/Microsoft.Network/virtualNetworks/network/subnets/subnet_elastic",
                "name": "subnet_elastic",
                "security_group": ""
              },
              {
                "address_prefix": "10.6.0.0/16",
                "id": "/subscriptions/a1f74e2d-ec58-4f9a-a112-088e3469febb/resourceGroups/brief4_QB/providers/Microsoft.Network/virtualNetworks/network/subnets/subnet_bastion",
                "name": "subnet_bastion",
                "security_group": ""
              }
            ],
            "tags": {},
            "timeouts": null
          },
          "sensitive_attributes": [],
          "private": "eyJlMmJmYjczMC1lY2FhLTExZTYtOGY4OC0zNDM2M2JjN2M0YzAiOnsiY3JlYXRlIjoxODAwMDAwMDAwMDAwLCJkZWxldGUiOjE4MDAwMDAwMDAwMDAsInJlYWQiOjMwMDAwMDAwMDAwMCwidXBkYXRlIjoxODAwMDAwMDAwMDAwfX0=",
          "dependencies": [
            "azurerm_resource_group.rg"
          ]
        }
      ]
    },
    {
      "mode": "managed",
      "type": "random_id",
      "name": "randomId",
      "provider": "provider[\"registry.terraform.io/hashicorp/random\"]",
      "instances": [
        {
          "schema_version": 0,
          "attributes": {
            "b64_std": "/xEeh7aKjCY=",
            "b64_url": "_xEeh7aKjCY",
            "byte_length": 8,
            "dec": "18379505122507656230",
            "hex": "ff111e87b68a8c26",
            "id": "_xEeh7aKjCY",
            "keepers": null,
            "prefix": null
          },
          "sensitive_attributes": []
        }
      ]
    },
    {
      "mode": "managed",
      "type": "random_password",
      "name": "dbpassword",
      "provider": "provider[\"registry.terraform.io/hashicorp/random\"]",
      "instances": [
        {
          "schema_version": 2,
          "attributes": {
            "bcrypt_hash": "$2a$10$4XyYoIbjJnNxE3yZpXky4eKuxDXsLnM.806lkmz5Gp6nPI8SwMCtq",
            "id": "none",
            "keepers": null,
            "length": 16,
            "lower": true,
            "min_lower": 0,
            "min_numeric": 0,
            "min_special": 0,
            "min_upper": 0,
            "number": true,
            "numeric": true,
            "override_special": "!#$%\u0026*()-_=+[]{}\u003c\u003e:?",
            "result": "Ws{)phw$I-4_elA5",
            "special": true,
            "upper": true
          },
          "sensitive_attributes": []
        }
      ]
    }
  ]
}
