{
  "version": 4,
  "terraform_version": "1.2.7",
  "serial": 783,
  "lineage": "637868ba-fbc7-98ab-33b2-e4b1c8b7c29a",
  "outputs": {
    "ip_private": {
      "value": "10.2.0.19",
      "type": "string"
    },
    "password": {
      "value": "mw6JDV!x6!t3A[p)",
      "type": "string",
      "sensitive": true
    },
    "public_ip_address_app": {
      "value": [
        "20.7.160.93"
      ],
      "type": [
        "tuple",
        [
          "string"
        ]
      ]
    },
    "public_ip_address_gateway": {
      "value": [
        "20.22.185.176"
      ],
      "type": [
        "tuple",
        [
          "string"
        ]
      ]
    },
    "resource_group_name": {
      "value": "brief4_QB2",
      "type": "string"
    },
    "test": {
      "value": "privatelink.mariadb.database.azure.com",
      "type": "string"
    }
  },
  "resources": [
    {
      "mode": "data",
      "type": "external",
      "name": "id_alert_requesthttp",
      "provider": "provider[\"registry.terraform.io/hashicorp/external\"]",
      "instances": []
    },
    {
      "mode": "data",
      "type": "template_cloudinit_config",
      "name": "configapp",
      "provider": "provider[\"registry.terraform.io/hashicorp/template\"]",
      "instances": []
    },
    {
      "mode": "data",
      "type": "template_cloudinit_config",
      "name": "configelastic",
      "provider": "provider[\"registry.terraform.io/hashicorp/template\"]",
      "instances": [
        {
          "schema_version": 0,
          "attributes": {
            "base64_encode": true,
            "gzip": true,
            "id": "863804561",
            "part": [
              {
                "content": "#cloud-config\npackage_update: true\npackages:\n  - apt-transport-https\n\nusers:\n  - default\n  - name: quentin\n    groups: sudo, root\n    shell: /bin/bash\n    plain_text_passwd: blabla123!\n    sudo: 'ALL=(ALL) NOPASSWD:ALL'\n    ssh_authorized_keys:\n        - \u003e-\n          ssh-rsa AAAAB3NzaC1yc2EAAAADAQABAAABgQDAXuIAe8DVtQ+qHpbTnCMn5iP1u7WQEOLDE76PTRZ0lYc0TrWJvH+zWzpEbTK/fwzx5sw7yAlBnuR83cAOtm6y8Gk5yktOogsk71VnJ9cXKV7QWtX5o/nysqhliBWAW2jQmEMLHBf4DOFXcKpCdl0OBOtrPct976tnFXhM5n5WF0wrQ4dVikfWe57yg0BX+G+ZbNl7iDCHS8cAGEI2S0ziGOLjl0qJq+9jjCaj2bdVb5vtbz/ghplWtNKQvirxvfOC5H3XbX7aeH2sAlogeYbPs8DmFuz5Smq/+FLBZzqV7JhPMxBCpVFm6r+EzZDgiS2WB96Q3Jh0ItPz7wwJtgpLmSWeaBmWyPGAOh9MBal2RXgDIZ26EPOQTc9WX1377SaEMFSXgwq3e0mtFl5TYG+hzjujY9ik6nfjyLy1yNaPB7hq0z0cCijeJf0Nlm092Ukb1IJOndiS9LSZXjFJT+LRNz7hqyK/oj8nH4K2nx4DMH+Fj4JypSdsqmIk7aXLdYE= nomad@device\n  - name: steph\n    groups: sudo, root\n    shell: /bin/bash\n    plain_text_passwd: blabla123!\n    sudo: 'ALL=(ALL) NOPASSWD:ALL'\n    ssh_authorized_keys:\n        - \u003e-\n          ssh-rsa AAAAB3NzaC1yc2EAAAADAQABAAABgQCnBYZRoOJm/hLnbGmUBNhBEsdvUAqVb48EQql7OeYgB4pO/FFu8OIhKofBCByf1l9owEWnbWFZJhfgwQ+iNZjd+1iZtmc6cidjqQypgEc+U43avchEVdZdjK1LidIIJt0O7o8L0gARNn1PjDFLP3eUI2XN3ALUzB3sRzXKTJ1QHz8S1ByhfWXw2vhsPa9I3Jv9aE8zZuCBx/gfVQQy/FyskgK8VWRHhUl3XCgNDxUYBppnBgCCDWHpYOdzH/5XuRORdgMccDgJ/NhcCgY+erva7DlkIlzRiVxm5uMK8kvEiDn+AWI3aGsgxt3LaS+xaiw4hLLoev4V4cWTjWhZPeJSITDeWk3HAsBxDBWGvx3716ywsh7mkDJpjyXow6RXpTBke2rTmr4X9+hVGop4ZjqyTTUuTkdbYllwiaTrsuKgOJ5ne2lWp1P1IT0cD0s9j0GNl/54KaN31HFiuHVYVVA8yGp532LfRjhthpMdHiuhJbswlKTrDJR3i1iccT0aiUk= utilisateur@UTILISA-2JUD7VR\n  - name: ryano\n    groups: sudo, root\n    shell: /bin/bash\n    plain_text_passwd: blabla123!\n    sudo: 'ALL=(ALL) NOPASSWD:ALL'\n    ssh_authorized_keys:\n        - \u003e-\n          ssh-rsa AAAAB3NzaC1yc2EAAAADAQABAAABgQCuQsDbdhzBOtJvetSRXRINBLZnKEzLctl+J3hFX22doPy1Btth8i7a4cigqyQ914MIgdYr/pPOFfH7YBLa5LhF2Racx3cRT1RPobmGn2DMEcNAcWjw1Qr9TRl3HcFK59ineQ4ukoDt4jZCUyRXliCFMhqBdQU0u182UvNFf0L5bLBVzlkWyNxPo79WDDGY97HCsQLYIQcqRfsYJ0YwJ5QyGUvtUWKmMO30bhlhyQJJmG/6QQlV/m6sMiHCiEt+7Qxv5n3+c9RH5hsRyaynzsLcNmzENDqsrDsngqwzK4oe8S71YKKVn395nvZ4MIr8PB6bE/ViWpvS0bhCzANDYAj8Exk2P5WR3aI06PobLOcUjxm3E1JOFa/YcXQ8GXzmUgjGpHMztB6qSH+NSHHTqBejmvsv2DQ9nYq/NL1s7k6e+FSwWQktZNXAlVIvUGMrX51MdUxtVXteNEFe/NCj4B66Y5i2MM8VJk1lsgm8PIUj0wDjlB0f8TlUFK+vqijLt80= utilisateur@UTILISA-ASVHC0M\n\nwrite_files:\n  - path: /home/elastic/elasticsearch.yml\n    content: \"cluster.name: my-application\\nnode.name: node-1\\npath.data: /var/lib/elasticsearch\\npath.logs: /var/log/elasticsearch\\nnetwork.host: 10.4.0.4\\nxpack.security.enabled: true\\nxpack.security.enrollment.enabled: true\\nxpack.security.http.ssl:\\n  enabled: false\\n  keystore.path: certs/http.p12\\n\\nxpack.security.transport.ssl:\\n  enabled: true\\n  verification_mode: certificate\\n  keystore.path: certs/transport.p12\\n  truststore.path: certs/transport.p12\\ncluster.initial_master_nodes: [\\\"node-1\\\"]\\nhttp.host: 0.0.0.0\\n\"\n\n\nruncmd:\n  - wget -qO - https://artifacts.elastic.co/GPG-KEY-elasticsearch | sudo gpg --dearmor -o /usr/share/keyrings/elasticsearch-keyring.gpg\n  - echo \"deb [signed-by=/usr/share/keyrings/elasticsearch-keyring.gpg] https://artifacts.elastic.co/packages/8.x/apt stable main\" | sudo tee /etc/apt/sources.list.d/elastic-8.x.list\n  - sudo apt-get update\n  - sudo apt install elasticsearch -y\n  - sudo cp /etc/elasticsearch/elasticsearch.yml /home/elastic/backup_elastisearch.yml\n  - sudo rm /etc/elasticsearch/elasticsearch.yml\n  - sudo cp /home/elastic/elasticsearch.yml /etc/elasticsearch/elasticsearch.yml\n  - sudo chown root:elasticsearch /etc/elasticsearch/elasticsearch.yml\n  - sudo chmod 660 /etc/elasticsearch/elasticsearch.yml\n  - sudo /bin/systemctl daemon-reload\n  - sudo /bin/systemctl enable elasticsearch.service\n  - sudo systemctl start elasticsearch.service\n  - cd /usr/share/elasticsearch/bin \u0026\u0026 sudo ./elasticsearch-users useradd magento -p blablabla123! -r superuser\n\n\n",
                "content_type": "text/cloud-config",
                "filename": "../cloud-init/cloud-init-elastic.yaml",
                "merge_type": ""
              }
            ],
            "rendered": "H4sIAAAAAAAA/9xYa4+qyNb+brL/A2+/ycw58SDgDXWyTwbEGyKKN9DpSaeAEgqLAqlChZwff6J27909ey5nf53uRKnFU89aq2oteMp+QhgkjF8XKexxcY4ZSkHGhBhdof8T5yY58UFWfH6aTWYDdb4xNWW5e6rcRvwWZhQlpMdJNfFT5VOF59+DPlXeuDVE04QidscCxoAXxpCwn7gDwpCAGH5+qtUEDye5zyOC2LtLHmJAGfJqBYjx01fKdQYIPcCMHxAv8REJepzsIvYOcM+Hwesbm5eQAwo+VWYoht9E/v/vMZUUeEcQwJc89QG7sWQ5fDPSXoXjeA6kjGe3GNIkY3zIWEorlZzC7PW+Dw8gx+x+fcuwx51ySBgiFY7juCBL8pT2OJr7yb+4LEnY3UxDiHGPE1xEBBfQ8G5MMUDk5ZbISwoovfg9zsXAxUCqN/7vMS33kx73o2IYn/+hGMY/OXO+UFYrW+sphvHjA0LDF5CzMMlQCf2XIyzucT7+eO7f/JfBHctnFHCKoihqwyxBXyq8+uA21BRLUW/mwNIUJ58osKNtmVU9jVN3Tfoz0kILKZdtazA3tIHcXqyXexHvPHGd2fp5XC3tMh2466lwuJTXFr3IhYJVki87DU+Zs7hddEbHVnFk8ySgR1naEr3rOdOtbNnMaSUCKegpxEi1FbseWfFgZozVQ1ObDx1vmvZ9LM7VOcsWHuvKbUaGTjhrkZY9FC+Z1fS36HiwYUsuAlF1qqPq3jWxjLT+eNXxlNFgUl+JJRrNjQiLJ/1U7UZRH0R119+6rTNzSyEIU2wzc2qdUXY9H+b91rjhuI4M4LhOFZwEcOcuaEeLh3nZWsUnoTo01H152sp6uJhd1X66HcbtrDoo91qAVnVb7bathh6KE7Yo5ctFZ0FqxCsbAjW2i8VImYfdmQpwfekE2mRfbw8Wc2vtdW1HasjyCgxmw5UTXE4NKMZsiFvr3agallEe7bro2CaHqDAKqTDBQpXDk1iKXh9FUD+IJo7Fbn1zdKWJPic+WnWN1d6Jhvq6aizNUg5PxVRIog4ZN6d1cm1qs3F1GDX1Il359BRPjjJwDH83+MyRJAb+zz48Iw++K3TKYBr+Xcq8T9TdfpnM9VgIDeKO4o1qhuqA+ueNctq6zc7AOmF5DneB2kznwnCYd+aTcJoc1L5aHCTcTS4Dm7j2cK+Hh+BiVZG5j/yqhPYs9toe8qOTVaTBwKtumg1w9sLB1t/70VQykD+Z6Eycy0nHEANlaRJpEWlDY9GAm0ndMRuKsSnVBl2WznStS9a47KwktQgPtnOpn0O6AN1JQz93waBT7vO+ehWCw9ayCmFY0GMw7Wzt5Tjc4IbTD0ztutmpaUrUoN/X7HG6m/vlWGg5+XK+9IOZ52mBLpih1w92VZidgazh4wSXS7S9xq18Nu0czwOkkapiTxpgRIMraxhgVb0CdGmGhpHAc3Pb9Ox1ZIf7BdRXk7UG7WNjrFD1qqn26HxtyFK7uNBQjo+ankaFk1zaSyddq0dYz9Zx1nS61XA7StLmPjoV6/UmXx99d4fxBYF1RvNpMNdbBNaxnUoLabIWPU2k3UgcmVhoNafAbEjjIcrH2912q3SKUdpq1I3DMgpZmM78McpD3aUXPF1nmr5sIAl53loEaHP8zOUMYUQBg3n282Y9MSYrha/rG03eLt9VfVYAkvxtqj63qOb6YanOmX6GbLV0lhNTNfZkOigNj+Gq3giHTr3uJ4tCUhkLO0gGTQ8Fp8LqSs3ZJPB3mZAu5sPDWN6pBmgZ4bC+BN614S3X0nKRuPGI1LXZwDMVz44ukpV110vcGHvDaauLCLSa+THRWDPa9zfF0sGoP5yFJ9W3NmIudeqbszk8iEbLNdRtiY92YV4Xidy1NW2068rjPrWM3cTyTssD3eni7qK3rGK0ObONPY1n84bohjgsLF2PR0LbsvBWiNt0hsZ9NGBV2bqeW6RR9brLcSukywIUpKSGZ8blwNRONNMoCU6XctpMYGclS7vpdEsa3RY575uzSdZZqG13IGyRnZ5Xohv2S8XUdkrUGVyP9UXLXjbARGwvEteYe5voGjcGkj4fAmHnOVZn5JTxJohG6XhWMrV9Wo2r5mo8Xp9UGMVneq5rVpfsToJpSFQ+tmF1uLrY1pHtTUfB28l5M5plTkua+Zsr2zoMmoMhFMx+1FTb7V0L1WezzlY/SpgGcWcx2UTiRYuwKh46a7wZTqvnE4oM1hF/v+qV1XbcF2eVyiVDDL7c1Nur3EkBC3ucECYxFF4V29s3hSDzwloR43sZeg991uOePJxTBrPao3/iggdpipEHbjLxmZDEh6+3bpe89ExuTmo+YKDHCWeQCRi5H528QnAS0DdIEvwWQiC7JNmxFiaU9ThJrDVrYq35TK43gVej0MszxIoaJMDF0H+Iv9+5myUY30TsXwBvyrBGKe49E477Aj0ATOHNcutVlmSw9lhAD2aMCvc5qVR/Jt/QfZGc33I+3HPcGWbo8LqML3Hiwwftw/bHTr8y3z1zNz7K/hL3tok3rY4AfonBbfhy2zLa4355fnrdvKdfn8k9r8eyi7X7/zN5qlQqWU682H8U0iWAjONPc47n7qK6JwjgFjzwGK29nQW8RBgtRvx0sOM/bC73n/vjkgvSgON5H4IsTjKOTzghp5lAQ5BB4QiLDJGAfiwL/tVcC9LgHgf0woR78qHL/UJRQKDPu8Xn76L59c8TeDtOCJ3aVQAp4yi7bSQXA0Se3hJhEHICZN4NINAkzzxIaxhRVvPfHPOd2vVuuod9n3U7m9yW8XF8+WDnEKEMYMx9XDe++Iry0ofLD4hvm/k3ze4C75inL4/hh5Z/pc3i/4n2Yxx//jz5XsIwuZD7+7j3MfvvpYkTn2u3xe+cd3/x04IyGHsMcz6AcUL4DOIE+H+IenT3x92qUZh9kdz3SV/xlIGM/Qnc89/3wsfYXUS4H354MNZ+U9f3ky13+wS+z8UggIQlHJ++qpVXwcLxGUfzFGY3YKXyzS8CPP+p8t8AAAD//5dfE5dwEAAA"
          },
          "sensitive_attributes": []
        }
      ]
    },
    {
      "mode": "data",
      "type": "template_file",
      "name": "scriptapp",
      "provider": "provider[\"registry.terraform.io/hashicorp/template\"]",
      "instances": []
    },
    {
      "mode": "data",
      "type": "template_file",
      "name": "scriptbastion",
      "provider": "provider[\"registry.terraform.io/hashicorp/template\"]",
      "instances": [
        {
          "schema_version": 0,
          "attributes": {
            "filename": null,
            "id": "3748fa0661d4532f60b20533cc323a5d727991cdb7a96b9a9548db5819ec09bb",
            "rendered": "#cloud-config\npackage_update: true\npackages:\n  - apt-transport-https\n\nusers:\n  - default\n  - name: quentin\n    groups: sudo, root\n    shell: /bin/bash\n    plain_text_passwd: blabla123!\n    sudo: 'ALL=(ALL) NOPASSWD:ALL'\n    ssh_authorized_keys:\n        - \u003e-\n          ssh-rsa AAAAB3NzaC1yc2EAAAADAQABAAABgQDAXuIAe8DVtQ+qHpbTnCMn5iP1u7WQEOLDE76PTRZ0lYc0TrWJvH+zWzpEbTK/fwzx5sw7yAlBnuR83cAOtm6y8Gk5yktOogsk71VnJ9cXKV7QWtX5o/nysqhliBWAW2jQmEMLHBf4DOFXcKpCdl0OBOtrPct976tnFXhM5n5WF0wrQ4dVikfWe57yg0BX+G+ZbNl7iDCHS8cAGEI2S0ziGOLjl0qJq+9jjCaj2bdVb5vtbz/ghplWtNKQvirxvfOC5H3XbX7aeH2sAlogeYbPs8DmFuz5Smq/+FLBZzqV7JhPMxBCpVFm6r+EzZDgiS2WB96Q3Jh0ItPz7wwJtgpLmSWeaBmWyPGAOh9MBal2RXgDIZ26EPOQTc9WX1377SaEMFSXgwq3e0mtFl5TYG+hzjujY9ik6nfjyLy1yNaPB7hq0z0cCijeJf0Nlm092Ukb1IJOndiS9LSZXjFJT+LRNz7hqyK/oj8nH4K2nx4DMH+Fj4JypSdsqmIk7aXLdYE= nomad@device\n  - name: steph\n    groups: sudo, root\n    shell: /bin/bash\n    plain_text_passwd: blabla123!\n    sudo: 'ALL=(ALL) NOPASSWD:ALL'\n    ssh_authorized_keys:\n        - \u003e-\n          ssh-rsa AAAAB3NzaC1yc2EAAAADAQABAAABgQCnBYZRoOJm/hLnbGmUBNhBEsdvUAqVb48EQql7OeYgB4pO/FFu8OIhKofBCByf1l9owEWnbWFZJhfgwQ+iNZjd+1iZtmc6cidjqQypgEc+U43avchEVdZdjK1LidIIJt0O7o8L0gARNn1PjDFLP3eUI2XN3ALUzB3sRzXKTJ1QHz8S1ByhfWXw2vhsPa9I3Jv9aE8zZuCBx/gfVQQy/FyskgK8VWRHhUl3XCgNDxUYBppnBgCCDWHpYOdzH/5XuRORdgMccDgJ/NhcCgY+erva7DlkIlzRiVxm5uMK8kvEiDn+AWI3aGsgxt3LaS+xaiw4hLLoev4V4cWTjWhZPeJSITDeWk3HAsBxDBWGvx3716ywsh7mkDJpjyXow6RXpTBke2rTmr4X9+hVGop4ZjqyTTUuTkdbYllwiaTrsuKgOJ5ne2lWp1P1IT0cD0s9j0GNl/54KaN31HFiuHVYVVA8yGp532LfRjhthpMdHiuhJbswlKTrDJR3i1iccT0aiUk= utilisateur@UTILISA-2JUD7VR\n  - name: ryano\n    groups: sudo, root\n    shell: /bin/bash\n    plain_text_passwd: blabla123!\n    sudo: 'ALL=(ALL) NOPASSWD:ALL'\n    ssh_authorized_keys:\n        - \u003e-\n          ssh-rsa AAAAB3NzaC1yc2EAAAADAQABAAABgQCuQsDbdhzBOtJvetSRXRINBLZnKEzLctl+J3hFX22doPy1Btth8i7a4cigqyQ914MIgdYr/pPOFfH7YBLa5LhF2Racx3cRT1RPobmGn2DMEcNAcWjw1Qr9TRl3HcFK59ineQ4ukoDt4jZCUyRXliCFMhqBdQU0u182UvNFf0L5bLBVzlkWyNxPo79WDDGY97HCsQLYIQcqRfsYJ0YwJ5QyGUvtUWKmMO30bhlhyQJJmG/6QQlV/m6sMiHCiEt+7Qxv5n3+c9RH5hsRyaynzsLcNmzENDqsrDsngqwzK4oe8S71YKKVn395nvZ4MIr8PB6bE/ViWpvS0bhCzANDYAj8Exk2P5WR3aI06PobLOcUjxm3E1JOFa/YcXQ8GXzmUgjGpHMztB6qSH+NSHHTqBejmvsv2DQ9nYq/NL1s7k6e+FSwWQktZNXAlVIvUGMrX51MdUxtVXteNEFe/NCj4B66Y5i2MM8VJk1lsgm8PIUj0wDjlB0f8TlUFK+vqijLt80= utilisateur@UTILISA-ASVHC0M\n",
            "template": "#cloud-config\npackage_update: true\npackages:\n  - apt-transport-https\n\nusers:\n  - default\n  - name: quentin\n    groups: sudo, root\n    shell: /bin/bash\n    plain_text_passwd: blabla123!\n    sudo: 'ALL=(ALL) NOPASSWD:ALL'\n    ssh_authorized_keys:\n        - \u003e-\n          ssh-rsa AAAAB3NzaC1yc2EAAAADAQABAAABgQDAXuIAe8DVtQ+qHpbTnCMn5iP1u7WQEOLDE76PTRZ0lYc0TrWJvH+zWzpEbTK/fwzx5sw7yAlBnuR83cAOtm6y8Gk5yktOogsk71VnJ9cXKV7QWtX5o/nysqhliBWAW2jQmEMLHBf4DOFXcKpCdl0OBOtrPct976tnFXhM5n5WF0wrQ4dVikfWe57yg0BX+G+ZbNl7iDCHS8cAGEI2S0ziGOLjl0qJq+9jjCaj2bdVb5vtbz/ghplWtNKQvirxvfOC5H3XbX7aeH2sAlogeYbPs8DmFuz5Smq/+FLBZzqV7JhPMxBCpVFm6r+EzZDgiS2WB96Q3Jh0ItPz7wwJtgpLmSWeaBmWyPGAOh9MBal2RXgDIZ26EPOQTc9WX1377SaEMFSXgwq3e0mtFl5TYG+hzjujY9ik6nfjyLy1yNaPB7hq0z0cCijeJf0Nlm092Ukb1IJOndiS9LSZXjFJT+LRNz7hqyK/oj8nH4K2nx4DMH+Fj4JypSdsqmIk7aXLdYE= nomad@device\n  - name: steph\n    groups: sudo, root\n    shell: /bin/bash\n    plain_text_passwd: blabla123!\n    sudo: 'ALL=(ALL) NOPASSWD:ALL'\n    ssh_authorized_keys:\n        - \u003e-\n          ssh-rsa AAAAB3NzaC1yc2EAAAADAQABAAABgQCnBYZRoOJm/hLnbGmUBNhBEsdvUAqVb48EQql7OeYgB4pO/FFu8OIhKofBCByf1l9owEWnbWFZJhfgwQ+iNZjd+1iZtmc6cidjqQypgEc+U43avchEVdZdjK1LidIIJt0O7o8L0gARNn1PjDFLP3eUI2XN3ALUzB3sRzXKTJ1QHz8S1ByhfWXw2vhsPa9I3Jv9aE8zZuCBx/gfVQQy/FyskgK8VWRHhUl3XCgNDxUYBppnBgCCDWHpYOdzH/5XuRORdgMccDgJ/NhcCgY+erva7DlkIlzRiVxm5uMK8kvEiDn+AWI3aGsgxt3LaS+xaiw4hLLoev4V4cWTjWhZPeJSITDeWk3HAsBxDBWGvx3716ywsh7mkDJpjyXow6RXpTBke2rTmr4X9+hVGop4ZjqyTTUuTkdbYllwiaTrsuKgOJ5ne2lWp1P1IT0cD0s9j0GNl/54KaN31HFiuHVYVVA8yGp532LfRjhthpMdHiuhJbswlKTrDJR3i1iccT0aiUk= utilisateur@UTILISA-2JUD7VR\n  - name: ryano\n    groups: sudo, root\n    shell: /bin/bash\n    plain_text_passwd: blabla123!\n    sudo: 'ALL=(ALL) NOPASSWD:ALL'\n    ssh_authorized_keys:\n        - \u003e-\n          ssh-rsa AAAAB3NzaC1yc2EAAAADAQABAAABgQCuQsDbdhzBOtJvetSRXRINBLZnKEzLctl+J3hFX22doPy1Btth8i7a4cigqyQ914MIgdYr/pPOFfH7YBLa5LhF2Racx3cRT1RPobmGn2DMEcNAcWjw1Qr9TRl3HcFK59ineQ4ukoDt4jZCUyRXliCFMhqBdQU0u182UvNFf0L5bLBVzlkWyNxPo79WDDGY97HCsQLYIQcqRfsYJ0YwJ5QyGUvtUWKmMO30bhlhyQJJmG/6QQlV/m6sMiHCiEt+7Qxv5n3+c9RH5hsRyaynzsLcNmzENDqsrDsngqwzK4oe8S71YKKVn395nvZ4MIr8PB6bE/ViWpvS0bhCzANDYAj8Exk2P5WR3aI06PobLOcUjxm3E1JOFa/YcXQ8GXzmUgjGpHMztB6qSH+NSHHTqBejmvsv2DQ9nYq/NL1s7k6e+FSwWQktZNXAlVIvUGMrX51MdUxtVXteNEFe/NCj4B66Y5i2MM8VJk1lsgm8PIUj0wDjlB0f8TlUFK+vqijLt80= utilisateur@UTILISA-ASVHC0M\n",
            "vars": null
          },
          "sensitive_attributes": []
        }
      ]
    },
    {
      "mode": "data",
      "type": "template_file",
      "name": "scriptelastic",
      "provider": "provider[\"registry.terraform.io/hashicorp/template\"]",
      "instances": [
        {
          "schema_version": 0,
          "attributes": {
            "filename": null,
            "id": "0b476b4640dc066008bc8e864e2a6bc523f4b36435d1d9523ecd56b6144bc43f",
            "rendered": "#cloud-config\npackage_update: true\npackages:\n  - apt-transport-https\n\nusers:\n  - default\n  - name: quentin\n    groups: sudo, root\n    shell: /bin/bash\n    plain_text_passwd: blabla123!\n    sudo: 'ALL=(ALL) NOPASSWD:ALL'\n    ssh_authorized_keys:\n        - \u003e-\n          ssh-rsa AAAAB3NzaC1yc2EAAAADAQABAAABgQDAXuIAe8DVtQ+qHpbTnCMn5iP1u7WQEOLDE76PTRZ0lYc0TrWJvH+zWzpEbTK/fwzx5sw7yAlBnuR83cAOtm6y8Gk5yktOogsk71VnJ9cXKV7QWtX5o/nysqhliBWAW2jQmEMLHBf4DOFXcKpCdl0OBOtrPct976tnFXhM5n5WF0wrQ4dVikfWe57yg0BX+G+ZbNl7iDCHS8cAGEI2S0ziGOLjl0qJq+9jjCaj2bdVb5vtbz/ghplWtNKQvirxvfOC5H3XbX7aeH2sAlogeYbPs8DmFuz5Smq/+FLBZzqV7JhPMxBCpVFm6r+EzZDgiS2WB96Q3Jh0ItPz7wwJtgpLmSWeaBmWyPGAOh9MBal2RXgDIZ26EPOQTc9WX1377SaEMFSXgwq3e0mtFl5TYG+hzjujY9ik6nfjyLy1yNaPB7hq0z0cCijeJf0Nlm092Ukb1IJOndiS9LSZXjFJT+LRNz7hqyK/oj8nH4K2nx4DMH+Fj4JypSdsqmIk7aXLdYE= nomad@device\n  - name: steph\n    groups: sudo, root\n    shell: /bin/bash\n    plain_text_passwd: blabla123!\n    sudo: 'ALL=(ALL) NOPASSWD:ALL'\n    ssh_authorized_keys:\n        - \u003e-\n          ssh-rsa AAAAB3NzaC1yc2EAAAADAQABAAABgQCnBYZRoOJm/hLnbGmUBNhBEsdvUAqVb48EQql7OeYgB4pO/FFu8OIhKofBCByf1l9owEWnbWFZJhfgwQ+iNZjd+1iZtmc6cidjqQypgEc+U43avchEVdZdjK1LidIIJt0O7o8L0gARNn1PjDFLP3eUI2XN3ALUzB3sRzXKTJ1QHz8S1ByhfWXw2vhsPa9I3Jv9aE8zZuCBx/gfVQQy/FyskgK8VWRHhUl3XCgNDxUYBppnBgCCDWHpYOdzH/5XuRORdgMccDgJ/NhcCgY+erva7DlkIlzRiVxm5uMK8kvEiDn+AWI3aGsgxt3LaS+xaiw4hLLoev4V4cWTjWhZPeJSITDeWk3HAsBxDBWGvx3716ywsh7mkDJpjyXow6RXpTBke2rTmr4X9+hVGop4ZjqyTTUuTkdbYllwiaTrsuKgOJ5ne2lWp1P1IT0cD0s9j0GNl/54KaN31HFiuHVYVVA8yGp532LfRjhthpMdHiuhJbswlKTrDJR3i1iccT0aiUk= utilisateur@UTILISA-2JUD7VR\n  - name: ryano\n    groups: sudo, root\n    shell: /bin/bash\n    plain_text_passwd: blabla123!\n    sudo: 'ALL=(ALL) NOPASSWD:ALL'\n    ssh_authorized_keys:\n        - \u003e-\n          ssh-rsa AAAAB3NzaC1yc2EAAAADAQABAAABgQCuQsDbdhzBOtJvetSRXRINBLZnKEzLctl+J3hFX22doPy1Btth8i7a4cigqyQ914MIgdYr/pPOFfH7YBLa5LhF2Racx3cRT1RPobmGn2DMEcNAcWjw1Qr9TRl3HcFK59ineQ4ukoDt4jZCUyRXliCFMhqBdQU0u182UvNFf0L5bLBVzlkWyNxPo79WDDGY97HCsQLYIQcqRfsYJ0YwJ5QyGUvtUWKmMO30bhlhyQJJmG/6QQlV/m6sMiHCiEt+7Qxv5n3+c9RH5hsRyaynzsLcNmzENDqsrDsngqwzK4oe8S71YKKVn395nvZ4MIr8PB6bE/ViWpvS0bhCzANDYAj8Exk2P5WR3aI06PobLOcUjxm3E1JOFa/YcXQ8GXzmUgjGpHMztB6qSH+NSHHTqBejmvsv2DQ9nYq/NL1s7k6e+FSwWQktZNXAlVIvUGMrX51MdUxtVXteNEFe/NCj4B66Y5i2MM8VJk1lsgm8PIUj0wDjlB0f8TlUFK+vqijLt80= utilisateur@UTILISA-ASVHC0M\n\nwrite_files:\n  - path: /home/elastic/elasticsearch.yml\n    content: \"cluster.name: my-application\\nnode.name: node-1\\npath.data: /var/lib/elasticsearch\\npath.logs: /var/log/elasticsearch\\nnetwork.host: 10.4.0.4\\nxpack.security.enabled: true\\nxpack.security.enrollment.enabled: true\\nxpack.security.http.ssl:\\n  enabled: false\\n  keystore.path: certs/http.p12\\n\\nxpack.security.transport.ssl:\\n  enabled: true\\n  verification_mode: certificate\\n  keystore.path: certs/transport.p12\\n  truststore.path: certs/transport.p12\\ncluster.initial_master_nodes: [\\\"node-1\\\"]\\nhttp.host: 0.0.0.0\\n\"\n\n\nruncmd:\n  - wget -qO - https://artifacts.elastic.co/GPG-KEY-elasticsearch | sudo gpg --dearmor -o /usr/share/keyrings/elasticsearch-keyring.gpg\n  - echo \"deb [signed-by=/usr/share/keyrings/elasticsearch-keyring.gpg] https://artifacts.elastic.co/packages/8.x/apt stable main\" | sudo tee /etc/apt/sources.list.d/elastic-8.x.list\n  - sudo apt-get update\n  - sudo apt install elasticsearch -y\n  - sudo cp /etc/elasticsearch/elasticsearch.yml /home/elastic/backup_elastisearch.yml\n  - sudo rm /etc/elasticsearch/elasticsearch.yml\n  - sudo cp /home/elastic/elasticsearch.yml /etc/elasticsearch/elasticsearch.yml\n  - sudo chown root:elasticsearch /etc/elasticsearch/elasticsearch.yml\n  - sudo chmod 660 /etc/elasticsearch/elasticsearch.yml\n  - sudo /bin/systemctl daemon-reload\n  - sudo /bin/systemctl enable elasticsearch.service\n  - sudo systemctl start elasticsearch.service\n  - cd /usr/share/elasticsearch/bin \u0026\u0026 sudo ./elasticsearch-users useradd magento -p blablabla123! -r superuser\n\n\n",
            "template": "#cloud-config\npackage_update: true\npackages:\n  - apt-transport-https\n\nusers:\n  - default\n  - name: quentin\n    groups: sudo, root\n    shell: /bin/bash\n    plain_text_passwd: blabla123!\n    sudo: 'ALL=(ALL) NOPASSWD:ALL'\n    ssh_authorized_keys:\n        - \u003e-\n          ssh-rsa AAAAB3NzaC1yc2EAAAADAQABAAABgQDAXuIAe8DVtQ+qHpbTnCMn5iP1u7WQEOLDE76PTRZ0lYc0TrWJvH+zWzpEbTK/fwzx5sw7yAlBnuR83cAOtm6y8Gk5yktOogsk71VnJ9cXKV7QWtX5o/nysqhliBWAW2jQmEMLHBf4DOFXcKpCdl0OBOtrPct976tnFXhM5n5WF0wrQ4dVikfWe57yg0BX+G+ZbNl7iDCHS8cAGEI2S0ziGOLjl0qJq+9jjCaj2bdVb5vtbz/ghplWtNKQvirxvfOC5H3XbX7aeH2sAlogeYbPs8DmFuz5Smq/+FLBZzqV7JhPMxBCpVFm6r+EzZDgiS2WB96Q3Jh0ItPz7wwJtgpLmSWeaBmWyPGAOh9MBal2RXgDIZ26EPOQTc9WX1377SaEMFSXgwq3e0mtFl5TYG+hzjujY9ik6nfjyLy1yNaPB7hq0z0cCijeJf0Nlm092Ukb1IJOndiS9LSZXjFJT+LRNz7hqyK/oj8nH4K2nx4DMH+Fj4JypSdsqmIk7aXLdYE= nomad@device\n  - name: steph\n    groups: sudo, root\n    shell: /bin/bash\n    plain_text_passwd: blabla123!\n    sudo: 'ALL=(ALL) NOPASSWD:ALL'\n    ssh_authorized_keys:\n        - \u003e-\n          ssh-rsa AAAAB3NzaC1yc2EAAAADAQABAAABgQCnBYZRoOJm/hLnbGmUBNhBEsdvUAqVb48EQql7OeYgB4pO/FFu8OIhKofBCByf1l9owEWnbWFZJhfgwQ+iNZjd+1iZtmc6cidjqQypgEc+U43avchEVdZdjK1LidIIJt0O7o8L0gARNn1PjDFLP3eUI2XN3ALUzB3sRzXKTJ1QHz8S1ByhfWXw2vhsPa9I3Jv9aE8zZuCBx/gfVQQy/FyskgK8VWRHhUl3XCgNDxUYBppnBgCCDWHpYOdzH/5XuRORdgMccDgJ/NhcCgY+erva7DlkIlzRiVxm5uMK8kvEiDn+AWI3aGsgxt3LaS+xaiw4hLLoev4V4cWTjWhZPeJSITDeWk3HAsBxDBWGvx3716ywsh7mkDJpjyXow6RXpTBke2rTmr4X9+hVGop4ZjqyTTUuTkdbYllwiaTrsuKgOJ5ne2lWp1P1IT0cD0s9j0GNl/54KaN31HFiuHVYVVA8yGp532LfRjhthpMdHiuhJbswlKTrDJR3i1iccT0aiUk= utilisateur@UTILISA-2JUD7VR\n  - name: ryano\n    groups: sudo, root\n    shell: /bin/bash\n    plain_text_passwd: blabla123!\n    sudo: 'ALL=(ALL) NOPASSWD:ALL'\n    ssh_authorized_keys:\n        - \u003e-\n          ssh-rsa AAAAB3NzaC1yc2EAAAADAQABAAABgQCuQsDbdhzBOtJvetSRXRINBLZnKEzLctl+J3hFX22doPy1Btth8i7a4cigqyQ914MIgdYr/pPOFfH7YBLa5LhF2Racx3cRT1RPobmGn2DMEcNAcWjw1Qr9TRl3HcFK59ineQ4ukoDt4jZCUyRXliCFMhqBdQU0u182UvNFf0L5bLBVzlkWyNxPo79WDDGY97HCsQLYIQcqRfsYJ0YwJ5QyGUvtUWKmMO30bhlhyQJJmG/6QQlV/m6sMiHCiEt+7Qxv5n3+c9RH5hsRyaynzsLcNmzENDqsrDsngqwzK4oe8S71YKKVn395nvZ4MIr8PB6bE/ViWpvS0bhCzANDYAj8Exk2P5WR3aI06PobLOcUjxm3E1JOFa/YcXQ8GXzmUgjGpHMztB6qSH+NSHHTqBejmvsv2DQ9nYq/NL1s7k6e+FSwWQktZNXAlVIvUGMrX51MdUxtVXteNEFe/NCj4B66Y5i2MM8VJk1lsgm8PIUj0wDjlB0f8TlUFK+vqijLt80= utilisateur@UTILISA-ASVHC0M\n\nwrite_files:\n  - path: /home/elastic/elasticsearch.yml\n    content: \"cluster.name: my-application\\nnode.name: node-1\\npath.data: /var/lib/elasticsearch\\npath.logs: /var/log/elasticsearch\\nnetwork.host: 10.4.0.4\\nxpack.security.enabled: true\\nxpack.security.enrollment.enabled: true\\nxpack.security.http.ssl:\\n  enabled: false\\n  keystore.path: certs/http.p12\\n\\nxpack.security.transport.ssl:\\n  enabled: true\\n  verification_mode: certificate\\n  keystore.path: certs/transport.p12\\n  truststore.path: certs/transport.p12\\ncluster.initial_master_nodes: [\\\"node-1\\\"]\\nhttp.host: 0.0.0.0\\n\"\n\n\nruncmd:\n  - wget -qO - https://artifacts.elastic.co/GPG-KEY-elasticsearch | sudo gpg --dearmor -o /usr/share/keyrings/elasticsearch-keyring.gpg\n  - echo \"deb [signed-by=/usr/share/keyrings/elasticsearch-keyring.gpg] https://artifacts.elastic.co/packages/8.x/apt stable main\" | sudo tee /etc/apt/sources.list.d/elastic-8.x.list\n  - sudo apt-get update\n  - sudo apt install elasticsearch -y\n  - sudo cp /etc/elasticsearch/elasticsearch.yml /home/elastic/backup_elastisearch.yml\n  - sudo rm /etc/elasticsearch/elasticsearch.yml\n  - sudo cp /home/elastic/elasticsearch.yml /etc/elasticsearch/elasticsearch.yml\n  - sudo chown root:elasticsearch /etc/elasticsearch/elasticsearch.yml\n  - sudo chmod 660 /etc/elasticsearch/elasticsearch.yml\n  - sudo /bin/systemctl daemon-reload\n  - sudo /bin/systemctl enable elasticsearch.service\n  - sudo systemctl start elasticsearch.service\n  - cd /usr/share/elasticsearch/bin \u0026\u0026 sudo ./elasticsearch-users useradd magento -p blablabla123! -r superuser\n\n\n",
            "vars": null
          },
          "sensitive_attributes": []
        }
      ]
    },
    {
      "mode": "managed",
      "type": "azurerm_application_gateway",
      "name": "network_gateway",
      "provider": "provider[\"registry.terraform.io/hashicorp/azurerm\"]",
      "instances": [
        {
          "schema_version": 0,
          "attributes": {
            "authentication_certificate": [],
            "autoscale_configuration": [],
            "backend_address_pool": [
              {
                "fqdns": [],
                "id": "/subscriptions/a1f74e2d-ec58-4f9a-a112-088e3469febb/resourceGroups/brief4_QB/providers/Microsoft.Network/applicationGateways/gateway-brief4/backendAddressPools/network-beap",
                "ip_addresses": [],
                "name": "network-beap"
              }
            ],
            "backend_http_settings": [
              {
                "affinity_cookie_name": "",
                "authentication_certificate": [],
                "connection_draining": [],
                "cookie_based_affinity": "Disabled",
                "host_name": "",
                "id": "/subscriptions/a1f74e2d-ec58-4f9a-a112-088e3469febb/resourceGroups/brief4_QB/providers/Microsoft.Network/applicationGateways/gateway-brief4/backendHttpSettingsCollection/network-be-htst",
                "name": "network-be-htst",
                "path": "/",
                "pick_host_name_from_backend_address": false,
                "port": 80,
                "probe_id": "",
                "probe_name": "",
                "protocol": "Http",
                "request_timeout": 60,
                "trusted_root_certificate_names": []
              }
            ],
            "custom_error_configuration": [],
            "enable_http2": false,
            "fips_enabled": false,
            "firewall_policy_id": null,
            "force_firewall_policy_association": false,
            "frontend_ip_configuration": [
              {
                "id": "/subscriptions/a1f74e2d-ec58-4f9a-a112-088e3469febb/resourceGroups/brief4_QB/providers/Microsoft.Network/applicationGateways/gateway-brief4/frontendIPConfigurations/network-feip",
                "name": "network-feip",
                "private_ip_address": "",
                "private_ip_address_allocation": "Dynamic",
                "private_link_configuration_id": "",
                "private_link_configuration_name": "",
                "public_ip_address_id": "/subscriptions/a1f74e2d-ec58-4f9a-a112-088e3469febb/resourceGroups/brief4_QB/providers/Microsoft.Network/publicIPAddresses/ip_gateway",
                "subnet_id": ""
              }
            ],
            "frontend_port": [
              {
                "id": "/subscriptions/a1f74e2d-ec58-4f9a-a112-088e3469febb/resourceGroups/brief4_QB/providers/Microsoft.Network/applicationGateways/gateway-brief4/frontendPorts/network-feport",
                "name": "network-feport",
                "port": 80
              },
              {
                "id": "/subscriptions/a1f74e2d-ec58-4f9a-a112-088e3469febb/resourceGroups/brief4_QB/providers/Microsoft.Network/applicationGateways/gateway-brief4/frontendPorts/network-feport2",
                "name": "network-feport2",
                "port": 443
              }
            ],
            "gateway_ip_configuration": [
              {
                "id": "/subscriptions/a1f74e2d-ec58-4f9a-a112-088e3469febb/resourceGroups/brief4_QB/providers/Microsoft.Network/applicationGateways/gateway-brief4/gatewayIPConfigurations/my-gateway-ip-configuration",
                "name": "my-gateway-ip-configuration",
                "subnet_id": "/subscriptions/a1f74e2d-ec58-4f9a-a112-088e3469febb/resourceGroups/brief4_QB/providers/Microsoft.Network/virtualNetworks/network/subnets/subnet_gateway"
              }
            ],
            "global": [],
            "http_listener": [
              {
                "custom_error_configuration": [],
                "firewall_policy_id": "",
                "frontend_ip_configuration_id": "/subscriptions/a1f74e2d-ec58-4f9a-a112-088e3469febb/resourceGroups/brief4_QB/providers/Microsoft.Network/applicationGateways/gateway-brief4/frontendIPConfigurations/network-feip",
                "frontend_ip_configuration_name": "network-feip",
                "frontend_port_id": "/subscriptions/a1f74e2d-ec58-4f9a-a112-088e3469febb/resourceGroups/brief4_QB/providers/Microsoft.Network/applicationGateways/gateway-brief4/frontendPorts/network-feport",
                "frontend_port_name": "network-feport",
                "host_name": "",
                "host_names": [],
                "id": "/subscriptions/a1f74e2d-ec58-4f9a-a112-088e3469febb/resourceGroups/brief4_QB/providers/Microsoft.Network/applicationGateways/gateway-brief4/httpListeners/network-httplstn",
                "name": "network-httplstn",
                "protocol": "Http",
                "require_sni": false,
                "ssl_certificate_id": "",
                "ssl_certificate_name": "",
                "ssl_profile_id": "",
                "ssl_profile_name": ""
              },
              {
                "custom_error_configuration": [],
                "firewall_policy_id": "",
                "frontend_ip_configuration_id": "/subscriptions/a1f74e2d-ec58-4f9a-a112-088e3469febb/resourceGroups/brief4_QB/providers/Microsoft.Network/applicationGateways/gateway-brief4/frontendIPConfigurations/network-feip",
                "frontend_ip_configuration_name": "network-feip",
                "frontend_port_id": "/subscriptions/a1f74e2d-ec58-4f9a-a112-088e3469febb/resourceGroups/brief4_QB/providers/Microsoft.Network/applicationGateways/gateway-brief4/frontendPorts/network-feport2",
                "frontend_port_name": "network-feport2",
                "host_name": "",
                "host_names": [],
                "id": "/subscriptions/a1f74e2d-ec58-4f9a-a112-088e3469febb/resourceGroups/brief4_QB/providers/Microsoft.Network/applicationGateways/gateway-brief4/httpListeners/network-httplstn2",
                "name": "network-httplstn2",
                "protocol": "Https",
                "require_sni": false,
                "ssl_certificate_id": "/subscriptions/a1f74e2d-ec58-4f9a-a112-088e3469febb/resourceGroups/brief4_QB/providers/Microsoft.Network/applicationGateways/gateway-brief4/sslCertificates/tls_cert",
                "ssl_certificate_name": "tls_cert",
                "ssl_profile_id": "",
                "ssl_profile_name": ""
              }
            ],
            "id": "/subscriptions/a1f74e2d-ec58-4f9a-a112-088e3469febb/resourceGroups/brief4_QB/providers/Microsoft.Network/applicationGateways/gateway-brief4",
            "identity": [
              {
                "identity_ids": [
                  "/subscriptions/a1f74e2d-ec58-4f9a-a112-088e3469febb/resourceGroups/brief4_QB/providers/Microsoft.ManagedIdentity/userAssignedIdentities/id-magento"
                ],
                "type": "UserAssigned"
              }
            ],
            "location": "eastus2",
            "name": "gateway-brief4",
            "private_endpoint_connection": [],
            "private_link_configuration": [],
            "probe": [],
            "redirect_configuration": [
              {
                "id": "/subscriptions/a1f74e2d-ec58-4f9a-a112-088e3469febb/resourceGroups/brief4_QB/providers/Microsoft.Network/applicationGateways/gateway-brief4/redirectConfigurations/LetsEncryptChallenge",
                "include_path": false,
                "include_query_string": false,
                "name": "LetsEncryptChallenge",
                "redirect_type": "Permanent",
                "target_listener_id": "",
                "target_listener_name": "",
                "target_url": "https://statls.blob.core.windows.net/stacontainer/.well-known/acme-challenge/"
              }
            ],
            "request_routing_rule": [
              {
                "backend_address_pool_id": "",
                "backend_address_pool_name": "",
                "backend_http_settings_id": "",
                "backend_http_settings_name": "",
                "http_listener_id": "/subscriptions/a1f74e2d-ec58-4f9a-a112-088e3469febb/resourceGroups/brief4_QB/providers/Microsoft.Network/applicationGateways/gateway-brief4/httpListeners/network-httplstn2",
                "http_listener_name": "network-httplstn2",
                "id": "/subscriptions/a1f74e2d-ec58-4f9a-a112-088e3469febb/resourceGroups/brief4_QB/providers/Microsoft.Network/applicationGateways/gateway-brief4/requestRoutingRules/tls-rule",
                "name": "tls-rule",
                "priority": 100,
                "redirect_configuration_id": "",
                "redirect_configuration_name": "",
                "rewrite_rule_set_id": "",
                "rewrite_rule_set_name": "",
                "rule_type": "PathBasedRouting",
                "url_path_map_id": "/subscriptions/a1f74e2d-ec58-4f9a-a112-088e3469febb/resourceGroups/brief4_QB/providers/Microsoft.Network/applicationGateways/gateway-brief4/urlPathMaps/test",
                "url_path_map_name": "test"
              },
              {
                "backend_address_pool_id": "/subscriptions/a1f74e2d-ec58-4f9a-a112-088e3469febb/resourceGroups/brief4_QB/providers/Microsoft.Network/applicationGateways/gateway-brief4/backendAddressPools/network-beap",
                "backend_address_pool_name": "network-beap",
                "backend_http_settings_id": "/subscriptions/a1f74e2d-ec58-4f9a-a112-088e3469febb/resourceGroups/brief4_QB/providers/Microsoft.Network/applicationGateways/gateway-brief4/backendHttpSettingsCollection/network-be-htst",
                "backend_http_settings_name": "network-be-htst",
                "http_listener_id": "/subscriptions/a1f74e2d-ec58-4f9a-a112-088e3469febb/resourceGroups/brief4_QB/providers/Microsoft.Network/applicationGateways/gateway-brief4/httpListeners/network-httplstn",
                "http_listener_name": "network-httplstn",
                "id": "/subscriptions/a1f74e2d-ec58-4f9a-a112-088e3469febb/resourceGroups/brief4_QB/providers/Microsoft.Network/applicationGateways/gateway-brief4/requestRoutingRules/rule_magento",
                "name": "rule_magento",
                "priority": 200,
                "redirect_configuration_id": "",
                "redirect_configuration_name": "",
                "rewrite_rule_set_id": "",
                "rewrite_rule_set_name": "",
                "rule_type": "Basic",
                "url_path_map_id": "",
                "url_path_map_name": ""
              }
            ],
            "resource_group_name": "brief4_QB",
            "rewrite_rule_set": [],
            "sku": [
              {
                "capacity": 2,
                "name": "Standard_v2",
                "tier": "Standard_v2"
              }
            ],
            "ssl_certificate": [
              {
                "data": "",
                "id": "/subscriptions/a1f74e2d-ec58-4f9a-a112-088e3469febb/resourceGroups/brief4_QB/providers/Microsoft.Network/applicationGateways/gateway-brief4/sslCertificates/tls_cert",
                "key_vault_secret_id": "https://keyvaultmagento.vault.azure.net/secrets/key-magento-app2/2f1f8496569543949425ac5e3aea4a2e",
                "name": "tls_cert",
                "password": "",
                "public_cert_data": ""
              }
            ],
            "ssl_policy": [
              {
                "cipher_suites": [],
                "disabled_protocols": [],
                "min_protocol_version": "",
                "policy_name": "AppGwSslPolicy20150501",
                "policy_type": "Predefined"
              }
            ],
            "ssl_profile": [],
            "tags": {},
            "timeouts": null,
            "trusted_client_certificate": [],
            "trusted_root_certificate": [],
            "url_path_map": [
              {
                "default_backend_address_pool_id": "/subscriptions/a1f74e2d-ec58-4f9a-a112-088e3469febb/resourceGroups/brief4_QB/providers/Microsoft.Network/applicationGateways/gateway-brief4/backendAddressPools/network-beap",
                "default_backend_address_pool_name": "network-beap",
                "default_backend_http_settings_id": "/subscriptions/a1f74e2d-ec58-4f9a-a112-088e3469febb/resourceGroups/brief4_QB/providers/Microsoft.Network/applicationGateways/gateway-brief4/backendHttpSettingsCollection/network-be-htst",
                "default_backend_http_settings_name": "network-be-htst",
                "default_redirect_configuration_id": "",
                "default_redirect_configuration_name": "",
                "default_rewrite_rule_set_id": "",
                "default_rewrite_rule_set_name": "",
                "id": "/subscriptions/a1f74e2d-ec58-4f9a-a112-088e3469febb/resourceGroups/brief4_QB/providers/Microsoft.Network/applicationGateways/gateway-brief4/urlPathMaps/test",
                "name": "test",
                "path_rule": [
                  {
                    "backend_address_pool_id": "",
                    "backend_address_pool_name": "",
                    "backend_http_settings_id": "",
                    "backend_http_settings_name": "",
                    "firewall_policy_id": "",
                    "id": "/subscriptions/a1f74e2d-ec58-4f9a-a112-088e3469febb/resourceGroups/brief4_QB/providers/Microsoft.Network/applicationGateways/gateway-brief4/urlPathMaps/test/pathRules/letsencrypt",
                    "name": "letsencrypt",
                    "paths": [
                      "/.well-known/acme-challenge/*"
                    ],
                    "redirect_configuration_id": "/subscriptions/a1f74e2d-ec58-4f9a-a112-088e3469febb/resourceGroups/brief4_QB/providers/Microsoft.Network/applicationGateways/gateway-brief4/redirectConfigurations/LetsEncryptChallenge",
                    "redirect_configuration_name": "LetsEncryptChallenge",
                    "rewrite_rule_set_id": "",
                    "rewrite_rule_set_name": ""
                  }
                ]
              }
            ],
            "waf_configuration": [],
            "zones": []
          },
          "sensitive_attributes": [],
          "private": "eyJlMmJmYjczMC1lY2FhLTExZTYtOGY4OC0zNDM2M2JjN2M0YzAiOnsiY3JlYXRlIjo1NDAwMDAwMDAwMDAwLCJkZWxldGUiOjU0MDAwMDAwMDAwMDAsInJlYWQiOjMwMDAwMDAwMDAwMCwidXBkYXRlIjo1NDAwMDAwMDAwMDAwfX0=",
          "dependencies": [
            "azurerm_key_vault.keyvault",
            "azurerm_key_vault_certificate.example",
            "azurerm_public_ip.public_ip_gateway",
            "azurerm_resource_group.rg",
            "azurerm_subnet.subnet_gateway",
            "azurerm_user_assigned_identity.id-magento",
            "azurerm_virtual_network.network",
            "data.azurerm_client_config.current"
          ]
        }
      ]
    },
    {
      "mode": "managed",
      "type": "azurerm_application_insights",
      "name": "insight",
      "provider": "provider[\"registry.terraform.io/hashicorp/azurerm\"]",
      "instances": []
    },
    {
      "mode": "managed",
      "type": "azurerm_key_vault",
      "name": "keyvault",
      "provider": "provider[\"registry.terraform.io/hashicorp/azurerm\"]",
      "instances": []
    },
    {
      "mode": "managed",
      "type": "azurerm_key_vault_access_policy",
      "name": "admin",
      "provider": "provider[\"registry.terraform.io/hashicorp/azurerm\"]",
      "instances": []
    },
    {
      "mode": "managed",
      "type": "azurerm_key_vault_access_policy",
      "name": "app",
      "provider": "provider[\"registry.terraform.io/hashicorp/azurerm\"]",
      "instances": []
    },
    {
      "mode": "managed",
      "type": "azurerm_key_vault_certificate",
      "name": "example",
      "provider": "provider[\"registry.terraform.io/hashicorp/azurerm\"]",
      "instances": []
    },
    {
      "mode": "managed",
      "type": "azurerm_linux_virtual_machine",
      "name": "vm_app",
      "provider": "provider[\"registry.terraform.io/hashicorp/azurerm\"]",
      "instances": []
    },
    {
      "mode": "managed",
      "type": "azurerm_linux_virtual_machine",
      "name": "vm_bastion",
      "provider": "provider[\"registry.terraform.io/hashicorp/azurerm\"]",
      "instances": []
    },
    {
      "mode": "managed",
      "type": "azurerm_linux_virtual_machine",
      "name": "vmelasticsrh",
      "provider": "provider[\"registry.terraform.io/hashicorp/azurerm\"]",
      "instances": []
    },
    {
      "mode": "managed",
      "type": "azurerm_mariadb_database",
      "name": "db_magento",
      "provider": "provider[\"registry.terraform.io/hashicorp/azurerm\"]",
      "instances": []
    },
    {
      "mode": "managed",
      "type": "azurerm_mariadb_firewall_rule",
      "name": "mdbrule",
      "provider": "provider[\"registry.terraform.io/hashicorp/azurerm\"]",
      "instances": []
    },
    {
      "mode": "managed",
      "type": "azurerm_mariadb_server",
      "name": "server_magento",
      "provider": "provider[\"registry.terraform.io/hashicorp/azurerm\"]",
      "instances": []
    },
    {
      "mode": "managed",
      "type": "azurerm_monitor_action_group",
      "name": "group-monitor",
      "provider": "provider[\"registry.terraform.io/hashicorp/azurerm\"]",
      "instances": []
    },
    {
      "mode": "managed",
      "type": "azurerm_monitor_metric_alert",
      "name": "alert-stock",
      "provider": "provider[\"registry.terraform.io/hashicorp/azurerm\"]",
      "instances": []
    },
    {
      "mode": "managed",
      "type": "azurerm_monitor_metric_alert",
      "name": "alert-vm-cpu",
      "provider": "provider[\"registry.terraform.io/hashicorp/azurerm\"]",
      "instances": []
    },
    {
      "mode": "managed",
      "type": "azurerm_network_interface",
      "name": "nic_app",
      "provider": "provider[\"registry.terraform.io/hashicorp/azurerm\"]",
      "instances": [
        {
          "schema_version": 0,
          "attributes": {
            "applied_dns_servers": [],
            "dns_servers": [],
            "edge_zone": "",
            "enable_accelerated_networking": false,
            "enable_ip_forwarding": false,
            "id": "/subscriptions/a1f74e2d-ec58-4f9a-a112-088e3469febb/resourceGroups/brief4_QB/providers/Microsoft.Network/networkInterfaces/nic_app",
            "internal_dns_name_label": "",
            "internal_domain_name_suffix": "",
            "ip_configuration": [
              {
                "gateway_load_balancer_frontend_ip_configuration_id": "",
                "name": "nic_app_config",
                "primary": true,
                "private_ip_address": "10.2.0.19",
                "private_ip_address_allocation": "Static",
                "private_ip_address_version": "IPv4",
                "public_ip_address_id": "",
                "subnet_id": "/subscriptions/a1f74e2d-ec58-4f9a-a112-088e3469febb/resourceGroups/brief4_QB/providers/Microsoft.Network/virtualNetworks/network/subnets/subnet_app"
              }
            ],
            "location": "eastus2",
            "mac_address": "60-45-BD-86-04-CA",
            "name": "nic_app",
            "private_ip_address": "10.2.0.19",
            "private_ip_addresses": [
              "10.2.0.19"
            ],
            "resource_group_name": "brief4_QB",
            "tags": {},
            "timeouts": null,
            "virtual_machine_id": ""
          },
          "sensitive_attributes": [],
          "private": "eyJlMmJmYjczMC1lY2FhLTExZTYtOGY4OC0zNDM2M2JjN2M0YzAiOnsiY3JlYXRlIjoxODAwMDAwMDAwMDAwLCJkZWxldGUiOjE4MDAwMDAwMDAwMDAsInJlYWQiOjMwMDAwMDAwMDAwMCwidXBkYXRlIjoxODAwMDAwMDAwMDAwfX0=",
          "dependencies": [
            "azurerm_resource_group.rg",
            "azurerm_subnet.subnet_app",
            "azurerm_virtual_network.network"
          ]
        }
      ]
    },
    {
      "mode": "managed",
      "type": "azurerm_network_interface",
      "name": "nic_bastion",
      "provider": "provider[\"registry.terraform.io/hashicorp/azurerm\"]",
      "instances": [
        {
          "schema_version": 0,
          "attributes": {
            "applied_dns_servers": [],
            "dns_servers": [],
            "edge_zone": "",
            "enable_accelerated_networking": false,
            "enable_ip_forwarding": false,
            "id": "/subscriptions/a1f74e2d-ec58-4f9a-a112-088e3469febb/resourceGroups/brief4_QB/providers/Microsoft.Network/networkInterfaces/nic_bastion",
            "internal_dns_name_label": "",
            "internal_domain_name_suffix": "",
            "ip_configuration": [
              {
                "gateway_load_balancer_frontend_ip_configuration_id": "",
                "name": "nic_bastion_config",
                "primary": true,
                "private_ip_address": "10.6.0.19",
                "private_ip_address_allocation": "Static",
                "private_ip_address_version": "IPv4",
                "public_ip_address_id": "/subscriptions/a1f74e2d-ec58-4f9a-a112-088e3469febb/resourceGroups/brief4_QB/providers/Microsoft.Network/publicIPAddresses/ip_bastion",
                "subnet_id": "/subscriptions/a1f74e2d-ec58-4f9a-a112-088e3469febb/resourceGroups/brief4_QB/providers/Microsoft.Network/virtualNetworks/network/subnets/subnet_bastion"
              }
            ],
            "location": "eastus2",
            "mac_address": "60-45-BD-86-0D-34",
            "name": "nic_bastion",
            "private_ip_address": "10.6.0.19",
            "private_ip_addresses": [
              "10.6.0.19"
            ],
            "resource_group_name": "brief4_QB",
            "tags": {},
            "timeouts": null,
            "virtual_machine_id": ""
          },
          "sensitive_attributes": [],
          "private": "eyJlMmJmYjczMC1lY2FhLTExZTYtOGY4OC0zNDM2M2JjN2M0YzAiOnsiY3JlYXRlIjoxODAwMDAwMDAwMDAwLCJkZWxldGUiOjE4MDAwMDAwMDAwMDAsInJlYWQiOjMwMDAwMDAwMDAwMCwidXBkYXRlIjoxODAwMDAwMDAwMDAwfX0=",
          "dependencies": [
            "azurerm_public_ip.public_ip_bastion",
            "azurerm_resource_group.rg",
            "azurerm_subnet.subnet_bastion",
            "azurerm_virtual_network.network"
          ]
        }
      ]
    },
    {
      "mode": "managed",
      "type": "azurerm_network_interface_application_gateway_backend_address_pool_association",
      "name": "poolbackend",
      "provider": "provider[\"registry.terraform.io/hashicorp/azurerm\"]",
      "instances": [
        {
          "schema_version": 0,
          "attributes": {
            "backend_address_pool_id": "/subscriptions/a1f74e2d-ec58-4f9a-a112-088e3469febb/resourceGroups/brief4_QB/providers/Microsoft.Network/applicationGateways/gateway-brief4/backendAddressPools/network-beap",
            "id": "/subscriptions/a1f74e2d-ec58-4f9a-a112-088e3469febb/resourceGroups/brief4_QB/providers/Microsoft.Network/networkInterfaces/nic_app/ipConfigurations/nic_app_config|/subscriptions/a1f74e2d-ec58-4f9a-a112-088e3469febb/resourceGroups/brief4_QB/providers/Microsoft.Network/applicationGateways/gateway-brief4/backendAddressPools/network-beap",
            "ip_configuration_name": "nic_app_config",
            "network_interface_id": "/subscriptions/a1f74e2d-ec58-4f9a-a112-088e3469febb/resourceGroups/brief4_QB/providers/Microsoft.Network/networkInterfaces/nic_app",
            "timeouts": null
          },
          "sensitive_attributes": [],
          "private": "eyJlMmJmYjczMC1lY2FhLTExZTYtOGY4OC0zNDM2M2JjN2M0YzAiOnsiY3JlYXRlIjoxODAwMDAwMDAwMDAwLCJkZWxldGUiOjE4MDAwMDAwMDAwMDAsInJlYWQiOjMwMDAwMDAwMDAwMCwidXBkYXRlIjoxODAwMDAwMDAwMDAwfX0=",
          "dependencies": [
            "azurerm_application_gateway.network_gateway",
            "azurerm_key_vault.keyvault",
            "azurerm_key_vault_certificate.example",
            "azurerm_network_interface.nic_app",
            "azurerm_public_ip.public_ip_gateway",
            "azurerm_resource_group.rg",
            "azurerm_subnet.subnet_app",
            "azurerm_subnet.subnet_gateway",
            "azurerm_user_assigned_identity.id-magento",
            "azurerm_virtual_network.network",
            "data.azurerm_client_config.current"
          ]
        }
      ]
    },
    {
      "mode": "managed",
      "type": "azurerm_network_interface_security_group_association",
      "name": "assoc-nic-nsg-app",
      "provider": "provider[\"registry.terraform.io/hashicorp/azurerm\"]",
      "instances": [
        {
          "schema_version": 0,
          "attributes": {
            "id": "/subscriptions/a1f74e2d-ec58-4f9a-a112-088e3469febb/resourceGroups/brief4_QB/providers/Microsoft.Network/networkInterfaces/nic_app|/subscriptions/a1f74e2d-ec58-4f9a-a112-088e3469febb/resourceGroups/brief4_QB/providers/Microsoft.Network/networkSecurityGroups/nsg_app",
            "network_interface_id": "/subscriptions/a1f74e2d-ec58-4f9a-a112-088e3469febb/resourceGroups/brief4_QB/providers/Microsoft.Network/networkInterfaces/nic_app",
            "network_security_group_id": "/subscriptions/a1f74e2d-ec58-4f9a-a112-088e3469febb/resourceGroups/brief4_QB/providers/Microsoft.Network/networkSecurityGroups/nsg_app",
            "timeouts": null
          },
          "sensitive_attributes": [],
          "private": "eyJlMmJmYjczMC1lY2FhLTExZTYtOGY4OC0zNDM2M2JjN2M0YzAiOnsiY3JlYXRlIjoxODAwMDAwMDAwMDAwLCJkZWxldGUiOjE4MDAwMDAwMDAwMDAsInJlYWQiOjMwMDAwMDAwMDAwMCwidXBkYXRlIjoxODAwMDAwMDAwMDAwfX0=",
          "dependencies": [
            "azurerm_network_interface.nic_app",
            "azurerm_network_security_group.nsg_app",
            "azurerm_resource_group.rg",
            "azurerm_subnet.subnet_app",
            "azurerm_virtual_network.network"
          ]
        }
      ]
    },
    {
      "mode": "managed",
      "type": "azurerm_network_interface_security_group_association",
      "name": "assoc-nic-nsg-bastion",
      "provider": "provider[\"registry.terraform.io/hashicorp/azurerm\"]",
      "instances": [
        {
          "schema_version": 0,
          "attributes": {
            "id": "/subscriptions/a1f74e2d-ec58-4f9a-a112-088e3469febb/resourceGroups/brief4_QB/providers/Microsoft.Network/networkInterfaces/nic_bastion|/subscriptions/a1f74e2d-ec58-4f9a-a112-088e3469febb/resourceGroups/brief4_QB/providers/Microsoft.Network/networkSecurityGroups/nsg_bastion",
            "network_interface_id": "/subscriptions/a1f74e2d-ec58-4f9a-a112-088e3469febb/resourceGroups/brief4_QB/providers/Microsoft.Network/networkInterfaces/nic_bastion",
            "network_security_group_id": "/subscriptions/a1f74e2d-ec58-4f9a-a112-088e3469febb/resourceGroups/brief4_QB/providers/Microsoft.Network/networkSecurityGroups/nsg_bastion",
            "timeouts": null
          },
          "sensitive_attributes": [],
          "private": "eyJlMmJmYjczMC1lY2FhLTExZTYtOGY4OC0zNDM2M2JjN2M0YzAiOnsiY3JlYXRlIjoxODAwMDAwMDAwMDAwLCJkZWxldGUiOjE4MDAwMDAwMDAwMDAsInJlYWQiOjMwMDAwMDAwMDAwMCwidXBkYXRlIjoxODAwMDAwMDAwMDAwfX0=",
          "dependencies": [
            "azurerm_network_interface.nic_bastion",
            "azurerm_network_security_group.nsg_bastion",
            "azurerm_public_ip.public_ip_bastion",
            "azurerm_resource_group.rg",
            "azurerm_subnet.subnet_bastion",
            "azurerm_virtual_network.network"
          ]
        }
      ]
    },
    {
      "mode": "managed",
      "type": "azurerm_network_security_group",
      "name": "nsg_app",
      "provider": "provider[\"registry.terraform.io/hashicorp/azurerm\"]",
      "instances": [
        {
          "schema_version": 0,
          "attributes": {
            "id": "/subscriptions/a1f74e2d-ec58-4f9a-a112-088e3469febb/resourceGroups/brief4_QB/providers/Microsoft.Network/networkSecurityGroups/nsg_app",
            "location": "eastus2",
            "name": "nsg_app",
            "resource_group_name": "brief4_QB",
            "security_rule": [
              {
                "access": "Allow",
                "description": "",
                "destination_address_prefix": "*",
                "destination_address_prefixes": [],
                "destination_application_security_group_ids": [],
                "destination_port_range": "*",
                "destination_port_ranges": [],
                "direction": "Inbound",
                "name": "PING",
                "priority": 100,
                "protocol": "Icmp",
                "source_address_prefix": "*",
                "source_address_prefixes": [],
                "source_application_security_group_ids": [],
                "source_port_range": "*",
                "source_port_ranges": []
              }
            ],
            "tags": {},
            "timeouts": null
          },
          "sensitive_attributes": [],
          "private": "eyJlMmJmYjczMC1lY2FhLTExZTYtOGY4OC0zNDM2M2JjN2M0YzAiOnsiY3JlYXRlIjoxODAwMDAwMDAwMDAwLCJkZWxldGUiOjE4MDAwMDAwMDAwMDAsInJlYWQiOjMwMDAwMDAwMDAwMCwidXBkYXRlIjoxODAwMDAwMDAwMDAwfX0=",
          "dependencies": [
            "azurerm_resource_group.rg"
          ]
        }
      ]
    },
    {
      "mode": "managed",
      "type": "azurerm_network_security_group",
      "name": "nsg_bastion",
      "provider": "provider[\"registry.terraform.io/hashicorp/azurerm\"]",
      "instances": [
        {
          "schema_version": 0,
          "attributes": {
            "id": "/subscriptions/a1f74e2d-ec58-4f9a-a112-088e3469febb/resourceGroups/brief4_QB/providers/Microsoft.Network/networkSecurityGroups/nsg_bastion",
            "location": "eastus2",
            "name": "nsg_bastion",
            "resource_group_name": "brief4_QB",
            "security_rule": [
              {
                "access": "Allow",
                "description": "",
                "destination_address_prefix": "*",
                "destination_address_prefixes": [],
                "destination_application_security_group_ids": [],
                "destination_port_range": "22",
                "destination_port_ranges": [],
                "direction": "Inbound",
                "name": "SSH",
                "priority": 1001,
                "protocol": "Tcp",
                "source_address_prefix": "*",
                "source_address_prefixes": [],
                "source_application_security_group_ids": [],
                "source_port_range": "*",
                "source_port_ranges": []
              }
            ],
            "tags": {},
            "timeouts": null
          },
          "sensitive_attributes": [],
          "private": "eyJlMmJmYjczMC1lY2FhLTExZTYtOGY4OC0zNDM2M2JjN2M0YzAiOnsiY3JlYXRlIjoxODAwMDAwMDAwMDAwLCJkZWxldGUiOjE4MDAwMDAwMDAwMDAsInJlYWQiOjMwMDAwMDAwMDAwMCwidXBkYXRlIjoxODAwMDAwMDAwMDAwfX0=",
          "dependencies": [
            "azurerm_resource_group.rg"
          ]
        }
      ]
    },
    {
      "mode": "managed",
      "type": "azurerm_network_security_rule",
      "name": "nsg_inbound_2000",
      "provider": "provider[\"registry.terraform.io/hashicorp/azurerm\"]",
      "instances": []
    },
    {
      "mode": "managed",
      "type": "azurerm_private_dns_zone",
      "name": "private_dns_mariadb",
      "provider": "provider[\"registry.terraform.io/hashicorp/azurerm\"]",
      "instances": []
    },
    {
      "mode": "managed",
      "type": "azurerm_private_dns_zone_virtual_network_link",
      "name": "link_bdd",
      "provider": "provider[\"registry.terraform.io/hashicorp/azurerm\"]",
      "instances": []
    },
    {
      "mode": "managed",
      "type": "azurerm_private_endpoint",
      "name": "private_bdd",
      "provider": "provider[\"registry.terraform.io/hashicorp/azurerm\"]",
      "instances": []
    },
    {
      "mode": "managed",
      "type": "azurerm_public_ip",
      "name": "public_ip_bastion",
      "provider": "provider[\"registry.terraform.io/hashicorp/azurerm\"]",
      "instances": [
        {
          "schema_version": 0,
          "attributes": {
            "allocation_method": "Static",
            "domain_name_label": null,
            "edge_zone": "",
            "fqdn": null,
            "id": "/subscriptions/a1f74e2d-ec58-4f9a-a112-088e3469febb/resourceGroups/brief4_QB/providers/Microsoft.Network/publicIPAddresses/ip_bastion",
            "idle_timeout_in_minutes": 4,
            "ip_address": "20.7.160.93",
            "ip_tags": {},
            "ip_version": "IPv4",
            "location": "eastus2",
            "name": "ip_bastion",
            "public_ip_prefix_id": null,
            "resource_group_name": "brief4_QB",
            "reverse_fqdn": null,
            "sku": "Basic",
            "sku_tier": "Regional",
            "tags": {},
            "timeouts": null,
            "zones": []
          },
          "sensitive_attributes": [],
          "private": "eyJlMmJmYjczMC1lY2FhLTExZTYtOGY4OC0zNDM2M2JjN2M0YzAiOnsiY3JlYXRlIjoxODAwMDAwMDAwMDAwLCJkZWxldGUiOjE4MDAwMDAwMDAwMDAsInJlYWQiOjMwMDAwMDAwMDAwMCwidXBkYXRlIjoxODAwMDAwMDAwMDAwfX0=",
          "dependencies": [
            "azurerm_resource_group.rg"
          ]
        }
      ]
    },
    {
      "mode": "managed",
      "type": "azurerm_public_ip",
      "name": "public_ip_gateway",
      "provider": "provider[\"registry.terraform.io/hashicorp/azurerm\"]",
      "instances": [
        {
          "schema_version": 0,
          "attributes": {
            "allocation_method": "Static",
            "domain_name_label": "magentobrief4",
            "edge_zone": "",
            "fqdn": "magentobrief4.eastus2.cloudapp.azure.com",
            "id": "/subscriptions/a1f74e2d-ec58-4f9a-a112-088e3469febb/resourceGroups/brief4_QB/providers/Microsoft.Network/publicIPAddresses/ip_gateway",
            "idle_timeout_in_minutes": 4,
            "ip_address": "20.22.185.176",
            "ip_tags": {},
            "ip_version": "IPv4",
            "location": "eastus2",
            "name": "ip_gateway",
            "public_ip_prefix_id": null,
            "resource_group_name": "brief4_QB",
            "reverse_fqdn": "",
            "sku": "Standard",
            "sku_tier": "Regional",
            "tags": {},
            "timeouts": null,
            "zones": []
          },
          "sensitive_attributes": [],
          "private": "eyJlMmJmYjczMC1lY2FhLTExZTYtOGY4OC0zNDM2M2JjN2M0YzAiOnsiY3JlYXRlIjoxODAwMDAwMDAwMDAwLCJkZWxldGUiOjE4MDAwMDAwMDAwMDAsInJlYWQiOjMwMDAwMDAwMDAwMCwidXBkYXRlIjoxODAwMDAwMDAwMDAwfX0=",
          "dependencies": [
            "azurerm_resource_group.rg"
          ]
        }
      ]
    },
    {
      "mode": "managed",
      "type": "azurerm_resource_group",
      "name": "rg",
      "provider": "provider[\"registry.terraform.io/hashicorp/azurerm\"]",
      "instances": [
        {
          "schema_version": 0,
          "attributes": {
            "id": "/subscriptions/a1f74e2d-ec58-4f9a-a112-088e3469febb/resourceGroups/brief4_QB",
            "location": "eastus2",
            "name": "brief4_QB",
            "tags": {},
            "timeouts": null
          },
          "sensitive_attributes": [],
          "private": "eyJlMmJmYjczMC1lY2FhLTExZTYtOGY4OC0zNDM2M2JjN2M0YzAiOnsiY3JlYXRlIjo1NDAwMDAwMDAwMDAwLCJkZWxldGUiOjU0MDAwMDAwMDAwMDAsInJlYWQiOjMwMDAwMDAwMDAwMCwidXBkYXRlIjo1NDAwMDAwMDAwMDAwfX0="
        }
      ]
    },
    {
      "mode": "managed",
      "type": "azurerm_resource_group_template_deployment",
      "name": "example",
      "provider": "provider[\"registry.terraform.io/hashicorp/azurerm\"]",
      "instances": [
        {
          "schema_version": 0,
          "attributes": {
            "debug_level": "",
            "deployment_mode": "Incremental",
            "id": "/subscriptions/a1f74e2d-ec58-4f9a-a112-088e3469febb/resourceGroups/brief4_QB/providers/Microsoft.Resources/deployments/arm-deploy",
            "name": "arm-deploy",
            "output_content": "{}",
            "parameters_content": "{\"webtests_requesthttp_insights_app_name\":{\"value\":\"requesthttp-insights-app\"}}",
            "resource_group_name": "brief4_QB",
            "tags": {},
            "template_content": "{\"$schema\":\"https://schema.management.azure.com/schemas/2019-04-01/deploymentTemplate.json#\",\"contentVersion\":\"1.0.0.0\",\"parameters\":{\"webtests_requesthttp_insights_app_name\":{\"defaultValue\":\"requesthttp-insights-app\",\"type\":\"String\"}},\"resources\":[{\"apiVersion\":\"2022-06-15\",\"location\":\"eastus2\",\"name\":\"[parameters('webtests_requesthttp_insights_app_name')]\",\"properties\":{\"Enabled\":true,\"Frequency\":300,\"Kind\":\"standard\",\"Locations\":[{\"Id\":\"us-va-ash-azr\"},{\"Id\":\"us-ca-sjc-azr\"},{\"Id\":\"us-fl-mia-edge\"},{\"Id\":\"apac-sg-sin-azr\"},{\"Id\":\"emea-ru-msa-edge\"}],\"Name\":\"requesthttp\",\"Request\":{\"HttpVerb\":\"GET\",\"ParseDependentRequests\":false,\"RequestUrl\":\"https://magentobrief4.eastus2.cloudapp.azure.com\"},\"RetryEnabled\":true,\"SyntheticMonitorId\":\"[parameters('webtests_requesthttp_insights_app_name')]\",\"Timeout\":120,\"ValidationRules\":{\"ExpectedHttpStatusCode\":200,\"SSLCheck\":false}},\"tags\":{\"hidden-link:/subscriptions/a1f74e2d-ec58-4f9a-a112-088e3469febb/resourceGroups/brief4_QB/providers/Microsoft.Insights/components/insights-magento\":\"Resource\"},\"type\":\"microsoft.insights/webtests\"}],\"variables\":{}}",
            "template_spec_version_id": "",
            "timeouts": null
          },
          "sensitive_attributes": [],
          "private": "eyJlMmJmYjczMC1lY2FhLTExZTYtOGY4OC0zNDM2M2JjN2M0YzAiOnsiY3JlYXRlIjoxMDgwMDAwMDAwMDAwMCwiZGVsZXRlIjoxMDgwMDAwMDAwMDAwMCwicmVhZCI6MzAwMDAwMDAwMDAwLCJ1cGRhdGUiOjEwODAwMDAwMDAwMDAwfX0=",
          "dependencies": [
            "azurerm_application_insights.insight",
            "azurerm_resource_group.rg"
          ]
        }
      ]
    },
    {
      "mode": "managed",
      "type": "azurerm_ssh_public_key",
      "name": "ssh_nomad",
      "provider": "provider[\"registry.terraform.io/hashicorp/azurerm\"]",
      "instances": []
    },
    {
      "mode": "managed",
      "type": "azurerm_storage_account",
      "name": "Storage_share01",
      "provider": "provider[\"registry.terraform.io/hashicorp/azurerm\"]",
      "instances": []
    },
    {
      "mode": "managed",
      "type": "azurerm_storage_account",
      "name": "storage-bdd",
      "provider": "provider[\"registry.terraform.io/hashicorp/azurerm\"]",
      "instances": []
    },
    {
      "mode": "managed",
      "type": "azurerm_storage_account",
      "name": "storage-monitor",
      "provider": "provider[\"registry.terraform.io/hashicorp/azurerm\"]",
      "instances": []
    },
    {
      "mode": "managed",
      "type": "azurerm_storage_account",
      "name": "storage-tls",
      "provider": "provider[\"registry.terraform.io/hashicorp/azurerm\"]",
      "instances": []
    },
    {
      "mode": "managed",
      "type": "azurerm_storage_account_network_rules",
      "name": "Storage_share01_association",
      "provider": "provider[\"registry.terraform.io/hashicorp/azurerm\"]",
      "instances": []
    },
    {
      "mode": "managed",
      "type": "azurerm_storage_blob",
      "name": "blob_tls",
      "provider": "provider[\"registry.terraform.io/hashicorp/azurerm\"]",
      "instances": []
    },
    {
      "mode": "managed",
      "type": "azurerm_storage_container",
      "name": "storage-container-tls",
      "provider": "provider[\"registry.terraform.io/hashicorp/azurerm\"]",
      "instances": []
    },
    {
      "mode": "managed",
      "type": "azurerm_storage_share",
      "name": "smb_share",
      "provider": "provider[\"registry.terraform.io/hashicorp/azurerm\"]",
      "instances": []
    },
    {
      "mode": "managed",
      "type": "azurerm_subnet",
      "name": "subnet_app",
      "provider": "provider[\"registry.terraform.io/hashicorp/azurerm\"]",
      "instances": [
        {
          "schema_version": 0,
          "attributes": {
            "address_prefixes": [
              "10.2.0.0/16"
            ],
            "delegation": [],
            "enforce_private_link_endpoint_network_policies": false,
            "enforce_private_link_service_network_policies": false,
            "id": "/subscriptions/a1f74e2d-ec58-4f9a-a112-088e3469febb/resourceGroups/brief4_QB/providers/Microsoft.Network/virtualNetworks/network/subnets/subnet_app",
            "name": "subnet_app",
            "private_endpoint_network_policies_enabled": true,
            "private_link_service_network_policies_enabled": true,
            "resource_group_name": "brief4_QB",
            "service_endpoint_policy_ids": [],
            "service_endpoints": [
              "Microsoft.Storage"
            ],
            "timeouts": null,
            "virtual_network_name": "network"
          },
          "sensitive_attributes": [],
          "private": "eyJlMmJmYjczMC1lY2FhLTExZTYtOGY4OC0zNDM2M2JjN2M0YzAiOnsiY3JlYXRlIjoxODAwMDAwMDAwMDAwLCJkZWxldGUiOjE4MDAwMDAwMDAwMDAsInJlYWQiOjMwMDAwMDAwMDAwMCwidXBkYXRlIjoxODAwMDAwMDAwMDAwfX0=",
          "dependencies": [
            "azurerm_resource_group.rg",
            "azurerm_virtual_network.network"
          ]
        }
      ]
    },
    {
      "mode": "managed",
      "type": "azurerm_subnet",
      "name": "subnet_bastion",
      "provider": "provider[\"registry.terraform.io/hashicorp/azurerm\"]",
      "instances": [
        {
          "schema_version": 0,
          "attributes": {
            "address_prefixes": [
              "10.6.0.0/16"
            ],
            "delegation": [],
            "enforce_private_link_endpoint_network_policies": false,
            "enforce_private_link_service_network_policies": false,
            "id": "/subscriptions/a1f74e2d-ec58-4f9a-a112-088e3469febb/resourceGroups/brief4_QB/providers/Microsoft.Network/virtualNetworks/network/subnets/subnet_bastion",
            "name": "subnet_bastion",
            "private_endpoint_network_policies_enabled": true,
            "private_link_service_network_policies_enabled": true,
            "resource_group_name": "brief4_QB",
            "service_endpoint_policy_ids": [],
            "service_endpoints": [],
            "timeouts": null,
            "virtual_network_name": "network"
          },
          "sensitive_attributes": [],
          "private": "eyJlMmJmYjczMC1lY2FhLTExZTYtOGY4OC0zNDM2M2JjN2M0YzAiOnsiY3JlYXRlIjoxODAwMDAwMDAwMDAwLCJkZWxldGUiOjE4MDAwMDAwMDAwMDAsInJlYWQiOjMwMDAwMDAwMDAwMCwidXBkYXRlIjoxODAwMDAwMDAwMDAwfX0=",
          "dependencies": [
            "azurerm_resource_group.rg",
            "azurerm_virtual_network.network"
          ]
        }
      ]
    },
    {
      "mode": "managed",
      "type": "azurerm_subnet",
      "name": "subnet_gateway",
      "provider": "provider[\"registry.terraform.io/hashicorp/azurerm\"]",
      "instances": [
        {
          "schema_version": 0,
          "attributes": {
            "address_prefixes": [
              "10.1.0.0/16"
            ],
            "delegation": [],
            "enforce_private_link_endpoint_network_policies": false,
            "enforce_private_link_service_network_policies": false,
            "id": "/subscriptions/a1f74e2d-ec58-4f9a-a112-088e3469febb/resourceGroups/brief4_QB/providers/Microsoft.Network/virtualNetworks/network/subnets/subnet_gateway",
            "name": "subnet_gateway",
            "private_endpoint_network_policies_enabled": true,
            "private_link_service_network_policies_enabled": true,
            "resource_group_name": "brief4_QB",
            "service_endpoint_policy_ids": [],
            "service_endpoints": [],
            "timeouts": null,
            "virtual_network_name": "network"
          },
          "sensitive_attributes": [],
          "private": "eyJlMmJmYjczMC1lY2FhLTExZTYtOGY4OC0zNDM2M2JjN2M0YzAiOnsiY3JlYXRlIjoxODAwMDAwMDAwMDAwLCJkZWxldGUiOjE4MDAwMDAwMDAwMDAsInJlYWQiOjMwMDAwMDAwMDAwMCwidXBkYXRlIjoxODAwMDAwMDAwMDAwfX0=",
          "dependencies": [
            "azurerm_resource_group.rg",
            "azurerm_virtual_network.network"
          ]
        }
      ]
    },
    {
      "mode": "managed",
      "type": "azurerm_user_assigned_identity",
      "name": "id-magento",
      "provider": "provider[\"registry.terraform.io/hashicorp/azurerm\"]",
      "instances": []
    },
    {
      "mode": "managed",
      "type": "azurerm_virtual_network",
      "name": "network",
      "provider": "provider[\"registry.terraform.io/hashicorp/azurerm\"]",
      "instances": [
        {
          "schema_version": 0,
          "attributes": {
            "address_space": [
              "10.0.0.0/8"
            ],
            "bgp_community": "",
            "ddos_protection_plan": [],
            "dns_servers": [],
            "edge_zone": "",
            "flow_timeout_in_minutes": 0,
            "guid": "6e4c87f3-d46a-4686-9c0d-90bdb2688f43",
            "id": "/subscriptions/a1f74e2d-ec58-4f9a-a112-088e3469febb/resourceGroups/brief4_QB/providers/Microsoft.Network/virtualNetworks/network",
            "location": "eastus2",
            "name": "network",
            "resource_group_name": "brief4_QB",
            "subnet": [
              {
                "address_prefix": "10.1.0.0/16",
                "id": "/subscriptions/a1f74e2d-ec58-4f9a-a112-088e3469febb/resourceGroups/brief4_QB/providers/Microsoft.Network/virtualNetworks/network/subnets/subnet_gateway",
                "name": "subnet_gateway",
                "security_group": ""
              },
              {
                "address_prefix": "10.2.0.0/16",
                "id": "/subscriptions/a1f74e2d-ec58-4f9a-a112-088e3469febb/resourceGroups/brief4_QB/providers/Microsoft.Network/virtualNetworks/network/subnets/subnet_app",
                "name": "subnet_app",
                "security_group": ""
              },
              {
                "address_prefix": "10.3.0.0/16",
                "id": "/subscriptions/a1f74e2d-ec58-4f9a-a112-088e3469febb/resourceGroups/brief4_QB/providers/Microsoft.Network/virtualNetworks/network/subnets/subnet_bdd",
                "name": "subnet_bdd",
                "security_group": ""
              },
              {
                "address_prefix": "10.4.0.0/16",
                "id": "/subscriptions/a1f74e2d-ec58-4f9a-a112-088e3469febb/resourceGroups/brief4_QB/providers/Microsoft.Network/virtualNetworks/network/subnets/subnet_elastic",
                "name": "subnet_elastic",
                "security_group": ""
              },
              {
                "address_prefix": "10.6.0.0/16",
                "id": "/subscriptions/a1f74e2d-ec58-4f9a-a112-088e3469febb/resourceGroups/brief4_QB/providers/Microsoft.Network/virtualNetworks/network/subnets/subnet_bastion",
                "name": "subnet_bastion",
                "security_group": ""
              }
            ],
            "tags": {},
            "timeouts": null
          },
          "sensitive_attributes": [],
          "private": "eyJlMmJmYjczMC1lY2FhLTExZTYtOGY4OC0zNDM2M2JjN2M0YzAiOnsiY3JlYXRlIjoxODAwMDAwMDAwMDAwLCJkZWxldGUiOjE4MDAwMDAwMDAwMDAsInJlYWQiOjMwMDAwMDAwMDAwMCwidXBkYXRlIjoxODAwMDAwMDAwMDAwfX0=",
          "dependencies": [
            "azurerm_resource_group.rg"
          ]
        }
      ]
    },
    {
      "mode": "managed",
      "type": "random_id",
      "name": "randomId",
      "provider": "provider[\"registry.terraform.io/hashicorp/random\"]",
      "instances": [
        {
          "schema_version": 0,
          "attributes": {
            "b64_std": "1fZcfGc682Q=",
            "b64_url": "1fZcfGc682Q",
            "byte_length": 8,
            "dec": "15417612063727088484",
            "hex": "d5f65c7c673af364",
            "id": "1fZcfGc682Q",
            "keepers": null,
            "prefix": null
          },
          "sensitive_attributes": []
        }
      ]
    },
    {
      "mode": "managed",
      "type": "random_password",
      "name": "dbpassword",
      "provider": "provider[\"registry.terraform.io/hashicorp/random\"]",
      "instances": [
        {
          "schema_version": 3,
          "attributes": {
            "bcrypt_hash": "$2a$10$rRW8yYq2vhvXRdWUkF0.keauT8RLXvf0baeAffdGFkHHC3R0pbncK",
            "id": "none",
            "keepers": null,
            "length": 16,
            "lower": true,
            "min_lower": 0,
            "min_numeric": 0,
            "min_special": 0,
            "min_upper": 0,
            "number": true,
            "numeric": true,
            "override_special": "!#$%\u0026*()-_=+[]{}\u003c\u003e:?",
            "result": "mw6JDV!x6!t3A[p)",
            "special": true,
            "upper": true
          },
          "sensitive_attributes": []
        }
      ]
    }
  ]
}
