{
  "version": 4,
  "terraform_version": "1.2.7",
  "serial": 243,
  "lineage": "78d83692-724f-7ebd-4697-17a63a981d5c",
  "outputs": {
    "ip_private": {
      "value": "10.2.0.4",
      "type": "string"
    },
    "password": {
      "value": "r\u003cs]H(){X(%aB)4l",
      "type": "string",
      "sensitive": true
    },
    "public_ip_address_app": {
      "value": [
        "20.1.142.22"
      ],
      "type": [
        "tuple",
        [
          "string"
        ]
      ]
    },
    "public_ip_address_gateway": {
      "value": [
        "20.1.142.229"
      ],
      "type": [
        "tuple",
        [
          "string"
        ]
      ]
    },
    "resource_group_name": {
      "value": "brief4_QB",
      "type": "string"
    }
  },
  "resources": [
    {
      "mode": "data",
      "type": "template_cloudinit_config",
      "name": "config",
      "provider": "provider[\"registry.terraform.io/hashicorp/template\"]",
      "instances": [
        {
          "schema_version": 0,
          "attributes": {
            "base64_encode": true,
            "gzip": true,
            "id": "967619874",
            "part": [
              {
                "content": "#cloud-config\r\n\r\npackage_update: true\r\npackages:\r\n  - nginx\r\n  - composer\r\n  - mariadb-client\r\n  - mariadb-client-10.1\r\n  - nfs-common\r\n\r\nruncmd:\r\n  - sudo apt install software-properties-common \u0026\u0026 sudo add-apt-repository ppa:ondrej/php -y\r\n  - sudo apt update\r\n  - sudo export PATH=$PATH:/var/www/html/magento2/bin\r\n  - sudo apt upgrade -y\r\n  - sudo apt install -y libxml2 libxml2-dev libssl-dev libssl1.1\r\n  - sudo apt install -y php8.1 php8.1-common php8.1-xml php8.1-mbstring php8.1-curl php8.1-gd php8.1-intl php-json php8.1-mysql php8.1-soap php-sodium php-tokenizer php8.1-xsl php-zip php-bcmath\r\n  - sudo mkdir /var/www/html/magento2\r\n  - cd /home/magento \u0026\u0026 sudo curl -O https://MAG005875421:af7e13b80644f2a44187f446f55bb76d5c156b3b@www.magentocommerce.com/products/downloads/file/Magento-CE-2.4.4.tar.bz2\r\n  - sudo tar -C /var/www/html/magento2/ -xvf /home/magento/Magento-CE-2.4.4.tar.bz2\r\n  - cd /var/www/html/\r\n  - sudo find var generated vendor pub/static pub/media app/etc -type f -exec chmod g+w {} +\r\n  - sudo find var generated vendor pub/static pub/media app/etc -type d -exec chmod g+ws {} +\r\n  - sudo chown -R www-data:www-data /var/www/html\r\n  - sudo chmod u+x bin/magento\r\n  - export PATH=$PATH:/var/www/html/",
                "content_type": "text/cloud-config",
                "filename": "../cloud-init/cloud-init.yaml",
                "merge_type": ""
              }
            ],
            "rendered": "H4sIAAAAAAAA/6yUT2/jNhDF7wb8HQZpsZeAouWV40CLAE2zQduDu8UiLdBTQZEjiRvxT8mRJafody9kW145SZHLXqzH0eNv+Mam75wltMQedh5zMG1D2otA3Oge1QcoXGuVCLubi80vm/sfP/3+68fbz39ezIYV+wND1M7mkCaL+Ww+Y2xqms9G9kcdvYua9l5BJGRt0NIHKHWDVhi8uUgSLhvXKqatpolMdsI0F19RD0HYWGJg91Y6pW2Vw7rQNDHscxD2I0U6W+pqPttogy9O/N25Zz7zQj6KCv9qvRI0gEKLp2rM5zMABrbStj9I6Yx3EcNhZUTQQhVMNhotvVZj6SJJj5QyMumMcXZoHForjTo2iK1yIDyBtpFE00B0JXUiIPPBeQykcdwL794d7Uox4YkF3M/ahR14L3JnVcAv3Nce2O4Z/RByUsTeu0Dw2+3DzzffD58534rAu67jNZmGG1GhJbfkhbYvWFUQCl82GSOwHTS66E2zHJ9M4XbQMTYTmY7zeY3ga3+dpMfHOIHjqjfNKE0RKWhbnYxtOL2r1Ki0pX2VfYlfKWYX/z55oxN+74hO6dbsJblHtPoJw6lvPFCe9MFbSCOonmQwj0oHeH2Sx1+RAl47g2P59KXuD84+QU3kY8755vanxWJ1vV5lyzQX5RrT98X14irLyqXIsvR6XWbZVblaFcX6Sq1kuroq3hc/dF2XHMnDyDBITKQz3AenWkmRK9fZxgkV+XAj+ebgZXf3bJlkSZaQCEnxtJxkIhGA3f1PKA6s35bnkd6ADhM4Y016ldoq2IoAFVoMglDBFq1yAXxb8EiCtNxLg0oLEN5zJAmMdh6hBIY9SpC1cQqqyw7++RcuvxVdPafH53hZu84C+wxd1zElSOSjOA98tmWAtZc9FNqO8zu8f+uCPv8PZmw++y8AAP//mPXek+IFAAA="
          },
          "sensitive_attributes": []
        }
      ]
    },
    {
      "mode": "data",
      "type": "template_file",
      "name": "script",
      "provider": "provider[\"registry.terraform.io/hashicorp/template\"]",
      "instances": [
        {
          "schema_version": 0,
          "attributes": {
            "filename": null,
            "id": "6e097eec794bcf8705e250a8a8123f616834e1c98d93f024052a0f4ce467efe9",
            "rendered": "#cloud-config\r\n\r\npackage_update: true\r\npackages:\r\n  - nginx\r\n  - composer\r\n  - mariadb-client\r\n  - mariadb-client-10.1\r\n  - nfs-common\r\n\r\nruncmd:\r\n  - sudo apt install software-properties-common \u0026\u0026 sudo add-apt-repository ppa:ondrej/php -y\r\n  - sudo apt update\r\n  - sudo export PATH=$PATH:/var/www/html/magento2/bin\r\n  - sudo apt upgrade -y\r\n  - sudo apt install -y libxml2 libxml2-dev libssl-dev libssl1.1\r\n  - sudo apt install -y php8.1 php8.1-common php8.1-xml php8.1-mbstring php8.1-curl php8.1-gd php8.1-intl php-json php8.1-mysql php8.1-soap php-sodium php-tokenizer php8.1-xsl php-zip php-bcmath\r\n  - sudo mkdir /var/www/html/magento2\r\n  - cd /home/magento \u0026\u0026 sudo curl -O https://MAG005875421:af7e13b80644f2a44187f446f55bb76d5c156b3b@www.magentocommerce.com/products/downloads/file/Magento-CE-2.4.4.tar.bz2\r\n  - sudo tar -C /var/www/html/magento2/ -xvf /home/magento/Magento-CE-2.4.4.tar.bz2\r\n  - cd /var/www/html/\r\n  - sudo find var generated vendor pub/static pub/media app/etc -type f -exec chmod g+w {} +\r\n  - sudo find var generated vendor pub/static pub/media app/etc -type d -exec chmod g+ws {} +\r\n  - sudo chown -R www-data:www-data /var/www/html\r\n  - sudo chmod u+x bin/magento\r\n  - export PATH=$PATH:/var/www/html/",
            "template": "#cloud-config\r\n\r\npackage_update: true\r\npackages:\r\n  - nginx\r\n  - composer\r\n  - mariadb-client\r\n  - mariadb-client-10.1\r\n  - nfs-common\r\n\r\nruncmd:\r\n  - sudo apt install software-properties-common \u0026\u0026 sudo add-apt-repository ppa:ondrej/php -y\r\n  - sudo apt update\r\n  - sudo export PATH=$PATH:/var/www/html/magento2/bin\r\n  - sudo apt upgrade -y\r\n  - sudo apt install -y libxml2 libxml2-dev libssl-dev libssl1.1\r\n  - sudo apt install -y php8.1 php8.1-common php8.1-xml php8.1-mbstring php8.1-curl php8.1-gd php8.1-intl php-json php8.1-mysql php8.1-soap php-sodium php-tokenizer php8.1-xsl php-zip php-bcmath\r\n  - sudo mkdir /var/www/html/magento2\r\n  - cd /home/magento \u0026\u0026 sudo curl -O https://MAG005875421:af7e13b80644f2a44187f446f55bb76d5c156b3b@www.magentocommerce.com/products/downloads/file/Magento-CE-2.4.4.tar.bz2\r\n  - sudo tar -C /var/www/html/magento2/ -xvf /home/magento/Magento-CE-2.4.4.tar.bz2\r\n  - cd /var/www/html/\r\n  - sudo find var generated vendor pub/static pub/media app/etc -type f -exec chmod g+w {} +\r\n  - sudo find var generated vendor pub/static pub/media app/etc -type d -exec chmod g+ws {} +\r\n  - sudo chown -R www-data:www-data /var/www/html\r\n  - sudo chmod u+x bin/magento\r\n  - export PATH=$PATH:/var/www/html/",
            "vars": null
          },
          "sensitive_attributes": []
        }
      ]
    },
    {
      "mode": "managed",
      "type": "azurerm_application_gateway",
      "name": "network_gateway",
      "provider": "provider[\"registry.terraform.io/hashicorp/azurerm\"]",
      "instances": [
        {
          "schema_version": 0,
          "attributes": {
            "authentication_certificate": [],
            "autoscale_configuration": [],
            "backend_address_pool": [
              {
                "fqdns": [],
                "id": "/subscriptions/a1f74e2d-ec58-4f9a-a112-088e3469febb/resourceGroups/brief4_QB/providers/Microsoft.Network/applicationGateways/example-appgateway/backendAddressPools/network-beap",
                "ip_addresses": [],
                "name": "network-beap"
              }
            ],
            "backend_http_settings": [
              {
                "affinity_cookie_name": "",
                "authentication_certificate": [],
                "connection_draining": [],
                "cookie_based_affinity": "Disabled",
                "host_name": "",
                "id": "/subscriptions/a1f74e2d-ec58-4f9a-a112-088e3469febb/resourceGroups/brief4_QB/providers/Microsoft.Network/applicationGateways/example-appgateway/backendHttpSettingsCollection/network-be-htst",
                "name": "network-be-htst",
                "path": "/path1/",
                "pick_host_name_from_backend_address": false,
                "port": 80,
                "probe_id": "",
                "probe_name": "",
                "protocol": "Http",
                "request_timeout": 60,
                "trusted_root_certificate_names": []
              }
            ],
            "custom_error_configuration": [],
            "enable_http2": false,
            "fips_enabled": false,
            "firewall_policy_id": null,
            "force_firewall_policy_association": false,
            "frontend_ip_configuration": [
              {
                "id": "/subscriptions/a1f74e2d-ec58-4f9a-a112-088e3469febb/resourceGroups/brief4_QB/providers/Microsoft.Network/applicationGateways/example-appgateway/frontendIPConfigurations/network-feip",
                "name": "network-feip",
                "private_ip_address": "",
                "private_ip_address_allocation": "Dynamic",
                "private_link_configuration_id": "",
                "private_link_configuration_name": "",
                "public_ip_address_id": "/subscriptions/a1f74e2d-ec58-4f9a-a112-088e3469febb/resourceGroups/brief4_QB/providers/Microsoft.Network/publicIPAddresses/ip_gateway",
                "subnet_id": ""
              }
            ],
            "frontend_port": [
              {
                "id": "/subscriptions/a1f74e2d-ec58-4f9a-a112-088e3469febb/resourceGroups/brief4_QB/providers/Microsoft.Network/applicationGateways/example-appgateway/frontendPorts/network-feport",
                "name": "network-feport",
                "port": 80
              }
            ],
            "gateway_ip_configuration": [
              {
                "id": "/subscriptions/a1f74e2d-ec58-4f9a-a112-088e3469febb/resourceGroups/brief4_QB/providers/Microsoft.Network/applicationGateways/example-appgateway/gatewayIPConfigurations/my-gateway-ip-configuration",
                "name": "my-gateway-ip-configuration",
                "subnet_id": "/subscriptions/a1f74e2d-ec58-4f9a-a112-088e3469febb/resourceGroups/brief4_QB/providers/Microsoft.Network/virtualNetworks/network/subnets/subnet_gateway"
              }
            ],
            "global": [],
            "http_listener": [
              {
                "custom_error_configuration": [],
                "firewall_policy_id": "",
                "frontend_ip_configuration_id": "/subscriptions/a1f74e2d-ec58-4f9a-a112-088e3469febb/resourceGroups/brief4_QB/providers/Microsoft.Network/applicationGateways/example-appgateway/frontendIPConfigurations/network-feip",
                "frontend_ip_configuration_name": "network-feip",
                "frontend_port_id": "/subscriptions/a1f74e2d-ec58-4f9a-a112-088e3469febb/resourceGroups/brief4_QB/providers/Microsoft.Network/applicationGateways/example-appgateway/frontendPorts/network-feport",
                "frontend_port_name": "network-feport",
                "host_name": "",
                "host_names": [],
                "id": "/subscriptions/a1f74e2d-ec58-4f9a-a112-088e3469febb/resourceGroups/brief4_QB/providers/Microsoft.Network/applicationGateways/example-appgateway/httpListeners/network-httplstn",
                "name": "network-httplstn",
                "protocol": "Http",
                "require_sni": false,
                "ssl_certificate_id": "",
                "ssl_certificate_name": "",
                "ssl_profile_id": "",
                "ssl_profile_name": ""
              }
            ],
            "id": "/subscriptions/a1f74e2d-ec58-4f9a-a112-088e3469febb/resourceGroups/brief4_QB/providers/Microsoft.Network/applicationGateways/example-appgateway",
            "identity": [],
            "location": "eastus2",
            "name": "example-appgateway",
            "private_endpoint_connection": [],
            "private_link_configuration": [],
            "probe": [],
            "redirect_configuration": [],
            "request_routing_rule": [
              {
                "backend_address_pool_id": "/subscriptions/a1f74e2d-ec58-4f9a-a112-088e3469febb/resourceGroups/brief4_QB/providers/Microsoft.Network/applicationGateways/example-appgateway/backendAddressPools/network-beap",
                "backend_address_pool_name": "network-beap",
                "backend_http_settings_id": "/subscriptions/a1f74e2d-ec58-4f9a-a112-088e3469febb/resourceGroups/brief4_QB/providers/Microsoft.Network/applicationGateways/example-appgateway/backendHttpSettingsCollection/network-be-htst",
                "backend_http_settings_name": "network-be-htst",
                "http_listener_id": "/subscriptions/a1f74e2d-ec58-4f9a-a112-088e3469febb/resourceGroups/brief4_QB/providers/Microsoft.Network/applicationGateways/example-appgateway/httpListeners/network-httplstn",
                "http_listener_name": "network-httplstn",
                "id": "/subscriptions/a1f74e2d-ec58-4f9a-a112-088e3469febb/resourceGroups/brief4_QB/providers/Microsoft.Network/applicationGateways/example-appgateway/requestRoutingRules/network-rqrt",
                "name": "network-rqrt",
                "priority": 0,
                "redirect_configuration_id": "",
                "redirect_configuration_name": "",
                "rewrite_rule_set_id": "",
                "rewrite_rule_set_name": "",
                "rule_type": "Basic",
                "url_path_map_id": "",
                "url_path_map_name": ""
              }
            ],
            "resource_group_name": "brief4_QB",
            "rewrite_rule_set": [],
            "sku": [
              {
                "capacity": 2,
                "name": "Standard_Small",
                "tier": "Standard"
              }
            ],
            "ssl_certificate": [],
            "ssl_policy": [
              {
                "cipher_suites": [],
                "disabled_protocols": [],
                "min_protocol_version": "",
                "policy_name": "AppGwSslPolicy20150501",
                "policy_type": "Predefined"
              }
            ],
            "ssl_profile": [],
            "tags": null,
            "timeouts": null,
            "trusted_client_certificate": [],
            "trusted_root_certificate": [],
            "url_path_map": [],
            "waf_configuration": [],
            "zones": null
          },
          "sensitive_attributes": [],
          "private": "eyJlMmJmYjczMC1lY2FhLTExZTYtOGY4OC0zNDM2M2JjN2M0YzAiOnsiY3JlYXRlIjo1NDAwMDAwMDAwMDAwLCJkZWxldGUiOjU0MDAwMDAwMDAwMDAsInJlYWQiOjMwMDAwMDAwMDAwMCwidXBkYXRlIjo1NDAwMDAwMDAwMDAwfX0=",
          "dependencies": [
            "azurerm_public_ip.public_ipgateway",
            "azurerm_resource_group.rg",
            "azurerm_subnet.subnet_gateway",
            "azurerm_virtual_network.network"
          ]
        }
      ]
    },
    {
      "mode": "managed",
      "type": "azurerm_linux_virtual_machine",
      "name": "myterraformvm",
      "provider": "provider[\"registry.terraform.io/hashicorp/azurerm\"]",
      "instances": [
        {
          "schema_version": 0,
          "attributes": {
            "additional_capabilities": [],
            "admin_password": null,
            "admin_ssh_key": [
              {
                "public_key": "ssh-rsa AAAAB3NzaC1yc2EAAAADAQABAAABgQDAXuIAe8DVtQ+qHpbTnCMn5iP1u7WQEOLDE76PTRZ0lYc0TrWJvH+zWzpEbTK/fwzx5sw7yAlBnuR83cAOtm6y8Gk5yktOogsk71VnJ9cXKV7QWtX5o/nysqhliBWAW2jQmEMLHBf4DOFXcKpCdl0OBOtrPct976tnFXhM5n5WF0wrQ4dVikfWe57yg0BX+G+ZbNl7iDCHS8cAGEI2S0ziGOLjl0qJq+9jjCaj2bdVb5vtbz/ghplWtNKQvirxvfOC5H3XbX7aeH2sAlogeYbPs8DmFuz5Smq/+FLBZzqV7JhPMxBCpVFm6r+EzZDgiS2WB96Q3Jh0ItPz7wwJtgpLmSWeaBmWyPGAOh9MBal2RXgDIZ26EPOQTc9WX1377SaEMFSXgwq3e0mtFl5TYG+hzjujY9ik6nfjyLy1yNaPB7hq0z0cCijeJf0Nlm092Ukb1IJOndiS9LSZXjFJT+LRNz7hqyK/oj8nH4K2nx4DMH+Fj4JypSdsqmIk7aXLdYE= nomad@device",
                "username": "magento"
              }
            ],
            "admin_username": "magento",
            "allow_extension_operations": true,
            "availability_set_id": "",
            "boot_diagnostics": [
              {
                "storage_account_uri": "https://magentostoragequentin.blob.core.windows.net/"
              }
            ],
            "capacity_reservation_group_id": "",
            "computer_name": "magento",
            "custom_data": "H4sIAAAAAAAA/6yUT2/jNhDF7wb8HQZpsZeAouWV40CLAE2zQduDu8UiLdBTQZEjiRvxT8mRJafody9kW145SZHLXqzH0eNv+Mam75wltMQedh5zMG1D2otA3Oge1QcoXGuVCLubi80vm/sfP/3+68fbz39ezIYV+wND1M7mkCaL+Ww+Y2xqms9G9kcdvYua9l5BJGRt0NIHKHWDVhi8uUgSLhvXKqatpolMdsI0F19RD0HYWGJg91Y6pW2Vw7rQNDHscxD2I0U6W+pqPttogy9O/N25Zz7zQj6KCv9qvRI0gEKLp2rM5zMABrbStj9I6Yx3EcNhZUTQQhVMNhotvVZj6SJJj5QyMumMcXZoHForjTo2iK1yIDyBtpFE00B0JXUiIPPBeQykcdwL794d7Uox4YkF3M/ahR14L3JnVcAv3Nce2O4Z/RByUsTeu0Dw2+3DzzffD58534rAu67jNZmGG1GhJbfkhbYvWFUQCl82GSOwHTS66E2zHJ9M4XbQMTYTmY7zeY3ga3+dpMfHOIHjqjfNKE0RKWhbnYxtOL2r1Ki0pX2VfYlfKWYX/z55oxN+74hO6dbsJblHtPoJw6lvPFCe9MFbSCOonmQwj0oHeH2Sx1+RAl47g2P59KXuD84+QU3kY8755vanxWJ1vV5lyzQX5RrT98X14irLyqXIsvR6XWbZVblaFcX6Sq1kuroq3hc/dF2XHMnDyDBITKQz3AenWkmRK9fZxgkV+XAj+ebgZXf3bJlkSZaQCEnxtJxkIhGA3f1PKA6s35bnkd6ADhM4Y016ldoq2IoAFVoMglDBFq1yAXxb8EiCtNxLg0oLEN5zJAmMdh6hBIY9SpC1cQqqyw7++RcuvxVdPafH53hZu84C+wxd1zElSOSjOA98tmWAtZc9FNqO8zu8f+uCPv8PZmw++y8AAP//mPXek+IFAAA=",
            "dedicated_host_group_id": "",
            "dedicated_host_id": "",
            "disable_password_authentication": true,
            "edge_zone": "",
            "encryption_at_host_enabled": false,
            "eviction_policy": "",
            "extensions_time_budget": "PT1H30M",
            "id": "/subscriptions/a1f74e2d-ec58-4f9a-a112-088e3469febb/resourceGroups/brief4_QB/providers/Microsoft.Compute/virtualMachines/vm_app",
            "identity": [],
            "license_type": "",
            "location": "eastus2",
            "max_bid_price": -1,
            "name": "vm_app",
            "network_interface_ids": [
              "/subscriptions/a1f74e2d-ec58-4f9a-a112-088e3469febb/resourceGroups/brief4_QB/providers/Microsoft.Network/networkInterfaces/nic_app"
            ],
            "os_disk": [
              {
                "caching": "ReadWrite",
                "diff_disk_settings": [],
                "disk_encryption_set_id": "",
                "disk_size_gb": 30,
                "name": "myOsDisk",
                "secure_vm_disk_encryption_set_id": "",
                "security_encryption_type": "",
                "storage_account_type": "Premium_LRS",
                "write_accelerator_enabled": false
              }
            ],
            "patch_mode": "ImageDefault",
            "plan": [],
            "platform_fault_domain": -1,
            "priority": "Regular",
            "private_ip_address": "10.2.0.4",
            "private_ip_addresses": [
              "10.2.0.4"
            ],
            "provision_vm_agent": true,
            "proximity_placement_group_id": "",
            "public_ip_address": "20.1.142.22",
            "public_ip_addresses": [
              "20.1.142.22"
            ],
            "resource_group_name": "brief4_QB",
            "secret": [],
            "secure_boot_enabled": false,
            "size": "Standard_DS1_v2",
            "source_image_id": "",
            "source_image_reference": [
              {
                "offer": "UbuntuServer",
                "publisher": "Canonical",
                "sku": "18.04-LTS",
                "version": "latest"
              }
            ],
            "tags": {},
            "termination_notification": [],
            "timeouts": null,
            "user_data": "",
            "virtual_machine_id": "14288886-76c0-4c31-9e11-e3db8eb79abc",
            "virtual_machine_scale_set_id": "",
            "vtpm_enabled": false,
            "zone": ""
          },
          "sensitive_attributes": [],
          "private": "eyJlMmJmYjczMC1lY2FhLTExZTYtOGY4OC0zNDM2M2JjN2M0YzAiOnsiY3JlYXRlIjoyNzAwMDAwMDAwMDAwLCJkZWxldGUiOjI3MDAwMDAwMDAwMDAsInJlYWQiOjMwMDAwMDAwMDAwMCwidXBkYXRlIjoyNzAwMDAwMDAwMDAwfX0=",
          "dependencies": [
            "azurerm_network_interface.nic_app",
            "azurerm_public_ip.public_ipapp",
            "azurerm_resource_group.rg",
            "azurerm_ssh_public_key.ssh_nomad",
            "azurerm_storage_account.magento-storage",
            "azurerm_subnet.subnet_app",
            "azurerm_subnet.subnet_bdd",
            "azurerm_virtual_network.network",
            "data.template_cloudinit_config.config",
            "data.template_file.script"
          ]
        }
      ]
    },
    {
      "mode": "managed",
      "type": "azurerm_mariadb_database",
      "name": "db_magento",
      "provider": "provider[\"registry.terraform.io/hashicorp/azurerm\"]",
      "instances": [
        {
          "schema_version": 0,
          "attributes": {
            "charset": "utf8",
            "collation": "utf8_general_ci",
            "id": "/subscriptions/a1f74e2d-ec58-4f9a-a112-088e3469febb/resourceGroups/brief4_QB/providers/Microsoft.DBforMariaDB/servers/magento-mariadb-server/databases/mariadb_database",
            "name": "mariadb_database",
            "resource_group_name": "brief4_QB",
            "server_name": "magento-mariadb-server",
            "timeouts": null
          },
          "sensitive_attributes": [],
          "private": "eyJlMmJmYjczMC1lY2FhLTExZTYtOGY4OC0zNDM2M2JjN2M0YzAiOnsiY3JlYXRlIjozNjAwMDAwMDAwMDAwLCJkZWxldGUiOjM2MDAwMDAwMDAwMDAsInJlYWQiOjMwMDAwMDAwMDAwMCwidXBkYXRlIjozNjAwMDAwMDAwMDAwfX0=",
          "dependencies": [
            "azurerm_mariadb_server.server_magento",
            "azurerm_resource_group.rg"
          ]
        }
      ]
    },
    {
      "mode": "managed",
      "type": "azurerm_mariadb_firewall_rule",
      "name": "mdbrule",
      "provider": "provider[\"registry.terraform.io/hashicorp/azurerm\"]",
      "instances": [
        {
          "schema_version": 0,
          "attributes": {
            "end_ip_address": "52.147.201.40",
            "id": "/subscriptions/a1f74e2d-ec58-4f9a-a112-088e3469febb/resourceGroups/brief4_QB/providers/Microsoft.DBforMariaDB/servers/magento-mariadb-server/firewallRules/rule_magento_db",
            "name": "rule_magento_db",
            "resource_group_name": "brief4_QB",
            "server_name": "magento-mariadb-server",
            "start_ip_address": "52.147.201.40",
            "timeouts": null
          },
          "sensitive_attributes": [],
          "private": "eyJlMmJmYjczMC1lY2FhLTExZTYtOGY4OC0zNDM2M2JjN2M0YzAiOnsiY3JlYXRlIjoxODAwMDAwMDAwMDAwLCJkZWxldGUiOjE4MDAwMDAwMDAwMDAsInJlYWQiOjMwMDAwMDAwMDAwMCwidXBkYXRlIjoxODAwMDAwMDAwMDAwfX0=",
          "dependencies": [
            "azurerm_mariadb_server.server_magento",
            "azurerm_resource_group.rg"
          ]
        }
      ]
    },
    {
      "mode": "managed",
      "type": "azurerm_mariadb_server",
      "name": "server_magento",
      "provider": "provider[\"registry.terraform.io/hashicorp/azurerm\"]",
      "instances": [
        {
          "schema_version": 0,
          "attributes": {
            "administrator_login": "magento",
            "administrator_login_password": "blablabla123!",
            "auto_grow_enabled": true,
            "backup_retention_days": 14,
            "create_mode": "Default",
            "creation_source_server_id": null,
            "fqdn": "magento-mariadb-server.mariadb.database.azure.com",
            "geo_redundant_backup_enabled": false,
            "id": "/subscriptions/a1f74e2d-ec58-4f9a-a112-088e3469febb/resourceGroups/brief4_QB/providers/Microsoft.DBforMariaDB/servers/magento-mariadb-server",
            "location": "eastus2",
            "name": "magento-mariadb-server",
            "public_network_access_enabled": true,
            "resource_group_name": "brief4_QB",
            "restore_point_in_time": null,
            "sku_name": "B_Gen5_2",
            "ssl_enforcement_enabled": false,
            "storage_mb": 5120,
            "tags": {},
            "timeouts": null,
            "version": "10.2"
          },
          "sensitive_attributes": [],
          "private": "eyJlMmJmYjczMC1lY2FhLTExZTYtOGY4OC0zNDM2M2JjN2M0YzAiOnsiY3JlYXRlIjo1NDAwMDAwMDAwMDAwLCJkZWxldGUiOjM2MDAwMDAwMDAwMDAsInJlYWQiOjMwMDAwMDAwMDAwMCwidXBkYXRlIjozNjAwMDAwMDAwMDAwfX0=",
          "dependencies": [
            "azurerm_resource_group.rg"
          ]
        }
      ]
    },
    {
      "mode": "managed",
      "type": "azurerm_network_interface",
      "name": "nic_app",
      "provider": "provider[\"registry.terraform.io/hashicorp/azurerm\"]",
      "instances": [
        {
          "schema_version": 0,
          "attributes": {
            "applied_dns_servers": [],
            "dns_servers": [],
            "edge_zone": "",
            "enable_accelerated_networking": false,
            "enable_ip_forwarding": false,
            "id": "/subscriptions/a1f74e2d-ec58-4f9a-a112-088e3469febb/resourceGroups/brief4_QB/providers/Microsoft.Network/networkInterfaces/nic_app",
            "internal_dns_name_label": "",
            "internal_domain_name_suffix": "cwce1x1luf2utlwdllzvdkz0ke.cx.internal.cloudapp.net",
            "ip_configuration": [
              {
                "gateway_load_balancer_frontend_ip_configuration_id": "",
                "name": "nic_app_config",
                "primary": true,
                "private_ip_address": "10.2.0.4",
                "private_ip_address_allocation": "Dynamic",
                "private_ip_address_version": "IPv4",
                "public_ip_address_id": "/subscriptions/a1f74e2d-ec58-4f9a-a112-088e3469febb/resourceGroups/brief4_QB/providers/Microsoft.Network/publicIPAddresses/ip_app",
                "subnet_id": "/subscriptions/a1f74e2d-ec58-4f9a-a112-088e3469febb/resourceGroups/brief4_QB/providers/Microsoft.Network/virtualNetworks/network/subnets/subnet_app"
              }
            ],
            "location": "eastus2",
            "mac_address": "00-0D-3A-DE-B2-6C",
            "name": "nic_app",
            "private_ip_address": "10.2.0.4",
            "private_ip_addresses": [
              "10.2.0.4"
            ],
            "resource_group_name": "brief4_QB",
            "tags": {},
            "timeouts": null,
            "virtual_machine_id": "/subscriptions/a1f74e2d-ec58-4f9a-a112-088e3469febb/resourceGroups/brief4_QB/providers/Microsoft.Compute/virtualMachines/vm_app"
          },
          "sensitive_attributes": [],
          "private": "eyJlMmJmYjczMC1lY2FhLTExZTYtOGY4OC0zNDM2M2JjN2M0YzAiOnsiY3JlYXRlIjoxODAwMDAwMDAwMDAwLCJkZWxldGUiOjE4MDAwMDAwMDAwMDAsInJlYWQiOjMwMDAwMDAwMDAwMCwidXBkYXRlIjoxODAwMDAwMDAwMDAwfX0=",
          "dependencies": [
            "azurerm_public_ip.public_ipapp",
            "azurerm_resource_group.rg",
            "azurerm_subnet.subnet_app",
            "azurerm_virtual_network.network"
          ]
        }
      ]
    },
    {
      "mode": "managed",
      "type": "azurerm_network_interface_security_group_association",
      "name": "example",
      "provider": "provider[\"registry.terraform.io/hashicorp/azurerm\"]",
      "instances": [
        {
          "schema_version": 0,
          "attributes": {
            "id": "/subscriptions/a1f74e2d-ec58-4f9a-a112-088e3469febb/resourceGroups/brief4_QB/providers/Microsoft.Network/networkInterfaces/nic_app|/subscriptions/a1f74e2d-ec58-4f9a-a112-088e3469febb/resourceGroups/brief4_QB/providers/Microsoft.Network/networkSecurityGroups/myNetworkSecurityGroup",
            "network_interface_id": "/subscriptions/a1f74e2d-ec58-4f9a-a112-088e3469febb/resourceGroups/brief4_QB/providers/Microsoft.Network/networkInterfaces/nic_app",
            "network_security_group_id": "/subscriptions/a1f74e2d-ec58-4f9a-a112-088e3469febb/resourceGroups/brief4_QB/providers/Microsoft.Network/networkSecurityGroups/myNetworkSecurityGroup",
            "timeouts": null
          },
          "sensitive_attributes": [],
          "private": "eyJlMmJmYjczMC1lY2FhLTExZTYtOGY4OC0zNDM2M2JjN2M0YzAiOnsiY3JlYXRlIjoxODAwMDAwMDAwMDAwLCJkZWxldGUiOjE4MDAwMDAwMDAwMDAsInJlYWQiOjMwMDAwMDAwMDAwMCwidXBkYXRlIjoxODAwMDAwMDAwMDAwfX0=",
          "dependencies": [
            "azurerm_network_interface.nic_app",
            "azurerm_network_security_group.nsg",
            "azurerm_public_ip.public_ipapp",
            "azurerm_resource_group.rg",
            "azurerm_subnet.subnet_app",
            "azurerm_virtual_network.network"
          ]
        }
      ]
    },
    {
      "mode": "managed",
      "type": "azurerm_network_security_group",
      "name": "nsg",
      "provider": "provider[\"registry.terraform.io/hashicorp/azurerm\"]",
      "instances": [
        {
          "schema_version": 0,
          "attributes": {
            "id": "/subscriptions/a1f74e2d-ec58-4f9a-a112-088e3469febb/resourceGroups/brief4_QB/providers/Microsoft.Network/networkSecurityGroups/myNetworkSecurityGroup",
            "location": "eastus2",
            "name": "myNetworkSecurityGroup",
            "resource_group_name": "brief4_QB",
            "security_rule": [
              {
                "access": "Allow",
                "description": "",
                "destination_address_prefix": "*",
                "destination_address_prefixes": [],
                "destination_application_security_group_ids": [],
                "destination_port_range": "22",
                "destination_port_ranges": [],
                "direction": "Inbound",
                "name": "SSH",
                "priority": 1001,
                "protocol": "Tcp",
                "source_address_prefix": "*",
                "source_address_prefixes": [],
                "source_application_security_group_ids": [],
                "source_port_range": "*",
                "source_port_ranges": []
              }
            ],
            "tags": {},
            "timeouts": null
          },
          "sensitive_attributes": [],
          "private": "eyJlMmJmYjczMC1lY2FhLTExZTYtOGY4OC0zNDM2M2JjN2M0YzAiOnsiY3JlYXRlIjoxODAwMDAwMDAwMDAwLCJkZWxldGUiOjE4MDAwMDAwMDAwMDAsInJlYWQiOjMwMDAwMDAwMDAwMCwidXBkYXRlIjoxODAwMDAwMDAwMDAwfX0=",
          "dependencies": [
            "azurerm_resource_group.rg"
          ]
        }
      ]
    },
    {
      "mode": "managed",
      "type": "azurerm_public_ip",
      "name": "public_ipapp",
      "provider": "provider[\"registry.terraform.io/hashicorp/azurerm\"]",
      "instances": [
        {
          "schema_version": 0,
          "attributes": {
            "allocation_method": "Static",
            "domain_name_label": null,
            "edge_zone": "",
            "fqdn": null,
            "id": "/subscriptions/a1f74e2d-ec58-4f9a-a112-088e3469febb/resourceGroups/brief4_QB/providers/Microsoft.Network/publicIPAddresses/ip_app",
            "idle_timeout_in_minutes": 4,
            "ip_address": "20.1.142.22",
            "ip_tags": {},
            "ip_version": "IPv4",
            "location": "eastus2",
            "name": "ip_app",
            "public_ip_prefix_id": null,
            "resource_group_name": "brief4_QB",
            "reverse_fqdn": null,
            "sku": "Basic",
            "sku_tier": "Regional",
            "tags": {},
            "timeouts": null,
            "zones": []
          },
          "sensitive_attributes": [],
          "private": "eyJlMmJmYjczMC1lY2FhLTExZTYtOGY4OC0zNDM2M2JjN2M0YzAiOnsiY3JlYXRlIjoxODAwMDAwMDAwMDAwLCJkZWxldGUiOjE4MDAwMDAwMDAwMDAsInJlYWQiOjMwMDAwMDAwMDAwMCwidXBkYXRlIjoxODAwMDAwMDAwMDAwfX0=",
          "dependencies": [
            "azurerm_resource_group.rg"
          ]
        }
      ]
    },
    {
      "mode": "managed",
      "type": "azurerm_public_ip",
      "name": "public_ipgateway",
      "provider": "provider[\"registry.terraform.io/hashicorp/azurerm\"]",
      "instances": [
        {
          "schema_version": 0,
          "attributes": {
            "allocation_method": "Dynamic",
            "domain_name_label": null,
            "edge_zone": "",
            "fqdn": null,
            "id": "/subscriptions/a1f74e2d-ec58-4f9a-a112-088e3469febb/resourceGroups/brief4_QB/providers/Microsoft.Network/publicIPAddresses/ip_gateway",
            "idle_timeout_in_minutes": 4,
            "ip_address": "",
            "ip_tags": {},
            "ip_version": "IPv4",
            "location": "eastus2",
            "name": "ip_gateway",
            "public_ip_prefix_id": null,
            "resource_group_name": "brief4_QB",
            "reverse_fqdn": null,
            "sku": "Basic",
            "sku_tier": "Regional",
            "tags": {},
            "timeouts": null,
            "zones": []
          },
          "sensitive_attributes": [],
          "private": "eyJlMmJmYjczMC1lY2FhLTExZTYtOGY4OC0zNDM2M2JjN2M0YzAiOnsiY3JlYXRlIjoxODAwMDAwMDAwMDAwLCJkZWxldGUiOjE4MDAwMDAwMDAwMDAsInJlYWQiOjMwMDAwMDAwMDAwMCwidXBkYXRlIjoxODAwMDAwMDAwMDAwfX0=",
          "dependencies": [
            "azurerm_resource_group.rg"
          ]
        }
      ]
    },
    {
      "mode": "managed",
      "type": "azurerm_resource_group",
      "name": "rg",
      "provider": "provider[\"registry.terraform.io/hashicorp/azurerm\"]",
      "instances": [
        {
          "schema_version": 0,
          "attributes": {
            "id": "/subscriptions/a1f74e2d-ec58-4f9a-a112-088e3469febb/resourceGroups/brief4_QB",
            "location": "eastus2",
            "name": "brief4_QB",
            "tags": {},
            "timeouts": null
          },
          "sensitive_attributes": [],
          "private": "eyJlMmJmYjczMC1lY2FhLTExZTYtOGY4OC0zNDM2M2JjN2M0YzAiOnsiY3JlYXRlIjo1NDAwMDAwMDAwMDAwLCJkZWxldGUiOjU0MDAwMDAwMDAwMDAsInJlYWQiOjMwMDAwMDAwMDAwMCwidXBkYXRlIjo1NDAwMDAwMDAwMDAwfX0="
        }
      ]
    },
    {
      "mode": "managed",
      "type": "azurerm_ssh_public_key",
      "name": "ssh_nomad",
      "provider": "provider[\"registry.terraform.io/hashicorp/azurerm\"]",
      "instances": [
        {
          "schema_version": 0,
          "attributes": {
            "id": "/subscriptions/a1f74e2d-ec58-4f9a-a112-088e3469febb/resourceGroups/brief4_QB/providers/Microsoft.Compute/sshPublicKeys/ssh_key_nomad",
            "location": "eastus2",
            "name": "ssh_key_nomad",
            "public_key": "ssh-rsa AAAAB3NzaC1yc2EAAAADAQABAAABgQDAXuIAe8DVtQ+qHpbTnCMn5iP1u7WQEOLDE76PTRZ0lYc0TrWJvH+zWzpEbTK/fwzx5sw7yAlBnuR83cAOtm6y8Gk5yktOogsk71VnJ9cXKV7QWtX5o/nysqhliBWAW2jQmEMLHBf4DOFXcKpCdl0OBOtrPct976tnFXhM5n5WF0wrQ4dVikfWe57yg0BX+G+ZbNl7iDCHS8cAGEI2S0ziGOLjl0qJq+9jjCaj2bdVb5vtbz/ghplWtNKQvirxvfOC5H3XbX7aeH2sAlogeYbPs8DmFuz5Smq/+FLBZzqV7JhPMxBCpVFm6r+EzZDgiS2WB96Q3Jh0ItPz7wwJtgpLmSWeaBmWyPGAOh9MBal2RXgDIZ26EPOQTc9WX1377SaEMFSXgwq3e0mtFl5TYG+hzjujY9ik6nfjyLy1yNaPB7hq0z0cCijeJf0Nlm092Ukb1IJOndiS9LSZXjFJT+LRNz7hqyK/oj8nH4K2nx4DMH+Fj4JypSdsqmIk7aXLdYE= nomad@device",
            "resource_group_name": "brief4_QB",
            "tags": {},
            "timeouts": null
          },
          "sensitive_attributes": [],
          "private": "eyJlMmJmYjczMC1lY2FhLTExZTYtOGY4OC0zNDM2M2JjN2M0YzAiOnsiY3JlYXRlIjoyNzAwMDAwMDAwMDAwLCJkZWxldGUiOjI3MDAwMDAwMDAwMDAsInJlYWQiOjMwMDAwMDAwMDAwMCwidXBkYXRlIjoyNzAwMDAwMDAwMDAwfX0=",
          "dependencies": [
            "azurerm_resource_group.rg"
          ]
        }
      ]
    },
    {
      "mode": "managed",
      "type": "azurerm_storage_account",
      "name": "magento-storage",
      "provider": "provider[\"registry.terraform.io/hashicorp/azurerm\"]",
      "instances": [
        {
          "schema_version": 3,
          "attributes": {
            "access_tier": "Hot",
            "account_kind": "StorageV2",
            "account_replication_type": "LRS",
            "account_tier": "Standard",
            "allow_nested_items_to_be_public": true,
            "azure_files_authentication": [],
            "blob_properties": [
              {
                "change_feed_enabled": false,
                "change_feed_retention_in_days": 0,
                "container_delete_retention_policy": [],
                "cors_rule": [],
                "default_service_version": "",
                "delete_retention_policy": [],
                "last_access_time_enabled": false,
                "versioning_enabled": false
              }
            ],
            "cross_tenant_replication_enabled": true,
            "custom_domain": [],
            "customer_managed_key": [],
            "default_to_oauth_authentication": false,
            "edge_zone": "",
            "enable_https_traffic_only": false,
            "id": "/subscriptions/a1f74e2d-ec58-4f9a-a112-088e3469febb/resourceGroups/brief4_QB/providers/Microsoft.Storage/storageAccounts/magentostoragequentin",
            "identity": [],
            "infrastructure_encryption_enabled": false,
            "is_hns_enabled": true,
            "large_file_share_enabled": null,
            "location": "eastus2",
            "min_tls_version": "TLS1_2",
            "name": "magentostoragequentin",
            "network_rules": [
              {
                "bypass": [
                  "AzureServices"
                ],
                "default_action": "Deny",
                "ip_rules": [],
                "private_link_access": [],
                "virtual_network_subnet_ids": [
                  "/subscriptions/a1f74e2d-ec58-4f9a-a112-088e3469febb/resourceGroups/brief4_QB/providers/Microsoft.Network/virtualNetworks/network/subnets/subnet_bdd"
                ]
              }
            ],
            "nfsv3_enabled": true,
            "primary_access_key": "fU5V6l+bUJ61Yup8PrOJwbkGpLvrWfnoBm/EzzlcLmIZbBw9Qv92i60fhhDqVC4g9i33XwOj4cfP+AStKWe3QQ==",
            "primary_blob_connection_string": "DefaultEndpointsProtocol=https;BlobEndpoint=https://magentostoragequentin.blob.core.windows.net/;AccountName=magentostoragequentin;AccountKey=fU5V6l+bUJ61Yup8PrOJwbkGpLvrWfnoBm/EzzlcLmIZbBw9Qv92i60fhhDqVC4g9i33XwOj4cfP+AStKWe3QQ==",
            "primary_blob_endpoint": "https://magentostoragequentin.blob.core.windows.net/",
            "primary_blob_host": "magentostoragequentin.blob.core.windows.net",
            "primary_connection_string": "DefaultEndpointsProtocol=https;AccountName=magentostoragequentin;AccountKey=fU5V6l+bUJ61Yup8PrOJwbkGpLvrWfnoBm/EzzlcLmIZbBw9Qv92i60fhhDqVC4g9i33XwOj4cfP+AStKWe3QQ==;EndpointSuffix=core.windows.net",
            "primary_dfs_endpoint": "https://magentostoragequentin.dfs.core.windows.net/",
            "primary_dfs_host": "magentostoragequentin.dfs.core.windows.net",
            "primary_file_endpoint": "https://magentostoragequentin.file.core.windows.net/",
            "primary_file_host": "magentostoragequentin.file.core.windows.net",
            "primary_location": "eastus2",
            "primary_queue_endpoint": "https://magentostoragequentin.queue.core.windows.net/",
            "primary_queue_host": "magentostoragequentin.queue.core.windows.net",
            "primary_table_endpoint": "https://magentostoragequentin.table.core.windows.net/",
            "primary_table_host": "magentostoragequentin.table.core.windows.net",
            "primary_web_endpoint": "https://magentostoragequentin.z20.web.core.windows.net/",
            "primary_web_host": "magentostoragequentin.z20.web.core.windows.net",
            "queue_encryption_key_type": "Service",
            "queue_properties": [
              {
                "cors_rule": [],
                "hour_metrics": [
                  {
                    "enabled": true,
                    "include_apis": true,
                    "retention_policy_days": 7,
                    "version": "1.0"
                  }
                ],
                "logging": [
                  {
                    "delete": false,
                    "read": false,
                    "retention_policy_days": 0,
                    "version": "1.0",
                    "write": false
                  }
                ],
                "minute_metrics": [
                  {
                    "enabled": false,
                    "include_apis": false,
                    "retention_policy_days": 0,
                    "version": "1.0"
                  }
                ]
              }
            ],
            "resource_group_name": "brief4_QB",
            "routing": [],
            "secondary_access_key": "4Nr4xbVshRk1Ygsp/IQfGOsGcD3NjwRIlMBWn7BykWxFaQ7fXtz4TaQgkenw7YDtTj0D4Xlt/MSA+AStLifFwA==",
            "secondary_blob_connection_string": "",
            "secondary_blob_endpoint": null,
            "secondary_blob_host": null,
            "secondary_connection_string": "DefaultEndpointsProtocol=https;AccountName=magentostoragequentin;AccountKey=4Nr4xbVshRk1Ygsp/IQfGOsGcD3NjwRIlMBWn7BykWxFaQ7fXtz4TaQgkenw7YDtTj0D4Xlt/MSA+AStLifFwA==;EndpointSuffix=core.windows.net",
            "secondary_dfs_endpoint": null,
            "secondary_dfs_host": null,
            "secondary_file_endpoint": null,
            "secondary_file_host": null,
            "secondary_location": "",
            "secondary_queue_endpoint": null,
            "secondary_queue_host": null,
            "secondary_table_endpoint": null,
            "secondary_table_host": null,
            "secondary_web_endpoint": null,
            "secondary_web_host": null,
            "share_properties": [
              {
                "cors_rule": [],
                "retention_policy": [
                  {
                    "days": 7
                  }
                ],
                "smb": []
              }
            ],
            "shared_access_key_enabled": true,
            "static_website": [],
            "table_encryption_key_type": "Service",
            "tags": {},
            "timeouts": null
          },
          "sensitive_attributes": [],
          "private": "eyJlMmJmYjczMC1lY2FhLTExZTYtOGY4OC0zNDM2M2JjN2M0YzAiOnsiY3JlYXRlIjozNjAwMDAwMDAwMDAwLCJkZWxldGUiOjM2MDAwMDAwMDAwMDAsInJlYWQiOjMwMDAwMDAwMDAwMCwidXBkYXRlIjozNjAwMDAwMDAwMDAwfSwic2NoZW1hX3ZlcnNpb24iOiIzIn0=",
          "dependencies": [
            "azurerm_resource_group.rg",
            "azurerm_subnet.subnet_bdd",
            "azurerm_virtual_network.network"
          ]
        }
      ]
    },
    {
      "mode": "managed",
      "type": "azurerm_storage_account",
      "name": "mystorageaccount",
      "provider": "provider[\"registry.terraform.io/hashicorp/azurerm\"]",
      "instances": [
        {
          "schema_version": 3,
          "attributes": {
            "access_tier": "Hot",
            "account_kind": "StorageV2",
            "account_replication_type": "LRS",
            "account_tier": "Standard",
            "allow_nested_items_to_be_public": true,
            "azure_files_authentication": [],
            "blob_properties": [
              {
                "change_feed_enabled": false,
                "change_feed_retention_in_days": 0,
                "container_delete_retention_policy": [],
                "cors_rule": [],
                "default_service_version": "",
                "delete_retention_policy": [],
                "last_access_time_enabled": false,
                "versioning_enabled": false
              }
            ],
            "cross_tenant_replication_enabled": true,
            "custom_domain": [],
            "customer_managed_key": [],
            "default_to_oauth_authentication": false,
            "edge_zone": "",
            "enable_https_traffic_only": true,
            "id": "/subscriptions/a1f74e2d-ec58-4f9a-a112-088e3469febb/resourceGroups/brief4_QB/providers/Microsoft.Storage/storageAccounts/diag4db7fe5935e281ab",
            "identity": [],
            "infrastructure_encryption_enabled": false,
            "is_hns_enabled": false,
            "large_file_share_enabled": null,
            "location": "eastus2",
            "min_tls_version": "TLS1_2",
            "name": "diag4db7fe5935e281ab",
            "network_rules": [
              {
                "bypass": [
                  "AzureServices"
                ],
                "default_action": "Allow",
                "ip_rules": [],
                "private_link_access": [],
                "virtual_network_subnet_ids": []
              }
            ],
            "nfsv3_enabled": false,
            "primary_access_key": "0flKE0GSaBxdI05Fb8coGwyKMxPFdv3N65TK5c8DO+jHl9gr5FF1vmpFYN0fIpx3i2duDW9jcN7H+ASteKSMHA==",
            "primary_blob_connection_string": "DefaultEndpointsProtocol=https;BlobEndpoint=https://diag4db7fe5935e281ab.blob.core.windows.net/;AccountName=diag4db7fe5935e281ab;AccountKey=0flKE0GSaBxdI05Fb8coGwyKMxPFdv3N65TK5c8DO+jHl9gr5FF1vmpFYN0fIpx3i2duDW9jcN7H+ASteKSMHA==",
            "primary_blob_endpoint": "https://diag4db7fe5935e281ab.blob.core.windows.net/",
            "primary_blob_host": "diag4db7fe5935e281ab.blob.core.windows.net",
            "primary_connection_string": "DefaultEndpointsProtocol=https;AccountName=diag4db7fe5935e281ab;AccountKey=0flKE0GSaBxdI05Fb8coGwyKMxPFdv3N65TK5c8DO+jHl9gr5FF1vmpFYN0fIpx3i2duDW9jcN7H+ASteKSMHA==;EndpointSuffix=core.windows.net",
            "primary_dfs_endpoint": "https://diag4db7fe5935e281ab.dfs.core.windows.net/",
            "primary_dfs_host": "diag4db7fe5935e281ab.dfs.core.windows.net",
            "primary_file_endpoint": "https://diag4db7fe5935e281ab.file.core.windows.net/",
            "primary_file_host": "diag4db7fe5935e281ab.file.core.windows.net",
            "primary_location": "eastus2",
            "primary_queue_endpoint": "https://diag4db7fe5935e281ab.queue.core.windows.net/",
            "primary_queue_host": "diag4db7fe5935e281ab.queue.core.windows.net",
            "primary_table_endpoint": "https://diag4db7fe5935e281ab.table.core.windows.net/",
            "primary_table_host": "diag4db7fe5935e281ab.table.core.windows.net",
            "primary_web_endpoint": "https://diag4db7fe5935e281ab.z20.web.core.windows.net/",
            "primary_web_host": "diag4db7fe5935e281ab.z20.web.core.windows.net",
            "queue_encryption_key_type": "Service",
            "queue_properties": [
              {
                "cors_rule": [],
                "hour_metrics": [
                  {
                    "enabled": true,
                    "include_apis": true,
                    "retention_policy_days": 7,
                    "version": "1.0"
                  }
                ],
                "logging": [
                  {
                    "delete": false,
                    "read": false,
                    "retention_policy_days": 0,
                    "version": "1.0",
                    "write": false
                  }
                ],
                "minute_metrics": [
                  {
                    "enabled": false,
                    "include_apis": false,
                    "retention_policy_days": 0,
                    "version": "1.0"
                  }
                ]
              }
            ],
            "resource_group_name": "brief4_QB",
            "routing": [],
            "secondary_access_key": "HOt0ru9RNkpDCaZgIPS9E22dj7+XoiBkIQdp1IjFAJnjviUMs8RtefHNXmXT207iX32PSlnn9oC1+AStVuM8vA==",
            "secondary_blob_connection_string": "",
            "secondary_blob_endpoint": null,
            "secondary_blob_host": null,
            "secondary_connection_string": "DefaultEndpointsProtocol=https;AccountName=diag4db7fe5935e281ab;AccountKey=HOt0ru9RNkpDCaZgIPS9E22dj7+XoiBkIQdp1IjFAJnjviUMs8RtefHNXmXT207iX32PSlnn9oC1+AStVuM8vA==;EndpointSuffix=core.windows.net",
            "secondary_dfs_endpoint": null,
            "secondary_dfs_host": null,
            "secondary_file_endpoint": null,
            "secondary_file_host": null,
            "secondary_location": "",
            "secondary_queue_endpoint": null,
            "secondary_queue_host": null,
            "secondary_table_endpoint": null,
            "secondary_table_host": null,
            "secondary_web_endpoint": null,
            "secondary_web_host": null,
            "share_properties": [
              {
                "cors_rule": [],
                "retention_policy": [
                  {
                    "days": 7
                  }
                ],
                "smb": []
              }
            ],
            "shared_access_key_enabled": true,
            "static_website": [],
            "table_encryption_key_type": "Service",
            "tags": {},
            "timeouts": null
          },
          "sensitive_attributes": [],
          "private": "eyJlMmJmYjczMC1lY2FhLTExZTYtOGY4OC0zNDM2M2JjN2M0YzAiOnsiY3JlYXRlIjozNjAwMDAwMDAwMDAwLCJkZWxldGUiOjM2MDAwMDAwMDAwMDAsInJlYWQiOjMwMDAwMDAwMDAwMCwidXBkYXRlIjozNjAwMDAwMDAwMDAwfSwic2NoZW1hX3ZlcnNpb24iOiIzIn0=",
          "dependencies": [
            "azurerm_resource_group.rg",
            "random_id.randomId"
          ]
        }
      ]
    },
    {
      "mode": "managed",
      "type": "azurerm_subnet",
      "name": "subnet_app",
      "provider": "provider[\"registry.terraform.io/hashicorp/azurerm\"]",
      "instances": [
        {
          "schema_version": 0,
          "attributes": {
            "address_prefixes": [
              "10.2.0.0/16"
            ],
            "delegation": [],
            "enforce_private_link_endpoint_network_policies": false,
            "enforce_private_link_service_network_policies": false,
            "id": "/subscriptions/a1f74e2d-ec58-4f9a-a112-088e3469febb/resourceGroups/brief4_QB/providers/Microsoft.Network/virtualNetworks/network/subnets/subnet_app",
            "name": "subnet_app",
            "private_endpoint_network_policies_enabled": true,
            "private_link_service_network_policies_enabled": true,
            "resource_group_name": "brief4_QB",
            "service_endpoint_policy_ids": [],
            "service_endpoints": [],
            "timeouts": null,
            "virtual_network_name": "network"
          },
          "sensitive_attributes": [],
          "private": "eyJlMmJmYjczMC1lY2FhLTExZTYtOGY4OC0zNDM2M2JjN2M0YzAiOnsiY3JlYXRlIjoxODAwMDAwMDAwMDAwLCJkZWxldGUiOjE4MDAwMDAwMDAwMDAsInJlYWQiOjMwMDAwMDAwMDAwMCwidXBkYXRlIjoxODAwMDAwMDAwMDAwfX0=",
          "dependencies": [
            "azurerm_resource_group.rg",
            "azurerm_virtual_network.network"
          ]
        }
      ]
    },
    {
      "mode": "managed",
      "type": "azurerm_subnet",
      "name": "subnet_bdd",
      "provider": "provider[\"registry.terraform.io/hashicorp/azurerm\"]",
      "instances": [
        {
          "schema_version": 0,
          "attributes": {
            "address_prefixes": [
              "10.3.0.0/16"
            ],
            "delegation": [],
            "enforce_private_link_endpoint_network_policies": false,
            "enforce_private_link_service_network_policies": false,
            "id": "/subscriptions/a1f74e2d-ec58-4f9a-a112-088e3469febb/resourceGroups/brief4_QB/providers/Microsoft.Network/virtualNetworks/network/subnets/subnet_bdd",
            "name": "subnet_bdd",
            "private_endpoint_network_policies_enabled": true,
            "private_link_service_network_policies_enabled": true,
            "resource_group_name": "brief4_QB",
            "service_endpoint_policy_ids": [],
            "service_endpoints": [
              "Microsoft.Sql",
              "Microsoft.Storage"
            ],
            "timeouts": null,
            "virtual_network_name": "network"
          },
          "sensitive_attributes": [],
          "private": "eyJlMmJmYjczMC1lY2FhLTExZTYtOGY4OC0zNDM2M2JjN2M0YzAiOnsiY3JlYXRlIjoxODAwMDAwMDAwMDAwLCJkZWxldGUiOjE4MDAwMDAwMDAwMDAsInJlYWQiOjMwMDAwMDAwMDAwMCwidXBkYXRlIjoxODAwMDAwMDAwMDAwfX0=",
          "dependencies": [
            "azurerm_resource_group.rg",
            "azurerm_virtual_network.network"
          ]
        }
      ]
    },
    {
      "mode": "managed",
      "type": "azurerm_subnet",
      "name": "subnet_elastic",
      "provider": "provider[\"registry.terraform.io/hashicorp/azurerm\"]",
      "instances": [
        {
          "schema_version": 0,
          "attributes": {
            "address_prefixes": [
              "10.4.0.0/16"
            ],
            "delegation": [],
            "enforce_private_link_endpoint_network_policies": false,
            "enforce_private_link_service_network_policies": false,
            "id": "/subscriptions/a1f74e2d-ec58-4f9a-a112-088e3469febb/resourceGroups/brief4_QB/providers/Microsoft.Network/virtualNetworks/network/subnets/subnet_elastic",
            "name": "subnet_elastic",
            "private_endpoint_network_policies_enabled": true,
            "private_link_service_network_policies_enabled": true,
            "resource_group_name": "brief4_QB",
            "service_endpoint_policy_ids": [],
            "service_endpoints": [],
            "timeouts": null,
            "virtual_network_name": "network"
          },
          "sensitive_attributes": [],
          "private": "eyJlMmJmYjczMC1lY2FhLTExZTYtOGY4OC0zNDM2M2JjN2M0YzAiOnsiY3JlYXRlIjoxODAwMDAwMDAwMDAwLCJkZWxldGUiOjE4MDAwMDAwMDAwMDAsInJlYWQiOjMwMDAwMDAwMDAwMCwidXBkYXRlIjoxODAwMDAwMDAwMDAwfX0=",
          "dependencies": [
            "azurerm_resource_group.rg",
            "azurerm_virtual_network.network"
          ]
        }
      ]
    },
    {
      "mode": "managed",
      "type": "azurerm_subnet",
      "name": "subnet_gateway",
      "provider": "provider[\"registry.terraform.io/hashicorp/azurerm\"]",
      "instances": [
        {
          "schema_version": 0,
          "attributes": {
            "address_prefixes": [
              "10.1.0.0/16"
            ],
            "delegation": [],
            "enforce_private_link_endpoint_network_policies": false,
            "enforce_private_link_service_network_policies": false,
            "id": "/subscriptions/a1f74e2d-ec58-4f9a-a112-088e3469febb/resourceGroups/brief4_QB/providers/Microsoft.Network/virtualNetworks/network/subnets/subnet_gateway",
            "name": "subnet_gateway",
            "private_endpoint_network_policies_enabled": true,
            "private_link_service_network_policies_enabled": true,
            "resource_group_name": "brief4_QB",
            "service_endpoint_policy_ids": [],
            "service_endpoints": [],
            "timeouts": null,
            "virtual_network_name": "network"
          },
          "sensitive_attributes": [],
          "private": "eyJlMmJmYjczMC1lY2FhLTExZTYtOGY4OC0zNDM2M2JjN2M0YzAiOnsiY3JlYXRlIjoxODAwMDAwMDAwMDAwLCJkZWxldGUiOjE4MDAwMDAwMDAwMDAsInJlYWQiOjMwMDAwMDAwMDAwMCwidXBkYXRlIjoxODAwMDAwMDAwMDAwfX0=",
          "dependencies": [
            "azurerm_resource_group.rg",
            "azurerm_virtual_network.network"
          ]
        }
      ]
    },
    {
      "mode": "managed",
      "type": "azurerm_virtual_network",
      "name": "network",
      "provider": "provider[\"registry.terraform.io/hashicorp/azurerm\"]",
      "instances": [
        {
          "schema_version": 0,
          "attributes": {
            "address_space": [
              "10.0.0.0/8"
            ],
            "bgp_community": "",
            "ddos_protection_plan": [],
            "dns_servers": [],
            "edge_zone": "",
            "flow_timeout_in_minutes": 0,
            "guid": "df4d8415-a16b-4979-aec3-5af351ab3a54",
            "id": "/subscriptions/a1f74e2d-ec58-4f9a-a112-088e3469febb/resourceGroups/brief4_QB/providers/Microsoft.Network/virtualNetworks/network",
            "location": "eastus2",
            "name": "network",
            "resource_group_name": "brief4_QB",
            "subnet": [
              {
                "address_prefix": "10.1.0.0/16",
                "id": "/subscriptions/a1f74e2d-ec58-4f9a-a112-088e3469febb/resourceGroups/brief4_QB/providers/Microsoft.Network/virtualNetworks/network/subnets/subnet_gateway",
                "name": "subnet_gateway",
                "security_group": ""
              },
              {
                "address_prefix": "10.2.0.0/16",
                "id": "/subscriptions/a1f74e2d-ec58-4f9a-a112-088e3469febb/resourceGroups/brief4_QB/providers/Microsoft.Network/virtualNetworks/network/subnets/subnet_app",
                "name": "subnet_app",
                "security_group": ""
              },
              {
                "address_prefix": "10.3.0.0/16",
                "id": "/subscriptions/a1f74e2d-ec58-4f9a-a112-088e3469febb/resourceGroups/brief4_QB/providers/Microsoft.Network/virtualNetworks/network/subnets/subnet_bdd",
                "name": "subnet_bdd",
                "security_group": ""
              },
              {
                "address_prefix": "10.4.0.0/16",
                "id": "/subscriptions/a1f74e2d-ec58-4f9a-a112-088e3469febb/resourceGroups/brief4_QB/providers/Microsoft.Network/virtualNetworks/network/subnets/subnet_elastic",
                "name": "subnet_elastic",
                "security_group": ""
              }
            ],
            "tags": {},
            "timeouts": null
          },
          "sensitive_attributes": [],
          "private": "eyJlMmJmYjczMC1lY2FhLTExZTYtOGY4OC0zNDM2M2JjN2M0YzAiOnsiY3JlYXRlIjoxODAwMDAwMDAwMDAwLCJkZWxldGUiOjE4MDAwMDAwMDAwMDAsInJlYWQiOjMwMDAwMDAwMDAwMCwidXBkYXRlIjoxODAwMDAwMDAwMDAwfX0=",
          "dependencies": [
            "azurerm_resource_group.rg"
          ]
        }
      ]
    },
    {
      "mode": "managed",
      "type": "random_id",
      "name": "randomId",
      "provider": "provider[\"registry.terraform.io/hashicorp/random\"]",
      "instances": [
        {
          "schema_version": 0,
          "attributes": {
            "b64_std": "Tbf+WTXigas=",
            "b64_url": "Tbf-WTXigas",
            "byte_length": 8,
            "dec": "5600224320768082347",
            "hex": "4db7fe5935e281ab",
            "id": "Tbf-WTXigas",
            "keepers": null,
            "prefix": null
          },
          "sensitive_attributes": [],
          "private": "bnVsbA=="
        }
      ]
    },
    {
      "mode": "managed",
      "type": "random_password",
      "name": "dbpassword",
      "provider": "provider[\"registry.terraform.io/hashicorp/random\"]",
      "instances": [
        {
          "schema_version": 2,
          "attributes": {
            "bcrypt_hash": "$2a$10$IqizVgRgcShMtIZtSrIwI.fli/PLxP3ggBT3iRdRGQJne0oNxNVRG",
            "id": "none",
            "keepers": null,
            "length": 16,
            "lower": true,
            "min_lower": 0,
            "min_numeric": 0,
            "min_special": 0,
            "min_upper": 0,
            "number": true,
            "numeric": true,
            "override_special": "!#$%\u0026*()-_=+[]{}\u003c\u003e:?",
            "result": "r\u003cs]H(){X(%aB)4l",
            "special": true,
            "upper": true
          },
          "sensitive_attributes": [],
          "private": "eyJzY2hlbWFfdmVyc2lvbiI6IjIifQ=="
        }
      ]
    }
  ]
}
