{
  "version": 4,
  "terraform_version": "1.2.7",
  "serial": 101,
  "lineage": "04a0696e-69b6-1f2c-5d55-4a8eb5707d32",
  "outputs": {
    "ip_private": {
      "value": "10.2.0.19",
      "type": "string"
    },
    "password": {
      "value": "yulx{524\u003eA%n7ydv",
      "type": "string",
      "sensitive": true
    },
    "public_ip_address_app": {
      "value": [
        "137.116.75.93"
      ],
      "type": [
        "tuple",
        [
          "string"
        ]
      ]
    },
    "public_ip_address_gateway": {
      "value": [
        "20.230.11.84"
      ],
      "type": [
        "tuple",
        [
          "string"
        ]
      ]
    },
    "resource_group_name": {
      "value": "brief4_QB_2",
      "type": "string"
    },
    "test": {
      "value": "privatelink.mariadb.database.azure.com",
      "type": "string"
    }
  },
  "resources": [
    {
      "mode": "data",
      "type": "azuread_user",
      "name": "mybigstep",
      "provider": "provider[\"registry.terraform.io/hashicorp/azuread\"]",
      "instances": [
        {
          "schema_version": 0,
          "attributes": {
            "account_enabled": true,
            "age_group": "",
            "business_phones": [],
            "city": "",
            "company_name": "",
            "consent_provided_for_minor": "",
            "cost_center": null,
            "country": "",
            "creation_type": "",
            "department": "",
            "display_name": "Stephane ANDRIAMAROFAHATRA",
            "division": null,
            "employee_id": "",
            "employee_type": "",
            "external_user_state": "",
            "fax_number": "",
            "given_name": "Stephane",
            "id": "22cfcf9a-6cb8-40e5-a220-2c3c9d0ae144",
            "im_addresses": [
              "sandriamarofahatra.ext@simplonformations.onmicrosoft.com"
            ],
            "job_title": "",
            "mail": "sandriamarofahatra.ext@simplonformations.onmicrosoft.com",
            "mail_nickname": "sandriamarofahatra.ext",
            "manager_id": "",
            "mobile_phone": "",
            "object_id": "22cfcf9a-6cb8-40e5-a220-2c3c9d0ae144",
            "office_location": "",
            "onpremises_distinguished_name": "",
            "onpremises_domain_name": "",
            "onpremises_immutable_id": "",
            "onpremises_sam_account_name": "",
            "onpremises_security_identifier": "",
            "onpremises_sync_enabled": false,
            "onpremises_user_principal_name": "",
            "other_mails": [],
            "postal_code": "",
            "preferred_language": "",
            "proxy_addresses": [
              "SMTP:sandriamarofahatra.ext@simplonformations.onmicrosoft.com"
            ],
            "show_in_address_list": false,
            "state": "",
            "street_address": "",
            "surname": "ANDRIAMAROFAHATRA",
            "timeouts": null,
            "usage_location": "FR",
            "user_principal_name": "sandriamarofahatra.ext@simplonformations.onmicrosoft.com",
            "user_type": "Member"
          },
          "sensitive_attributes": []
        }
      ]
    },
    {
      "mode": "data",
      "type": "azurerm_client_config",
      "name": "current",
      "provider": "provider[\"registry.terraform.io/hashicorp/azurerm\"]",
      "instances": [
        {
          "schema_version": 0,
          "attributes": {
            "client_id": "04b07795-8ddb-461a-bbee-02f9e1bf7b46",
            "id": "2022-09-22 09:14:08.049844501 +0000 UTC",
            "object_id": "d91c4c59-4443-4767-ae8f-2e2c81dd76d6",
            "subscription_id": "a1f74e2d-ec58-4f9a-a112-088e3469febb",
            "tenant_id": "a2e466aa-4f86-4545-b5b8-97da7c8febf3",
            "timeouts": null
          },
          "sensitive_attributes": []
        }
      ]
    },
    {
      "mode": "data",
      "type": "http",
      "name": "myip",
      "provider": "provider[\"registry.terraform.io/hashicorp/http\"]",
      "instances": [
        {
          "schema_version": 0,
          "attributes": {
            "body": "212.51.190.22",
            "id": "https://ifconfig.me",
            "method": null,
            "request_body": null,
            "request_headers": null,
            "response_body": "212.51.190.22",
            "response_headers": {
              "Access-Control-Allow-Origin": "*",
              "Alt-Svc": "h3=\":443\"; ma=2592000,h3-29=\":443\"; ma=2592000",
              "Content-Length": "13",
              "Content-Type": "text/plain; charset=utf-8",
              "Date": "Thu, 22 Sep 2022 09:13:57 GMT",
              "Server": "istio-envoy",
              "Strict-Transport-Security": "max-age=2592000; includeSubDomains",
              "Via": "1.1 google",
              "X-Envoy-Upstream-Service-Time": "1"
            },
            "status_code": 200,
            "url": "https://ifconfig.me"
          },
          "sensitive_attributes": []
        }
      ]
    },
    {
      "mode": "data",
      "type": "template_cloudinit_config",
      "name": "configapp",
      "provider": "provider[\"registry.terraform.io/hashicorp/template\"]",
      "instances": [
        {
          "schema_version": 0,
          "attributes": {
            "base64_encode": true,
            "gzip": true,
            "id": "3578157715",
            "part": [
              {
                "content": "#cloud-config\npackage_update: true\npackages:\n  - composer\n  - mariadb-client\n  - mariadb-client-10.1\n  - nfs-common\n  - nginx\n\nusers:\n  - default\n  - name: quentin\n    groups: sudo, root\n    shell: /bin/bash\n    plain_text_passwd: blablabla123!\n    sudo: 'ALL=(ALL) NOPASSWD:ALL'\n    ssh_authorized_keys:\n        - \u003e-\n          ssh-rsa AAAAB3NzaC1yc2EAAAADAQABAAABgQDAXuIAe8DVtQ+qHpbTnCMn5iP1u7WQEOLDE76PTRZ0lYc0TrWJvH+zWzpEbTK/fwzx5sw7yAlBnuR83cAOtm6y8Gk5yktOogsk71VnJ9cXKV7QWtX5o/nysqhliBWAW2jQmEMLHBf4DOFXcKpCdl0OBOtrPct976tnFXhM5n5WF0wrQ4dVikfWe57yg0BX+G+ZbNl7iDCHS8cAGEI2S0ziGOLjl0qJq+9jjCaj2bdVb5vtbz/ghplWtNKQvirxvfOC5H3XbX7aeH2sAlogeYbPs8DmFuz5Smq/+FLBZzqV7JhPMxBCpVFm6r+EzZDgiS2WB96Q3Jh0ItPz7wwJtgpLmSWeaBmWyPGAOh9MBal2RXgDIZ26EPOQTc9WX1377SaEMFSXgwq3e0mtFl5TYG+hzjujY9ik6nfjyLy1yNaPB7hq0z0cCijeJf0Nlm092Ukb1IJOndiS9LSZXjFJT+LRNz7hqyK/oj8nH4K2nx4DMH+Fj4JypSdsqmIk7aXLdYE= nomad@device\n  - name: steph\n    groups: sudo, root\n    shell: /bin/bash\n    plain_text_passwd: blablabla123!\n    sudo: 'ALL=(ALL) NOPASSWD:ALL'\n    ssh_authorized_keys:\n        - \u003e-\n          ssh-rsa AAAAB3NzaC1yc2EAAAADAQABAAABgQCnBYZRoOJm/hLnbGmUBNhBEsdvUAqVb48EQql7OeYgB4pO/FFu8OIhKofBCByf1l9owEWnbWFZJhfgwQ+iNZjd+1iZtmc6cidjqQypgEc+U43avchEVdZdjK1LidIIJt0O7o8L0gARNn1PjDFLP3eUI2XN3ALUzB3sRzXKTJ1QHz8S1ByhfWXw2vhsPa9I3Jv9aE8zZuCBx/gfVQQy/FyskgK8VWRHhUl3XCgNDxUYBppnBgCCDWHpYOdzH/5XuRORdgMccDgJ/NhcCgY+erva7DlkIlzRiVxm5uMK8kvEiDn+AWI3aGsgxt3LaS+xaiw4hLLoev4V4cWTjWhZPeJSITDeWk3HAsBxDBWGvx3716ywsh7mkDJpjyXow6RXpTBke2rTmr4X9+hVGop4ZjqyTTUuTkdbYllwiaTrsuKgOJ5ne2lWp1P1IT0cD0s9j0GNl/54KaN31HFiuHVYVVA8yGp532LfRjhthpMdHiuhJbswlKTrDJR3i1iccT0aiUk= utilisateur@UTILISA-2JUD7VR\n  - name: ryano\n    groups: sudo, root\n    shell: /bin/bash\n    plain_text_passwd: blablabla123!\n    sudo: 'ALL=(ALL) NOPASSWD:ALL'\n    ssh_authorized_keys:\n        - \u003e-\n          ssh-rsa AAAAB3NzaC1yc2EAAAADAQABAAABgQCuQsDbdhzBOtJvetSRXRINBLZnKEzLctl+J3hFX22doPy1Btth8i7a4cigqyQ914MIgdYr/pPOFfH7YBLa5LhF2Racx3cRT1RPobmGn2DMEcNAcWjw1Qr9TRl3HcFK59ineQ4ukoDt4jZCUyRXliCFMhqBdQU0u182UvNFf0L5bLBVzlkWyNxPo79WDDGY97HCsQLYIQcqRfsYJ0YwJ5QyGUvtUWKmMO30bhlhyQJJmG/6QQlV/m6sMiHCiEt+7Qxv5n3+c9RH5hsRyaynzsLcNmzENDqsrDsngqwzK4oe8S71YKKVn395nvZ4MIr8PB6bE/ViWpvS0bhCzANDYAj8Exk2P5WR3aI06PobLOcUjxm3E1JOFa/YcXQ8GXzmUgjGpHMztB6qSH+NSHHTqBejmvsv2DQ9nYq/NL1s7k6e+FSwWQktZNXAlVIvUGMrX51MdUxtVXteNEFe/NCj4B66Y5i2MM8VJk1lsgm8PIUj0wDjlB0f8TlUFK+vqijLt80= utilisateur@UTILISA-ASVHC0M\n\nwrite_files:\n  - path: /home/magento/magento\n    content: \"upstream fastcgi_backend {\\n  server  unix:/run/php/php8.1-fpm.sock;\\n}\\n\\nserver {\\n  listen 80;\\n  server_name _;\\n  set $MAGE_ROOT /var/www/html/magento2;\\n  include /var/www/html/magento2/nginx.conf.sample;\\n}\\n\"\n\nruncmd:\n  - sudo apt install software-properties-common \u0026\u0026 sudo add-apt-repository ppa:ondrej/php -y\n  - sudo apt update\n  - sudo export PATH=$PATH:/var/www/html/magento2/bin\n  - sudo apt upgrade -y\n  - sudo apt install -y libxml2 libxml2-dev libssl-dev libssl1.1\n  - sudo apt install -y php8.1 php8.1-common php8.1-xml php8.1-mbstring php8.1-curl php8.1-gd php8.1-intl php-json php8.1-mysql php8.1-soap php-sodium php-tokenizer php8.1-xsl php-zip php-bcmath php8.1-fpm\n  - sudo mkdir /var/www/html/magento2\n  - cd /home/magento \u0026\u0026 sudo curl -O https://MAG005875421:af7e13b80644f2a44187f446f55bb76d5c156b3b@www.magentocommerce.com/products/downloads/file/Magento-CE-2.4.4.tar.bz2\n  - sudo tar -C /var/www/html/magento2/ -xvf /home/magento/Magento-CE-2.4.4.tar.bz2\n  - cd /var/www/html/\n  - sudo find var generated vendor pub/static pub/media app/etc -type f -exec chmod g+w {} +\n  - sudo find var generated vendor pub/static pub/media app/etc -type d -exec chmod g+ws {} +\n  - sudo chown -R www-data:www-data /var/www/html\n  - sudo chmod u+x bin/magento\n  - cd /var/www/html/magento2 \u0026\u0026 sudo php bin/magento setup:install -vvv --base-url=https://magentobrief4.eastus2.cloudapp.azure.com --db-host=magento-mariadb-server.privatelink.mariadb.database.azure.com --db-name=mariadb_database --db-user=magento@magento-mariadb-server --db-password=blablabla123! --admin-firstname=admin --admin-lastname=admin --admin-email=ryanmagento@gmail.com --admin-user=admin --admin-password=admin123 --language=en_US --currency=USD --timezone=America/Chicago --use-rewrites=1 --search-engine=elasticsearch7 --elasticsearch-host=10.4.0.4 --elasticsearch-port=9200 --elasticsearch-index-prefix=magento2 --elasticsearch-timeout=15 --elasticsearch-username=magento --elasticsearch-password=blablabla123! --elasticsearch-enable-auth=1\n  - sudo apt-get remove apache2 -y\n  - sudo apt-get autoremove apache2 -y\n  - sudo apt-get purge apache2 -y\n  - sudo apt-get autoremove --purge apache2 -y\n  - chown www-data:www-data -R /var/www/html/magento2/var/\n  - sudo echo \"memory_limit = 2G\" \u003e\u003e vim /etc/php/8.1/fpm/php.ini\n  - sudo echo \"max_execution_time = 1800\" \u003e\u003e vim /etc/php/8.1/fpm/php.ini\n  - sudo echo \"zlib.output_compression = On\" \u003e\u003e vim /etc/php/8.1/fpm/php.ini\n  - sudo echo \"memory_limit = 2G\" \u003e\u003e vim /etc/php/8.1/cli/php.ini\n  - sudo echo \"max_execution_time = 1800\" \u003e\u003e vim /etc/php/8.1/cli/php.ini\n  - sudo echo \"zlib.output_compression = On\" \u003e\u003e vim /etc/php/8.1/cli/php.ini\n  - sudo systemctl restart php8.1-fpm\n  - sudo chmod 775 ./generated/\n  - cd /var/www/html/magento2 \u0026\u0026 sudo bin/magento setup:di:compil\n  - sudo cp -R /var/www/html/magento2/pub /home/magento/pub\n  - sudo mkdir /etc/smbcredentials\n  - sudo bash -c 'echo \"username=staapp\" \u003e\u003e /etc/smbcredentials/staapp.cred'\n  - sudo bash -c 'echo \"password=VmdEXVWrIzg9g3HE1TVD/JjIpG610ZTfXe4vJ/dP6fwHEhJqbVc0LaQoWMgwCb984qM046f+hRbI+AStzii/dw==\" \u003e\u003e /etc/smbcredentials/staapp.cred'\n  - sudo chmod 600 /etc/smbcredentials/staapp.cred\n  - sudo bash -c 'echo \"//staapp.file.core.windows.net/magentoshare01 /var/www/html/magento2/pub cifs nofail,credentials=/etc/smbcredentials/staapp.cred,dir_mode=0777,file_mode=0777,serverino,nosharesock,actimeo=30\" \u003e\u003e /etc/fstab'\n  - sudo mount -t cifs //staapp.file.core.windows.net/magentoshare01 /var/www/html/magento2/pub -o credentials=/etc/smbcredentials/staapp.cred,dir_mode=0777,file_mode=0777,serverino,nosharesock,actimeo=30\n  - sudo cp -R /home/magento/pub/* /var/www/html/magento2/pub\n  - rm var/.maintenance.flag\n  - sudo bin/magento module:disable Magento_TwoFactorAuth\n  - sudo chown -R www-data:www-data /var/www/html/magento2/var/cache\n  - sudo chown -R www-data:www-data /var/www/html/magento2\n  - sudo apt install nginx\n  - sudo cp /home/magento/magento /etc/nginx/conf.d/magento.conf\n  - sudo rm /etc/nginx/sites-enabled/default\n  - sudo sed -i \"/^http {$/a add_header X-Backend-Server $hostname;\" /etc/nginx/nginx.conf\n  - sudo systemctl restart nginx",
                "content_type": "text/cloud-config",
                "filename": "../cloud-init/cloud-init-app.yaml",
                "merge_type": ""
              }
            ],
            "rendered": "H4sIAAAAAAAA/9x5aW/ruJL29wDnP/DN27g9Mz6yJG+yfeBGW973fQsaY1ASJdGWSJmkLMuN+98HsuPEWc65fTCN+XCDJCaLDx9WkcViFVyjRCAipHkcoDLwQ0/gADIh+/iErG/AoCGxIIsrj4POoKGPFsN6dbp5fEh60hIxjikpAzWtfHn48iBJ96AvDzfuOuYB5VhcsFAIaLo+IuIbsLGHCPRR5TGdlk2PhpaECRZ3TQkGQTqGvvf4SjdnkHAbMalBTGph4pSBZmBxB7jYItDpxmRSYmPny8MA++iD1v//HvMQQHMPHbQNAwuKhIWF6Cbk5QcAJGBSP6AcsUvHhwxDy5BMDyMiPhFJqpJWL3Jic8mkvk/Jtetgcnp4CDliz8QWsmHoXUmSbSmDQ4iIwAkeAIfRMOBlwEOLfgWMUnERcxd5XhnIBiayAbl7EQYexGSb7MA2gJxHVhkYHrz+qpns/7vODC1aBr9W+/3Kf1T7/f8Ew9G4Oput6uVqv//rFcLdLQyFSxk+I2u7R/FF1euPBH6TXjoXrMQ4BNVqtapnh2dYU2Mz00i69eqkqidiZ1KvrsNOFRXrSzFJHdqBMSe1AcnjsRpqq0lj1K83tMJ4Pn1SvI2pzNmqe2ynzqtz0DDmPdmOzqc8j7S46ukknBazZnUk/EJcbO3z8V6MqMP3mrok3ZK57i21yUqs81QmMT+4HtZX1VVmN/Ebg35bt3P1UXNt9oKa5SkjfSTY2BQlrSBIc+0O8iS/aioRm+SsJd7bK5TXYkfR16lW6skYehqu19qzolltNTqZmXLGrVF/5ymH7iFV2u1qcJcxrKWRPwrjLDtu4K3EsDc5YnY62qNavp1dG2sNonaGVz3qoI0x5sW63wzP+Zl/kFPNvv50Piy1rjsenPRasGz6BZZqnJ/qDp5lVnqpMMl2XaUjxmctirrCCfr+bIWg7q/icas6cksDHXqZ6dqpd54yhcZ4NJmbpdVazWraDDYGzdnaiQ5ZpPii6eXnm1bKPe/C3aaE9wVi7+J+rMZDONY196CcFbOGd6hrK0PPV0qZxd5QO90RsfCs1J89rXfN7jzVnw7PmnuIezLdFUk718uQU64+aKeau1w3DmYWP/idvQbXfWvTqABCfWj9bqEjNtGdr3OBAvffyNNrRN88Temo68tunxgtf6EPXb3BreOielgauWJjcvC0Edo4ei4Yyc1mWBx13B619Zoe26pXolFjRYxV86nr2k40SeHh085KqfhJ+GbBxNbuMIkDp2GmFrksPJpuY2k9Wbue2sdWp9MVykijxb7iVKdDoo539WZ/nEWLTmY9zFb7i7Oe5dPzujfvqpP2uThT9di1V+soc3T5GJY62e6xBBvF81NY00+yYy8nk1huxnzv9IrL1bTtLrzsuuYM66fFRg8Coju1Wn3VDjYj69yW8+twOppazsA0605XHrpmzdmkEDtCre7tO955ipcnPx8OesX9sYHrJFVddbKwxZ2TyPbhLHWCOMq5/T5Fx9wyZ67mu5X7NEbdWWdeR6t9tl3l+qmur1rHU1ZTC3HEXc3f17vBLl7TqDBdB3N9jzJs7rPcupRyly0a5J52h3g+X4TzvWVsPC/CcM542HNG3TxBGW8VqGO1M1fMusJLO6U19OR8rgeHWbXdxGF7uVkuq8W4FeSzmb493bnCDQZWG4du1+CR15uzeneaxSo2zbkC8WJfAaHAHuZQoJD9vph3+p1ZVcp0F3VtOb1zfBZDQv+dHD+c8LphuWd9JLpHJGbT9bQz1PtPpNc4903hpbpZt7nOZCw6jlVdCLeINZgzsXOIJyU1N+g41obJwXjUtNvaRu/DfN9tZqbQPGXN6Vydjqnht0imPmiYw6q52kXqhJXmUy/bNpu9fAkTNMmFe1oXud1TbRFP1x6uNQfuQbcmCyVUi5nFcdi0lX7e6OvLs7dfxcPTmGqlVb3e2pS0do1P+pvOxDxMbb7pKpuom5/ErcVRLFY9fzDKKobrufGk2/VbcmEy8ZayX+AD3K7hhkhpk9MxT7IpszRt510+jWFMzrxvDv1zY1g/cFbnxDlE516OouJMUze93pJkS3lyfMoNOqw41gtGQ17iVXCcKYZbO1eH9U11V2yc9plxfjXNwo5SGFOjPzIXu5OfbajdURPKG3M9KbbWZ3/h7FpBe3AWeuEwa6eGs3Z7ftDRzj/yY6Y+KZHNQR72Va7tCyjVnEWryV48DddVb9k5LloDts6rA2txEsu1QMNGE8nD2i6nFwqbPM4MBsVld6963PGL485ip0T1nacrdnHuLZq91PGAd31RVD53/Ops2a4pg4eHiGGBtknu95z3BFC4ZSC71EeyDx1EBL19XpzPvOZ1ZfAYBlwwBH1gQy5MB28NaO4RscCffxAAOGJHxAAICT6VZRYSOXCD5K+YViU78NOcmvtvf5B//kH+IM/gy0QPc4EIKCrfXmm2yeUE22eJAL8Mqq3GdjoazYF8hEyOokh2he/dNM1ckJiYXmih70DkS86XTlLNNId+4KGrNo8PDywkpm9d9yO5tQAGAmDCBfQ8wKktIsiQFDAaICYwumWS4B//eIZblgQDITF0SbUpi0EQwDIlFkO7ZA+AFL8lv2a4rzJ0CigTYFydtyu/JP/L3zHCwOQ9k8OghT6scFNfioGHjZPvZW6fkoWOSZtz766pPifKnxFcT/H542b8c+/ke7emb3DBMHFegCF7GXOsWwsTcZFKO/7K4sf88ILlFAYXBKcWDv1LU9A9IviM2Mu6/MpyxlesYfpQuODV4V6t8fcWZt/ximtRYb29AC8He7FAGgFXiICXZXlQbSlKvqjlcxm1DG0NqVmjqBRyOTsDczm1qNm5XMHO5w1DK1h5U80XjKzxexRF6WfmZO8QM1HapL4cMGqFpuCyRSPiUWhxObmY8uCKlWoNKZPOpXNpAVnaOGdeLRKQAan2PUcH0ulov7vSP+RM7H9D9bqSjYkFjpABBxHEoEAWOCJiUQaC0JC5gAKbl6aPLAwBDAIZCRNIIg4QsIGETsgEputTCzipCPz5T5D6m8it9+T8Hbvp0ogAaQqiKJIsKGD51nhr7f2MhCpMnUDy2r9GwU926LbZL66S3PK7WUnYCoPyyyU6Ho9AkgzIkRQyr3JzqGe0wTCyc2kEuQh5Jn0pipPiG55DdvEVIEmWIbmUi8rzFOlW6V4jZjpg+AgF8jDZp5+H0omtyZLveS5l/zNoewNdh5KK+LbE758vdQVe8h7KrMqbxAdIErR8TCQbMy4u61z6L3IPfipGPsReJUnGbms7ieRZ5SvmotrbaS9KXLpqJgskyYPECaGDKohsFzMgJWGIIWLGlcWsDiRJYB+dKUGVqo8YNqFcc7EJHQqkZAWJocsTySsqkCSOIDNdCSVPB6qgRHlsXoUakKQ3guvpqEo6l1bSuQ+jSXyvlDKK8mEEEwudpIAhG58qL371HpWoTUNRUfMfhpKNeT7Sq+99WPt7Z/UWhgg0PCQlCWnl7WMgOUgAhnx6RAAG0HRR5v2Dc4HAUNC/AAtC5vxlIkn6FH693R+vtjT9XlhMpHcvrulS8Ogjn7J462EfC1ABmdYj+O03cMQ+SCLNJYUpplXZDvykncYEf2CAp20Sh0KBKdkmpwQqQC0qyk8znT1spGkoglBsTeoHDHGOKQEVMCI/r9ZfM8z08N9k2A+Yft6wT8l4zAXyTeEBhriATHz62F9juKblQVp+eVbkvxjEPwZwC5cTlfH9KxH8wMmC0Hj38gah8SEVSWzlvmEyZCEiMPT4KyQpMoFkgl+vm/dyubmAMAgu+/XJfPk6nE5Ev36X7CUQLH2rsV6uWOfslJxsu6HOl3W5u+sErYKqPM3tNcodu7I1LthRu+F2D8bSVPpwQlcDJ6oZpWLuMFByBTvlTo1OqjoTZ4xlK6pUflK962EVFOVfzfmuRfINlWROaZMylI4wsWjE0wSJ2yFwFzKkqD86NBPbHBBqQ+x9vVOi8i8U+2phtvWphSqKpmlfEy3uutcHExP6lVx1SIqgr9C8BPNKVnndLpsLaNztjE9DIoAkrnr9bVZKFPyfGffhxry/FvJ//UDVy2zmJ+mhnPYhTqpQSEyUtj3o3LnD3Y31qRV6qGxhnrxj4Dnl3c4j2oSmoKwaCvfn08O3D4iZPEL/C5LPa6zr1xH3+/VpQX51lQtYvtSx1m3kUta+EjD/HsqTfOb5dbfk+y86rnEVWUDC4FH+7yQrBX/+IsOkot26CFqIgbWkX+t8aXZN/35JEp0kJH17vF/ltbz+Uci+oN5/WyVJXx7+JwAA///zSS/VDBsAAA=="
          },
          "sensitive_attributes": []
        }
      ]
    },
    {
      "mode": "data",
      "type": "template_cloudinit_config",
      "name": "configbastion",
      "provider": "provider[\"registry.terraform.io/hashicorp/template\"]",
      "instances": [
        {
          "schema_version": 0,
          "attributes": {
            "base64_encode": true,
            "gzip": true,
            "id": "3740291837",
            "part": [
              {
                "content": "#cloud-config\npackage_update: true\npackages:\n  - apt-transport-https\n\nusers:\n  - default\n  - name: quentin\n    groups: sudo, root\n    shell: /bin/bash\n    plain_text_passwd: blabla123!\n    sudo: 'ALL=(ALL) NOPASSWD:ALL'\n    ssh_authorized_keys:\n        - \u003e-\n          ssh-rsa AAAAB3NzaC1yc2EAAAADAQABAAABgQDAXuIAe8DVtQ+qHpbTnCMn5iP1u7WQEOLDE76PTRZ0lYc0TrWJvH+zWzpEbTK/fwzx5sw7yAlBnuR83cAOtm6y8Gk5yktOogsk71VnJ9cXKV7QWtX5o/nysqhliBWAW2jQmEMLHBf4DOFXcKpCdl0OBOtrPct976tnFXhM5n5WF0wrQ4dVikfWe57yg0BX+G+ZbNl7iDCHS8cAGEI2S0ziGOLjl0qJq+9jjCaj2bdVb5vtbz/ghplWtNKQvirxvfOC5H3XbX7aeH2sAlogeYbPs8DmFuz5Smq/+FLBZzqV7JhPMxBCpVFm6r+EzZDgiS2WB96Q3Jh0ItPz7wwJtgpLmSWeaBmWyPGAOh9MBal2RXgDIZ26EPOQTc9WX1377SaEMFSXgwq3e0mtFl5TYG+hzjujY9ik6nfjyLy1yNaPB7hq0z0cCijeJf0Nlm092Ukb1IJOndiS9LSZXjFJT+LRNz7hqyK/oj8nH4K2nx4DMH+Fj4JypSdsqmIk7aXLdYE= nomad@device\n  - name: steph\n    groups: sudo, root\n    shell: /bin/bash\n    plain_text_passwd: blabla123!\n    sudo: 'ALL=(ALL) NOPASSWD:ALL'\n    ssh_authorized_keys:\n        - \u003e-\n          ssh-rsa AAAAB3NzaC1yc2EAAAADAQABAAABgQCnBYZRoOJm/hLnbGmUBNhBEsdvUAqVb48EQql7OeYgB4pO/FFu8OIhKofBCByf1l9owEWnbWFZJhfgwQ+iNZjd+1iZtmc6cidjqQypgEc+U43avchEVdZdjK1LidIIJt0O7o8L0gARNn1PjDFLP3eUI2XN3ALUzB3sRzXKTJ1QHz8S1ByhfWXw2vhsPa9I3Jv9aE8zZuCBx/gfVQQy/FyskgK8VWRHhUl3XCgNDxUYBppnBgCCDWHpYOdzH/5XuRORdgMccDgJ/NhcCgY+erva7DlkIlzRiVxm5uMK8kvEiDn+AWI3aGsgxt3LaS+xaiw4hLLoev4V4cWTjWhZPeJSITDeWk3HAsBxDBWGvx3716ywsh7mkDJpjyXow6RXpTBke2rTmr4X9+hVGop4ZjqyTTUuTkdbYllwiaTrsuKgOJ5ne2lWp1P1IT0cD0s9j0GNl/54KaN31HFiuHVYVVA8yGp532LfRjhthpMdHiuhJbswlKTrDJR3i1iccT0aiUk= utilisateur@UTILISA-2JUD7VR\n  - name: ryano\n    groups: sudo, root\n    shell: /bin/bash\n    plain_text_passwd: blabla123!\n    sudo: 'ALL=(ALL) NOPASSWD:ALL'\n    ssh_authorized_keys:\n        - \u003e-\n          ssh-rsa AAAAB3NzaC1yc2EAAAADAQABAAABgQCuQsDbdhzBOtJvetSRXRINBLZnKEzLctl+J3hFX22doPy1Btth8i7a4cigqyQ914MIgdYr/pPOFfH7YBLa5LhF2Racx3cRT1RPobmGn2DMEcNAcWjw1Qr9TRl3HcFK59ineQ4ukoDt4jZCUyRXliCFMhqBdQU0u182UvNFf0L5bLBVzlkWyNxPo79WDDGY97HCsQLYIQcqRfsYJ0YwJ5QyGUvtUWKmMO30bhlhyQJJmG/6QQlV/m6sMiHCiEt+7Qxv5n3+c9RH5hsRyaynzsLcNmzENDqsrDsngqwzK4oe8S71YKKVn395nvZ4MIr8PB6bE/ViWpvS0bhCzANDYAj8Exk2P5WR3aI06PobLOcUjxm3E1JOFa/YcXQ8GXzmUgjGpHMztB6qSH+NSHHTqBejmvsv2DQ9nYq/NL1s7k6e+FSwWQktZNXAlVIvUGMrX51MdUxtVXteNEFe/NCj4B66Y5i2MM8VJk1lsgm8PIUj0wDjlB0f8TlUFK+vqijLt80= utilisateur@UTILISA-ASVHC0M\n",
                "content_type": "text/cloud-config",
                "filename": "../cloud-init/cloud-init-bastion.yaml",
                "merge_type": ""
              }
            ],
            "rendered": "H4sIAAAAAAAA/9yWya6jWNaF51eKd/Af/yCr5HKYxhh8U1FKMGDANKYHT0KHxnDomwM2PH3p3qysCinrCZLR3otvL+0trcE5tw1KG7Rzli5939RThWAHBrSv4StNft1E7dQkYFi+f9VkTeAMV+dZK/z69tHtvHQYYdu8b/Bv2Je3L2+73c/Ql7c/vHk4du0I0ScLEAJxXqcN+nXzgFXagDr9/vXbt31ctVOygw1EP5W7CIwfc98WUFdf/2vpDKAZH+mwE5q4TWCTvW/oCKKfgM97UPr6wy1umwfMvrxpsE7/tPn//8y8dSAuQZb+mLoEoA+XYUr/EMf3t81mtwEd2qGPHbp2QLscoW58e5vGdPj3/yR9gKlCn/XHhe+bfkobBJu3zWazyYZ26sb3zTgl7T82Q9uiT3nM06p63+wj2OwjMOafYlcB2Pz4OORHB8bxmbxvogpEFcAJ8v9+H5uS9n3zC6uq3//GqurfN7pxY23b599ZVf3ld2TMf4AJ5e0A1zT5UabL556/f7vNP3f/aT7Z3TCCDcuyLEfqKzjjS0wIHy3Pmiz3IWcmzwaTzKYM7yFz20td5DRnraHgDZ9o3xQMlRfo482x7lgVxpgz+MosbVd/7YTIue4fz/VFjU96YSuumSyGjFkD1ceFuZTUUiKjzcaSxr1GOcXB1aNNHwVUu2+Wsc8ryPmsTxRmLWiqxD0OvCEG8bU7JxVmcAYabjE60UfUiEGuUQ3li9hzMA+JB8uHn1L0kmFcsL1s75Fe0ZA/SzYTsxdBJmxshRdDLSqsV/rtqSjOoCCixIuoGUXrPsu7ykf61Zzh8JofxpmSyCAKaJBKxMhWbZaG0W1k+FqcVsqu+/1WVLn72nu0kt+0F3fuPLE+DlthvfMZtAmfOx1NUskxGd1W+vlUUNapte2ngKv95XZhjfykcaAirCDj5TtxFG6G6cQnP8BJmraBoIl2kD17MsVqJFaUE162+VpMRXiC5bF5FIu64IsObhyd99iKxWdYpMoD06saOxFuGeGyYjQJtE+qfQ8KUXG2qqWvdN4v131bMI10uBLN68Br0lYsDsrS2cnY13JJg0BNQuH7pmlrkPyWpDOM05+CPqK0y/8qMT83XHi3WkOp97naRJfa5fScE8Zkdtneiw6MYPYVbaRhxh06Yy+KE2PI+bV9cGdueeDVqX0KfhP54l3JH9nT3EL9XiRbHN5RHR9jmBS9uXSZEG/dAwnmOBe85J4UV1yFiSwrCDPollGxjLX0Br8VvKjeyNSViUAnWdVdOXK01uDqKLgprYyNc0v+8IMnMefjDZxkUplPQGDW+3TmXvvs4ZnmsheXscyujOdbUu5WZHDOdP7lhlzXNVx2PvO+1IVGskp7Kpgsw0oyLY75TNnreXzOwm06zIDmq1KuVgt6r5qatCtTzgLkmy3ryyS4jNkLkSqwty8An4dcVdt0PniH2HcKP7/fUsWWHT71S1JiR+7Fc/5lfpE0flyeY07XJa90xRK0z6MVdA5XpsTg1MMhOG1z79J2h3vRL47jTk6ZRGFVPSFwhnG6ZoZCNSlR+R1+w2UHi3lsPBXYRa/21OEKdBKXRDhJXuh5LLNcOook1IdV5CjvtESCU65E47O6OgOvWCTEYRw7GIBu+X0zIVjBEaB0Gn5zHVmVbXZHKC5Pe9ZPqR8W0LR/mdRP5shHSb5yBlLmFNlWYMk6p96bq7CqMaq2CpmLAUEk7W3BOYRyBtLgEMOsX8wTftDkLAmHfXczxIdEh5wKKDUXCQvELzK2HNy6tVF9aQheE2Kdjf3iiZvDybEqUorFK3WCTWoeprLl0aG4n93FCip4FrW85xLTxSacIdxZFx+YSkUq561V6S/669bSJ5/nL+GJls6jqYayGffWYwwVLHwqlLlc3Bm5/rXWDBKL8ipfTEWpL/ujaVbevj6OGpTOUEBb2nzNVENu45MlUfloLWBp1lGN9XoVdL4fB35ssv65Xg9tytg0Hl6vXkOeqGa+HzR5YG7cMRL2HvS72cai/LyyOh+yBSO8SuJG+RYJZOx4ayPViN3iVZMCrhgi2IdxYDKXYK3drLh0krYi7tjb0la3JcnpubSo53EmePPUhP1eV/GRLo/pVrSfvlmiux6wlSfP7kUbAgrXEveFvACluiCme/1cHLjjMaQgoWmMp5R4NWY1c5PdAnvyRcVhD8apXPG6nXtYqIjB/nfqWduTzpj2p5febvfl7V8BAAD//1z/TeVICgAA"
          },
          "sensitive_attributes": []
        }
      ]
    },
    {
      "mode": "data",
      "type": "template_cloudinit_config",
      "name": "configelastic",
      "provider": "provider[\"registry.terraform.io/hashicorp/template\"]",
      "instances": [
        {
          "schema_version": 0,
          "attributes": {
            "base64_encode": true,
            "gzip": true,
            "id": "863804561",
            "part": [
              {
                "content": "#cloud-config\npackage_update: true\npackages:\n  - apt-transport-https\n\nusers:\n  - default\n  - name: quentin\n    groups: sudo, root\n    shell: /bin/bash\n    plain_text_passwd: blabla123!\n    sudo: 'ALL=(ALL) NOPASSWD:ALL'\n    ssh_authorized_keys:\n        - \u003e-\n          ssh-rsa AAAAB3NzaC1yc2EAAAADAQABAAABgQDAXuIAe8DVtQ+qHpbTnCMn5iP1u7WQEOLDE76PTRZ0lYc0TrWJvH+zWzpEbTK/fwzx5sw7yAlBnuR83cAOtm6y8Gk5yktOogsk71VnJ9cXKV7QWtX5o/nysqhliBWAW2jQmEMLHBf4DOFXcKpCdl0OBOtrPct976tnFXhM5n5WF0wrQ4dVikfWe57yg0BX+G+ZbNl7iDCHS8cAGEI2S0ziGOLjl0qJq+9jjCaj2bdVb5vtbz/ghplWtNKQvirxvfOC5H3XbX7aeH2sAlogeYbPs8DmFuz5Smq/+FLBZzqV7JhPMxBCpVFm6r+EzZDgiS2WB96Q3Jh0ItPz7wwJtgpLmSWeaBmWyPGAOh9MBal2RXgDIZ26EPOQTc9WX1377SaEMFSXgwq3e0mtFl5TYG+hzjujY9ik6nfjyLy1yNaPB7hq0z0cCijeJf0Nlm092Ukb1IJOndiS9LSZXjFJT+LRNz7hqyK/oj8nH4K2nx4DMH+Fj4JypSdsqmIk7aXLdYE= nomad@device\n  - name: steph\n    groups: sudo, root\n    shell: /bin/bash\n    plain_text_passwd: blabla123!\n    sudo: 'ALL=(ALL) NOPASSWD:ALL'\n    ssh_authorized_keys:\n        - \u003e-\n          ssh-rsa AAAAB3NzaC1yc2EAAAADAQABAAABgQCnBYZRoOJm/hLnbGmUBNhBEsdvUAqVb48EQql7OeYgB4pO/FFu8OIhKofBCByf1l9owEWnbWFZJhfgwQ+iNZjd+1iZtmc6cidjqQypgEc+U43avchEVdZdjK1LidIIJt0O7o8L0gARNn1PjDFLP3eUI2XN3ALUzB3sRzXKTJ1QHz8S1ByhfWXw2vhsPa9I3Jv9aE8zZuCBx/gfVQQy/FyskgK8VWRHhUl3XCgNDxUYBppnBgCCDWHpYOdzH/5XuRORdgMccDgJ/NhcCgY+erva7DlkIlzRiVxm5uMK8kvEiDn+AWI3aGsgxt3LaS+xaiw4hLLoev4V4cWTjWhZPeJSITDeWk3HAsBxDBWGvx3716ywsh7mkDJpjyXow6RXpTBke2rTmr4X9+hVGop4ZjqyTTUuTkdbYllwiaTrsuKgOJ5ne2lWp1P1IT0cD0s9j0GNl/54KaN31HFiuHVYVVA8yGp532LfRjhthpMdHiuhJbswlKTrDJR3i1iccT0aiUk= utilisateur@UTILISA-2JUD7VR\n  - name: ryano\n    groups: sudo, root\n    shell: /bin/bash\n    plain_text_passwd: blabla123!\n    sudo: 'ALL=(ALL) NOPASSWD:ALL'\n    ssh_authorized_keys:\n        - \u003e-\n          ssh-rsa AAAAB3NzaC1yc2EAAAADAQABAAABgQCuQsDbdhzBOtJvetSRXRINBLZnKEzLctl+J3hFX22doPy1Btth8i7a4cigqyQ914MIgdYr/pPOFfH7YBLa5LhF2Racx3cRT1RPobmGn2DMEcNAcWjw1Qr9TRl3HcFK59ineQ4ukoDt4jZCUyRXliCFMhqBdQU0u182UvNFf0L5bLBVzlkWyNxPo79WDDGY97HCsQLYIQcqRfsYJ0YwJ5QyGUvtUWKmMO30bhlhyQJJmG/6QQlV/m6sMiHCiEt+7Qxv5n3+c9RH5hsRyaynzsLcNmzENDqsrDsngqwzK4oe8S71YKKVn395nvZ4MIr8PB6bE/ViWpvS0bhCzANDYAj8Exk2P5WR3aI06PobLOcUjxm3E1JOFa/YcXQ8GXzmUgjGpHMztB6qSH+NSHHTqBejmvsv2DQ9nYq/NL1s7k6e+FSwWQktZNXAlVIvUGMrX51MdUxtVXteNEFe/NCj4B66Y5i2MM8VJk1lsgm8PIUj0wDjlB0f8TlUFK+vqijLt80= utilisateur@UTILISA-ASVHC0M\n\nwrite_files:\n  - path: /home/elastic/elasticsearch.yml\n    content: \"cluster.name: my-application\\nnode.name: node-1\\npath.data: /var/lib/elasticsearch\\npath.logs: /var/log/elasticsearch\\nnetwork.host: 10.4.0.4\\nxpack.security.enabled: true\\nxpack.security.enrollment.enabled: true\\nxpack.security.http.ssl:\\n  enabled: false\\n  keystore.path: certs/http.p12\\n\\nxpack.security.transport.ssl:\\n  enabled: true\\n  verification_mode: certificate\\n  keystore.path: certs/transport.p12\\n  truststore.path: certs/transport.p12\\ncluster.initial_master_nodes: [\\\"node-1\\\"]\\nhttp.host: 0.0.0.0\\n\"\n\n\nruncmd:\n  - wget -qO - https://artifacts.elastic.co/GPG-KEY-elasticsearch | sudo gpg --dearmor -o /usr/share/keyrings/elasticsearch-keyring.gpg\n  - echo \"deb [signed-by=/usr/share/keyrings/elasticsearch-keyring.gpg] https://artifacts.elastic.co/packages/8.x/apt stable main\" | sudo tee /etc/apt/sources.list.d/elastic-8.x.list\n  - sudo apt-get update\n  - sudo apt install elasticsearch -y\n  - sudo cp /etc/elasticsearch/elasticsearch.yml /home/elastic/backup_elastisearch.yml\n  - sudo rm /etc/elasticsearch/elasticsearch.yml\n  - sudo cp /home/elastic/elasticsearch.yml /etc/elasticsearch/elasticsearch.yml\n  - sudo chown root:elasticsearch /etc/elasticsearch/elasticsearch.yml\n  - sudo chmod 660 /etc/elasticsearch/elasticsearch.yml\n  - sudo /bin/systemctl daemon-reload\n  - sudo /bin/systemctl enable elasticsearch.service\n  - sudo systemctl start elasticsearch.service\n  - cd /usr/share/elasticsearch/bin \u0026\u0026 sudo ./elasticsearch-users useradd magento -p blablabla123! -r superuser\n\n\n",
                "content_type": "text/cloud-config",
                "filename": "../cloud-init/cloud-init-elastic.yaml",
                "merge_type": ""
              }
            ],
            "rendered": "H4sIAAAAAAAA/9xYa4+qyNb+brL/A2+/ycw58SDgDXWyTwbEGyKKN9DpSaeAEgqLAqlChZwff6J27909ey5nf53uRKnFU89aq2oteMp+QhgkjF8XKexxcY4ZSkHGhBhdof8T5yY58UFWfH6aTWYDdb4xNWW5e6rcRvwWZhQlpMdJNfFT5VOF59+DPlXeuDVE04QidscCxoAXxpCwn7gDwpCAGH5+qtUEDye5zyOC2LtLHmJAGfJqBYjx01fKdQYIPcCMHxAv8REJepzsIvYOcM+Hwesbm5eQAwo+VWYoht9E/v/vMZUUeEcQwJc89QG7sWQ5fDPSXoXjeA6kjGe3GNIkY3zIWEorlZzC7PW+Dw8gx+x+fcuwx51ySBgiFY7juCBL8pT2OJr7yb+4LEnY3UxDiHGPE1xEBBfQ8G5MMUDk5ZbISwoovfg9zsXAxUCqN/7vMS33kx73o2IYn/+hGMY/OXO+UFYrW+sphvHjA0LDF5CzMMlQCf2XIyzucT7+eO7f/JfBHctnFHCKoihqwyxBXyq8+uA21BRLUW/mwNIUJ58osKNtmVU9jVN3Tfoz0kILKZdtazA3tIHcXqyXexHvPHGd2fp5XC3tMh2466lwuJTXFr3IhYJVki87DU+Zs7hddEbHVnFk8ySgR1naEr3rOdOtbNnMaSUCKegpxEi1FbseWfFgZozVQ1ObDx1vmvZ9LM7VOcsWHuvKbUaGTjhrkZY9FC+Z1fS36HiwYUsuAlF1qqPq3jWxjLT+eNXxlNFgUl+JJRrNjQiLJ/1U7UZRH0R119+6rTNzSyEIU2wzc2qdUXY9H+b91rjhuI4M4LhOFZwEcOcuaEeLh3nZWsUnoTo01H152sp6uJhd1X66HcbtrDoo91qAVnVb7bathh6KE7Yo5ctFZ0FqxCsbAjW2i8VImYfdmQpwfekE2mRfbw8Wc2vtdW1HasjyCgxmw5UTXE4NKMZsiFvr3agallEe7bro2CaHqDAKqTDBQpXDk1iKXh9FUD+IJo7Fbn1zdKWJPic+WnWN1d6Jhvq6aizNUg5PxVRIog4ZN6d1cm1qs3F1GDX1Il359BRPjjJwDH83+MyRJAb+zz48Iw++K3TKYBr+Xcq8T9TdfpnM9VgIDeKO4o1qhuqA+ueNctq6zc7AOmF5DneB2kznwnCYd+aTcJoc1L5aHCTcTS4Dm7j2cK+Hh+BiVZG5j/yqhPYs9toe8qOTVaTBwKtumg1w9sLB1t/70VQykD+Z6Eycy0nHEANlaRJpEWlDY9GAm0ndMRuKsSnVBl2WznStS9a47KwktQgPtnOpn0O6AN1JQz93waBT7vO+ehWCw9ayCmFY0GMw7Wzt5Tjc4IbTD0ztutmpaUrUoN/X7HG6m/vlWGg5+XK+9IOZ52mBLpih1w92VZidgazh4wSXS7S9xq18Nu0czwOkkapiTxpgRIMraxhgVb0CdGmGhpHAc3Pb9Ox1ZIf7BdRXk7UG7WNjrFD1qqn26HxtyFK7uNBQjo+ankaFk1zaSyddq0dYz9Zx1nS61XA7StLmPjoV6/UmXx99d4fxBYF1RvNpMNdbBNaxnUoLabIWPU2k3UgcmVhoNafAbEjjIcrH2912q3SKUdpq1I3DMgpZmM78McpD3aUXPF1nmr5sIAl53loEaHP8zOUMYUQBg3n282Y9MSYrha/rG03eLt9VfVYAkvxtqj63qOb6YanOmX6GbLV0lhNTNfZkOigNj+Gq3giHTr3uJ4tCUhkLO0gGTQ8Fp8LqSs3ZJPB3mZAu5sPDWN6pBmgZ4bC+BN614S3X0nKRuPGI1LXZwDMVz44ukpV110vcGHvDaauLCLSa+THRWDPa9zfF0sGoP5yFJ9W3NmIudeqbszk8iEbLNdRtiY92YV4Xidy1NW2068rjPrWM3cTyTssD3eni7qK3rGK0ObONPY1n84bohjgsLF2PR0LbsvBWiNt0hsZ9NGBV2bqeW6RR9brLcSukywIUpKSGZ8blwNRONNMoCU6XctpMYGclS7vpdEsa3RY575uzSdZZqG13IGyRnZ5Xohv2S8XUdkrUGVyP9UXLXjbARGwvEteYe5voGjcGkj4fAmHnOVZn5JTxJohG6XhWMrV9Wo2r5mo8Xp9UGMVneq5rVpfsToJpSFQ+tmF1uLrY1pHtTUfB28l5M5plTkua+Zsr2zoMmoMhFMx+1FTb7V0L1WezzlY/SpgGcWcx2UTiRYuwKh46a7wZTqvnE4oM1hF/v+qV1XbcF2eVyiVDDL7c1Nur3EkBC3ucECYxFF4V29s3hSDzwloR43sZeg991uOePJxTBrPao3/iggdpipEHbjLxmZDEh6+3bpe89ExuTmo+YKDHCWeQCRi5H528QnAS0DdIEvwWQiC7JNmxFiaU9ThJrDVrYq35TK43gVej0MszxIoaJMDF0H+Iv9+5myUY30TsXwBvyrBGKe49E477Aj0ATOHNcutVlmSw9lhAD2aMCvc5qVR/Jt/QfZGc33I+3HPcGWbo8LqML3Hiwwftw/bHTr8y3z1zNz7K/hL3tok3rY4AfonBbfhy2zLa4355fnrdvKdfn8k9r8eyi7X7/zN5qlQqWU682H8U0iWAjONPc47n7qK6JwjgFjzwGK29nQW8RBgtRvx0sOM/bC73n/vjkgvSgON5H4IsTjKOTzghp5lAQ5BB4QiLDJGAfiwL/tVcC9LgHgf0woR78qHL/UJRQKDPu8Xn76L59c8TeDtOCJ3aVQAp4yi7bSQXA0Se3hJhEHICZN4NINAkzzxIaxhRVvPfHPOd2vVuuod9n3U7m9yW8XF8+WDnEKEMYMx9XDe++Iry0ofLD4hvm/k3ze4C75inL4/hh5Z/pc3i/4n2Yxx//jz5XsIwuZD7+7j3MfvvpYkTn2u3xe+cd3/x04IyGHsMcz6AcUL4DOIE+H+IenT3x92qUZh9kdz3SV/xlIGM/Qnc89/3wsfYXUS4H354MNZ+U9f3ky13+wS+z8UggIQlHJ++qpVXwcLxGUfzFGY3YKXyzS8CPP+p8t8AAAD//5dfE5dwEAAA"
          },
          "sensitive_attributes": []
        }
      ]
    },
    {
      "mode": "data",
      "type": "template_file",
      "name": "scriptapp",
      "provider": "provider[\"registry.terraform.io/hashicorp/template\"]",
      "instances": [
        {
          "schema_version": 0,
          "attributes": {
            "filename": null,
            "id": "694d90fb59c32331a6bf7c5727a46159043da9140b8788e38c213829879aebae",
            "rendered": "#cloud-config\npackage_update: true\npackages:\n  - composer\n  - mariadb-client\n  - mariadb-client-10.1\n  - nfs-common\n  - nginx\n\nusers:\n  - default\n  - name: quentin\n    groups: sudo, root\n    shell: /bin/bash\n    plain_text_passwd: blablabla123!\n    sudo: 'ALL=(ALL) NOPASSWD:ALL'\n    ssh_authorized_keys:\n        - \u003e-\n          ssh-rsa AAAAB3NzaC1yc2EAAAADAQABAAABgQDAXuIAe8DVtQ+qHpbTnCMn5iP1u7WQEOLDE76PTRZ0lYc0TrWJvH+zWzpEbTK/fwzx5sw7yAlBnuR83cAOtm6y8Gk5yktOogsk71VnJ9cXKV7QWtX5o/nysqhliBWAW2jQmEMLHBf4DOFXcKpCdl0OBOtrPct976tnFXhM5n5WF0wrQ4dVikfWe57yg0BX+G+ZbNl7iDCHS8cAGEI2S0ziGOLjl0qJq+9jjCaj2bdVb5vtbz/ghplWtNKQvirxvfOC5H3XbX7aeH2sAlogeYbPs8DmFuz5Smq/+FLBZzqV7JhPMxBCpVFm6r+EzZDgiS2WB96Q3Jh0ItPz7wwJtgpLmSWeaBmWyPGAOh9MBal2RXgDIZ26EPOQTc9WX1377SaEMFSXgwq3e0mtFl5TYG+hzjujY9ik6nfjyLy1yNaPB7hq0z0cCijeJf0Nlm092Ukb1IJOndiS9LSZXjFJT+LRNz7hqyK/oj8nH4K2nx4DMH+Fj4JypSdsqmIk7aXLdYE= nomad@device\n  - name: steph\n    groups: sudo, root\n    shell: /bin/bash\n    plain_text_passwd: blablabla123!\n    sudo: 'ALL=(ALL) NOPASSWD:ALL'\n    ssh_authorized_keys:\n        - \u003e-\n          ssh-rsa AAAAB3NzaC1yc2EAAAADAQABAAABgQCnBYZRoOJm/hLnbGmUBNhBEsdvUAqVb48EQql7OeYgB4pO/FFu8OIhKofBCByf1l9owEWnbWFZJhfgwQ+iNZjd+1iZtmc6cidjqQypgEc+U43avchEVdZdjK1LidIIJt0O7o8L0gARNn1PjDFLP3eUI2XN3ALUzB3sRzXKTJ1QHz8S1ByhfWXw2vhsPa9I3Jv9aE8zZuCBx/gfVQQy/FyskgK8VWRHhUl3XCgNDxUYBppnBgCCDWHpYOdzH/5XuRORdgMccDgJ/NhcCgY+erva7DlkIlzRiVxm5uMK8kvEiDn+AWI3aGsgxt3LaS+xaiw4hLLoev4V4cWTjWhZPeJSITDeWk3HAsBxDBWGvx3716ywsh7mkDJpjyXow6RXpTBke2rTmr4X9+hVGop4ZjqyTTUuTkdbYllwiaTrsuKgOJ5ne2lWp1P1IT0cD0s9j0GNl/54KaN31HFiuHVYVVA8yGp532LfRjhthpMdHiuhJbswlKTrDJR3i1iccT0aiUk= utilisateur@UTILISA-2JUD7VR\n  - name: ryano\n    groups: sudo, root\n    shell: /bin/bash\n    plain_text_passwd: blablabla123!\n    sudo: 'ALL=(ALL) NOPASSWD:ALL'\n    ssh_authorized_keys:\n        - \u003e-\n          ssh-rsa AAAAB3NzaC1yc2EAAAADAQABAAABgQCuQsDbdhzBOtJvetSRXRINBLZnKEzLctl+J3hFX22doPy1Btth8i7a4cigqyQ914MIgdYr/pPOFfH7YBLa5LhF2Racx3cRT1RPobmGn2DMEcNAcWjw1Qr9TRl3HcFK59ineQ4ukoDt4jZCUyRXliCFMhqBdQU0u182UvNFf0L5bLBVzlkWyNxPo79WDDGY97HCsQLYIQcqRfsYJ0YwJ5QyGUvtUWKmMO30bhlhyQJJmG/6QQlV/m6sMiHCiEt+7Qxv5n3+c9RH5hsRyaynzsLcNmzENDqsrDsngqwzK4oe8S71YKKVn395nvZ4MIr8PB6bE/ViWpvS0bhCzANDYAj8Exk2P5WR3aI06PobLOcUjxm3E1JOFa/YcXQ8GXzmUgjGpHMztB6qSH+NSHHTqBejmvsv2DQ9nYq/NL1s7k6e+FSwWQktZNXAlVIvUGMrX51MdUxtVXteNEFe/NCj4B66Y5i2MM8VJk1lsgm8PIUj0wDjlB0f8TlUFK+vqijLt80= utilisateur@UTILISA-ASVHC0M\n\nwrite_files:\n  - path: /home/magento/magento\n    content: \"upstream fastcgi_backend {\\n  server  unix:/run/php/php8.1-fpm.sock;\\n}\\n\\nserver {\\n  listen 80;\\n  server_name _;\\n  set $MAGE_ROOT /var/www/html/magento2;\\n  include /var/www/html/magento2/nginx.conf.sample;\\n}\\n\"\n\nruncmd:\n  - sudo apt install software-properties-common \u0026\u0026 sudo add-apt-repository ppa:ondrej/php -y\n  - sudo apt update\n  - sudo export PATH=$PATH:/var/www/html/magento2/bin\n  - sudo apt upgrade -y\n  - sudo apt install -y libxml2 libxml2-dev libssl-dev libssl1.1\n  - sudo apt install -y php8.1 php8.1-common php8.1-xml php8.1-mbstring php8.1-curl php8.1-gd php8.1-intl php-json php8.1-mysql php8.1-soap php-sodium php-tokenizer php8.1-xsl php-zip php-bcmath php8.1-fpm\n  - sudo mkdir /var/www/html/magento2\n  - cd /home/magento \u0026\u0026 sudo curl -O https://MAG005875421:af7e13b80644f2a44187f446f55bb76d5c156b3b@www.magentocommerce.com/products/downloads/file/Magento-CE-2.4.4.tar.bz2\n  - sudo tar -C /var/www/html/magento2/ -xvf /home/magento/Magento-CE-2.4.4.tar.bz2\n  - cd /var/www/html/\n  - sudo find var generated vendor pub/static pub/media app/etc -type f -exec chmod g+w {} +\n  - sudo find var generated vendor pub/static pub/media app/etc -type d -exec chmod g+ws {} +\n  - sudo chown -R www-data:www-data /var/www/html\n  - sudo chmod u+x bin/magento\n  - cd /var/www/html/magento2 \u0026\u0026 sudo php bin/magento setup:install -vvv --base-url=https://magentobrief4.eastus2.cloudapp.azure.com --db-host=magento-mariadb-server.privatelink.mariadb.database.azure.com --db-name=mariadb_database --db-user=magento@magento-mariadb-server --db-password=blablabla123! --admin-firstname=admin --admin-lastname=admin --admin-email=ryanmagento@gmail.com --admin-user=admin --admin-password=admin123 --language=en_US --currency=USD --timezone=America/Chicago --use-rewrites=1 --search-engine=elasticsearch7 --elasticsearch-host=10.4.0.4 --elasticsearch-port=9200 --elasticsearch-index-prefix=magento2 --elasticsearch-timeout=15 --elasticsearch-username=magento --elasticsearch-password=blablabla123! --elasticsearch-enable-auth=1\n  - sudo apt-get remove apache2 -y\n  - sudo apt-get autoremove apache2 -y\n  - sudo apt-get purge apache2 -y\n  - sudo apt-get autoremove --purge apache2 -y\n  - chown www-data:www-data -R /var/www/html/magento2/var/\n  - sudo echo \"memory_limit = 2G\" \u003e\u003e vim /etc/php/8.1/fpm/php.ini\n  - sudo echo \"max_execution_time = 1800\" \u003e\u003e vim /etc/php/8.1/fpm/php.ini\n  - sudo echo \"zlib.output_compression = On\" \u003e\u003e vim /etc/php/8.1/fpm/php.ini\n  - sudo echo \"memory_limit = 2G\" \u003e\u003e vim /etc/php/8.1/cli/php.ini\n  - sudo echo \"max_execution_time = 1800\" \u003e\u003e vim /etc/php/8.1/cli/php.ini\n  - sudo echo \"zlib.output_compression = On\" \u003e\u003e vim /etc/php/8.1/cli/php.ini\n  - sudo systemctl restart php8.1-fpm\n  - sudo chmod 775 ./generated/\n  - cd /var/www/html/magento2 \u0026\u0026 sudo bin/magento setup:di:compil\n  - sudo cp -R /var/www/html/magento2/pub /home/magento/pub\n  - sudo mkdir /etc/smbcredentials\n  - sudo bash -c 'echo \"username=staapp\" \u003e\u003e /etc/smbcredentials/staapp.cred'\n  - sudo bash -c 'echo \"password=VmdEXVWrIzg9g3HE1TVD/JjIpG610ZTfXe4vJ/dP6fwHEhJqbVc0LaQoWMgwCb984qM046f+hRbI+AStzii/dw==\" \u003e\u003e /etc/smbcredentials/staapp.cred'\n  - sudo chmod 600 /etc/smbcredentials/staapp.cred\n  - sudo bash -c 'echo \"//staapp.file.core.windows.net/magentoshare01 /var/www/html/magento2/pub cifs nofail,credentials=/etc/smbcredentials/staapp.cred,dir_mode=0777,file_mode=0777,serverino,nosharesock,actimeo=30\" \u003e\u003e /etc/fstab'\n  - sudo mount -t cifs //staapp.file.core.windows.net/magentoshare01 /var/www/html/magento2/pub -o credentials=/etc/smbcredentials/staapp.cred,dir_mode=0777,file_mode=0777,serverino,nosharesock,actimeo=30\n  - sudo cp -R /home/magento/pub/* /var/www/html/magento2/pub\n  - rm var/.maintenance.flag\n  - sudo bin/magento module:disable Magento_TwoFactorAuth\n  - sudo chown -R www-data:www-data /var/www/html/magento2/var/cache\n  - sudo chown -R www-data:www-data /var/www/html/magento2\n  - sudo apt install nginx\n  - sudo cp /home/magento/magento /etc/nginx/conf.d/magento.conf\n  - sudo rm /etc/nginx/sites-enabled/default\n  - sudo sed -i \"/^http {$/a add_header X-Backend-Server $hostname;\" /etc/nginx/nginx.conf\n  - sudo systemctl restart nginx",
            "template": "#cloud-config\npackage_update: true\npackages:\n  - composer\n  - mariadb-client\n  - mariadb-client-10.1\n  - nfs-common\n  - nginx\n\nusers:\n  - default\n  - name: quentin\n    groups: sudo, root\n    shell: /bin/bash\n    plain_text_passwd: blablabla123!\n    sudo: 'ALL=(ALL) NOPASSWD:ALL'\n    ssh_authorized_keys:\n        - \u003e-\n          ssh-rsa AAAAB3NzaC1yc2EAAAADAQABAAABgQDAXuIAe8DVtQ+qHpbTnCMn5iP1u7WQEOLDE76PTRZ0lYc0TrWJvH+zWzpEbTK/fwzx5sw7yAlBnuR83cAOtm6y8Gk5yktOogsk71VnJ9cXKV7QWtX5o/nysqhliBWAW2jQmEMLHBf4DOFXcKpCdl0OBOtrPct976tnFXhM5n5WF0wrQ4dVikfWe57yg0BX+G+ZbNl7iDCHS8cAGEI2S0ziGOLjl0qJq+9jjCaj2bdVb5vtbz/ghplWtNKQvirxvfOC5H3XbX7aeH2sAlogeYbPs8DmFuz5Smq/+FLBZzqV7JhPMxBCpVFm6r+EzZDgiS2WB96Q3Jh0ItPz7wwJtgpLmSWeaBmWyPGAOh9MBal2RXgDIZ26EPOQTc9WX1377SaEMFSXgwq3e0mtFl5TYG+hzjujY9ik6nfjyLy1yNaPB7hq0z0cCijeJf0Nlm092Ukb1IJOndiS9LSZXjFJT+LRNz7hqyK/oj8nH4K2nx4DMH+Fj4JypSdsqmIk7aXLdYE= nomad@device\n  - name: steph\n    groups: sudo, root\n    shell: /bin/bash\n    plain_text_passwd: blablabla123!\n    sudo: 'ALL=(ALL) NOPASSWD:ALL'\n    ssh_authorized_keys:\n        - \u003e-\n          ssh-rsa AAAAB3NzaC1yc2EAAAADAQABAAABgQCnBYZRoOJm/hLnbGmUBNhBEsdvUAqVb48EQql7OeYgB4pO/FFu8OIhKofBCByf1l9owEWnbWFZJhfgwQ+iNZjd+1iZtmc6cidjqQypgEc+U43avchEVdZdjK1LidIIJt0O7o8L0gARNn1PjDFLP3eUI2XN3ALUzB3sRzXKTJ1QHz8S1ByhfWXw2vhsPa9I3Jv9aE8zZuCBx/gfVQQy/FyskgK8VWRHhUl3XCgNDxUYBppnBgCCDWHpYOdzH/5XuRORdgMccDgJ/NhcCgY+erva7DlkIlzRiVxm5uMK8kvEiDn+AWI3aGsgxt3LaS+xaiw4hLLoev4V4cWTjWhZPeJSITDeWk3HAsBxDBWGvx3716ywsh7mkDJpjyXow6RXpTBke2rTmr4X9+hVGop4ZjqyTTUuTkdbYllwiaTrsuKgOJ5ne2lWp1P1IT0cD0s9j0GNl/54KaN31HFiuHVYVVA8yGp532LfRjhthpMdHiuhJbswlKTrDJR3i1iccT0aiUk= utilisateur@UTILISA-2JUD7VR\n  - name: ryano\n    groups: sudo, root\n    shell: /bin/bash\n    plain_text_passwd: blablabla123!\n    sudo: 'ALL=(ALL) NOPASSWD:ALL'\n    ssh_authorized_keys:\n        - \u003e-\n          ssh-rsa AAAAB3NzaC1yc2EAAAADAQABAAABgQCuQsDbdhzBOtJvetSRXRINBLZnKEzLctl+J3hFX22doPy1Btth8i7a4cigqyQ914MIgdYr/pPOFfH7YBLa5LhF2Racx3cRT1RPobmGn2DMEcNAcWjw1Qr9TRl3HcFK59ineQ4ukoDt4jZCUyRXliCFMhqBdQU0u182UvNFf0L5bLBVzlkWyNxPo79WDDGY97HCsQLYIQcqRfsYJ0YwJ5QyGUvtUWKmMO30bhlhyQJJmG/6QQlV/m6sMiHCiEt+7Qxv5n3+c9RH5hsRyaynzsLcNmzENDqsrDsngqwzK4oe8S71YKKVn395nvZ4MIr8PB6bE/ViWpvS0bhCzANDYAj8Exk2P5WR3aI06PobLOcUjxm3E1JOFa/YcXQ8GXzmUgjGpHMztB6qSH+NSHHTqBejmvsv2DQ9nYq/NL1s7k6e+FSwWQktZNXAlVIvUGMrX51MdUxtVXteNEFe/NCj4B66Y5i2MM8VJk1lsgm8PIUj0wDjlB0f8TlUFK+vqijLt80= utilisateur@UTILISA-ASVHC0M\n\nwrite_files:\n  - path: /home/magento/magento\n    content: \"upstream fastcgi_backend {\\n  server  unix:/run/php/php8.1-fpm.sock;\\n}\\n\\nserver {\\n  listen 80;\\n  server_name _;\\n  set $MAGE_ROOT /var/www/html/magento2;\\n  include /var/www/html/magento2/nginx.conf.sample;\\n}\\n\"\n\nruncmd:\n  - sudo apt install software-properties-common \u0026\u0026 sudo add-apt-repository ppa:ondrej/php -y\n  - sudo apt update\n  - sudo export PATH=$PATH:/var/www/html/magento2/bin\n  - sudo apt upgrade -y\n  - sudo apt install -y libxml2 libxml2-dev libssl-dev libssl1.1\n  - sudo apt install -y php8.1 php8.1-common php8.1-xml php8.1-mbstring php8.1-curl php8.1-gd php8.1-intl php-json php8.1-mysql php8.1-soap php-sodium php-tokenizer php8.1-xsl php-zip php-bcmath php8.1-fpm\n  - sudo mkdir /var/www/html/magento2\n  - cd /home/magento \u0026\u0026 sudo curl -O https://MAG005875421:af7e13b80644f2a44187f446f55bb76d5c156b3b@www.magentocommerce.com/products/downloads/file/Magento-CE-2.4.4.tar.bz2\n  - sudo tar -C /var/www/html/magento2/ -xvf /home/magento/Magento-CE-2.4.4.tar.bz2\n  - cd /var/www/html/\n  - sudo find var generated vendor pub/static pub/media app/etc -type f -exec chmod g+w {} +\n  - sudo find var generated vendor pub/static pub/media app/etc -type d -exec chmod g+ws {} +\n  - sudo chown -R www-data:www-data /var/www/html\n  - sudo chmod u+x bin/magento\n  - cd /var/www/html/magento2 \u0026\u0026 sudo php bin/magento setup:install -vvv --base-url=https://${fqdn_app} --db-host=magento-mariadb-server.privatelink.mariadb.database.azure.com --db-name=mariadb_database --db-user=magento@magento-mariadb-server --db-password=blablabla123! --admin-firstname=admin --admin-lastname=admin --admin-email=ryanmagento@gmail.com --admin-user=admin --admin-password=admin123 --language=en_US --currency=USD --timezone=America/Chicago --use-rewrites=1 --search-engine=elasticsearch7 --elasticsearch-host=10.4.0.4 --elasticsearch-port=9200 --elasticsearch-index-prefix=magento2 --elasticsearch-timeout=15 --elasticsearch-username=magento --elasticsearch-password=blablabla123! --elasticsearch-enable-auth=1\n  - sudo apt-get remove apache2 -y\n  - sudo apt-get autoremove apache2 -y\n  - sudo apt-get purge apache2 -y\n  - sudo apt-get autoremove --purge apache2 -y\n  - chown www-data:www-data -R /var/www/html/magento2/var/\n  - sudo echo \"memory_limit = 2G\" \u003e\u003e vim /etc/php/8.1/fpm/php.ini\n  - sudo echo \"max_execution_time = 1800\" \u003e\u003e vim /etc/php/8.1/fpm/php.ini\n  - sudo echo \"zlib.output_compression = On\" \u003e\u003e vim /etc/php/8.1/fpm/php.ini\n  - sudo echo \"memory_limit = 2G\" \u003e\u003e vim /etc/php/8.1/cli/php.ini\n  - sudo echo \"max_execution_time = 1800\" \u003e\u003e vim /etc/php/8.1/cli/php.ini\n  - sudo echo \"zlib.output_compression = On\" \u003e\u003e vim /etc/php/8.1/cli/php.ini\n  - sudo systemctl restart php8.1-fpm\n  - sudo chmod 775 ./generated/\n  - cd /var/www/html/magento2 \u0026\u0026 sudo bin/magento setup:di:compil\n  - sudo cp -R /var/www/html/magento2/pub /home/magento/pub\n  - sudo mkdir /etc/smbcredentials\n  - sudo bash -c 'echo \"username=staapp\" \u003e\u003e /etc/smbcredentials/staapp.cred'\n  - sudo bash -c 'echo \"password=${password}\" \u003e\u003e /etc/smbcredentials/staapp.cred'\n  - sudo chmod 600 /etc/smbcredentials/staapp.cred\n  - sudo bash -c 'echo \"//staapp.file.core.windows.net/magentoshare01 /var/www/html/magento2/pub cifs nofail,credentials=/etc/smbcredentials/staapp.cred,dir_mode=0777,file_mode=0777,serverino,nosharesock,actimeo=30\" \u003e\u003e /etc/fstab'\n  - sudo mount -t cifs //staapp.file.core.windows.net/magentoshare01 /var/www/html/magento2/pub -o credentials=/etc/smbcredentials/staapp.cred,dir_mode=0777,file_mode=0777,serverino,nosharesock,actimeo=30\n  - sudo cp -R /home/magento/pub/* /var/www/html/magento2/pub\n  - rm var/.maintenance.flag\n  - sudo bin/magento module:disable Magento_TwoFactorAuth\n  - sudo chown -R www-data:www-data /var/www/html/magento2/var/cache\n  - sudo chown -R www-data:www-data /var/www/html/magento2\n  - sudo apt install nginx\n  - sudo cp /home/magento/magento /etc/nginx/conf.d/magento.conf\n  - sudo rm /etc/nginx/sites-enabled/default\n  - sudo sed -i \"/^http {$/a add_header X-Backend-Server $hostname;\" /etc/nginx/nginx.conf\n  - sudo systemctl restart nginx",
            "vars": {
              "fqdn_app": "magentobrief4.eastus2.cloudapp.azure.com",
              "ip_bdd": "10.3.0.4",
              "ip_public": "20.230.11.84",
              "password": "VmdEXVWrIzg9g3HE1TVD/JjIpG610ZTfXe4vJ/dP6fwHEhJqbVc0LaQoWMgwCb984qM046f+hRbI+AStzii/dw=="
            }
          },
          "sensitive_attributes": [
            [
              {
                "type": "get_attr",
                "value": "vars"
              },
              {
                "type": "index",
                "value": {
                  "value": "password",
                  "type": "string"
                }
              }
            ]
          ]
        }
      ]
    },
    {
      "mode": "data",
      "type": "template_file",
      "name": "scriptbastion",
      "provider": "provider[\"registry.terraform.io/hashicorp/template\"]",
      "instances": [
        {
          "schema_version": 0,
          "attributes": {
            "filename": null,
            "id": "3748fa0661d4532f60b20533cc323a5d727991cdb7a96b9a9548db5819ec09bb",
            "rendered": "#cloud-config\npackage_update: true\npackages:\n  - apt-transport-https\n\nusers:\n  - default\n  - name: quentin\n    groups: sudo, root\n    shell: /bin/bash\n    plain_text_passwd: blabla123!\n    sudo: 'ALL=(ALL) NOPASSWD:ALL'\n    ssh_authorized_keys:\n        - \u003e-\n          ssh-rsa AAAAB3NzaC1yc2EAAAADAQABAAABgQDAXuIAe8DVtQ+qHpbTnCMn5iP1u7WQEOLDE76PTRZ0lYc0TrWJvH+zWzpEbTK/fwzx5sw7yAlBnuR83cAOtm6y8Gk5yktOogsk71VnJ9cXKV7QWtX5o/nysqhliBWAW2jQmEMLHBf4DOFXcKpCdl0OBOtrPct976tnFXhM5n5WF0wrQ4dVikfWe57yg0BX+G+ZbNl7iDCHS8cAGEI2S0ziGOLjl0qJq+9jjCaj2bdVb5vtbz/ghplWtNKQvirxvfOC5H3XbX7aeH2sAlogeYbPs8DmFuz5Smq/+FLBZzqV7JhPMxBCpVFm6r+EzZDgiS2WB96Q3Jh0ItPz7wwJtgpLmSWeaBmWyPGAOh9MBal2RXgDIZ26EPOQTc9WX1377SaEMFSXgwq3e0mtFl5TYG+hzjujY9ik6nfjyLy1yNaPB7hq0z0cCijeJf0Nlm092Ukb1IJOndiS9LSZXjFJT+LRNz7hqyK/oj8nH4K2nx4DMH+Fj4JypSdsqmIk7aXLdYE= nomad@device\n  - name: steph\n    groups: sudo, root\n    shell: /bin/bash\n    plain_text_passwd: blabla123!\n    sudo: 'ALL=(ALL) NOPASSWD:ALL'\n    ssh_authorized_keys:\n        - \u003e-\n          ssh-rsa AAAAB3NzaC1yc2EAAAADAQABAAABgQCnBYZRoOJm/hLnbGmUBNhBEsdvUAqVb48EQql7OeYgB4pO/FFu8OIhKofBCByf1l9owEWnbWFZJhfgwQ+iNZjd+1iZtmc6cidjqQypgEc+U43avchEVdZdjK1LidIIJt0O7o8L0gARNn1PjDFLP3eUI2XN3ALUzB3sRzXKTJ1QHz8S1ByhfWXw2vhsPa9I3Jv9aE8zZuCBx/gfVQQy/FyskgK8VWRHhUl3XCgNDxUYBppnBgCCDWHpYOdzH/5XuRORdgMccDgJ/NhcCgY+erva7DlkIlzRiVxm5uMK8kvEiDn+AWI3aGsgxt3LaS+xaiw4hLLoev4V4cWTjWhZPeJSITDeWk3HAsBxDBWGvx3716ywsh7mkDJpjyXow6RXpTBke2rTmr4X9+hVGop4ZjqyTTUuTkdbYllwiaTrsuKgOJ5ne2lWp1P1IT0cD0s9j0GNl/54KaN31HFiuHVYVVA8yGp532LfRjhthpMdHiuhJbswlKTrDJR3i1iccT0aiUk= utilisateur@UTILISA-2JUD7VR\n  - name: ryano\n    groups: sudo, root\n    shell: /bin/bash\n    plain_text_passwd: blabla123!\n    sudo: 'ALL=(ALL) NOPASSWD:ALL'\n    ssh_authorized_keys:\n        - \u003e-\n          ssh-rsa AAAAB3NzaC1yc2EAAAADAQABAAABgQCuQsDbdhzBOtJvetSRXRINBLZnKEzLctl+J3hFX22doPy1Btth8i7a4cigqyQ914MIgdYr/pPOFfH7YBLa5LhF2Racx3cRT1RPobmGn2DMEcNAcWjw1Qr9TRl3HcFK59ineQ4ukoDt4jZCUyRXliCFMhqBdQU0u182UvNFf0L5bLBVzlkWyNxPo79WDDGY97HCsQLYIQcqRfsYJ0YwJ5QyGUvtUWKmMO30bhlhyQJJmG/6QQlV/m6sMiHCiEt+7Qxv5n3+c9RH5hsRyaynzsLcNmzENDqsrDsngqwzK4oe8S71YKKVn395nvZ4MIr8PB6bE/ViWpvS0bhCzANDYAj8Exk2P5WR3aI06PobLOcUjxm3E1JOFa/YcXQ8GXzmUgjGpHMztB6qSH+NSHHTqBejmvsv2DQ9nYq/NL1s7k6e+FSwWQktZNXAlVIvUGMrX51MdUxtVXteNEFe/NCj4B66Y5i2MM8VJk1lsgm8PIUj0wDjlB0f8TlUFK+vqijLt80= utilisateur@UTILISA-ASVHC0M\n",
            "template": "#cloud-config\npackage_update: true\npackages:\n  - apt-transport-https\n\nusers:\n  - default\n  - name: quentin\n    groups: sudo, root\n    shell: /bin/bash\n    plain_text_passwd: blabla123!\n    sudo: 'ALL=(ALL) NOPASSWD:ALL'\n    ssh_authorized_keys:\n        - \u003e-\n          ssh-rsa AAAAB3NzaC1yc2EAAAADAQABAAABgQDAXuIAe8DVtQ+qHpbTnCMn5iP1u7WQEOLDE76PTRZ0lYc0TrWJvH+zWzpEbTK/fwzx5sw7yAlBnuR83cAOtm6y8Gk5yktOogsk71VnJ9cXKV7QWtX5o/nysqhliBWAW2jQmEMLHBf4DOFXcKpCdl0OBOtrPct976tnFXhM5n5WF0wrQ4dVikfWe57yg0BX+G+ZbNl7iDCHS8cAGEI2S0ziGOLjl0qJq+9jjCaj2bdVb5vtbz/ghplWtNKQvirxvfOC5H3XbX7aeH2sAlogeYbPs8DmFuz5Smq/+FLBZzqV7JhPMxBCpVFm6r+EzZDgiS2WB96Q3Jh0ItPz7wwJtgpLmSWeaBmWyPGAOh9MBal2RXgDIZ26EPOQTc9WX1377SaEMFSXgwq3e0mtFl5TYG+hzjujY9ik6nfjyLy1yNaPB7hq0z0cCijeJf0Nlm092Ukb1IJOndiS9LSZXjFJT+LRNz7hqyK/oj8nH4K2nx4DMH+Fj4JypSdsqmIk7aXLdYE= nomad@device\n  - name: steph\n    groups: sudo, root\n    shell: /bin/bash\n    plain_text_passwd: blabla123!\n    sudo: 'ALL=(ALL) NOPASSWD:ALL'\n    ssh_authorized_keys:\n        - \u003e-\n          ssh-rsa AAAAB3NzaC1yc2EAAAADAQABAAABgQCnBYZRoOJm/hLnbGmUBNhBEsdvUAqVb48EQql7OeYgB4pO/FFu8OIhKofBCByf1l9owEWnbWFZJhfgwQ+iNZjd+1iZtmc6cidjqQypgEc+U43avchEVdZdjK1LidIIJt0O7o8L0gARNn1PjDFLP3eUI2XN3ALUzB3sRzXKTJ1QHz8S1ByhfWXw2vhsPa9I3Jv9aE8zZuCBx/gfVQQy/FyskgK8VWRHhUl3XCgNDxUYBppnBgCCDWHpYOdzH/5XuRORdgMccDgJ/NhcCgY+erva7DlkIlzRiVxm5uMK8kvEiDn+AWI3aGsgxt3LaS+xaiw4hLLoev4V4cWTjWhZPeJSITDeWk3HAsBxDBWGvx3716ywsh7mkDJpjyXow6RXpTBke2rTmr4X9+hVGop4ZjqyTTUuTkdbYllwiaTrsuKgOJ5ne2lWp1P1IT0cD0s9j0GNl/54KaN31HFiuHVYVVA8yGp532LfRjhthpMdHiuhJbswlKTrDJR3i1iccT0aiUk= utilisateur@UTILISA-2JUD7VR\n  - name: ryano\n    groups: sudo, root\n    shell: /bin/bash\n    plain_text_passwd: blabla123!\n    sudo: 'ALL=(ALL) NOPASSWD:ALL'\n    ssh_authorized_keys:\n        - \u003e-\n          ssh-rsa AAAAB3NzaC1yc2EAAAADAQABAAABgQCuQsDbdhzBOtJvetSRXRINBLZnKEzLctl+J3hFX22doPy1Btth8i7a4cigqyQ914MIgdYr/pPOFfH7YBLa5LhF2Racx3cRT1RPobmGn2DMEcNAcWjw1Qr9TRl3HcFK59ineQ4ukoDt4jZCUyRXliCFMhqBdQU0u182UvNFf0L5bLBVzlkWyNxPo79WDDGY97HCsQLYIQcqRfsYJ0YwJ5QyGUvtUWKmMO30bhlhyQJJmG/6QQlV/m6sMiHCiEt+7Qxv5n3+c9RH5hsRyaynzsLcNmzENDqsrDsngqwzK4oe8S71YKKVn395nvZ4MIr8PB6bE/ViWpvS0bhCzANDYAj8Exk2P5WR3aI06PobLOcUjxm3E1JOFa/YcXQ8GXzmUgjGpHMztB6qSH+NSHHTqBejmvsv2DQ9nYq/NL1s7k6e+FSwWQktZNXAlVIvUGMrX51MdUxtVXteNEFe/NCj4B66Y5i2MM8VJk1lsgm8PIUj0wDjlB0f8TlUFK+vqijLt80= utilisateur@UTILISA-ASVHC0M\n",
            "vars": null
          },
          "sensitive_attributes": []
        }
      ]
    },
    {
      "mode": "data",
      "type": "template_file",
      "name": "scriptelastic",
      "provider": "provider[\"registry.terraform.io/hashicorp/template\"]",
      "instances": [
        {
          "schema_version": 0,
          "attributes": {
            "filename": null,
            "id": "0b476b4640dc066008bc8e864e2a6bc523f4b36435d1d9523ecd56b6144bc43f",
            "rendered": "#cloud-config\npackage_update: true\npackages:\n  - apt-transport-https\n\nusers:\n  - default\n  - name: quentin\n    groups: sudo, root\n    shell: /bin/bash\n    plain_text_passwd: blabla123!\n    sudo: 'ALL=(ALL) NOPASSWD:ALL'\n    ssh_authorized_keys:\n        - \u003e-\n          ssh-rsa AAAAB3NzaC1yc2EAAAADAQABAAABgQDAXuIAe8DVtQ+qHpbTnCMn5iP1u7WQEOLDE76PTRZ0lYc0TrWJvH+zWzpEbTK/fwzx5sw7yAlBnuR83cAOtm6y8Gk5yktOogsk71VnJ9cXKV7QWtX5o/nysqhliBWAW2jQmEMLHBf4DOFXcKpCdl0OBOtrPct976tnFXhM5n5WF0wrQ4dVikfWe57yg0BX+G+ZbNl7iDCHS8cAGEI2S0ziGOLjl0qJq+9jjCaj2bdVb5vtbz/ghplWtNKQvirxvfOC5H3XbX7aeH2sAlogeYbPs8DmFuz5Smq/+FLBZzqV7JhPMxBCpVFm6r+EzZDgiS2WB96Q3Jh0ItPz7wwJtgpLmSWeaBmWyPGAOh9MBal2RXgDIZ26EPOQTc9WX1377SaEMFSXgwq3e0mtFl5TYG+hzjujY9ik6nfjyLy1yNaPB7hq0z0cCijeJf0Nlm092Ukb1IJOndiS9LSZXjFJT+LRNz7hqyK/oj8nH4K2nx4DMH+Fj4JypSdsqmIk7aXLdYE= nomad@device\n  - name: steph\n    groups: sudo, root\n    shell: /bin/bash\n    plain_text_passwd: blabla123!\n    sudo: 'ALL=(ALL) NOPASSWD:ALL'\n    ssh_authorized_keys:\n        - \u003e-\n          ssh-rsa AAAAB3NzaC1yc2EAAAADAQABAAABgQCnBYZRoOJm/hLnbGmUBNhBEsdvUAqVb48EQql7OeYgB4pO/FFu8OIhKofBCByf1l9owEWnbWFZJhfgwQ+iNZjd+1iZtmc6cidjqQypgEc+U43avchEVdZdjK1LidIIJt0O7o8L0gARNn1PjDFLP3eUI2XN3ALUzB3sRzXKTJ1QHz8S1ByhfWXw2vhsPa9I3Jv9aE8zZuCBx/gfVQQy/FyskgK8VWRHhUl3XCgNDxUYBppnBgCCDWHpYOdzH/5XuRORdgMccDgJ/NhcCgY+erva7DlkIlzRiVxm5uMK8kvEiDn+AWI3aGsgxt3LaS+xaiw4hLLoev4V4cWTjWhZPeJSITDeWk3HAsBxDBWGvx3716ywsh7mkDJpjyXow6RXpTBke2rTmr4X9+hVGop4ZjqyTTUuTkdbYllwiaTrsuKgOJ5ne2lWp1P1IT0cD0s9j0GNl/54KaN31HFiuHVYVVA8yGp532LfRjhthpMdHiuhJbswlKTrDJR3i1iccT0aiUk= utilisateur@UTILISA-2JUD7VR\n  - name: ryano\n    groups: sudo, root\n    shell: /bin/bash\n    plain_text_passwd: blabla123!\n    sudo: 'ALL=(ALL) NOPASSWD:ALL'\n    ssh_authorized_keys:\n        - \u003e-\n          ssh-rsa AAAAB3NzaC1yc2EAAAADAQABAAABgQCuQsDbdhzBOtJvetSRXRINBLZnKEzLctl+J3hFX22doPy1Btth8i7a4cigqyQ914MIgdYr/pPOFfH7YBLa5LhF2Racx3cRT1RPobmGn2DMEcNAcWjw1Qr9TRl3HcFK59ineQ4ukoDt4jZCUyRXliCFMhqBdQU0u182UvNFf0L5bLBVzlkWyNxPo79WDDGY97HCsQLYIQcqRfsYJ0YwJ5QyGUvtUWKmMO30bhlhyQJJmG/6QQlV/m6sMiHCiEt+7Qxv5n3+c9RH5hsRyaynzsLcNmzENDqsrDsngqwzK4oe8S71YKKVn395nvZ4MIr8PB6bE/ViWpvS0bhCzANDYAj8Exk2P5WR3aI06PobLOcUjxm3E1JOFa/YcXQ8GXzmUgjGpHMztB6qSH+NSHHTqBejmvsv2DQ9nYq/NL1s7k6e+FSwWQktZNXAlVIvUGMrX51MdUxtVXteNEFe/NCj4B66Y5i2MM8VJk1lsgm8PIUj0wDjlB0f8TlUFK+vqijLt80= utilisateur@UTILISA-ASVHC0M\n\nwrite_files:\n  - path: /home/elastic/elasticsearch.yml\n    content: \"cluster.name: my-application\\nnode.name: node-1\\npath.data: /var/lib/elasticsearch\\npath.logs: /var/log/elasticsearch\\nnetwork.host: 10.4.0.4\\nxpack.security.enabled: true\\nxpack.security.enrollment.enabled: true\\nxpack.security.http.ssl:\\n  enabled: false\\n  keystore.path: certs/http.p12\\n\\nxpack.security.transport.ssl:\\n  enabled: true\\n  verification_mode: certificate\\n  keystore.path: certs/transport.p12\\n  truststore.path: certs/transport.p12\\ncluster.initial_master_nodes: [\\\"node-1\\\"]\\nhttp.host: 0.0.0.0\\n\"\n\n\nruncmd:\n  - wget -qO - https://artifacts.elastic.co/GPG-KEY-elasticsearch | sudo gpg --dearmor -o /usr/share/keyrings/elasticsearch-keyring.gpg\n  - echo \"deb [signed-by=/usr/share/keyrings/elasticsearch-keyring.gpg] https://artifacts.elastic.co/packages/8.x/apt stable main\" | sudo tee /etc/apt/sources.list.d/elastic-8.x.list\n  - sudo apt-get update\n  - sudo apt install elasticsearch -y\n  - sudo cp /etc/elasticsearch/elasticsearch.yml /home/elastic/backup_elastisearch.yml\n  - sudo rm /etc/elasticsearch/elasticsearch.yml\n  - sudo cp /home/elastic/elasticsearch.yml /etc/elasticsearch/elasticsearch.yml\n  - sudo chown root:elasticsearch /etc/elasticsearch/elasticsearch.yml\n  - sudo chmod 660 /etc/elasticsearch/elasticsearch.yml\n  - sudo /bin/systemctl daemon-reload\n  - sudo /bin/systemctl enable elasticsearch.service\n  - sudo systemctl start elasticsearch.service\n  - cd /usr/share/elasticsearch/bin \u0026\u0026 sudo ./elasticsearch-users useradd magento -p blablabla123! -r superuser\n\n\n",
            "template": "#cloud-config\npackage_update: true\npackages:\n  - apt-transport-https\n\nusers:\n  - default\n  - name: quentin\n    groups: sudo, root\n    shell: /bin/bash\n    plain_text_passwd: blabla123!\n    sudo: 'ALL=(ALL) NOPASSWD:ALL'\n    ssh_authorized_keys:\n        - \u003e-\n          ssh-rsa AAAAB3NzaC1yc2EAAAADAQABAAABgQDAXuIAe8DVtQ+qHpbTnCMn5iP1u7WQEOLDE76PTRZ0lYc0TrWJvH+zWzpEbTK/fwzx5sw7yAlBnuR83cAOtm6y8Gk5yktOogsk71VnJ9cXKV7QWtX5o/nysqhliBWAW2jQmEMLHBf4DOFXcKpCdl0OBOtrPct976tnFXhM5n5WF0wrQ4dVikfWe57yg0BX+G+ZbNl7iDCHS8cAGEI2S0ziGOLjl0qJq+9jjCaj2bdVb5vtbz/ghplWtNKQvirxvfOC5H3XbX7aeH2sAlogeYbPs8DmFuz5Smq/+FLBZzqV7JhPMxBCpVFm6r+EzZDgiS2WB96Q3Jh0ItPz7wwJtgpLmSWeaBmWyPGAOh9MBal2RXgDIZ26EPOQTc9WX1377SaEMFSXgwq3e0mtFl5TYG+hzjujY9ik6nfjyLy1yNaPB7hq0z0cCijeJf0Nlm092Ukb1IJOndiS9LSZXjFJT+LRNz7hqyK/oj8nH4K2nx4DMH+Fj4JypSdsqmIk7aXLdYE= nomad@device\n  - name: steph\n    groups: sudo, root\n    shell: /bin/bash\n    plain_text_passwd: blabla123!\n    sudo: 'ALL=(ALL) NOPASSWD:ALL'\n    ssh_authorized_keys:\n        - \u003e-\n          ssh-rsa AAAAB3NzaC1yc2EAAAADAQABAAABgQCnBYZRoOJm/hLnbGmUBNhBEsdvUAqVb48EQql7OeYgB4pO/FFu8OIhKofBCByf1l9owEWnbWFZJhfgwQ+iNZjd+1iZtmc6cidjqQypgEc+U43avchEVdZdjK1LidIIJt0O7o8L0gARNn1PjDFLP3eUI2XN3ALUzB3sRzXKTJ1QHz8S1ByhfWXw2vhsPa9I3Jv9aE8zZuCBx/gfVQQy/FyskgK8VWRHhUl3XCgNDxUYBppnBgCCDWHpYOdzH/5XuRORdgMccDgJ/NhcCgY+erva7DlkIlzRiVxm5uMK8kvEiDn+AWI3aGsgxt3LaS+xaiw4hLLoev4V4cWTjWhZPeJSITDeWk3HAsBxDBWGvx3716ywsh7mkDJpjyXow6RXpTBke2rTmr4X9+hVGop4ZjqyTTUuTkdbYllwiaTrsuKgOJ5ne2lWp1P1IT0cD0s9j0GNl/54KaN31HFiuHVYVVA8yGp532LfRjhthpMdHiuhJbswlKTrDJR3i1iccT0aiUk= utilisateur@UTILISA-2JUD7VR\n  - name: ryano\n    groups: sudo, root\n    shell: /bin/bash\n    plain_text_passwd: blabla123!\n    sudo: 'ALL=(ALL) NOPASSWD:ALL'\n    ssh_authorized_keys:\n        - \u003e-\n          ssh-rsa AAAAB3NzaC1yc2EAAAADAQABAAABgQCuQsDbdhzBOtJvetSRXRINBLZnKEzLctl+J3hFX22doPy1Btth8i7a4cigqyQ914MIgdYr/pPOFfH7YBLa5LhF2Racx3cRT1RPobmGn2DMEcNAcWjw1Qr9TRl3HcFK59ineQ4ukoDt4jZCUyRXliCFMhqBdQU0u182UvNFf0L5bLBVzlkWyNxPo79WDDGY97HCsQLYIQcqRfsYJ0YwJ5QyGUvtUWKmMO30bhlhyQJJmG/6QQlV/m6sMiHCiEt+7Qxv5n3+c9RH5hsRyaynzsLcNmzENDqsrDsngqwzK4oe8S71YKKVn395nvZ4MIr8PB6bE/ViWpvS0bhCzANDYAj8Exk2P5WR3aI06PobLOcUjxm3E1JOFa/YcXQ8GXzmUgjGpHMztB6qSH+NSHHTqBejmvsv2DQ9nYq/NL1s7k6e+FSwWQktZNXAlVIvUGMrX51MdUxtVXteNEFe/NCj4B66Y5i2MM8VJk1lsgm8PIUj0wDjlB0f8TlUFK+vqijLt80= utilisateur@UTILISA-ASVHC0M\n\nwrite_files:\n  - path: /home/elastic/elasticsearch.yml\n    content: \"cluster.name: my-application\\nnode.name: node-1\\npath.data: /var/lib/elasticsearch\\npath.logs: /var/log/elasticsearch\\nnetwork.host: 10.4.0.4\\nxpack.security.enabled: true\\nxpack.security.enrollment.enabled: true\\nxpack.security.http.ssl:\\n  enabled: false\\n  keystore.path: certs/http.p12\\n\\nxpack.security.transport.ssl:\\n  enabled: true\\n  verification_mode: certificate\\n  keystore.path: certs/transport.p12\\n  truststore.path: certs/transport.p12\\ncluster.initial_master_nodes: [\\\"node-1\\\"]\\nhttp.host: 0.0.0.0\\n\"\n\n\nruncmd:\n  - wget -qO - https://artifacts.elastic.co/GPG-KEY-elasticsearch | sudo gpg --dearmor -o /usr/share/keyrings/elasticsearch-keyring.gpg\n  - echo \"deb [signed-by=/usr/share/keyrings/elasticsearch-keyring.gpg] https://artifacts.elastic.co/packages/8.x/apt stable main\" | sudo tee /etc/apt/sources.list.d/elastic-8.x.list\n  - sudo apt-get update\n  - sudo apt install elasticsearch -y\n  - sudo cp /etc/elasticsearch/elasticsearch.yml /home/elastic/backup_elastisearch.yml\n  - sudo rm /etc/elasticsearch/elasticsearch.yml\n  - sudo cp /home/elastic/elasticsearch.yml /etc/elasticsearch/elasticsearch.yml\n  - sudo chown root:elasticsearch /etc/elasticsearch/elasticsearch.yml\n  - sudo chmod 660 /etc/elasticsearch/elasticsearch.yml\n  - sudo /bin/systemctl daemon-reload\n  - sudo /bin/systemctl enable elasticsearch.service\n  - sudo systemctl start elasticsearch.service\n  - cd /usr/share/elasticsearch/bin \u0026\u0026 sudo ./elasticsearch-users useradd magento -p blablabla123! -r superuser\n\n\n",
            "vars": null
          },
          "sensitive_attributes": []
        }
      ]
    },
    {
      "mode": "managed",
      "type": "azurerm_application_gateway",
      "name": "network_gateway",
      "provider": "provider[\"registry.terraform.io/hashicorp/azurerm\"]",
      "instances": [
        {
          "schema_version": 0,
          "attributes": {
            "authentication_certificate": [],
            "autoscale_configuration": [],
            "backend_address_pool": [
              {
                "fqdns": [],
                "id": "/subscriptions/a1f74e2d-ec58-4f9a-a112-088e3469febb/resourceGroups/brief4_QB_2/providers/Microsoft.Network/applicationGateways/gateway-brief4/backendAddressPools/network-beap",
                "ip_addresses": [],
                "name": "network-beap"
              }
            ],
            "backend_http_settings": [
              {
                "affinity_cookie_name": "",
                "authentication_certificate": [],
                "connection_draining": [],
                "cookie_based_affinity": "Disabled",
                "host_name": "",
                "id": "/subscriptions/a1f74e2d-ec58-4f9a-a112-088e3469febb/resourceGroups/brief4_QB_2/providers/Microsoft.Network/applicationGateways/gateway-brief4/backendHttpSettingsCollection/network-be-htst",
                "name": "network-be-htst",
                "path": "/",
                "pick_host_name_from_backend_address": false,
                "port": 80,
                "probe_id": "",
                "probe_name": "",
                "protocol": "Http",
                "request_timeout": 60,
                "trusted_root_certificate_names": []
              }
            ],
            "custom_error_configuration": [],
            "enable_http2": false,
            "fips_enabled": false,
            "firewall_policy_id": null,
            "force_firewall_policy_association": false,
            "frontend_ip_configuration": [
              {
                "id": "/subscriptions/a1f74e2d-ec58-4f9a-a112-088e3469febb/resourceGroups/brief4_QB_2/providers/Microsoft.Network/applicationGateways/gateway-brief4/frontendIPConfigurations/network-feip",
                "name": "network-feip",
                "private_ip_address": "",
                "private_ip_address_allocation": "Dynamic",
                "private_link_configuration_id": "",
                "private_link_configuration_name": "",
                "public_ip_address_id": "/subscriptions/a1f74e2d-ec58-4f9a-a112-088e3469febb/resourceGroups/brief4_QB_2/providers/Microsoft.Network/publicIPAddresses/ip_gateway",
                "subnet_id": ""
              }
            ],
            "frontend_port": [
              {
                "id": "/subscriptions/a1f74e2d-ec58-4f9a-a112-088e3469febb/resourceGroups/brief4_QB_2/providers/Microsoft.Network/applicationGateways/gateway-brief4/frontendPorts/network-feport",
                "name": "network-feport",
                "port": 80
              },
              {
                "id": "/subscriptions/a1f74e2d-ec58-4f9a-a112-088e3469febb/resourceGroups/brief4_QB_2/providers/Microsoft.Network/applicationGateways/gateway-brief4/frontendPorts/network-feport2",
                "name": "network-feport2",
                "port": 443
              }
            ],
            "gateway_ip_configuration": [
              {
                "id": "/subscriptions/a1f74e2d-ec58-4f9a-a112-088e3469febb/resourceGroups/brief4_QB_2/providers/Microsoft.Network/applicationGateways/gateway-brief4/gatewayIPConfigurations/my-gateway-ip-configuration",
                "name": "my-gateway-ip-configuration",
                "subnet_id": "/subscriptions/a1f74e2d-ec58-4f9a-a112-088e3469febb/resourceGroups/brief4_QB_2/providers/Microsoft.Network/virtualNetworks/network/subnets/subnet_gateway"
              }
            ],
            "global": [],
            "http_listener": [
              {
                "custom_error_configuration": [],
                "firewall_policy_id": "",
                "frontend_ip_configuration_id": "/subscriptions/a1f74e2d-ec58-4f9a-a112-088e3469febb/resourceGroups/brief4_QB_2/providers/Microsoft.Network/applicationGateways/gateway-brief4/frontendIPConfigurations/network-feip",
                "frontend_ip_configuration_name": "network-feip",
                "frontend_port_id": "/subscriptions/a1f74e2d-ec58-4f9a-a112-088e3469febb/resourceGroups/brief4_QB_2/providers/Microsoft.Network/applicationGateways/gateway-brief4/frontendPorts/network-feport",
                "frontend_port_name": "network-feport",
                "host_name": "",
                "host_names": [],
                "id": "/subscriptions/a1f74e2d-ec58-4f9a-a112-088e3469febb/resourceGroups/brief4_QB_2/providers/Microsoft.Network/applicationGateways/gateway-brief4/httpListeners/network-httplstn",
                "name": "network-httplstn",
                "protocol": "Http",
                "require_sni": false,
                "ssl_certificate_id": "",
                "ssl_certificate_name": "",
                "ssl_profile_id": "",
                "ssl_profile_name": ""
              },
              {
                "custom_error_configuration": [],
                "firewall_policy_id": "",
                "frontend_ip_configuration_id": "/subscriptions/a1f74e2d-ec58-4f9a-a112-088e3469febb/resourceGroups/brief4_QB_2/providers/Microsoft.Network/applicationGateways/gateway-brief4/frontendIPConfigurations/network-feip",
                "frontend_ip_configuration_name": "network-feip",
                "frontend_port_id": "/subscriptions/a1f74e2d-ec58-4f9a-a112-088e3469febb/resourceGroups/brief4_QB_2/providers/Microsoft.Network/applicationGateways/gateway-brief4/frontendPorts/network-feport2",
                "frontend_port_name": "network-feport2",
                "host_name": "",
                "host_names": [],
                "id": "/subscriptions/a1f74e2d-ec58-4f9a-a112-088e3469febb/resourceGroups/brief4_QB_2/providers/Microsoft.Network/applicationGateways/gateway-brief4/httpListeners/network-httplstn2",
                "name": "network-httplstn2",
                "protocol": "Https",
                "require_sni": false,
                "ssl_certificate_id": "/subscriptions/a1f74e2d-ec58-4f9a-a112-088e3469febb/resourceGroups/brief4_QB_2/providers/Microsoft.Network/applicationGateways/gateway-brief4/sslCertificates/tls_cert",
                "ssl_certificate_name": "tls_cert",
                "ssl_profile_id": "",
                "ssl_profile_name": ""
              }
            ],
            "id": "/subscriptions/a1f74e2d-ec58-4f9a-a112-088e3469febb/resourceGroups/brief4_QB_2/providers/Microsoft.Network/applicationGateways/gateway-brief4",
            "identity": [
              {
                "identity_ids": [
                  "/subscriptions/a1f74e2d-ec58-4f9a-a112-088e3469febb/resourceGroups/brief4_QB_2/providers/Microsoft.ManagedIdentity/userAssignedIdentities/id-magento"
                ],
                "type": "UserAssigned"
              }
            ],
            "location": "eastus2",
            "name": "gateway-brief4",
            "private_endpoint_connection": [],
            "private_link_configuration": [],
            "probe": [
              {
                "host": "magentobrief4.eastus2.cloudapp.azure.com",
                "id": "/subscriptions/a1f74e2d-ec58-4f9a-a112-088e3469febb/resourceGroups/brief4_QB_2/providers/Microsoft.Network/applicationGateways/gateway-brief4/probes/probetest",
                "interval": 30,
                "match": [
                  {
                    "body": "",
                    "status_code": []
                  }
                ],
                "minimum_servers": 0,
                "name": "probetest",
                "path": "/customer/account/create/",
                "pick_host_name_from_backend_http_settings": false,
                "port": 0,
                "protocol": "Http",
                "timeout": 30,
                "unhealthy_threshold": 3
              }
            ],
            "redirect_configuration": [
              {
                "id": "/subscriptions/a1f74e2d-ec58-4f9a-a112-088e3469febb/resourceGroups/brief4_QB_2/providers/Microsoft.Network/applicationGateways/gateway-brief4/redirectConfigurations/LetsEncryptChallenge",
                "include_path": false,
                "include_query_string": false,
                "name": "LetsEncryptChallenge",
                "redirect_type": "Permanent",
                "target_listener_id": "",
                "target_listener_name": "",
                "target_url": "https://statls.blob.core.windows.net/stacontainer/.well-known/acme-challenge/"
              }
            ],
            "request_routing_rule": [
              {
                "backend_address_pool_id": "",
                "backend_address_pool_name": "",
                "backend_http_settings_id": "",
                "backend_http_settings_name": "",
                "http_listener_id": "/subscriptions/a1f74e2d-ec58-4f9a-a112-088e3469febb/resourceGroups/brief4_QB_2/providers/Microsoft.Network/applicationGateways/gateway-brief4/httpListeners/network-httplstn2",
                "http_listener_name": "network-httplstn2",
                "id": "/subscriptions/a1f74e2d-ec58-4f9a-a112-088e3469febb/resourceGroups/brief4_QB_2/providers/Microsoft.Network/applicationGateways/gateway-brief4/requestRoutingRules/tls-rule",
                "name": "tls-rule",
                "priority": 100,
                "redirect_configuration_id": "",
                "redirect_configuration_name": "",
                "rewrite_rule_set_id": "",
                "rewrite_rule_set_name": "",
                "rule_type": "PathBasedRouting",
                "url_path_map_id": "/subscriptions/a1f74e2d-ec58-4f9a-a112-088e3469febb/resourceGroups/brief4_QB_2/providers/Microsoft.Network/applicationGateways/gateway-brief4/urlPathMaps/test",
                "url_path_map_name": "test"
              },
              {
                "backend_address_pool_id": "/subscriptions/a1f74e2d-ec58-4f9a-a112-088e3469febb/resourceGroups/brief4_QB_2/providers/Microsoft.Network/applicationGateways/gateway-brief4/backendAddressPools/network-beap",
                "backend_address_pool_name": "network-beap",
                "backend_http_settings_id": "/subscriptions/a1f74e2d-ec58-4f9a-a112-088e3469febb/resourceGroups/brief4_QB_2/providers/Microsoft.Network/applicationGateways/gateway-brief4/backendHttpSettingsCollection/network-be-htst",
                "backend_http_settings_name": "network-be-htst",
                "http_listener_id": "/subscriptions/a1f74e2d-ec58-4f9a-a112-088e3469febb/resourceGroups/brief4_QB_2/providers/Microsoft.Network/applicationGateways/gateway-brief4/httpListeners/network-httplstn",
                "http_listener_name": "network-httplstn",
                "id": "/subscriptions/a1f74e2d-ec58-4f9a-a112-088e3469febb/resourceGroups/brief4_QB_2/providers/Microsoft.Network/applicationGateways/gateway-brief4/requestRoutingRules/rule_magento",
                "name": "rule_magento",
                "priority": 200,
                "redirect_configuration_id": "",
                "redirect_configuration_name": "",
                "rewrite_rule_set_id": "",
                "rewrite_rule_set_name": "",
                "rule_type": "Basic",
                "url_path_map_id": "",
                "url_path_map_name": ""
              }
            ],
            "resource_group_name": "brief4_QB_2",
            "rewrite_rule_set": [],
            "sku": [
              {
                "capacity": 2,
                "name": "Standard_v2",
                "tier": "Standard_v2"
              }
            ],
            "ssl_certificate": [
              {
                "data": "",
                "id": "/subscriptions/a1f74e2d-ec58-4f9a-a112-088e3469febb/resourceGroups/brief4_QB_2/providers/Microsoft.Network/applicationGateways/gateway-brief4/sslCertificates/tls_cert",
                "key_vault_secret_id": "https://keyvaultmagento1.vault.azure.net/secrets/key-magento-app2/f832c5797aa6462e918b88fc6f2fdb09",
                "name": "tls_cert",
                "password": "",
                "public_cert_data": ""
              }
            ],
            "ssl_policy": [
              {
                "cipher_suites": [],
                "disabled_protocols": [],
                "min_protocol_version": "",
                "policy_name": "AppGwSslPolicy20150501",
                "policy_type": "Predefined"
              }
            ],
            "ssl_profile": [],
            "tags": {},
            "timeouts": null,
            "trusted_client_certificate": [],
            "trusted_root_certificate": [],
            "url_path_map": [
              {
                "default_backend_address_pool_id": "/subscriptions/a1f74e2d-ec58-4f9a-a112-088e3469febb/resourceGroups/brief4_QB_2/providers/Microsoft.Network/applicationGateways/gateway-brief4/backendAddressPools/network-beap",
                "default_backend_address_pool_name": "network-beap",
                "default_backend_http_settings_id": "/subscriptions/a1f74e2d-ec58-4f9a-a112-088e3469febb/resourceGroups/brief4_QB_2/providers/Microsoft.Network/applicationGateways/gateway-brief4/backendHttpSettingsCollection/network-be-htst",
                "default_backend_http_settings_name": "network-be-htst",
                "default_redirect_configuration_id": "",
                "default_redirect_configuration_name": "",
                "default_rewrite_rule_set_id": "",
                "default_rewrite_rule_set_name": "",
                "id": "/subscriptions/a1f74e2d-ec58-4f9a-a112-088e3469febb/resourceGroups/brief4_QB_2/providers/Microsoft.Network/applicationGateways/gateway-brief4/urlPathMaps/test",
                "name": "test",
                "path_rule": [
                  {
                    "backend_address_pool_id": "",
                    "backend_address_pool_name": "",
                    "backend_http_settings_id": "",
                    "backend_http_settings_name": "",
                    "firewall_policy_id": "",
                    "id": "/subscriptions/a1f74e2d-ec58-4f9a-a112-088e3469febb/resourceGroups/brief4_QB_2/providers/Microsoft.Network/applicationGateways/gateway-brief4/urlPathMaps/test/pathRules/letsencrypt",
                    "name": "letsencrypt",
                    "paths": [
                      "/.well-known/acme-challenge/*"
                    ],
                    "redirect_configuration_id": "/subscriptions/a1f74e2d-ec58-4f9a-a112-088e3469febb/resourceGroups/brief4_QB_2/providers/Microsoft.Network/applicationGateways/gateway-brief4/redirectConfigurations/LetsEncryptChallenge",
                    "redirect_configuration_name": "LetsEncryptChallenge",
                    "rewrite_rule_set_id": "",
                    "rewrite_rule_set_name": ""
                  }
                ]
              }
            ],
            "waf_configuration": [],
            "zones": []
          },
          "sensitive_attributes": [],
          "private": "eyJlMmJmYjczMC1lY2FhLTExZTYtOGY4OC0zNDM2M2JjN2M0YzAiOnsiY3JlYXRlIjo1NDAwMDAwMDAwMDAwLCJkZWxldGUiOjU0MDAwMDAwMDAwMDAsInJlYWQiOjMwMDAwMDAwMDAwMCwidXBkYXRlIjo1NDAwMDAwMDAwMDAwfX0=",
          "dependencies": [
            "azurerm_key_vault.keyvault",
            "azurerm_key_vault_certificate.example",
            "azurerm_public_ip.public_ip_gateway",
            "azurerm_resource_group.rg",
            "azurerm_subnet.subnet_gateway",
            "azurerm_user_assigned_identity.id-magento",
            "azurerm_virtual_network.network",
            "data.azurerm_client_config.current"
          ]
        }
      ]
    },
    {
      "mode": "managed",
      "type": "azurerm_application_insights",
      "name": "insight",
      "provider": "provider[\"registry.terraform.io/hashicorp/azurerm\"]",
      "instances": [
        {
          "schema_version": 1,
          "attributes": {
            "app_id": "09a92ac6-5285-46a3-b363-7d6eb89d17d5",
            "application_type": "web",
            "connection_string": "InstrumentationKey=1cea047e-684f-4714-90f8-6b939be68d3c;IngestionEndpoint=https://eastus2-0.in.applicationinsights.azure.com/;LiveEndpoint=https://eastus2.livediagnostics.monitor.azure.com/",
            "daily_data_cap_in_gb": 100,
            "daily_data_cap_notifications_disabled": false,
            "disable_ip_masking": false,
            "force_customer_storage_for_profiler": false,
            "id": "/subscriptions/a1f74e2d-ec58-4f9a-a112-088e3469febb/resourceGroups/brief4_QB_2/providers/Microsoft.Insights/components/insights-magento",
            "instrumentation_key": "1cea047e-684f-4714-90f8-6b939be68d3c",
            "internet_ingestion_enabled": true,
            "internet_query_enabled": true,
            "local_authentication_disabled": false,
            "location": "eastus2",
            "name": "insights-magento",
            "resource_group_name": "brief4_QB_2",
            "retention_in_days": 90,
            "sampling_percentage": 100,
            "tags": {},
            "timeouts": null,
            "workspace_id": null
          },
          "sensitive_attributes": [],
          "private": "eyJlMmJmYjczMC1lY2FhLTExZTYtOGY4OC0zNDM2M2JjN2M0YzAiOnsiY3JlYXRlIjozNjAwMDAwMDAwMDAwLCJkZWxldGUiOjE4MDAwMDAwMDAwMDAsInJlYWQiOjMwMDAwMDAwMDAwMCwidXBkYXRlIjoxODAwMDAwMDAwMDAwfSwic2NoZW1hX3ZlcnNpb24iOiIxIn0=",
          "dependencies": [
            "azurerm_resource_group.rg"
          ]
        }
      ]
    },
    {
      "mode": "managed",
      "type": "azurerm_application_insights_web_test",
      "name": "example",
      "provider": "provider[\"registry.terraform.io/hashicorp/azurerm\"]",
      "instances": [
        {
          "schema_version": 1,
          "attributes": {
            "application_insights_id": "/subscriptions/a1f74e2d-ec58-4f9a-a112-088e3469febb/resourceGroups/brief4_QB_2/providers/Microsoft.Insights/components/insights-magento",
            "configuration": "\u003cWebTest Name=\"WebTest1\" Id=\"ABD48585-0831-40CB-9069-682EA6BB3583\" Enabled=\"True\" CssProjectStructure=\"\" CssIteration=\"\" Timeout=\"0\" WorkItemIds=\"\" xmlns=\"http://microsoft.com/schemas/VisualStudio/TeamTest/2010\" Description=\"\" CredentialUserName=\"\" CredentialPassword=\"\" PreAuthenticate=\"True\" Proxy=\"default\" StopOnError=\"False\" RecordedResultFile=\"\" ResultsLocale=\"\"\u003e\n  \u003cItems\u003e\n    \u003cRequest Method=\"GET\" Guid=\"a5f10126-e4cd-570d-961c-cea43999a200\" Version=\"1.1\" Url=\"http://microsoft.com\" ThinkTime=\"0\" Timeout=\"300\" ParseDependentRequests=\"True\" FollowRedirects=\"True\" RecordResult=\"True\" Cache=\"False\" ResponseTimeGoal=\"0\" Encoding=\"utf-8\" ExpectedHttpStatusCode=\"200\" ExpectedResponseUrl=\"\" ReportingName=\"\" IgnoreHttpStatusCode=\"False\" /\u003e\n  \u003c/Items\u003e\n\u003c/WebTest\u003e",
            "description": "",
            "enabled": true,
            "frequency": 300,
            "geo_locations": [
              "us-tx-sn1-azr",
              "us-il-ch1-azr"
            ],
            "id": "/subscriptions/a1f74e2d-ec58-4f9a-a112-088e3469febb/resourceGroups/brief4_QB_2/providers/Microsoft.Insights/webTests/tf-test-appinsights-webtest",
            "kind": "ping",
            "location": "eastus2",
            "name": "tf-test-appinsights-webtest",
            "resource_group_name": "brief4_QB_2",
            "retry_enabled": false,
            "synthetic_monitor_id": "tf-test-appinsights-webtest",
            "tags": {
              "hidden-link:/subscriptions/a1f74e2d-ec58-4f9a-a112-088e3469febb/resourceGroups/brief4_QB_2/providers/Microsoft.Insights/components/insights-magento": "Resource"
            },
            "timeout": 60,
            "timeouts": null
          },
          "sensitive_attributes": [],
          "private": "eyJlMmJmYjczMC1lY2FhLTExZTYtOGY4OC0zNDM2M2JjN2M0YzAiOnsiY3JlYXRlIjoxODAwMDAwMDAwMDAwLCJkZWxldGUiOjE4MDAwMDAwMDAwMDAsInJlYWQiOjMwMDAwMDAwMDAwMCwidXBkYXRlIjoxODAwMDAwMDAwMDAwfSwic2NoZW1hX3ZlcnNpb24iOiIxIn0=",
          "dependencies": [
            "azurerm_application_insights.insight",
            "azurerm_resource_group.rg"
          ]
        }
      ]
    },
    {
      "mode": "managed",
      "type": "azurerm_backup_container_storage_account",
      "name": "protection-container01",
      "provider": "provider[\"registry.terraform.io/hashicorp/azurerm\"]",
      "instances": [
        {
          "schema_version": 0,
          "attributes": {
            "id": "/subscriptions/a1f74e2d-ec58-4f9a-a112-088e3469febb/resourceGroups/brief4_QB_2/providers/Microsoft.RecoveryServices/vaults/magento-recovery-vault/backupFabrics/Azure/protectionContainers/StorageContainer;storage;brief4_QB_2;stapp2",
            "recovery_vault_name": "magento-recovery-vault",
            "resource_group_name": "brief4_QB_2",
            "storage_account_id": "/subscriptions/a1f74e2d-ec58-4f9a-a112-088e3469febb/resourceGroups/brief4_QB_2/providers/Microsoft.Storage/storageAccounts/stapp2",
            "timeouts": null
          },
          "sensitive_attributes": [],
          "private": "eyJlMmJmYjczMC1lY2FhLTExZTYtOGY4OC0zNDM2M2JjN2M0YzAiOnsiY3JlYXRlIjoxODAwMDAwMDAwMDAwLCJkZWxldGUiOjE4MDAwMDAwMDAwMDAsInJlYWQiOjMwMDAwMDAwMDAwMCwidXBkYXRlIjoxODAwMDAwMDAwMDAwfX0=",
          "dependencies": [
            "azurerm_recovery_services_vault.magento-rsvault",
            "azurerm_resource_group.rg",
            "azurerm_storage_account.Storage_share01"
          ]
        }
      ]
    },
    {
      "mode": "managed",
      "type": "azurerm_backup_policy_file_share",
      "name": "magentopolicy01",
      "provider": "provider[\"registry.terraform.io/hashicorp/azurerm\"]",
      "instances": [
        {
          "schema_version": 0,
          "attributes": {
            "backup": [
              {
                "frequency": "Daily",
                "time": "14:00"
              }
            ],
            "id": "/subscriptions/a1f74e2d-ec58-4f9a-a112-088e3469febb/resourceGroups/brief4_QB_2/providers/Microsoft.RecoveryServices/vaults/magento-recovery-vault/backupPolicies/recovery-vault-magentopolicy012",
            "name": "recovery-vault-magentopolicy012",
            "recovery_vault_name": "magento-recovery-vault",
            "resource_group_name": "brief4_QB_2",
            "retention_daily": [
              {
                "count": 14
              }
            ],
            "retention_monthly": [],
            "retention_weekly": [],
            "retention_yearly": [],
            "timeouts": null,
            "timezone": "UTC"
          },
          "sensitive_attributes": [],
          "private": "eyJlMmJmYjczMC1lY2FhLTExZTYtOGY4OC0zNDM2M2JjN2M0YzAiOnsiY3JlYXRlIjoxODAwMDAwMDAwMDAwLCJkZWxldGUiOjE4MDAwMDAwMDAwMDAsInJlYWQiOjMwMDAwMDAwMDAwMCwidXBkYXRlIjoxODAwMDAwMDAwMDAwfX0=",
          "dependencies": [
            "azurerm_recovery_services_vault.magento-rsvault",
            "azurerm_resource_group.rg"
          ]
        }
      ]
    },
    {
      "mode": "managed",
      "type": "azurerm_backup_protected_file_share",
      "name": "share1",
      "provider": "provider[\"registry.terraform.io/hashicorp/azurerm\"]",
      "instances": [
        {
          "schema_version": 0,
          "attributes": {
            "backup_policy_id": "/subscriptions/a1f74e2d-ec58-4f9a-a112-088e3469febb/resourceGroups/brief4_QB_2/providers/Microsoft.RecoveryServices/vaults/magento-recovery-vault/backupPolicies/recovery-vault-magentopolicy012",
            "id": "/subscriptions/a1f74e2d-ec58-4f9a-a112-088e3469febb/resourceGroups/brief4_QB_2/providers/Microsoft.RecoveryServices/vaults/magento-recovery-vault/backupFabrics/Azure/protectionContainers/StorageContainer;storage;brief4_QB_2;stapp2/protectedItems/AzureFileShare;e3b5b833ec91a445814f5a2704f720d50754a3aba8c5cacde0242fb7fb61c3c6",
            "recovery_vault_name": "magento-recovery-vault",
            "resource_group_name": "brief4_QB_2",
            "source_file_share_name": "magentoshare01",
            "source_storage_account_id": "/subscriptions/a1f74e2d-ec58-4f9a-a112-088e3469febb/resourceGroups/brief4_QB_2/providers/Microsoft.Storage/storageAccounts/stapp2",
            "timeouts": null
          },
          "sensitive_attributes": [],
          "private": "eyJlMmJmYjczMC1lY2FhLTExZTYtOGY4OC0zNDM2M2JjN2M0YzAiOnsiY3JlYXRlIjo0ODAwMDAwMDAwMDAwLCJkZWxldGUiOjQ4MDAwMDAwMDAwMDAsInJlYWQiOjMwMDAwMDAwMDAwMCwidXBkYXRlIjo0ODAwMDAwMDAwMDAwfX0=",
          "dependencies": [
            "azurerm_backup_container_storage_account.protection-container01",
            "azurerm_backup_policy_file_share.magentopolicy01",
            "azurerm_recovery_services_vault.magento-rsvault",
            "azurerm_resource_group.rg",
            "azurerm_storage_account.Storage_share01",
            "azurerm_storage_share.smb_share"
          ]
        }
      ]
    },
    {
      "mode": "managed",
      "type": "azurerm_key_vault",
      "name": "keyvault",
      "provider": "provider[\"registry.terraform.io/hashicorp/azurerm\"]",
      "instances": [
        {
          "schema_version": 2,
          "attributes": {
            "access_policy": [
              {
                "application_id": "",
                "certificate_permissions": [
                  "Create",
                  "Delete",
                  "DeleteIssuers",
                  "Get",
                  "GetIssuers",
                  "Import",
                  "List",
                  "ListIssuers",
                  "ManageContacts",
                  "ManageIssuers",
                  "SetIssuers",
                  "Update",
                  "Purge"
                ],
                "key_permissions": [
                  "Backup",
                  "Create",
                  "Decrypt",
                  "Delete",
                  "Encrypt",
                  "Get",
                  "Import",
                  "List",
                  "Purge",
                  "Recover",
                  "Restore",
                  "Sign",
                  "UnwrapKey",
                  "Update",
                  "Verify",
                  "WrapKey",
                  "Release",
                  "Rotate",
                  "GetRotationPolicy",
                  "SetRotationPolicy"
                ],
                "object_id": "d91c4c59-4443-4767-ae8f-2e2c81dd76d6",
                "secret_permissions": [
                  "Backup",
                  "Delete",
                  "Get",
                  "List",
                  "Purge",
                  "Recover",
                  "Restore",
                  "Set"
                ],
                "storage_permissions": [],
                "tenant_id": "a2e466aa-4f86-4545-b5b8-97da7c8febf3"
              },
              {
                "application_id": "",
                "certificate_permissions": [
                  "Create",
                  "Delete",
                  "DeleteIssuers",
                  "Get",
                  "GetIssuers",
                  "Import",
                  "List",
                  "ListIssuers",
                  "ManageContacts",
                  "ManageIssuers",
                  "SetIssuers",
                  "Update",
                  "Purge"
                ],
                "key_permissions": [
                  "Backup",
                  "Create",
                  "Decrypt",
                  "Delete",
                  "Encrypt",
                  "Get",
                  "Import",
                  "List",
                  "Purge",
                  "Recover",
                  "Restore",
                  "Sign",
                  "UnwrapKey",
                  "Update",
                  "Verify",
                  "WrapKey"
                ],
                "object_id": "22cfcf9a-6cb8-40e5-a220-2c3c9d0ae144",
                "secret_permissions": [
                  "Backup",
                  "Delete",
                  "Get",
                  "List",
                  "Purge",
                  "Recover",
                  "Restore",
                  "Set"
                ],
                "storage_permissions": [],
                "tenant_id": "a2e466aa-4f86-4545-b5b8-97da7c8febf3"
              },
              {
                "application_id": "",
                "certificate_permissions": [
                  "Create",
                  "Delete",
                  "DeleteIssuers",
                  "Get",
                  "GetIssuers",
                  "Import",
                  "List",
                  "ListIssuers",
                  "ManageContacts",
                  "ManageIssuers",
                  "SetIssuers",
                  "Update",
                  "Purge"
                ],
                "key_permissions": [
                  "Backup",
                  "Create",
                  "Decrypt",
                  "Delete",
                  "Encrypt",
                  "Get",
                  "Import",
                  "List",
                  "Purge",
                  "Recover",
                  "Restore",
                  "Sign",
                  "UnwrapKey",
                  "Update",
                  "Verify",
                  "WrapKey"
                ],
                "object_id": "d45119be-3526-41b7-b513-f0e90928065e",
                "secret_permissions": [
                  "Backup",
                  "Delete",
                  "Get",
                  "List",
                  "Purge",
                  "Recover",
                  "Restore",
                  "Set"
                ],
                "storage_permissions": [],
                "tenant_id": "a2e466aa-4f86-4545-b5b8-97da7c8febf3"
              }
            ],
            "contact": [],
            "enable_rbac_authorization": false,
            "enabled_for_deployment": false,
            "enabled_for_disk_encryption": true,
            "enabled_for_template_deployment": false,
            "id": "/subscriptions/a1f74e2d-ec58-4f9a-a112-088e3469febb/resourceGroups/brief4_QB_2/providers/Microsoft.KeyVault/vaults/keyvaultmagento1",
            "location": "eastus2",
            "name": "keyvaultmagento1",
            "network_acls": [
              {
                "bypass": "AzureServices",
                "default_action": "Allow",
                "ip_rules": [],
                "virtual_network_subnet_ids": []
              }
            ],
            "public_network_access_enabled": true,
            "purge_protection_enabled": false,
            "resource_group_name": "brief4_QB_2",
            "sku_name": "premium",
            "soft_delete_retention_days": 7,
            "tags": {},
            "tenant_id": "a2e466aa-4f86-4545-b5b8-97da7c8febf3",
            "timeouts": null,
            "vault_uri": "https://keyvaultmagento1.vault.azure.net/"
          },
          "sensitive_attributes": [],
          "private": "eyJlMmJmYjczMC1lY2FhLTExZTYtOGY4OC0zNDM2M2JjN2M0YzAiOnsiY3JlYXRlIjoxODAwMDAwMDAwMDAwLCJkZWxldGUiOjE4MDAwMDAwMDAwMDAsInJlYWQiOjMwMDAwMDAwMDAwMCwidXBkYXRlIjoxODAwMDAwMDAwMDAwfSwic2NoZW1hX3ZlcnNpb24iOiIyIn0=",
          "dependencies": [
            "azurerm_resource_group.rg",
            "data.azurerm_client_config.current"
          ]
        }
      ]
    },
    {
      "mode": "managed",
      "type": "azurerm_key_vault_access_policy",
      "name": "admin",
      "provider": "provider[\"registry.terraform.io/hashicorp/azurerm\"]",
      "instances": [
        {
          "schema_version": 0,
          "attributes": {
            "application_id": "",
            "certificate_permissions": [
              "Create",
              "Delete",
              "DeleteIssuers",
              "Get",
              "GetIssuers",
              "Import",
              "List",
              "ListIssuers",
              "ManageContacts",
              "ManageIssuers",
              "SetIssuers",
              "Update",
              "Purge"
            ],
            "id": "/subscriptions/a1f74e2d-ec58-4f9a-a112-088e3469febb/resourceGroups/brief4_QB_2/providers/Microsoft.KeyVault/vaults/keyvaultmagento1/objectId/d91c4c59-4443-4767-ae8f-2e2c81dd76d6",
            "key_permissions": [
              "Backup",
              "Create",
              "Decrypt",
              "Delete",
              "Encrypt",
              "Get",
              "Import",
              "List",
              "Purge",
              "Recover",
              "Restore",
              "Sign",
              "UnwrapKey",
              "Update",
              "Verify",
              "WrapKey",
              "Release",
              "Rotate",
              "GetRotationPolicy",
              "SetRotationPolicy"
            ],
            "key_vault_id": "/subscriptions/a1f74e2d-ec58-4f9a-a112-088e3469febb/resourceGroups/brief4_QB_2/providers/Microsoft.KeyVault/vaults/keyvaultmagento1",
            "object_id": "d91c4c59-4443-4767-ae8f-2e2c81dd76d6",
            "secret_permissions": [
              "Backup",
              "Delete",
              "Get",
              "List",
              "Purge",
              "Recover",
              "Restore",
              "Set"
            ],
            "storage_permissions": [],
            "tenant_id": "a2e466aa-4f86-4545-b5b8-97da7c8febf3",
            "timeouts": null
          },
          "sensitive_attributes": [],
          "private": "eyJlMmJmYjczMC1lY2FhLTExZTYtOGY4OC0zNDM2M2JjN2M0YzAiOnsiY3JlYXRlIjoxODAwMDAwMDAwMDAwLCJkZWxldGUiOjE4MDAwMDAwMDAwMDAsInJlYWQiOjMwMDAwMDAwMDAwMCwidXBkYXRlIjoxODAwMDAwMDAwMDAwfX0=",
          "dependencies": [
            "azurerm_key_vault.keyvault",
            "azurerm_resource_group.rg",
            "data.azurerm_client_config.current"
          ]
        }
      ]
    },
    {
      "mode": "managed",
      "type": "azurerm_key_vault_access_policy",
      "name": "app",
      "provider": "provider[\"registry.terraform.io/hashicorp/azurerm\"]",
      "instances": [
        {
          "schema_version": 0,
          "attributes": {
            "application_id": "",
            "certificate_permissions": [
              "Create",
              "Delete",
              "DeleteIssuers",
              "Get",
              "GetIssuers",
              "Import",
              "List",
              "ListIssuers",
              "ManageContacts",
              "ManageIssuers",
              "SetIssuers",
              "Update",
              "Purge"
            ],
            "id": "/subscriptions/a1f74e2d-ec58-4f9a-a112-088e3469febb/resourceGroups/brief4_QB_2/providers/Microsoft.KeyVault/vaults/keyvaultmagento1/objectId/d45119be-3526-41b7-b513-f0e90928065e",
            "key_permissions": [
              "Backup",
              "Create",
              "Decrypt",
              "Delete",
              "Encrypt",
              "Get",
              "Import",
              "List",
              "Purge",
              "Recover",
              "Restore",
              "Sign",
              "UnwrapKey",
              "Update",
              "Verify",
              "WrapKey"
            ],
            "key_vault_id": "/subscriptions/a1f74e2d-ec58-4f9a-a112-088e3469febb/resourceGroups/brief4_QB_2/providers/Microsoft.KeyVault/vaults/keyvaultmagento1",
            "object_id": "d45119be-3526-41b7-b513-f0e90928065e",
            "secret_permissions": [
              "Backup",
              "Delete",
              "Get",
              "List",
              "Purge",
              "Recover",
              "Restore",
              "Set"
            ],
            "storage_permissions": [],
            "tenant_id": "a2e466aa-4f86-4545-b5b8-97da7c8febf3",
            "timeouts": null
          },
          "sensitive_attributes": [],
          "private": "eyJlMmJmYjczMC1lY2FhLTExZTYtOGY4OC0zNDM2M2JjN2M0YzAiOnsiY3JlYXRlIjoxODAwMDAwMDAwMDAwLCJkZWxldGUiOjE4MDAwMDAwMDAwMDAsInJlYWQiOjMwMDAwMDAwMDAwMCwidXBkYXRlIjoxODAwMDAwMDAwMDAwfX0=",
          "dependencies": [
            "azurerm_key_vault.keyvault",
            "azurerm_resource_group.rg",
            "azurerm_user_assigned_identity.id-magento",
            "data.azurerm_client_config.current"
          ]
        }
      ]
    },
    {
      "mode": "managed",
      "type": "azurerm_key_vault_access_policy",
      "name": "mybigstep",
      "provider": "provider[\"registry.terraform.io/hashicorp/azurerm\"]",
      "instances": [
        {
          "schema_version": 0,
          "attributes": {
            "application_id": "",
            "certificate_permissions": [
              "Create",
              "Delete",
              "DeleteIssuers",
              "Get",
              "GetIssuers",
              "Import",
              "List",
              "ListIssuers",
              "ManageContacts",
              "ManageIssuers",
              "SetIssuers",
              "Update",
              "Purge"
            ],
            "id": "/subscriptions/a1f74e2d-ec58-4f9a-a112-088e3469febb/resourceGroups/brief4_QB_2/providers/Microsoft.KeyVault/vaults/keyvaultmagento1/objectId/22cfcf9a-6cb8-40e5-a220-2c3c9d0ae144",
            "key_permissions": [
              "Backup",
              "Create",
              "Decrypt",
              "Delete",
              "Encrypt",
              "Get",
              "Import",
              "List",
              "Purge",
              "Recover",
              "Restore",
              "Sign",
              "UnwrapKey",
              "Update",
              "Verify",
              "WrapKey"
            ],
            "key_vault_id": "/subscriptions/a1f74e2d-ec58-4f9a-a112-088e3469febb/resourceGroups/brief4_QB_2/providers/Microsoft.KeyVault/vaults/keyvaultmagento1",
            "object_id": "22cfcf9a-6cb8-40e5-a220-2c3c9d0ae144",
            "secret_permissions": [
              "Backup",
              "Delete",
              "Get",
              "List",
              "Purge",
              "Recover",
              "Restore",
              "Set"
            ],
            "storage_permissions": [],
            "tenant_id": "a2e466aa-4f86-4545-b5b8-97da7c8febf3",
            "timeouts": null
          },
          "sensitive_attributes": [],
          "private": "eyJlMmJmYjczMC1lY2FhLTExZTYtOGY4OC0zNDM2M2JjN2M0YzAiOnsiY3JlYXRlIjoxODAwMDAwMDAwMDAwLCJkZWxldGUiOjE4MDAwMDAwMDAwMDAsInJlYWQiOjMwMDAwMDAwMDAwMCwidXBkYXRlIjoxODAwMDAwMDAwMDAwfX0=",
          "dependencies": [
            "azurerm_key_vault.keyvault",
            "azurerm_resource_group.rg",
            "data.azuread_user.mybigstep",
            "data.azurerm_client_config.current"
          ]
        }
      ]
    },
    {
      "mode": "managed",
      "type": "azurerm_key_vault_certificate",
      "name": "example",
      "provider": "provider[\"registry.terraform.io/hashicorp/azurerm\"]",
      "instances": [
        {
          "schema_version": 0,
          "attributes": {
            "certificate": [
              {
                "contents": "MIILmQIBAzCCC18GCSqGSIb3DQEHAaCCC1AEggtMMIILSDCCBf8GCSqGSIb3DQEHBqCCBfAwggXsAgEAMIIF5QYJKoZIhvcNAQcBMBwGCiqGSIb3DQEMAQYwDgQIi2/KuVlOr9ICAggAgIIFuEG18H7vy+/HLeDS+5C7Pdvn5t0if8GLGJDP274yOXPieJeV9jHCgcaC6PW47JD4mkc2VDHjZ5oZxytqqlSLO/+WtEu6xIjEATGUxFcYvIGYuGcdW8v3Z40K2e+D12vA+WnTHZNYP934USvx6TgghvBUTv5SEg4JQzeWqnRRvrGn0mxGeP+8536l4ce3AjS2fsMSAnvTP8K7ypGwSYzBdoCxIkSaQgVWNdN1r9s80ri5Vu5YSMi96ZgCI9gNuzhQFAS/Au4wzoIMeLZRdV4DmSvaZEPNjN4LwkHzgloJlWsb77t46ixaPo8ba4iNr0DF5Pg/knlHQPijHV0Xm//181lpiDHDBvE5VQpWZdAf3/P6E0E3ATS3A3FhDg0GTAM1mpYm2qu9U39Q9yBGB2KLo3kjmGyfR1nRLQ+y2g3PqNVkVLwWcilVantnyXvKQOYkrPPe+OJVuys1S1+SyAuVgDgady5lUDQagIxEfYx/NDTwvHuS3t8sFvpC0fbto+wxX8qad7Y5UAi9oZPReD5eyJPA3ETk/Gk9IDeC5buSOHXhBEBAwCggSN5dWUt+EmQ39fM6mqipfESlkxKPpLhEdviCHxhUEjXo91WWdhFhifPo6n3Pj+xqHd71D/csYrnBwHFltfQc/A2IFIFKjXRuY3ZS671S4KnZWdqNi6QIdjxjvShwSq1YmgVIdmdpZb9hiXApbN+RpUEmMT9ESE2dy3JxDxPtsGMcqtrBSR0QDmkkNYpaL49mQasqb0YYXtRFHLjssckdnGpPpbkprX+SzdgRMCecOnKOvJCboNo9gQocwUMyn8ZxOTunsulMFirIc8U/ap3FkAiWxkLjMuAi/On/tdSPUlaq+WKgqBT064iPLNGrumgcgQp4rhZajr8L1lzck0fB/4366WLzxNo0hXjxoXTn9vVHlkEyKNrCVSLz2D6nKhDd6RAjIdZvc3fRUP5NPexVMDEHBkVQPPjS4OCb1a0KjlOO57dp3wht3SkWbWZoJmZe+f9zcMvfsKP9T/5yGAcKaW2IhdU4jeE+NhX9r3VFlS/pl8jZj+8XSqY8wMqAv2Nb9GvAJiBVd72EP1KB4rzOHGN/d+xTWB/E7jGIh8nR5D3GGIE8HwjBD9mfdSX1Zxua65wK7v3NnHZ/T82MUj+R55laVEEz/PznYol4EzwjuzQRNwxvIzT0YfPabdsjmVQ0iSnni88ZGWTO0Dqn27MKToe6DTr7khRyQWtgmeHFe+h6E+sgeXJmF2sOTu8ypOWehhyYpMJHlSEyrI2SbWX4rEylFka6kYHeoofWfu9dukTp73GnokaKBgBGzuxJlsVZtlc3gmINsj340qUyEyjyY/3Uh+Ae+f0V6xaRxr9Uq3S9MGLLqXxMXCF7csVfwL+Ul5yXFkW5JfPf6KNL5OK61LgdGw979u2wscxPTnoUB0Djws+n7IE0J03KeTAx24zVO2V0LofpaP/Toez/C7mACzOxOJ+MKqgndCCxzFpt+tjQA/g1uwynaoi6Qr6RmTYo74PEB9Hwt8RF3oz+q8rMSk6Q4vdMFYsh/YAtNC48IDsgDMfds7XViXzwElsBdZP1X9SW38PhKmQg7NV/Ys8vfGafkJf/WWLXPtogSgVRZ0Ool9ovlfVFo3VArN/nvPgylSvRvaamD/YPLSF/9I38l3I2LTSUXtskKIS9EutAiOE2/uIcU4NgQpAaCn12TUJCDvtvJaxa/EtHxjID08uF3T7KZoHDh7WE63pAxbKhoovmLq8wC+eTvs0KbcVo5ce0T7J4c1/4feV22G9xGb2rCW7mYbV9/z3w1DnEFAeF9HS+9lXWbcb/MTdhTSiE6Yscjl5cK9AUQ58y8mCJ6dGrHJedbLSAxb58NJ/n4Mn8TQAPoZgfAGVT+fFX0UoQR69OPX2sQNxLTRfZ1rbjZfG/TKUgD2ALdSySw2V30MlnT7NSvzCCBUEGCSqGSIb3DQEHAaCCBTIEggUuMIIFKjCCBSYGCyqGSIb3DQEMCgECoIIE7jCCBOowHAYKKoZIhvcNAQwBAzAOBAiTYda+zcH/KQICCAAEggTIE3MD8D51rvJUGD0Vohe+667d2Aylxm7tC94Vts70sFduUOhqOevajkFptv3uMShDqV3j7rfB48MZz2d74i73SU213uXizYLlDiCb4Xgh7TmmrBWOscRradSgK3bfTHJ2WUd2TxQ27+MhQ1witpf2Q/SD3/V2M7I+oeerNTqrEUrqpbxQeFeHWiKkunOr9Exs3LG5HcksPghFZ/RsIn/w14urMuV1ys10eohU8e+vzN/cA3aaUj7ixMTGjtdp2RLDKaXzjxlFN2AEQFDFu9dA+jpeatVX2+/g5G1vSmG+Q+7NqaNpSmiCy2y4s5sSICU0hWw3ElItXaDtvP/x5q63C8IjyS90+NRjUexkyGjzeFLY2UqmmQMQWjZ6I6AAKiTYkZc2tia7S7PsTwGE50hLtm2pTUJAmK2+hhzk0zlJGT9CKXstY6D6akoj+8Zs3W9L1SeLPyRq6sUAhKNVTOSZR8F6e0D2/7xWnpXSChU0xAZ61xGez8hrkHRJ97LVRGSmtULkhWzCIgi8A6qmSMxhDpbmTMWh/Vep8mVP0Rn5ANtQkntHN13CJ2o4HaRNrsdmgHFH4lIxDoCWrpbh61hO222kkeJvoRpDN4AXv87lIzhtnQrq2aZGYyCBBuUb3xK2VPUQ+JB8h8djd2zP9it2uwFWWl2stFMTAM68qiJJfE54x0bgdrKeAryZoWxzeYcDL16WN0BNKePBWDO5POZjbx2v9dzJO2c4/Lk0/I4nKBI1jkEJ/XCaQz2H6WfsD2r3nHiDDkPgDllpZQBPiy6ARazUYXgQEv2Xgd2C7ulHUQq1b6fUGVlapCKVXA14EsHaGJBRCYRRp6Uv+M+Pn3TtHjuhgNtYQ5yyrbX26ArqNANdrs9rX/NAdFw27iVw07Z+kC5nsN6bxz2d/39+/plY3mXguFL3nkqS9xJHl0k46GPYtrNDwHeoP/NGHrkGuCWD+qOAb+sTiM7lRGTvJTzaDpVxwB+ZjYixwX/qjeqqpOOoUo0oYdFSmSrGWwAkfu6jAAQ5kQWQQsF1wzfYqwUXNHS77GhSkqopNAcDnYVXqCVd7yQCbrdP0rnFJby20RAaXcL6JjL2JxtgzK8ofBjVoxJu8KKXJMlH16EreAEqUxIcANQD1hOpA46vsrT+DhDOVUWdPZyGND84bI3A2b/5TITVGal4gXnOLdcilT/34QdZH2IDToTZMi9ViVP72T+RTBsGEgoeKhGTdczRIWJ+1e219Tuf3Gn7oSTUmNUrsoWBcAy5+UZ1+QDWdwBobQblpBRwxC6qWcKiDlqZFthmxieJwhqHTgE9oY5dCP5LmBolRYpOM445Psh4r/qdq0ke9eP6ybO5jJoz1xyk0jyV0gl2if2NoUHX3fROEmx5TymZOc9gRky7DeJWrB18XoxSafLS6EDjBpscde3GskuZZnDEi1JsFkj752f8c5NhII5Hv5Dm1oQr3HS+zqPc8VH9QWH4winxrvoWKYda0DcHpQVFieF0QFGR6f6YgRBw8gP8zTXPJxAdZ4LmC3NNkunFEtcLOWSCLK805HJAWgbZxOiY+zOw1jwbjBvEccfNmZK3gvVXdgUosCtOxHxIXSuRDjMF0fR4KZQ6QpmFSHu5hx2vTtMezvh8MSUwIwYJKoZIhvcNAQkVMRYEFEuLx76Zx/qkWSOnO4Trlez6arAZMDEwITAJBgUrDgMCGgUABBShK6NrmLB91c7vcEUOAFXIe8ETEwQIdR83RBfWWG8CAggA",
                "password": ""
              }
            ],
            "certificate_attribute": [
              {
                "created": "2022-09-20T12:26:33Z",
                "enabled": true,
                "expires": "2022-12-07T11:18:10Z",
                "not_before": "2022-09-08T11:18:11Z",
                "recovery_level": "CustomizedRecoverable+Purgeable",
                "updated": "2022-09-20T12:26:33Z"
              }
            ],
            "certificate_data": "308205553082043DA0030201020212048104333256EDE1AF30A471E04197545348300D06092A864886F70D01010B05003032310B300906035504061302555331163014060355040A130D4C6574277320456E6372797074310B3009060355040313025233301E170D3232303930383131313831315A170D3232313230373131313831305A30333131302F060355040313286D6167656E746F6272696566342E656173747573322E636C6F75646170702E617A7572652E636F6D30820122300D06092A864886F70D01010105000382010F003082010A0282010100DE5B399A11ED47F333EB9DE38F7A9992599BE7D86BDF74C224C1DE35D7F0F0D25B043D9070B5CC83F51795EEDCFBCB5ED241E33D04BC4805DCA570CA9DC47E49B08D7BD27F89C3604CDF501C210ED7DB502169F40443E30E37070EABE2C7015EC5E0250BC78DE6DB7625D9C5FA57CC236C5411CAE827C03A53708248A58E944900DCE01F5306B2AA49CAA0C9E39264E518E57896CFCDC998695C985EB2436CFFE31109B9E634152B24D20244F80C6252AA07D792AF072A6FB101A955B585F51972CA95DD8A1068A583417F5BDD4E6759DCEAF7FA3F01EFEB00038E819D1496924E3CD48870350CBC39710A33D65FBE03CC29293037D477DD5839E3EFB378B2DD0203010001A38202623082025E300E0603551D0F0101FF0404030205A0301D0603551D250416301406082B0601050507030106082B06010505070302300C0603551D130101FF04023000301D0603551D0E04160414D370EB435C8E6EFE4CE3CD2424CB7B1CEC46F257301F0603551D23041830168014142EB317B75856CBAE500940E61FAF9D8B14C2C6305506082B0601050507010104493047302106082B060105050730018615687474703A2F2F72332E6F2E6C656E63722E6F7267302206082B060105050730028616687474703A2F2F72332E692E6C656E63722E6F72672F30330603551D11042C302A82286D6167656E746F6272696566342E656173747573322E636C6F75646170702E617A7572652E636F6D304C0603551D20044530433008060667810C0102013037060B2B0601040182DF130101013028302606082B06010505070201161A687474703A2F2F6370732E6C657473656E63727970742E6F726730820103060A2B06010401D6790204020481F40481F100EF00760041C8CAB1DF22464A10C6A13A0942875E4E318B1B03EBEB4BC768F090629606F6000001831D094C080000040300473045022100B900E5D34ED4975A06E1BE11D0B9A3825C63BD0A19E7DE5C6530C12472C07E690220796389DD4F3AE015BB66B26CD1B2F66A811B1ABCB75200BA630ED20A04F9C38D0075002979BEF09E393921F056739F63A577E5BE577D9C600AF8F94D5D265C255DC784000001831D094BEC0000040300463044022022A3E56506539C3C5DC984DF0169BE81328B1AE60DA026C7FD9D2B39F8E98FBD0220441CB56E850C910A73CB1FEF6709EFA56944748D64D72061F5AD8F89EC536FD8300D06092A864886F70D01010B0500038201010063A09E6219D7086686F243D8AC798C06B9A8D09B8FCF7CA3802F0F1FD57F7A28518C602E136B0AAAF8103C1245FAE4DBD86159BC3A95E0AC4449BA6CEF5F3C18FC62BF327A7C74D5B893B0C8A94F24A7998141DE809552EF84BD7F992C176B4ECC5C5547ADCB4BB91640491EAF6E907211182B65830453DB906861AB17824BBAD0A0D629EE0235C20D08F5A4CE7C7117F3EADEB5CD80A4645B7071E01215D6ECF1F86AE0876ABF48495B6337B81CA772DD6AE2E136CF072D0E60C8C23D1C815BBF7207BB1CC0561288B456607F7BECC127385686C8B1FC7B441F4EFB8CAFCCA3A2548EA2611918388890CFF77265E0EEBB16E9AE414F9CFF28DCFC0AE2088BBE",
            "certificate_data_base64": "MIIFVTCCBD2gAwIBAgISBIEEMzJW7eGvMKRx4EGXVFNIMA0GCSqGSIb3DQEBCwUAMDIxCzAJBgNVBAYTAlVTMRYwFAYDVQQKEw1MZXQncyBFbmNyeXB0MQswCQYDVQQDEwJSMzAeFw0yMjA5MDgxMTE4MTFaFw0yMjEyMDcxMTE4MTBaMDMxMTAvBgNVBAMTKG1hZ2VudG9icmllZjQuZWFzdHVzMi5jbG91ZGFwcC5henVyZS5jb20wggEiMA0GCSqGSIb3DQEBAQUAA4IBDwAwggEKAoIBAQDeWzmaEe1H8zPrneOPepmSWZvn2GvfdMIkwd411/Dw0lsEPZBwtcyD9ReV7tz7y17SQeM9BLxIBdylcMqdxH5JsI170n+Jw2BM31AcIQ7X21AhafQEQ+MONwcOq+LHAV7F4CULx43m23Yl2cX6V8wjbFQRyugnwDpTcIJIpY6USQDc4B9TBrKqScqgyeOSZOUY5XiWz83JmGlcmF6yQ2z/4xEJueY0FSsk0gJE+AxiUqoH15KvBypvsQGpVbWF9RlyypXdihBopYNBf1vdTmdZ3Or3+j8B7+sAA46BnRSWkk481IhwNQy8OXEKM9ZfvgPMKSkwN9R33Vg54++zeLLdAgMBAAGjggJiMIICXjAOBgNVHQ8BAf8EBAMCBaAwHQYDVR0lBBYwFAYIKwYBBQUHAwEGCCsGAQUFBwMCMAwGA1UdEwEB/wQCMAAwHQYDVR0OBBYEFNNw60Ncjm7+TOPNJCTLexzsRvJXMB8GA1UdIwQYMBaAFBQusxe3WFbLrlAJQOYfr52LFMLGMFUGCCsGAQUFBwEBBEkwRzAhBggrBgEFBQcwAYYVaHR0cDovL3IzLm8ubGVuY3Iub3JnMCIGCCsGAQUFBzAChhZodHRwOi8vcjMuaS5sZW5jci5vcmcvMDMGA1UdEQQsMCqCKG1hZ2VudG9icmllZjQuZWFzdHVzMi5jbG91ZGFwcC5henVyZS5jb20wTAYDVR0gBEUwQzAIBgZngQwBAgEwNwYLKwYBBAGC3xMBAQEwKDAmBggrBgEFBQcCARYaaHR0cDovL2Nwcy5sZXRzZW5jcnlwdC5vcmcwggEDBgorBgEEAdZ5AgQCBIH0BIHxAO8AdgBByMqx3yJGShDGoToJQodeTjGLGwPr60vHaPCQYpYG9gAAAYMdCUwIAAAEAwBHMEUCIQC5AOXTTtSXWgbhvhHQuaOCXGO9Chnn3lxlMMEkcsB+aQIgeWOJ3U864BW7ZrJs0bL2aoEbGry3UgC6Yw7SCgT5w40AdQApeb7wnjk5IfBWc59jpXflvld9nGAK+PlNXSZcJV3HhAAAAYMdCUvsAAAEAwBGMEQCICKj5WUGU5w8XcmE3wFpvoEyixrmDaAmx/2dKzn46Y+9AiBEHLVuhQyRCnPLH+9nCe+laUR0jWTXIGH1rY+J7FNv2DANBgkqhkiG9w0BAQsFAAOCAQEAY6CeYhnXCGaG8kPYrHmMBrmo0JuPz3yjgC8PH9V/eihRjGAuE2sKqvgQPBJF+uTb2GFZvDqV4KxESbps7188GPxivzJ6fHTVuJOwyKlPJKeZgUHegJVS74S9f5ksF2tOzFxVR63LS7kWQEker26QchEYK2WDBFPbkGhhqxeCS7rQoNYp7gI1wg0I9aTOfHEX8+retc2ApGRbcHHgEhXW7PH4auCHar9ISVtjN7gcp3LdauLhNs8HLQ5gyMI9HIFbv3IHuxzAVhKItFZgf3vswSc4VobIsfx7RB9O+4yvzKOiVI6iYRkYOIiQz/dyZeDuuxbprkFPnP8o3PwK4giLvg==",
            "certificate_policy": [
              {
                "issuer_parameters": [
                  {
                    "name": "Unknown"
                  }
                ],
                "key_properties": [
                  {
                    "curve": "",
                    "exportable": true,
                    "key_size": 2048,
                    "key_type": "RSA",
                    "reuse_key": false
                  }
                ],
                "lifetime_action": [
                  {
                    "action": [
                      {
                        "action_type": "EmailContacts"
                      }
                    ],
                    "trigger": [
                      {
                        "days_before_expiry": 0,
                        "lifetime_percentage": 80
                      }
                    ]
                  }
                ],
                "secret_properties": [
                  {
                    "content_type": "application/x-pkcs12"
                  }
                ],
                "x509_certificate_properties": [
                  {
                    "extended_key_usage": [
                      "1.3.6.1.5.5.7.3.1",
                      "1.3.6.1.5.5.7.3.2"
                    ],
                    "key_usage": [
                      "digitalSignature",
                      "keyEncipherment"
                    ],
                    "subject": "CN=magentobrief4.eastus2.cloudapp.azure.com",
                    "subject_alternative_names": [
                      {
                        "dns_names": [
                          "magentobrief4.eastus2.cloudapp.azure.com"
                        ],
                        "emails": [],
                        "upns": []
                      }
                    ],
                    "validity_in_months": 3
                  }
                ]
              }
            ],
            "id": "https://keyvaultmagento1.vault.azure.net/certificates/key-magento-app2/f832c5797aa6462e918b88fc6f2fdb09",
            "key_vault_id": "/subscriptions/a1f74e2d-ec58-4f9a-a112-088e3469febb/resourceGroups/brief4_QB_2/providers/Microsoft.KeyVault/vaults/keyvaultmagento1",
            "name": "key-magento-app2",
            "secret_id": "https://keyvaultmagento1.vault.azure.net/secrets/key-magento-app2/f832c5797aa6462e918b88fc6f2fdb09",
            "tags": {},
            "thumbprint": "4B8BC7BE99C7FAA45923A73B84EB95ECFA6AB019",
            "timeouts": null,
            "version": "f832c5797aa6462e918b88fc6f2fdb09",
            "versionless_id": "https://keyvaultmagento1.vault.azure.net/certificates/key-magento-app2",
            "versionless_secret_id": "https://keyvaultmagento1.vault.azure.net/secrets/key-magento-app2"
          },
          "sensitive_attributes": [],
          "private": "eyJlMmJmYjczMC1lY2FhLTExZTYtOGY4OC0zNDM2M2JjN2M0YzAiOnsiY3JlYXRlIjozNjAwMDAwMDAwMDAwLCJkZWxldGUiOjE4MDAwMDAwMDAwMDAsInJlYWQiOjE4MDAwMDAwMDAwMDAsInVwZGF0ZSI6MTgwMDAwMDAwMDAwMH19",
          "dependencies": [
            "azurerm_key_vault.keyvault",
            "azurerm_resource_group.rg",
            "data.azurerm_client_config.current"
          ]
        }
      ]
    },
    {
      "mode": "managed",
      "type": "azurerm_linux_virtual_machine",
      "name": "vm_bastion",
      "provider": "provider[\"registry.terraform.io/hashicorp/azurerm\"]",
      "instances": [
        {
          "schema_version": 0,
          "attributes": {
            "additional_capabilities": [],
            "admin_password": null,
            "admin_ssh_key": [
              {
                "public_key": "ssh-rsa AAAAB3NzaC1yc2EAAAADAQABAAABgQDAXuIAe8DVtQ+qHpbTnCMn5iP1u7WQEOLDE76PTRZ0lYc0TrWJvH+zWzpEbTK/fwzx5sw7yAlBnuR83cAOtm6y8Gk5yktOogsk71VnJ9cXKV7QWtX5o/nysqhliBWAW2jQmEMLHBf4DOFXcKpCdl0OBOtrPct976tnFXhM5n5WF0wrQ4dVikfWe57yg0BX+G+ZbNl7iDCHS8cAGEI2S0ziGOLjl0qJq+9jjCaj2bdVb5vtbz/ghplWtNKQvirxvfOC5H3XbX7aeH2sAlogeYbPs8DmFuz5Smq/+FLBZzqV7JhPMxBCpVFm6r+EzZDgiS2WB96Q3Jh0ItPz7wwJtgpLmSWeaBmWyPGAOh9MBal2RXgDIZ26EPOQTc9WX1377SaEMFSXgwq3e0mtFl5TYG+hzjujY9ik6nfjyLy1yNaPB7hq0z0cCijeJf0Nlm092Ukb1IJOndiS9LSZXjFJT+LRNz7hqyK/oj8nH4K2nx4DMH+Fj4JypSdsqmIk7aXLdYE= nomad@device",
                "username": "bastion"
              }
            ],
            "admin_username": "bastion",
            "allow_extension_operations": true,
            "availability_set_id": "",
            "boot_diagnostics": [],
            "capacity_reservation_group_id": "",
            "computer_name": "bastion",
            "custom_data": "H4sIAAAAAAAA/9yWya6jWNaF51eKd/Af/yCr5HKYxhh8U1FKMGDANKYHT0KHxnDomwM2PH3p3qysCinrCZLR3otvL+0trcE5tw1KG7Rzli5939RThWAHBrSv4StNft1E7dQkYFi+f9VkTeAMV+dZK/z69tHtvHQYYdu8b/Bv2Je3L2+73c/Ql7c/vHk4du0I0ScLEAJxXqcN+nXzgFXagDr9/vXbt31ctVOygw1EP5W7CIwfc98WUFdf/2vpDKAZH+mwE5q4TWCTvW/oCKKfgM97UPr6wy1umwfMvrxpsE7/tPn//8y8dSAuQZb+mLoEoA+XYUr/EMf3t81mtwEd2qGPHbp2QLscoW58e5vGdPj3/yR9gKlCn/XHhe+bfkobBJu3zWazyYZ26sb3zTgl7T82Q9uiT3nM06p63+wj2OwjMOafYlcB2Pz4OORHB8bxmbxvogpEFcAJ8v9+H5uS9n3zC6uq3//GqurfN7pxY23b599ZVf3ld2TMf4AJ5e0A1zT5UabL556/f7vNP3f/aT7Z3TCCDcuyLEfqKzjjS0wIHy3Pmiz3IWcmzwaTzKYM7yFz20td5DRnraHgDZ9o3xQMlRfo482x7lgVxpgz+MosbVd/7YTIue4fz/VFjU96YSuumSyGjFkD1ceFuZTUUiKjzcaSxr1GOcXB1aNNHwVUu2+Wsc8ryPmsTxRmLWiqxD0OvCEG8bU7JxVmcAYabjE60UfUiEGuUQ3li9hzMA+JB8uHn1L0kmFcsL1s75Fe0ZA/SzYTsxdBJmxshRdDLSqsV/rtqSjOoCCixIuoGUXrPsu7ykf61Zzh8JofxpmSyCAKaJBKxMhWbZaG0W1k+FqcVsqu+/1WVLn72nu0kt+0F3fuPLE+DlthvfMZtAmfOx1NUskxGd1W+vlUUNapte2ngKv95XZhjfykcaAirCDj5TtxFG6G6cQnP8BJmraBoIl2kD17MsVqJFaUE162+VpMRXiC5bF5FIu64IsObhyd99iKxWdYpMoD06saOxFuGeGyYjQJtE+qfQ8KUXG2qqWvdN4v131bMI10uBLN68Br0lYsDsrS2cnY13JJg0BNQuH7pmlrkPyWpDOM05+CPqK0y/8qMT83XHi3WkOp97naRJfa5fScE8Zkdtneiw6MYPYVbaRhxh06Yy+KE2PI+bV9cGdueeDVqX0KfhP54l3JH9nT3EL9XiRbHN5RHR9jmBS9uXSZEG/dAwnmOBe85J4UV1yFiSwrCDPollGxjLX0Br8VvKjeyNSViUAnWdVdOXK01uDqKLgprYyNc0v+8IMnMefjDZxkUplPQGDW+3TmXvvs4ZnmsheXscyujOdbUu5WZHDOdP7lhlzXNVx2PvO+1IVGskp7Kpgsw0oyLY75TNnreXzOwm06zIDmq1KuVgt6r5qatCtTzgLkmy3ryyS4jNkLkSqwty8An4dcVdt0PniH2HcKP7/fUsWWHT71S1JiR+7Fc/5lfpE0flyeY07XJa90xRK0z6MVdA5XpsTg1MMhOG1z79J2h3vRL47jTk6ZRGFVPSFwhnG6ZoZCNSlR+R1+w2UHi3lsPBXYRa/21OEKdBKXRDhJXuh5LLNcOook1IdV5CjvtESCU65E47O6OgOvWCTEYRw7GIBu+X0zIVjBEaB0Gn5zHVmVbXZHKC5Pe9ZPqR8W0LR/mdRP5shHSb5yBlLmFNlWYMk6p96bq7CqMaq2CpmLAUEk7W3BOYRyBtLgEMOsX8wTftDkLAmHfXczxIdEh5wKKDUXCQvELzK2HNy6tVF9aQheE2Kdjf3iiZvDybEqUorFK3WCTWoeprLl0aG4n93FCip4FrW85xLTxSacIdxZFx+YSkUq561V6S/669bSJ5/nL+GJls6jqYayGffWYwwVLHwqlLlc3Bm5/rXWDBKL8ipfTEWpL/ujaVbevj6OGpTOUEBb2nzNVENu45MlUfloLWBp1lGN9XoVdL4fB35ssv65Xg9tytg0Hl6vXkOeqGa+HzR5YG7cMRL2HvS72cai/LyyOh+yBSO8SuJG+RYJZOx4ayPViN3iVZMCrhgi2IdxYDKXYK3drLh0krYi7tjb0la3JcnpubSo53EmePPUhP1eV/GRLo/pVrSfvlmiux6wlSfP7kUbAgrXEveFvACluiCme/1cHLjjMaQgoWmMp5R4NWY1c5PdAnvyRcVhD8apXPG6nXtYqIjB/nfqWduTzpj2p5febvfl7V8BAAD//1z/TeVICgAA",
            "dedicated_host_group_id": "",
            "dedicated_host_id": "",
            "disable_password_authentication": true,
            "edge_zone": "",
            "encryption_at_host_enabled": false,
            "eviction_policy": "",
            "extensions_time_budget": "PT1H30M",
            "id": "/subscriptions/a1f74e2d-ec58-4f9a-a112-088e3469febb/resourceGroups/brief4_QB_2/providers/Microsoft.Compute/virtualMachines/vm_bastion",
            "identity": [],
            "license_type": "",
            "location": "eastus2",
            "max_bid_price": -1,
            "name": "vm_bastion",
            "network_interface_ids": [
              "/subscriptions/a1f74e2d-ec58-4f9a-a112-088e3469febb/resourceGroups/brief4_QB_2/providers/Microsoft.Network/networkInterfaces/nic_bastion"
            ],
            "os_disk": [
              {
                "caching": "ReadWrite",
                "diff_disk_settings": [],
                "disk_encryption_set_id": "",
                "disk_size_gb": 30,
                "name": "disk_bastion",
                "secure_vm_disk_encryption_set_id": "",
                "security_encryption_type": "",
                "storage_account_type": "Premium_LRS",
                "write_accelerator_enabled": false
              }
            ],
            "patch_mode": "ImageDefault",
            "plan": [],
            "platform_fault_domain": -1,
            "priority": "Regular",
            "private_ip_address": "10.6.0.19",
            "private_ip_addresses": [
              "10.6.0.19"
            ],
            "provision_vm_agent": true,
            "proximity_placement_group_id": "",
            "public_ip_address": "137.116.75.93",
            "public_ip_addresses": [
              "137.116.75.93"
            ],
            "resource_group_name": "brief4_QB_2",
            "secret": [],
            "secure_boot_enabled": false,
            "size": "Standard_DS1_v2",
            "source_image_id": "",
            "source_image_reference": [
              {
                "offer": "UbuntuServer",
                "publisher": "Canonical",
                "sku": "18.04-LTS",
                "version": "latest"
              }
            ],
            "tags": {},
            "termination_notification": [],
            "timeouts": null,
            "user_data": "",
            "virtual_machine_id": "80d794a7-925a-4550-869e-d86e58dd2c0f",
            "virtual_machine_scale_set_id": "",
            "vtpm_enabled": false,
            "zone": ""
          },
          "sensitive_attributes": [],
          "private": "eyJlMmJmYjczMC1lY2FhLTExZTYtOGY4OC0zNDM2M2JjN2M0YzAiOnsiY3JlYXRlIjoyNzAwMDAwMDAwMDAwLCJkZWxldGUiOjI3MDAwMDAwMDAwMDAsInJlYWQiOjMwMDAwMDAwMDAwMCwidXBkYXRlIjoyNzAwMDAwMDAwMDAwfX0=",
          "dependencies": [
            "azurerm_network_interface.nic_bastion",
            "azurerm_public_ip.public_ip_bastion",
            "azurerm_resource_group.rg",
            "azurerm_ssh_public_key.ssh_nomad",
            "azurerm_subnet.subnet_bastion",
            "azurerm_virtual_network.network",
            "data.template_cloudinit_config.configbastion",
            "data.template_file.scriptbastion"
          ]
        }
      ]
    },
    {
      "mode": "managed",
      "type": "azurerm_linux_virtual_machine",
      "name": "vmelasticsrh",
      "provider": "provider[\"registry.terraform.io/hashicorp/azurerm\"]",
      "instances": [
        {
          "schema_version": 0,
          "attributes": {
            "additional_capabilities": [],
            "admin_password": null,
            "admin_ssh_key": [
              {
                "public_key": "ssh-rsa AAAAB3NzaC1yc2EAAAADAQABAAABgQDAXuIAe8DVtQ+qHpbTnCMn5iP1u7WQEOLDE76PTRZ0lYc0TrWJvH+zWzpEbTK/fwzx5sw7yAlBnuR83cAOtm6y8Gk5yktOogsk71VnJ9cXKV7QWtX5o/nysqhliBWAW2jQmEMLHBf4DOFXcKpCdl0OBOtrPct976tnFXhM5n5WF0wrQ4dVikfWe57yg0BX+G+ZbNl7iDCHS8cAGEI2S0ziGOLjl0qJq+9jjCaj2bdVb5vtbz/ghplWtNKQvirxvfOC5H3XbX7aeH2sAlogeYbPs8DmFuz5Smq/+FLBZzqV7JhPMxBCpVFm6r+EzZDgiS2WB96Q3Jh0ItPz7wwJtgpLmSWeaBmWyPGAOh9MBal2RXgDIZ26EPOQTc9WX1377SaEMFSXgwq3e0mtFl5TYG+hzjujY9ik6nfjyLy1yNaPB7hq0z0cCijeJf0Nlm092Ukb1IJOndiS9LSZXjFJT+LRNz7hqyK/oj8nH4K2nx4DMH+Fj4JypSdsqmIk7aXLdYE= nomad@device",
                "username": "elastic"
              }
            ],
            "admin_username": "elastic",
            "allow_extension_operations": true,
            "availability_set_id": "",
            "boot_diagnostics": [],
            "capacity_reservation_group_id": "",
            "computer_name": "elastic",
            "custom_data": "H4sIAAAAAAAA/9xYa4+qyNb+brL/A2+/ycw58SDgDXWyTwbEGyKKN9DpSaeAEgqLAqlChZwff6J27909ey5nf53uRKnFU89aq2oteMp+QhgkjF8XKexxcY4ZSkHGhBhdof8T5yY58UFWfH6aTWYDdb4xNWW5e6rcRvwWZhQlpMdJNfFT5VOF59+DPlXeuDVE04QidscCxoAXxpCwn7gDwpCAGH5+qtUEDye5zyOC2LtLHmJAGfJqBYjx01fKdQYIPcCMHxAv8REJepzsIvYOcM+Hwesbm5eQAwo+VWYoht9E/v/vMZUUeEcQwJc89QG7sWQ5fDPSXoXjeA6kjGe3GNIkY3zIWEorlZzC7PW+Dw8gx+x+fcuwx51ySBgiFY7juCBL8pT2OJr7yb+4LEnY3UxDiHGPE1xEBBfQ8G5MMUDk5ZbISwoovfg9zsXAxUCqN/7vMS33kx73o2IYn/+hGMY/OXO+UFYrW+sphvHjA0LDF5CzMMlQCf2XIyzucT7+eO7f/JfBHctnFHCKoihqwyxBXyq8+uA21BRLUW/mwNIUJ58osKNtmVU9jVN3Tfoz0kILKZdtazA3tIHcXqyXexHvPHGd2fp5XC3tMh2466lwuJTXFr3IhYJVki87DU+Zs7hddEbHVnFk8ySgR1naEr3rOdOtbNnMaSUCKegpxEi1FbseWfFgZozVQ1ObDx1vmvZ9LM7VOcsWHuvKbUaGTjhrkZY9FC+Z1fS36HiwYUsuAlF1qqPq3jWxjLT+eNXxlNFgUl+JJRrNjQiLJ/1U7UZRH0R119+6rTNzSyEIU2wzc2qdUXY9H+b91rjhuI4M4LhOFZwEcOcuaEeLh3nZWsUnoTo01H152sp6uJhd1X66HcbtrDoo91qAVnVb7bathh6KE7Yo5ctFZ0FqxCsbAjW2i8VImYfdmQpwfekE2mRfbw8Wc2vtdW1HasjyCgxmw5UTXE4NKMZsiFvr3agallEe7bro2CaHqDAKqTDBQpXDk1iKXh9FUD+IJo7Fbn1zdKWJPic+WnWN1d6Jhvq6aizNUg5PxVRIog4ZN6d1cm1qs3F1GDX1Il359BRPjjJwDH83+MyRJAb+zz48Iw++K3TKYBr+Xcq8T9TdfpnM9VgIDeKO4o1qhuqA+ueNctq6zc7AOmF5DneB2kznwnCYd+aTcJoc1L5aHCTcTS4Dm7j2cK+Hh+BiVZG5j/yqhPYs9toe8qOTVaTBwKtumg1w9sLB1t/70VQykD+Z6Eycy0nHEANlaRJpEWlDY9GAm0ndMRuKsSnVBl2WznStS9a47KwktQgPtnOpn0O6AN1JQz93waBT7vO+ehWCw9ayCmFY0GMw7Wzt5Tjc4IbTD0ztutmpaUrUoN/X7HG6m/vlWGg5+XK+9IOZ52mBLpih1w92VZidgazh4wSXS7S9xq18Nu0czwOkkapiTxpgRIMraxhgVb0CdGmGhpHAc3Pb9Ox1ZIf7BdRXk7UG7WNjrFD1qqn26HxtyFK7uNBQjo+ankaFk1zaSyddq0dYz9Zx1nS61XA7StLmPjoV6/UmXx99d4fxBYF1RvNpMNdbBNaxnUoLabIWPU2k3UgcmVhoNafAbEjjIcrH2912q3SKUdpq1I3DMgpZmM78McpD3aUXPF1nmr5sIAl53loEaHP8zOUMYUQBg3n282Y9MSYrha/rG03eLt9VfVYAkvxtqj63qOb6YanOmX6GbLV0lhNTNfZkOigNj+Gq3giHTr3uJ4tCUhkLO0gGTQ8Fp8LqSs3ZJPB3mZAu5sPDWN6pBmgZ4bC+BN614S3X0nKRuPGI1LXZwDMVz44ukpV110vcGHvDaauLCLSa+THRWDPa9zfF0sGoP5yFJ9W3NmIudeqbszk8iEbLNdRtiY92YV4Xidy1NW2068rjPrWM3cTyTssD3eni7qK3rGK0ObONPY1n84bohjgsLF2PR0LbsvBWiNt0hsZ9NGBV2bqeW6RR9brLcSukywIUpKSGZ8blwNRONNMoCU6XctpMYGclS7vpdEsa3RY575uzSdZZqG13IGyRnZ5Xohv2S8XUdkrUGVyP9UXLXjbARGwvEteYe5voGjcGkj4fAmHnOVZn5JTxJohG6XhWMrV9Wo2r5mo8Xp9UGMVneq5rVpfsToJpSFQ+tmF1uLrY1pHtTUfB28l5M5plTkua+Zsr2zoMmoMhFMx+1FTb7V0L1WezzlY/SpgGcWcx2UTiRYuwKh46a7wZTqvnE4oM1hF/v+qV1XbcF2eVyiVDDL7c1Nur3EkBC3ucECYxFF4V29s3hSDzwloR43sZeg991uOePJxTBrPao3/iggdpipEHbjLxmZDEh6+3bpe89ExuTmo+YKDHCWeQCRi5H528QnAS0DdIEvwWQiC7JNmxFiaU9ThJrDVrYq35TK43gVej0MszxIoaJMDF0H+Iv9+5myUY30TsXwBvyrBGKe49E477Aj0ATOHNcutVlmSw9lhAD2aMCvc5qVR/Jt/QfZGc33I+3HPcGWbo8LqML3Hiwwftw/bHTr8y3z1zNz7K/hL3tok3rY4AfonBbfhy2zLa4355fnrdvKdfn8k9r8eyi7X7/zN5qlQqWU682H8U0iWAjONPc47n7qK6JwjgFjzwGK29nQW8RBgtRvx0sOM/bC73n/vjkgvSgON5H4IsTjKOTzghp5lAQ5BB4QiLDJGAfiwL/tVcC9LgHgf0woR78qHL/UJRQKDPu8Xn76L59c8TeDtOCJ3aVQAp4yi7bSQXA0Se3hJhEHICZN4NINAkzzxIaxhRVvPfHPOd2vVuuod9n3U7m9yW8XF8+WDnEKEMYMx9XDe++Iry0ofLD4hvm/k3ze4C75inL4/hh5Z/pc3i/4n2Yxx//jz5XsIwuZD7+7j3MfvvpYkTn2u3xe+cd3/x04IyGHsMcz6AcUL4DOIE+H+IenT3x92qUZh9kdz3SV/xlIGM/Qnc89/3wsfYXUS4H354MNZ+U9f3ky13+wS+z8UggIQlHJ++qpVXwcLxGUfzFGY3YKXyzS8CPP+p8t8AAAD//5dfE5dwEAAA",
            "dedicated_host_group_id": "",
            "dedicated_host_id": "",
            "disable_password_authentication": true,
            "edge_zone": "",
            "encryption_at_host_enabled": false,
            "eviction_policy": "",
            "extensions_time_budget": "PT1H30M",
            "id": "/subscriptions/a1f74e2d-ec58-4f9a-a112-088e3469febb/resourceGroups/brief4_QB_2/providers/Microsoft.Compute/virtualMachines/vm_elasticsrh",
            "identity": [],
            "license_type": "",
            "location": "eastus2",
            "max_bid_price": -1,
            "name": "vm_elasticsrh",
            "network_interface_ids": [
              "/subscriptions/a1f74e2d-ec58-4f9a-a112-088e3469febb/resourceGroups/brief4_QB_2/providers/Microsoft.Network/networkInterfaces/nic_elasticsrh"
            ],
            "os_disk": [
              {
                "caching": "ReadWrite",
                "diff_disk_settings": [],
                "disk_encryption_set_id": "",
                "disk_size_gb": 30,
                "name": "disk_elastic",
                "secure_vm_disk_encryption_set_id": "",
                "security_encryption_type": "",
                "storage_account_type": "Premium_LRS",
                "write_accelerator_enabled": false
              }
            ],
            "patch_mode": "ImageDefault",
            "plan": [],
            "platform_fault_domain": -1,
            "priority": "Regular",
            "private_ip_address": "10.4.0.4",
            "private_ip_addresses": [
              "10.4.0.4"
            ],
            "provision_vm_agent": true,
            "proximity_placement_group_id": "",
            "public_ip_address": "",
            "public_ip_addresses": [],
            "resource_group_name": "brief4_QB_2",
            "secret": [],
            "secure_boot_enabled": false,
            "size": "Standard_DS1_v2",
            "source_image_id": "",
            "source_image_reference": [
              {
                "offer": "UbuntuServer",
                "publisher": "Canonical",
                "sku": "18.04-LTS",
                "version": "latest"
              }
            ],
            "tags": {},
            "termination_notification": [],
            "timeouts": null,
            "user_data": "",
            "virtual_machine_id": "14823941-c034-41e0-b3b7-e032d6ece2cb",
            "virtual_machine_scale_set_id": "",
            "vtpm_enabled": false,
            "zone": ""
          },
          "sensitive_attributes": [],
          "private": "eyJlMmJmYjczMC1lY2FhLTExZTYtOGY4OC0zNDM2M2JjN2M0YzAiOnsiY3JlYXRlIjoyNzAwMDAwMDAwMDAwLCJkZWxldGUiOjI3MDAwMDAwMDAwMDAsInJlYWQiOjMwMDAwMDAwMDAwMCwidXBkYXRlIjoyNzAwMDAwMDAwMDAwfX0=",
          "dependencies": [
            "azurerm_network_interface.nic_elasticsrh",
            "azurerm_resource_group.rg",
            "azurerm_ssh_public_key.ssh_nomad",
            "azurerm_subnet.subnet_elastic",
            "azurerm_virtual_network.network",
            "data.template_cloudinit_config.configelastic",
            "data.template_file.scriptelastic"
          ]
        }
      ]
    },
    {
      "mode": "managed",
      "type": "azurerm_linux_virtual_machine_scale_set",
      "name": "example",
      "provider": "provider[\"registry.terraform.io/hashicorp/azurerm\"]",
      "instances": [
        {
          "schema_version": 0,
          "attributes": {
            "additional_capabilities": [],
            "admin_password": null,
            "admin_ssh_key": [
              {
                "public_key": "ssh-rsa AAAAB3NzaC1yc2EAAAADAQABAAABgQDAXuIAe8DVtQ+qHpbTnCMn5iP1u7WQEOLDE76PTRZ0lYc0TrWJvH+zWzpEbTK/fwzx5sw7yAlBnuR83cAOtm6y8Gk5yktOogsk71VnJ9cXKV7QWtX5o/nysqhliBWAW2jQmEMLHBf4DOFXcKpCdl0OBOtrPct976tnFXhM5n5WF0wrQ4dVikfWe57yg0BX+G+ZbNl7iDCHS8cAGEI2S0ziGOLjl0qJq+9jjCaj2bdVb5vtbz/ghplWtNKQvirxvfOC5H3XbX7aeH2sAlogeYbPs8DmFuz5Smq/+FLBZzqV7JhPMxBCpVFm6r+EzZDgiS2WB96Q3Jh0ItPz7wwJtgpLmSWeaBmWyPGAOh9MBal2RXgDIZ26EPOQTc9WX1377SaEMFSXgwq3e0mtFl5TYG+hzjujY9ik6nfjyLy1yNaPB7hq0z0cCijeJf0Nlm092Ukb1IJOndiS9LSZXjFJT+LRNz7hqyK/oj8nH4K2nx4DMH+Fj4JypSdsqmIk7aXLdYE= nomad@device",
                "username": "magento"
              }
            ],
            "admin_username": "magento",
            "automatic_instance_repair": [
              {
                "enabled": false,
                "grace_period": "PT30M"
              }
            ],
            "automatic_os_upgrade_policy": [],
            "boot_diagnostics": [],
            "capacity_reservation_group_id": "",
            "computer_name_prefix": "vmsapptest",
            "custom_data": "H4sIAAAAAAAA/9x5aW/ruJL29wDnP/DN27g9Mz6yJG+yfeBGW973fQsaY1ASJdGWSJmkLMuN+98HsuPEWc65fTCN+XCDJCaLDx9WkcViFVyjRCAipHkcoDLwQ0/gADIh+/iErG/AoCGxIIsrj4POoKGPFsN6dbp5fEh60hIxjikpAzWtfHn48iBJ96AvDzfuOuYB5VhcsFAIaLo+IuIbsLGHCPRR5TGdlk2PhpaECRZ3TQkGQTqGvvf4SjdnkHAbMalBTGph4pSBZmBxB7jYItDpxmRSYmPny8MA++iD1v//HvMQQHMPHbQNAwuKhIWF6Cbk5QcAJGBSP6AcsUvHhwxDy5BMDyMiPhFJqpJWL3Jic8mkvk/Jtetgcnp4CDliz8QWsmHoXUmSbSmDQ4iIwAkeAIfRMOBlwEOLfgWMUnERcxd5XhnIBiayAbl7EQYexGSb7MA2gJxHVhkYHrz+qpns/7vODC1aBr9W+/3Kf1T7/f8Ew9G4Oput6uVqv//rFcLdLQyFSxk+I2u7R/FF1euPBH6TXjoXrMQ4BNVqtapnh2dYU2Mz00i69eqkqidiZ1KvrsNOFRXrSzFJHdqBMSe1AcnjsRpqq0lj1K83tMJ4Pn1SvI2pzNmqe2ynzqtz0DDmPdmOzqc8j7S46ukknBazZnUk/EJcbO3z8V6MqMP3mrok3ZK57i21yUqs81QmMT+4HtZX1VVmN/Ebg35bt3P1UXNt9oKa5SkjfSTY2BQlrSBIc+0O8iS/aioRm+SsJd7bK5TXYkfR16lW6skYehqu19qzolltNTqZmXLGrVF/5ymH7iFV2u1qcJcxrKWRPwrjLDtu4K3EsDc5YnY62qNavp1dG2sNonaGVz3qoI0x5sW63wzP+Zl/kFPNvv50Piy1rjsenPRasGz6BZZqnJ/qDp5lVnqpMMl2XaUjxmctirrCCfr+bIWg7q/icas6cksDHXqZ6dqpd54yhcZ4NJmbpdVazWraDDYGzdnaiQ5ZpPii6eXnm1bKPe/C3aaE9wVi7+J+rMZDONY196CcFbOGd6hrK0PPV0qZxd5QO90RsfCs1J89rXfN7jzVnw7PmnuIezLdFUk718uQU64+aKeau1w3DmYWP/idvQbXfWvTqABCfWj9bqEjNtGdr3OBAvffyNNrRN88Temo68tunxgtf6EPXb3BreOielgauWJjcvC0Edo4ei4Yyc1mWBx13B619Zoe26pXolFjRYxV86nr2k40SeHh085KqfhJ+GbBxNbuMIkDp2GmFrksPJpuY2k9Wbue2sdWp9MVykijxb7iVKdDoo539WZ/nEWLTmY9zFb7i7Oe5dPzujfvqpP2uThT9di1V+soc3T5GJY62e6xBBvF81NY00+yYy8nk1huxnzv9IrL1bTtLrzsuuYM66fFRg8Coju1Wn3VDjYj69yW8+twOppazsA0605XHrpmzdmkEDtCre7tO955ipcnPx8OesX9sYHrJFVddbKwxZ2TyPbhLHWCOMq5/T5Fx9wyZ67mu5X7NEbdWWdeR6t9tl3l+qmur1rHU1ZTC3HEXc3f17vBLl7TqDBdB3N9jzJs7rPcupRyly0a5J52h3g+X4TzvWVsPC/CcM542HNG3TxBGW8VqGO1M1fMusJLO6U19OR8rgeHWbXdxGF7uVkuq8W4FeSzmb493bnCDQZWG4du1+CR15uzeneaxSo2zbkC8WJfAaHAHuZQoJD9vph3+p1ZVcp0F3VtOb1zfBZDQv+dHD+c8LphuWd9JLpHJGbT9bQz1PtPpNc4903hpbpZt7nOZCw6jlVdCLeINZgzsXOIJyU1N+g41obJwXjUtNvaRu/DfN9tZqbQPGXN6Vydjqnht0imPmiYw6q52kXqhJXmUy/bNpu9fAkTNMmFe1oXud1TbRFP1x6uNQfuQbcmCyVUi5nFcdi0lX7e6OvLs7dfxcPTmGqlVb3e2pS0do1P+pvOxDxMbb7pKpuom5/ErcVRLFY9fzDKKobrufGk2/VbcmEy8ZayX+AD3K7hhkhpk9MxT7IpszRt510+jWFMzrxvDv1zY1g/cFbnxDlE516OouJMUze93pJkS3lyfMoNOqw41gtGQ17iVXCcKYZbO1eH9U11V2yc9plxfjXNwo5SGFOjPzIXu5OfbajdURPKG3M9KbbWZ3/h7FpBe3AWeuEwa6eGs3Z7ftDRzj/yY6Y+KZHNQR72Va7tCyjVnEWryV48DddVb9k5LloDts6rA2txEsu1QMNGE8nD2i6nFwqbPM4MBsVld6963PGL485ip0T1nacrdnHuLZq91PGAd31RVD53/Ops2a4pg4eHiGGBtknu95z3BFC4ZSC71EeyDx1EBL19XpzPvOZ1ZfAYBlwwBH1gQy5MB28NaO4RscCffxAAOGJHxAAICT6VZRYSOXCD5K+YViU78NOcmvtvf5B//kH+IM/gy0QPc4EIKCrfXmm2yeUE22eJAL8Mqq3GdjoazYF8hEyOokh2he/dNM1ckJiYXmih70DkS86XTlLNNId+4KGrNo8PDywkpm9d9yO5tQAGAmDCBfQ8wKktIsiQFDAaICYwumWS4B//eIZblgQDITF0SbUpi0EQwDIlFkO7ZA+AFL8lv2a4rzJ0CigTYFydtyu/JP/L3zHCwOQ9k8OghT6scFNfioGHjZPvZW6fkoWOSZtz766pPifKnxFcT/H542b8c+/ke7emb3DBMHFegCF7GXOsWwsTcZFKO/7K4sf88ILlFAYXBKcWDv1LU9A9IviM2Mu6/MpyxlesYfpQuODV4V6t8fcWZt/ximtRYb29AC8He7FAGgFXiICXZXlQbSlKvqjlcxm1DG0NqVmjqBRyOTsDczm1qNm5XMHO5w1DK1h5U80XjKzxexRF6WfmZO8QM1HapL4cMGqFpuCyRSPiUWhxObmY8uCKlWoNKZPOpXNpAVnaOGdeLRKQAan2PUcH0ulov7vSP+RM7H9D9bqSjYkFjpABBxHEoEAWOCJiUQaC0JC5gAKbl6aPLAwBDAIZCRNIIg4QsIGETsgEputTCzipCPz5T5D6m8it9+T8Hbvp0ogAaQqiKJIsKGD51nhr7f2MhCpMnUDy2r9GwU926LbZL66S3PK7WUnYCoPyyyU6Ho9AkgzIkRQyr3JzqGe0wTCyc2kEuQh5Jn0pipPiG55DdvEVIEmWIbmUi8rzFOlW6V4jZjpg+AgF8jDZp5+H0omtyZLveS5l/zNoewNdh5KK+LbE758vdQVe8h7KrMqbxAdIErR8TCQbMy4u61z6L3IPfipGPsReJUnGbms7ieRZ5SvmotrbaS9KXLpqJgskyYPECaGDKohsFzMgJWGIIWLGlcWsDiRJYB+dKUGVqo8YNqFcc7EJHQqkZAWJocsTySsqkCSOIDNdCSVPB6qgRHlsXoUakKQ3guvpqEo6l1bSuQ+jSXyvlDKK8mEEEwudpIAhG58qL371HpWoTUNRUfMfhpKNeT7Sq+99WPt7Z/UWhgg0PCQlCWnl7WMgOUgAhnx6RAAG0HRR5v2Dc4HAUNC/AAtC5vxlIkn6FH693R+vtjT9XlhMpHcvrulS8Ogjn7J462EfC1ABmdYj+O03cMQ+SCLNJYUpplXZDvykncYEf2CAp20Sh0KBKdkmpwQqQC0qyk8znT1spGkoglBsTeoHDHGOKQEVMCI/r9ZfM8z08N9k2A+Yft6wT8l4zAXyTeEBhriATHz62F9juKblQVp+eVbkvxjEPwZwC5cTlfH9KxH8wMmC0Hj38gah8SEVSWzlvmEyZCEiMPT4KyQpMoFkgl+vm/dyubmAMAgu+/XJfPk6nE5Ev36X7CUQLH2rsV6uWOfslJxsu6HOl3W5u+sErYKqPM3tNcodu7I1LthRu+F2D8bSVPpwQlcDJ6oZpWLuMFByBTvlTo1OqjoTZ4xlK6pUflK962EVFOVfzfmuRfINlWROaZMylI4wsWjE0wSJ2yFwFzKkqD86NBPbHBBqQ+x9vVOi8i8U+2phtvWphSqKpmlfEy3uutcHExP6lVx1SIqgr9C8BPNKVnndLpsLaNztjE9DIoAkrnr9bVZKFPyfGffhxry/FvJ//UDVy2zmJ+mhnPYhTqpQSEyUtj3o3LnD3Y31qRV6qGxhnrxj4Dnl3c4j2oSmoKwaCvfn08O3D4iZPEL/C5LPa6zr1xH3+/VpQX51lQtYvtSx1m3kUta+EjD/HsqTfOb5dbfk+y86rnEVWUDC4FH+7yQrBX/+IsOkot26CFqIgbWkX+t8aXZN/35JEp0kJH17vF/ltbz+Uci+oN5/WyVJXx7+JwAA///zSS/VDBsAAA==",
            "data_disk": [],
            "disable_password_authentication": true,
            "do_not_run_extensions_on_overprovisioned_machines": false,
            "edge_zone": "",
            "encryption_at_host_enabled": false,
            "eviction_policy": "",
            "extension": [],
            "extension_operations_enabled": true,
            "extensions_time_budget": "PT1H30M",
            "gallery_applications": [],
            "health_probe_id": "",
            "host_group_id": null,
            "id": "/subscriptions/a1f74e2d-ec58-4f9a-a112-088e3469febb/resourceGroups/brief4_QB_2/providers/Microsoft.Compute/virtualMachineScaleSets/vmsapptest",
            "identity": [],
            "instances": 1,
            "location": "eastus2",
            "max_bid_price": -1,
            "name": "vmsapptest",
            "network_interface": [
              {
                "dns_servers": null,
                "enable_accelerated_networking": false,
                "enable_ip_forwarding": false,
                "ip_configuration": [
                  {
                    "application_gateway_backend_address_pool_ids": [
                      "/subscriptions/a1f74e2d-ec58-4f9a-a112-088e3469febb/resourceGroups/brief4_QB_2/providers/Microsoft.Network/applicationGateways/gateway-brief4/backendAddressPools/network-beap"
                    ],
                    "application_security_group_ids": null,
                    "load_balancer_backend_address_pool_ids": null,
                    "load_balancer_inbound_nat_rules_ids": null,
                    "name": "internal",
                    "primary": true,
                    "public_ip_address": [],
                    "subnet_id": "/subscriptions/a1f74e2d-ec58-4f9a-a112-088e3469febb/resourceGroups/brief4_QB_2/providers/Microsoft.Network/virtualNetworks/network/subnets/subnet_app",
                    "version": "IPv4"
                  }
                ],
                "name": "example",
                "network_security_group_id": "",
                "primary": true
              }
            ],
            "os_disk": [
              {
                "caching": "ReadWrite",
                "diff_disk_settings": [],
                "disk_encryption_set_id": "",
                "disk_size_gb": 30,
                "secure_vm_disk_encryption_set_id": "",
                "security_encryption_type": "",
                "storage_account_type": "Premium_LRS",
                "write_accelerator_enabled": false
              }
            ],
            "overprovision": true,
            "plan": [],
            "platform_fault_domain_count": 0,
            "priority": "Regular",
            "provision_vm_agent": true,
            "proximity_placement_group_id": "",
            "resource_group_name": "brief4_QB_2",
            "rolling_upgrade_policy": [],
            "scale_in": [
              {
                "force_deletion_enabled": false,
                "rule": "Default"
              }
            ],
            "scale_in_policy": "Default",
            "secret": [],
            "secure_boot_enabled": false,
            "single_placement_group": true,
            "sku": "Standard_DS1_v2",
            "source_image_id": "",
            "source_image_reference": [
              {
                "offer": "UbuntuServer",
                "publisher": "Canonical",
                "sku": "18.04-LTS",
                "version": "latest"
              }
            ],
            "spot_restore": null,
            "tags": null,
            "terminate_notification": null,
            "termination_notification": null,
            "timeouts": null,
            "unique_id": "6bba7965-8c77-4a0d-a565-6fa142c91b9f",
            "upgrade_mode": "Manual",
            "user_data": "",
            "vtpm_enabled": false,
            "zone_balance": false,
            "zones": null
          },
          "sensitive_attributes": [],
          "private": "eyJlMmJmYjczMC1lY2FhLTExZTYtOGY4OC0zNDM2M2JjN2M0YzAiOnsiY3JlYXRlIjozNjAwMDAwMDAwMDAwLCJkZWxldGUiOjM2MDAwMDAwMDAwMDAsInJlYWQiOjMwMDAwMDAwMDAwMCwidXBkYXRlIjozNjAwMDAwMDAwMDAwfX0=",
          "dependencies": [
            "azurerm_application_gateway.network_gateway",
            "azurerm_resource_group.rg",
            "azurerm_ssh_public_key.ssh_nomad",
            "azurerm_subnet.subnet_app",
            "data.template_cloudinit_config.configapp"
          ]
        }
      ]
    },
    {
      "mode": "managed",
      "type": "azurerm_mariadb_database",
      "name": "db_magento",
      "provider": "provider[\"registry.terraform.io/hashicorp/azurerm\"]",
      "instances": [
        {
          "schema_version": 0,
          "attributes": {
            "charset": "utf8",
            "collation": "utf8_general_ci",
            "id": "/subscriptions/a1f74e2d-ec58-4f9a-a112-088e3469febb/resourceGroups/brief4_QB_2/providers/Microsoft.DBforMariaDB/servers/magento-mariadb-server/databases/mariadb_database",
            "name": "mariadb_database",
            "resource_group_name": "brief4_QB_2",
            "server_name": "magento-mariadb-server",
            "timeouts": null
          },
          "sensitive_attributes": [],
          "private": "eyJlMmJmYjczMC1lY2FhLTExZTYtOGY4OC0zNDM2M2JjN2M0YzAiOnsiY3JlYXRlIjozNjAwMDAwMDAwMDAwLCJkZWxldGUiOjM2MDAwMDAwMDAwMDAsInJlYWQiOjMwMDAwMDAwMDAwMCwidXBkYXRlIjozNjAwMDAwMDAwMDAwfX0=",
          "dependencies": [
            "azurerm_mariadb_server.server_magento",
            "azurerm_resource_group.rg"
          ]
        }
      ]
    },
    {
      "mode": "managed",
      "type": "azurerm_mariadb_firewall_rule",
      "name": "mdbrule",
      "provider": "provider[\"registry.terraform.io/hashicorp/azurerm\"]",
      "instances": [
        {
          "schema_version": 0,
          "attributes": {
            "end_ip_address": "137.116.75.93",
            "id": "/subscriptions/a1f74e2d-ec58-4f9a-a112-088e3469febb/resourceGroups/brief4_QB_2/providers/Microsoft.DBforMariaDB/servers/magento-mariadb-server/firewallRules/rule_magento_db",
            "name": "rule_magento_db",
            "resource_group_name": "brief4_QB_2",
            "server_name": "magento-mariadb-server",
            "start_ip_address": "137.116.75.93",
            "timeouts": null
          },
          "sensitive_attributes": [],
          "private": "eyJlMmJmYjczMC1lY2FhLTExZTYtOGY4OC0zNDM2M2JjN2M0YzAiOnsiY3JlYXRlIjoxODAwMDAwMDAwMDAwLCJkZWxldGUiOjE4MDAwMDAwMDAwMDAsInJlYWQiOjMwMDAwMDAwMDAwMCwidXBkYXRlIjoxODAwMDAwMDAwMDAwfX0=",
          "dependencies": [
            "azurerm_mariadb_server.server_magento",
            "azurerm_public_ip.public_ip_bastion",
            "azurerm_resource_group.rg"
          ]
        }
      ]
    },
    {
      "mode": "managed",
      "type": "azurerm_mariadb_server",
      "name": "server_magento",
      "provider": "provider[\"registry.terraform.io/hashicorp/azurerm\"]",
      "instances": [
        {
          "schema_version": 0,
          "attributes": {
            "administrator_login": "magento",
            "administrator_login_password": "blablabla123!",
            "auto_grow_enabled": true,
            "backup_retention_days": 14,
            "create_mode": "Default",
            "creation_source_server_id": null,
            "fqdn": "magento-mariadb-server.mariadb.database.azure.com",
            "geo_redundant_backup_enabled": false,
            "id": "/subscriptions/a1f74e2d-ec58-4f9a-a112-088e3469febb/resourceGroups/brief4_QB_2/providers/Microsoft.DBforMariaDB/servers/magento-mariadb-server",
            "location": "eastus2",
            "name": "magento-mariadb-server",
            "public_network_access_enabled": true,
            "resource_group_name": "brief4_QB_2",
            "restore_point_in_time": null,
            "sku_name": "MO_Gen5_2",
            "ssl_enforcement_enabled": false,
            "storage_mb": 5120,
            "tags": {},
            "timeouts": null,
            "version": "10.2"
          },
          "sensitive_attributes": [],
          "private": "eyJlMmJmYjczMC1lY2FhLTExZTYtOGY4OC0zNDM2M2JjN2M0YzAiOnsiY3JlYXRlIjo1NDAwMDAwMDAwMDAwLCJkZWxldGUiOjM2MDAwMDAwMDAwMDAsInJlYWQiOjMwMDAwMDAwMDAwMCwidXBkYXRlIjozNjAwMDAwMDAwMDAwfX0=",
          "dependencies": [
            "azurerm_resource_group.rg"
          ]
        }
      ]
    },
    {
      "mode": "managed",
      "type": "azurerm_monitor_action_group",
      "name": "group-monitor",
      "provider": "provider[\"registry.terraform.io/hashicorp/azurerm\"]",
      "instances": [
        {
          "schema_version": 1,
          "attributes": {
            "arm_role_receiver": [],
            "automation_runbook_receiver": [],
            "azure_app_push_receiver": [],
            "azure_function_receiver": [],
            "email_receiver": [
              {
                "email_address": "ryanomagento@gmail.com",
                "name": "sendtoadmin",
                "use_common_alert_schema": false
              }
            ],
            "enabled": true,
            "event_hub_receiver": [],
            "id": "/subscriptions/a1f74e2d-ec58-4f9a-a112-088e3469febb/resourceGroups/brief4_QB_2/providers/Microsoft.Insights/actionGroups/group-monitor",
            "itsm_receiver": [],
            "logic_app_receiver": [],
            "name": "group-monitor",
            "resource_group_name": "brief4_QB_2",
            "short_name": "monitor-grp",
            "sms_receiver": [],
            "tags": {},
            "timeouts": null,
            "voice_receiver": [],
            "webhook_receiver": []
          },
          "sensitive_attributes": [],
          "private": "eyJlMmJmYjczMC1lY2FhLTExZTYtOGY4OC0zNDM2M2JjN2M0YzAiOnsiY3JlYXRlIjoxODAwMDAwMDAwMDAwLCJkZWxldGUiOjE4MDAwMDAwMDAwMDAsInJlYWQiOjMwMDAwMDAwMDAwMCwidXBkYXRlIjoxODAwMDAwMDAwMDAwfSwic2NoZW1hX3ZlcnNpb24iOiIxIn0=",
          "dependencies": [
            "azurerm_resource_group.rg"
          ]
        }
      ]
    },
    {
      "mode": "managed",
      "type": "azurerm_monitor_autoscale_setting",
      "name": "example",
      "provider": "provider[\"registry.terraform.io/hashicorp/azurerm\"]",
      "instances": [
        {
          "schema_version": 1,
          "attributes": {
            "enabled": true,
            "id": "/subscriptions/a1f74e2d-ec58-4f9a-a112-088e3469febb/resourceGroups/brief4_QB_2/providers/Microsoft.Insights/autoscaleSettings/myAutoscaleSetting",
            "location": "eastus2",
            "name": "myAutoscaleSetting",
            "notification": [
              {
                "email": [
                  {
                    "custom_emails": [
                      "admin@contoso.com"
                    ],
                    "send_to_subscription_administrator": true,
                    "send_to_subscription_co_administrator": true
                  }
                ],
                "webhook": []
              }
            ],
            "profile": [
              {
                "capacity": [
                  {
                    "default": 1,
                    "maximum": 10,
                    "minimum": 1
                  }
                ],
                "fixed_date": [],
                "name": "defaultProfile",
                "recurrence": [],
                "rule": [
                  {
                    "metric_trigger": [
                      {
                        "dimensions": [],
                        "divide_by_instance_count": false,
                        "metric_name": "Percentage CPU",
                        "metric_namespace": "microsoft.compute/virtualmachinescalesets",
                        "metric_resource_id": "/subscriptions/a1f74e2d-ec58-4f9a-a112-088e3469febb/resourceGroups/brief4_QB_2/providers/Microsoft.Compute/virtualMachineScaleSets/vmsapptest",
                        "operator": "GreaterThan",
                        "statistic": "Average",
                        "threshold": 15,
                        "time_aggregation": "Average",
                        "time_grain": "PT1M",
                        "time_window": "PT5M"
                      }
                    ],
                    "scale_action": [
                      {
                        "cooldown": "PT20M",
                        "direction": "Increase",
                        "type": "ChangeCount",
                        "value": 1
                      }
                    ]
                  },
                  {
                    "metric_trigger": [
                      {
                        "dimensions": [],
                        "divide_by_instance_count": false,
                        "metric_name": "Percentage CPU",
                        "metric_namespace": "",
                        "metric_resource_id": "/subscriptions/a1f74e2d-ec58-4f9a-a112-088e3469febb/resourceGroups/brief4_QB_2/providers/Microsoft.Compute/virtualMachineScaleSets/vmsapptest",
                        "operator": "LessThan",
                        "statistic": "Average",
                        "threshold": 10,
                        "time_aggregation": "Average",
                        "time_grain": "PT1M",
                        "time_window": "PT5M"
                      }
                    ],
                    "scale_action": [
                      {
                        "cooldown": "PT15M",
                        "direction": "Decrease",
                        "type": "ChangeCount",
                        "value": 1
                      }
                    ]
                  }
                ]
              }
            ],
            "resource_group_name": "brief4_QB_2",
            "tags": null,
            "target_resource_id": "/subscriptions/a1f74e2d-ec58-4f9a-a112-088e3469febb/resourceGroups/brief4_QB_2/providers/Microsoft.Compute/virtualMachineScaleSets/vmsapptest",
            "timeouts": null
          },
          "sensitive_attributes": [],
          "private": "eyJlMmJmYjczMC1lY2FhLTExZTYtOGY4OC0zNDM2M2JjN2M0YzAiOnsiY3JlYXRlIjoxODAwMDAwMDAwMDAwLCJkZWxldGUiOjE4MDAwMDAwMDAwMDAsInJlYWQiOjMwMDAwMDAwMDAwMCwidXBkYXRlIjoxODAwMDAwMDAwMDAwfSwic2NoZW1hX3ZlcnNpb24iOiIxIn0=",
          "dependencies": [
            "azurerm_application_gateway.network_gateway",
            "azurerm_linux_virtual_machine_scale_set.example",
            "azurerm_resource_group.rg",
            "azurerm_ssh_public_key.ssh_nomad",
            "azurerm_subnet.subnet_app",
            "data.template_cloudinit_config.configapp"
          ]
        }
      ]
    },
    {
      "mode": "managed",
      "type": "azurerm_monitor_metric_alert",
      "name": "alert-availability",
      "provider": "provider[\"registry.terraform.io/hashicorp/azurerm\"]",
      "instances": [
        {
          "schema_version": 1,
          "attributes": {
            "action": [
              {
                "action_group_id": "/subscriptions/a1f74e2d-ec58-4f9a-a112-088e3469febb/resourceGroups/brief4_QB_2/providers/Microsoft.Insights/actionGroups/group-monitor",
                "webhook_properties": {}
              }
            ],
            "application_insights_web_test_location_availability_criteria": [],
            "auto_mitigate": true,
            "criteria": [
              {
                "aggregation": "Average",
                "dimension": [
                  {
                    "name": "availabilityResult/name",
                    "operator": "Include",
                    "values": [
                      "requesthttp"
                    ]
                  }
                ],
                "metric_name": "availabilityResults/availabilityPercentage",
                "metric_namespace": "Microsoft.Insights/components",
                "operator": "LessThan",
                "skip_metric_validation": false,
                "threshold": 100
              }
            ],
            "description": "Availability",
            "dynamic_criteria": [],
            "enabled": true,
            "frequency": "PT1M",
            "id": "/subscriptions/a1f74e2d-ec58-4f9a-a112-088e3469febb/resourceGroups/brief4_QB_2/providers/Microsoft.Insights/metricAlerts/alert-availability",
            "name": "alert-availability",
            "resource_group_name": "brief4_QB_2",
            "scopes": [
              "/subscriptions/a1f74e2d-ec58-4f9a-a112-088e3469febb/resourceGroups/brief4_QB_2/providers/Microsoft.Insights/components/insights-magento"
            ],
            "severity": 3,
            "tags": {},
            "target_resource_location": "",
            "target_resource_type": "",
            "timeouts": null,
            "window_size": "PT5M"
          },
          "sensitive_attributes": [],
          "private": "eyJlMmJmYjczMC1lY2FhLTExZTYtOGY4OC0zNDM2M2JjN2M0YzAiOnsiY3JlYXRlIjoxODAwMDAwMDAwMDAwLCJkZWxldGUiOjE4MDAwMDAwMDAwMDAsInJlYWQiOjMwMDAwMDAwMDAwMCwidXBkYXRlIjoxODAwMDAwMDAwMDAwfSwic2NoZW1hX3ZlcnNpb24iOiIxIn0=",
          "dependencies": [
            "azurerm_application_insights.insight",
            "azurerm_monitor_action_group.group-monitor",
            "azurerm_resource_group.rg"
          ]
        }
      ]
    },
    {
      "mode": "managed",
      "type": "azurerm_monitor_metric_alert",
      "name": "alert-stock",
      "provider": "provider[\"registry.terraform.io/hashicorp/azurerm\"]",
      "instances": [
        {
          "schema_version": 1,
          "attributes": {
            "action": [
              {
                "action_group_id": "/subscriptions/a1f74e2d-ec58-4f9a-a112-088e3469febb/resourceGroups/brief4_QB_2/providers/Microsoft.Insights/actionGroups/group-monitor",
                "webhook_properties": {}
              }
            ],
            "application_insights_web_test_location_availability_criteria": [],
            "auto_mitigate": true,
            "criteria": [
              {
                "aggregation": "Average",
                "dimension": [],
                "metric_name": "UsedCapacity",
                "metric_namespace": "Microsoft.Storage/storageAccounts",
                "operator": "GreaterThan",
                "skip_metric_validation": false,
                "threshold": 450000
              }
            ],
            "description": "Space alert",
            "dynamic_criteria": [],
            "enabled": true,
            "frequency": "PT1H",
            "id": "/subscriptions/a1f74e2d-ec58-4f9a-a112-088e3469febb/resourceGroups/brief4_QB_2/providers/Microsoft.Insights/metricAlerts/alert-stock-capacity",
            "name": "alert-stock-capacity",
            "resource_group_name": "brief4_QB_2",
            "scopes": [
              "/subscriptions/a1f74e2d-ec58-4f9a-a112-088e3469febb/resourceGroups/brief4_QB_2/providers/Microsoft.Storage/storageAccounts/stabdd"
            ],
            "severity": 3,
            "tags": {},
            "target_resource_location": "",
            "target_resource_type": "Microsoft.Storage/storageAccounts",
            "timeouts": null,
            "window_size": "PT12H"
          },
          "sensitive_attributes": [],
          "private": "eyJlMmJmYjczMC1lY2FhLTExZTYtOGY4OC0zNDM2M2JjN2M0YzAiOnsiY3JlYXRlIjoxODAwMDAwMDAwMDAwLCJkZWxldGUiOjE4MDAwMDAwMDAwMDAsInJlYWQiOjMwMDAwMDAwMDAwMCwidXBkYXRlIjoxODAwMDAwMDAwMDAwfSwic2NoZW1hX3ZlcnNpb24iOiIxIn0=",
          "dependencies": [
            "azurerm_monitor_action_group.group-monitor",
            "azurerm_resource_group.rg",
            "azurerm_storage_account.storage-bdd",
            "azurerm_subnet.subnet_bdd",
            "azurerm_virtual_network.network"
          ]
        }
      ]
    },
    {
      "mode": "managed",
      "type": "azurerm_network_interface",
      "name": "nic_app",
      "provider": "provider[\"registry.terraform.io/hashicorp/azurerm\"]",
      "instances": [
        {
          "schema_version": 0,
          "attributes": {
            "applied_dns_servers": [],
            "dns_servers": [],
            "edge_zone": "",
            "enable_accelerated_networking": false,
            "enable_ip_forwarding": false,
            "id": "/subscriptions/a1f74e2d-ec58-4f9a-a112-088e3469febb/resourceGroups/brief4_QB_2/providers/Microsoft.Network/networkInterfaces/nic_app",
            "internal_dns_name_label": "",
            "internal_domain_name_suffix": "3cela3if310ufk4ddkvd0slpwe.cx.internal.cloudapp.net",
            "ip_configuration": [
              {
                "gateway_load_balancer_frontend_ip_configuration_id": "",
                "name": "nic_app_config",
                "primary": true,
                "private_ip_address": "10.2.0.19",
                "private_ip_address_allocation": "Static",
                "private_ip_address_version": "IPv4",
                "public_ip_address_id": "",
                "subnet_id": "/subscriptions/a1f74e2d-ec58-4f9a-a112-088e3469febb/resourceGroups/brief4_QB_2/providers/Microsoft.Network/virtualNetworks/network/subnets/subnet_app"
              }
            ],
            "location": "eastus2",
            "mac_address": "",
            "name": "nic_app",
            "private_ip_address": "10.2.0.19",
            "private_ip_addresses": [
              "10.2.0.19"
            ],
            "resource_group_name": "brief4_QB_2",
            "tags": {},
            "timeouts": null,
            "virtual_machine_id": ""
          },
          "sensitive_attributes": [],
          "private": "eyJlMmJmYjczMC1lY2FhLTExZTYtOGY4OC0zNDM2M2JjN2M0YzAiOnsiY3JlYXRlIjoxODAwMDAwMDAwMDAwLCJkZWxldGUiOjE4MDAwMDAwMDAwMDAsInJlYWQiOjMwMDAwMDAwMDAwMCwidXBkYXRlIjoxODAwMDAwMDAwMDAwfX0=",
          "dependencies": [
            "azurerm_resource_group.rg",
            "azurerm_subnet.subnet_app",
            "azurerm_virtual_network.network"
          ]
        }
      ]
    },
    {
      "mode": "managed",
      "type": "azurerm_network_interface",
      "name": "nic_bastion",
      "provider": "provider[\"registry.terraform.io/hashicorp/azurerm\"]",
      "instances": [
        {
          "schema_version": 0,
          "attributes": {
            "applied_dns_servers": [],
            "dns_servers": [],
            "edge_zone": "",
            "enable_accelerated_networking": false,
            "enable_ip_forwarding": false,
            "id": "/subscriptions/a1f74e2d-ec58-4f9a-a112-088e3469febb/resourceGroups/brief4_QB_2/providers/Microsoft.Network/networkInterfaces/nic_bastion",
            "internal_dns_name_label": "",
            "internal_domain_name_suffix": "3cela3if310ufk4ddkvd0slpwe.cx.internal.cloudapp.net",
            "ip_configuration": [
              {
                "gateway_load_balancer_frontend_ip_configuration_id": "",
                "name": "nic_bastion_config",
                "primary": true,
                "private_ip_address": "10.6.0.19",
                "private_ip_address_allocation": "Static",
                "private_ip_address_version": "IPv4",
                "public_ip_address_id": "/subscriptions/a1f74e2d-ec58-4f9a-a112-088e3469febb/resourceGroups/brief4_QB_2/providers/Microsoft.Network/publicIPAddresses/ip_bastion",
                "subnet_id": "/subscriptions/a1f74e2d-ec58-4f9a-a112-088e3469febb/resourceGroups/brief4_QB_2/providers/Microsoft.Network/virtualNetworks/network/subnets/subnet_bastion"
              }
            ],
            "location": "eastus2",
            "mac_address": "60-45-BD-83-5A-A3",
            "name": "nic_bastion",
            "private_ip_address": "10.6.0.19",
            "private_ip_addresses": [
              "10.6.0.19"
            ],
            "resource_group_name": "brief4_QB_2",
            "tags": {},
            "timeouts": null,
            "virtual_machine_id": "/subscriptions/a1f74e2d-ec58-4f9a-a112-088e3469febb/resourceGroups/brief4_QB_2/providers/Microsoft.Compute/virtualMachines/vm_bastion"
          },
          "sensitive_attributes": [],
          "private": "eyJlMmJmYjczMC1lY2FhLTExZTYtOGY4OC0zNDM2M2JjN2M0YzAiOnsiY3JlYXRlIjoxODAwMDAwMDAwMDAwLCJkZWxldGUiOjE4MDAwMDAwMDAwMDAsInJlYWQiOjMwMDAwMDAwMDAwMCwidXBkYXRlIjoxODAwMDAwMDAwMDAwfX0=",
          "dependencies": [
            "azurerm_public_ip.public_ip_bastion",
            "azurerm_resource_group.rg",
            "azurerm_subnet.subnet_bastion",
            "azurerm_virtual_network.network"
          ]
        }
      ]
    },
    {
      "mode": "managed",
      "type": "azurerm_network_interface",
      "name": "nic_elasticsrh",
      "provider": "provider[\"registry.terraform.io/hashicorp/azurerm\"]",
      "instances": [
        {
          "schema_version": 0,
          "attributes": {
            "applied_dns_servers": [],
            "dns_servers": [],
            "edge_zone": "",
            "enable_accelerated_networking": false,
            "enable_ip_forwarding": false,
            "id": "/subscriptions/a1f74e2d-ec58-4f9a-a112-088e3469febb/resourceGroups/brief4_QB_2/providers/Microsoft.Network/networkInterfaces/nic_elasticsrh",
            "internal_dns_name_label": "",
            "internal_domain_name_suffix": "3cela3if310ufk4ddkvd0slpwe.cx.internal.cloudapp.net",
            "ip_configuration": [
              {
                "gateway_load_balancer_frontend_ip_configuration_id": "",
                "name": "nic_elastic_config",
                "primary": true,
                "private_ip_address": "10.4.0.4",
                "private_ip_address_allocation": "Dynamic",
                "private_ip_address_version": "IPv4",
                "public_ip_address_id": "",
                "subnet_id": "/subscriptions/a1f74e2d-ec58-4f9a-a112-088e3469febb/resourceGroups/brief4_QB_2/providers/Microsoft.Network/virtualNetworks/network/subnets/subnet_elastic"
              }
            ],
            "location": "eastus2",
            "mac_address": "60-45-BD-7D-47-9A",
            "name": "nic_elasticsrh",
            "private_ip_address": "10.4.0.4",
            "private_ip_addresses": [
              "10.4.0.4"
            ],
            "resource_group_name": "brief4_QB_2",
            "tags": {},
            "timeouts": null,
            "virtual_machine_id": "/subscriptions/a1f74e2d-ec58-4f9a-a112-088e3469febb/resourceGroups/brief4_QB_2/providers/Microsoft.Compute/virtualMachines/vm_elasticsrh"
          },
          "sensitive_attributes": [],
          "private": "eyJlMmJmYjczMC1lY2FhLTExZTYtOGY4OC0zNDM2M2JjN2M0YzAiOnsiY3JlYXRlIjoxODAwMDAwMDAwMDAwLCJkZWxldGUiOjE4MDAwMDAwMDAwMDAsInJlYWQiOjMwMDAwMDAwMDAwMCwidXBkYXRlIjoxODAwMDAwMDAwMDAwfX0=",
          "dependencies": [
            "azurerm_resource_group.rg",
            "azurerm_subnet.subnet_elastic",
            "azurerm_virtual_network.network"
          ]
        }
      ]
    },
    {
      "mode": "managed",
      "type": "azurerm_network_interface_security_group_association",
      "name": "assoc-nic-nsg-app",
      "provider": "provider[\"registry.terraform.io/hashicorp/azurerm\"]",
      "instances": [
        {
          "schema_version": 0,
          "attributes": {
            "id": "/subscriptions/a1f74e2d-ec58-4f9a-a112-088e3469febb/resourceGroups/brief4_QB_2/providers/Microsoft.Network/networkInterfaces/nic_app|/subscriptions/a1f74e2d-ec58-4f9a-a112-088e3469febb/resourceGroups/brief4_QB_2/providers/Microsoft.Network/networkSecurityGroups/nsg_app",
            "network_interface_id": "/subscriptions/a1f74e2d-ec58-4f9a-a112-088e3469febb/resourceGroups/brief4_QB_2/providers/Microsoft.Network/networkInterfaces/nic_app",
            "network_security_group_id": "/subscriptions/a1f74e2d-ec58-4f9a-a112-088e3469febb/resourceGroups/brief4_QB_2/providers/Microsoft.Network/networkSecurityGroups/nsg_app",
            "timeouts": null
          },
          "sensitive_attributes": [],
          "private": "eyJlMmJmYjczMC1lY2FhLTExZTYtOGY4OC0zNDM2M2JjN2M0YzAiOnsiY3JlYXRlIjoxODAwMDAwMDAwMDAwLCJkZWxldGUiOjE4MDAwMDAwMDAwMDAsInJlYWQiOjMwMDAwMDAwMDAwMCwidXBkYXRlIjoxODAwMDAwMDAwMDAwfX0=",
          "dependencies": [
            "azurerm_network_interface.nic_app",
            "azurerm_network_security_group.nsg_app",
            "azurerm_resource_group.rg",
            "azurerm_subnet.subnet_app",
            "azurerm_virtual_network.network"
          ]
        }
      ]
    },
    {
      "mode": "managed",
      "type": "azurerm_network_interface_security_group_association",
      "name": "assoc-nic-nsg-bastion",
      "provider": "provider[\"registry.terraform.io/hashicorp/azurerm\"]",
      "instances": [
        {
          "schema_version": 0,
          "attributes": {
            "id": "/subscriptions/a1f74e2d-ec58-4f9a-a112-088e3469febb/resourceGroups/brief4_QB_2/providers/Microsoft.Network/networkInterfaces/nic_bastion|/subscriptions/a1f74e2d-ec58-4f9a-a112-088e3469febb/resourceGroups/brief4_QB_2/providers/Microsoft.Network/networkSecurityGroups/nsg_bastion",
            "network_interface_id": "/subscriptions/a1f74e2d-ec58-4f9a-a112-088e3469febb/resourceGroups/brief4_QB_2/providers/Microsoft.Network/networkInterfaces/nic_bastion",
            "network_security_group_id": "/subscriptions/a1f74e2d-ec58-4f9a-a112-088e3469febb/resourceGroups/brief4_QB_2/providers/Microsoft.Network/networkSecurityGroups/nsg_bastion",
            "timeouts": null
          },
          "sensitive_attributes": [],
          "private": "eyJlMmJmYjczMC1lY2FhLTExZTYtOGY4OC0zNDM2M2JjN2M0YzAiOnsiY3JlYXRlIjoxODAwMDAwMDAwMDAwLCJkZWxldGUiOjE4MDAwMDAwMDAwMDAsInJlYWQiOjMwMDAwMDAwMDAwMCwidXBkYXRlIjoxODAwMDAwMDAwMDAwfX0=",
          "dependencies": [
            "azurerm_network_interface.nic_bastion",
            "azurerm_network_security_group.nsg_bastion",
            "azurerm_public_ip.public_ip_bastion",
            "azurerm_resource_group.rg",
            "azurerm_subnet.subnet_bastion",
            "azurerm_virtual_network.network"
          ]
        }
      ]
    },
    {
      "mode": "managed",
      "type": "azurerm_network_security_group",
      "name": "nsg_app",
      "provider": "provider[\"registry.terraform.io/hashicorp/azurerm\"]",
      "instances": [
        {
          "schema_version": 0,
          "attributes": {
            "id": "/subscriptions/a1f74e2d-ec58-4f9a-a112-088e3469febb/resourceGroups/brief4_QB_2/providers/Microsoft.Network/networkSecurityGroups/nsg_app",
            "location": "eastus2",
            "name": "nsg_app",
            "resource_group_name": "brief4_QB_2",
            "security_rule": [
              {
                "access": "Allow",
                "description": null,
                "destination_address_prefix": "*",
                "destination_address_prefixes": [],
                "destination_application_security_group_ids": [],
                "destination_port_range": "*",
                "destination_port_ranges": [],
                "direction": "Inbound",
                "name": "PING",
                "priority": 100,
                "protocol": "Icmp",
                "source_address_prefix": "*",
                "source_address_prefixes": [],
                "source_application_security_group_ids": [],
                "source_port_range": "*",
                "source_port_ranges": []
              }
            ],
            "tags": {},
            "timeouts": null
          },
          "sensitive_attributes": [],
          "private": "eyJlMmJmYjczMC1lY2FhLTExZTYtOGY4OC0zNDM2M2JjN2M0YzAiOnsiY3JlYXRlIjoxODAwMDAwMDAwMDAwLCJkZWxldGUiOjE4MDAwMDAwMDAwMDAsInJlYWQiOjMwMDAwMDAwMDAwMCwidXBkYXRlIjoxODAwMDAwMDAwMDAwfX0=",
          "dependencies": [
            "azurerm_resource_group.rg"
          ]
        }
      ]
    },
    {
      "mode": "managed",
      "type": "azurerm_network_security_group",
      "name": "nsg_bastion",
      "provider": "provider[\"registry.terraform.io/hashicorp/azurerm\"]",
      "instances": [
        {
          "schema_version": 0,
          "attributes": {
            "id": "/subscriptions/a1f74e2d-ec58-4f9a-a112-088e3469febb/resourceGroups/brief4_QB_2/providers/Microsoft.Network/networkSecurityGroups/nsg_bastion",
            "location": "eastus2",
            "name": "nsg_bastion",
            "resource_group_name": "brief4_QB_2",
            "security_rule": [
              {
                "access": "Allow",
                "description": "",
                "destination_address_prefix": "*",
                "destination_address_prefixes": [],
                "destination_application_security_group_ids": [],
                "destination_port_range": "22",
                "destination_port_ranges": [],
                "direction": "Inbound",
                "name": "SSH",
                "priority": 1001,
                "protocol": "Tcp",
                "source_address_prefix": "*",
                "source_address_prefixes": [],
                "source_application_security_group_ids": [],
                "source_port_range": "*",
                "source_port_ranges": []
              }
            ],
            "tags": {},
            "timeouts": null
          },
          "sensitive_attributes": [],
          "private": "eyJlMmJmYjczMC1lY2FhLTExZTYtOGY4OC0zNDM2M2JjN2M0YzAiOnsiY3JlYXRlIjoxODAwMDAwMDAwMDAwLCJkZWxldGUiOjE4MDAwMDAwMDAwMDAsInJlYWQiOjMwMDAwMDAwMDAwMCwidXBkYXRlIjoxODAwMDAwMDAwMDAwfX0=",
          "dependencies": [
            "azurerm_resource_group.rg"
          ]
        }
      ]
    },
    {
      "mode": "managed",
      "type": "azurerm_network_security_rule",
      "name": "nsg_inbound_2000",
      "provider": "provider[\"registry.terraform.io/hashicorp/azurerm\"]",
      "instances": [
        {
          "schema_version": 0,
          "attributes": {
            "access": "Allow",
            "description": "",
            "destination_address_prefix": "*",
            "destination_address_prefixes": [],
            "destination_application_security_group_ids": [],
            "destination_port_range": "445",
            "destination_port_ranges": [],
            "direction": "Inbound",
            "id": "/subscriptions/a1f74e2d-ec58-4f9a-a112-088e3469febb/resourceGroups/brief4_QB_2/providers/Microsoft.Network/networkSecurityGroups/nsg_app/securityRules/stnsg_inbound_2000",
            "name": "stnsg_inbound_2000",
            "network_security_group_name": "nsg_app",
            "priority": 2000,
            "protocol": "Tcp",
            "resource_group_name": "brief4_QB_2",
            "source_address_prefix": "*",
            "source_address_prefixes": [],
            "source_application_security_group_ids": [],
            "source_port_range": "*",
            "source_port_ranges": [],
            "timeouts": null
          },
          "sensitive_attributes": [],
          "private": "eyJlMmJmYjczMC1lY2FhLTExZTYtOGY4OC0zNDM2M2JjN2M0YzAiOnsiY3JlYXRlIjoxODAwMDAwMDAwMDAwLCJkZWxldGUiOjE4MDAwMDAwMDAwMDAsInJlYWQiOjMwMDAwMDAwMDAwMCwidXBkYXRlIjoxODAwMDAwMDAwMDAwfX0=",
          "dependencies": [
            "azurerm_network_security_group.nsg_app",
            "azurerm_resource_group.rg"
          ]
        }
      ]
    },
    {
      "mode": "managed",
      "type": "azurerm_private_dns_zone",
      "name": "private_dns_mariadb",
      "provider": "provider[\"registry.terraform.io/hashicorp/azurerm\"]",
      "instances": [
        {
          "schema_version": 0,
          "attributes": {
            "id": "/subscriptions/a1f74e2d-ec58-4f9a-a112-088e3469febb/resourceGroups/brief4_QB_2/providers/Microsoft.Network/privateDnsZones/privatelink.mariadb.database.azure.com",
            "max_number_of_record_sets": 25000,
            "max_number_of_virtual_network_links": 1000,
            "max_number_of_virtual_network_links_with_registration": 100,
            "name": "privatelink.mariadb.database.azure.com",
            "number_of_record_sets": 2,
            "resource_group_name": "brief4_QB_2",
            "soa_record": [
              {
                "email": "azureprivatedns-host.microsoft.com",
                "expire_time": 2419200,
                "fqdn": "privatelink.mariadb.database.azure.com.",
                "host_name": "azureprivatedns.net",
                "minimum_ttl": 10,
                "refresh_time": 3600,
                "retry_time": 300,
                "serial_number": 1,
                "tags": {},
                "ttl": 3600
              }
            ],
            "tags": {},
            "timeouts": null
          },
          "sensitive_attributes": [],
          "private": "eyJlMmJmYjczMC1lY2FhLTExZTYtOGY4OC0zNDM2M2JjN2M0YzAiOnsiY3JlYXRlIjoxODAwMDAwMDAwMDAwLCJkZWxldGUiOjE4MDAwMDAwMDAwMDAsInJlYWQiOjMwMDAwMDAwMDAwMCwidXBkYXRlIjoxODAwMDAwMDAwMDAwfX0=",
          "dependencies": [
            "azurerm_resource_group.rg"
          ]
        }
      ]
    },
    {
      "mode": "managed",
      "type": "azurerm_private_dns_zone_virtual_network_link",
      "name": "link_bdd",
      "provider": "provider[\"registry.terraform.io/hashicorp/azurerm\"]",
      "instances": [
        {
          "schema_version": 0,
          "attributes": {
            "id": "/subscriptions/a1f74e2d-ec58-4f9a-a112-088e3469febb/resourceGroups/brief4_QB_2/providers/Microsoft.Network/privateDnsZones/privatelink.mariadb.database.azure.com/virtualNetworkLinks/link_bdd",
            "name": "link_bdd",
            "private_dns_zone_name": "privatelink.mariadb.database.azure.com",
            "registration_enabled": false,
            "resource_group_name": "brief4_QB_2",
            "tags": {},
            "timeouts": null,
            "virtual_network_id": "/subscriptions/a1f74e2d-ec58-4f9a-a112-088e3469febb/resourceGroups/brief4_QB_2/providers/Microsoft.Network/virtualNetworks/network"
          },
          "sensitive_attributes": [],
          "private": "eyJlMmJmYjczMC1lY2FhLTExZTYtOGY4OC0zNDM2M2JjN2M0YzAiOnsiY3JlYXRlIjoxODAwMDAwMDAwMDAwLCJkZWxldGUiOjE4MDAwMDAwMDAwMDAsInJlYWQiOjMwMDAwMDAwMDAwMCwidXBkYXRlIjoxODAwMDAwMDAwMDAwfX0=",
          "dependencies": [
            "azurerm_private_dns_zone.private_dns_mariadb",
            "azurerm_resource_group.rg",
            "azurerm_virtual_network.network"
          ]
        }
      ]
    },
    {
      "mode": "managed",
      "type": "azurerm_private_endpoint",
      "name": "private_bdd",
      "provider": "provider[\"registry.terraform.io/hashicorp/azurerm\"]",
      "instances": [
        {
          "schema_version": 0,
          "attributes": {
            "custom_dns_configs": [],
            "id": "/subscriptions/a1f74e2d-ec58-4f9a-a112-088e3469febb/resourceGroups/brief4_QB_2/providers/Microsoft.Network/privateEndpoints/private_bdd",
            "ip_configuration": [],
            "location": "eastus2",
            "name": "private_bdd",
            "network_interface": [
              {
                "id": "/subscriptions/a1f74e2d-ec58-4f9a-a112-088e3469febb/resourceGroups/brief4_QB_2/providers/Microsoft.Network/networkInterfaces/private_bdd.nic.9538e06f-d992-4549-8539-450b978a5280",
                "name": "private_bdd.nic.9538e06f-d992-4549-8539-450b978a5280"
              }
            ],
            "private_dns_zone_configs": [
              {
                "id": "/subscriptions/a1f74e2d-ec58-4f9a-a112-088e3469febb/resourceGroups/brief4_QB_2/providers/Microsoft.Network/privateEndpoints/private_bdd/privateDnsZoneGroups/private-dns-zone-group/privateDnsZoneConfigs/privatelink.mariadb.database.azure.com",
                "name": "privatelink.mariadb.database.azure.com",
                "private_dns_zone_id": "/subscriptions/a1f74e2d-ec58-4f9a-a112-088e3469febb/resourceGroups/brief4_QB_2/providers/Microsoft.Network/privateDnsZones/privatelink.mariadb.database.azure.com",
                "record_sets": [
                  {
                    "fqdn": "magento-mariadb-server.privatelink.mariadb.database.azure.com",
                    "ip_addresses": [
                      "10.3.0.4"
                    ],
                    "name": "magento-mariadb-server",
                    "ttl": 10,
                    "type": "A"
                  }
                ]
              }
            ],
            "private_dns_zone_group": [
              {
                "id": "/subscriptions/a1f74e2d-ec58-4f9a-a112-088e3469febb/resourceGroups/brief4_QB_2/providers/Microsoft.Network/privateEndpoints/private_bdd/privateDnsZoneGroups/private-dns-zone-group",
                "name": "private-dns-zone-group",
                "private_dns_zone_ids": [
                  "/subscriptions/a1f74e2d-ec58-4f9a-a112-088e3469febb/resourceGroups/brief4_QB_2/providers/Microsoft.Network/privateDnsZones/privatelink.mariadb.database.azure.com"
                ]
              }
            ],
            "private_service_connection": [
              {
                "is_manual_connection": false,
                "name": "private_service_bdd",
                "private_connection_resource_alias": "",
                "private_connection_resource_id": "/subscriptions/a1f74e2d-ec58-4f9a-a112-088e3469febb/resourceGroups/brief4_QB_2/providers/Microsoft.DBforMariaDB/servers/magento-mariadb-server",
                "private_ip_address": "10.3.0.4",
                "request_message": "",
                "subresource_names": [
                  "mariadbServer"
                ]
              }
            ],
            "resource_group_name": "brief4_QB_2",
            "subnet_id": "/subscriptions/a1f74e2d-ec58-4f9a-a112-088e3469febb/resourceGroups/brief4_QB_2/providers/Microsoft.Network/virtualNetworks/network/subnets/subnet_bdd",
            "tags": {},
            "timeouts": null
          },
          "sensitive_attributes": [],
          "private": "eyJlMmJmYjczMC1lY2FhLTExZTYtOGY4OC0zNDM2M2JjN2M0YzAiOnsiY3JlYXRlIjozNjAwMDAwMDAwMDAwLCJkZWxldGUiOjM2MDAwMDAwMDAwMDAsInJlYWQiOjMwMDAwMDAwMDAwMCwidXBkYXRlIjozNjAwMDAwMDAwMDAwfX0=",
          "dependencies": [
            "azurerm_mariadb_server.server_magento",
            "azurerm_private_dns_zone.private_dns_mariadb",
            "azurerm_resource_group.rg",
            "azurerm_subnet.subnet_bdd",
            "azurerm_virtual_network.network"
          ]
        }
      ]
    },
    {
      "mode": "managed",
      "type": "azurerm_public_ip",
      "name": "public_ip_bastion",
      "provider": "provider[\"registry.terraform.io/hashicorp/azurerm\"]",
      "instances": [
        {
          "schema_version": 0,
          "attributes": {
            "allocation_method": "Static",
            "domain_name_label": null,
            "edge_zone": "",
            "fqdn": null,
            "id": "/subscriptions/a1f74e2d-ec58-4f9a-a112-088e3469febb/resourceGroups/brief4_QB_2/providers/Microsoft.Network/publicIPAddresses/ip_bastion",
            "idle_timeout_in_minutes": 4,
            "ip_address": "137.116.75.93",
            "ip_tags": {},
            "ip_version": "IPv4",
            "location": "eastus2",
            "name": "ip_bastion",
            "public_ip_prefix_id": null,
            "resource_group_name": "brief4_QB_2",
            "reverse_fqdn": null,
            "sku": "Basic",
            "sku_tier": "Regional",
            "tags": {},
            "timeouts": null,
            "zones": []
          },
          "sensitive_attributes": [],
          "private": "eyJlMmJmYjczMC1lY2FhLTExZTYtOGY4OC0zNDM2M2JjN2M0YzAiOnsiY3JlYXRlIjoxODAwMDAwMDAwMDAwLCJkZWxldGUiOjE4MDAwMDAwMDAwMDAsInJlYWQiOjMwMDAwMDAwMDAwMCwidXBkYXRlIjoxODAwMDAwMDAwMDAwfX0=",
          "dependencies": [
            "azurerm_resource_group.rg"
          ]
        }
      ]
    },
    {
      "mode": "managed",
      "type": "azurerm_public_ip",
      "name": "public_ip_gateway",
      "provider": "provider[\"registry.terraform.io/hashicorp/azurerm\"]",
      "instances": [
        {
          "schema_version": 0,
          "attributes": {
            "allocation_method": "Static",
            "domain_name_label": "magentobrief4",
            "edge_zone": "",
            "fqdn": "magentobrief4.eastus2.cloudapp.azure.com",
            "id": "/subscriptions/a1f74e2d-ec58-4f9a-a112-088e3469febb/resourceGroups/brief4_QB_2/providers/Microsoft.Network/publicIPAddresses/ip_gateway",
            "idle_timeout_in_minutes": 4,
            "ip_address": "20.230.11.84",
            "ip_tags": {},
            "ip_version": "IPv4",
            "location": "eastus2",
            "name": "ip_gateway",
            "public_ip_prefix_id": null,
            "resource_group_name": "brief4_QB_2",
            "reverse_fqdn": "",
            "sku": "Standard",
            "sku_tier": "Regional",
            "tags": {},
            "timeouts": null,
            "zones": []
          },
          "sensitive_attributes": [],
          "private": "eyJlMmJmYjczMC1lY2FhLTExZTYtOGY4OC0zNDM2M2JjN2M0YzAiOnsiY3JlYXRlIjoxODAwMDAwMDAwMDAwLCJkZWxldGUiOjE4MDAwMDAwMDAwMDAsInJlYWQiOjMwMDAwMDAwMDAwMCwidXBkYXRlIjoxODAwMDAwMDAwMDAwfX0=",
          "dependencies": [
            "azurerm_resource_group.rg"
          ]
        }
      ]
    },
    {
      "mode": "managed",
      "type": "azurerm_recovery_services_vault",
      "name": "magento-rsvault",
      "provider": "provider[\"registry.terraform.io/hashicorp/azurerm\"]",
      "instances": [
        {
          "schema_version": 0,
          "attributes": {
            "cross_region_restore_enabled": false,
            "encryption": [],
            "id": "/subscriptions/a1f74e2d-ec58-4f9a-a112-088e3469febb/resourceGroups/brief4_QB_2/providers/Microsoft.RecoveryServices/vaults/magento-recovery-vault",
            "identity": [],
            "location": "eastus2",
            "name": "magento-recovery-vault",
            "resource_group_name": "brief4_QB_2",
            "sku": "Standard",
            "soft_delete_enabled": true,
            "storage_mode_type": "GeoRedundant",
            "tags": {},
            "timeouts": null
          },
          "sensitive_attributes": [],
          "private": "eyJlMmJmYjczMC1lY2FhLTExZTYtOGY4OC0zNDM2M2JjN2M0YzAiOnsiY3JlYXRlIjoxODAwMDAwMDAwMDAwLCJkZWxldGUiOjE4MDAwMDAwMDAwMDAsInJlYWQiOjMwMDAwMDAwMDAwMCwidXBkYXRlIjoxODAwMDAwMDAwMDAwfX0=",
          "dependencies": [
            "azurerm_resource_group.rg"
          ]
        }
      ]
    },
    {
      "mode": "managed",
      "type": "azurerm_resource_group",
      "name": "rg",
      "provider": "provider[\"registry.terraform.io/hashicorp/azurerm\"]",
      "instances": [
        {
          "schema_version": 0,
          "attributes": {
            "id": "/subscriptions/a1f74e2d-ec58-4f9a-a112-088e3469febb/resourceGroups/brief4_QB_2",
            "location": "eastus2",
            "name": "brief4_QB_2",
            "tags": {},
            "timeouts": null
          },
          "sensitive_attributes": [],
          "private": "eyJlMmJmYjczMC1lY2FhLTExZTYtOGY4OC0zNDM2M2JjN2M0YzAiOnsiY3JlYXRlIjo1NDAwMDAwMDAwMDAwLCJkZWxldGUiOjU0MDAwMDAwMDAwMDAsInJlYWQiOjMwMDAwMDAwMDAwMCwidXBkYXRlIjo1NDAwMDAwMDAwMDAwfX0="
        }
      ]
    },
    {
      "mode": "managed",
      "type": "azurerm_resource_group_template_deployment",
      "name": "example",
      "provider": "provider[\"registry.terraform.io/hashicorp/azurerm\"]",
      "instances": [
        {
          "schema_version": 0,
          "attributes": {
            "debug_level": "",
            "deployment_mode": "Incremental",
            "id": "/subscriptions/a1f74e2d-ec58-4f9a-a112-088e3469febb/resourceGroups/brief4_QB_2/providers/Microsoft.Resources/deployments/arm-deploy",
            "name": "arm-deploy",
            "output_content": "{}",
            "parameters_content": "{\"webtests_requesthttp_insights_app_name\":{\"value\":\"requesthttp-insights-app\"}}",
            "resource_group_name": "brief4_QB_2",
            "tags": {},
            "template_content": "{\"$schema\":\"https://schema.management.azure.com/schemas/2019-04-01/deploymentTemplate.json#\",\"contentVersion\":\"1.0.0.0\",\"parameters\":{\"webtests_requesthttp_insights_app_name\":{\"defaultValue\":\"requesthttp-insights-app\",\"type\":\"String\"}},\"resources\":[{\"apiVersion\":\"2022-06-15\",\"location\":\"eastus2\",\"name\":\"[parameters('webtests_requesthttp_insights_app_name')]\",\"properties\":{\"Enabled\":true,\"Frequency\":300,\"Kind\":\"standard\",\"Locations\":[{\"Id\":\"us-va-ash-azr\"},{\"Id\":\"us-ca-sjc-azr\"},{\"Id\":\"us-fl-mia-edge\"},{\"Id\":\"apac-sg-sin-azr\"},{\"Id\":\"emea-ru-msa-edge\"}],\"Name\":\"requesthttp\",\"Request\":{\"HttpVerb\":\"GET\",\"ParseDependentRequests\":false,\"RequestUrl\":\"https://magentobrief4.eastus2.cloudapp.azure.com\"},\"RetryEnabled\":true,\"SyntheticMonitorId\":\"[parameters('webtests_requesthttp_insights_app_name')]\",\"Timeout\":120,\"ValidationRules\":{\"ExpectedHttpStatusCode\":200,\"SSLCheck\":false}},\"tags\":{\"hidden-link:/subscriptions/a1f74e2d-ec58-4f9a-a112-088e3469febb/resourceGroups/brief4_QB_2/providers/Microsoft.Insights/components/insights-magento\":\"Resource\"},\"type\":\"Microsoft.Insights/webtests\"}],\"variables\":{}}",
            "template_spec_version_id": "",
            "timeouts": null
          },
          "sensitive_attributes": [],
          "private": "eyJlMmJmYjczMC1lY2FhLTExZTYtOGY4OC0zNDM2M2JjN2M0YzAiOnsiY3JlYXRlIjoxMDgwMDAwMDAwMDAwMCwiZGVsZXRlIjoxMDgwMDAwMDAwMDAwMCwicmVhZCI6MzAwMDAwMDAwMDAwLCJ1cGRhdGUiOjEwODAwMDAwMDAwMDAwfX0=",
          "dependencies": [
            "azurerm_application_insights.insight",
            "azurerm_resource_group.rg"
          ]
        }
      ]
    },
    {
      "mode": "managed",
      "type": "azurerm_ssh_public_key",
      "name": "ssh_nomad",
      "provider": "provider[\"registry.terraform.io/hashicorp/azurerm\"]",
      "instances": [
        {
          "schema_version": 0,
          "attributes": {
            "id": "/subscriptions/a1f74e2d-ec58-4f9a-a112-088e3469febb/resourceGroups/brief4_QB_2/providers/Microsoft.Compute/sshPublicKeys/ssh_key_nomad",
            "location": "eastus2",
            "name": "ssh_key_nomad",
            "public_key": "ssh-rsa AAAAB3NzaC1yc2EAAAADAQABAAABgQDAXuIAe8DVtQ+qHpbTnCMn5iP1u7WQEOLDE76PTRZ0lYc0TrWJvH+zWzpEbTK/fwzx5sw7yAlBnuR83cAOtm6y8Gk5yktOogsk71VnJ9cXKV7QWtX5o/nysqhliBWAW2jQmEMLHBf4DOFXcKpCdl0OBOtrPct976tnFXhM5n5WF0wrQ4dVikfWe57yg0BX+G+ZbNl7iDCHS8cAGEI2S0ziGOLjl0qJq+9jjCaj2bdVb5vtbz/ghplWtNKQvirxvfOC5H3XbX7aeH2sAlogeYbPs8DmFuz5Smq/+FLBZzqV7JhPMxBCpVFm6r+EzZDgiS2WB96Q3Jh0ItPz7wwJtgpLmSWeaBmWyPGAOh9MBal2RXgDIZ26EPOQTc9WX1377SaEMFSXgwq3e0mtFl5TYG+hzjujY9ik6nfjyLy1yNaPB7hq0z0cCijeJf0Nlm092Ukb1IJOndiS9LSZXjFJT+LRNz7hqyK/oj8nH4K2nx4DMH+Fj4JypSdsqmIk7aXLdYE= nomad@device",
            "resource_group_name": "brief4_QB_2",
            "tags": {},
            "timeouts": null
          },
          "sensitive_attributes": [],
          "private": "eyJlMmJmYjczMC1lY2FhLTExZTYtOGY4OC0zNDM2M2JjN2M0YzAiOnsiY3JlYXRlIjoyNzAwMDAwMDAwMDAwLCJkZWxldGUiOjI3MDAwMDAwMDAwMDAsInJlYWQiOjMwMDAwMDAwMDAwMCwidXBkYXRlIjoyNzAwMDAwMDAwMDAwfX0=",
          "dependencies": [
            "azurerm_resource_group.rg"
          ]
        }
      ]
    },
    {
      "mode": "managed",
      "type": "azurerm_storage_account",
      "name": "Storage_share01",
      "provider": "provider[\"registry.terraform.io/hashicorp/azurerm\"]",
      "instances": [
        {
          "schema_version": 3,
          "attributes": {
            "access_tier": "Hot",
            "account_kind": "StorageV2",
            "account_replication_type": "LRS",
            "account_tier": "Standard",
            "allow_nested_items_to_be_public": true,
            "azure_files_authentication": [],
            "blob_properties": [
              {
                "change_feed_enabled": false,
                "change_feed_retention_in_days": 0,
                "container_delete_retention_policy": [],
                "cors_rule": [],
                "default_service_version": "",
                "delete_retention_policy": [],
                "last_access_time_enabled": false,
                "versioning_enabled": false
              }
            ],
            "cross_tenant_replication_enabled": true,
            "custom_domain": [],
            "customer_managed_key": [],
            "default_to_oauth_authentication": false,
            "edge_zone": "",
            "enable_https_traffic_only": false,
            "id": "/subscriptions/a1f74e2d-ec58-4f9a-a112-088e3469febb/resourceGroups/brief4_QB_2/providers/Microsoft.Storage/storageAccounts/stapp2",
            "identity": [],
            "infrastructure_encryption_enabled": false,
            "is_hns_enabled": true,
            "large_file_share_enabled": null,
            "location": "eastus2",
            "min_tls_version": "TLS1_2",
            "name": "stapp2",
            "network_rules": [
              {
                "bypass": [
                  "AzureServices"
                ],
                "default_action": "Allow",
                "ip_rules": [
                  "212.51.190.22"
                ],
                "private_link_access": [],
                "virtual_network_subnet_ids": [
                  "/subscriptions/a1f74e2d-ec58-4f9a-a112-088e3469febb/resourceGroups/brief4_QB_2/providers/Microsoft.Network/virtualNetworks/network/subnets/subnet_app"
                ]
              }
            ],
            "nfsv3_enabled": false,
            "primary_access_key": "VmdEXVWrIzg9g3HE1TVD/JjIpG610ZTfXe4vJ/dP6fwHEhJqbVc0LaQoWMgwCb984qM046f+hRbI+AStzii/dw==",
            "primary_blob_connection_string": "DefaultEndpointsProtocol=https;BlobEndpoint=https://stapp2.blob.core.windows.net/;AccountName=stapp2;AccountKey=VmdEXVWrIzg9g3HE1TVD/JjIpG610ZTfXe4vJ/dP6fwHEhJqbVc0LaQoWMgwCb984qM046f+hRbI+AStzii/dw==",
            "primary_blob_endpoint": "https://stapp2.blob.core.windows.net/",
            "primary_blob_host": "stapp2.blob.core.windows.net",
            "primary_connection_string": "DefaultEndpointsProtocol=https;AccountName=stapp2;AccountKey=VmdEXVWrIzg9g3HE1TVD/JjIpG610ZTfXe4vJ/dP6fwHEhJqbVc0LaQoWMgwCb984qM046f+hRbI+AStzii/dw==;EndpointSuffix=core.windows.net",
            "primary_dfs_endpoint": "https://stapp2.dfs.core.windows.net/",
            "primary_dfs_host": "stapp2.dfs.core.windows.net",
            "primary_file_endpoint": "https://stapp2.file.core.windows.net/",
            "primary_file_host": "stapp2.file.core.windows.net",
            "primary_location": "eastus2",
            "primary_queue_endpoint": "https://stapp2.queue.core.windows.net/",
            "primary_queue_host": "stapp2.queue.core.windows.net",
            "primary_table_endpoint": "https://stapp2.table.core.windows.net/",
            "primary_table_host": "stapp2.table.core.windows.net",
            "primary_web_endpoint": "https://stapp2.z20.web.core.windows.net/",
            "primary_web_host": "stapp2.z20.web.core.windows.net",
            "public_network_access_enabled": true,
            "queue_encryption_key_type": "Service",
            "queue_properties": [
              {
                "cors_rule": [],
                "hour_metrics": [
                  {
                    "enabled": true,
                    "include_apis": true,
                    "retention_policy_days": 7,
                    "version": "1.0"
                  }
                ],
                "logging": [
                  {
                    "delete": false,
                    "read": false,
                    "retention_policy_days": 0,
                    "version": "1.0",
                    "write": false
                  }
                ],
                "minute_metrics": [
                  {
                    "enabled": false,
                    "include_apis": false,
                    "retention_policy_days": 0,
                    "version": "1.0"
                  }
                ]
              }
            ],
            "resource_group_name": "brief4_QB_2",
            "routing": [],
            "secondary_access_key": "OO8cIEhc6SqCbD5NKLwp8XRH5gKg+CtFc2iR5A/YS35dqO0SFazUiexbVaWTrwKEyYAvvtiCPxhr+AStjpXrnA==",
            "secondary_blob_connection_string": "",
            "secondary_blob_endpoint": null,
            "secondary_blob_host": null,
            "secondary_connection_string": "DefaultEndpointsProtocol=https;AccountName=stapp2;AccountKey=OO8cIEhc6SqCbD5NKLwp8XRH5gKg+CtFc2iR5A/YS35dqO0SFazUiexbVaWTrwKEyYAvvtiCPxhr+AStjpXrnA==;EndpointSuffix=core.windows.net",
            "secondary_dfs_endpoint": null,
            "secondary_dfs_host": null,
            "secondary_file_endpoint": null,
            "secondary_file_host": null,
            "secondary_location": "",
            "secondary_queue_endpoint": null,
            "secondary_queue_host": null,
            "secondary_table_endpoint": null,
            "secondary_table_host": null,
            "secondary_web_endpoint": null,
            "secondary_web_host": null,
            "share_properties": [
              {
                "cors_rule": [],
                "retention_policy": [
                  {
                    "days": 14
                  }
                ],
                "smb": []
              }
            ],
            "shared_access_key_enabled": true,
            "static_website": [],
            "table_encryption_key_type": "Service",
            "tags": {},
            "timeouts": null
          },
          "sensitive_attributes": [],
          "private": "eyJlMmJmYjczMC1lY2FhLTExZTYtOGY4OC0zNDM2M2JjN2M0YzAiOnsiY3JlYXRlIjozNjAwMDAwMDAwMDAwLCJkZWxldGUiOjM2MDAwMDAwMDAwMDAsInJlYWQiOjMwMDAwMDAwMDAwMCwidXBkYXRlIjozNjAwMDAwMDAwMDAwfSwic2NoZW1hX3ZlcnNpb24iOiIzIn0=",
          "dependencies": [
            "azurerm_resource_group.rg"
          ]
        }
      ]
    },
    {
      "mode": "managed",
      "type": "azurerm_storage_account",
      "name": "storage-bdd",
      "provider": "provider[\"registry.terraform.io/hashicorp/azurerm\"]",
      "instances": [
        {
          "schema_version": 3,
          "attributes": {
            "access_tier": "Hot",
            "account_kind": "StorageV2",
            "account_replication_type": "LRS",
            "account_tier": "Standard",
            "allow_nested_items_to_be_public": true,
            "azure_files_authentication": [],
            "blob_properties": [
              {
                "change_feed_enabled": false,
                "change_feed_retention_in_days": 0,
                "container_delete_retention_policy": [],
                "cors_rule": [],
                "default_service_version": "",
                "delete_retention_policy": [],
                "last_access_time_enabled": false,
                "versioning_enabled": false
              }
            ],
            "cross_tenant_replication_enabled": true,
            "custom_domain": [],
            "customer_managed_key": [],
            "default_to_oauth_authentication": false,
            "edge_zone": "",
            "enable_https_traffic_only": false,
            "id": "/subscriptions/a1f74e2d-ec58-4f9a-a112-088e3469febb/resourceGroups/brief4_QB_2/providers/Microsoft.Storage/storageAccounts/stabdd",
            "identity": [],
            "infrastructure_encryption_enabled": false,
            "is_hns_enabled": true,
            "large_file_share_enabled": null,
            "location": "eastus2",
            "min_tls_version": "TLS1_2",
            "name": "stabdd",
            "network_rules": [
              {
                "bypass": [
                  "AzureServices"
                ],
                "default_action": "Deny",
                "ip_rules": [],
                "private_link_access": [],
                "virtual_network_subnet_ids": [
                  "/subscriptions/a1f74e2d-ec58-4f9a-a112-088e3469febb/resourceGroups/brief4_QB_2/providers/Microsoft.Network/virtualNetworks/network/subnets/subnet_bdd"
                ]
              }
            ],
            "nfsv3_enabled": true,
            "primary_access_key": "e0hKBI/nXf7kDdsm+o2eF+Q3TXapNggW7CHAy1mXh1XuzU+Ggeqv7j4QcV8NB+PPutz0/YABmkAZ+AStpSplWw==",
            "primary_blob_connection_string": "DefaultEndpointsProtocol=https;BlobEndpoint=https://stabdd.blob.core.windows.net/;AccountName=stabdd;AccountKey=e0hKBI/nXf7kDdsm+o2eF+Q3TXapNggW7CHAy1mXh1XuzU+Ggeqv7j4QcV8NB+PPutz0/YABmkAZ+AStpSplWw==",
            "primary_blob_endpoint": "https://stabdd.blob.core.windows.net/",
            "primary_blob_host": "stabdd.blob.core.windows.net",
            "primary_connection_string": "DefaultEndpointsProtocol=https;AccountName=stabdd;AccountKey=e0hKBI/nXf7kDdsm+o2eF+Q3TXapNggW7CHAy1mXh1XuzU+Ggeqv7j4QcV8NB+PPutz0/YABmkAZ+AStpSplWw==;EndpointSuffix=core.windows.net",
            "primary_dfs_endpoint": "https://stabdd.dfs.core.windows.net/",
            "primary_dfs_host": "stabdd.dfs.core.windows.net",
            "primary_file_endpoint": "https://stabdd.file.core.windows.net/",
            "primary_file_host": "stabdd.file.core.windows.net",
            "primary_location": "eastus2",
            "primary_queue_endpoint": "https://stabdd.queue.core.windows.net/",
            "primary_queue_host": "stabdd.queue.core.windows.net",
            "primary_table_endpoint": "https://stabdd.table.core.windows.net/",
            "primary_table_host": "stabdd.table.core.windows.net",
            "primary_web_endpoint": "https://stabdd.z20.web.core.windows.net/",
            "primary_web_host": "stabdd.z20.web.core.windows.net",
            "public_network_access_enabled": true,
            "queue_encryption_key_type": "Service",
            "queue_properties": [
              {
                "cors_rule": [],
                "hour_metrics": [
                  {
                    "enabled": true,
                    "include_apis": true,
                    "retention_policy_days": 7,
                    "version": "1.0"
                  }
                ],
                "logging": [
                  {
                    "delete": false,
                    "read": false,
                    "retention_policy_days": 0,
                    "version": "1.0",
                    "write": false
                  }
                ],
                "minute_metrics": [
                  {
                    "enabled": false,
                    "include_apis": false,
                    "retention_policy_days": 0,
                    "version": "1.0"
                  }
                ]
              }
            ],
            "resource_group_name": "brief4_QB_2",
            "routing": [],
            "secondary_access_key": "xRG6MovCjzAaEna89A6652KWSRGmwKMtDz1KTuku9DamclSfkR8uXLgmmLfIHcwLrF41mjODQMRb+AStR+ErIA==",
            "secondary_blob_connection_string": "",
            "secondary_blob_endpoint": null,
            "secondary_blob_host": null,
            "secondary_connection_string": "DefaultEndpointsProtocol=https;AccountName=stabdd;AccountKey=xRG6MovCjzAaEna89A6652KWSRGmwKMtDz1KTuku9DamclSfkR8uXLgmmLfIHcwLrF41mjODQMRb+AStR+ErIA==;EndpointSuffix=core.windows.net",
            "secondary_dfs_endpoint": null,
            "secondary_dfs_host": null,
            "secondary_file_endpoint": null,
            "secondary_file_host": null,
            "secondary_location": "",
            "secondary_queue_endpoint": null,
            "secondary_queue_host": null,
            "secondary_table_endpoint": null,
            "secondary_table_host": null,
            "secondary_web_endpoint": null,
            "secondary_web_host": null,
            "share_properties": [
              {
                "cors_rule": [],
                "retention_policy": [
                  {
                    "days": 7
                  }
                ],
                "smb": []
              }
            ],
            "shared_access_key_enabled": true,
            "static_website": [],
            "table_encryption_key_type": "Service",
            "tags": {},
            "timeouts": null
          },
          "sensitive_attributes": [],
          "private": "eyJlMmJmYjczMC1lY2FhLTExZTYtOGY4OC0zNDM2M2JjN2M0YzAiOnsiY3JlYXRlIjozNjAwMDAwMDAwMDAwLCJkZWxldGUiOjM2MDAwMDAwMDAwMDAsInJlYWQiOjMwMDAwMDAwMDAwMCwidXBkYXRlIjozNjAwMDAwMDAwMDAwfSwic2NoZW1hX3ZlcnNpb24iOiIzIn0=",
          "dependencies": [
            "azurerm_resource_group.rg",
            "azurerm_subnet.subnet_bdd",
            "azurerm_virtual_network.network"
          ]
        }
      ]
    },
    {
      "mode": "managed",
      "type": "azurerm_storage_account",
      "name": "storage-monitor",
      "provider": "provider[\"registry.terraform.io/hashicorp/azurerm\"]",
      "instances": [
        {
          "schema_version": 3,
          "attributes": {
            "access_tier": "Hot",
            "account_kind": "StorageV2",
            "account_replication_type": "LRS",
            "account_tier": "Standard",
            "allow_nested_items_to_be_public": true,
            "azure_files_authentication": [],
            "blob_properties": [
              {
                "change_feed_enabled": false,
                "change_feed_retention_in_days": 0,
                "container_delete_retention_policy": [],
                "cors_rule": [],
                "default_service_version": "",
                "delete_retention_policy": [],
                "last_access_time_enabled": false,
                "versioning_enabled": false
              }
            ],
            "cross_tenant_replication_enabled": true,
            "custom_domain": [],
            "customer_managed_key": [],
            "default_to_oauth_authentication": false,
            "edge_zone": "",
            "enable_https_traffic_only": true,
            "id": "/subscriptions/a1f74e2d-ec58-4f9a-a112-088e3469febb/resourceGroups/brief4_QB_2/providers/Microsoft.Storage/storageAccounts/stamonitor",
            "identity": [],
            "infrastructure_encryption_enabled": false,
            "is_hns_enabled": false,
            "large_file_share_enabled": null,
            "location": "eastus2",
            "min_tls_version": "TLS1_2",
            "name": "stamonitor",
            "network_rules": [
              {
                "bypass": [
                  "AzureServices"
                ],
                "default_action": "Allow",
                "ip_rules": [],
                "private_link_access": [],
                "virtual_network_subnet_ids": []
              }
            ],
            "nfsv3_enabled": false,
            "primary_access_key": "rDcE2y43eVTnXGOHXQzVLWMboEgqQOTKqwZv6qf1MWAYGLKAKdm9rN5rJ6GfyPs56GU08Z5o6RYF+ASt/hZmzg==",
            "primary_blob_connection_string": "DefaultEndpointsProtocol=https;BlobEndpoint=https://stamonitor.blob.core.windows.net/;AccountName=stamonitor;AccountKey=rDcE2y43eVTnXGOHXQzVLWMboEgqQOTKqwZv6qf1MWAYGLKAKdm9rN5rJ6GfyPs56GU08Z5o6RYF+ASt/hZmzg==",
            "primary_blob_endpoint": "https://stamonitor.blob.core.windows.net/",
            "primary_blob_host": "stamonitor.blob.core.windows.net",
            "primary_connection_string": "DefaultEndpointsProtocol=https;AccountName=stamonitor;AccountKey=rDcE2y43eVTnXGOHXQzVLWMboEgqQOTKqwZv6qf1MWAYGLKAKdm9rN5rJ6GfyPs56GU08Z5o6RYF+ASt/hZmzg==;EndpointSuffix=core.windows.net",
            "primary_dfs_endpoint": "https://stamonitor.dfs.core.windows.net/",
            "primary_dfs_host": "stamonitor.dfs.core.windows.net",
            "primary_file_endpoint": "https://stamonitor.file.core.windows.net/",
            "primary_file_host": "stamonitor.file.core.windows.net",
            "primary_location": "eastus2",
            "primary_queue_endpoint": "https://stamonitor.queue.core.windows.net/",
            "primary_queue_host": "stamonitor.queue.core.windows.net",
            "primary_table_endpoint": "https://stamonitor.table.core.windows.net/",
            "primary_table_host": "stamonitor.table.core.windows.net",
            "primary_web_endpoint": "https://stamonitor.z20.web.core.windows.net/",
            "primary_web_host": "stamonitor.z20.web.core.windows.net",
            "public_network_access_enabled": true,
            "queue_encryption_key_type": "Service",
            "queue_properties": [
              {
                "cors_rule": [],
                "hour_metrics": [
                  {
                    "enabled": true,
                    "include_apis": true,
                    "retention_policy_days": 7,
                    "version": "1.0"
                  }
                ],
                "logging": [
                  {
                    "delete": false,
                    "read": false,
                    "retention_policy_days": 0,
                    "version": "1.0",
                    "write": false
                  }
                ],
                "minute_metrics": [
                  {
                    "enabled": false,
                    "include_apis": false,
                    "retention_policy_days": 0,
                    "version": "1.0"
                  }
                ]
              }
            ],
            "resource_group_name": "brief4_QB_2",
            "routing": [],
            "secondary_access_key": "t6SrnJGitQmX64F14wygpKINp1p6K3/hpEFo93xY3PVYVBVtOw/xNdX7vFJyVtjhxGpxUNeBYpM++AStFchQ2g==",
            "secondary_blob_connection_string": "",
            "secondary_blob_endpoint": null,
            "secondary_blob_host": null,
            "secondary_connection_string": "DefaultEndpointsProtocol=https;AccountName=stamonitor;AccountKey=t6SrnJGitQmX64F14wygpKINp1p6K3/hpEFo93xY3PVYVBVtOw/xNdX7vFJyVtjhxGpxUNeBYpM++AStFchQ2g==;EndpointSuffix=core.windows.net",
            "secondary_dfs_endpoint": null,
            "secondary_dfs_host": null,
            "secondary_file_endpoint": null,
            "secondary_file_host": null,
            "secondary_location": "",
            "secondary_queue_endpoint": null,
            "secondary_queue_host": null,
            "secondary_table_endpoint": null,
            "secondary_table_host": null,
            "secondary_web_endpoint": null,
            "secondary_web_host": null,
            "share_properties": [
              {
                "cors_rule": [],
                "retention_policy": [
                  {
                    "days": 7
                  }
                ],
                "smb": []
              }
            ],
            "shared_access_key_enabled": true,
            "static_website": [],
            "table_encryption_key_type": "Service",
            "tags": {},
            "timeouts": null
          },
          "sensitive_attributes": [],
          "private": "eyJlMmJmYjczMC1lY2FhLTExZTYtOGY4OC0zNDM2M2JjN2M0YzAiOnsiY3JlYXRlIjozNjAwMDAwMDAwMDAwLCJkZWxldGUiOjM2MDAwMDAwMDAwMDAsInJlYWQiOjMwMDAwMDAwMDAwMCwidXBkYXRlIjozNjAwMDAwMDAwMDAwfSwic2NoZW1hX3ZlcnNpb24iOiIzIn0=",
          "dependencies": [
            "azurerm_resource_group.rg"
          ]
        }
      ]
    },
    {
      "mode": "managed",
      "type": "azurerm_storage_account",
      "name": "storage-tls",
      "provider": "provider[\"registry.terraform.io/hashicorp/azurerm\"]",
      "instances": [
        {
          "schema_version": 3,
          "attributes": {
            "access_tier": "Hot",
            "account_kind": "StorageV2",
            "account_replication_type": "LRS",
            "account_tier": "Standard",
            "allow_nested_items_to_be_public": true,
            "azure_files_authentication": [],
            "blob_properties": [
              {
                "change_feed_enabled": false,
                "change_feed_retention_in_days": 0,
                "container_delete_retention_policy": [],
                "cors_rule": [],
                "default_service_version": "",
                "delete_retention_policy": [],
                "last_access_time_enabled": false,
                "versioning_enabled": false
              }
            ],
            "cross_tenant_replication_enabled": true,
            "custom_domain": [],
            "customer_managed_key": [],
            "default_to_oauth_authentication": false,
            "edge_zone": "",
            "enable_https_traffic_only": true,
            "id": "/subscriptions/a1f74e2d-ec58-4f9a-a112-088e3469febb/resourceGroups/brief4_QB_2/providers/Microsoft.Storage/storageAccounts/statls",
            "identity": [],
            "infrastructure_encryption_enabled": false,
            "is_hns_enabled": false,
            "large_file_share_enabled": null,
            "location": "eastus2",
            "min_tls_version": "TLS1_2",
            "name": "statls",
            "network_rules": [
              {
                "bypass": [
                  "AzureServices"
                ],
                "default_action": "Allow",
                "ip_rules": [],
                "private_link_access": [],
                "virtual_network_subnet_ids": []
              }
            ],
            "nfsv3_enabled": false,
            "primary_access_key": "JKHmNQG/RRDfXb1/4/UuklelYp4YbJaJudC9y9bNlUrhQ8tlyBG3CbEuTzp6SEwQ7lYlQlsyW+Wl+AStzpdp2Q==",
            "primary_blob_connection_string": "DefaultEndpointsProtocol=https;BlobEndpoint=https://statls.blob.core.windows.net/;AccountName=statls;AccountKey=JKHmNQG/RRDfXb1/4/UuklelYp4YbJaJudC9y9bNlUrhQ8tlyBG3CbEuTzp6SEwQ7lYlQlsyW+Wl+AStzpdp2Q==",
            "primary_blob_endpoint": "https://statls.blob.core.windows.net/",
            "primary_blob_host": "statls.blob.core.windows.net",
            "primary_connection_string": "DefaultEndpointsProtocol=https;AccountName=statls;AccountKey=JKHmNQG/RRDfXb1/4/UuklelYp4YbJaJudC9y9bNlUrhQ8tlyBG3CbEuTzp6SEwQ7lYlQlsyW+Wl+AStzpdp2Q==;EndpointSuffix=core.windows.net",
            "primary_dfs_endpoint": "https://statls.dfs.core.windows.net/",
            "primary_dfs_host": "statls.dfs.core.windows.net",
            "primary_file_endpoint": "https://statls.file.core.windows.net/",
            "primary_file_host": "statls.file.core.windows.net",
            "primary_location": "eastus2",
            "primary_queue_endpoint": "https://statls.queue.core.windows.net/",
            "primary_queue_host": "statls.queue.core.windows.net",
            "primary_table_endpoint": "https://statls.table.core.windows.net/",
            "primary_table_host": "statls.table.core.windows.net",
            "primary_web_endpoint": "https://statls.z20.web.core.windows.net/",
            "primary_web_host": "statls.z20.web.core.windows.net",
            "public_network_access_enabled": true,
            "queue_encryption_key_type": "Service",
            "queue_properties": [
              {
                "cors_rule": [],
                "hour_metrics": [
                  {
                    "enabled": true,
                    "include_apis": true,
                    "retention_policy_days": 7,
                    "version": "1.0"
                  }
                ],
                "logging": [
                  {
                    "delete": false,
                    "read": false,
                    "retention_policy_days": 0,
                    "version": "1.0",
                    "write": false
                  }
                ],
                "minute_metrics": [
                  {
                    "enabled": false,
                    "include_apis": false,
                    "retention_policy_days": 0,
                    "version": "1.0"
                  }
                ]
              }
            ],
            "resource_group_name": "brief4_QB_2",
            "routing": [],
            "secondary_access_key": "MImeipaRZNHpXe/ujMQlBKZ302xce5OJC0j64blgXFHkZluO0pN4nia3EDAIYqBW5Y6PKClbTzz5+AStCtfq4Q==",
            "secondary_blob_connection_string": "",
            "secondary_blob_endpoint": null,
            "secondary_blob_host": null,
            "secondary_connection_string": "DefaultEndpointsProtocol=https;AccountName=statls;AccountKey=MImeipaRZNHpXe/ujMQlBKZ302xce5OJC0j64blgXFHkZluO0pN4nia3EDAIYqBW5Y6PKClbTzz5+AStCtfq4Q==;EndpointSuffix=core.windows.net",
            "secondary_dfs_endpoint": null,
            "secondary_dfs_host": null,
            "secondary_file_endpoint": null,
            "secondary_file_host": null,
            "secondary_location": "",
            "secondary_queue_endpoint": null,
            "secondary_queue_host": null,
            "secondary_table_endpoint": null,
            "secondary_table_host": null,
            "secondary_web_endpoint": null,
            "secondary_web_host": null,
            "share_properties": [
              {
                "cors_rule": [],
                "retention_policy": [
                  {
                    "days": 7
                  }
                ],
                "smb": []
              }
            ],
            "shared_access_key_enabled": true,
            "static_website": [],
            "table_encryption_key_type": "Service",
            "tags": {},
            "timeouts": null
          },
          "sensitive_attributes": [],
          "private": "eyJlMmJmYjczMC1lY2FhLTExZTYtOGY4OC0zNDM2M2JjN2M0YzAiOnsiY3JlYXRlIjozNjAwMDAwMDAwMDAwLCJkZWxldGUiOjM2MDAwMDAwMDAwMDAsInJlYWQiOjMwMDAwMDAwMDAwMCwidXBkYXRlIjozNjAwMDAwMDAwMDAwfSwic2NoZW1hX3ZlcnNpb24iOiIzIn0=",
          "dependencies": [
            "azurerm_resource_group.rg"
          ]
        }
      ]
    },
    {
      "mode": "managed",
      "type": "azurerm_storage_account_network_rules",
      "name": "Storage_share01_association",
      "provider": "provider[\"registry.terraform.io/hashicorp/azurerm\"]",
      "instances": [
        {
          "schema_version": 0,
          "attributes": {
            "bypass": [
              "AzureServices"
            ],
            "default_action": "Allow",
            "id": "/subscriptions/a1f74e2d-ec58-4f9a-a112-088e3469febb/resourceGroups/brief4_QB_2/providers/Microsoft.Storage/storageAccounts/stapp2",
            "ip_rules": [
              "212.51.190.22"
            ],
            "private_link_access": [],
            "storage_account_id": "/subscriptions/a1f74e2d-ec58-4f9a-a112-088e3469febb/resourceGroups/brief4_QB_2/providers/Microsoft.Storage/storageAccounts/stapp2",
            "timeouts": null,
            "virtual_network_subnet_ids": [
              "/subscriptions/a1f74e2d-ec58-4f9a-a112-088e3469febb/resourceGroups/brief4_QB_2/providers/Microsoft.Network/virtualNetworks/network/subnets/subnet_app"
            ]
          },
          "sensitive_attributes": [],
          "private": "eyJlMmJmYjczMC1lY2FhLTExZTYtOGY4OC0zNDM2M2JjN2M0YzAiOnsiY3JlYXRlIjozNjAwMDAwMDAwMDAwLCJkZWxldGUiOjM2MDAwMDAwMDAwMDAsInJlYWQiOjMwMDAwMDAwMDAwMCwidXBkYXRlIjozNjAwMDAwMDAwMDAwfX0=",
          "dependencies": [
            "azurerm_resource_group.rg",
            "azurerm_storage_account.Storage_share01",
            "azurerm_subnet.subnet_app",
            "azurerm_virtual_network.network",
            "data.http.myip"
          ]
        }
      ]
    },
    {
      "mode": "managed",
      "type": "azurerm_storage_blob",
      "name": "blob_tls",
      "provider": "provider[\"registry.terraform.io/hashicorp/azurerm\"]",
      "instances": [
        {
          "schema_version": 1,
          "attributes": {
            "access_tier": "Hot",
            "cache_control": "",
            "content_md5": "",
            "content_type": "application/octet-stream",
            "id": "https://statls.blob.core.windows.net/stacontainer/.well-known/acme-challenge/test.txt",
            "metadata": {},
            "name": ".well-known/acme-challenge/test.txt",
            "parallelism": 8,
            "size": 0,
            "source": "./test.txt",
            "source_content": null,
            "source_uri": null,
            "storage_account_name": "statls",
            "storage_container_name": "stacontainer",
            "timeouts": null,
            "type": "Block",
            "url": "https://statls.blob.core.windows.net/stacontainer/.well-known/acme-challenge/test.txt"
          },
          "sensitive_attributes": [],
          "private": "eyJlMmJmYjczMC1lY2FhLTExZTYtOGY4OC0zNDM2M2JjN2M0YzAiOnsiY3JlYXRlIjoxODAwMDAwMDAwMDAwLCJkZWxldGUiOjE4MDAwMDAwMDAwMDAsInJlYWQiOjMwMDAwMDAwMDAwMCwidXBkYXRlIjoxODAwMDAwMDAwMDAwfSwic2NoZW1hX3ZlcnNpb24iOiIxIn0=",
          "dependencies": [
            "azurerm_resource_group.rg",
            "azurerm_storage_account.storage-tls",
            "azurerm_storage_container.storage-container-tls"
          ]
        }
      ]
    },
    {
      "mode": "managed",
      "type": "azurerm_storage_container",
      "name": "storage-container-tls",
      "provider": "provider[\"registry.terraform.io/hashicorp/azurerm\"]",
      "instances": [
        {
          "schema_version": 1,
          "attributes": {
            "container_access_type": "blob",
            "has_immutability_policy": false,
            "has_legal_hold": false,
            "id": "https://statls.blob.core.windows.net/stacontainer",
            "metadata": {},
            "name": "stacontainer",
            "resource_manager_id": "/subscriptions/a1f74e2d-ec58-4f9a-a112-088e3469febb/resourceGroups/brief4_QB_2/providers/Microsoft.Storage/storageAccounts/statls/blobServices/default/containers/stacontainer",
            "storage_account_name": "statls",
            "timeouts": null
          },
          "sensitive_attributes": [],
          "private": "eyJlMmJmYjczMC1lY2FhLTExZTYtOGY4OC0zNDM2M2JjN2M0YzAiOnsiY3JlYXRlIjoxODAwMDAwMDAwMDAwLCJkZWxldGUiOjE4MDAwMDAwMDAwMDAsInJlYWQiOjMwMDAwMDAwMDAwMCwidXBkYXRlIjoxODAwMDAwMDAwMDAwfSwic2NoZW1hX3ZlcnNpb24iOiIxIn0=",
          "dependencies": [
            "azurerm_resource_group.rg",
            "azurerm_storage_account.storage-tls"
          ]
        }
      ]
    },
    {
      "mode": "managed",
      "type": "azurerm_storage_share",
      "name": "smb_share",
      "provider": "provider[\"registry.terraform.io/hashicorp/azurerm\"]",
      "instances": [
        {
          "schema_version": 2,
          "attributes": {
            "access_tier": "TransactionOptimized",
            "acl": [],
            "enabled_protocol": "SMB",
            "id": "https://stapp2.file.core.windows.net/magentoshare01",
            "metadata": {
              "azurebackupprotected": "true"
            },
            "name": "magentoshare01",
            "quota": 5,
            "resource_manager_id": "/subscriptions/a1f74e2d-ec58-4f9a-a112-088e3469febb/resourceGroups/brief4_QB_2/providers/Microsoft.Storage/storageAccounts/stapp2/fileServices/default/fileshares/magentoshare01",
            "storage_account_name": "stapp2",
            "timeouts": null,
            "url": "https://stapp2.file.core.windows.net/magentoshare01"
          },
          "sensitive_attributes": [],
          "private": "eyJlMmJmYjczMC1lY2FhLTExZTYtOGY4OC0zNDM2M2JjN2M0YzAiOnsiY3JlYXRlIjoxODAwMDAwMDAwMDAwLCJkZWxldGUiOjE4MDAwMDAwMDAwMDAsInJlYWQiOjMwMDAwMDAwMDAwMCwidXBkYXRlIjoxODAwMDAwMDAwMDAwfSwic2NoZW1hX3ZlcnNpb24iOiIyIn0=",
          "dependencies": [
            "azurerm_resource_group.rg",
            "azurerm_storage_account.Storage_share01"
          ]
        }
      ]
    },
    {
      "mode": "managed",
      "type": "azurerm_subnet",
      "name": "subnet_app",
      "provider": "provider[\"registry.terraform.io/hashicorp/azurerm\"]",
      "instances": [
        {
          "schema_version": 0,
          "attributes": {
            "address_prefixes": [
              "10.2.0.0/16"
            ],
            "delegation": [],
            "enforce_private_link_endpoint_network_policies": false,
            "enforce_private_link_service_network_policies": false,
            "id": "/subscriptions/a1f74e2d-ec58-4f9a-a112-088e3469febb/resourceGroups/brief4_QB_2/providers/Microsoft.Network/virtualNetworks/network/subnets/subnet_app",
            "name": "subnet_app",
            "private_endpoint_network_policies_enabled": true,
            "private_link_service_network_policies_enabled": true,
            "resource_group_name": "brief4_QB_2",
            "service_endpoint_policy_ids": [],
            "service_endpoints": [
              "Microsoft.Storage"
            ],
            "timeouts": null,
            "virtual_network_name": "network"
          },
          "sensitive_attributes": [],
          "private": "eyJlMmJmYjczMC1lY2FhLTExZTYtOGY4OC0zNDM2M2JjN2M0YzAiOnsiY3JlYXRlIjoxODAwMDAwMDAwMDAwLCJkZWxldGUiOjE4MDAwMDAwMDAwMDAsInJlYWQiOjMwMDAwMDAwMDAwMCwidXBkYXRlIjoxODAwMDAwMDAwMDAwfX0=",
          "dependencies": [
            "azurerm_resource_group.rg",
            "azurerm_virtual_network.network"
          ]
        }
      ]
    },
    {
      "mode": "managed",
      "type": "azurerm_subnet",
      "name": "subnet_bastion",
      "provider": "provider[\"registry.terraform.io/hashicorp/azurerm\"]",
      "instances": [
        {
          "schema_version": 0,
          "attributes": {
            "address_prefixes": [
              "10.6.0.0/16"
            ],
            "delegation": [],
            "enforce_private_link_endpoint_network_policies": false,
            "enforce_private_link_service_network_policies": false,
            "id": "/subscriptions/a1f74e2d-ec58-4f9a-a112-088e3469febb/resourceGroups/brief4_QB_2/providers/Microsoft.Network/virtualNetworks/network/subnets/subnet_bastion",
            "name": "subnet_bastion",
            "private_endpoint_network_policies_enabled": true,
            "private_link_service_network_policies_enabled": true,
            "resource_group_name": "brief4_QB_2",
            "service_endpoint_policy_ids": [],
            "service_endpoints": [],
            "timeouts": null,
            "virtual_network_name": "network"
          },
          "sensitive_attributes": [],
          "private": "eyJlMmJmYjczMC1lY2FhLTExZTYtOGY4OC0zNDM2M2JjN2M0YzAiOnsiY3JlYXRlIjoxODAwMDAwMDAwMDAwLCJkZWxldGUiOjE4MDAwMDAwMDAwMDAsInJlYWQiOjMwMDAwMDAwMDAwMCwidXBkYXRlIjoxODAwMDAwMDAwMDAwfX0=",
          "dependencies": [
            "azurerm_resource_group.rg",
            "azurerm_virtual_network.network"
          ]
        }
      ]
    },
    {
      "mode": "managed",
      "type": "azurerm_subnet",
      "name": "subnet_bdd",
      "provider": "provider[\"registry.terraform.io/hashicorp/azurerm\"]",
      "instances": [
        {
          "schema_version": 0,
          "attributes": {
            "address_prefixes": [
              "10.3.0.0/16"
            ],
            "delegation": [],
            "enforce_private_link_endpoint_network_policies": false,
            "enforce_private_link_service_network_policies": false,
            "id": "/subscriptions/a1f74e2d-ec58-4f9a-a112-088e3469febb/resourceGroups/brief4_QB_2/providers/Microsoft.Network/virtualNetworks/network/subnets/subnet_bdd",
            "name": "subnet_bdd",
            "private_endpoint_network_policies_enabled": true,
            "private_link_service_network_policies_enabled": true,
            "resource_group_name": "brief4_QB_2",
            "service_endpoint_policy_ids": [],
            "service_endpoints": [
              "Microsoft.Sql",
              "Microsoft.Storage"
            ],
            "timeouts": null,
            "virtual_network_name": "network"
          },
          "sensitive_attributes": [],
          "private": "eyJlMmJmYjczMC1lY2FhLTExZTYtOGY4OC0zNDM2M2JjN2M0YzAiOnsiY3JlYXRlIjoxODAwMDAwMDAwMDAwLCJkZWxldGUiOjE4MDAwMDAwMDAwMDAsInJlYWQiOjMwMDAwMDAwMDAwMCwidXBkYXRlIjoxODAwMDAwMDAwMDAwfX0=",
          "dependencies": [
            "azurerm_resource_group.rg",
            "azurerm_virtual_network.network"
          ]
        }
      ]
    },
    {
      "mode": "managed",
      "type": "azurerm_subnet",
      "name": "subnet_elastic",
      "provider": "provider[\"registry.terraform.io/hashicorp/azurerm\"]",
      "instances": [
        {
          "schema_version": 0,
          "attributes": {
            "address_prefixes": [
              "10.4.0.0/16"
            ],
            "delegation": [],
            "enforce_private_link_endpoint_network_policies": false,
            "enforce_private_link_service_network_policies": false,
            "id": "/subscriptions/a1f74e2d-ec58-4f9a-a112-088e3469febb/resourceGroups/brief4_QB_2/providers/Microsoft.Network/virtualNetworks/network/subnets/subnet_elastic",
            "name": "subnet_elastic",
            "private_endpoint_network_policies_enabled": true,
            "private_link_service_network_policies_enabled": true,
            "resource_group_name": "brief4_QB_2",
            "service_endpoint_policy_ids": [],
            "service_endpoints": [],
            "timeouts": null,
            "virtual_network_name": "network"
          },
          "sensitive_attributes": [],
          "private": "eyJlMmJmYjczMC1lY2FhLTExZTYtOGY4OC0zNDM2M2JjN2M0YzAiOnsiY3JlYXRlIjoxODAwMDAwMDAwMDAwLCJkZWxldGUiOjE4MDAwMDAwMDAwMDAsInJlYWQiOjMwMDAwMDAwMDAwMCwidXBkYXRlIjoxODAwMDAwMDAwMDAwfX0=",
          "dependencies": [
            "azurerm_resource_group.rg",
            "azurerm_virtual_network.network"
          ]
        }
      ]
    },
    {
      "mode": "managed",
      "type": "azurerm_subnet",
      "name": "subnet_gateway",
      "provider": "provider[\"registry.terraform.io/hashicorp/azurerm\"]",
      "instances": [
        {
          "schema_version": 0,
          "attributes": {
            "address_prefixes": [
              "10.1.0.0/16"
            ],
            "delegation": [],
            "enforce_private_link_endpoint_network_policies": false,
            "enforce_private_link_service_network_policies": false,
            "id": "/subscriptions/a1f74e2d-ec58-4f9a-a112-088e3469febb/resourceGroups/brief4_QB_2/providers/Microsoft.Network/virtualNetworks/network/subnets/subnet_gateway",
            "name": "subnet_gateway",
            "private_endpoint_network_policies_enabled": true,
            "private_link_service_network_policies_enabled": true,
            "resource_group_name": "brief4_QB_2",
            "service_endpoint_policy_ids": [],
            "service_endpoints": [],
            "timeouts": null,
            "virtual_network_name": "network"
          },
          "sensitive_attributes": [],
          "private": "eyJlMmJmYjczMC1lY2FhLTExZTYtOGY4OC0zNDM2M2JjN2M0YzAiOnsiY3JlYXRlIjoxODAwMDAwMDAwMDAwLCJkZWxldGUiOjE4MDAwMDAwMDAwMDAsInJlYWQiOjMwMDAwMDAwMDAwMCwidXBkYXRlIjoxODAwMDAwMDAwMDAwfX0=",
          "dependencies": [
            "azurerm_resource_group.rg",
            "azurerm_virtual_network.network"
          ]
        }
      ]
    },
    {
      "mode": "managed",
      "type": "azurerm_user_assigned_identity",
      "name": "id-magento",
      "provider": "provider[\"registry.terraform.io/hashicorp/azurerm\"]",
      "instances": [
        {
          "schema_version": 1,
          "attributes": {
            "client_id": "9c55421c-afe6-43c7-b76a-3714acb965c3",
            "id": "/subscriptions/a1f74e2d-ec58-4f9a-a112-088e3469febb/resourceGroups/brief4_QB_2/providers/Microsoft.ManagedIdentity/userAssignedIdentities/id-magento",
            "location": "eastus2",
            "name": "id-magento",
            "principal_id": "d45119be-3526-41b7-b513-f0e90928065e",
            "resource_group_name": "brief4_QB_2",
            "tags": {},
            "tenant_id": "a2e466aa-4f86-4545-b5b8-97da7c8febf3",
            "timeouts": null
          },
          "sensitive_attributes": [],
          "private": "eyJlMmJmYjczMC1lY2FhLTExZTYtOGY4OC0zNDM2M2JjN2M0YzAiOnsiY3JlYXRlIjoxODAwMDAwMDAwMDAwLCJkZWxldGUiOjE4MDAwMDAwMDAwMDAsInJlYWQiOjMwMDAwMDAwMDAwMCwidXBkYXRlIjoxODAwMDAwMDAwMDAwfSwic2NoZW1hX3ZlcnNpb24iOiIxIn0=",
          "dependencies": [
            "azurerm_resource_group.rg"
          ]
        }
      ]
    },
    {
      "mode": "managed",
      "type": "azurerm_virtual_network",
      "name": "network",
      "provider": "provider[\"registry.terraform.io/hashicorp/azurerm\"]",
      "instances": [
        {
          "schema_version": 0,
          "attributes": {
            "address_space": [
              "10.0.0.0/8"
            ],
            "bgp_community": "",
            "ddos_protection_plan": [],
            "dns_servers": [],
            "edge_zone": "",
            "flow_timeout_in_minutes": 0,
            "guid": "75b088e8-ee05-42f5-abc3-1aaa3d496fb4",
            "id": "/subscriptions/a1f74e2d-ec58-4f9a-a112-088e3469febb/resourceGroups/brief4_QB_2/providers/Microsoft.Network/virtualNetworks/network",
            "location": "eastus2",
            "name": "network",
            "resource_group_name": "brief4_QB_2",
            "subnet": [
              {
                "address_prefix": "10.1.0.0/16",
                "id": "/subscriptions/a1f74e2d-ec58-4f9a-a112-088e3469febb/resourceGroups/brief4_QB_2/providers/Microsoft.Network/virtualNetworks/network/subnets/subnet_gateway",
                "name": "subnet_gateway",
                "security_group": ""
              },
              {
                "address_prefix": "10.2.0.0/16",
                "id": "/subscriptions/a1f74e2d-ec58-4f9a-a112-088e3469febb/resourceGroups/brief4_QB_2/providers/Microsoft.Network/virtualNetworks/network/subnets/subnet_app",
                "name": "subnet_app",
                "security_group": ""
              },
              {
                "address_prefix": "10.3.0.0/16",
                "id": "/subscriptions/a1f74e2d-ec58-4f9a-a112-088e3469febb/resourceGroups/brief4_QB_2/providers/Microsoft.Network/virtualNetworks/network/subnets/subnet_bdd",
                "name": "subnet_bdd",
                "security_group": ""
              },
              {
                "address_prefix": "10.4.0.0/16",
                "id": "/subscriptions/a1f74e2d-ec58-4f9a-a112-088e3469febb/resourceGroups/brief4_QB_2/providers/Microsoft.Network/virtualNetworks/network/subnets/subnet_elastic",
                "name": "subnet_elastic",
                "security_group": ""
              },
              {
                "address_prefix": "10.6.0.0/16",
                "id": "/subscriptions/a1f74e2d-ec58-4f9a-a112-088e3469febb/resourceGroups/brief4_QB_2/providers/Microsoft.Network/virtualNetworks/network/subnets/subnet_bastion",
                "name": "subnet_bastion",
                "security_group": ""
              }
            ],
            "tags": {},
            "timeouts": null
          },
          "sensitive_attributes": [],
          "private": "eyJlMmJmYjczMC1lY2FhLTExZTYtOGY4OC0zNDM2M2JjN2M0YzAiOnsiY3JlYXRlIjoxODAwMDAwMDAwMDAwLCJkZWxldGUiOjE4MDAwMDAwMDAwMDAsInJlYWQiOjMwMDAwMDAwMDAwMCwidXBkYXRlIjoxODAwMDAwMDAwMDAwfX0=",
          "dependencies": [
            "azurerm_resource_group.rg"
          ]
        }
      ]
    },
    {
      "mode": "managed",
      "type": "random_id",
      "name": "randomId",
      "provider": "provider[\"registry.terraform.io/hashicorp/random\"]",
      "instances": [
        {
          "schema_version": 0,
          "attributes": {
            "b64_std": "LQwF2+conpI=",
            "b64_url": "LQwF2-conpI",
            "byte_length": 8,
            "dec": "3245975873461460626",
            "hex": "2d0c05dbe7289e92",
            "id": "LQwF2-conpI",
            "keepers": null,
            "prefix": null
          },
          "sensitive_attributes": []
        }
      ]
    },
    {
      "mode": "managed",
      "type": "random_password",
      "name": "dbpassword",
      "provider": "provider[\"registry.terraform.io/hashicorp/random\"]",
      "instances": [
        {
          "schema_version": 3,
          "attributes": {
            "bcrypt_hash": "$2a$10$oMmgILtHUoVOBQlmGt7bHOEZgvoNEWTxaHEr.Qxy7FzTvbIse0oJ.",
            "id": "none",
            "keepers": null,
            "length": 16,
            "lower": true,
            "min_lower": 0,
            "min_numeric": 0,
            "min_special": 0,
            "min_upper": 0,
            "number": true,
            "numeric": true,
            "override_special": "!#$%\u0026*()-_=+[]{}\u003c\u003e:?",
            "result": "yulx{524\u003eA%n7ydv",
            "special": true,
            "upper": true
          },
          "sensitive_attributes": []
        }
      ]
    }
  ]
}
